{
  "version": 4,
  "terraform_version": "1.3.9",
  "serial": 19,
  "lineage": "90a04166-fdb5-a81b-bb66-279a259626a2",
  "outputs": {
    "AZ-FGT-Standalone": {
      "value": "cn-northwest-1a",
      "type": "string"
    },
    "ID-FGT-Standalone": {
      "value": "i-0ae57c7d364e63736",
      "type": "string"
    },
    "ID-VPC-NGFW": {
      "value": "vpc-0bc86309477fca93c",
      "type": "string"
    },
    "cidr-subnet-fgt-port1": {
      "value": "172.31.11.0/24",
      "type": "string"
    },
    "cidr-subnet-fgt-port2": {
      "value": "172.31.12.0/24",
      "type": "string"
    },
    "url-fgt-az1": {
      "value": "https://161.189.117.184:8443",
      "type": "string"
    }
  },
  "resources": [
    {
      "mode": "data",
      "type": "aws_ami",
      "name": "amiFgtvm64",
      "provider": "provider[\"registry.terraform.io/hashicorp/aws\"]",
      "instances": [
        {
          "schema_version": 0,
          "attributes": {
            "architecture": "x86_64",
            "arn": "arn:aws-cn:ec2:cn-northwest-1::image/ami-01257a2cdfb51cce4",
            "block_device_mappings": [
              {
                "device_name": "/dev/sda1",
                "ebs": {
                  "delete_on_termination": "true",
                  "encrypted": "false",
                  "iops": "0",
                  "snapshot_id": "snap-0dbcd1bc1e44a185b",
                  "throughput": "0",
                  "volume_size": "2",
                  "volume_type": "gp2"
                },
                "no_device": "",
                "virtual_name": ""
              },
              {
                "device_name": "/dev/sdb",
                "ebs": {
                  "delete_on_termination": "true",
                  "encrypted": "false",
                  "iops": "0",
                  "snapshot_id": "",
                  "throughput": "0",
                  "volume_size": "30",
                  "volume_type": "gp2"
                },
                "no_device": "",
                "virtual_name": ""
              }
            ],
            "boot_mode": "",
            "creation_date": "2021-07-27T05:30:22.000Z",
            "deprecation_time": "2023-07-27T05:30:22.000Z",
            "description": "FortiGate-AWS-6.4.6_BYOL-Release",
            "ena_support": true,
            "executable_users": null,
            "filter": [
              {
                "name": "name",
                "values": [
                  "FortiGate-AWS-6.4.6_BYOL-Release-58cf8e81-bdca-4f2f-bc9d-5b6bfc23b8*"
                ]
              },
              {
                "name": "virtualization-type",
                "values": [
                  "hvm"
                ]
              }
            ],
            "hypervisor": "xen",
            "id": "ami-01257a2cdfb51cce4",
            "image_id": "ami-01257a2cdfb51cce4",
            "image_location": "aws-marketplace/FortiGate-AWS-6.4.6_BYOL-Release-58cf8e81-bdca-4f2f-bc9d-5b6bfc23b86b-ami-030da9ffea3c53c2b.4",
            "image_owner_alias": "aws-marketplace",
            "image_type": "machine",
            "include_deprecated": false,
            "kernel_id": "",
            "most_recent": true,
            "name": "FortiGate-AWS-6.4.6_BYOL-Release-58cf8e81-bdca-4f2f-bc9d-5b6bfc23b86b-ami-030da9ffea3c53c2b.4",
            "name_regex": null,
            "owner_id": "336777782633",
            "owners": [
              "336777782633"
            ],
            "platform": "",
            "platform_details": "Linux/UNIX",
            "product_codes": [
              {
                "product_code_id": "59a4hv8pbhaur143309owdkdn",
                "product_code_type": "marketplace"
              }
            ],
            "public": true,
            "ramdisk_id": "",
            "root_device_name": "/dev/sda1",
            "root_device_type": "ebs",
            "root_snapshot_id": "snap-0dbcd1bc1e44a185b",
            "sriov_net_support": "",
            "state": "available",
            "state_reason": {
              "code": "UNSET",
              "message": "UNSET"
            },
            "tags": {},
            "tpm_support": "",
            "usage_operation": "RunInstances",
            "virtualization_type": "hvm"
          },
          "sensitive_attributes": []
        }
      ]
    },
    {
      "mode": "data",
      "type": "aws_ami",
      "name": "amiFgtvm70",
      "provider": "provider[\"registry.terraform.io/hashicorp/aws\"]",
      "instances": [
        {
          "schema_version": 0,
          "attributes": {
            "architecture": "x86_64",
            "arn": "arn:aws-cn:ec2:cn-northwest-1::image/ami-03f9c0472dca54305",
            "block_device_mappings": [
              {
                "device_name": "/dev/sda1",
                "ebs": {
                  "delete_on_termination": "true",
                  "encrypted": "false",
                  "iops": "0",
                  "snapshot_id": "snap-06785d17cc8de7626",
                  "throughput": "0",
                  "volume_size": "2",
                  "volume_type": "standard"
                },
                "no_device": "",
                "virtual_name": ""
              },
              {
                "device_name": "/dev/sdb",
                "ebs": {
                  "delete_on_termination": "true",
                  "encrypted": "false",
                  "iops": "0",
                  "snapshot_id": "",
                  "throughput": "0",
                  "volume_size": "30",
                  "volume_type": "standard"
                },
                "no_device": "",
                "virtual_name": ""
              }
            ],
            "boot_mode": "",
            "creation_date": "2022-10-11T04:58:51.000Z",
            "deprecation_time": "2024-10-11T04:58:51.000Z",
            "description": "",
            "ena_support": true,
            "executable_users": null,
            "filter": [
              {
                "name": "name",
                "values": [
                  "FGT_VM64_AWS-v7.0.7.F-build0367-99e30f52-276e-49d9-9fc8*"
                ]
              },
              {
                "name": "virtualization-type",
                "values": [
                  "hvm"
                ]
              }
            ],
            "hypervisor": "xen",
            "id": "ami-03f9c0472dca54305",
            "image_id": "ami-03f9c0472dca54305",
            "image_location": "aws-marketplace/FGT_VM64_AWS-v7.0.7.F-build0367-99e30f52-276e-49d9-9fc8-93cdef6b8caf-ami-0e4418bea4c2d4503.4",
            "image_owner_alias": "aws-marketplace",
            "image_type": "machine",
            "include_deprecated": false,
            "kernel_id": "",
            "most_recent": true,
            "name": "FGT_VM64_AWS-v7.0.7.F-build0367-99e30f52-276e-49d9-9fc8-93cdef6b8caf-ami-0e4418bea4c2d4503.4",
            "name_regex": null,
            "owner_id": "336777782633",
            "owners": [
              "336777782633"
            ],
            "platform": "",
            "platform_details": "Linux/UNIX",
            "product_codes": [
              {
                "product_code_id": "93z6k0zbadut3rk0cmjp9wkhb",
                "product_code_type": "marketplace"
              }
            ],
            "public": true,
            "ramdisk_id": "",
            "root_device_name": "/dev/sda1",
            "root_device_type": "ebs",
            "root_snapshot_id": "snap-06785d17cc8de7626",
            "sriov_net_support": "",
            "state": "available",
            "state_reason": {
              "code": "UNSET",
              "message": "UNSET"
            },
            "tags": {},
            "tpm_support": "",
            "usage_operation": "RunInstances",
            "virtualization_type": "hvm"
          },
          "sensitive_attributes": []
        }
      ]
    },
    {
      "mode": "data",
      "type": "aws_ami",
      "name": "amiFgtvm72",
      "provider": "provider[\"registry.terraform.io/hashicorp/aws\"]",
      "instances": [
        {
          "schema_version": 0,
          "attributes": {
            "architecture": "x86_64",
            "arn": "arn:aws-cn:ec2:cn-northwest-1::image/ami-00be257c8ad7ef778",
            "block_device_mappings": [
              {
                "device_name": "/dev/sda1",
                "ebs": {
                  "delete_on_termination": "true",
                  "encrypted": "false",
                  "iops": "0",
                  "snapshot_id": "snap-0c48a1856960aa298",
                  "throughput": "0",
                  "volume_size": "2",
                  "volume_type": "gp2"
                },
                "no_device": "",
                "virtual_name": ""
              },
              {
                "device_name": "/dev/sdb",
                "ebs": {
                  "delete_on_termination": "true",
                  "encrypted": "false",
                  "iops": "0",
                  "snapshot_id": "",
                  "throughput": "0",
                  "volume_size": "30",
                  "volume_type": "gp2"
                },
                "no_device": "",
                "virtual_name": ""
              }
            ],
            "boot_mode": "",
            "creation_date": "2022-10-11T04:55:53.000Z",
            "deprecation_time": "2024-10-11T04:55:53.000Z",
            "description": "FGT7.2.2",
            "ena_support": true,
            "executable_users": null,
            "filter": [
              {
                "name": "name",
                "values": [
                  "FGT7.2.2-58cf8e81-bdca-4f2f-bc9d-5b6bfc23b86b*"
                ]
              },
              {
                "name": "virtualization-type",
                "values": [
                  "hvm"
                ]
              }
            ],
            "hypervisor": "xen",
            "id": "ami-00be257c8ad7ef778",
            "image_id": "ami-00be257c8ad7ef778",
            "image_location": "aws-marketplace/FGT7.2.2-58cf8e81-bdca-4f2f-bc9d-5b6bfc23b86b-ami-02918f16eb5fb9887.4",
            "image_owner_alias": "aws-marketplace",
            "image_type": "machine",
            "include_deprecated": false,
            "kernel_id": "",
            "most_recent": true,
            "name": "FGT7.2.2-58cf8e81-bdca-4f2f-bc9d-5b6bfc23b86b-ami-02918f16eb5fb9887.4",
            "name_regex": null,
            "owner_id": "336777782633",
            "owners": [
              "336777782633"
            ],
            "platform": "",
            "platform_details": "Linux/UNIX",
            "product_codes": [
              {
                "product_code_id": "59a4hv8pbhaur143309owdkdn",
                "product_code_type": "marketplace"
              }
            ],
            "public": true,
            "ramdisk_id": "",
            "root_device_name": "/dev/sda1",
            "root_device_type": "ebs",
            "root_snapshot_id": "snap-0c48a1856960aa298",
            "sriov_net_support": "",
            "state": "available",
            "state_reason": {
              "code": "UNSET",
              "message": "UNSET"
            },
            "tags": {},
            "tpm_support": "",
            "usage_operation": "RunInstances",
            "virtualization_type": "hvm"
          },
          "sensitive_attributes": []
        }
      ]
    },
    {
      "mode": "data",
      "type": "aws_ami",
      "name": "ubuntu",
      "provider": "provider[\"registry.terraform.io/hashicorp/aws\"]",
      "instances": [
        {
          "schema_version": 0,
          "attributes": {
            "architecture": "x86_64",
            "arn": "arn:aws-cn:ec2:cn-northwest-1::image/ami-088d47be2a73a5933",
            "block_device_mappings": [
              {
                "device_name": "/dev/sda1",
                "ebs": {
                  "delete_on_termination": "true",
                  "encrypted": "false",
                  "iops": "0",
                  "snapshot_id": "snap-08685d3b504fa9bbc",
                  "throughput": "0",
                  "volume_size": "8",
                  "volume_type": "gp2"
                },
                "no_device": "",
                "virtual_name": ""
              },
              {
                "device_name": "/dev/sdb",
                "ebs": {},
                "no_device": "",
                "virtual_name": "ephemeral0"
              },
              {
                "device_name": "/dev/sdc",
                "ebs": {},
                "no_device": "",
                "virtual_name": "ephemeral1"
              }
            ],
            "boot_mode": "",
            "creation_date": "2022-12-16T14:30:27.000Z",
            "deprecation_time": "2024-12-16T14:30:27.000Z",
            "description": "Canonical, Ubuntu, 18.04 LTS, amd64 bionic image build on 2022-12-07",
            "ena_support": true,
            "executable_users": null,
            "filter": [
              {
                "name": "name",
                "values": [
                  "ubuntu/images/hvm-ssd/ubuntu-bionic-18.04-amd64-server-*"
                ]
              },
              {
                "name": "virtualization-type",
                "values": [
                  "hvm"
                ]
              }
            ],
            "hypervisor": "xen",
            "id": "ami-088d47be2a73a5933",
            "image_id": "ami-088d47be2a73a5933",
            "image_location": "837727238323/ubuntu/images/hvm-ssd/ubuntu-bionic-18.04-amd64-server-20221207",
            "image_owner_alias": "",
            "image_type": "machine",
            "include_deprecated": false,
            "kernel_id": "",
            "most_recent": true,
            "name": "ubuntu/images/hvm-ssd/ubuntu-bionic-18.04-amd64-server-20221207",
            "name_regex": null,
            "owner_id": "837727238323",
            "owners": [
              "837727238323"
            ],
            "platform": "",
            "platform_details": "Linux/UNIX",
            "product_codes": [],
            "public": true,
            "ramdisk_id": "",
            "root_device_name": "/dev/sda1",
            "root_device_type": "ebs",
            "root_snapshot_id": "snap-08685d3b504fa9bbc",
            "sriov_net_support": "simple",
            "state": "available",
            "state_reason": {
              "code": "UNSET",
              "message": "UNSET"
            },
            "tags": {},
            "tpm_support": "",
            "usage_operation": "RunInstances",
            "virtualization_type": "hvm"
          },
          "sensitive_attributes": []
        }
      ]
    },
    {
      "mode": "managed",
      "type": "aws_eip",
      "name": "eipFgtPublicAz1",
      "provider": "provider[\"registry.terraform.io/hashicorp/aws\"]",
      "instances": [
        {
          "schema_version": 0,
          "attributes": {
            "address": null,
            "allocation_id": "eipalloc-02c5d9c44febf4f29",
            "associate_with_private_ip": null,
            "association_id": "eipassoc-084022116c88dbcb5",
            "carrier_ip": "",
            "customer_owned_ip": "",
            "customer_owned_ipv4_pool": "",
            "domain": "vpc",
            "id": "eipalloc-02c5d9c44febf4f29",
            "instance": "",
            "network_border_group": "cn-northwest-1",
            "network_interface": "eni-0ba887fa71bb47a4c",
            "private_dns": "ip-172-31-11-11.cn-northwest-1.compute.internal",
            "private_ip": "172.31.11.11",
            "public_dns": "ec2-161-189-117-184.cn-northwest-1.compute.amazonaws.com.cn",
            "public_ip": "161.189.117.184",
            "public_ipv4_pool": "amazon",
            "tags": {
              "Name": "eip-fgt-public-az1",
              "Project": "ftntDEMO",
              "Terraform": "true"
            },
            "tags_all": {
              "Name": "eip-fgt-public-az1",
              "Project": "ftntDEMO",
              "Terraform": "true"
            },
            "timeouts": null,
            "vpc": true
          },
          "sensitive_attributes": [],
          "private": "eyJlMmJmYjczMC1lY2FhLTExZTYtOGY4OC0zNDM2M2JjN2M0YzAiOnsiZGVsZXRlIjoxODAwMDAwMDAwMDAsInJlYWQiOjkwMDAwMDAwMDAwMCwidXBkYXRlIjozMDAwMDAwMDAwMDB9fQ==",
          "dependencies": [
            "aws_internet_gateway.vpcNgfwIgw",
            "aws_network_interface.eniFgtPublicAz1",
            "aws_subnet.subnetFgtPublicAz1",
            "aws_vpc.vpcNgfw"
          ]
        }
      ]
    },
    {
      "mode": "managed",
      "type": "aws_instance",
      "name": "fgtStandalone",
      "provider": "provider[\"registry.terraform.io/hashicorp/aws\"]",
      "instances": [
        {
          "schema_version": 1,
          "attributes": {
            "ami": "ami-03f9c0472dca54305",
            "arn": "arn:aws-cn:ec2:cn-northwest-1:321536109689:instance/i-0ae57c7d364e63736",
            "associate_public_ip_address": true,
            "availability_zone": "cn-northwest-1a",
            "capacity_reservation_specification": [
              {
                "capacity_reservation_preference": "open",
                "capacity_reservation_target": []
              }
            ],
            "cpu_core_count": 1,
            "cpu_threads_per_core": 2,
            "credit_specification": [],
            "disable_api_stop": false,
            "disable_api_termination": false,
            "ebs_block_device": [
              {
                "delete_on_termination": true,
                "device_name": "/dev/sdb",
                "encrypted": false,
                "iops": 120,
                "kms_key_id": "",
                "snapshot_id": "",
                "tags": {},
                "throughput": 0,
                "volume_id": "vol-0e8d56221d7df319b",
                "volume_size": 40,
                "volume_type": "gp2"
              }
            ],
            "ebs_optimized": true,
            "enclave_options": [
              {
                "enabled": false
              }
            ],
            "ephemeral_block_device": [],
            "get_password_data": false,
            "hibernation": false,
            "host_id": null,
            "iam_instance_profile": "",
            "id": "i-0ae57c7d364e63736",
            "instance_initiated_shutdown_behavior": "stop",
            "instance_state": "running",
            "instance_type": "c5.large",
            "ipv6_address_count": 0,
            "ipv6_addresses": [],
            "key_name": "",
            "launch_template": [],
            "maintenance_options": [
              {
                "auto_recovery": "default"
              }
            ],
            "metadata_options": [
              {
                "http_endpoint": "enabled",
                "http_put_response_hop_limit": 1,
                "http_tokens": "optional",
                "instance_metadata_tags": "disabled"
              }
            ],
            "monitoring": false,
            "network_interface": [
              {
                "delete_on_termination": false,
                "device_index": 0,
                "network_card_index": 0,
                "network_interface_id": "eni-0ba887fa71bb47a4c"
              },
              {
                "delete_on_termination": false,
                "device_index": 1,
                "network_card_index": 0,
                "network_interface_id": "eni-08a2966743518edb8"
              }
            ],
            "outpost_arn": "",
            "password_data": "",
            "placement_group": "",
            "placement_partition_number": null,
            "primary_network_interface_id": "eni-0ba887fa71bb47a4c",
            "private_dns": "ip-172-31-11-11.cn-northwest-1.compute.internal",
            "private_dns_name_options": [
              {
                "enable_resource_name_dns_a_record": false,
                "enable_resource_name_dns_aaaa_record": false,
                "hostname_type": "ip-name"
              }
            ],
            "private_ip": "172.31.11.11",
            "public_dns": "ec2-161-189-117-184.cn-northwest-1.compute.amazonaws.com.cn",
            "public_ip": "161.189.117.184",
            "root_block_device": [
              {
                "delete_on_termination": true,
                "device_name": "/dev/sda1",
                "encrypted": false,
                "iops": 100,
                "kms_key_id": "",
                "tags": null,
                "throughput": 0,
                "volume_id": "vol-00e31fac4d7784d55",
                "volume_size": 2,
                "volume_type": "gp2"
              }
            ],
            "secondary_private_ips": [],
            "security_groups": [],
            "source_dest_check": true,
            "subnet_id": "subnet-0891225ce424dfa01",
            "tags": {
              "Name": "FGT-AWS-Standalone",
              "Project": "ftntDEMO",
              "Terraform": "true"
            },
            "tags_all": {
              "Name": "FGT-AWS-Standalone",
              "Project": "ftntDEMO",
              "Terraform": "true"
            },
            "tenancy": "default",
            "timeouts": null,
            "user_data": "9bff3a4b7afc1f0b2796ca755e6f030f415557d7",
            "user_data_base64": null,
            "user_data_replace_on_change": false,
            "volume_tags": null,
            "vpc_security_group_ids": [
              "sg-05d96a4f848c57688",
              "sg-0a733c0e467690905",
              "sg-0eb247370d0cc091f"
            ]
          },
          "sensitive_attributes": [],
          "private": "eyJlMmJmYjczMC1lY2FhLTExZTYtOGY4OC0zNDM2M2JjN2M0YzAiOnsiY3JlYXRlIjo2MDAwMDAwMDAwMDAsImRlbGV0ZSI6MTIwMDAwMDAwMDAwMCwidXBkYXRlIjo2MDAwMDAwMDAwMDB9LCJzY2hlbWFfdmVyc2lvbiI6IjEifQ==",
          "dependencies": [
            "aws_network_interface.eniFgtPrivateAz1",
            "aws_network_interface.eniFgtPublicAz1",
            "aws_subnet.subnetFgtPrivateAz1",
            "aws_subnet.subnetFgtPublicAz1",
            "aws_vpc.vpcNgfw",
            "data.aws_ami.amiFgtvm64",
            "data.aws_ami.amiFgtvm70",
            "data.aws_ami.amiFgtvm72"
          ]
        }
      ]
    },
    {
      "mode": "managed",
      "type": "aws_internet_gateway",
      "name": "vpcNgfwIgw",
      "provider": "provider[\"registry.terraform.io/hashicorp/aws\"]",
      "instances": [
        {
          "index_key": 0,
          "schema_version": 0,
          "attributes": {
            "arn": "arn:aws-cn:ec2:cn-northwest-1:321536109689:internet-gateway/igw-0adff8465bf8b00dd",
            "id": "igw-0adff8465bf8b00dd",
            "owner_id": "321536109689",
            "tags": {
              "Name": "vpc-ngfw-igw",
              "Project": "ftntDEMO",
              "Terraform": "true"
            },
            "tags_all": {
              "Name": "vpc-ngfw-igw",
              "Project": "ftntDEMO",
              "Terraform": "true"
            },
            "vpc_id": "vpc-0bc86309477fca93c"
          },
          "sensitive_attributes": [],
          "private": "bnVsbA==",
          "dependencies": [
            "aws_vpc.vpcNgfw"
          ]
        }
      ]
    },
    {
      "mode": "managed",
      "type": "aws_network_interface",
      "name": "eniFgtPrivateAz1",
      "provider": "provider[\"registry.terraform.io/hashicorp/aws\"]",
      "instances": [
        {
          "schema_version": 0,
          "attributes": {
            "arn": "arn:aws-cn:ec2:cn-northwest-1:321536109689:network-interface/eni-08a2966743518edb8",
            "attachment": [],
            "description": "eni-fgt-private-az1",
            "id": "eni-08a2966743518edb8",
            "interface_type": "interface",
            "ipv4_prefix_count": 0,
            "ipv4_prefixes": [],
            "ipv6_address_count": 0,
            "ipv6_address_list": [],
            "ipv6_address_list_enabled": false,
            "ipv6_addresses": [],
            "ipv6_prefix_count": 0,
            "ipv6_prefixes": [],
            "mac_address": "02:f1:d1:a9:07:4a",
            "outpost_arn": "",
            "owner_id": "321536109689",
            "private_dns_name": "ip-172-31-12-11.cn-northwest-1.compute.internal",
            "private_ip": "172.31.12.11",
            "private_ip_list": [
              "172.31.12.11"
            ],
            "private_ip_list_enabled": false,
            "private_ips": [
              "172.31.12.11"
            ],
            "private_ips_count": 0,
            "security_groups": [
              "sg-0eb247370d0cc091f"
            ],
            "source_dest_check": false,
            "subnet_id": "subnet-0cd808671546b828a",
            "tags": {
              "Name": "eni-fgt-private-az1",
              "Project": "ftntDEMO",
              "Terraform": "true"
            },
            "tags_all": {
              "Name": "eni-fgt-private-az1",
              "Project": "ftntDEMO",
              "Terraform": "true"
            }
          },
          "sensitive_attributes": [],
          "private": "bnVsbA==",
          "dependencies": [
            "aws_subnet.subnetFgtPrivateAz1",
            "aws_vpc.vpcNgfw"
          ]
        }
      ]
    },
    {
      "mode": "managed",
      "type": "aws_network_interface",
      "name": "eniFgtPublicAz1",
      "provider": "provider[\"registry.terraform.io/hashicorp/aws\"]",
      "instances": [
        {
          "schema_version": 0,
          "attributes": {
            "arn": "arn:aws-cn:ec2:cn-northwest-1:321536109689:network-interface/eni-0ba887fa71bb47a4c",
            "attachment": [],
            "description": "eni-fgt-public-az1",
            "id": "eni-0ba887fa71bb47a4c",
            "interface_type": "interface",
            "ipv4_prefix_count": 0,
            "ipv4_prefixes": [],
            "ipv6_address_count": 0,
            "ipv6_address_list": [],
            "ipv6_address_list_enabled": false,
            "ipv6_addresses": [],
            "ipv6_prefix_count": 0,
            "ipv6_prefixes": [],
            "mac_address": "02:ac:b4:d5:35:f0",
            "outpost_arn": "",
            "owner_id": "321536109689",
            "private_dns_name": "ip-172-31-11-11.cn-northwest-1.compute.internal",
            "private_ip": "172.31.11.11",
            "private_ip_list": [
              "172.31.11.11"
            ],
            "private_ip_list_enabled": false,
            "private_ips": [
              "172.31.11.11"
            ],
            "private_ips_count": 0,
            "security_groups": [
              "sg-0eb247370d0cc091f"
            ],
            "source_dest_check": true,
            "subnet_id": "subnet-0891225ce424dfa01",
            "tags": {
              "Name": "eni-fgt-public-az1",
              "Project": "ftntDEMO",
              "Terraform": "true"
            },
            "tags_all": {
              "Name": "eni-fgt-public-az1",
              "Project": "ftntDEMO",
              "Terraform": "true"
            }
          },
          "sensitive_attributes": [],
          "private": "bnVsbA==",
          "dependencies": [
            "aws_subnet.subnetFgtPublicAz1",
            "aws_vpc.vpcNgfw"
          ]
        }
      ]
    },
    {
      "mode": "managed",
      "type": "aws_network_interface_sg_attachment",
      "name": "eniFgtIPsecAz1Attach",
      "provider": "provider[\"registry.terraform.io/hashicorp/aws\"]",
      "instances": [
        {
          "index_key": 0,
          "schema_version": 0,
          "attributes": {
            "id": "sg-05d96a4f848c57688_eni-0ba887fa71bb47a4c",
            "network_interface_id": "eni-0ba887fa71bb47a4c",
            "security_group_id": "sg-05d96a4f848c57688"
          },
          "sensitive_attributes": [],
          "private": "bnVsbA==",
          "dependencies": [
            "aws_network_interface.eniFgtPublicAz1",
            "aws_security_group.sgFgtIPsec",
            "aws_subnet.subnetFgtPublicAz1",
            "aws_vpc.vpcNgfw"
          ]
        }
      ]
    },
    {
      "mode": "managed",
      "type": "aws_network_interface_sg_attachment",
      "name": "eniFgtPrivateAz1Attach",
      "provider": "provider[\"registry.terraform.io/hashicorp/aws\"]",
      "instances": [
        {
          "schema_version": 0,
          "attributes": {
            "id": "sg-0604e558111178ace_eni-08a2966743518edb8",
            "network_interface_id": "eni-08a2966743518edb8",
            "security_group_id": "sg-0604e558111178ace"
          },
          "sensitive_attributes": [],
          "private": "bnVsbA==",
          "dependencies": [
            "aws_network_interface.eniFgtPrivateAz1",
            "aws_security_group.sgFgtPrivate",
            "aws_subnet.subnetFgtPrivateAz1",
            "aws_vpc.vpcNgfw"
          ]
        }
      ]
    },
    {
      "mode": "managed",
      "type": "aws_network_interface_sg_attachment",
      "name": "eniFgtPublicAz1Attach",
      "provider": "provider[\"registry.terraform.io/hashicorp/aws\"]",
      "instances": [
        {
          "schema_version": 0,
          "attributes": {
            "id": "sg-0a733c0e467690905_eni-0ba887fa71bb47a4c",
            "network_interface_id": "eni-0ba887fa71bb47a4c",
            "security_group_id": "sg-0a733c0e467690905"
          },
          "sensitive_attributes": [],
          "private": "bnVsbA==",
          "dependencies": [
            "aws_network_interface.eniFgtPublicAz1",
            "aws_security_group.sgFgtPublic",
            "aws_subnet.subnetFgtPublicAz1",
            "aws_vpc.vpcNgfw"
          ]
        }
      ]
    },
    {
      "mode": "managed",
      "type": "aws_route_table",
      "name": "rtbFgtPrivate",
      "provider": "provider[\"registry.terraform.io/hashicorp/aws\"]",
      "instances": [
        {
          "schema_version": 0,
          "attributes": {
            "arn": "arn:aws-cn:ec2:cn-northwest-1:321536109689:route-table/rtb-09c9c585b8a48b301",
            "id": "rtb-09c9c585b8a48b301",
            "owner_id": "321536109689",
            "propagating_vgws": [],
            "route": [
              {
                "carrier_gateway_id": "",
                "cidr_block": "0.0.0.0/0",
                "core_network_arn": "",
                "destination_prefix_list_id": "",
                "egress_only_gateway_id": "",
                "gateway_id": "",
                "instance_id": "",
                "ipv6_cidr_block": "",
                "local_gateway_id": "",
                "nat_gateway_id": "",
                "network_interface_id": "eni-08a2966743518edb8",
                "transit_gateway_id": "",
                "vpc_endpoint_id": "",
                "vpc_peering_connection_id": ""
              }
            ],
            "tags": {
              "Name": "rtb-fgt-private",
              "Project": "ftntDEMO",
              "Terraform": "true"
            },
            "tags_all": {
              "Name": "rtb-fgt-private",
              "Project": "ftntDEMO",
              "Terraform": "true"
            },
            "timeouts": null,
            "vpc_id": "vpc-0bc86309477fca93c"
          },
          "sensitive_attributes": [],
          "private": "eyJlMmJmYjczMC1lY2FhLTExZTYtOGY4OC0zNDM2M2JjN2M0YzAiOnsiY3JlYXRlIjozMDAwMDAwMDAwMDAsImRlbGV0ZSI6MzAwMDAwMDAwMDAwLCJ1cGRhdGUiOjEyMDAwMDAwMDAwMH19",
          "dependencies": [
            "aws_network_interface.eniFgtPrivateAz1",
            "aws_subnet.subnetFgtPrivateAz1",
            "aws_vpc.vpcNgfw"
          ]
        }
      ]
    },
    {
      "mode": "managed",
      "type": "aws_route_table",
      "name": "rtbFgtPublic",
      "provider": "provider[\"registry.terraform.io/hashicorp/aws\"]",
      "instances": [
        {
          "schema_version": 0,
          "attributes": {
            "arn": "arn:aws-cn:ec2:cn-northwest-1:321536109689:route-table/rtb-04bd7d2d1506ec700",
            "id": "rtb-04bd7d2d1506ec700",
            "owner_id": "321536109689",
            "propagating_vgws": [],
            "route": [
              {
                "carrier_gateway_id": "",
                "cidr_block": "0.0.0.0/0",
                "core_network_arn": "",
                "destination_prefix_list_id": "",
                "egress_only_gateway_id": "",
                "gateway_id": "igw-0adff8465bf8b00dd",
                "instance_id": "",
                "ipv6_cidr_block": "",
                "local_gateway_id": "",
                "nat_gateway_id": "",
                "network_interface_id": "",
                "transit_gateway_id": "",
                "vpc_endpoint_id": "",
                "vpc_peering_connection_id": ""
              }
            ],
            "tags": {
              "Name": "rtb-fgt-public",
              "Project": "ftntDEMO",
              "Terraform": "true"
            },
            "tags_all": {
              "Name": "rtb-fgt-public",
              "Project": "ftntDEMO",
              "Terraform": "true"
            },
            "timeouts": null,
            "vpc_id": "vpc-0bc86309477fca93c"
          },
          "sensitive_attributes": [],
          "private": "eyJlMmJmYjczMC1lY2FhLTExZTYtOGY4OC0zNDM2M2JjN2M0YzAiOnsiY3JlYXRlIjozMDAwMDAwMDAwMDAsImRlbGV0ZSI6MzAwMDAwMDAwMDAwLCJ1cGRhdGUiOjEyMDAwMDAwMDAwMH19",
          "dependencies": [
            "aws_internet_gateway.vpcNgfwIgw",
            "aws_vpc.vpcNgfw"
          ]
        }
      ]
    },
    {
      "mode": "managed",
      "type": "aws_route_table_association",
      "name": "subnetFgtPrivateAz1Associate",
      "provider": "provider[\"registry.terraform.io/hashicorp/aws\"]",
      "instances": [
        {
          "schema_version": 0,
          "attributes": {
            "gateway_id": "",
            "id": "rtbassoc-03deda0d56018710e",
            "route_table_id": "rtb-09c9c585b8a48b301",
            "subnet_id": "subnet-0cd808671546b828a"
          },
          "sensitive_attributes": [],
          "private": "bnVsbA==",
          "dependencies": [
            "aws_network_interface.eniFgtPrivateAz1",
            "aws_route_table.rtbFgtPrivate",
            "aws_subnet.subnetFgtPrivateAz1",
            "aws_vpc.vpcNgfw"
          ]
        }
      ]
    },
    {
      "mode": "managed",
      "type": "aws_route_table_association",
      "name": "subnetFgtPublicAz1Associate",
      "provider": "provider[\"registry.terraform.io/hashicorp/aws\"]",
      "instances": [
        {
          "schema_version": 0,
          "attributes": {
            "gateway_id": "",
            "id": "rtbassoc-0a859d759e332165b",
            "route_table_id": "rtb-04bd7d2d1506ec700",
            "subnet_id": "subnet-0891225ce424dfa01"
          },
          "sensitive_attributes": [],
          "private": "bnVsbA==",
          "dependencies": [
            "aws_internet_gateway.vpcNgfwIgw",
            "aws_route_table.rtbFgtPublic",
            "aws_subnet.subnetFgtPublicAz1",
            "aws_vpc.vpcNgfw"
          ]
        }
      ]
    },
    {
      "mode": "managed",
      "type": "aws_security_group",
      "name": "sgFgtIPsec",
      "provider": "provider[\"registry.terraform.io/hashicorp/aws\"]",
      "instances": [
        {
          "index_key": 0,
          "schema_version": 1,
          "attributes": {
            "arn": "arn:aws-cn:ec2:cn-northwest-1:321536109689:security-group/sg-05d96a4f848c57688",
            "description": "FortiGate IPsec",
            "egress": [],
            "id": "sg-05d96a4f848c57688",
            "ingress": [
              {
                "cidr_blocks": [
                  "0.0.0.0/0"
                ],
                "description": "VPN-IKE",
                "from_port": 500,
                "ipv6_cidr_blocks": [],
                "prefix_list_ids": [],
                "protocol": "udp",
                "security_groups": [],
                "self": false,
                "to_port": 500
              },
              {
                "cidr_blocks": [
                  "0.0.0.0/0"
                ],
                "description": "VPN-NATT",
                "from_port": 4500,
                "ipv6_cidr_blocks": [],
                "prefix_list_ids": [],
                "protocol": "udp",
                "security_groups": [],
                "self": false,
                "to_port": 4500
              }
            ],
            "name": "sg_fgt_ipsec",
            "name_prefix": "",
            "owner_id": "321536109689",
            "revoke_rules_on_delete": false,
            "tags": {
              "Name": "sg_fgt_ipsec",
              "Project": "ftntDEMO",
              "Terraform": "true"
            },
            "tags_all": {
              "Name": "sg_fgt_ipsec",
              "Project": "ftntDEMO",
              "Terraform": "true"
            },
            "timeouts": null,
            "vpc_id": "vpc-0bc86309477fca93c"
          },
          "sensitive_attributes": [],
          "private": "eyJlMmJmYjczMC1lY2FhLTExZTYtOGY4OC0zNDM2M2JjN2M0YzAiOnsiY3JlYXRlIjo2MDAwMDAwMDAwMDAsImRlbGV0ZSI6OTAwMDAwMDAwMDAwfSwic2NoZW1hX3ZlcnNpb24iOiIxIn0=",
          "dependencies": [
            "aws_vpc.vpcNgfw"
          ]
        }
      ]
    },
    {
      "mode": "managed",
      "type": "aws_security_group",
      "name": "sgFgtPrivate",
      "provider": "provider[\"registry.terraform.io/hashicorp/aws\"]",
      "instances": [
        {
          "schema_version": 1,
          "attributes": {
            "arn": "arn:aws-cn:ec2:cn-northwest-1:321536109689:security-group/sg-0604e558111178ace",
            "description": "FortiGate Private facing security group",
            "egress": [
              {
                "cidr_blocks": [
                  "0.0.0.0/0"
                ],
                "description": "",
                "from_port": 0,
                "ipv6_cidr_blocks": [],
                "prefix_list_ids": [],
                "protocol": "-1",
                "security_groups": [],
                "self": false,
                "to_port": 0
              }
            ],
            "id": "sg-0604e558111178ace",
            "ingress": [
              {
                "cidr_blocks": [
                  "0.0.0.0/0"
                ],
                "description": "",
                "from_port": 0,
                "ipv6_cidr_blocks": [],
                "prefix_list_ids": [],
                "protocol": "-1",
                "security_groups": [],
                "self": false,
                "to_port": 0
              }
            ],
            "name": "sg_fgt_private",
            "name_prefix": "",
            "owner_id": "321536109689",
            "revoke_rules_on_delete": false,
            "tags": {
              "Name": "sg_fgt_private",
              "Project": "ftntDEMO",
              "Terraform": "true"
            },
            "tags_all": {
              "Name": "sg_fgt_private",
              "Project": "ftntDEMO",
              "Terraform": "true"
            },
            "timeouts": null,
            "vpc_id": "vpc-0bc86309477fca93c"
          },
          "sensitive_attributes": [],
          "private": "eyJlMmJmYjczMC1lY2FhLTExZTYtOGY4OC0zNDM2M2JjN2M0YzAiOnsiY3JlYXRlIjo2MDAwMDAwMDAwMDAsImRlbGV0ZSI6OTAwMDAwMDAwMDAwfSwic2NoZW1hX3ZlcnNpb24iOiIxIn0=",
          "dependencies": [
            "aws_vpc.vpcNgfw"
          ]
        }
      ]
    },
    {
      "mode": "managed",
      "type": "aws_security_group",
      "name": "sgFgtPublic",
      "provider": "provider[\"registry.terraform.io/hashicorp/aws\"]",
      "instances": [
        {
          "schema_version": 1,
          "attributes": {
            "arn": "arn:aws-cn:ec2:cn-northwest-1:321536109689:security-group/sg-0a733c0e467690905",
            "description": "FortiGate public facing security group",
            "egress": [
              {
                "cidr_blocks": [
                  "0.0.0.0/0"
                ],
                "description": "",
                "from_port": 0,
                "ipv6_cidr_blocks": [],
                "prefix_list_ids": [],
                "protocol": "-1",
                "security_groups": [],
                "self": false,
                "to_port": 0
              }
            ],
            "id": "sg-0a733c0e467690905",
            "ingress": [
              {
                "cidr_blocks": [
                  "0.0.0.0/0"
                ],
                "description": "FGTHTTPS",
                "from_port": 8443,
                "ipv6_cidr_blocks": [],
                "prefix_list_ids": [],
                "protocol": "tcp",
                "security_groups": [],
                "self": false,
                "to_port": 8443
              },
              {
                "cidr_blocks": [
                  "0.0.0.0/0"
                ],
                "description": "ICMP",
                "from_port": -1,
                "ipv6_cidr_blocks": [],
                "prefix_list_ids": [],
                "protocol": "icmp",
                "security_groups": [],
                "self": false,
                "to_port": -1
              },
              {
                "cidr_blocks": [
                  "0.0.0.0/0"
                ],
                "description": "SSH",
                "from_port": 22,
                "ipv6_cidr_blocks": [],
                "prefix_list_ids": [],
                "protocol": "tcp",
                "security_groups": [],
                "self": false,
                "to_port": 22
              }
            ],
            "name": "sg_fgt_public",
            "name_prefix": "",
            "owner_id": "321536109689",
            "revoke_rules_on_delete": false,
            "tags": {
              "Name": "sg_fgt_public",
              "Project": "ftntDEMO",
              "Terraform": "true"
            },
            "tags_all": {
              "Name": "sg_fgt_public",
              "Project": "ftntDEMO",
              "Terraform": "true"
            },
            "timeouts": null,
            "vpc_id": "vpc-0bc86309477fca93c"
          },
          "sensitive_attributes": [],
          "private": "eyJlMmJmYjczMC1lY2FhLTExZTYtOGY4OC0zNDM2M2JjN2M0YzAiOnsiY3JlYXRlIjo2MDAwMDAwMDAwMDAsImRlbGV0ZSI6OTAwMDAwMDAwMDAwfSwic2NoZW1hX3ZlcnNpb24iOiIxIn0=",
          "dependencies": [
            "aws_vpc.vpcNgfw"
          ]
        }
      ]
    },
    {
      "mode": "managed",
      "type": "aws_subnet",
      "name": "subnetFgtPrivateAz1",
      "provider": "provider[\"registry.terraform.io/hashicorp/aws\"]",
      "instances": [
        {
          "schema_version": 1,
          "attributes": {
            "arn": "arn:aws-cn:ec2:cn-northwest-1:321536109689:subnet/subnet-0cd808671546b828a",
            "assign_ipv6_address_on_creation": false,
            "availability_zone": "cn-northwest-1a",
            "availability_zone_id": "cnnw1-az1",
            "cidr_block": "172.31.12.0/24",
            "customer_owned_ipv4_pool": "",
            "enable_dns64": false,
            "enable_resource_name_dns_a_record_on_launch": false,
            "enable_resource_name_dns_aaaa_record_on_launch": false,
            "id": "subnet-0cd808671546b828a",
            "ipv6_cidr_block": "",
            "ipv6_cidr_block_association_id": "",
            "ipv6_native": false,
            "map_customer_owned_ip_on_launch": false,
            "map_public_ip_on_launch": false,
            "outpost_arn": "",
            "owner_id": "321536109689",
            "private_dns_hostname_type_on_launch": "ip-name",
            "tags": {
              "Name": "subnet-fgt-private-az1",
              "Project": "ftntDEMO",
              "Terraform": "true"
            },
            "tags_all": {
              "Name": "subnet-fgt-private-az1",
              "Project": "ftntDEMO",
              "Terraform": "true"
            },
            "timeouts": null,
            "vpc_id": "vpc-0bc86309477fca93c"
          },
          "sensitive_attributes": [],
          "private": "eyJlMmJmYjczMC1lY2FhLTExZTYtOGY4OC0zNDM2M2JjN2M0YzAiOnsiY3JlYXRlIjo2MDAwMDAwMDAwMDAsImRlbGV0ZSI6MTIwMDAwMDAwMDAwMH0sInNjaGVtYV92ZXJzaW9uIjoiMSJ9",
          "dependencies": [
            "aws_vpc.vpcNgfw"
          ]
        }
      ]
    },
    {
      "mode": "managed",
      "type": "aws_subnet",
      "name": "subnetFgtPublicAz1",
      "provider": "provider[\"registry.terraform.io/hashicorp/aws\"]",
      "instances": [
        {
          "schema_version": 1,
          "attributes": {
            "arn": "arn:aws-cn:ec2:cn-northwest-1:321536109689:subnet/subnet-0891225ce424dfa01",
            "assign_ipv6_address_on_creation": false,
            "availability_zone": "cn-northwest-1a",
            "availability_zone_id": "cnnw1-az1",
            "cidr_block": "172.31.11.0/24",
            "customer_owned_ipv4_pool": "",
            "enable_dns64": false,
            "enable_resource_name_dns_a_record_on_launch": false,
            "enable_resource_name_dns_aaaa_record_on_launch": false,
            "id": "subnet-0891225ce424dfa01",
            "ipv6_cidr_block": "",
            "ipv6_cidr_block_association_id": "",
            "ipv6_native": false,
            "map_customer_owned_ip_on_launch": false,
            "map_public_ip_on_launch": false,
            "outpost_arn": "",
            "owner_id": "321536109689",
            "private_dns_hostname_type_on_launch": "ip-name",
            "tags": {
              "Name": "subnet-fgt-public-az1",
              "Project": "ftntDEMO",
              "Terraform": "true"
            },
            "tags_all": {
              "Name": "subnet-fgt-public-az1",
              "Project": "ftntDEMO",
              "Terraform": "true"
            },
            "timeouts": null,
            "vpc_id": "vpc-0bc86309477fca93c"
          },
          "sensitive_attributes": [],
          "private": "eyJlMmJmYjczMC1lY2FhLTExZTYtOGY4OC0zNDM2M2JjN2M0YzAiOnsiY3JlYXRlIjo2MDAwMDAwMDAwMDAsImRlbGV0ZSI6MTIwMDAwMDAwMDAwMH0sInNjaGVtYV92ZXJzaW9uIjoiMSJ9",
          "dependencies": [
            "aws_vpc.vpcNgfw"
          ]
        }
      ]
    },
    {
      "mode": "managed",
      "type": "aws_vpc",
      "name": "vpcNgfw",
      "provider": "provider[\"registry.terraform.io/hashicorp/aws\"]",
      "instances": [
        {
          "index_key": 0,
          "schema_version": 1,
          "attributes": {
            "arn": "arn:aws-cn:ec2:cn-northwest-1:321536109689:vpc/vpc-0bc86309477fca93c",
            "assign_generated_ipv6_cidr_block": false,
            "cidr_block": "172.31.0.0/16",
            "default_network_acl_id": "acl-0cc13a31850a227b4",
            "default_route_table_id": "rtb-02be748945b2c99e6",
            "default_security_group_id": "sg-0eb247370d0cc091f",
            "dhcp_options_id": "dopt-34dc235d",
            "enable_classiclink": false,
            "enable_classiclink_dns_support": false,
            "enable_dns_hostnames": true,
            "enable_dns_support": true,
            "id": "vpc-0bc86309477fca93c",
            "instance_tenancy": "default",
            "ipv4_ipam_pool_id": null,
            "ipv4_netmask_length": null,
            "ipv6_association_id": "",
            "ipv6_cidr_block": "",
            "ipv6_cidr_block_network_border_group": "",
            "ipv6_ipam_pool_id": "",
            "ipv6_netmask_length": 0,
            "main_route_table_id": "rtb-02be748945b2c99e6",
            "owner_id": "321536109689",
            "tags": {
              "Name": "VPC-NGFW",
              "Project": "ftntDEMO",
              "Terraform": "true"
            },
            "tags_all": {
              "Name": "VPC-NGFW",
              "Project": "ftntDEMO",
              "Terraform": "true"
            }
          },
          "sensitive_attributes": [],
          "private": "eyJzY2hlbWFfdmVyc2lvbiI6IjEifQ=="
        }
      ]
    }
  ],
  "check_results": null
}
