{
  "version": 4,
  "terraform_version": "1.3.9",
  "serial": 318,
  "lineage": "e9bde55c-488c-de50-042b-b1aad97dbb95",
  "outputs": {},
  "resources": [
    {
      "mode": "managed",
      "type": "azurerm_lb",
      "name": "elb",
      "provider": "provider[\"registry.terraform.io/hashicorp/azurerm\"]",
      "instances": [
        {
          "schema_version": 0,
          "attributes": {
            "edge_zone": "",
            "frontend_ip_configuration": [
              {
                "gateway_load_balancer_frontend_ip_configuration_id": "",
                "id": "/subscriptions/81c335b8-c6ce-4e45-93e4-3269de5a8164/resourceGroups/lg-test/providers/Microsoft.Network/loadBalancers/ELB/frontendIPConfigurations/eip-elb",
                "inbound_nat_rules": [],
                "load_balancer_rules": [
                  "/subscriptions/81c335b8-c6ce-4e45-93e4-3269de5a8164/resourceGroups/lg-test/providers/Microsoft.Network/loadBalancers/ELB/loadBalancingRules/LBRule-VPN-IKE",
                  "/subscriptions/81c335b8-c6ce-4e45-93e4-3269de5a8164/resourceGroups/lg-test/providers/Microsoft.Network/loadBalancers/ELB/loadBalancingRules/LBRule-VPN-NATT",
                  "/subscriptions/81c335b8-c6ce-4e45-93e4-3269de5a8164/resourceGroups/lg-test/providers/Microsoft.Network/loadBalancers/ELB/loadBalancingRules/lg-fgt-lb-rule-22",
                  "/subscriptions/81c335b8-c6ce-4e45-93e4-3269de5a8164/resourceGroups/lg-test/providers/Microsoft.Network/loadBalancers/ELB/loadBalancingRules/lg-lb-test-80"
                ],
                "name": "eip-elb",
                "outbound_rules": [
                  "/subscriptions/81c335b8-c6ce-4e45-93e4-3269de5a8164/resourceGroups/lg-test/providers/Microsoft.Network/loadBalancers/ELB/outboundRules/ToInternet"
                ],
                "private_ip_address": "",
                "private_ip_address_allocation": "Dynamic",
                "private_ip_address_version": "",
                "public_ip_address_id": "/subscriptions/81c335b8-c6ce-4e45-93e4-3269de5a8164/resourceGroups/lg-test/providers/Microsoft.Network/publicIPAddresses/eip-elb",
                "public_ip_prefix_id": "",
                "subnet_id": "",
                "zones": []
              }
            ],
            "id": "/subscriptions/81c335b8-c6ce-4e45-93e4-3269de5a8164/resourceGroups/lg-test/providers/Microsoft.Network/loadBalancers/ELB",
            "location": "chinanorth2",
            "name": "ELB",
            "private_ip_address": "",
            "private_ip_addresses": [],
            "resource_group_name": "lg-test",
            "sku": "Standard",
            "sku_tier": "Regional",
            "tags": {
              "Project": "fgtvm-ha",
              "Terraform": "true"
            },
            "timeouts": null
          },
          "sensitive_attributes": [],
          "private": "eyJlMmJmYjczMC1lY2FhLTExZTYtOGY4OC0zNDM2M2JjN2M0YzAiOnsiY3JlYXRlIjoxODAwMDAwMDAwMDAwLCJkZWxldGUiOjE4MDAwMDAwMDAwMDAsInJlYWQiOjMwMDAwMDAwMDAwMCwidXBkYXRlIjoxODAwMDAwMDAwMDAwfX0=",
          "dependencies": [
            "azurerm_public_ip.eipElb",
            "azurerm_resource_group.resrcGrp",
            "data.azurerm_virtual_network.vnetNgfw"
          ]
        }
      ]
    },
    {
      "mode": "managed",
      "type": "azurerm_lb",
      "name": "ilb",
      "provider": "provider[\"registry.terraform.io/hashicorp/azurerm\"]",
      "instances": [
        {
          "schema_version": 0,
          "attributes": {
            "edge_zone": "",
            "frontend_ip_configuration": [
              {
                "gateway_load_balancer_frontend_ip_configuration_id": "",
                "id": "/subscriptions/81c335b8-c6ce-4e45-93e4-3269de5a8164/resourceGroups/lg-test/providers/Microsoft.Network/loadBalancers/ILB/frontendIPConfigurations/ip-ilb",
                "inbound_nat_rules": [],
                "load_balancer_rules": [
                  "/subscriptions/81c335b8-c6ce-4e45-93e4-3269de5a8164/resourceGroups/lg-test/providers/Microsoft.Network/loadBalancers/ILB/loadBalancingRules/LBRule-passthrough"
                ],
                "name": "ip-ilb",
                "outbound_rules": [],
                "private_ip_address": "192.168.12.4",
                "private_ip_address_allocation": "Dynamic",
                "private_ip_address_version": "IPv4",
                "public_ip_address_id": "",
                "public_ip_prefix_id": "",
                "subnet_id": "/subscriptions/81c335b8-c6ce-4e45-93e4-3269de5a8164/resourceGroups/lg-test/providers/Microsoft.Network/virtualNetworks/VNET-NGFW/subnets/subnet-fgt-port2",
                "zones": []
              }
            ],
            "id": "/subscriptions/81c335b8-c6ce-4e45-93e4-3269de5a8164/resourceGroups/lg-test/providers/Microsoft.Network/loadBalancers/ILB",
            "location": "chinanorth2",
            "name": "ILB",
            "private_ip_address": "192.168.12.4",
            "private_ip_addresses": [
              "192.168.12.4"
            ],
            "resource_group_name": "lg-test",
            "sku": "Standard",
            "sku_tier": "Regional",
            "tags": {
              "Project": "fgtvm-ha",
              "Terraform": "true"
            },
            "timeouts": null
          },
          "sensitive_attributes": [],
          "private": "eyJlMmJmYjczMC1lY2FhLTExZTYtOGY4OC0zNDM2M2JjN2M0YzAiOnsiY3JlYXRlIjoxODAwMDAwMDAwMDAwLCJkZWxldGUiOjE4MDAwMDAwMDAwMDAsInJlYWQiOjMwMDAwMDAwMDAwMCwidXBkYXRlIjoxODAwMDAwMDAwMDAwfX0=",
          "dependencies": [
            "azurerm_resource_group.resrcGrp",
            "azurerm_subnet.subnetFgtPort2",
            "azurerm_virtual_network.vnetNgfw",
            "data.azurerm_virtual_network.vnetNgfw"
          ]
        }
      ]
    },
    {
      "mode": "managed",
      "type": "azurerm_lb_probe",
      "name": "elbprobe",
      "provider": "provider[\"registry.terraform.io/hashicorp/azurerm\"]",
      "instances": [
        {
          "schema_version": 0,
          "attributes": {
            "id": "/subscriptions/81c335b8-c6ce-4e45-93e4-3269de5a8164/resourceGroups/lg-test/providers/Microsoft.Network/loadBalancers/ELB/probes/elbprobe",
            "interval_in_seconds": 15,
            "load_balancer_rules": [
              "/subscriptions/81c335b8-c6ce-4e45-93e4-3269de5a8164/resourceGroups/lg-test/providers/Microsoft.Network/loadBalancers/ELB/loadBalancingRules/LBRule-VPN-IKE",
              "/subscriptions/81c335b8-c6ce-4e45-93e4-3269de5a8164/resourceGroups/lg-test/providers/Microsoft.Network/loadBalancers/ELB/loadBalancingRules/LBRule-VPN-NATT",
              "/subscriptions/81c335b8-c6ce-4e45-93e4-3269de5a8164/resourceGroups/lg-test/providers/Microsoft.Network/loadBalancers/ELB/loadBalancingRules/lg-fgt-lb-rule-22",
              "/subscriptions/81c335b8-c6ce-4e45-93e4-3269de5a8164/resourceGroups/lg-test/providers/Microsoft.Network/loadBalancers/ELB/loadBalancingRules/lg-lb-test-80"
            ],
            "loadbalancer_id": "/subscriptions/81c335b8-c6ce-4e45-93e4-3269de5a8164/resourceGroups/lg-test/providers/Microsoft.Network/loadBalancers/ELB",
            "name": "elbprobe",
            "number_of_probes": 2,
            "port": 8008,
            "probe_threshold": 1,
            "protocol": "Tcp",
            "request_path": "",
            "timeouts": null
          },
          "sensitive_attributes": [],
          "private": "eyJlMmJmYjczMC1lY2FhLTExZTYtOGY4OC0zNDM2M2JjN2M0YzAiOnsiY3JlYXRlIjoxODAwMDAwMDAwMDAwLCJkZWxldGUiOjE4MDAwMDAwMDAwMDAsInJlYWQiOjMwMDAwMDAwMDAwMCwidXBkYXRlIjoxODAwMDAwMDAwMDAwfX0=",
          "dependencies": [
            "azurerm_lb.elb",
            "azurerm_public_ip.eipElb",
            "azurerm_resource_group.resrcGrp",
            "data.azurerm_virtual_network.vnetNgfw"
          ]
        }
      ]
    },
    {
      "mode": "managed",
      "type": "azurerm_network_security_group",
      "name": "nsgFgtMgmt",
      "provider": "provider[\"registry.terraform.io/hashicorp/azurerm\"]",
      "instances": [
        {
          "schema_version": 0,
          "attributes": {
            "id": "/subscriptions/81c335b8-c6ce-4e45-93e4-3269de5a8164/resourceGroups/lg-test/providers/Microsoft.Network/networkSecurityGroups/nsg-fgt-mgmt",
            "location": "chinanorth2",
            "name": "nsg-fgt-mgmt",
            "resource_group_name": "lg-test",
            "security_rule": [
              {
                "access": "Allow",
                "description": "",
                "destination_address_prefix": "*",
                "destination_address_prefixes": [],
                "destination_application_security_group_ids": [],
                "destination_port_range": "*",
                "destination_port_ranges": [],
                "direction": "Inbound",
                "name": "ICMP",
                "priority": 100,
                "protocol": "*",
                "source_address_prefix": "*",
                "source_address_prefixes": [],
                "source_application_security_group_ids": [],
                "source_port_range": "*",
                "source_port_ranges": []
              },
              {
                "access": "Allow",
                "description": "",
                "destination_address_prefix": "*",
                "destination_address_prefixes": [],
                "destination_application_security_group_ids": [],
                "destination_port_range": "22",
                "destination_port_ranges": [],
                "direction": "Inbound",
                "name": "SSH",
                "priority": 110,
                "protocol": "Tcp",
                "source_address_prefix": "*",
                "source_address_prefixes": [],
                "source_application_security_group_ids": [],
                "source_port_range": "*",
                "source_port_ranges": []
              },
              {
                "access": "Allow",
                "description": "",
                "destination_address_prefix": "*",
                "destination_address_prefixes": [],
                "destination_application_security_group_ids": [],
                "destination_port_range": "80",
                "destination_port_ranges": [],
                "direction": "Inbound",
                "name": "AllowAnyHTTPInbound",
                "priority": 130,
                "protocol": "Tcp",
                "source_address_prefix": "*",
                "source_address_prefixes": [],
                "source_application_security_group_ids": [],
                "source_port_range": "*",
                "source_port_ranges": []
              },
              {
                "access": "Allow",
                "description": "",
                "destination_address_prefix": "*",
                "destination_address_prefixes": [],
                "destination_application_security_group_ids": [],
                "destination_port_range": "8008",
                "destination_port_ranges": [],
                "direction": "Inbound",
                "name": "AllowAnyCustom8008Inbound",
                "priority": 140,
                "protocol": "Tcp",
                "source_address_prefix": "*",
                "source_address_prefixes": [],
                "source_application_security_group_ids": [],
                "source_port_range": "*",
                "source_port_ranges": []
              },
              {
                "access": "Allow",
                "description": "",
                "destination_address_prefix": "*",
                "destination_address_prefixes": [],
                "destination_application_security_group_ids": [],
                "destination_port_range": "8443",
                "destination_port_ranges": [],
                "direction": "Inbound",
                "name": "FGTHTTPS",
                "priority": 120,
                "protocol": "Tcp",
                "source_address_prefix": "*",
                "source_address_prefixes": [],
                "source_application_security_group_ids": [],
                "source_port_range": "*",
                "source_port_ranges": []
              }
            ],
            "tags": {
              "Project": "fgtvm-ha",
              "Terraform": "true"
            },
            "timeouts": null
          },
          "sensitive_attributes": [],
          "private": "eyJlMmJmYjczMC1lY2FhLTExZTYtOGY4OC0zNDM2M2JjN2M0YzAiOnsiY3JlYXRlIjoxODAwMDAwMDAwMDAwLCJkZWxldGUiOjE4MDAwMDAwMDAwMDAsInJlYWQiOjMwMDAwMDAwMDAwMCwidXBkYXRlIjoxODAwMDAwMDAwMDAwfX0=",
          "dependencies": [
            "azurerm_resource_group.resrcGrp",
            "data.azurerm_virtual_network.vnetNgfw"
          ]
        }
      ]
    },
    {
      "mode": "managed",
      "type": "azurerm_public_ip",
      "name": "eipElb",
      "provider": "provider[\"registry.terraform.io/hashicorp/azurerm\"]",
      "instances": [
        {
          "schema_version": 0,
          "attributes": {
            "allocation_method": "Static",
            "ddos_protection_mode": "VirtualNetworkInherited",
            "ddos_protection_plan_id": null,
            "domain_name_label": null,
            "edge_zone": "",
            "fqdn": null,
            "id": "/subscriptions/81c335b8-c6ce-4e45-93e4-3269de5a8164/resourceGroups/lg-test/providers/Microsoft.Network/publicIPAddresses/eip-elb",
            "idle_timeout_in_minutes": 4,
            "ip_address": "52.131.73.237",
            "ip_tags": {},
            "ip_version": "IPv4",
            "location": "chinanorth2",
            "name": "eip-elb",
            "public_ip_prefix_id": null,
            "resource_group_name": "lg-test",
            "reverse_fqdn": null,
            "sku": "Standard",
            "sku_tier": "Regional",
            "tags": {},
            "timeouts": null,
            "zones": []
          },
          "sensitive_attributes": [],
          "private": "eyJlMmJmYjczMC1lY2FhLTExZTYtOGY4OC0zNDM2M2JjN2M0YzAiOnsiY3JlYXRlIjoxODAwMDAwMDAwMDAwLCJkZWxldGUiOjE4MDAwMDAwMDAwMDAsInJlYWQiOjMwMDAwMDAwMDAwMCwidXBkYXRlIjoxODAwMDAwMDAwMDAwfX0=",
          "dependencies": [
            "azurerm_resource_group.resrcGrp",
            "data.azurerm_virtual_network.vnetNgfw"
          ]
        }
      ]
    },
    {
      "mode": "managed",
      "type": "azurerm_resource_group",
      "name": "resrcGrp",
      "provider": "provider[\"registry.terraform.io/hashicorp/azurerm\"]",
      "instances": [
        {
          "index_key": 0,
          "schema_version": 0,
          "attributes": {
            "id": "/subscriptions/81c335b8-c6ce-4e45-93e4-3269de5a8164/resourceGroups/lg-test",
            "location": "chinanorth2",
            "managed_by": "",
            "name": "lg-test",
            "tags": {
              "Project": "fgtvm-ha",
              "Terraform": "true"
            },
            "timeouts": null
          },
          "sensitive_attributes": [],
          "private": "eyJlMmJmYjczMC1lY2FhLTExZTYtOGY4OC0zNDM2M2JjN2M0YzAiOnsiY3JlYXRlIjo1NDAwMDAwMDAwMDAwLCJkZWxldGUiOjU0MDAwMDAwMDAwMDAsInJlYWQiOjMwMDAwMDAwMDAwMCwidXBkYXRlIjo1NDAwMDAwMDAwMDAwfX0="
        }
      ]
    },
    {
      "mode": "managed",
      "type": "azurerm_route_table",
      "name": "rtbFgtInspection",
      "provider": "provider[\"registry.terraform.io/hashicorp/azurerm\"]",
      "instances": [
        {
          "schema_version": 0,
          "attributes": {
            "disable_bgp_route_propagation": false,
            "id": "/subscriptions/81c335b8-c6ce-4e45-93e4-3269de5a8164/resourceGroups/lg-test/providers/Microsoft.Network/routeTables/rtb-inspection",
            "location": "chinanorth2",
            "name": "rtb-inspection",
            "resource_group_name": "lg-test",
            "route": [
              {
                "address_prefix": "0.0.0.0/0",
                "name": "default",
                "next_hop_in_ip_address": "192.168.12.4",
                "next_hop_type": "VirtualAppliance"
              }
            ],
            "subnets": [
              "/subscriptions/81c335b8-c6ce-4e45-93e4-3269de5a8164/resourceGroups/lg-test/providers/Microsoft.Network/virtualNetworks/VNET-NGFW/subnets/subnet-fgt-server"
            ],
            "tags": {
              "Project": "fgtvm-ha",
              "Terraform": "true"
            },
            "timeouts": null
          },
          "sensitive_attributes": [],
          "private": "eyJlMmJmYjczMC1lY2FhLTExZTYtOGY4OC0zNDM2M2JjN2M0YzAiOnsiY3JlYXRlIjoxODAwMDAwMDAwMDAwLCJkZWxldGUiOjE4MDAwMDAwMDAwMDAsInJlYWQiOjMwMDAwMDAwMDAwMCwidXBkYXRlIjoxODAwMDAwMDAwMDAwfX0=",
          "dependencies": [
            "azurerm_lb.ilb",
            "azurerm_resource_group.resrcGrp",
            "azurerm_subnet.subnetFgtPort2",
            "azurerm_virtual_network.vnetNgfw",
            "data.azurerm_virtual_network.vnetNgfw"
          ]
        }
      ]
    },
    {
      "mode": "managed",
      "type": "azurerm_subnet",
      "name": "subnetFgtPort2",
      "provider": "provider[\"registry.terraform.io/hashicorp/azurerm\"]",
      "instances": [
        {
          "schema_version": 0,
          "attributes": {
            "address_prefixes": [
              "192.168.12.0/24"
            ],
            "delegation": [],
            "enforce_private_link_endpoint_network_policies": false,
            "enforce_private_link_service_network_policies": false,
            "id": "/subscriptions/81c335b8-c6ce-4e45-93e4-3269de5a8164/resourceGroups/lg-test/providers/Microsoft.Network/virtualNetworks/VNET-NGFW/subnets/subnet-fgt-port2",
            "name": "subnet-fgt-port2",
            "private_endpoint_network_policies_enabled": true,
            "private_link_service_network_policies_enabled": true,
            "resource_group_name": "lg-test",
            "service_endpoint_policy_ids": [],
            "service_endpoints": [],
            "timeouts": null,
            "virtual_network_name": "VNET-NGFW"
          },
          "sensitive_attributes": [],
          "private": "eyJlMmJmYjczMC1lY2FhLTExZTYtOGY4OC0zNDM2M2JjN2M0YzAiOnsiY3JlYXRlIjoxODAwMDAwMDAwMDAwLCJkZWxldGUiOjE4MDAwMDAwMDAwMDAsInJlYWQiOjMwMDAwMDAwMDAwMCwidXBkYXRlIjoxODAwMDAwMDAwMDAwfX0=",
          "dependencies": [
            "azurerm_resource_group.resrcGrp",
            "azurerm_virtual_network.vnetNgfw"
          ]
        }
      ]
    },
    {
      "mode": "managed",
      "type": "azurerm_virtual_network",
      "name": "vnetNgfw",
      "provider": "provider[\"registry.terraform.io/hashicorp/azurerm\"]",
      "instances": [
        {
          "index_key": 0,
          "schema_version": 0,
          "attributes": {
            "address_space": [
              "192.168.0.0/16"
            ],
            "bgp_community": "",
            "ddos_protection_plan": [],
            "dns_servers": [],
            "edge_zone": "",
            "encryption": [],
            "flow_timeout_in_minutes": 0,
            "guid": "56b270c7-2f65-4b67-a631-f23ba8cf8ada",
            "id": "/subscriptions/81c335b8-c6ce-4e45-93e4-3269de5a8164/resourceGroups/lg-test/providers/Microsoft.Network/virtualNetworks/VNET-NGFW",
            "location": "chinanorth2",
            "name": "VNET-NGFW",
            "resource_group_name": "lg-test",
            "subnet": [
              {
                "address_prefix": "192.168.11.0/24",
                "id": "/subscriptions/81c335b8-c6ce-4e45-93e4-3269de5a8164/resourceGroups/lg-test/providers/Microsoft.Network/virtualNetworks/VNET-NGFW/subnets/subnet-fgt-port1",
                "name": "subnet-fgt-port1",
                "security_group": ""
              },
              {
                "address_prefix": "192.168.12.0/24",
                "id": "/subscriptions/81c335b8-c6ce-4e45-93e4-3269de5a8164/resourceGroups/lg-test/providers/Microsoft.Network/virtualNetworks/VNET-NGFW/subnets/subnet-fgt-port2",
                "name": "subnet-fgt-port2",
                "security_group": ""
              },
              {
                "address_prefix": "192.168.13.0/24",
                "id": "/subscriptions/81c335b8-c6ce-4e45-93e4-3269de5a8164/resourceGroups/lg-test/providers/Microsoft.Network/virtualNetworks/VNET-NGFW/subnets/subnet-fgt-port3",
                "name": "subnet-fgt-port3",
                "security_group": ""
              },
              {
                "address_prefix": "192.168.14.0/24",
                "id": "/subscriptions/81c335b8-c6ce-4e45-93e4-3269de5a8164/resourceGroups/lg-test/providers/Microsoft.Network/virtualNetworks/VNET-NGFW/subnets/subnet-fgt-port4",
                "name": "subnet-fgt-port4",
                "security_group": ""
              },
              {
                "address_prefix": "192.168.15.0/24",
                "id": "/subscriptions/81c335b8-c6ce-4e45-93e4-3269de5a8164/resourceGroups/lg-test/providers/Microsoft.Network/virtualNetworks/VNET-NGFW/subnets/subnet-fgt-server",
                "name": "subnet-fgt-server",
                "security_group": "/subscriptions/81c335b8-c6ce-4e45-93e4-3269de5a8164/resourceGroups/lg-test/providers/Microsoft.Network/networkSecurityGroups/nsg-fgt-mgmt"
              }
            ],
            "tags": {
              "Project": "fgtvm-ha",
              "Terraform": "true"
            },
            "timeouts": null
          },
          "sensitive_attributes": [],
          "private": "eyJlMmJmYjczMC1lY2FhLTExZTYtOGY4OC0zNDM2M2JjN2M0YzAiOnsiY3JlYXRlIjoxODAwMDAwMDAwMDAwLCJkZWxldGUiOjE4MDAwMDAwMDAwMDAsInJlYWQiOjMwMDAwMDAwMDAwMCwidXBkYXRlIjoxODAwMDAwMDAwMDAwfX0=",
          "dependencies": [
            "azurerm_resource_group.resrcGrp"
          ]
        }
      ]
    }
  ],
  "check_results": null
}
