{
  "version": 4,
  "terraform_version": "1.3.9",
  "serial": 277,
  "lineage": "e9bde55c-488c-de50-042b-b1aad97dbb95",
  "outputs": {
    "A_General-Information": {
      "value": [
        "RESOURCE-GROUP-NAME: lg-test",
        "VNET-NAME: VNET-NGFW",
        "VNET-LOCATION: chinanorth2",
        "VNET-CIDR: 192.168.0.0/16"
      ],
      "type": [
        "tuple",
        [
          "string",
          "string",
          "string",
          "string"
        ]
      ]
    },
    "B_FortiGate-BYOL-Statistics": {
      "value": [
        "FG-FTNT-1: https://52.131.73.142:8443 | USER_NAME:azureuser/PWD:fortinet@123",
        "FG-FTNT-2: https://52.130.144.112:8443 | USER_NAME:azureuser/PWD:fortinet@123"
      ],
      "type": [
        "tuple",
        [
          "string",
          "string"
        ]
      ],
      "sensitive": true
    },
    "C_RedirectTraffic-To-ILB": {
      "value": [
        "VirtualAppliance: 192.168.12.4"
      ],
      "type": [
        "tuple",
        [
          "string"
        ]
      ]
    },
    "D_IPsec-Azure-GW": {
      "value": [
        "AZURE-ELB: 52.131.73.237"
      ],
      "type": [
        "tuple",
        [
          "string"
        ]
      ]
    }
  },
  "resources": [
    {
      "mode": "data",
      "type": "azurerm_network_interface",
      "name": "eniFgtPort3",
      "provider": "provider[\"registry.terraform.io/hashicorp/azurerm\"]",
      "instances": [
        {
          "index_key": 0,
          "schema_version": 0,
          "attributes": {
            "applied_dns_servers": [],
            "dns_servers": [],
            "enable_accelerated_networking": false,
            "enable_ip_forwarding": false,
            "id": "/subscriptions/81c335b8-c6ce-4e45-93e4-3269de5a8164/resourceGroups/lg-test/providers/Microsoft.Network/networkInterfaces/eni-port3-fgt1",
            "internal_dns_name_label": "",
            "ip_configuration": [
              {
                "application_gateway_backend_address_pools_ids": [],
                "application_security_group_ids": [],
                "gateway_load_balancer_frontend_ip_configuration_id": "",
                "load_balancer_backend_address_pools_ids": [],
                "load_balancer_inbound_nat_rules_ids": [],
                "name": "ip-port3-fgt1",
                "primary": true,
                "private_ip_address": "192.168.13.4",
                "private_ip_address_allocation": "Dynamic",
                "private_ip_address_version": "IPv4",
                "public_ip_address_id": "",
                "subnet_id": "/subscriptions/81c335b8-c6ce-4e45-93e4-3269de5a8164/resourceGroups/lg-test/providers/Microsoft.Network/virtualNetworks/VNET-NGFW/subnets/subnet-fgt-port3"
              }
            ],
            "location": "chinanorth2",
            "mac_address": "",
            "name": "eni-port3-fgt1",
            "network_security_group_id": "",
            "private_ip_address": "192.168.13.4",
            "private_ip_addresses": [
              "192.168.13.4"
            ],
            "resource_group_name": "lg-test",
            "tags": {
              "Project": "fgtvm-ha",
              "Terraform": "true"
            },
            "timeouts": null,
            "virtual_machine_id": ""
          },
          "sensitive_attributes": []
        },
        {
          "index_key": 1,
          "schema_version": 0,
          "attributes": {
            "applied_dns_servers": [],
            "dns_servers": [],
            "enable_accelerated_networking": false,
            "enable_ip_forwarding": false,
            "id": "/subscriptions/81c335b8-c6ce-4e45-93e4-3269de5a8164/resourceGroups/lg-test/providers/Microsoft.Network/networkInterfaces/eni-port3-fgt2",
            "internal_dns_name_label": "",
            "ip_configuration": [
              {
                "application_gateway_backend_address_pools_ids": [],
                "application_security_group_ids": [],
                "gateway_load_balancer_frontend_ip_configuration_id": "",
                "load_balancer_backend_address_pools_ids": [],
                "load_balancer_inbound_nat_rules_ids": [],
                "name": "ip-port3-fgt2",
                "primary": true,
                "private_ip_address": "192.168.13.5",
                "private_ip_address_allocation": "Dynamic",
                "private_ip_address_version": "IPv4",
                "public_ip_address_id": "",
                "subnet_id": "/subscriptions/81c335b8-c6ce-4e45-93e4-3269de5a8164/resourceGroups/lg-test/providers/Microsoft.Network/virtualNetworks/VNET-NGFW/subnets/subnet-fgt-port3"
              }
            ],
            "location": "chinanorth2",
            "mac_address": "",
            "name": "eni-port3-fgt2",
            "network_security_group_id": "",
            "private_ip_address": "192.168.13.5",
            "private_ip_addresses": [
              "192.168.13.5"
            ],
            "resource_group_name": "lg-test",
            "tags": {
              "Project": "fgtvm-ha",
              "Terraform": "true"
            },
            "timeouts": null,
            "virtual_machine_id": ""
          },
          "sensitive_attributes": []
        }
      ]
    },
    {
      "mode": "data",
      "type": "azurerm_network_interface",
      "name": "eniFgtPort4",
      "provider": "provider[\"registry.terraform.io/hashicorp/azurerm\"]",
      "instances": [
        {
          "index_key": 0,
          "schema_version": 0,
          "attributes": {
            "applied_dns_servers": [],
            "dns_servers": [],
            "enable_accelerated_networking": false,
            "enable_ip_forwarding": false,
            "id": "/subscriptions/81c335b8-c6ce-4e45-93e4-3269de5a8164/resourceGroups/lg-test/providers/Microsoft.Network/networkInterfaces/eni-port4-fgt1",
            "internal_dns_name_label": "",
            "ip_configuration": [
              {
                "application_gateway_backend_address_pools_ids": [],
                "application_security_group_ids": [],
                "gateway_load_balancer_frontend_ip_configuration_id": "",
                "load_balancer_backend_address_pools_ids": [],
                "load_balancer_inbound_nat_rules_ids": [],
                "name": "ip-port4-fgt1",
                "primary": true,
                "private_ip_address": "192.168.14.5",
                "private_ip_address_allocation": "Dynamic",
                "private_ip_address_version": "IPv4",
                "public_ip_address_id": "/subscriptions/81c335b8-c6ce-4e45-93e4-3269de5a8164/resourceGroups/lg-test/providers/Microsoft.Network/publicIPAddresses/eip-mgmt-fgt1",
                "subnet_id": "/subscriptions/81c335b8-c6ce-4e45-93e4-3269de5a8164/resourceGroups/lg-test/providers/Microsoft.Network/virtualNetworks/VNET-NGFW/subnets/subnet-fgt-port4"
              }
            ],
            "location": "chinanorth2",
            "mac_address": "",
            "name": "eni-port4-fgt1",
            "network_security_group_id": "",
            "private_ip_address": "192.168.14.5",
            "private_ip_addresses": [
              "192.168.14.5"
            ],
            "resource_group_name": "lg-test",
            "tags": {
              "Project": "fgtvm-ha",
              "Terraform": "true"
            },
            "timeouts": null,
            "virtual_machine_id": ""
          },
          "sensitive_attributes": []
        },
        {
          "index_key": 1,
          "schema_version": 0,
          "attributes": {
            "applied_dns_servers": [],
            "dns_servers": [],
            "enable_accelerated_networking": false,
            "enable_ip_forwarding": false,
            "id": "/subscriptions/81c335b8-c6ce-4e45-93e4-3269de5a8164/resourceGroups/lg-test/providers/Microsoft.Network/networkInterfaces/eni-port4-fgt2",
            "internal_dns_name_label": "",
            "ip_configuration": [
              {
                "application_gateway_backend_address_pools_ids": [],
                "application_security_group_ids": [],
                "gateway_load_balancer_frontend_ip_configuration_id": "",
                "load_balancer_backend_address_pools_ids": [],
                "load_balancer_inbound_nat_rules_ids": [],
                "name": "ip-port4-fgt2",
                "primary": true,
                "private_ip_address": "192.168.14.4",
                "private_ip_address_allocation": "Dynamic",
                "private_ip_address_version": "IPv4",
                "public_ip_address_id": "/subscriptions/81c335b8-c6ce-4e45-93e4-3269de5a8164/resourceGroups/lg-test/providers/Microsoft.Network/publicIPAddresses/eip-mgmt-fgt2",
                "subnet_id": "/subscriptions/81c335b8-c6ce-4e45-93e4-3269de5a8164/resourceGroups/lg-test/providers/Microsoft.Network/virtualNetworks/VNET-NGFW/subnets/subnet-fgt-port4"
              }
            ],
            "location": "chinanorth2",
            "mac_address": "",
            "name": "eni-port4-fgt2",
            "network_security_group_id": "",
            "private_ip_address": "192.168.14.4",
            "private_ip_addresses": [
              "192.168.14.4"
            ],
            "resource_group_name": "lg-test",
            "tags": {
              "Project": "fgtvm-ha",
              "Terraform": "true"
            },
            "timeouts": null,
            "virtual_machine_id": ""
          },
          "sensitive_attributes": []
        }
      ]
    },
    {
      "mode": "managed",
      "type": "azurerm_lb",
      "name": "elb",
      "provider": "provider[\"registry.terraform.io/hashicorp/azurerm\"]",
      "instances": [
        {
          "schema_version": 0,
          "attributes": {
            "edge_zone": "",
            "frontend_ip_configuration": [
              {
                "gateway_load_balancer_frontend_ip_configuration_id": "",
                "id": "/subscriptions/81c335b8-c6ce-4e45-93e4-3269de5a8164/resourceGroups/lg-test/providers/Microsoft.Network/loadBalancers/ELB/frontendIPConfigurations/eip-elb",
                "inbound_nat_rules": [],
                "load_balancer_rules": [],
                "name": "eip-elb",
                "outbound_rules": [],
                "private_ip_address": "",
                "private_ip_address_allocation": "Dynamic",
                "private_ip_address_version": "",
                "public_ip_address_id": "/subscriptions/81c335b8-c6ce-4e45-93e4-3269de5a8164/resourceGroups/lg-test/providers/Microsoft.Network/publicIPAddresses/eip-elb",
                "public_ip_prefix_id": "",
                "subnet_id": "",
                "zones": null
              }
            ],
            "id": "/subscriptions/81c335b8-c6ce-4e45-93e4-3269de5a8164/resourceGroups/lg-test/providers/Microsoft.Network/loadBalancers/ELB",
            "location": "chinanorth2",
            "name": "ELB",
            "private_ip_address": "",
            "private_ip_addresses": [],
            "resource_group_name": "lg-test",
            "sku": "Standard",
            "sku_tier": "Regional",
            "tags": {
              "Project": "fgtvm-ha",
              "Terraform": "true"
            },
            "timeouts": null
          },
          "sensitive_attributes": [],
          "private": "eyJlMmJmYjczMC1lY2FhLTExZTYtOGY4OC0zNDM2M2JjN2M0YzAiOnsiY3JlYXRlIjoxODAwMDAwMDAwMDAwLCJkZWxldGUiOjE4MDAwMDAwMDAwMDAsInJlYWQiOjMwMDAwMDAwMDAwMCwidXBkYXRlIjoxODAwMDAwMDAwMDAwfX0=",
          "dependencies": [
            "azurerm_public_ip.eipElb",
            "azurerm_resource_group.resrcGrp",
            "data.azurerm_virtual_network.vnetNgfw"
          ]
        }
      ]
    },
    {
      "mode": "managed",
      "type": "azurerm_lb",
      "name": "ilb",
      "provider": "provider[\"registry.terraform.io/hashicorp/azurerm\"]",
      "instances": [
        {
          "schema_version": 0,
          "attributes": {
            "edge_zone": "",
            "frontend_ip_configuration": [
              {
                "gateway_load_balancer_frontend_ip_configuration_id": "",
                "id": "/subscriptions/81c335b8-c6ce-4e45-93e4-3269de5a8164/resourceGroups/lg-test/providers/Microsoft.Network/loadBalancers/ILB/frontendIPConfigurations/ip-ilb",
                "inbound_nat_rules": [],
                "load_balancer_rules": [],
                "name": "ip-ilb",
                "outbound_rules": [],
                "private_ip_address": "192.168.12.4",
                "private_ip_address_allocation": "Dynamic",
                "private_ip_address_version": "IPv4",
                "public_ip_address_id": "",
                "public_ip_prefix_id": "",
                "subnet_id": "/subscriptions/81c335b8-c6ce-4e45-93e4-3269de5a8164/resourceGroups/lg-test/providers/Microsoft.Network/virtualNetworks/VNET-NGFW/subnets/subnet-fgt-port2",
                "zones": null
              }
            ],
            "id": "/subscriptions/81c335b8-c6ce-4e45-93e4-3269de5a8164/resourceGroups/lg-test/providers/Microsoft.Network/loadBalancers/ILB",
            "location": "chinanorth2",
            "name": "ILB",
            "private_ip_address": "192.168.12.4",
            "private_ip_addresses": [
              "192.168.12.4"
            ],
            "resource_group_name": "lg-test",
            "sku": "Standard",
            "sku_tier": "Regional",
            "tags": {
              "Project": "fgtvm-ha",
              "Terraform": "true"
            },
            "timeouts": null
          },
          "sensitive_attributes": [],
          "private": "eyJlMmJmYjczMC1lY2FhLTExZTYtOGY4OC0zNDM2M2JjN2M0YzAiOnsiY3JlYXRlIjoxODAwMDAwMDAwMDAwLCJkZWxldGUiOjE4MDAwMDAwMDAwMDAsInJlYWQiOjMwMDAwMDAwMDAwMCwidXBkYXRlIjoxODAwMDAwMDAwMDAwfX0=",
          "dependencies": [
            "azurerm_resource_group.resrcGrp",
            "azurerm_subnet.subnetFgtPort2",
            "azurerm_virtual_network.vnetNgfw",
            "data.azurerm_virtual_network.vnetNgfw"
          ]
        }
      ]
    },
    {
      "mode": "managed",
      "type": "azurerm_lb_backend_address_pool",
      "name": "elbBackendAddrPool",
      "provider": "provider[\"registry.terraform.io/hashicorp/azurerm\"]",
      "instances": [
        {
          "schema_version": 0,
          "attributes": {
            "backend_ip_configurations": [],
            "id": "/subscriptions/81c335b8-c6ce-4e45-93e4-3269de5a8164/resourceGroups/lg-test/providers/Microsoft.Network/loadBalancers/ELB/backendAddressPools/FGT-HA-Cluster",
            "inbound_nat_rules": [],
            "load_balancing_rules": [],
            "loadbalancer_id": "/subscriptions/81c335b8-c6ce-4e45-93e4-3269de5a8164/resourceGroups/lg-test/providers/Microsoft.Network/loadBalancers/ELB",
            "name": "FGT-HA-Cluster",
            "outbound_rules": [],
            "timeouts": null,
            "tunnel_interface": [],
            "virtual_network_id": ""
          },
          "sensitive_attributes": [],
          "private": "eyJlMmJmYjczMC1lY2FhLTExZTYtOGY4OC0zNDM2M2JjN2M0YzAiOnsiY3JlYXRlIjoxODAwMDAwMDAwMDAwLCJkZWxldGUiOjE4MDAwMDAwMDAwMDAsInJlYWQiOjMwMDAwMDAwMDAwMCwidXBkYXRlIjoxODAwMDAwMDAwMDAwfX0=",
          "dependencies": [
            "azurerm_lb.elb",
            "azurerm_public_ip.eipElb",
            "azurerm_resource_group.resrcGrp",
            "data.azurerm_virtual_network.vnetNgfw"
          ]
        }
      ]
    },
    {
      "mode": "managed",
      "type": "azurerm_lb_backend_address_pool",
      "name": "ilbBackendAddrPool",
      "provider": "provider[\"registry.terraform.io/hashicorp/azurerm\"]",
      "instances": [
        {
          "schema_version": 0,
          "attributes": {
            "backend_ip_configurations": [],
            "id": "/subscriptions/81c335b8-c6ce-4e45-93e4-3269de5a8164/resourceGroups/lg-test/providers/Microsoft.Network/loadBalancers/ILB/backendAddressPools/FGT-HA-Cluster",
            "inbound_nat_rules": [],
            "load_balancing_rules": [],
            "loadbalancer_id": "/subscriptions/81c335b8-c6ce-4e45-93e4-3269de5a8164/resourceGroups/lg-test/providers/Microsoft.Network/loadBalancers/ILB",
            "name": "FGT-HA-Cluster",
            "outbound_rules": [],
            "timeouts": null,
            "tunnel_interface": [],
            "virtual_network_id": ""
          },
          "sensitive_attributes": [],
          "private": "eyJlMmJmYjczMC1lY2FhLTExZTYtOGY4OC0zNDM2M2JjN2M0YzAiOnsiY3JlYXRlIjoxODAwMDAwMDAwMDAwLCJkZWxldGUiOjE4MDAwMDAwMDAwMDAsInJlYWQiOjMwMDAwMDAwMDAwMCwidXBkYXRlIjoxODAwMDAwMDAwMDAwfX0=",
          "dependencies": [
            "azurerm_lb.ilb",
            "azurerm_resource_group.resrcGrp",
            "azurerm_subnet.subnetFgtPort2",
            "azurerm_virtual_network.vnetNgfw",
            "data.azurerm_virtual_network.vnetNgfw"
          ]
        }
      ]
    },
    {
      "mode": "managed",
      "type": "azurerm_lb_outbound_rule",
      "name": "elbSnatInternet",
      "provider": "provider[\"registry.terraform.io/hashicorp/azurerm\"]",
      "instances": [
        {
          "schema_version": 0,
          "attributes": {
            "allocated_outbound_ports": 1024,
            "backend_address_pool_id": "/subscriptions/81c335b8-c6ce-4e45-93e4-3269de5a8164/resourceGroups/lg-test/providers/Microsoft.Network/loadBalancers/ELB/backendAddressPools/FGT-HA-Cluster",
            "enable_tcp_reset": false,
            "frontend_ip_configuration": [
              {
                "id": "/subscriptions/81c335b8-c6ce-4e45-93e4-3269de5a8164/resourceGroups/lg-test/providers/Microsoft.Network/loadBalancers/ELB/frontendIPConfigurations/eip-elb",
                "name": "eip-elb"
              }
            ],
            "id": "/subscriptions/81c335b8-c6ce-4e45-93e4-3269de5a8164/resourceGroups/lg-test/providers/Microsoft.Network/loadBalancers/ELB/outboundRules/ToInternet",
            "idle_timeout_in_minutes": 4,
            "loadbalancer_id": "/subscriptions/81c335b8-c6ce-4e45-93e4-3269de5a8164/resourceGroups/lg-test/providers/Microsoft.Network/loadBalancers/ELB",
            "name": "ToInternet",
            "protocol": "All",
            "timeouts": null
          },
          "sensitive_attributes": [],
          "private": "eyJlMmJmYjczMC1lY2FhLTExZTYtOGY4OC0zNDM2M2JjN2M0YzAiOnsiY3JlYXRlIjoxODAwMDAwMDAwMDAwLCJkZWxldGUiOjE4MDAwMDAwMDAwMDAsInJlYWQiOjMwMDAwMDAwMDAwMCwidXBkYXRlIjoxODAwMDAwMDAwMDAwfX0=",
          "dependencies": [
            "azurerm_lb.elb",
            "azurerm_lb_backend_address_pool.elbBackendAddrPool",
            "azurerm_public_ip.eipElb",
            "azurerm_resource_group.resrcGrp",
            "data.azurerm_virtual_network.vnetNgfw"
          ]
        }
      ]
    },
    {
      "mode": "managed",
      "type": "azurerm_lb_probe",
      "name": "elbprobe",
      "provider": "provider[\"registry.terraform.io/hashicorp/azurerm\"]",
      "instances": [
        {
          "schema_version": 0,
          "attributes": {
            "id": "/subscriptions/81c335b8-c6ce-4e45-93e4-3269de5a8164/resourceGroups/lg-test/providers/Microsoft.Network/loadBalancers/ELB/probes/elbprobe",
            "interval_in_seconds": 15,
            "load_balancer_rules": [],
            "loadbalancer_id": "/subscriptions/81c335b8-c6ce-4e45-93e4-3269de5a8164/resourceGroups/lg-test/providers/Microsoft.Network/loadBalancers/ELB",
            "name": "elbprobe",
            "number_of_probes": 2,
            "port": 8008,
            "probe_threshold": 1,
            "protocol": "Tcp",
            "request_path": "",
            "timeouts": null
          },
          "sensitive_attributes": [],
          "private": "eyJlMmJmYjczMC1lY2FhLTExZTYtOGY4OC0zNDM2M2JjN2M0YzAiOnsiY3JlYXRlIjoxODAwMDAwMDAwMDAwLCJkZWxldGUiOjE4MDAwMDAwMDAwMDAsInJlYWQiOjMwMDAwMDAwMDAwMCwidXBkYXRlIjoxODAwMDAwMDAwMDAwfX0=",
          "dependencies": [
            "azurerm_lb.elb",
            "azurerm_public_ip.eipElb",
            "azurerm_resource_group.resrcGrp",
            "data.azurerm_virtual_network.vnetNgfw"
          ]
        }
      ]
    },
    {
      "mode": "managed",
      "type": "azurerm_lb_probe",
      "name": "ilbprobe",
      "provider": "provider[\"registry.terraform.io/hashicorp/azurerm\"]",
      "instances": [
        {
          "schema_version": 0,
          "attributes": {
            "id": "/subscriptions/81c335b8-c6ce-4e45-93e4-3269de5a8164/resourceGroups/lg-test/providers/Microsoft.Network/loadBalancers/ILB/probes/ilbprobe",
            "interval_in_seconds": 15,
            "load_balancer_rules": [],
            "loadbalancer_id": "/subscriptions/81c335b8-c6ce-4e45-93e4-3269de5a8164/resourceGroups/lg-test/providers/Microsoft.Network/loadBalancers/ILB",
            "name": "ilbprobe",
            "number_of_probes": 2,
            "port": 8008,
            "probe_threshold": 1,
            "protocol": "Tcp",
            "request_path": "",
            "timeouts": null
          },
          "sensitive_attributes": [],
          "private": "eyJlMmJmYjczMC1lY2FhLTExZTYtOGY4OC0zNDM2M2JjN2M0YzAiOnsiY3JlYXRlIjoxODAwMDAwMDAwMDAwLCJkZWxldGUiOjE4MDAwMDAwMDAwMDAsInJlYWQiOjMwMDAwMDAwMDAwMCwidXBkYXRlIjoxODAwMDAwMDAwMDAwfX0=",
          "dependencies": [
            "azurerm_lb.ilb",
            "azurerm_resource_group.resrcGrp",
            "azurerm_subnet.subnetFgtPort2",
            "azurerm_virtual_network.vnetNgfw",
            "data.azurerm_virtual_network.vnetNgfw"
          ]
        }
      ]
    },
    {
      "mode": "managed",
      "type": "azurerm_lb_rule",
      "name": "elbRuleVpnIke",
      "provider": "provider[\"registry.terraform.io/hashicorp/azurerm\"]",
      "instances": [
        {
          "schema_version": 0,
          "attributes": {
            "backend_address_pool_ids": [
              "/subscriptions/81c335b8-c6ce-4e45-93e4-3269de5a8164/resourceGroups/lg-test/providers/Microsoft.Network/loadBalancers/ELB/backendAddressPools/FGT-HA-Cluster"
            ],
            "backend_port": 500,
            "disable_outbound_snat": true,
            "enable_floating_ip": false,
            "enable_tcp_reset": false,
            "frontend_ip_configuration_id": "/subscriptions/81c335b8-c6ce-4e45-93e4-3269de5a8164/resourceGroups/lg-test/providers/Microsoft.Network/loadBalancers/ELB/frontendIPConfigurations/eip-elb",
            "frontend_ip_configuration_name": "eip-elb",
            "frontend_port": 500,
            "id": "/subscriptions/81c335b8-c6ce-4e45-93e4-3269de5a8164/resourceGroups/lg-test/providers/Microsoft.Network/loadBalancers/ELB/loadBalancingRules/LBRule-VPN-IKE",
            "idle_timeout_in_minutes": 4,
            "load_distribution": "Default",
            "loadbalancer_id": "/subscriptions/81c335b8-c6ce-4e45-93e4-3269de5a8164/resourceGroups/lg-test/providers/Microsoft.Network/loadBalancers/ELB",
            "name": "LBRule-VPN-IKE",
            "probe_id": "/subscriptions/81c335b8-c6ce-4e45-93e4-3269de5a8164/resourceGroups/lg-test/providers/Microsoft.Network/loadBalancers/ELB/probes/elbprobe",
            "protocol": "Udp",
            "timeouts": null
          },
          "sensitive_attributes": [],
          "private": "eyJlMmJmYjczMC1lY2FhLTExZTYtOGY4OC0zNDM2M2JjN2M0YzAiOnsiY3JlYXRlIjoxODAwMDAwMDAwMDAwLCJkZWxldGUiOjE4MDAwMDAwMDAwMDAsInJlYWQiOjMwMDAwMDAwMDAwMCwidXBkYXRlIjoxODAwMDAwMDAwMDAwfX0=",
          "dependencies": [
            "azurerm_lb.elb",
            "azurerm_lb_backend_address_pool.elbBackendAddrPool",
            "azurerm_lb_probe.elbprobe",
            "azurerm_public_ip.eipElb",
            "azurerm_resource_group.resrcGrp",
            "data.azurerm_virtual_network.vnetNgfw"
          ]
        }
      ]
    },
    {
      "mode": "managed",
      "type": "azurerm_lb_rule",
      "name": "elbRuleVpnNatt",
      "provider": "provider[\"registry.terraform.io/hashicorp/azurerm\"]",
      "instances": [
        {
          "schema_version": 0,
          "attributes": {
            "backend_address_pool_ids": [
              "/subscriptions/81c335b8-c6ce-4e45-93e4-3269de5a8164/resourceGroups/lg-test/providers/Microsoft.Network/loadBalancers/ELB/backendAddressPools/FGT-HA-Cluster"
            ],
            "backend_port": 4500,
            "disable_outbound_snat": true,
            "enable_floating_ip": false,
            "enable_tcp_reset": false,
            "frontend_ip_configuration_id": "/subscriptions/81c335b8-c6ce-4e45-93e4-3269de5a8164/resourceGroups/lg-test/providers/Microsoft.Network/loadBalancers/ELB/frontendIPConfigurations/eip-elb",
            "frontend_ip_configuration_name": "eip-elb",
            "frontend_port": 4500,
            "id": "/subscriptions/81c335b8-c6ce-4e45-93e4-3269de5a8164/resourceGroups/lg-test/providers/Microsoft.Network/loadBalancers/ELB/loadBalancingRules/LBRule-VPN-NATT",
            "idle_timeout_in_minutes": 4,
            "load_distribution": "Default",
            "loadbalancer_id": "/subscriptions/81c335b8-c6ce-4e45-93e4-3269de5a8164/resourceGroups/lg-test/providers/Microsoft.Network/loadBalancers/ELB",
            "name": "LBRule-VPN-NATT",
            "probe_id": "/subscriptions/81c335b8-c6ce-4e45-93e4-3269de5a8164/resourceGroups/lg-test/providers/Microsoft.Network/loadBalancers/ELB/probes/elbprobe",
            "protocol": "Udp",
            "timeouts": null
          },
          "sensitive_attributes": [],
          "private": "eyJlMmJmYjczMC1lY2FhLTExZTYtOGY4OC0zNDM2M2JjN2M0YzAiOnsiY3JlYXRlIjoxODAwMDAwMDAwMDAwLCJkZWxldGUiOjE4MDAwMDAwMDAwMDAsInJlYWQiOjMwMDAwMDAwMDAwMCwidXBkYXRlIjoxODAwMDAwMDAwMDAwfX0=",
          "dependencies": [
            "azurerm_lb.elb",
            "azurerm_lb_backend_address_pool.elbBackendAddrPool",
            "azurerm_lb_probe.elbprobe",
            "azurerm_public_ip.eipElb",
            "azurerm_resource_group.resrcGrp",
            "data.azurerm_virtual_network.vnetNgfw"
          ]
        }
      ]
    },
    {
      "mode": "managed",
      "type": "azurerm_lb_rule",
      "name": "ilbRulePassthrough",
      "provider": "provider[\"registry.terraform.io/hashicorp/azurerm\"]",
      "instances": [
        {
          "schema_version": 0,
          "attributes": {
            "backend_address_pool_ids": [
              "/subscriptions/81c335b8-c6ce-4e45-93e4-3269de5a8164/resourceGroups/lg-test/providers/Microsoft.Network/loadBalancers/ILB/backendAddressPools/FGT-HA-Cluster"
            ],
            "backend_port": 0,
            "disable_outbound_snat": false,
            "enable_floating_ip": false,
            "enable_tcp_reset": false,
            "frontend_ip_configuration_id": "/subscriptions/81c335b8-c6ce-4e45-93e4-3269de5a8164/resourceGroups/lg-test/providers/Microsoft.Network/loadBalancers/ILB/frontendIPConfigurations/ip-ilb",
            "frontend_ip_configuration_name": "ip-ilb",
            "frontend_port": 0,
            "id": "/subscriptions/81c335b8-c6ce-4e45-93e4-3269de5a8164/resourceGroups/lg-test/providers/Microsoft.Network/loadBalancers/ILB/loadBalancingRules/LBRule-passthrough",
            "idle_timeout_in_minutes": 4,
            "load_distribution": "Default",
            "loadbalancer_id": "/subscriptions/81c335b8-c6ce-4e45-93e4-3269de5a8164/resourceGroups/lg-test/providers/Microsoft.Network/loadBalancers/ILB",
            "name": "LBRule-passthrough",
            "probe_id": "/subscriptions/81c335b8-c6ce-4e45-93e4-3269de5a8164/resourceGroups/lg-test/providers/Microsoft.Network/loadBalancers/ILB/probes/ilbprobe",
            "protocol": "All",
            "timeouts": null
          },
          "sensitive_attributes": [],
          "private": "eyJlMmJmYjczMC1lY2FhLTExZTYtOGY4OC0zNDM2M2JjN2M0YzAiOnsiY3JlYXRlIjoxODAwMDAwMDAwMDAwLCJkZWxldGUiOjE4MDAwMDAwMDAwMDAsInJlYWQiOjMwMDAwMDAwMDAwMCwidXBkYXRlIjoxODAwMDAwMDAwMDAwfX0=",
          "dependencies": [
            "azurerm_lb.ilb",
            "azurerm_lb_backend_address_pool.ilbBackendAddrPool",
            "azurerm_lb_probe.ilbprobe",
            "azurerm_resource_group.resrcGrp",
            "azurerm_subnet.subnetFgtPort2",
            "azurerm_virtual_network.vnetNgfw",
            "data.azurerm_virtual_network.vnetNgfw"
          ]
        }
      ]
    },
    {
      "mode": "managed",
      "type": "azurerm_linux_virtual_machine",
      "name": "fgt",
      "provider": "provider[\"registry.terraform.io/hashicorp/azurerm\"]",
      "instances": [
        {
          "index_key": 0,
          "schema_version": 0,
          "attributes": {
            "additional_capabilities": [],
            "admin_password": "fortinet@123",
            "admin_ssh_key": [],
            "admin_username": "azureuser",
            "allow_extension_operations": true,
            "availability_set_id": "",
            "boot_diagnostics": [],
            "bypass_platform_safety_checks_on_user_schedule_enabled": false,
            "capacity_reservation_group_id": "",
            "computer_name": "FG-FTNT-1",
            "custom_data": "Q29udGVudC1UeXBlOiBtdWx0aXBhcnQvbWl4ZWQ7IGJvdW5kYXJ5PSI9PUFaVVJFPT0iCk1JTUUtVmVyc2lvbjogMS4wCgotLT09QVpVUkU9PQpDb250ZW50LVR5cGU6IHRleHQveC1zaGVsbHNjcmlwdDsgY2hhcnNldD0idXMtYXNjaWkiCk1JTUUtVmVyc2lvbjogMS4wCgpjb25maWcgc3lzdGVtIGdsb2JhbAogIHNldCBob3N0bmFtZSBGRy1GVE5ULTEKICBzZXQgYWRtaW4tc3BvcnQgODQ0MwogIHNldCB0aW1lem9uZSA1NQogIHNldCBhZG1pbnRpbWVvdXQgMTIwCmVuZApjb25maWcgc3lzdGVtIGludGVyZmFjZQogIGVkaXQgcG9ydDEKICAgIHNldCBhbGlhcyBXQU4KICAgIHNldCByb2xlIHdhbgogICAgc2V0IG1vZGUgZGhjcAogICAgc2V0IGFsbG93YWNjZXNzIHBpbmcgaHR0cHMgc3NoIGZnZm0gcHJvYmUtcmVzcG9uc2UKICBuZXh0CiAgZWRpdCBwb3J0MgogICAgc2V0IGFsaWFzIExBTgogICAgc2V0IHJvbGUgbGFuCiAgICBzZXQgbW9kZSBkaGNwCiAgICBzZXQgYWxsb3dhY2Nlc3MgcGluZyBodHRwcyBzc2ggZmdmbSBwcm9iZS1yZXNwb25zZQogICAgc2V0IGRlZmF1bHRndyBkaXNhYmxlCiAgbmV4dAogIGVkaXQgcG9ydDMKICAgIHNldCByb2xlIGxhbgogICAgc2V0IG1vZGUgc3RhdGljCiAgICBzZXQgaXAgMTkyLjE2OC4xMy40IDI1NS4yNTUuMjU1LjAKCiAgICBzZXQgYWxpYXMgSEEKICAgIHNldCBhbGxvd2FjY2VzcyBwaW5nCiAgICBzZXQgZGVmYXVsdGd3IGRpc2FibGUKCgpuZXh0CiAgZWRpdCBwb3J0NAoKICAgIHNldCBhbGlhcyBNR01UCiAgICBzZXQgcm9sZSB3YW4KICAgIHNldCBtb2RlIHN0YXRpYwogICAgc2V0IGlwIDE5Mi4xNjguMTQuNSAyNTUuMjU1LjI1NS4wCiAgICBzZXQgYWxsb3dhY2Nlc3MgcGluZyBodHRwcyBzc2ggZmdmbQoKCiAgbmV4dAplbmQKY29uZmlnIHJvdXRlciBzdGF0aWMKICBlZGl0IDAKICAgIHNldCBkZXZpY2UgcG9ydDEKICBuZXh0CiAgZWRpdCAwCiAgICBzZXQgZHN0IDE5Mi4xNjguMC4wLzE2CiAgICBzZXQgZ2F0ZXdheSAxOTIuMTY4LjEyLjEKICAgIHNldCBkZXZpY2UgcG9ydDIKICBuZXh0CiAgZWRpdCAwCiAgICBzZXQgZHN0IDE2OC42My4xMjkuMTYgMjU1LjI1NS4yNTUuMjU1ICAKICAgIHNldCBkZXZpY2UgcG9ydDIKICAgIHNldCBnYXRld2F5IDE5Mi4xNjguMTIuMQogIG5leHQKICBlZGl0IDAKICAgIHNldCBkc3QgMTY4LjYzLjEyOS4xNiAyNTUuMjU1LjI1NS4yNTUKICAgIHNldCBkZXZpY2UgcG9ydDEKICAgIHNldCBnYXRld2F5IDE5Mi4xNjguMTEuMQogIG5leHQKCmVuZApjb25maWcgZmlyZXdhbGwgcG9saWN5CiAgZWRpdCAwCiAgICBzZXQgbmFtZSAidG8taW50ZXJuZXQiCiAgICBzZXQgc3JjaW50ZiAicG9ydDIiCiAgICBzZXQgZHN0aW50ZiAicG9ydDEiCiAgICBzZXQgc3JjYWRkciAiYWxsIgogICAgc2V0IGRzdGFkZHIgImFsbCIKICAgIHNldCBhY3Rpb24gYWNjZXB0CiAgICBzZXQgc2NoZWR1bGUgImFsd2F5cyIKICAgIHNldCBzZXJ2aWNlICJBTEwiCiAgICBzZXQgdXRtLXN0YXR1cyBlbmFibGUKICAgIHNldCBzc2wtc3NoLXByb2ZpbGUgImNlcnRpZmljYXRlLWluc3BlY3Rpb24iCiAgICBzZXQgYXYtcHJvZmlsZSAiZGVmYXVsdCIKICAgIHNldCBpcHMtc2Vuc29yICJkZWZhdWx0IgogICAgc2V0IGFwcGxpY2F0aW9uLWxpc3QgImRlZmF1bHQiCiAgICBzZXQgbG9ndHJhZmZpYyBhbGwKICAgIHNldCBuYXQgZW5hYmxlCiAgbmV4dAplbmQKY29uZmlnIHN5c3RlbSBzZG4tY29ubmVjdG9yCiAgZWRpdCBBenVyZVNETgogICAgc2V0IHR5cGUgYXp1cmUKICBuZXh0CmVuZApjb25maWcgc3lzdGVtIHByb2JlLXJlc3BvbnNlCiAgc2V0IG1vZGUgaHR0cC1wcm9iZQogIHNldCBodHRwLXByb2JlLXZhbHVlIE9LCmVuZApjb25maWcgc3lzdGVtIGhhCiAgc2V0IGdyb3VwLW5hbWUgQWxpeXVuSEEKICBzZXQgbW9kZSBhLXAKICBzZXQgaGJkZXYgInBvcnQzIiA1MAogIHNldCBzZXNzaW9uLXBpY2t1cCBlbmFibGUKICBzZXQgc2Vzc2lvbi1waWNrdXAtY29ubmVjdGlvbmxlc3MgZW5hYmxlCiAgc2V0IGhhLW1nbXQtc3RhdHVzIGVuYWJsZQogIGNvbmZpZyBoYS1tZ210LWludGVyZmFjZXMKICAgIGVkaXQgMQoKCiAgICAgIHNldCBpbnRlcmZhY2UgInBvcnQ0IgogICAgICBzZXQgZ2F0ZXdheSAxOTIuMTY4LjE0LjEKCiAgICBuZXh0CiAgZW5kCgogIHNldCBwcmlvcml0eSAyMDAKCgogIHNldCB1bmljYXN0LWhiIGVuYWJsZQogIHNldCB1bmljYXN0LWhiLXBlZXJpcCAxOTIuMTY4LjEzLjUKZW5kCgoKLS09PUFaVVJFPT0KQ29udGVudC1UeXBlOiB0ZXh0L3BsYWluOyBjaGFyc2V0PSJ1cy1hc2NpaSIKTUlNRS1WZXJzaW9uOiAxLjAKQ29udGVudC1UcmFuc2Zlci1FbmNvZGluZzogN2JpdApDb250ZW50LURpc3Bvc2l0aW9uOiBhdHRhY2htZW50OyBmaWxlbmFtZT0ibGljZW5zZSIKCi0tLS0tQkVHSU4gRkdUIFZNIExJQ0VOU0UtLS0tLQpRQUFBQUY2MHo5cWZjOVh6MitCanVmdUZMZ0FzcXJ3L1Z2d1F1dWhqQVgxTmF2N1BRTU1xSlltQzUyTk8rKzhICk41TFZLYm5qazgrMGdmNElOdytEbTYxa05HamdHUUFBdzkrbVROV0F3TkpYRnFwRlJtcm1TS09ZcEtUemZ4ZkEKSnBSVURzTWg2N3MwM2MvaVNxQS83T1ZuWmRhQUkrVlFoWmdZOFFyd0pEYVZ6N1ltaHpYckpSbFUzQmgxUjE4cwpxU3VoVWRScUh0TTM0alhkV2lWZGFuaUhhWitDTm5qcE5mOG1ic1ZiOHg0SXBSS1E4bWVVWFJnK0Zvc2ZCR2U0CjFhQnNCMkVoRVA4anhkcGFDTUMya3g1Zk1rclZxdXV0d29qd0ljNjc3Nkk5K3N4b1pOOERjRkptVnRXaWJjWHgKeTVwY1ZxakdjVEtkNGhYM29Fd2cwMmh0UXFlNGpuSDZBY2V1TytOUjY3RkxjekFRTkgrdEFia0RJTS9TcGVYago5VldKcm5iNDJUQ0ZZOEdqWEdTT1lDM2ExSS9adVJQK282SmpWbTdZRDdOUjhUWVJrWUs1bXpDenNmcmhTOUV5CnFJSlNHV3JTSjMrOEt2WUZZSC9hK1haTzFVcTUwWDFpazVJZG9JdHBkYk5RNTBMUlJPV0xWOXNQczFRRmhqckMKYTNoZHdPRnZQMUoyNXMzTTFHeU1XYU1sTk1tck9tM2FORSs2cmlOOFZBVFZqWldWSzkxOUIwbWk4MHM0TnJLbwp4WkVyMzZaUTdsU255ZUk0d1ozMHkxcXRtVnVETHNKWjFiTWE0dEdXVVdsdUEwQ0NnSGJGT0tOT1BuaVQ1VG9zClpaR2s1dXo1bXp6OEFLNW1pTVZQeWU4KzllMzg1UnNzb3p1dzdlamJ6aXllQkwxb0NjNmwwOUtMbGFDRy9nTFoKNG9iOEhwZi8zT3dHNGhpbDBmanBXeVhFbldSUDM1YVdRVSt2VHIyNytJbVl6T0ZaRG5FSE1tK0taa016N0xleQpsMTlJZGlhMDk1ZGVEd1pqYTNxbmlRRlNOczRuYm1QVXJCdzVzY0pzbUNlREREdEFVU0FPMmFnMkJVa2xLVUpJCk85ZVR4aGxTQXloUDhjVXhXbkEyMFRhcDhDbkkxbW9USFJOUjZJZysxQXp6SnJ4ZUduNTlPa0JTM1VMMzdRTXIKT2dSWlZrdzJEckIxRnVuSzRTa2ZkbTRWWnNnRGZnMmhJamVjRW9mdU9ybnFHMHZmVW1zcUhFc2NmK3JVaU0yagpSQ2k4b2wyWEdaSnFnZGt3Lyt3Zlkya1pPbUZmMXFESVB3WS9sQldPYTZVd1Y2Ym5ML05vMFVZVFY3UGkvQkpmCkZYUjhML0l0STgreU8vMGhnMTVmeTV6K0twS0g0OXJvRkoyd3ZzWW1DNVVrZnNCaXNzTExUdG1VVHZuVU85aU8KVEN6emF2U3gvdjBZZE0xVGg1SStuZXJJVDFJK1hKeGhJc2cxL2llV1E5ME5Uc0M1R3J5REpyU00yUzNMSXlELwpZQUwxQzNIQlRiaEs5KzU2REVqMUwra3pidW5OaUI4VlNSTlYwZ1FCSWtvTjZ4NW4wYUlCVW1TY0o4aEp6S3FqCjY4S0t0UVlyOGs1U2o1THNUeC9XMjNveTRmWnNYdHhNM000VmZ1a0VVS3ZDY3ZhM1pHM1VvOWdVL2RtU3lHRWcKd3JuL0FMbkpZbWJPdDdrQnJMUTFYS2JDaFA1UlZqVEJuMW94dSs0WFgzRExScllrMzBZWjhFSkVYczc5V0tBMgpGUlMyOWc3M0ZXN1huS3k4QjJjQkt2dWFPNGxVSFVNRDlaMDFLSCtCaCtrQU1CM2xUS3BOQ0szMkpSdGROUDZ6CjZqV29TSW4zdUdkSUJIN1FKakVuRnhkYVRpUUJpcGZLUUVOTEQxQ1NYSFVoazNpVmQ4L0h6cTZBWFZ2V0wvTjgKaGJZamVJV2FRYVE3ZU5JU09wcWlqdVdteTFFRlorZnBKaFp6WU02aDFsM0VUTXNtdUZteTRSQ2NUeEZQRkNMUAo0V2ZwSG1tOVQ3ZzRhYWVSVWJJTzVmZFY0Yk9MTGpjZlZjRWVuUnpZQzJmU3gxYkZJTjNPaFF0NnRlaFJYWVhICkJSanJHcDVXNnNubFlzMnJ6d3RZcmdpaksvOTBVcnhQRzNSaUhTc0xlUXF0S1JGUkZUeGFnTHowTVI5RW5QSW8KRFlEcWY0K0hiS21wRFAzcThiYm1CeFM2UU1VWG1tRW50bFdOSWtlSTlyTWRDQS8wbUNUWjk0R1FhYnhhRW5QNworNXk2bS8zaTlGSFFPVFJKTnBmLzdFay90WkpReHdJWGZ1cGl4VEtJelJDYlRZeVpwRlZoVXM2NHVUbWRNVURoCmhBMUM1eEdlZys1NHFmeVN1aUtzOGJTMWRFTG85YUpacVQvWXRYdnVKK3plVU5qdWNYRkhtTnFyZnA2eS91REIKYnc3aTdmeTVBbi9FZ0hZOFYvVWg1ZnJ6UWNIWGFIMVhMaC9qMFFKQUhRS0Q1OHNjMVBWZVJjZFlSdFZXeHBUNApFNXZzWFZPc3ZLWjgzaGRsWEwyTi9JRENyWWJvcFMyNFVVZ2xLWjhJc21UUjc2NS82Y0lVWXQ2VVZPN05pMzNVCk96QUNjSUEzSXE2Z3NDeVBiMU5KLy9JcWNIMDRjTmN5WFdQaXJ4NnltTDU1dlJ6T0JUS01iNjJuOXhjeHYvY1QKZVNUV3cxMFJIQTVzenVCVkIrS1hpTitEK2xQN3ZFelBLNkFwRitwSkoyY3pOL1ZRZmVqSGZtbGJDb1Y0TjgvUQpEamE1SzFTd01UODZWdk5DVk5sU016YUFMYVI3ZWdrRlhyWUMrdUNDUGF2bDE0ZFFXbkZ1aURjWlVxeU1IZjJWCkVxS25NcGZrcFlLOUNiNlgwdTFJMnc3Q1FoRzFkZG43blZEV0VRa2FLYlNRWDIzdWhrbDRkMmNtMkt5VVFGOFEKZnFtZ3dvSTVRYzFzeHdkTHpwaUxZZjVGa1NWRWdWaThEU3p4MHRpc0djSmFrbzdoSTN6T1lDeW1uV3FXRERhawpXVkMrOEdLN0FtTC9iRlNwUTlDNzRJRkhUL0UxakN5Nk9RWFJaNjdTM2J5VEdsYnhUaUpuaFlnc1NMdkpqODJwClA2Y3Fmd2g2YzJ5cmx5dG9UR0t6dS90czh5bXhDNlppNWVlK2NJVG1KbGlLSVA2WXQzNHBmanRjU1BnWWJVWWQKbEhRd1RQUFdaUjNqSjVreUw4YnYzTmtHWkg5dkhVUldKa3hXQ1BmTkNFOGNxdjJwZUVWZUtMMkpOa0RZRlVCLwoxU0Q3WWY5cnQrR0RqOFgvcXNpd3ZIWlh4emVSNEN0SHM1TnF3NGFFaVVPSDNRUWtmUzljWS95US9VQ0g3OE83Cm1GZnV1d1YvZWNFMCs5VWxqUWZ1MnFtN0VHY2dUSEZmRytUTTA4Z3RkdjBONVI1em1lOWRma04vQU5ZZWJXUGUKZElvVi92eU1XUVo5ZVJndzZ0VG5Zb3hiNFpDelFrNUhma04zZ1JqL1J4RCs1L0JQUFR6RVc3MDVZSHAzWENCZwo3VWNRbytHVDRpZ3kwdFJ3MjQrTXJKSGV5bXVYYXBDQVBudStONi9Ic09BUjNrVmd5TFRtTlRId0x2RFNQczczCmdnUDVpa3pGMi84dHAwb0dLclFWdmMvb0ljT0FpZDhoY3B4dWpYb09vZVNaVWkvK1JXRjNoYjBQMWYvR29OWGgKMFoxMW1ya043MmxhNUw1TnhPQ2FvMm8ra1FUT1Rid1dKYmFRMk9iYUEvK0RvUXFQQmp0cXVxNE9KK3c4VHQ2dwp0MGFObm84MmdUQm1XQnlsRHo0cjNTcHZkUzBqWDQvVnpiUks3a3Fhd0MvL2ZEcFRVOStXUjQ1MjdCVFV2UHFsClIwU3ZtNSttYUVVbjRmL0Z3ZTE0QlFtNjdRSFFnWFZvNXRhS0tLb3VmMjBHdmYreGpneVVzWTJ5SGNKR2JlMFUKbVlwMXl2ZjZFRzArZW9pUVJrd1lyZ1FKc2dKQ3drbGl6YzQwcUNkUXBUSzZQZUNaQVZUcXZZdlR2MWJLMHBVZQpOZWk3REwrQmlTR2FabG1JS01xQkpiYUEvbVZMWnNuRGp2OE12Qkg1Z0dSMWtBbGxDaEdScUtyN0twSHlwaTF1CmRKUk8wRmRBV3V3czhtVVRoUlVHYjViOFllOW93NXhlVm55WXFqTUE1NWxYLzBtRU5CYXlLbTFHYVpTbUxqS08KOU13WHRlVytNMThlNHRnMkQwdTJEWXpFU3kya2dscUZaeHFvK250ajYwOVhFUGxtN1M5NnhPbHVOVUo1MDhWeQpwdXBYVDJzUy9Bc1k0ZU9yVGV4T1EwODJNdVpUNGRhL20vcTVORTNtVWlWNERpS3ZPUnk1bW1oZy8va1FQcGNVCmFJQUFneFg1RWIyWnVDUkRQVXZlV0tadmZNL1hyQTloaFhyWlhyYjd1SkcxVUZNcGt0Vk4vb3M1UklCMHhSZm0Kd1pYd2pJRHhVVC92MDg2SGNqbFRncjNFRXExN2dFMWhub1JLdm1sR0xYSnUwc1o4QXlwYTVXK0ZJRFV2YkIzTQpyakp2WHo0QW5zcjFrYUpOUHMxWHdmZnFwMThXL0s2Y296WmJrR1RsRS9heUlEUTdKRVIxY1ZYb0NmMWZUdjBhClRIcFBRTWVWZmlSTFZkbHlrWVY4cXU5bnRGcGNXNEsyTjQ1aCtkQ3JlZVdJUGNOdVNTcXYxMzZINmdFUWxXdGIKWGF6S2JEVnBhTWJ5Y3hjSFYzck4xMktPUVJnTEFrUHR1b29CUkJaVmtkMXdsSFRvTnVjME9VbDhxeVVIdkpSOApvMXJ1Q2hxV2VJOU5ybHlZK21xT2RodUM1YWRUR2poUllFWHZHd3VGejRCUXdsTjdZNVBLVk42QTU1dDl3UTUwCjBoTjhKUVczYk5tYnV2ZHNUNEVDVkxKSFJ5SnVHelhCaU9LQWdzT0hwTmpaKzhXM3VKU2VzZUtHeXNjTzE2eTUKaVNMSkVHWWxvWmRiQUdGem5DbFRCTU9zektHWmRKZHFXbXRPNFhRTXF4d2JzY1V3RkFPckhuOFdJZVJPVHZTSgpoUnlwcXhOeUlaUDJsN0o2NDhwa0s2cjJHNHZiNWU3ZkFVblE1Tzh1SEtzbUNSaTQxVXk2c01HcGl3NFNVRWxBCkpHblE0NlF3Q3lvT2EvcWR3R2I0K2xNQ2g2RElybDNLeDZVUElEZk5BMVF0UWJSY0dBSDB2M2I2a3pkM2k3UkgKTEszcEtVU1BvNVYvU0hQUmtkYlVNL2t0ZzhsVk9UR0sxL29COEEwdm5NY2EvSGJIY284ZS9jYUY2bVZNbkI4WgpGSnlDRTdFU0JSenU0ZUV1N2N0aFVFSDgvLzFuVm5ZQW1rZVcra2FpTDRvN1F4U0l6cWErSnkzMUhtSUMxTmE0CjdESVA3NmlJTVZUUGxRRkxDMWhWQWhvMGs5VlBHaEYyL2xMeFZxUmVUL1czUGgxV3NZUzlxZjA1MTFXQkZQWmgKckdwa0d3SFV5ZjBLSVlNNHAwZWlkSkdxYjV3bms4NTFGMnA0VTBmNzRRdG9BK1hnN1VpS21GSndNaTN3RTdkKwprLzhIZEhEMElqVlJwVkRZazh0Y3pzSUp5VkhWSVBEaXc0SElCVnJQMFdwYjJDeUdCdFo2RnBwWW84V1JYMFRFCkFhVGw3UXc3RzNjdVlKMnBHVDJDOGlYV3l6c1oyZERvbVJVNmhSQ2N4V1IwMFhmSzg2WHh6N0l6K0k1ZVlDb3gKL0UrWUI5aU9RNzFzZU1xb2IxL2l3OEhLbGtkZXpZRDY5YXFsN08xWEd2UUJPSGYrYVJyY1VaVHBWYzgxd3o5SwpKcElhbDhOb1UyY2djTHNQOSt0T0taK2lSUEtCV0hCWkNRak5naVdBclBIbC95RmljWmRsTHJ6KzFsZmFEUmtRCkJjWU5Yci9DT2xxWTJnekM2TnpIYkNVdnQ0ekc4SG04dFJ2SE9XTHkwT01mdENYaTBTZ2dIRm9xOWY4Yk15WGYKNnBiZk1BYzJ5Mlpqa3lJL091WS9IWnBaTm1aOGNPSmR6SFdjKzNSWEFOSENnUkxHQlVkNlNqVjF5czdLOWw5dwpCVzJiclhWL0U3YzRTM25TK0NnSDV4YVdwMFhzZG1XWE9TY2JhdXVnZWNJRUg1YSs3OFVXNU5LYmYrUjRacFdYClNRUUNJVENnOStPaUZKYXkvaStES3pXSGVFNGUwUCs2RVcyY3dhdGFXd093ZWhlSFoyaFVHMHRGdHVrREUzbkEKMm9mVllTV1hxS2R0RXlUR0Zjc2c1R2hQQzRrYnV4L2piM0hLd3RWZDF5a3pKajdNZTZhblZRNythNHhXQlFjWQplMTdMcUVZVnRGNHdEQXY0QTJGTGZmSUplUVZDRWRzVEk4VCtPaVlFSDVzc0ZXa2JhSXNLRXJiaUFLYUh0c2pWCjJPcnk4azdhSW1zZXNlZlJRYXdPMUJhUDlWbmp2czNxbnFDVXcxbFcxQWg2S01nVmxnd0lGa0tJRjhBUU9WYmEKUXd0TUEzdEJXRXNHSkR5TzFuVFJYa1FuMnBzUFNjS2d6K2tyUmZXWTJaeDkvS1UzMyttRithNjBFb3dZWkNocwp5bGNrZlNObDBYbkxYUDRhZzh2b3ZCblFQR1o0R0NTU1phTnJPT0hxRWtMZnEwZm1ZaUpHc2FoRVQ5RC9XRlhjCjlDekd1TFZpZVpJZXdnNFh4R3JBME5MS0Y2UHA2cTh2WGpacFVmT0Ria0NHbW0zZEVCMjBRckZRMjZGTDBrTnYKY1lEM0JkRUpBdU1OM1J4YitlMDk0SjMwRno1R1Y3NVFxQjJpa2lLYmJlVGJiN2wwZHY2RklHcEhnNDRNTWdSMApLMGk3L1B0RkR5ZnQ5eWVDMWxvM2NhSlkxckJxRkY2cjA1RXFXSzEzRzN6bDhpT2s5SXhhemg0QUFGOHlwSGNyClcrSmFlekpRNyszbHBFZi9HeXB0Nk5LeUdheUwxSjYvOFB3WUNNQzVmYTFqZWt1ZmRMcmdEa0FjR1pPT2s1SDQKVUVPcU9jUVErRVBOQmJwcDRpbThMTndxVmJNSWFrSWgzQ1p5alpBM1RvcmZEZlBkdWR6dDZaeUlZdFp6dXlxTgp2Wkc0OTViSUJGQ2JmbXFCRjBxTWd6ZnBqcWtReVFQclh6RzZLdVNHS2hJNENtdFlnZjdOMjZmVENCZFc0US80CndXTXIxckxZRkU0QnlFNTd2dklxMG1mQXo3bWswS2VWZTFxOGxEOStRVnpvRXhNeW9NRVc5b0RPMDFqb2ttOHcKSEVBTjJ6elZLR0piTGg3K3h0dHdhd2dpclZEZ2VDcWRIMkp3Q0FQSkl0RGFzc1AvQjdGQUJ3RHhDV25uTWZ0TwpwZEt2RzdLU1gzVnYvSXJINVQ4YmVWMTUyaDVVQ0ZsRmluOGNUU2x3MTJFZ0ZIb3BmTjNpR2hGWkw4dVVINHZWCk0yc3U4ZDcwNU0rd2xxWVc2enlPWkZhY3d6NGg4eVVqTUpYRXI3MEIzenlSdVlHazFWcVA3V3ozbjhXd0JvaUUKWlNTNloyakxpK1RhSzRuZDBuTkd0YmdZVWN5U2ZmckZVRENFUlJqYnh0RmZxSW43S1UzZW5XbEMxSnhWTnRtWgpIVjZOWjg0M21hSFhObTF3Q3VPU2RMUVlQSExlZjNpQmNndHV4VmVCOVhYd2FJckJNL29uKzBnZFlDRCtZcE5wCmNqU20wUFVTRDZJT2c3QlBkdi9HMDlIdkdxZ3FZVDgxR05GRVo5TUczaXNvR2Vpa21neTFpN282MWpTbmd2RkQKNG9paG04dDdrdmdyMUs2SzIrK2tScTRzOGlFSnIzYVNIS2FQV2VCL1RnOElOVHZKWnJuSEdieTZlTDdlaTBiUwpTejhseENESTNEaXdNd2ptTnFZMENVZnppLzRwQkFlZ1hIaW9VeUMyY1l6bnFaV1BiMmFqRUVnUzFvVm5mV1hVCmRrS2VDeDZLcWsxem5ZWWIrOEYzMHhra2pVSmhpUUlNM3pqVTVsdmQwZEVhREt6ZVFaWHVSbEFmK0REbStTWW8KVzlEUFJDZzMyZ282REd4TDFtUTB4T3lEanpPOFUxcFZlQnF3M0wwUkc0REhiNHg2OEwvNzl6MDE4WjkrdmZJOQoyRGZkM1cycWZDUXcyNEhmM2VpV3ZkRHo5VUV0a3Bmd21LM0d4cGYzZE54VTRJTnZVMFFKaWNJT1FtdzJCd0Y2CnhwaWc5S1pmYmhQZVI1R3lNYzkxUWlWOFZmTXNrMDlzVitxUG4xOUVWem5GcWRscFVkNHliOEUzUVBTVDJTdjYKZElwZzlrdGw2N3VkQWNORmduWDlFR2JxK1FBSGdFUzNBNW5mMFgrQ3FFK3BreVRYLzZuU0VkQituejZQQkhVeApvWmRYNHlTbXpESHdsdUhEZGZkNlV0Wk5mbUtkeXpEWkt5TElGTTBDZUV4ZHVNZ3dNU0pHRzN1OUMxM3BmWmh2CjlCR2x4VS9qRERnSTIxeVhnNHg5a2U3OG9pOHBwWjJXdUlLZ2w1WnNjRUdHUzRqTkV3NUVVaFBlQmFCSjM5QzAKZlZEZkJrMjVuTytHblpkcGg4ME53djlVQlk3dng0QUM4NVRTaDE4SUV2VUlPMGs2L3J3cTVadW9vSWI2YnZWSQpzUnVOazMvNE44ZXBLN2NUVk52bFNQZDY3SVlVWWJNdS9hd1N2R0lQNTM1cHdlYXc4L2x4VlF2VnMwOHY1OTA1CmFsaisrSjN2Z3VwU3hYVHY4eW9mTU5BM0RIQ3N6VWZMT1RPbkpyZmRKdjJWNi9XTTR0SnU3aHZRRFBYMWZXMmUKamd3ZTcxYit2eEk0M0JZWVhTOXVUdlNpZEdXcW5sdzhuVm53UWdCTWF6RUpoNzJkaTZuenlrd0Q5bWxlSUhkUwpCRE92dnk5Rk5ubkVzeUFXMkI2NG84UXF2cUZ2dW9JSVFYRnNnVVQwbWdNZjhMVnBsMkpTR0xWWUt4ZGNOK0VGCmJpWEJ2R1lMaUQvNlNFS2NlenZaQ2hpTzFHUmhyVG95S0laRzVMdmlYcFBIaVlDK0dMS2F1MGhBUVhEb3lMZDQKbDEyc1hvVE5KQzBGd0k5bW8xQjEycWJ6Ym5LTnJZYUc4dEV1d2o5VU55b01BVWlHalg5VDc4UmdsRmplZHN0UgpCaGdpeG9yd0tqZ3ZwU3JpSmtHUHpvMitaOVZiUERSRG1HR0RUYVlsQnRPMG5NeEY2NDBBOGJpaHp3aUxvcWJPCkFqSXFaclN3clFlc0NhaUFxQkdZcW8zT2xYRFUyTWtUS0l2VFF4ZWV2UnV6eTI1YXcwYjgzZlBXeEFQNDU2U1kKV0l3c0dtVGpqWjJ2UFp0K0s5MDZsUkV6Wm9qZC9EalU2RHVzc0FJTXg2V1N6cnVBWjlySzFtYnozaGVDeU5DdApuSEU5SEM3REl5U3Q4RXRwVWNlVXhHazJ4VUt1bXByYTNvMlJ1a3lQT3psOHlkYUNRMStwNkFmU1BZZll5Qm9nCkh1b3VVVU1MTlZCQk0wTStIRGxIYS9NTVpMRlhuY0xoSkVZTHZQbDRlMEhMenFJcUhQQjIzdmZmU2IzeDh6TSsKbEFsTWYrMVQ3alZYQ1RVZytqSFp6ZG9PbW5DbXhyemRXMW0xQjcvQmptem9WM2ppc1RhUmFqbXI4cjdMSlBZdgpZM3dMbU1XN0tqTWJpbmZiZnR0UFpVVi9rTlpQdlN0WEJkeDZzU2UrcTIzK2tUaEhyRkVXVjd3ODFTN0FjZXVwClc0RStxbjhac0VWZzN2V1oyK0thMzdubEcwM2pzdGtoNHBKYTdnMURGRVd0STdZaUNYWUxuV1ZyU2EydFVNaFIKMThrd21EWHppMFl5bmZOVG5uQnhwWWdPc1k4blRwL1JENngwUkNtb3lFdEFnVWlIN252dWJFdDZ4RzQ1T1Y5UwpqMmRBRmFQUk9SaG1EeWV3aHdsbTgwbDV2dEFwRmViUk0zWFBsTnRhRGVFT3d2MHhPV1FUS3lBcWd6WXNkdzNyClpkaVZNSlJIVHRHQzh3ZzRBcDRXUzdQOUQ0ZCtjQ0UyM2Q5VkFCZVc4S1dsSHk4Rm5xeWFsdGFXZDhKR1FwYk0Kd21YSVhaWG9Eam5yWTcvT0RraCtMcnIrTmFESnlaVHFmek1BL3FoQXl2SlZBbkFEMlloT3FKRUFlYnF5aEJxZwpiQjcyNmlvdzkxQVdxckJDVXlvWEx5TVFqbWpVV0R6cVV3cmNVOWJZbUdyUUozcW1PaUwrbWEvSzhyOEZSZFlOCkRoUUNvY2JCT0Iyc3BuanM0QTdiYlMxeEpNTW5zVENSUTUwNmJ4aTIrSTlXTldWeTVjZlVSVk5wT00yZFRFckQKL2thbDRjR09COW1jTVZzVG13bVBoWGZqUUxPSVdkZkFhclE5V3FCMy9rZEhDSDRkcjVLUGJPOHlPN0UzRURLWApPOCtTQVNTWDlXamlkRkZvby9Vd0NZUWRJbktKSi9JYWQ0L3RNLzZVaVpCdkJQM3NRU1JSRmlaam5sVXpyK1Y3Cmc0VEV0MXlyZytKc1RnelJyWUF0OVVaQm9DSWt4RTVacFNEelAxeGRFcTZhQThaeUlNMXQ1bWJCTlp0bW1iVTUKOHczaW55eWlZSGhvQkpGVTkzcUlvVnRtSmNsWnBrUS9MMVJ4b0gyRzVLN1N5ZGR3MUNnYUIwUm1ZSjdUUjB2eApQV01zRGdzY0pZbXBSNXU2OTd6V2tYb2hTVXRlWjByc1QzVmJkU1BLaFhrUUllTzZ0dk10cjFUWlFVQi9nZXBJCkJPOVV6T21QL0g5TmdodmZTcVowMmZyL3V2NW1GRVhEblFVZXNPMUJ3VitUb0VvZWNEYnFyL2c1ZjdsS1N5L0cKVjBwQjRxOVJlWXUrbkNsR3hiSWc0RFNmYmFmNHpSWFJLV0dLU251MGpDeG1zK1RzMmpHS2EreG1UR1FIYlFVMwpNWEQrRFIyK2NxS0haVTNTWVZrRkZBazNKTmFsMWlycDY5LzdBNW10aGVEaGRhcEEyNnYxbUlxYktNUVh4ZHdqCkVMQTNYWVR1ZmVoSW5kL3dIdkdITkg0SlEzbkp5L0xpOUplYkszNUhmUnZvVWxKd3pSRUdtSWZMWm4vaE02ZzAKNWkrZGNMVm9Qa25DNmpNTVZBYlBSaFdhUVlFYXorczBWTklTUjhpVWtBdndnU012c1lXSE50RU11dkxNbE42OAowblczQUU2clNLa2x3RWRQcjhiVVdVR1JNbVdYbElmWXhmVTZBQ3hGc3FwS2QzV2JMMy8vbUZmb3Rpb2dzUEM0CmkzTFFEcDlXSEFZWWZWY1RFb2laMjYxY0FxcHYzSlMxNDdNRjk4UHNybU41M3dtZTlaakZqZE9oTlpBTEEvVSsKM1VscXhJNVdvU29SZ2Uxdlg2M3IwQ2ZGQ3BlSGlHMS9aZCtyTEs4eDlEdmpOL3RSZHVwVG9ndVFLbHlyRWJHTgplS05XQ244anJUYytWWHFrU2NvWmJJUkhCRFNpR3RHTzlOdmc2Sm1JUUU1clpKMFkrNnZHQmJlMGUvMkg3RmNMClQ0MFZIMjZ1U3FPaHA2dlRKNE5ZOThhT2NRY0VaZ1ZxL2JscUJsU1RMaXZ4SGVjemJEQ1RtM3p3WWZjRkU0R3AKV3JHOE9EZkpmUjVvZE42Y1FSM0NKQ2Y5MGREdnVqdkFFK0tiNHFUZ0tjYkRnU3JrZi9kbHhjejU4VStwS05WQgpkNGxXL1lzbXpoM3dJMTYwdTIwSStIOFhLdjNsdTh0elNFaWx4ZXR2RVpOay83Ryt6VWZUVlNXb3dGVDhGME1vCjYrYUhkb0pxVmZGZXVTTXJuemQ5M1UzRXhTc2U2dVBMCi0tLS0tRU5EIEZHVCBWTSBMSUNFTlNFLS0tLS0KCgoKLS09PUFaVVJFPT0tLQo=",
            "dedicated_host_group_id": "",
            "dedicated_host_id": "",
            "disable_password_authentication": false,
            "edge_zone": "",
            "encryption_at_host_enabled": false,
            "eviction_policy": "",
            "extensions_time_budget": "PT1H30M",
            "gallery_application": [],
            "id": "/subscriptions/81c335b8-c6ce-4e45-93e4-3269de5a8164/resourceGroups/lg-test/providers/Microsoft.Compute/virtualMachines/FG-FTNT-1",
            "identity": [],
            "license_type": "",
            "location": "chinanorth2",
            "max_bid_price": -1,
            "name": "FG-FTNT-1",
            "network_interface_ids": [
              "/subscriptions/81c335b8-c6ce-4e45-93e4-3269de5a8164/resourceGroups/lg-test/providers/Microsoft.Network/networkInterfaces/eni-port1-fgt1",
              "/subscriptions/81c335b8-c6ce-4e45-93e4-3269de5a8164/resourceGroups/lg-test/providers/Microsoft.Network/networkInterfaces/eni-port2-fgt1",
              "/subscriptions/81c335b8-c6ce-4e45-93e4-3269de5a8164/resourceGroups/lg-test/providers/Microsoft.Network/networkInterfaces/eni-port3-fgt1",
              "/subscriptions/81c335b8-c6ce-4e45-93e4-3269de5a8164/resourceGroups/lg-test/providers/Microsoft.Network/networkInterfaces/eni-port4-fgt1"
            ],
            "os_disk": [
              {
                "caching": "ReadWrite",
                "diff_disk_settings": [],
                "disk_encryption_set_id": "",
                "disk_size_gb": 2,
                "name": "FG-FTNT-1-OSDisk",
                "secure_vm_disk_encryption_set_id": "",
                "security_encryption_type": "",
                "storage_account_type": "StandardSSD_LRS",
                "write_accelerator_enabled": false
              }
            ],
            "patch_assessment_mode": "ImageDefault",
            "patch_mode": "ImageDefault",
            "plan": [],
            "platform_fault_domain": -1,
            "priority": "Regular",
            "private_ip_address": "192.168.11.5",
            "private_ip_addresses": [
              "192.168.11.5",
              "192.168.12.6",
              "192.168.13.4",
              "192.168.14.5"
            ],
            "provision_vm_agent": true,
            "proximity_placement_group_id": "",
            "public_ip_address": "52.131.73.142",
            "public_ip_addresses": [
              "52.131.73.142"
            ],
            "reboot_setting": "",
            "resource_group_name": "lg-test",
            "secret": [],
            "secure_boot_enabled": false,
            "size": "Standard_F4s",
            "source_image_id": "",
            "source_image_reference": [
              {
                "offer": "fortinet_fortigate-vm_v7_0",
                "publisher": "fortinet-cn",
                "sku": "fortinet_fg-vm_7_0",
                "version": "7.0.9"
              }
            ],
            "tags": {
              "Project": "fgtvm-ha",
              "Terraform": "true"
            },
            "termination_notification": null,
            "timeouts": null,
            "user_data": "",
            "virtual_machine_id": "f6e95b9e-3e8a-42a5-a9f0-b626dc56c620",
            "virtual_machine_scale_set_id": "",
            "vtpm_enabled": false,
            "zone": ""
          },
          "sensitive_attributes": [],
          "private": "eyJlMmJmYjczMC1lY2FhLTExZTYtOGY4OC0zNDM2M2JjN2M0YzAiOnsiY3JlYXRlIjoyNzAwMDAwMDAwMDAwLCJkZWxldGUiOjI3MDAwMDAwMDAwMDAsInJlYWQiOjMwMDAwMDAwMDAwMCwidXBkYXRlIjoyNzAwMDAwMDAwMDAwfX0=",
          "dependencies": [
            "azurerm_network_interface.eniFgtPort1",
            "azurerm_network_interface.eniFgtPort2",
            "azurerm_network_interface.eniFgtPort3",
            "azurerm_network_interface.eniFgtPort4",
            "azurerm_public_ip.eipFgtMgmt",
            "azurerm_resource_group.resrcGrp",
            "azurerm_subnet.subnetFgtPort1",
            "azurerm_subnet.subnetFgtPort2",
            "azurerm_subnet.subnetFgtPort3",
            "azurerm_subnet.subnetFgtPort4",
            "azurerm_virtual_network.vnetNgfw",
            "data.azurerm_network_interface.eniFgtPort3",
            "data.azurerm_network_interface.eniFgtPort4",
            "data.azurerm_virtual_network.vnetNgfw"
          ]
        },
        {
          "index_key": 1,
          "schema_version": 0,
          "attributes": {
            "additional_capabilities": [],
            "admin_password": "fortinet@123",
            "admin_ssh_key": [],
            "admin_username": "azureuser",
            "allow_extension_operations": true,
            "availability_set_id": "",
            "boot_diagnostics": [],
            "bypass_platform_safety_checks_on_user_schedule_enabled": false,
            "capacity_reservation_group_id": "",
            "computer_name": "FG-FTNT-2",
            "custom_data": "Q29udGVudC1UeXBlOiBtdWx0aXBhcnQvbWl4ZWQ7IGJvdW5kYXJ5PSI9PUFaVVJFPT0iCk1JTUUtVmVyc2lvbjogMS4wCgotLT09QVpVUkU9PQpDb250ZW50LVR5cGU6IHRleHQveC1zaGVsbHNjcmlwdDsgY2hhcnNldD0idXMtYXNjaWkiCk1JTUUtVmVyc2lvbjogMS4wCgpjb25maWcgc3lzdGVtIGdsb2JhbAogIHNldCBob3N0bmFtZSBGRy1GVE5ULTIKICBzZXQgYWRtaW4tc3BvcnQgODQ0MwogIHNldCB0aW1lem9uZSA1NQogIHNldCBhZG1pbnRpbWVvdXQgMTIwCmVuZApjb25maWcgc3lzdGVtIGludGVyZmFjZQogIGVkaXQgcG9ydDEKICAgIHNldCBhbGlhcyBXQU4KICAgIHNldCByb2xlIHdhbgogICAgc2V0IG1vZGUgZGhjcAogICAgc2V0IGFsbG93YWNjZXNzIHBpbmcgaHR0cHMgc3NoIGZnZm0gcHJvYmUtcmVzcG9uc2UKICBuZXh0CiAgZWRpdCBwb3J0MgogICAgc2V0IGFsaWFzIExBTgogICAgc2V0IHJvbGUgbGFuCiAgICBzZXQgbW9kZSBkaGNwCiAgICBzZXQgYWxsb3dhY2Nlc3MgcGluZyBodHRwcyBzc2ggZmdmbSBwcm9iZS1yZXNwb25zZQogICAgc2V0IGRlZmF1bHRndyBkaXNhYmxlCiAgbmV4dAogIGVkaXQgcG9ydDMKICAgIHNldCByb2xlIGxhbgogICAgc2V0IG1vZGUgc3RhdGljCiAgICBzZXQgaXAgMTkyLjE2OC4xMy41IDI1NS4yNTUuMjU1LjAKCiAgICBzZXQgYWxpYXMgSEEKICAgIHNldCBhbGxvd2FjY2VzcyBwaW5nCiAgICBzZXQgZGVmYXVsdGd3IGRpc2FibGUKCgpuZXh0CiAgZWRpdCBwb3J0NAoKICAgIHNldCBhbGlhcyBNR01UCiAgICBzZXQgcm9sZSB3YW4KICAgIHNldCBtb2RlIHN0YXRpYwogICAgc2V0IGlwIDE5Mi4xNjguMTQuNCAyNTUuMjU1LjI1NS4wCiAgICBzZXQgYWxsb3dhY2Nlc3MgcGluZyBodHRwcyBzc2ggZmdmbQoKCiAgbmV4dAplbmQKY29uZmlnIHJvdXRlciBzdGF0aWMKICBlZGl0IDAKICAgIHNldCBkZXZpY2UgcG9ydDEKICBuZXh0CiAgZWRpdCAwCiAgICBzZXQgZHN0IDE5Mi4xNjguMC4wLzE2CiAgICBzZXQgZ2F0ZXdheSAxOTIuMTY4LjEyLjEKICAgIHNldCBkZXZpY2UgcG9ydDIKICBuZXh0CiAgZWRpdCAwCiAgICBzZXQgZHN0IDE2OC42My4xMjkuMTYgMjU1LjI1NS4yNTUuMjU1ICAKICAgIHNldCBkZXZpY2UgcG9ydDIKICAgIHNldCBnYXRld2F5IDE5Mi4xNjguMTIuMQogIG5leHQKICBlZGl0IDAKICAgIHNldCBkc3QgMTY4LjYzLjEyOS4xNiAyNTUuMjU1LjI1NS4yNTUKICAgIHNldCBkZXZpY2UgcG9ydDEKICAgIHNldCBnYXRld2F5IDE5Mi4xNjguMTEuMQogIG5leHQKCmVuZApjb25maWcgZmlyZXdhbGwgcG9saWN5CiAgZWRpdCAwCiAgICBzZXQgbmFtZSAidG8taW50ZXJuZXQiCiAgICBzZXQgc3JjaW50ZiAicG9ydDIiCiAgICBzZXQgZHN0aW50ZiAicG9ydDEiCiAgICBzZXQgc3JjYWRkciAiYWxsIgogICAgc2V0IGRzdGFkZHIgImFsbCIKICAgIHNldCBhY3Rpb24gYWNjZXB0CiAgICBzZXQgc2NoZWR1bGUgImFsd2F5cyIKICAgIHNldCBzZXJ2aWNlICJBTEwiCiAgICBzZXQgdXRtLXN0YXR1cyBlbmFibGUKICAgIHNldCBzc2wtc3NoLXByb2ZpbGUgImNlcnRpZmljYXRlLWluc3BlY3Rpb24iCiAgICBzZXQgYXYtcHJvZmlsZSAiZGVmYXVsdCIKICAgIHNldCBpcHMtc2Vuc29yICJkZWZhdWx0IgogICAgc2V0IGFwcGxpY2F0aW9uLWxpc3QgImRlZmF1bHQiCiAgICBzZXQgbG9ndHJhZmZpYyBhbGwKICAgIHNldCBuYXQgZW5hYmxlCiAgbmV4dAplbmQKY29uZmlnIHN5c3RlbSBzZG4tY29ubmVjdG9yCiAgZWRpdCBBenVyZVNETgogICAgc2V0IHR5cGUgYXp1cmUKICBuZXh0CmVuZApjb25maWcgc3lzdGVtIHByb2JlLXJlc3BvbnNlCiAgc2V0IG1vZGUgaHR0cC1wcm9iZQogIHNldCBodHRwLXByb2JlLXZhbHVlIE9LCmVuZApjb25maWcgc3lzdGVtIGhhCiAgc2V0IGdyb3VwLW5hbWUgQWxpeXVuSEEKICBzZXQgbW9kZSBhLXAKICBzZXQgaGJkZXYgInBvcnQzIiA1MAogIHNldCBzZXNzaW9uLXBpY2t1cCBlbmFibGUKICBzZXQgc2Vzc2lvbi1waWNrdXAtY29ubmVjdGlvbmxlc3MgZW5hYmxlCiAgc2V0IGhhLW1nbXQtc3RhdHVzIGVuYWJsZQogIGNvbmZpZyBoYS1tZ210LWludGVyZmFjZXMKICAgIGVkaXQgMQoKCiAgICAgIHNldCBpbnRlcmZhY2UgInBvcnQ0IgogICAgICBzZXQgZ2F0ZXdheSAxOTIuMTY4LjE0LjEKCiAgICBuZXh0CiAgZW5kCgoKICBzZXQgcHJpb3JpdHkgMTAwCgogIHNldCB1bmljYXN0LWhiIGVuYWJsZQogIHNldCB1bmljYXN0LWhiLXBlZXJpcCAxOTIuMTY4LjEzLjQKZW5kCgoKLS09PUFaVVJFPT0KQ29udGVudC1UeXBlOiB0ZXh0L3BsYWluOyBjaGFyc2V0PSJ1cy1hc2NpaSIKTUlNRS1WZXJzaW9uOiAxLjAKQ29udGVudC1UcmFuc2Zlci1FbmNvZGluZzogN2JpdApDb250ZW50LURpc3Bvc2l0aW9uOiBhdHRhY2htZW50OyBmaWxlbmFtZT0ibGljZW5zZSIKCi0tLS0tQkVHSU4gRkdUIFZNIExJQ0VOU0UtLS0tLQpRQUFBQUwxeml1SDJQa0tiRmtITnVGaHJzd3gxZjBlMWdTTGRkVmhFaFY5ZHhmSThac0xCeTExcGVHVjFRdHRKCkVQaTVzRG9IQnlDd1NyR2ZyR3d1eGtzN3V6emdHUUFBRlAxTmZoQmVUZ0pEUndKOW5Fb1ZudXIweDZUV0N1OTIKNnUxaGtXbDF4VzUyb3E0MXlnNy9GR0NoNWdxR3ZOM2tuSmYzcG93UWluaExrZEhJNXVDZ2t0S0JuS0dQa1RhMwpVRjNkRWIyVTBOR3hQZ3RPajNHK0xWK0g4R0dNRDdtbWpZUjA3eUVOYzdYRW1VcUMxTVBpN0s4Wlp1YzE5c0pMCjN0MGdiWE43KzRoajZqd2oyTHhGNkdkVHR4bDZtamg1MXd0aVBQOVZOemJOZkVuNVd4UHVFazRhcVBsYVpTU0sKRkNOR0NhbVdEZ0FxSS9aNlNEVXl0U3VENVQwREMzR0pwWE5lWUpZbXA5ZFhYYURxRWxwQ0lHL0Q2N0RqWmNPRwpFcFNBR3BZQjNmMjRjbHA2THQvNkgybTM5Yzd0YnVjYmR2ZisxemZHVk5uUFI1Uy9sZUZpc3A0eWVMU2svMUtDCituc0owendqbVpwL21DSU9sV3VYOEhjcS96ZWVLTDdMdnRhN1FxeEwyK1JOR1QvM1pTd2ZjNy85cFE1STlERVgKYjRSNFZDZysybEtKU3cxRDlQUDluSE8wTzdtVjZ2cWUwZGl6MlI4LzJNTjRtL3VZRnRlU3QrRHZlTWhrL1NmMgpCZHQ1RmdseHJSa2xNamM3MUhaeVg2N0NpbkRoR1hCR1YvQktDd2c1MnJhSkpUMVVweGVOQmN1eFBWV09MQTJqCkI2ZE5hOCtmbUpuMXB6TWY3dkJ5WVQrbkdQNlFIZFNyTlJpMW9rcEIwVTFqYTdFSEVCQTMyYkhRV2l4YUhLT0YKa1ZCczBFRGFiclpyQVQyZ0dsdjFORFhJSFlKdS8rQUlPYVFteC9DTk5aL1ZRMDNUbEJmSHhHUC9rVk5ObUk2bgpnRC9semlid1E0RWtQSk41bGRPcW5DaFlZdTVNM3VSNllXaGw0emZhVUlqbnJGNytLRGN5TlJuM29HODhyWUxSCnRCcjhyZG1ZUmMwWXRvTDIwSlN4NVRENVBUaktEelFNemQ1Y0c2SUs2U2l6VllhL2EwWE5QYUVHdkZBOWkxQnUKTzVxY0MydHppT2pSRzR6Rjc0M1RjTXpGU0dYSXVhdVd1czdqVy9nKzZrQ1VqcEFkcWJxUk80aE42VHhhSjRRTwpEdzhHeDgrSEF4dWJCNUVJUHJMM2Z3dWwzUS9aS3RJbHVYOStnbUk4YUVqS0o0YU9hY2M2SURIRnAyQXpBV01UClZLSk9BeU82OTVlYVY1bFhMNncxNUlKZm40dGJmMnRXMlFTUTNRVzFlWU5QYS80d2JQdXVqcjNZRk1aYXkxMXkKVHBMSERsUzl3WEE5YXhKazFyRzcxVllmS2taRU0ySE13RloweEFyc2RhQmYwbnZMc29Oa1NJQXluNU5rTDgxNApzWmpYLy95blI4NWx2UmRPWnF1U1lzTnpiNG1reUxJVTJWZzI5aysxVCtpNUN0MUYrMjNmbmNVVUkyMEswWlA2Ckhsd0JtOFd0STA2SFhDYmlya21XSmtBTkdHS3dlekRwTjVhN3o5UDVsZkxFWHRXYzlZQTNjSFRadDIzbFpXeUMKOHZxMkxnZG1yOWR2OEg1bkR4NmlkVlVzUVZiWWh1VUNJQ3BGeDJUWm5tVlRsQ1hqYlg3SlRWV3hFUy82U2dMegpnQTNLQnBIaTFjdUdNNCtkVGpTS3Znc2lrTmkvVFVEYUZHV1hiZTVqeHU1VTdOK21neWE3b2NRY09idmZMUXBMCi9NYkQ5UGJNYUNBQXV5djRDMVpHb2pNcXV0aHhBcnRmQ1QveXZPVFJoS1EyWFlLcXFTTnFQWndKMjBhUjl2dEEKbWx3eFFHUmd1WWNCMU5pajdCNGlhYWxzaGRVTFRzUEpidFlzU3pESUlRQ3k2Z0xnV1pnZVFLeUxYKzNjbkF3Swp1WjRRWXhib25rL2dFUVFQeWdjdnA3dUoraFJObnJpcTN1SnhZYlVST2FlbGd3Lys2SlBhVUo0SC9TK2NZQUFqCnZ6emE5NlNQMGpBemE1RWY5OFVEb1I0TnFoR1EyOExxSVBjY3RqYWVJeE9obnlQcjJhRS9wWlFrdXJybHBzbVAKYTlxSnY1bENNWklMeWNLN0RTcndmWVFSMW5XMmRnNHZZRjJFQWN4aWZ0MENOcmUwZkFHRjRsbTU2cUZycVZoVQpMRkZmTEZsUTZOZEh1Z2NxV3QvZU1jKzA3bGF5SEVqSUgxcFBsSjRtWEphTU1ZY1dsejB3TExBM0JuWk04ei9vCnpHR2JoWlNYMkFZV2lOOTF3ZEVWbUsycXRtQ3Z6NEZ3RTYrTWhSQkZpakhBOHVDWU84Qlk2RE5MRmhwdlNCdUYKRytpS0ZNZ2ZaL1g4WnpDRTloZFV5NGtKSG54ZmlzbklBZXRWejc0Yno2YzZxdzZWeldYa1Nma0FYL2dwZU1Iago4bXkwZ3l1bzVKd25oR0h5K2RDMFF2TmRJeUtHQ2ZhNlJnSXkrSFVTcVFPdHpRL0E0ZWlCek5WZlZYQ05xcFVqClZ3NTJkN3BZKzQwNnM2TzdUaE9TcnhzVzBNeG1aSllreExKSDc4MFFDUnNlbzhRaGZKQjIrdzlrYUJSUElwM3IKRnZQY2kydWNHK0RGWTUreEREdGFYdURqTDZ2Q0k3ZkhJNHA2bHcwdmFoTnRrT0o3d0sxbWZ0RTNUTTNmNHFZSAp2bk5teEo3STE5VzRlMXF5eXJjSVlEUklPUGd3dml4VldlaGVCc0E5dWtHdk1MRTN1NUVlVk1mK0pUTDYzQ2hEClNjTmFtYkZudWVJc2x2cDB6NENwbUJGbWlUWFI5OUd0eWdjdUc4WUFWZWQxM1F6RDBVbkRKbnVxNFBHV094cEYKaEZKdkVSTDh0MUdOaGFlTS9KMFloUDZMQXlIVEdKeFdzeThicGpDNUx1UUsrN0dwdFJaS3p1OFRkOGczWkw3Rgo5VDZzRlIranYrcGI3czY1WjZSNlE0OTFadVk3dGkwWjhRd0NIb3QrbXVnS1RCTlhIOGhFbHRxVXczdnlnYzhoCmNIbGkxWXpGaTdMUVhnamFQRWpOY2pLOTFvQmNyMHIxYkRid291aUQ3dE5WRkVjdnlValZURjlYZXhUNU9pK0cKRitaMDYrMHlRa1grK1kyZU9CZy8vQ1k3SnVQQ0Jpa2VVNlVaa1ZRRjQyMDlxWHdKVm9IU0VQVUllMjdrNk0wNQpzaFhEc3ZRMEZQNnBJdEl2Wmk5NnRSQ25xdzhuOHY2RGdWTnB6RmNxRjBaTzJhRUFwTmdRemNObGNwMDZPa1JPClUvK1M0U0tOTHh6dkNMR3JXcklSY3BBeFFxOWl6VW9GWTB4UURkZkpsZDM1aWlaRDcxcDJSQ0p4eVdtVm1aVnIKQUF1QmVNYnNqWnAxRUZKZWwyTnJkamJoL0Rwek81cnVtc1UyTG1yTytJY3dtRzFiSTB3djBka2MzYU0zWnZ1WQpUSUlHbURvMkIzZ1orOGxQWnBaUnhsa3pUU2RoNFRjK2x5d25DQUhKZmRxRW4wNUpVL1Z4UGRCYnV2WTFWTG5oCndWdzk0TG5PQWFNaWlzSyt5NHBBZDdUYWU0TUc1NzZvbVMyUE5INmpGOVFCZE82NVFZbERDY1lGbGczbTlLWjQKc0VXMjhyYUxOeEtZUHVGRXptMkRiNHpwUEsvUm5NTTdGL3BaclNpcTdmaHRmMkhvY0NiQ0I2eG5DdUxTQjZaLwpCb1VjQTVrTGlMeHl0alBuODdoK3dsZ1hGT3dEYjJ5b1ZDUHF2aW5qU0w2SUo0OGcxVEJnSmNlNG5jZFdqblVQCmRyenIxb2JwdWJjQWYzam8ySE42RXVUelRvZDRyTUpJUmFVQW9NMzNmdnFUbE05bWVQNVlUeWJBYnRMMTlDaXQKRTQ3eWVtc3FCN1VGNFlKaUpadnhvTmpkdll6Q0hnK3F3bnZDazJVOXhROWlUNHpmMDJyRmIwWUJaM25tUVFrMQo4TTQweEhFUFh4am1tblY4MHNYQ0E3OGZQVUxadnZYNlBGaSsvbURIb1dRTUdZUjE1ZFg4TTF4LytZV0tDT29BCjVORVZaUk1IL1Fmc0lBeHE2OVpHZ2M1VXF1ZDc2MFREa1dTNklHTFZnVlRhcjhsQWxpVFFSVnc2dzVKZ2k2Mk4KWDZMYUk3NDllR0hHRXR2TFRQVVhaRFhzcU0zODdsWnF1TVdFRTVMTk52TG1tOUpXc2lsMklJZThKWDF2WVFDZwppbWJmY1hwclVYS1hIWWJvMjZyUXlZRW1JeUF2WjZDanFLaTBqbGp6aVo1VG4zWEs2eS9taDE4ZUptNndjU1dKCml5NWlkSlhXS3ZxMGpjczR2NVN3TC9YRTNPSW5QcStnOGJDWWdGR1ZtRXc4VWROUVd2SWhvVTJvS0h0UmRuS3AKTFFqeGtVNUpobHowV1VSWkJpM24zMmZBdWpvUFYrNTFnOTRNKzIyYjRINjA0UGdpN3ZVVHFIQUNSNXRzOU9uawphckJPQmN3cXROYW1rVVUycGRHa3BtODY1OUhSem5qNDNFWUlWcmJNSmxobTNTaUU1bW9sblpSb3pKYzNsY015CmlqbXpuSUhTOUo5a3hiSlM5Z21xTEduRERDYlFWTFNsMFpVUm5Sckxsa2pvQjRHQ3Z3ZHVrR3BJZFA2dDE4TUQKSEQ5a05WbStyYXRpekRBQ0dYL0FjKzl2NEo0NTdnUzkvOEkwWEFxU3R6QlVDUndFUzExZDA2Q2lyc01TTXFIMQpDSWd1V2dkOGNpdGd4WFZnWUNBNEU3bGRNV3A1Nk5IL2JnWE5pZWRBYXVLTXprcm55ZE5KT2dUakdQM1dCanNVCm81Zkl0YWVIQzM3OU9ia2poUzd1emR3VzZWdmFSNUtKaWxrZDhWUHhEZDcrTXBZZmxqbXZKR3Z1RzdoVStvN0sKdHNQT3I0cjg5MEt3elFOZVdVcXFhclpQVFk5L0haQXkwektid2VoWTd1OFpQcXJJRUUxNnVHMDNGb1BJYkVvVgpOVTFsYWlOQW96RENCNENyWXQxaFcrZHFMd1dLTnpWbnliZmFDTW5lVUk5SGEzcFJuUDQzckl2c0xIT3dwNHZ4CmJJK1JidGxFQW1RMXBMSk9NckFMUk5WUHB4eVRsTmE5YVBXVzY2UWxzcHhVZlZGREV3SHJabS80VHNvWXZIYUcKVkRxclBmODdZZjZ2L0ZySDhnaEc2MFc4cFMzT1hoaDV4dnc0OFN2QlFPczdJUG1id2pJZUJLZk8zazNwTnh4SAovMnBBOERZQVRnSGNncUJZcjlsWWZpYk52RlcyNkVGNXI4Rkp5aGEwZWdPSVRmZUMzRXJUak5zVzFrOUZ1SFExClZNcVgzdStRNUtYc2cwR0lrSXlrMHl0eHkzVTdySGU2RVZtSU1xN2FyNlFSRW9wWndTclYwZWpHTERZNlNxc3kKR2NVYVZLVXc1VGptU29ZTkE5WngxWFd1RFpSaXkyM0RycHlkMVl5S3NSQzhwa000Zk9LV1VHQzcyVmRlVjJuUAo3UkkzUFN0dHppbzBoMTB1YTFMR3BQcHpUTWVGZ25TSko5ZWZEUGVlaUs0WmdQRzZ1OU0zaEVjdENnc1JuV3YzCktKdEV5bStCNzhHNFVMMkczSVd5YVlKdlZQdnY5YlYwei8zb0N6bHJLMm53YlRYc3JFSFdpSHZyZDJuV1l2d3IKOEJUQk1xWjBLMTRMUy9yVUJHQ3dSME8ramMvNGkvTGVCMm1TWmVWUzRPamp3OW5BM2RqNllQbXh6VEZQY0VmbgpHaGIrOFAxdE44MUFFTW8rU3NmRnRGVHZlSnRqZlYvangxdXoxNnRYMmsrOHp4MzJwKzdmazJ3REpJRktrR1VSCkNGeVNCZ0xVSTRIOFFITTdhdHVjNGJNUVZDK1M0ak9rR0tWNC9MUEl0NFhuY1pIYWN3czRzemRoNFhJeGhWWDIKVFA3MHQrRktXSmwzM0c5cXFEdnQySENWVVNEb1dtV01sLzEzeEJ5THVkSVZzRVlIWFpKbUNRdisySGtEaFo3VwpDemJvMTdwMjZGdUlOK2M4RG1qbytPZHZ6aEFpTm5CdHlFL3ZLSm13aHJZRkI4THRoTmw5U2FUUUpBeVM0dCt6CnVrOHg2eW93TUdKVy85VWtrL01wZjFadHVhSmp6M2FLQVhHYUg5Y0s0djFmVjNqd2V1Ynp0V3M2K3hLR2JDWWIKRFZzdUcva3NLejhGVTd1bjlSc3dNZ2Rad1FibXVLZ2xhd1QvbC8zYjIvRzYwQm05alJKaVQ4SFRWMUNvdHIvRwo1SjVqaFMvQWpzVDVYbkdHMGFoazQ0RUdVNk9QcU5iOUhpSXBlSDgxL1ZGVHVvOGhqek55dHVad011OE9mT0VjCnErSDJQK3NxODJBSDhoQ2pnR0RnLzJ3U3dyUVpZZkVvczJuUStpTUVwNUIzMER1WWF6SGFkRGpTNWFMbWZBNnAKeERUc1hlN05KWXc2UVZWZVdWQ3VVdHhSWGJtUG1JK2ZMWm83eUEvdEM4RjA2UEoyRmE1OWphOUtMQ0Q1bExYVApOdlZka3lBbjhuVVJkcFN5REhQNFRsR0NMUGNTQzBMeVlKUWtzcTVEM3RHbzNlemJHV3dTUjhRa2lBWVU1ekM0CkxiTGJoMTNYbTdpbUNtUWFkaWE0YUt3d2ZCaXJjYVBrWXMrYldmSFlSQWYrNG1WYWxlQlg2cmFLdm1HMTMvZmIKcHhRcEJlcGFOY2VHUHIyVHdRektwazBTK0czN2N1RVZZZFpmRW4xdnN2NmRIR0QzRDhtME1wSWdpanQ1UXNwWgp3QzZUOURGalR5ZWNDdmRKMTBwQ29SN0JRZGdDczFWUjNmRHBLaVFlL0pTcjFucVBhU1hDZFF3SUxweFVsT2NoCjY0TmtTN1gxZTJYMThhcUxJbXZmTjdSb0NjNjlEeEhpaXlmd0RKWVg2aVgybGtzYXhDQnl3NXBHRytkcSs0cUUKeDZnZHZGZVYrZEZJeDFGdy8vQ284UTVxVmRCcm5TLytzT3Q0SE1CNDAyYmVBSCtQNlRTazZSSmJjbUV3TjdLaAp2Wmp2c2RwTjhPdW93NkxNQ0NGMzkzTTcweHIyM2pZVXExWTdhZVRzTTFvaXd5Y2ZmMXFXd0hHSlBVL2tmeUIwCm9uaXk0SVpQL010U3UxMXJZQ0dFWW4xejMxL2Y3Q3VyRkhONmlhK0ZYVytXT2o0dm9HbTVvQ29Tby9scWwyWlMKZnBXMzVNaERxdUFWS0NXVkkrNnhMSjNoc3hNZVlNL3JZTTVja0tsRWNyRWtTWllWL01IN2Q1RkxranYwMjNrdgpsb3U5TEg0NHB2RzZVWW91UHd1NVFMOGp6bklXOXJUVExIeVdGbzNiWUNOUTduMHpiaUhWNFN0UFhYYTBuMm1oCnhCU3pDNmpzb2NxZ3lsaWd0bGloODd5WmNWQW02djFFelA5bExrd2FwZHRMVnJxM2s5YUN6ekVibGJmYUpxRlAKTnVDVUZQZ2tHM0FxSmlmWUV4YmxMNlVkS3dqa0M0Q25ES25GTldNY1FRY2EyZkd5ZDM5SFRmeXZYMTU3MWxNMgpwTFZZSy95VE5DMmN0S2p1Yk5WeHJod0RWbzhkbUJBMEdNTWRxSkNSaTQwN21lNWNnTUVsYVRBb2dZTmwzYnZQCmxJaU5tVnRYazVXZmdVQ3Q5bjVKK0FxLzg2YjhaMmZ3aWorK2ZWTDF2dGlpaS9jZ0N6eElncVdqdnJySlJaOTcKS1h3M2xFUUxST1NtalF3VXhjUjNoSnlLU3BtcGs2RmhVbUVmanZrTjdlY1RVUmRrY0drRnhvU1Q5WXA1MzhtYQppUXhyalRRQkZ0QWJrcEJOUHJtdGhPM0hPMjFMRk5iK1EzeUJEOVNEelBqYWdaYTBXWmJ1c0hkSmhCN1NoVjdVCitSdUxrN04ySDdFZG5RTnJuWWxFVmpieFpOM2pneFk2bjZ4bUhDQjdCSW1OV2YrdHV1MS9pVmhnNW44cDQrU1YKUVFacUgvSlM5bU9FejhHWUdNVERBWWhTeUJVUThFMlVvNThqWjVOdVZRZ2lVcklzUk53d0ozOG43WEZoNFYybApPNysvWEVUL2NGV040QXJYNXR4bXZWTVdaY3pDUEtnQWdzS1lka1BSbE1haHpBSndCNCtzb2VVT1BWYWRSaVFECnpUWVdibjBhVEM4QnVkUWxOUHJiVUxOQ2w2bFJyV1F3YlJBZDFRUk5odmlOclMzMGJmQ1FDdjlFaVF3MGZMWjkKdWhyZjhITDNRU09VY3dKS0JpQ1RyWGhQS3RPOXdMd2dzU1h0S0tRVEJFejBMby9Bc09xcStnUDFLTHZMenIwZwpaUjMvU3FLQXZmaXh1SnV2U0pBb0poT3Vvc1Q1V3FWc0xWcWJPNG0yakJhZjRmeWgwRndwOVJaU1YwWk56bFM3CkUreDFHOEdqbTJqMnQ0MkNxdFVCOElYTUFHUWF6Z2krMysvNjM1WGdrTWhRa0ZwVkFMdHdsOFozUjMyMzFlZ2cKbGVVS1U5dEVDVy9TSkUvSmVFRStIZS9nTTlUVFpvakp2S3hPOG9NTGVxb3lrOXVmRVB0b1ppR09wK2E5bDE1QgpWQ2d3L3FELzJpRm1YNk5RTGI5UTBLUEVxRlNpZnRtTXFIQUFQTkptNzJad3B1WWh0bk9TTGF4TkFWc1ovUTNoCjBKUXN5Q2FybTRVSU80cDRQMmdqT3FBaUh0bGFBb3RmMEg3TlMxSW1maE5MWHRQVjVIWVZOZEQzVDhsWHVmTFEKc252NEpWZDQyM0ZvSTJITGhOQnlYU09lQmg4M2VYMTdWOGhFOFFHRG9EOFFSdlQ0dEVYcHdxNHQweitmRmRnRwpDOVBRYlkzM0pSZGh4Z3FHUllWK3IxMEhTV0FIMGFKNTlGVG83U01VY3EwUlBpUkYvdDVSd0cwQjR1dlNVRVQxCk9tRHhGdFVWL2tmcjJ3dEh5RGZqc3d2M21jNGlYVWtZY0w5RkxKazRTUVpnWjE2TlFWS1EwOUd5M0ZwbjJVeDcKSGdpT3NvSG1mMFJyKzBXd3VVTSsyUGFsZEtnc1lOYTEveHhnamJodlBIdWlQWFpUa0VldXhnaVVkM0p0dnNYOQp2M1FJUVhaRmFFY3VtTTBXWG5KSFJrWkpNcHhSTC9NOVlzemhLdkgxNGdWYUFJMGFnWGpIeUx6WHZGNE90V0JFCk1GZmQ1M1FsdFR5MEZxU3dEcUlNZFpTUFp2VjhkaHVCcHRiYTlMbUd4WFVPdlJzUTJUMi9GdkxJTThBcmRBMFEKVDBUSGxjUXQzbjVjVUIwMlNQemtNOUYyNDQ3V29aRWw5bTlrYU8wRTZpdzVsSEtmWFZTTmVSbjFIOVZlUFpvNApxSzNLL3VQYVc1Z09wbWhyKzNReUlCL1BGR0FURW9xWGFjUDRBT3lGajJ1RGpweUtUNEJRL1R4Wk5nYXRpQkREClVod3c4NEovSm1UK1BlNk9ZL21qNEhmN3B4Yjl2WE5PRlYxZzBHSUF2Z3VtWldpN3FrdFdPcE96WGk3bktoRjEKVDErZDlVM1NPR2VGTlNGUTBHeExYS2VLQXl4SzNFQXVFK3NXc2duWXB2ZWR5YStpYmxhSVhsaWRNTmpTYXEyRQpOQ2h1QndiZTRyOG55eVBJKzk4Yk16TnJDZWlnNytESExxeEdpYVFLcGlJeWFNa1hnMy9OQU5IWXI5VmtEYVBKClBFOWlKWExMVDRnbmlGUkRwWkZZTUFiY1pzZDE3Q2hyZ1ZpMWlveTRQbDFQbDJYbWVuMmR1V3QxODVmUzVxd3YKZUxMZ3FsUC9vK3NMTmt5VDN1OUhqeHc5bHoyb2loY0daSS9kNG9SdVlWQ0tiLzc5NVRRTDFsVmo5bk1wT3B5YwpsQiszU2JlY2h4Ym84ZGV0YTdvalI3Vnp1R0xkMW5jdFpRT253SU5Jc2pJNnJaR3BwcHF2WGoxRmtuc3VXVHcvCkRreDFxc25DM0M1U2JKOVVPakVxdmlMZTh4YmwxN0REOUZobkNKYTVONUR4NU44QVVwclpIeFBWSThpT3hwSmEKejdRUTFYZE5OeFJnTFNhWWtJWSsvWm80TzBMK1J1OFhFZkIzTERKNFJJbGt6djZ5YXFIdzBtWU5lRk15SHpRUgo3ZnhaODhqV0hlTDhteVJodTQ4NytkQWdrUTN1bHFzUHExT2hkdm5zM1liZlZqUVJXYzRUaC8vSUV5dVNadHd5ClVXdzlNUmFnMGE5dTMxSWo0bDNyWkcyWXZwdm9CdWNRYjVEUnlkNEo3cG92Q0xqM1hEVmU5aVlzWURTRVFyN2gKQlA4QThDUHJJUWh2SEhsSnhlS1RldWRxZURSYldISmNFY1R3M0ZBQ3plU1l4c21BS2JIQjZlbEFaalQyQWpoZgo0WEJWeHIvblQrcU1yeW40YXRxWml1amlIUURZTGFHcVUrcVE4MS9CQ2NxVm9xcVE5c0QyVC83YVkrSG51ZFRXClMwdUZzOUcrNHFrTDR2RC9VVTUwMmZ5emhLQ2ZDSzROUmRlemVSYjBwVCtBR3FYeitwaHVxZnpzN3Y0eVF0a0sKbmxYMTNqOXhmWUphV3VzRDBHS1ZPTm5laDZBdWVaUGdMTExnaVpvdjFsSjhqeTN1Q3FWbnkrY3Q4bHIvRGtORwoyOFlKeU5MQWVDUVVvbDRRVno0dy9QaWE4SmZhWGhHanNQUG5hWCtqOU9lR0FwMXMvemhMazV5Y0NmYnNNdGQwClVPanZXMW8raS9BV0hUeTZIeHpiTDJZQ2pZNGc0QURha0pKVVRJeDdBYTB4c1c3ZjZlN1VHZ3VpOHYxUk1iVlkKYWFDTTNDNzhhUk1nTFJYeUpwdGhFUlRlRVBwdENnWUxhUkRjTWdkSUpQQ1djVm9TT1VSbThHcjRxTXlMQndoTQoxa2g5K1R6dEppOUNPeUFPOVBLN1QxRkNXMTdmV2RLMzQrRFc0UHk2UFRhbUxRS09PSUk2YVNnR2NsWndvQ1Q0CmxkN3RVbUxPWFRqdkhHZ0xReHJwNFdlZ3FPMFZNbXhNSWtGVTVzcXRvTGl4dDBhWGJHOG16UlNHVWpneS9WNDcKMkkrbiszSGh6R2FmQzUwS2xxVGF3UWVtd3pTWmZJZForK2pDV0g2bDFBdE1VVDJwSUpOcHpqVUJkR1FiQndiYgo0cVdLWTZWUDMxQmhKRTdlRkNwYkFxOHVXWDR1Mk5TZDBTbkFGRGpZcnVjN2ptdDlVeW1Kb1hiWmpQamVocndnCllxVWxHWmZGUW9WQjh1UHJTZ2hnVzFHeFNpUnVJd1hnbXZRakFRR1Jvckx6REJqVlJteThEbEhUUXExamxFRDYKR1ArUFZYdzlPSHJ4WGxyYUZrQlU2TmR1aWVBZ052VVlTWVUwc0xnNitQUHpBblpqRmsydXZ4RDc1bVdBS1Urcwp4c2NJN3JUZGdBRWxaMEdxMFlDN0RJdVpSeGFrMXVUenp4Sy8zMVZmL2dJa0w5Vlk0NkpRNzMrdWtaT0hINEZZCkEweFRlSXk4NG5MelRGYXM0NjVjSEpLN2xBYlZXcWdqdWVHTGtHWVdTLzJrTTByWUdWS0pNb0E0eVkvc0FqaXUKbVlHazJDck9BaXA2VEF5N2FHZFVKNzgvVXVYT2UxakdyUytteGgrT3Y0bGNtWDF4K3RFMmpmS3ZiWEo0Q1JMOApObXpuRzVyWU9DT3BubDl3cWY4NGltaVdsUUZYNEtCOXBVUHg0SzFJY3ZHcGwxWnk1Y2ZKQkZjRGR2d2loQnRZCkE1WGtrVDF2cktFVFZOTTlOY0laRWg2a3h1d2NtRkl3Ci0tLS0tRU5EIEZHVCBWTSBMSUNFTlNFLS0tLS0KCgoKLS09PUFaVVJFPT0tLQo=",
            "dedicated_host_group_id": "",
            "dedicated_host_id": "",
            "disable_password_authentication": false,
            "edge_zone": "",
            "encryption_at_host_enabled": false,
            "eviction_policy": "",
            "extensions_time_budget": "PT1H30M",
            "gallery_application": [],
            "id": "/subscriptions/81c335b8-c6ce-4e45-93e4-3269de5a8164/resourceGroups/lg-test/providers/Microsoft.Compute/virtualMachines/FG-FTNT-2",
            "identity": [],
            "license_type": "",
            "location": "chinanorth2",
            "max_bid_price": -1,
            "name": "FG-FTNT-2",
            "network_interface_ids": [
              "/subscriptions/81c335b8-c6ce-4e45-93e4-3269de5a8164/resourceGroups/lg-test/providers/Microsoft.Network/networkInterfaces/eni-port1-fgt2",
              "/subscriptions/81c335b8-c6ce-4e45-93e4-3269de5a8164/resourceGroups/lg-test/providers/Microsoft.Network/networkInterfaces/eni-port2-fgt2",
              "/subscriptions/81c335b8-c6ce-4e45-93e4-3269de5a8164/resourceGroups/lg-test/providers/Microsoft.Network/networkInterfaces/eni-port3-fgt2",
              "/subscriptions/81c335b8-c6ce-4e45-93e4-3269de5a8164/resourceGroups/lg-test/providers/Microsoft.Network/networkInterfaces/eni-port4-fgt2"
            ],
            "os_disk": [
              {
                "caching": "ReadWrite",
                "diff_disk_settings": [],
                "disk_encryption_set_id": "",
                "disk_size_gb": 2,
                "name": "FG-FTNT-2-OSDisk",
                "secure_vm_disk_encryption_set_id": "",
                "security_encryption_type": "",
                "storage_account_type": "StandardSSD_LRS",
                "write_accelerator_enabled": false
              }
            ],
            "patch_assessment_mode": "ImageDefault",
            "patch_mode": "ImageDefault",
            "plan": [],
            "platform_fault_domain": -1,
            "priority": "Regular",
            "private_ip_address": "192.168.11.4",
            "private_ip_addresses": [
              "192.168.11.4",
              "192.168.12.5",
              "192.168.13.5",
              "192.168.14.4"
            ],
            "provision_vm_agent": true,
            "proximity_placement_group_id": "",
            "public_ip_address": "52.130.144.112",
            "public_ip_addresses": [
              "52.130.144.112"
            ],
            "reboot_setting": "",
            "resource_group_name": "lg-test",
            "secret": [],
            "secure_boot_enabled": false,
            "size": "Standard_F4s",
            "source_image_id": "",
            "source_image_reference": [
              {
                "offer": "fortinet_fortigate-vm_v7_0",
                "publisher": "fortinet-cn",
                "sku": "fortinet_fg-vm_7_0",
                "version": "7.0.9"
              }
            ],
            "tags": {
              "Project": "fgtvm-ha",
              "Terraform": "true"
            },
            "termination_notification": null,
            "timeouts": null,
            "user_data": "",
            "virtual_machine_id": "c1a219ff-f341-4f3f-9b4e-0b7f090c72b8",
            "virtual_machine_scale_set_id": "",
            "vtpm_enabled": false,
            "zone": ""
          },
          "sensitive_attributes": [],
          "private": "eyJlMmJmYjczMC1lY2FhLTExZTYtOGY4OC0zNDM2M2JjN2M0YzAiOnsiY3JlYXRlIjoyNzAwMDAwMDAwMDAwLCJkZWxldGUiOjI3MDAwMDAwMDAwMDAsInJlYWQiOjMwMDAwMDAwMDAwMCwidXBkYXRlIjoyNzAwMDAwMDAwMDAwfX0=",
          "dependencies": [
            "azurerm_network_interface.eniFgtPort1",
            "azurerm_network_interface.eniFgtPort2",
            "azurerm_network_interface.eniFgtPort3",
            "azurerm_network_interface.eniFgtPort4",
            "azurerm_public_ip.eipFgtMgmt",
            "azurerm_resource_group.resrcGrp",
            "azurerm_subnet.subnetFgtPort1",
            "azurerm_subnet.subnetFgtPort2",
            "azurerm_subnet.subnetFgtPort3",
            "azurerm_subnet.subnetFgtPort4",
            "azurerm_virtual_network.vnetNgfw",
            "data.azurerm_network_interface.eniFgtPort3",
            "data.azurerm_network_interface.eniFgtPort4",
            "data.azurerm_virtual_network.vnetNgfw"
          ]
        }
      ]
    },
    {
      "mode": "managed",
      "type": "azurerm_managed_disk",
      "name": "dataDiskFgt",
      "provider": "provider[\"registry.terraform.io/hashicorp/azurerm\"]",
      "instances": [
        {
          "index_key": 0,
          "schema_version": 1,
          "attributes": {
            "create_option": "Empty",
            "disk_access_id": "",
            "disk_encryption_set_id": "",
            "disk_iops_read_only": 0,
            "disk_iops_read_write": 500,
            "disk_mbps_read_only": 0,
            "disk_mbps_read_write": 60,
            "disk_size_gb": 32,
            "edge_zone": "",
            "encryption_settings": [],
            "gallery_image_reference_id": "",
            "hyper_v_generation": "",
            "id": "/subscriptions/81c335b8-c6ce-4e45-93e4-3269de5a8164/resourceGroups/lg-test/providers/Microsoft.Compute/disks/FG-FTNT-1-DataDisk",
            "image_reference_id": "",
            "location": "chinanorth2",
            "logical_sector_size": null,
            "max_shares": 0,
            "name": "FG-FTNT-1-DataDisk",
            "network_access_policy": null,
            "on_demand_bursting_enabled": false,
            "optimized_frequent_attach_enabled": false,
            "os_type": "",
            "performance_plus_enabled": false,
            "public_network_access_enabled": true,
            "resource_group_name": "lg-test",
            "secure_vm_disk_encryption_set_id": "",
            "security_type": "",
            "source_resource_id": "",
            "source_uri": "",
            "storage_account_id": "",
            "storage_account_type": "StandardSSD_LRS",
            "tags": {
              "Project": "fgtvm-ha",
              "Terraform": "true"
            },
            "tier": "",
            "timeouts": null,
            "trusted_launch_enabled": false,
            "upload_size_bytes": 0,
            "zone": ""
          },
          "sensitive_attributes": [],
          "private": "eyJlMmJmYjczMC1lY2FhLTExZTYtOGY4OC0zNDM2M2JjN2M0YzAiOnsiY3JlYXRlIjoxODAwMDAwMDAwMDAwLCJkZWxldGUiOjE4MDAwMDAwMDAwMDAsInJlYWQiOjMwMDAwMDAwMDAwMCwidXBkYXRlIjoxODAwMDAwMDAwMDAwfSwic2NoZW1hX3ZlcnNpb24iOiIxIn0=",
          "dependencies": [
            "azurerm_resource_group.resrcGrp",
            "data.azurerm_virtual_network.vnetNgfw"
          ]
        },
        {
          "index_key": 1,
          "schema_version": 1,
          "attributes": {
            "create_option": "Empty",
            "disk_access_id": "",
            "disk_encryption_set_id": "",
            "disk_iops_read_only": 0,
            "disk_iops_read_write": 500,
            "disk_mbps_read_only": 0,
            "disk_mbps_read_write": 60,
            "disk_size_gb": 32,
            "edge_zone": "",
            "encryption_settings": [],
            "gallery_image_reference_id": "",
            "hyper_v_generation": "",
            "id": "/subscriptions/81c335b8-c6ce-4e45-93e4-3269de5a8164/resourceGroups/lg-test/providers/Microsoft.Compute/disks/FG-FTNT-2-DataDisk",
            "image_reference_id": "",
            "location": "chinanorth2",
            "logical_sector_size": null,
            "max_shares": 0,
            "name": "FG-FTNT-2-DataDisk",
            "network_access_policy": null,
            "on_demand_bursting_enabled": false,
            "optimized_frequent_attach_enabled": false,
            "os_type": "",
            "performance_plus_enabled": false,
            "public_network_access_enabled": true,
            "resource_group_name": "lg-test",
            "secure_vm_disk_encryption_set_id": "",
            "security_type": "",
            "source_resource_id": "",
            "source_uri": "",
            "storage_account_id": "",
            "storage_account_type": "StandardSSD_LRS",
            "tags": {
              "Project": "fgtvm-ha",
              "Terraform": "true"
            },
            "tier": "",
            "timeouts": null,
            "trusted_launch_enabled": false,
            "upload_size_bytes": 0,
            "zone": ""
          },
          "sensitive_attributes": [],
          "private": "eyJlMmJmYjczMC1lY2FhLTExZTYtOGY4OC0zNDM2M2JjN2M0YzAiOnsiY3JlYXRlIjoxODAwMDAwMDAwMDAwLCJkZWxldGUiOjE4MDAwMDAwMDAwMDAsInJlYWQiOjMwMDAwMDAwMDAwMCwidXBkYXRlIjoxODAwMDAwMDAwMDAwfSwic2NoZW1hX3ZlcnNpb24iOiIxIn0=",
          "dependencies": [
            "azurerm_resource_group.resrcGrp",
            "data.azurerm_virtual_network.vnetNgfw"
          ]
        }
      ]
    },
    {
      "mode": "managed",
      "type": "azurerm_network_interface",
      "name": "eniFgtPort1",
      "provider": "provider[\"registry.terraform.io/hashicorp/azurerm\"]",
      "instances": [
        {
          "index_key": 0,
          "schema_version": 0,
          "attributes": {
            "applied_dns_servers": [],
            "auxiliary_mode": "",
            "auxiliary_sku": "",
            "dns_servers": [],
            "edge_zone": "",
            "enable_accelerated_networking": false,
            "enable_ip_forwarding": false,
            "id": "/subscriptions/81c335b8-c6ce-4e45-93e4-3269de5a8164/resourceGroups/lg-test/providers/Microsoft.Network/networkInterfaces/eni-port1-fgt1",
            "internal_dns_name_label": "",
            "internal_domain_name_suffix": "y3ylevtff3tuxjrr4i30rt2k1c.cx.internal.chinacloudapp.cn",
            "ip_configuration": [
              {
                "gateway_load_balancer_frontend_ip_configuration_id": "",
                "name": "ip-port1-fgt1",
                "primary": true,
                "private_ip_address": "192.168.11.5",
                "private_ip_address_allocation": "Dynamic",
                "private_ip_address_version": "IPv4",
                "public_ip_address_id": "",
                "subnet_id": "/subscriptions/81c335b8-c6ce-4e45-93e4-3269de5a8164/resourceGroups/lg-test/providers/Microsoft.Network/virtualNetworks/VNET-NGFW/subnets/subnet-fgt-port1"
              }
            ],
            "location": "chinanorth2",
            "mac_address": "",
            "name": "eni-port1-fgt1",
            "private_ip_address": "192.168.11.5",
            "private_ip_addresses": [
              "192.168.11.5"
            ],
            "resource_group_name": "lg-test",
            "tags": {
              "Project": "fgtvm-ha",
              "Terraform": "true"
            },
            "timeouts": null,
            "virtual_machine_id": ""
          },
          "sensitive_attributes": [],
          "private": "eyJlMmJmYjczMC1lY2FhLTExZTYtOGY4OC0zNDM2M2JjN2M0YzAiOnsiY3JlYXRlIjoxODAwMDAwMDAwMDAwLCJkZWxldGUiOjE4MDAwMDAwMDAwMDAsInJlYWQiOjMwMDAwMDAwMDAwMCwidXBkYXRlIjoxODAwMDAwMDAwMDAwfX0=",
          "dependencies": [
            "azurerm_resource_group.resrcGrp",
            "azurerm_subnet.subnetFgtPort1",
            "azurerm_virtual_network.vnetNgfw",
            "data.azurerm_virtual_network.vnetNgfw"
          ]
        },
        {
          "index_key": 1,
          "schema_version": 0,
          "attributes": {
            "applied_dns_servers": [],
            "auxiliary_mode": "",
            "auxiliary_sku": "",
            "dns_servers": [],
            "edge_zone": "",
            "enable_accelerated_networking": false,
            "enable_ip_forwarding": false,
            "id": "/subscriptions/81c335b8-c6ce-4e45-93e4-3269de5a8164/resourceGroups/lg-test/providers/Microsoft.Network/networkInterfaces/eni-port1-fgt2",
            "internal_dns_name_label": "",
            "internal_domain_name_suffix": "y3ylevtff3tuxjrr4i30rt2k1c.cx.internal.chinacloudapp.cn",
            "ip_configuration": [
              {
                "gateway_load_balancer_frontend_ip_configuration_id": "",
                "name": "ip-port1-fgt2",
                "primary": true,
                "private_ip_address": "192.168.11.4",
                "private_ip_address_allocation": "Dynamic",
                "private_ip_address_version": "IPv4",
                "public_ip_address_id": "",
                "subnet_id": "/subscriptions/81c335b8-c6ce-4e45-93e4-3269de5a8164/resourceGroups/lg-test/providers/Microsoft.Network/virtualNetworks/VNET-NGFW/subnets/subnet-fgt-port1"
              }
            ],
            "location": "chinanorth2",
            "mac_address": "",
            "name": "eni-port1-fgt2",
            "private_ip_address": "192.168.11.4",
            "private_ip_addresses": [
              "192.168.11.4"
            ],
            "resource_group_name": "lg-test",
            "tags": {
              "Project": "fgtvm-ha",
              "Terraform": "true"
            },
            "timeouts": null,
            "virtual_machine_id": ""
          },
          "sensitive_attributes": [],
          "private": "eyJlMmJmYjczMC1lY2FhLTExZTYtOGY4OC0zNDM2M2JjN2M0YzAiOnsiY3JlYXRlIjoxODAwMDAwMDAwMDAwLCJkZWxldGUiOjE4MDAwMDAwMDAwMDAsInJlYWQiOjMwMDAwMDAwMDAwMCwidXBkYXRlIjoxODAwMDAwMDAwMDAwfX0=",
          "dependencies": [
            "azurerm_resource_group.resrcGrp",
            "azurerm_subnet.subnetFgtPort1",
            "azurerm_virtual_network.vnetNgfw",
            "data.azurerm_virtual_network.vnetNgfw"
          ]
        }
      ]
    },
    {
      "mode": "managed",
      "type": "azurerm_network_interface",
      "name": "eniFgtPort2",
      "provider": "provider[\"registry.terraform.io/hashicorp/azurerm\"]",
      "instances": [
        {
          "index_key": 0,
          "schema_version": 0,
          "attributes": {
            "applied_dns_servers": [],
            "auxiliary_mode": "",
            "auxiliary_sku": "",
            "dns_servers": [],
            "edge_zone": "",
            "enable_accelerated_networking": false,
            "enable_ip_forwarding": true,
            "id": "/subscriptions/81c335b8-c6ce-4e45-93e4-3269de5a8164/resourceGroups/lg-test/providers/Microsoft.Network/networkInterfaces/eni-port2-fgt1",
            "internal_dns_name_label": "",
            "internal_domain_name_suffix": "y3ylevtff3tuxjrr4i30rt2k1c.cx.internal.chinacloudapp.cn",
            "ip_configuration": [
              {
                "gateway_load_balancer_frontend_ip_configuration_id": "",
                "name": "ip-port2-fgt1",
                "primary": true,
                "private_ip_address": "192.168.12.6",
                "private_ip_address_allocation": "Dynamic",
                "private_ip_address_version": "IPv4",
                "public_ip_address_id": "",
                "subnet_id": "/subscriptions/81c335b8-c6ce-4e45-93e4-3269de5a8164/resourceGroups/lg-test/providers/Microsoft.Network/virtualNetworks/VNET-NGFW/subnets/subnet-fgt-port2"
              }
            ],
            "location": "chinanorth2",
            "mac_address": "",
            "name": "eni-port2-fgt1",
            "private_ip_address": "192.168.12.6",
            "private_ip_addresses": [
              "192.168.12.6"
            ],
            "resource_group_name": "lg-test",
            "tags": {
              "Project": "fgtvm-ha",
              "Terraform": "true"
            },
            "timeouts": null,
            "virtual_machine_id": ""
          },
          "sensitive_attributes": [],
          "private": "eyJlMmJmYjczMC1lY2FhLTExZTYtOGY4OC0zNDM2M2JjN2M0YzAiOnsiY3JlYXRlIjoxODAwMDAwMDAwMDAwLCJkZWxldGUiOjE4MDAwMDAwMDAwMDAsInJlYWQiOjMwMDAwMDAwMDAwMCwidXBkYXRlIjoxODAwMDAwMDAwMDAwfX0=",
          "dependencies": [
            "azurerm_resource_group.resrcGrp",
            "azurerm_subnet.subnetFgtPort2",
            "azurerm_virtual_network.vnetNgfw",
            "data.azurerm_virtual_network.vnetNgfw"
          ]
        },
        {
          "index_key": 1,
          "schema_version": 0,
          "attributes": {
            "applied_dns_servers": [],
            "auxiliary_mode": "",
            "auxiliary_sku": "",
            "dns_servers": [],
            "edge_zone": "",
            "enable_accelerated_networking": false,
            "enable_ip_forwarding": true,
            "id": "/subscriptions/81c335b8-c6ce-4e45-93e4-3269de5a8164/resourceGroups/lg-test/providers/Microsoft.Network/networkInterfaces/eni-port2-fgt2",
            "internal_dns_name_label": "",
            "internal_domain_name_suffix": "y3ylevtff3tuxjrr4i30rt2k1c.cx.internal.chinacloudapp.cn",
            "ip_configuration": [
              {
                "gateway_load_balancer_frontend_ip_configuration_id": "",
                "name": "ip-port2-fgt2",
                "primary": true,
                "private_ip_address": "192.168.12.5",
                "private_ip_address_allocation": "Dynamic",
                "private_ip_address_version": "IPv4",
                "public_ip_address_id": "",
                "subnet_id": "/subscriptions/81c335b8-c6ce-4e45-93e4-3269de5a8164/resourceGroups/lg-test/providers/Microsoft.Network/virtualNetworks/VNET-NGFW/subnets/subnet-fgt-port2"
              }
            ],
            "location": "chinanorth2",
            "mac_address": "",
            "name": "eni-port2-fgt2",
            "private_ip_address": "192.168.12.5",
            "private_ip_addresses": [
              "192.168.12.5"
            ],
            "resource_group_name": "lg-test",
            "tags": {
              "Project": "fgtvm-ha",
              "Terraform": "true"
            },
            "timeouts": null,
            "virtual_machine_id": ""
          },
          "sensitive_attributes": [],
          "private": "eyJlMmJmYjczMC1lY2FhLTExZTYtOGY4OC0zNDM2M2JjN2M0YzAiOnsiY3JlYXRlIjoxODAwMDAwMDAwMDAwLCJkZWxldGUiOjE4MDAwMDAwMDAwMDAsInJlYWQiOjMwMDAwMDAwMDAwMCwidXBkYXRlIjoxODAwMDAwMDAwMDAwfX0=",
          "dependencies": [
            "azurerm_resource_group.resrcGrp",
            "azurerm_subnet.subnetFgtPort2",
            "azurerm_virtual_network.vnetNgfw",
            "data.azurerm_virtual_network.vnetNgfw"
          ]
        }
      ]
    },
    {
      "mode": "managed",
      "type": "azurerm_network_interface",
      "name": "eniFgtPort3",
      "provider": "provider[\"registry.terraform.io/hashicorp/azurerm\"]",
      "instances": [
        {
          "index_key": 0,
          "schema_version": 0,
          "attributes": {
            "applied_dns_servers": [],
            "auxiliary_mode": "",
            "auxiliary_sku": "",
            "dns_servers": [],
            "edge_zone": "",
            "enable_accelerated_networking": false,
            "enable_ip_forwarding": false,
            "id": "/subscriptions/81c335b8-c6ce-4e45-93e4-3269de5a8164/resourceGroups/lg-test/providers/Microsoft.Network/networkInterfaces/eni-port3-fgt1",
            "internal_dns_name_label": "",
            "internal_domain_name_suffix": "y3ylevtff3tuxjrr4i30rt2k1c.cx.internal.chinacloudapp.cn",
            "ip_configuration": [
              {
                "gateway_load_balancer_frontend_ip_configuration_id": "",
                "name": "ip-port3-fgt1",
                "primary": true,
                "private_ip_address": "192.168.13.4",
                "private_ip_address_allocation": "Dynamic",
                "private_ip_address_version": "IPv4",
                "public_ip_address_id": "",
                "subnet_id": "/subscriptions/81c335b8-c6ce-4e45-93e4-3269de5a8164/resourceGroups/lg-test/providers/Microsoft.Network/virtualNetworks/VNET-NGFW/subnets/subnet-fgt-port3"
              }
            ],
            "location": "chinanorth2",
            "mac_address": "",
            "name": "eni-port3-fgt1",
            "private_ip_address": "192.168.13.4",
            "private_ip_addresses": [
              "192.168.13.4"
            ],
            "resource_group_name": "lg-test",
            "tags": {
              "Project": "fgtvm-ha",
              "Terraform": "true"
            },
            "timeouts": null,
            "virtual_machine_id": ""
          },
          "sensitive_attributes": [],
          "private": "eyJlMmJmYjczMC1lY2FhLTExZTYtOGY4OC0zNDM2M2JjN2M0YzAiOnsiY3JlYXRlIjoxODAwMDAwMDAwMDAwLCJkZWxldGUiOjE4MDAwMDAwMDAwMDAsInJlYWQiOjMwMDAwMDAwMDAwMCwidXBkYXRlIjoxODAwMDAwMDAwMDAwfX0=",
          "dependencies": [
            "azurerm_public_ip.eipFgtMgmt",
            "azurerm_resource_group.resrcGrp",
            "azurerm_subnet.subnetFgtPort3",
            "azurerm_virtual_network.vnetNgfw",
            "data.azurerm_virtual_network.vnetNgfw"
          ]
        },
        {
          "index_key": 1,
          "schema_version": 0,
          "attributes": {
            "applied_dns_servers": [],
            "auxiliary_mode": "",
            "auxiliary_sku": "",
            "dns_servers": [],
            "edge_zone": "",
            "enable_accelerated_networking": false,
            "enable_ip_forwarding": false,
            "id": "/subscriptions/81c335b8-c6ce-4e45-93e4-3269de5a8164/resourceGroups/lg-test/providers/Microsoft.Network/networkInterfaces/eni-port3-fgt2",
            "internal_dns_name_label": "",
            "internal_domain_name_suffix": "y3ylevtff3tuxjrr4i30rt2k1c.cx.internal.chinacloudapp.cn",
            "ip_configuration": [
              {
                "gateway_load_balancer_frontend_ip_configuration_id": "",
                "name": "ip-port3-fgt2",
                "primary": true,
                "private_ip_address": "192.168.13.5",
                "private_ip_address_allocation": "Dynamic",
                "private_ip_address_version": "IPv4",
                "public_ip_address_id": "",
                "subnet_id": "/subscriptions/81c335b8-c6ce-4e45-93e4-3269de5a8164/resourceGroups/lg-test/providers/Microsoft.Network/virtualNetworks/VNET-NGFW/subnets/subnet-fgt-port3"
              }
            ],
            "location": "chinanorth2",
            "mac_address": "",
            "name": "eni-port3-fgt2",
            "private_ip_address": "192.168.13.5",
            "private_ip_addresses": [
              "192.168.13.5"
            ],
            "resource_group_name": "lg-test",
            "tags": {
              "Project": "fgtvm-ha",
              "Terraform": "true"
            },
            "timeouts": null,
            "virtual_machine_id": ""
          },
          "sensitive_attributes": [],
          "private": "eyJlMmJmYjczMC1lY2FhLTExZTYtOGY4OC0zNDM2M2JjN2M0YzAiOnsiY3JlYXRlIjoxODAwMDAwMDAwMDAwLCJkZWxldGUiOjE4MDAwMDAwMDAwMDAsInJlYWQiOjMwMDAwMDAwMDAwMCwidXBkYXRlIjoxODAwMDAwMDAwMDAwfX0=",
          "dependencies": [
            "azurerm_public_ip.eipFgtMgmt",
            "azurerm_resource_group.resrcGrp",
            "azurerm_subnet.subnetFgtPort3",
            "azurerm_virtual_network.vnetNgfw",
            "data.azurerm_virtual_network.vnetNgfw"
          ]
        }
      ]
    },
    {
      "mode": "managed",
      "type": "azurerm_network_interface",
      "name": "eniFgtPort4",
      "provider": "provider[\"registry.terraform.io/hashicorp/azurerm\"]",
      "instances": [
        {
          "index_key": 0,
          "schema_version": 0,
          "attributes": {
            "applied_dns_servers": [],
            "auxiliary_mode": "",
            "auxiliary_sku": "",
            "dns_servers": [],
            "edge_zone": "",
            "enable_accelerated_networking": false,
            "enable_ip_forwarding": false,
            "id": "/subscriptions/81c335b8-c6ce-4e45-93e4-3269de5a8164/resourceGroups/lg-test/providers/Microsoft.Network/networkInterfaces/eni-port4-fgt1",
            "internal_dns_name_label": "",
            "internal_domain_name_suffix": "y3ylevtff3tuxjrr4i30rt2k1c.cx.internal.chinacloudapp.cn",
            "ip_configuration": [
              {
                "gateway_load_balancer_frontend_ip_configuration_id": "",
                "name": "ip-port4-fgt1",
                "primary": true,
                "private_ip_address": "192.168.14.5",
                "private_ip_address_allocation": "Dynamic",
                "private_ip_address_version": "IPv4",
                "public_ip_address_id": "/subscriptions/81c335b8-c6ce-4e45-93e4-3269de5a8164/resourceGroups/lg-test/providers/Microsoft.Network/publicIPAddresses/eip-mgmt-fgt1",
                "subnet_id": "/subscriptions/81c335b8-c6ce-4e45-93e4-3269de5a8164/resourceGroups/lg-test/providers/Microsoft.Network/virtualNetworks/VNET-NGFW/subnets/subnet-fgt-port4"
              }
            ],
            "location": "chinanorth2",
            "mac_address": "",
            "name": "eni-port4-fgt1",
            "private_ip_address": "192.168.14.5",
            "private_ip_addresses": [
              "192.168.14.5"
            ],
            "resource_group_name": "lg-test",
            "tags": {
              "Project": "fgtvm-ha",
              "Terraform": "true"
            },
            "timeouts": null,
            "virtual_machine_id": ""
          },
          "sensitive_attributes": [],
          "private": "eyJlMmJmYjczMC1lY2FhLTExZTYtOGY4OC0zNDM2M2JjN2M0YzAiOnsiY3JlYXRlIjoxODAwMDAwMDAwMDAwLCJkZWxldGUiOjE4MDAwMDAwMDAwMDAsInJlYWQiOjMwMDAwMDAwMDAwMCwidXBkYXRlIjoxODAwMDAwMDAwMDAwfX0=",
          "dependencies": [
            "azurerm_public_ip.eipFgtMgmt",
            "azurerm_resource_group.resrcGrp",
            "azurerm_subnet.subnetFgtPort4",
            "azurerm_virtual_network.vnetNgfw",
            "data.azurerm_virtual_network.vnetNgfw"
          ]
        },
        {
          "index_key": 1,
          "schema_version": 0,
          "attributes": {
            "applied_dns_servers": [],
            "auxiliary_mode": "",
            "auxiliary_sku": "",
            "dns_servers": [],
            "edge_zone": "",
            "enable_accelerated_networking": false,
            "enable_ip_forwarding": false,
            "id": "/subscriptions/81c335b8-c6ce-4e45-93e4-3269de5a8164/resourceGroups/lg-test/providers/Microsoft.Network/networkInterfaces/eni-port4-fgt2",
            "internal_dns_name_label": "",
            "internal_domain_name_suffix": "y3ylevtff3tuxjrr4i30rt2k1c.cx.internal.chinacloudapp.cn",
            "ip_configuration": [
              {
                "gateway_load_balancer_frontend_ip_configuration_id": "",
                "name": "ip-port4-fgt2",
                "primary": true,
                "private_ip_address": "192.168.14.4",
                "private_ip_address_allocation": "Dynamic",
                "private_ip_address_version": "IPv4",
                "public_ip_address_id": "/subscriptions/81c335b8-c6ce-4e45-93e4-3269de5a8164/resourceGroups/lg-test/providers/Microsoft.Network/publicIPAddresses/eip-mgmt-fgt2",
                "subnet_id": "/subscriptions/81c335b8-c6ce-4e45-93e4-3269de5a8164/resourceGroups/lg-test/providers/Microsoft.Network/virtualNetworks/VNET-NGFW/subnets/subnet-fgt-port4"
              }
            ],
            "location": "chinanorth2",
            "mac_address": "",
            "name": "eni-port4-fgt2",
            "private_ip_address": "192.168.14.4",
            "private_ip_addresses": [
              "192.168.14.4"
            ],
            "resource_group_name": "lg-test",
            "tags": {
              "Project": "fgtvm-ha",
              "Terraform": "true"
            },
            "timeouts": null,
            "virtual_machine_id": ""
          },
          "sensitive_attributes": [],
          "private": "eyJlMmJmYjczMC1lY2FhLTExZTYtOGY4OC0zNDM2M2JjN2M0YzAiOnsiY3JlYXRlIjoxODAwMDAwMDAwMDAwLCJkZWxldGUiOjE4MDAwMDAwMDAwMDAsInJlYWQiOjMwMDAwMDAwMDAwMCwidXBkYXRlIjoxODAwMDAwMDAwMDAwfX0=",
          "dependencies": [
            "azurerm_public_ip.eipFgtMgmt",
            "azurerm_resource_group.resrcGrp",
            "azurerm_subnet.subnetFgtPort4",
            "azurerm_virtual_network.vnetNgfw",
            "data.azurerm_virtual_network.vnetNgfw"
          ]
        }
      ]
    },
    {
      "mode": "managed",
      "type": "azurerm_network_interface_backend_address_pool_association",
      "name": "associateElbWithFgtPort1",
      "provider": "provider[\"registry.terraform.io/hashicorp/azurerm\"]",
      "instances": [
        {
          "index_key": 0,
          "schema_version": 0,
          "attributes": {
            "backend_address_pool_id": "/subscriptions/81c335b8-c6ce-4e45-93e4-3269de5a8164/resourceGroups/lg-test/providers/Microsoft.Network/loadBalancers/ELB/backendAddressPools/FGT-HA-Cluster",
            "id": "/subscriptions/81c335b8-c6ce-4e45-93e4-3269de5a8164/resourceGroups/lg-test/providers/Microsoft.Network/networkInterfaces/eni-port1-fgt1/ipConfigurations/ip-port1-fgt1|/subscriptions/81c335b8-c6ce-4e45-93e4-3269de5a8164/resourceGroups/lg-test/providers/Microsoft.Network/loadBalancers/ELB/backendAddressPools/FGT-HA-Cluster",
            "ip_configuration_name": "ip-port1-fgt1",
            "network_interface_id": "/subscriptions/81c335b8-c6ce-4e45-93e4-3269de5a8164/resourceGroups/lg-test/providers/Microsoft.Network/networkInterfaces/eni-port1-fgt1",
            "timeouts": null
          },
          "sensitive_attributes": [],
          "private": "eyJlMmJmYjczMC1lY2FhLTExZTYtOGY4OC0zNDM2M2JjN2M0YzAiOnsiY3JlYXRlIjoxODAwMDAwMDAwMDAwLCJkZWxldGUiOjE4MDAwMDAwMDAwMDAsInJlYWQiOjMwMDAwMDAwMDAwMCwidXBkYXRlIjoxODAwMDAwMDAwMDAwfX0=",
          "dependencies": [
            "azurerm_lb.elb",
            "azurerm_lb_backend_address_pool.elbBackendAddrPool",
            "azurerm_network_interface.eniFgtPort1",
            "azurerm_public_ip.eipElb",
            "azurerm_resource_group.resrcGrp",
            "azurerm_subnet.subnetFgtPort1",
            "azurerm_virtual_network.vnetNgfw",
            "data.azurerm_virtual_network.vnetNgfw"
          ]
        },
        {
          "index_key": 1,
          "schema_version": 0,
          "attributes": {
            "backend_address_pool_id": "/subscriptions/81c335b8-c6ce-4e45-93e4-3269de5a8164/resourceGroups/lg-test/providers/Microsoft.Network/loadBalancers/ELB/backendAddressPools/FGT-HA-Cluster",
            "id": "/subscriptions/81c335b8-c6ce-4e45-93e4-3269de5a8164/resourceGroups/lg-test/providers/Microsoft.Network/networkInterfaces/eni-port1-fgt2/ipConfigurations/ip-port1-fgt2|/subscriptions/81c335b8-c6ce-4e45-93e4-3269de5a8164/resourceGroups/lg-test/providers/Microsoft.Network/loadBalancers/ELB/backendAddressPools/FGT-HA-Cluster",
            "ip_configuration_name": "ip-port1-fgt2",
            "network_interface_id": "/subscriptions/81c335b8-c6ce-4e45-93e4-3269de5a8164/resourceGroups/lg-test/providers/Microsoft.Network/networkInterfaces/eni-port1-fgt2",
            "timeouts": null
          },
          "sensitive_attributes": [],
          "private": "eyJlMmJmYjczMC1lY2FhLTExZTYtOGY4OC0zNDM2M2JjN2M0YzAiOnsiY3JlYXRlIjoxODAwMDAwMDAwMDAwLCJkZWxldGUiOjE4MDAwMDAwMDAwMDAsInJlYWQiOjMwMDAwMDAwMDAwMCwidXBkYXRlIjoxODAwMDAwMDAwMDAwfX0=",
          "dependencies": [
            "azurerm_lb.elb",
            "azurerm_lb_backend_address_pool.elbBackendAddrPool",
            "azurerm_network_interface.eniFgtPort1",
            "azurerm_public_ip.eipElb",
            "azurerm_resource_group.resrcGrp",
            "azurerm_subnet.subnetFgtPort1",
            "azurerm_virtual_network.vnetNgfw",
            "data.azurerm_virtual_network.vnetNgfw"
          ]
        }
      ]
    },
    {
      "mode": "managed",
      "type": "azurerm_network_interface_backend_address_pool_association",
      "name": "associateIlbWithFgtPort2",
      "provider": "provider[\"registry.terraform.io/hashicorp/azurerm\"]",
      "instances": [
        {
          "index_key": 0,
          "schema_version": 0,
          "attributes": {
            "backend_address_pool_id": "/subscriptions/81c335b8-c6ce-4e45-93e4-3269de5a8164/resourceGroups/lg-test/providers/Microsoft.Network/loadBalancers/ILB/backendAddressPools/FGT-HA-Cluster",
            "id": "/subscriptions/81c335b8-c6ce-4e45-93e4-3269de5a8164/resourceGroups/lg-test/providers/Microsoft.Network/networkInterfaces/eni-port2-fgt1/ipConfigurations/ip-port2-fgt1|/subscriptions/81c335b8-c6ce-4e45-93e4-3269de5a8164/resourceGroups/lg-test/providers/Microsoft.Network/loadBalancers/ILB/backendAddressPools/FGT-HA-Cluster",
            "ip_configuration_name": "ip-port2-fgt1",
            "network_interface_id": "/subscriptions/81c335b8-c6ce-4e45-93e4-3269de5a8164/resourceGroups/lg-test/providers/Microsoft.Network/networkInterfaces/eni-port2-fgt1",
            "timeouts": null
          },
          "sensitive_attributes": [],
          "private": "eyJlMmJmYjczMC1lY2FhLTExZTYtOGY4OC0zNDM2M2JjN2M0YzAiOnsiY3JlYXRlIjoxODAwMDAwMDAwMDAwLCJkZWxldGUiOjE4MDAwMDAwMDAwMDAsInJlYWQiOjMwMDAwMDAwMDAwMCwidXBkYXRlIjoxODAwMDAwMDAwMDAwfX0=",
          "dependencies": [
            "azurerm_lb.ilb",
            "azurerm_lb_backend_address_pool.ilbBackendAddrPool",
            "azurerm_network_interface.eniFgtPort2",
            "azurerm_resource_group.resrcGrp",
            "azurerm_subnet.subnetFgtPort2",
            "azurerm_virtual_network.vnetNgfw",
            "data.azurerm_virtual_network.vnetNgfw"
          ]
        },
        {
          "index_key": 1,
          "schema_version": 0,
          "attributes": {
            "backend_address_pool_id": "/subscriptions/81c335b8-c6ce-4e45-93e4-3269de5a8164/resourceGroups/lg-test/providers/Microsoft.Network/loadBalancers/ILB/backendAddressPools/FGT-HA-Cluster",
            "id": "/subscriptions/81c335b8-c6ce-4e45-93e4-3269de5a8164/resourceGroups/lg-test/providers/Microsoft.Network/networkInterfaces/eni-port2-fgt2/ipConfigurations/ip-port2-fgt2|/subscriptions/81c335b8-c6ce-4e45-93e4-3269de5a8164/resourceGroups/lg-test/providers/Microsoft.Network/loadBalancers/ILB/backendAddressPools/FGT-HA-Cluster",
            "ip_configuration_name": "ip-port2-fgt2",
            "network_interface_id": "/subscriptions/81c335b8-c6ce-4e45-93e4-3269de5a8164/resourceGroups/lg-test/providers/Microsoft.Network/networkInterfaces/eni-port2-fgt2",
            "timeouts": null
          },
          "sensitive_attributes": [],
          "private": "eyJlMmJmYjczMC1lY2FhLTExZTYtOGY4OC0zNDM2M2JjN2M0YzAiOnsiY3JlYXRlIjoxODAwMDAwMDAwMDAwLCJkZWxldGUiOjE4MDAwMDAwMDAwMDAsInJlYWQiOjMwMDAwMDAwMDAwMCwidXBkYXRlIjoxODAwMDAwMDAwMDAwfX0=",
          "dependencies": [
            "azurerm_lb.ilb",
            "azurerm_lb_backend_address_pool.ilbBackendAddrPool",
            "azurerm_network_interface.eniFgtPort2",
            "azurerm_resource_group.resrcGrp",
            "azurerm_subnet.subnetFgtPort2",
            "azurerm_virtual_network.vnetNgfw",
            "data.azurerm_virtual_network.vnetNgfw"
          ]
        }
      ]
    },
    {
      "mode": "managed",
      "type": "azurerm_network_interface_security_group_association",
      "name": "associateFgtWithNsgMgmt",
      "provider": "provider[\"registry.terraform.io/hashicorp/azurerm\"]",
      "instances": [
        {
          "index_key": 0,
          "schema_version": 0,
          "attributes": {
            "id": "/subscriptions/81c335b8-c6ce-4e45-93e4-3269de5a8164/resourceGroups/lg-test/providers/Microsoft.Network/networkInterfaces/eni-port4-fgt1|/subscriptions/81c335b8-c6ce-4e45-93e4-3269de5a8164/resourceGroups/lg-test/providers/Microsoft.Network/networkSecurityGroups/nsg-fgt-mgmt",
            "network_interface_id": "/subscriptions/81c335b8-c6ce-4e45-93e4-3269de5a8164/resourceGroups/lg-test/providers/Microsoft.Network/networkInterfaces/eni-port4-fgt1",
            "network_security_group_id": "/subscriptions/81c335b8-c6ce-4e45-93e4-3269de5a8164/resourceGroups/lg-test/providers/Microsoft.Network/networkSecurityGroups/nsg-fgt-mgmt",
            "timeouts": null
          },
          "sensitive_attributes": [],
          "private": "eyJlMmJmYjczMC1lY2FhLTExZTYtOGY4OC0zNDM2M2JjN2M0YzAiOnsiY3JlYXRlIjoxODAwMDAwMDAwMDAwLCJkZWxldGUiOjE4MDAwMDAwMDAwMDAsInJlYWQiOjMwMDAwMDAwMDAwMCwidXBkYXRlIjoxODAwMDAwMDAwMDAwfX0=",
          "dependencies": [
            "azurerm_network_interface.eniFgtPort3",
            "azurerm_network_interface.eniFgtPort4",
            "azurerm_network_security_group.nsgFgtMgmt",
            "azurerm_public_ip.eipFgtMgmt",
            "azurerm_resource_group.resrcGrp",
            "azurerm_subnet.subnetFgtPort3",
            "azurerm_subnet.subnetFgtPort4",
            "azurerm_virtual_network.vnetNgfw",
            "data.azurerm_virtual_network.vnetNgfw"
          ]
        },
        {
          "index_key": 1,
          "schema_version": 0,
          "attributes": {
            "id": "/subscriptions/81c335b8-c6ce-4e45-93e4-3269de5a8164/resourceGroups/lg-test/providers/Microsoft.Network/networkInterfaces/eni-port4-fgt2|/subscriptions/81c335b8-c6ce-4e45-93e4-3269de5a8164/resourceGroups/lg-test/providers/Microsoft.Network/networkSecurityGroups/nsg-fgt-mgmt",
            "network_interface_id": "/subscriptions/81c335b8-c6ce-4e45-93e4-3269de5a8164/resourceGroups/lg-test/providers/Microsoft.Network/networkInterfaces/eni-port4-fgt2",
            "network_security_group_id": "/subscriptions/81c335b8-c6ce-4e45-93e4-3269de5a8164/resourceGroups/lg-test/providers/Microsoft.Network/networkSecurityGroups/nsg-fgt-mgmt",
            "timeouts": null
          },
          "sensitive_attributes": [],
          "private": "eyJlMmJmYjczMC1lY2FhLTExZTYtOGY4OC0zNDM2M2JjN2M0YzAiOnsiY3JlYXRlIjoxODAwMDAwMDAwMDAwLCJkZWxldGUiOjE4MDAwMDAwMDAwMDAsInJlYWQiOjMwMDAwMDAwMDAwMCwidXBkYXRlIjoxODAwMDAwMDAwMDAwfX0=",
          "dependencies": [
            "azurerm_network_interface.eniFgtPort3",
            "azurerm_network_interface.eniFgtPort4",
            "azurerm_network_security_group.nsgFgtMgmt",
            "azurerm_public_ip.eipFgtMgmt",
            "azurerm_resource_group.resrcGrp",
            "azurerm_subnet.subnetFgtPort3",
            "azurerm_subnet.subnetFgtPort4",
            "azurerm_virtual_network.vnetNgfw",
            "data.azurerm_virtual_network.vnetNgfw"
          ]
        }
      ]
    },
    {
      "mode": "managed",
      "type": "azurerm_network_security_group",
      "name": "nsgFgtMgmt",
      "provider": "provider[\"registry.terraform.io/hashicorp/azurerm\"]",
      "instances": [
        {
          "schema_version": 0,
          "attributes": {
            "id": "/subscriptions/81c335b8-c6ce-4e45-93e4-3269de5a8164/resourceGroups/lg-test/providers/Microsoft.Network/networkSecurityGroups/nsg-fgt-mgmt",
            "location": "chinanorth2",
            "name": "nsg-fgt-mgmt",
            "resource_group_name": "lg-test",
            "security_rule": [
              {
                "access": "Allow",
                "description": "",
                "destination_address_prefix": "*",
                "destination_address_prefixes": [],
                "destination_application_security_group_ids": [],
                "destination_port_range": "*",
                "destination_port_ranges": [],
                "direction": "Inbound",
                "name": "ICMP",
                "priority": 100,
                "protocol": "Icmp",
                "source_address_prefix": "*",
                "source_address_prefixes": [],
                "source_application_security_group_ids": [],
                "source_port_range": "*",
                "source_port_ranges": []
              },
              {
                "access": "Allow",
                "description": "",
                "destination_address_prefix": "*",
                "destination_address_prefixes": [],
                "destination_application_security_group_ids": [],
                "destination_port_range": "22",
                "destination_port_ranges": [],
                "direction": "Inbound",
                "name": "SSH",
                "priority": 110,
                "protocol": "Tcp",
                "source_address_prefix": "*",
                "source_address_prefixes": [],
                "source_application_security_group_ids": [],
                "source_port_range": "*",
                "source_port_ranges": []
              },
              {
                "access": "Allow",
                "description": "",
                "destination_address_prefix": "*",
                "destination_address_prefixes": [],
                "destination_application_security_group_ids": [],
                "destination_port_range": "8443",
                "destination_port_ranges": [],
                "direction": "Inbound",
                "name": "FGTHTTPS",
                "priority": 120,
                "protocol": "Tcp",
                "source_address_prefix": "*",
                "source_address_prefixes": [],
                "source_application_security_group_ids": [],
                "source_port_range": "*",
                "source_port_ranges": []
              }
            ],
            "tags": {
              "Project": "fgtvm-ha",
              "Terraform": "true"
            },
            "timeouts": null
          },
          "sensitive_attributes": [],
          "private": "eyJlMmJmYjczMC1lY2FhLTExZTYtOGY4OC0zNDM2M2JjN2M0YzAiOnsiY3JlYXRlIjoxODAwMDAwMDAwMDAwLCJkZWxldGUiOjE4MDAwMDAwMDAwMDAsInJlYWQiOjMwMDAwMDAwMDAwMCwidXBkYXRlIjoxODAwMDAwMDAwMDAwfX0=",
          "dependencies": [
            "azurerm_resource_group.resrcGrp",
            "data.azurerm_virtual_network.vnetNgfw"
          ]
        }
      ]
    },
    {
      "mode": "managed",
      "type": "azurerm_public_ip",
      "name": "eipElb",
      "provider": "provider[\"registry.terraform.io/hashicorp/azurerm\"]",
      "instances": [
        {
          "schema_version": 0,
          "attributes": {
            "allocation_method": "Static",
            "ddos_protection_mode": "VirtualNetworkInherited",
            "ddos_protection_plan_id": null,
            "domain_name_label": null,
            "edge_zone": "",
            "fqdn": null,
            "id": "/subscriptions/81c335b8-c6ce-4e45-93e4-3269de5a8164/resourceGroups/lg-test/providers/Microsoft.Network/publicIPAddresses/eip-elb",
            "idle_timeout_in_minutes": 4,
            "ip_address": "52.131.73.237",
            "ip_tags": null,
            "ip_version": "IPv4",
            "location": "chinanorth2",
            "name": "eip-elb",
            "public_ip_prefix_id": null,
            "resource_group_name": "lg-test",
            "reverse_fqdn": null,
            "sku": "Standard",
            "sku_tier": "Regional",
            "tags": null,
            "timeouts": null,
            "zones": null
          },
          "sensitive_attributes": [],
          "private": "eyJlMmJmYjczMC1lY2FhLTExZTYtOGY4OC0zNDM2M2JjN2M0YzAiOnsiY3JlYXRlIjoxODAwMDAwMDAwMDAwLCJkZWxldGUiOjE4MDAwMDAwMDAwMDAsInJlYWQiOjMwMDAwMDAwMDAwMCwidXBkYXRlIjoxODAwMDAwMDAwMDAwfX0=",
          "dependencies": [
            "azurerm_resource_group.resrcGrp",
            "data.azurerm_virtual_network.vnetNgfw"
          ]
        }
      ]
    },
    {
      "mode": "managed",
      "type": "azurerm_public_ip",
      "name": "eipFgtMgmt",
      "provider": "provider[\"registry.terraform.io/hashicorp/azurerm\"]",
      "instances": [
        {
          "index_key": 0,
          "schema_version": 0,
          "attributes": {
            "allocation_method": "Static",
            "ddos_protection_mode": "VirtualNetworkInherited",
            "ddos_protection_plan_id": null,
            "domain_name_label": null,
            "edge_zone": "",
            "fqdn": null,
            "id": "/subscriptions/81c335b8-c6ce-4e45-93e4-3269de5a8164/resourceGroups/lg-test/providers/Microsoft.Network/publicIPAddresses/eip-mgmt-fgt1",
            "idle_timeout_in_minutes": 4,
            "ip_address": "52.131.73.142",
            "ip_tags": null,
            "ip_version": "IPv4",
            "location": "chinanorth2",
            "name": "eip-mgmt-fgt1",
            "public_ip_prefix_id": null,
            "resource_group_name": "lg-test",
            "reverse_fqdn": null,
            "sku": "Standard",
            "sku_tier": "Regional",
            "tags": null,
            "timeouts": null,
            "zones": null
          },
          "sensitive_attributes": [],
          "private": "eyJlMmJmYjczMC1lY2FhLTExZTYtOGY4OC0zNDM2M2JjN2M0YzAiOnsiY3JlYXRlIjoxODAwMDAwMDAwMDAwLCJkZWxldGUiOjE4MDAwMDAwMDAwMDAsInJlYWQiOjMwMDAwMDAwMDAwMCwidXBkYXRlIjoxODAwMDAwMDAwMDAwfX0=",
          "dependencies": [
            "azurerm_resource_group.resrcGrp",
            "data.azurerm_virtual_network.vnetNgfw"
          ]
        },
        {
          "index_key": 1,
          "schema_version": 0,
          "attributes": {
            "allocation_method": "Static",
            "ddos_protection_mode": "VirtualNetworkInherited",
            "ddos_protection_plan_id": null,
            "domain_name_label": null,
            "edge_zone": "",
            "fqdn": null,
            "id": "/subscriptions/81c335b8-c6ce-4e45-93e4-3269de5a8164/resourceGroups/lg-test/providers/Microsoft.Network/publicIPAddresses/eip-mgmt-fgt2",
            "idle_timeout_in_minutes": 4,
            "ip_address": "52.130.144.112",
            "ip_tags": null,
            "ip_version": "IPv4",
            "location": "chinanorth2",
            "name": "eip-mgmt-fgt2",
            "public_ip_prefix_id": null,
            "resource_group_name": "lg-test",
            "reverse_fqdn": null,
            "sku": "Standard",
            "sku_tier": "Regional",
            "tags": null,
            "timeouts": null,
            "zones": null
          },
          "sensitive_attributes": [],
          "private": "eyJlMmJmYjczMC1lY2FhLTExZTYtOGY4OC0zNDM2M2JjN2M0YzAiOnsiY3JlYXRlIjoxODAwMDAwMDAwMDAwLCJkZWxldGUiOjE4MDAwMDAwMDAwMDAsInJlYWQiOjMwMDAwMDAwMDAwMCwidXBkYXRlIjoxODAwMDAwMDAwMDAwfX0=",
          "dependencies": [
            "azurerm_resource_group.resrcGrp",
            "data.azurerm_virtual_network.vnetNgfw"
          ]
        }
      ]
    },
    {
      "mode": "managed",
      "type": "azurerm_resource_group",
      "name": "resrcGrp",
      "provider": "provider[\"registry.terraform.io/hashicorp/azurerm\"]",
      "instances": [
        {
          "index_key": 0,
          "schema_version": 0,
          "attributes": {
            "id": "/subscriptions/81c335b8-c6ce-4e45-93e4-3269de5a8164/resourceGroups/lg-test",
            "location": "chinanorth2",
            "managed_by": "",
            "name": "lg-test",
            "tags": {
              "Project": "fgtvm-ha",
              "Terraform": "true"
            },
            "timeouts": null
          },
          "sensitive_attributes": [],
          "private": "eyJlMmJmYjczMC1lY2FhLTExZTYtOGY4OC0zNDM2M2JjN2M0YzAiOnsiY3JlYXRlIjo1NDAwMDAwMDAwMDAwLCJkZWxldGUiOjU0MDAwMDAwMDAwMDAsInJlYWQiOjMwMDAwMDAwMDAwMCwidXBkYXRlIjo1NDAwMDAwMDAwMDAwfX0="
        }
      ]
    },
    {
      "mode": "managed",
      "type": "azurerm_route",
      "name": "internalRoute",
      "provider": "provider[\"registry.terraform.io/hashicorp/azurerm\"]",
      "instances": [
        {
          "schema_version": 0,
          "attributes": {
            "address_prefix": "0.0.0.0/0",
            "id": "/subscriptions/81c335b8-c6ce-4e45-93e4-3269de5a8164/resourceGroups/lg-test/providers/Microsoft.Network/routeTables/rtb-inspection/routes/default",
            "name": "default",
            "next_hop_in_ip_address": "192.168.12.4",
            "next_hop_type": "VirtualAppliance",
            "resource_group_name": "lg-test",
            "route_table_name": "rtb-inspection",
            "timeouts": null
          },
          "sensitive_attributes": [],
          "private": "eyJlMmJmYjczMC1lY2FhLTExZTYtOGY4OC0zNDM2M2JjN2M0YzAiOnsiY3JlYXRlIjoxODAwMDAwMDAwMDAwLCJkZWxldGUiOjE4MDAwMDAwMDAwMDAsInJlYWQiOjMwMDAwMDAwMDAwMCwidXBkYXRlIjoxODAwMDAwMDAwMDAwfX0=",
          "dependencies": [
            "azurerm_lb.ilb",
            "azurerm_resource_group.resrcGrp",
            "azurerm_route_table.rtbFgtInspection",
            "azurerm_subnet.subnetFgtPort2",
            "azurerm_virtual_network.vnetNgfw",
            "data.azurerm_virtual_network.vnetNgfw"
          ]
        }
      ]
    },
    {
      "mode": "managed",
      "type": "azurerm_route_table",
      "name": "rtbFgtInspection",
      "provider": "provider[\"registry.terraform.io/hashicorp/azurerm\"]",
      "instances": [
        {
          "schema_version": 0,
          "attributes": {
            "disable_bgp_route_propagation": false,
            "id": "/subscriptions/81c335b8-c6ce-4e45-93e4-3269de5a8164/resourceGroups/lg-test/providers/Microsoft.Network/routeTables/rtb-inspection",
            "location": "chinanorth2",
            "name": "rtb-inspection",
            "resource_group_name": "lg-test",
            "route": [],
            "subnets": [],
            "tags": {
              "Project": "fgtvm-ha",
              "Terraform": "true"
            },
            "timeouts": null
          },
          "sensitive_attributes": [],
          "private": "eyJlMmJmYjczMC1lY2FhLTExZTYtOGY4OC0zNDM2M2JjN2M0YzAiOnsiY3JlYXRlIjoxODAwMDAwMDAwMDAwLCJkZWxldGUiOjE4MDAwMDAwMDAwMDAsInJlYWQiOjMwMDAwMDAwMDAwMCwidXBkYXRlIjoxODAwMDAwMDAwMDAwfX0=",
          "dependencies": [
            "azurerm_lb.ilb",
            "azurerm_resource_group.resrcGrp",
            "azurerm_subnet.subnetFgtPort2",
            "azurerm_virtual_network.vnetNgfw",
            "data.azurerm_virtual_network.vnetNgfw"
          ]
        }
      ]
    },
    {
      "mode": "managed",
      "type": "azurerm_subnet",
      "name": "subnetFgtPort1",
      "provider": "provider[\"registry.terraform.io/hashicorp/azurerm\"]",
      "instances": [
        {
          "schema_version": 0,
          "attributes": {
            "address_prefixes": [
              "192.168.11.0/24"
            ],
            "delegation": [],
            "enforce_private_link_endpoint_network_policies": false,
            "enforce_private_link_service_network_policies": false,
            "id": "/subscriptions/81c335b8-c6ce-4e45-93e4-3269de5a8164/resourceGroups/lg-test/providers/Microsoft.Network/virtualNetworks/VNET-NGFW/subnets/subnet-fgt-port1",
            "name": "subnet-fgt-port1",
            "private_endpoint_network_policies_enabled": true,
            "private_link_service_network_policies_enabled": true,
            "resource_group_name": "lg-test",
            "service_endpoint_policy_ids": null,
            "service_endpoints": null,
            "timeouts": null,
            "virtual_network_name": "VNET-NGFW"
          },
          "sensitive_attributes": [],
          "private": "eyJlMmJmYjczMC1lY2FhLTExZTYtOGY4OC0zNDM2M2JjN2M0YzAiOnsiY3JlYXRlIjoxODAwMDAwMDAwMDAwLCJkZWxldGUiOjE4MDAwMDAwMDAwMDAsInJlYWQiOjMwMDAwMDAwMDAwMCwidXBkYXRlIjoxODAwMDAwMDAwMDAwfX0=",
          "dependencies": [
            "azurerm_resource_group.resrcGrp",
            "azurerm_virtual_network.vnetNgfw"
          ]
        }
      ]
    },
    {
      "mode": "managed",
      "type": "azurerm_subnet",
      "name": "subnetFgtPort2",
      "provider": "provider[\"registry.terraform.io/hashicorp/azurerm\"]",
      "instances": [
        {
          "schema_version": 0,
          "attributes": {
            "address_prefixes": [
              "192.168.12.0/24"
            ],
            "delegation": [],
            "enforce_private_link_endpoint_network_policies": false,
            "enforce_private_link_service_network_policies": false,
            "id": "/subscriptions/81c335b8-c6ce-4e45-93e4-3269de5a8164/resourceGroups/lg-test/providers/Microsoft.Network/virtualNetworks/VNET-NGFW/subnets/subnet-fgt-port2",
            "name": "subnet-fgt-port2",
            "private_endpoint_network_policies_enabled": true,
            "private_link_service_network_policies_enabled": true,
            "resource_group_name": "lg-test",
            "service_endpoint_policy_ids": null,
            "service_endpoints": null,
            "timeouts": null,
            "virtual_network_name": "VNET-NGFW"
          },
          "sensitive_attributes": [],
          "private": "eyJlMmJmYjczMC1lY2FhLTExZTYtOGY4OC0zNDM2M2JjN2M0YzAiOnsiY3JlYXRlIjoxODAwMDAwMDAwMDAwLCJkZWxldGUiOjE4MDAwMDAwMDAwMDAsInJlYWQiOjMwMDAwMDAwMDAwMCwidXBkYXRlIjoxODAwMDAwMDAwMDAwfX0=",
          "dependencies": [
            "azurerm_resource_group.resrcGrp",
            "azurerm_virtual_network.vnetNgfw"
          ]
        }
      ]
    },
    {
      "mode": "managed",
      "type": "azurerm_subnet",
      "name": "subnetFgtPort3",
      "provider": "provider[\"registry.terraform.io/hashicorp/azurerm\"]",
      "instances": [
        {
          "schema_version": 0,
          "attributes": {
            "address_prefixes": [
              "192.168.13.0/24"
            ],
            "delegation": [],
            "enforce_private_link_endpoint_network_policies": false,
            "enforce_private_link_service_network_policies": false,
            "id": "/subscriptions/81c335b8-c6ce-4e45-93e4-3269de5a8164/resourceGroups/lg-test/providers/Microsoft.Network/virtualNetworks/VNET-NGFW/subnets/subnet-fgt-port3",
            "name": "subnet-fgt-port3",
            "private_endpoint_network_policies_enabled": true,
            "private_link_service_network_policies_enabled": true,
            "resource_group_name": "lg-test",
            "service_endpoint_policy_ids": null,
            "service_endpoints": null,
            "timeouts": null,
            "virtual_network_name": "VNET-NGFW"
          },
          "sensitive_attributes": [],
          "private": "eyJlMmJmYjczMC1lY2FhLTExZTYtOGY4OC0zNDM2M2JjN2M0YzAiOnsiY3JlYXRlIjoxODAwMDAwMDAwMDAwLCJkZWxldGUiOjE4MDAwMDAwMDAwMDAsInJlYWQiOjMwMDAwMDAwMDAwMCwidXBkYXRlIjoxODAwMDAwMDAwMDAwfX0=",
          "dependencies": [
            "azurerm_resource_group.resrcGrp",
            "azurerm_virtual_network.vnetNgfw"
          ]
        }
      ]
    },
    {
      "mode": "managed",
      "type": "azurerm_subnet",
      "name": "subnetFgtPort4",
      "provider": "provider[\"registry.terraform.io/hashicorp/azurerm\"]",
      "instances": [
        {
          "schema_version": 0,
          "attributes": {
            "address_prefixes": [
              "192.168.14.0/24"
            ],
            "delegation": [],
            "enforce_private_link_endpoint_network_policies": false,
            "enforce_private_link_service_network_policies": false,
            "id": "/subscriptions/81c335b8-c6ce-4e45-93e4-3269de5a8164/resourceGroups/lg-test/providers/Microsoft.Network/virtualNetworks/VNET-NGFW/subnets/subnet-fgt-port4",
            "name": "subnet-fgt-port4",
            "private_endpoint_network_policies_enabled": true,
            "private_link_service_network_policies_enabled": true,
            "resource_group_name": "lg-test",
            "service_endpoint_policy_ids": null,
            "service_endpoints": null,
            "timeouts": null,
            "virtual_network_name": "VNET-NGFW"
          },
          "sensitive_attributes": [],
          "private": "eyJlMmJmYjczMC1lY2FhLTExZTYtOGY4OC0zNDM2M2JjN2M0YzAiOnsiY3JlYXRlIjoxODAwMDAwMDAwMDAwLCJkZWxldGUiOjE4MDAwMDAwMDAwMDAsInJlYWQiOjMwMDAwMDAwMDAwMCwidXBkYXRlIjoxODAwMDAwMDAwMDAwfX0=",
          "dependencies": [
            "azurerm_resource_group.resrcGrp",
            "azurerm_virtual_network.vnetNgfw"
          ]
        }
      ]
    },
    {
      "mode": "managed",
      "type": "azurerm_virtual_machine_data_disk_attachment",
      "name": "attachDataDiskToFgt",
      "provider": "provider[\"registry.terraform.io/hashicorp/azurerm\"]",
      "instances": [
        {
          "index_key": 0,
          "schema_version": 0,
          "attributes": {
            "caching": "ReadWrite",
            "create_option": "Attach",
            "id": "/subscriptions/81c335b8-c6ce-4e45-93e4-3269de5a8164/resourceGroups/lg-test/providers/Microsoft.Compute/virtualMachines/FG-FTNT-1/dataDisks/FG-FTNT-1-DataDisk",
            "lun": 10,
            "managed_disk_id": "/subscriptions/81c335b8-c6ce-4e45-93e4-3269de5a8164/resourceGroups/lg-test/providers/Microsoft.Compute/disks/FG-FTNT-1-DataDisk",
            "timeouts": null,
            "virtual_machine_id": "/subscriptions/81c335b8-c6ce-4e45-93e4-3269de5a8164/resourceGroups/lg-test/providers/Microsoft.Compute/virtualMachines/FG-FTNT-1",
            "write_accelerator_enabled": false
          },
          "sensitive_attributes": [],
          "private": "eyJlMmJmYjczMC1lY2FhLTExZTYtOGY4OC0zNDM2M2JjN2M0YzAiOnsiY3JlYXRlIjoxODAwMDAwMDAwMDAwLCJkZWxldGUiOjE4MDAwMDAwMDAwMDAsInJlYWQiOjMwMDAwMDAwMDAwMCwidXBkYXRlIjoxODAwMDAwMDAwMDAwfX0=",
          "dependencies": [
            "azurerm_linux_virtual_machine.fgt",
            "azurerm_managed_disk.dataDiskFgt",
            "azurerm_network_interface.eniFgtPort1",
            "azurerm_network_interface.eniFgtPort2",
            "azurerm_network_interface.eniFgtPort3",
            "azurerm_network_interface.eniFgtPort4",
            "azurerm_public_ip.eipFgtMgmt",
            "azurerm_resource_group.resrcGrp",
            "azurerm_subnet.subnetFgtPort1",
            "azurerm_subnet.subnetFgtPort2",
            "azurerm_subnet.subnetFgtPort3",
            "azurerm_subnet.subnetFgtPort4",
            "azurerm_virtual_network.vnetNgfw",
            "data.azurerm_network_interface.eniFgtPort3",
            "data.azurerm_network_interface.eniFgtPort4",
            "data.azurerm_virtual_network.vnetNgfw"
          ]
        },
        {
          "index_key": 1,
          "schema_version": 0,
          "attributes": {
            "caching": "ReadWrite",
            "create_option": "Attach",
            "id": "/subscriptions/81c335b8-c6ce-4e45-93e4-3269de5a8164/resourceGroups/lg-test/providers/Microsoft.Compute/virtualMachines/FG-FTNT-2/dataDisks/FG-FTNT-2-DataDisk",
            "lun": 10,
            "managed_disk_id": "/subscriptions/81c335b8-c6ce-4e45-93e4-3269de5a8164/resourceGroups/lg-test/providers/Microsoft.Compute/disks/FG-FTNT-2-DataDisk",
            "timeouts": null,
            "virtual_machine_id": "/subscriptions/81c335b8-c6ce-4e45-93e4-3269de5a8164/resourceGroups/lg-test/providers/Microsoft.Compute/virtualMachines/FG-FTNT-2",
            "write_accelerator_enabled": false
          },
          "sensitive_attributes": [],
          "private": "eyJlMmJmYjczMC1lY2FhLTExZTYtOGY4OC0zNDM2M2JjN2M0YzAiOnsiY3JlYXRlIjoxODAwMDAwMDAwMDAwLCJkZWxldGUiOjE4MDAwMDAwMDAwMDAsInJlYWQiOjMwMDAwMDAwMDAwMCwidXBkYXRlIjoxODAwMDAwMDAwMDAwfX0=",
          "dependencies": [
            "azurerm_linux_virtual_machine.fgt",
            "azurerm_managed_disk.dataDiskFgt",
            "azurerm_network_interface.eniFgtPort1",
            "azurerm_network_interface.eniFgtPort2",
            "azurerm_network_interface.eniFgtPort3",
            "azurerm_network_interface.eniFgtPort4",
            "azurerm_public_ip.eipFgtMgmt",
            "azurerm_resource_group.resrcGrp",
            "azurerm_subnet.subnetFgtPort1",
            "azurerm_subnet.subnetFgtPort2",
            "azurerm_subnet.subnetFgtPort3",
            "azurerm_subnet.subnetFgtPort4",
            "azurerm_virtual_network.vnetNgfw",
            "data.azurerm_network_interface.eniFgtPort3",
            "data.azurerm_network_interface.eniFgtPort4",
            "data.azurerm_virtual_network.vnetNgfw"
          ]
        }
      ]
    },
    {
      "mode": "managed",
      "type": "azurerm_virtual_network",
      "name": "vnetNgfw",
      "provider": "provider[\"registry.terraform.io/hashicorp/azurerm\"]",
      "instances": [
        {
          "index_key": 0,
          "schema_version": 0,
          "attributes": {
            "address_space": [
              "192.168.0.0/16"
            ],
            "bgp_community": "",
            "ddos_protection_plan": [],
            "dns_servers": [],
            "edge_zone": "",
            "encryption": [],
            "flow_timeout_in_minutes": 0,
            "guid": "56b270c7-2f65-4b67-a631-f23ba8cf8ada",
            "id": "/subscriptions/81c335b8-c6ce-4e45-93e4-3269de5a8164/resourceGroups/lg-test/providers/Microsoft.Network/virtualNetworks/VNET-NGFW",
            "location": "chinanorth2",
            "name": "VNET-NGFW",
            "resource_group_name": "lg-test",
            "subnet": [],
            "tags": {
              "Project": "fgtvm-ha",
              "Terraform": "true"
            },
            "timeouts": null
          },
          "sensitive_attributes": [],
          "private": "eyJlMmJmYjczMC1lY2FhLTExZTYtOGY4OC0zNDM2M2JjN2M0YzAiOnsiY3JlYXRlIjoxODAwMDAwMDAwMDAwLCJkZWxldGUiOjE4MDAwMDAwMDAwMDAsInJlYWQiOjMwMDAwMDAwMDAwMCwidXBkYXRlIjoxODAwMDAwMDAwMDAwfX0=",
          "dependencies": [
            "azurerm_resource_group.resrcGrp"
          ]
        }
      ]
    }
  ],
  "check_results": null
}
