{
  "version": 4,
  "terraform_version": "1.7.5",
  "serial": 231,
  "lineage": "1a9f965e-aa82-77cd-592d-05a09fb404f4",
  "outputs": {},
  "resources": [
    {
      "module": "module.security-vpc",
      "mode": "managed",
      "type": "aws_security_group",
      "name": "secgrp",
      "provider": "provider[\"registry.terraform.io/hashicorp/aws\"]",
      "instances": [
        {
          "index_key": "secgrp1",
          "schema_version": 1,
          "attributes": {
            "arn": "arn:aws-cn:ec2:cn-northwest-1:321536109689:security-group/sg-04803481ed4ee480b",
            "description": "Security group by Terraform",
            "egress": [
              {
                "cidr_blocks": [
                  "0.0.0.0/0"
                ],
                "description": "",
                "from_port": 0,
                "ipv6_cidr_blocks": [],
                "prefix_list_ids": [],
                "protocol": "-1",
                "security_groups": [],
                "self": false,
                "to_port": 0
              }
            ],
            "id": "sg-04803481ed4ee480b",
            "ingress": [
              {
                "cidr_blocks": [
                  "0.0.0.0/0"
                ],
                "description": "",
                "from_port": 0,
                "ipv6_cidr_blocks": [],
                "prefix_list_ids": [],
                "protocol": "-1",
                "security_groups": [],
                "self": false,
                "to_port": 0
              }
            ],
            "name": "secgrp1",
            "name_prefix": "",
            "owner_id": "321536109689",
            "revoke_rules_on_delete": false,
            "tags": {
              "created_from": "Terraform",
              "purpuse": "ASG_TEST"
            },
            "tags_all": {
              "created_from": "Terraform",
              "purpuse": "ASG_TEST"
            },
            "timeouts": null,
            "vpc_id": "vpc-0f5fed546bfa5e0b4"
          },
          "sensitive_attributes": [],
          "private": "eyJlMmJmYjczMC1lY2FhLTExZTYtOGY4OC0zNDM2M2JjN2M0YzAiOnsiY3JlYXRlIjo2MDAwMDAwMDAwMDAsImRlbGV0ZSI6OTAwMDAwMDAwMDAwfSwic2NoZW1hX3ZlcnNpb24iOiIxIn0=",
          "dependencies": [
            "module.security-vpc.aws_vpc.vpc",
            "module.security-vpc.data.aws_vpc.vpc"
          ],
          "create_before_destroy": true
        }
      ]
    },
    {
      "module": "module.security-vpc",
      "mode": "managed",
      "type": "aws_subnet",
      "name": "subnets",
      "provider": "provider[\"registry.terraform.io/hashicorp/aws\"]",
      "instances": [
        {
          "index_key": "fgt_internal_cn-northwest-1a",
          "schema_version": 1,
          "attributes": {
            "arn": "arn:aws-cn:ec2:cn-northwest-1:321536109689:subnet/subnet-09870c6a021edb79f",
            "assign_ipv6_address_on_creation": false,
            "availability_zone": "cn-northwest-1a",
            "availability_zone_id": "cnnw1-az1",
            "cidr_block": "10.0.1.0/24",
            "customer_owned_ipv4_pool": "",
            "enable_dns64": false,
            "enable_lni_at_device_index": 0,
            "enable_resource_name_dns_a_record_on_launch": false,
            "enable_resource_name_dns_aaaa_record_on_launch": false,
            "id": "subnet-09870c6a021edb79f",
            "ipv6_cidr_block": "",
            "ipv6_cidr_block_association_id": "",
            "ipv6_native": false,
            "map_customer_owned_ip_on_launch": false,
            "map_public_ip_on_launch": false,
            "outpost_arn": "",
            "owner_id": "321536109689",
            "private_dns_hostname_type_on_launch": "ip-name",
            "tags": {
              "Name": "fgt_internal_cn-northwest-1a",
              "created_from": "Terraform",
              "purpuse": "ASG_TEST"
            },
            "tags_all": {
              "Name": "fgt_internal_cn-northwest-1a",
              "created_from": "Terraform",
              "purpuse": "ASG_TEST"
            },
            "timeouts": null,
            "vpc_id": "vpc-0f5fed546bfa5e0b4"
          },
          "sensitive_attributes": [],
          "private": "eyJlMmJmYjczMC1lY2FhLTExZTYtOGY4OC0zNDM2M2JjN2M0YzAiOnsiY3JlYXRlIjo2MDAwMDAwMDAwMDAsImRlbGV0ZSI6MTIwMDAwMDAwMDAwMH0sInNjaGVtYV92ZXJzaW9uIjoiMSJ9",
          "dependencies": [
            "module.security-vpc.aws_vpc.vpc",
            "module.security-vpc.data.aws_vpc.vpc"
          ],
          "create_before_destroy": true
        },
        {
          "index_key": "fgt_internal_cn-northwest-1b",
          "schema_version": 1,
          "attributes": {
            "arn": "arn:aws-cn:ec2:cn-northwest-1:321536109689:subnet/subnet-03a08d638c5024615",
            "assign_ipv6_address_on_creation": false,
            "availability_zone": "cn-northwest-1b",
            "availability_zone_id": "cnnw1-az2",
            "cidr_block": "10.0.3.0/24",
            "customer_owned_ipv4_pool": "",
            "enable_dns64": false,
            "enable_lni_at_device_index": 0,
            "enable_resource_name_dns_a_record_on_launch": false,
            "enable_resource_name_dns_aaaa_record_on_launch": false,
            "id": "subnet-03a08d638c5024615",
            "ipv6_cidr_block": "",
            "ipv6_cidr_block_association_id": "",
            "ipv6_native": false,
            "map_customer_owned_ip_on_launch": false,
            "map_public_ip_on_launch": false,
            "outpost_arn": "",
            "owner_id": "321536109689",
            "private_dns_hostname_type_on_launch": "ip-name",
            "tags": {
              "Name": "fgt_internal_cn-northwest-1b",
              "created_from": "Terraform",
              "purpuse": "ASG_TEST"
            },
            "tags_all": {
              "Name": "fgt_internal_cn-northwest-1b",
              "created_from": "Terraform",
              "purpuse": "ASG_TEST"
            },
            "timeouts": null,
            "vpc_id": "vpc-0f5fed546bfa5e0b4"
          },
          "sensitive_attributes": [],
          "private": "eyJlMmJmYjczMC1lY2FhLTExZTYtOGY4OC0zNDM2M2JjN2M0YzAiOnsiY3JlYXRlIjo2MDAwMDAwMDAwMDAsImRlbGV0ZSI6MTIwMDAwMDAwMDAwMH0sInNjaGVtYV92ZXJzaW9uIjoiMSJ9",
          "dependencies": [
            "module.security-vpc.aws_vpc.vpc",
            "module.security-vpc.data.aws_vpc.vpc"
          ],
          "create_before_destroy": true
        },
        {
          "index_key": "fgt_login_cn-northwest-1a",
          "schema_version": 1,
          "attributes": {
            "arn": "arn:aws-cn:ec2:cn-northwest-1:321536109689:subnet/subnet-05d141cd16a19e738",
            "assign_ipv6_address_on_creation": false,
            "availability_zone": "cn-northwest-1a",
            "availability_zone_id": "cnnw1-az1",
            "cidr_block": "10.0.0.0/24",
            "customer_owned_ipv4_pool": "",
            "enable_dns64": false,
            "enable_lni_at_device_index": 0,
            "enable_resource_name_dns_a_record_on_launch": false,
            "enable_resource_name_dns_aaaa_record_on_launch": false,
            "id": "subnet-05d141cd16a19e738",
            "ipv6_cidr_block": "",
            "ipv6_cidr_block_association_id": "",
            "ipv6_native": false,
            "map_customer_owned_ip_on_launch": false,
            "map_public_ip_on_launch": false,
            "outpost_arn": "",
            "owner_id": "321536109689",
            "private_dns_hostname_type_on_launch": "ip-name",
            "tags": {
              "Name": "fgt_login_cn-northwest-1a",
              "created_from": "Terraform",
              "purpuse": "ASG_TEST"
            },
            "tags_all": {
              "Name": "fgt_login_cn-northwest-1a",
              "created_from": "Terraform",
              "purpuse": "ASG_TEST"
            },
            "timeouts": null,
            "vpc_id": "vpc-0f5fed546bfa5e0b4"
          },
          "sensitive_attributes": [],
          "private": "eyJlMmJmYjczMC1lY2FhLTExZTYtOGY4OC0zNDM2M2JjN2M0YzAiOnsiY3JlYXRlIjo2MDAwMDAwMDAwMDAsImRlbGV0ZSI6MTIwMDAwMDAwMDAwMH0sInNjaGVtYV92ZXJzaW9uIjoiMSJ9",
          "dependencies": [
            "module.security-vpc.aws_vpc.vpc",
            "module.security-vpc.data.aws_vpc.vpc"
          ],
          "create_before_destroy": true
        },
        {
          "index_key": "fgt_login_cn-northwest-1b",
          "schema_version": 1,
          "attributes": {
            "arn": "arn:aws-cn:ec2:cn-northwest-1:321536109689:subnet/subnet-03efb3c8c9ea40898",
            "assign_ipv6_address_on_creation": false,
            "availability_zone": "cn-northwest-1b",
            "availability_zone_id": "cnnw1-az2",
            "cidr_block": "10.0.2.0/24",
            "customer_owned_ipv4_pool": "",
            "enable_dns64": false,
            "enable_lni_at_device_index": 0,
            "enable_resource_name_dns_a_record_on_launch": false,
            "enable_resource_name_dns_aaaa_record_on_launch": false,
            "id": "subnet-03efb3c8c9ea40898",
            "ipv6_cidr_block": "",
            "ipv6_cidr_block_association_id": "",
            "ipv6_native": false,
            "map_customer_owned_ip_on_launch": false,
            "map_public_ip_on_launch": false,
            "outpost_arn": "",
            "owner_id": "321536109689",
            "private_dns_hostname_type_on_launch": "ip-name",
            "tags": {
              "Name": "fgt_login_cn-northwest-1b",
              "created_from": "Terraform",
              "purpuse": "ASG_TEST"
            },
            "tags_all": {
              "Name": "fgt_login_cn-northwest-1b",
              "created_from": "Terraform",
              "purpuse": "ASG_TEST"
            },
            "timeouts": null,
            "vpc_id": "vpc-0f5fed546bfa5e0b4"
          },
          "sensitive_attributes": [],
          "private": "eyJlMmJmYjczMC1lY2FhLTExZTYtOGY4OC0zNDM2M2JjN2M0YzAiOnsiY3JlYXRlIjo2MDAwMDAwMDAwMDAsImRlbGV0ZSI6MTIwMDAwMDAwMDAwMH0sInNjaGVtYV92ZXJzaW9uIjoiMSJ9",
          "dependencies": [
            "module.security-vpc.aws_vpc.vpc",
            "module.security-vpc.data.aws_vpc.vpc"
          ],
          "create_before_destroy": true
        }
      ]
    },
    {
      "module": "module.security-vpc",
      "mode": "managed",
      "type": "aws_vpc",
      "name": "vpc",
      "provider": "provider[\"registry.terraform.io/hashicorp/aws\"]",
      "instances": [
        {
          "index_key": 0,
          "schema_version": 1,
          "attributes": {
            "arn": "arn:aws-cn:ec2:cn-northwest-1:321536109689:vpc/vpc-0f5fed546bfa5e0b4",
            "assign_generated_ipv6_cidr_block": false,
            "cidr_block": "10.0.0.0/16",
            "default_network_acl_id": "acl-0427841cc0de00e1a",
            "default_route_table_id": "rtb-0a26ed11e71168b75",
            "default_security_group_id": "sg-02efd9aab98c046d7",
            "dhcp_options_id": "dopt-34dc235d",
            "enable_dns_hostnames": false,
            "enable_dns_support": true,
            "enable_network_address_usage_metrics": false,
            "id": "vpc-0f5fed546bfa5e0b4",
            "instance_tenancy": "default",
            "ipv4_ipam_pool_id": null,
            "ipv4_netmask_length": null,
            "ipv6_association_id": "",
            "ipv6_cidr_block": "",
            "ipv6_cidr_block_network_border_group": "",
            "ipv6_ipam_pool_id": "",
            "ipv6_netmask_length": 0,
            "main_route_table_id": "rtb-0a26ed11e71168b75",
            "owner_id": "321536109689",
            "tags": {
              "Name": "security-vpc",
              "created_from": "Terraform",
              "purpuse": "ASG_TEST",
              "test_tag": "tgw-test-tag"
            },
            "tags_all": {
              "Name": "security-vpc",
              "created_from": "Terraform",
              "purpuse": "ASG_TEST",
              "test_tag": "tgw-test-tag"
            }
          },
          "sensitive_attributes": [],
          "private": "eyJzY2hlbWFfdmVyc2lvbiI6IjEifQ==",
          "create_before_destroy": true
        }
      ]
    }
  ],
  "check_results": [
    {
      "object_kind": "var",
      "config_addr": "module.security-vpc.var.tags",
      "status": "unknown",
      "objects": null
    },
    {
      "object_kind": "var",
      "config_addr": "module.spkvpc-rt.var.routes",
      "status": "unknown",
      "objects": null
    },
    {
      "object_kind": "var",
      "config_addr": "module.security-vpc-gwlb.var.gwlb_tg_attachments",
      "status": "unknown",
      "objects": null
    },
    {
      "object_kind": "var",
      "config_addr": "module.security-vpc-gwlb.var.existing_gwlb_ep_service",
      "status": "unknown",
      "objects": null
    },
    {
      "object_kind": "var",
      "config_addr": "module.security-vpc.var.subnets",
      "status": "unknown",
      "objects": null
    },
    {
      "object_kind": "var",
      "config_addr": "module.security-vpc.var.existing_igw",
      "status": "unknown",
      "objects": null
    },
    {
      "object_kind": "var",
      "config_addr": "module.security_route_table.var.routes",
      "status": "unknown",
      "objects": null
    },
    {
      "object_kind": "var",
      "config_addr": "module.security-vpc-gwlb.var.existing_gwlb",
      "status": "unknown",
      "objects": null
    },
    {
      "object_kind": "var",
      "config_addr": "module.security-vpc.var.existing_vpc",
      "status": "unknown",
      "objects": null
    },
    {
      "object_kind": "var",
      "config_addr": "module.security_route_table.var.tags",
      "status": "unknown",
      "objects": null
    },
    {
      "object_kind": "var",
      "config_addr": "var.existing_gwlb_tgp",
      "status": "unknown",
      "objects": [
        {
          "object_addr": "var.existing_gwlb_tgp",
          "status": "unknown"
        }
      ]
    },
    {
      "object_kind": "var",
      "config_addr": "module.security-vpc-gwlb.var.tags",
      "status": "unknown",
      "objects": null
    },
    {
      "object_kind": "var",
      "config_addr": "var.subnets",
      "status": "unknown",
      "objects": [
        {
          "object_addr": "var.subnets",
          "status": "unknown"
        }
      ]
    },
    {
      "object_kind": "var",
      "config_addr": "var.existing_igw",
      "status": "unknown",
      "objects": [
        {
          "object_addr": "var.existing_igw",
          "status": "unknown"
        }
      ]
    },
    {
      "object_kind": "var",
      "config_addr": "var.security_groups",
      "status": "unknown",
      "objects": [
        {
          "object_addr": "var.security_groups",
          "status": "unknown"
        }
      ]
    },
    {
      "object_kind": "var",
      "config_addr": "var.spk_vpc",
      "status": "unknown",
      "objects": [
        {
          "object_addr": "var.spk_vpc",
          "status": "unknown"
        }
      ]
    },
    {
      "object_kind": "var",
      "config_addr": "var.existing_security_vpc",
      "status": "unknown",
      "objects": [
        {
          "object_addr": "var.existing_security_vpc",
          "status": "unknown"
        }
      ]
    },
    {
      "object_kind": "var",
      "config_addr": "var.existing_gwlb_ep_service",
      "status": "unknown",
      "objects": [
        {
          "object_addr": "var.existing_gwlb_ep_service",
          "status": "unknown"
        }
      ]
    },
    {
      "object_kind": "var",
      "config_addr": "var.fgt_intf_mode",
      "status": "unknown",
      "objects": [
        {
          "object_addr": "var.fgt_intf_mode",
          "status": "unknown"
        }
      ]
    },
    {
      "object_kind": "var",
      "config_addr": "module.security-vpc-gwlb.var.gwlb_endps",
      "status": "unknown",
      "objects": null
    },
    {
      "object_kind": "var",
      "config_addr": "var.existing_subnets",
      "status": "unknown",
      "objects": [
        {
          "object_addr": "var.existing_subnets",
          "status": "unknown"
        }
      ]
    },
    {
      "object_kind": "var",
      "config_addr": "module.spkvpc-rt.var.existing_rt",
      "status": "unknown",
      "objects": null
    },
    {
      "object_kind": "var",
      "config_addr": "module.security-vpc.var.security_groups",
      "status": "unknown",
      "objects": null
    },
    {
      "object_kind": "var",
      "config_addr": "module.fgt_asg.var.tags",
      "status": "unknown",
      "objects": null
    },
    {
      "object_kind": "var",
      "config_addr": "module.security_route_table.var.existing_rt",
      "status": "unknown",
      "objects": null
    },
    {
      "object_kind": "var",
      "config_addr": "var.cloudwatch_alarms",
      "status": "unknown",
      "objects": [
        {
          "object_addr": "var.cloudwatch_alarms",
          "status": "unknown"
        }
      ]
    },
    {
      "object_kind": "var",
      "config_addr": "var.existing_gwlb",
      "status": "unknown",
      "objects": [
        {
          "object_addr": "var.existing_gwlb",
          "status": "unknown"
        }
      ]
    },
    {
      "object_kind": "var",
      "config_addr": "module.spkvpc-rt.var.tags",
      "status": "unknown",
      "objects": null
    },
    {
      "object_kind": "var",
      "config_addr": "module.fgt_asg.var.network_interfaces",
      "status": "unknown",
      "objects": null
    },
    {
      "object_kind": "var",
      "config_addr": "module.security-vpc-gwlb.var.health_check",
      "status": "unknown",
      "objects": null
    },
    {
      "object_kind": "var",
      "config_addr": "module.security-vpc-gwlb.var.existing_gwlb_tgp",
      "status": "unknown",
      "objects": null
    },
    {
      "object_kind": "var",
      "config_addr": "var.subnet_cidr_block",
      "status": "unknown",
      "objects": [
        {
          "object_addr": "var.subnet_cidr_block",
          "status": "unknown"
        }
      ]
    }
  ]
}
