{
  "version": 4,
  "terraform_version": "1.10.5",
  "serial": 275,
  "lineage": "5d2a7084-6bed-20a5-d821-23073a090356",
  "outputs": {
    "FGTActiveMGMTPublicIP": {
      "value": "18.139.50.111",
      "type": "string"
    },
    "FGTClusterPublicFQDN": {
      "value": "https://ec2-13-250-159-215.ap-southeast-1.compute.amazonaws.com:8443",
      "type": "string"
    },
    "FGTClusterPublicIP": {
      "value": "13.250.159.215",
      "type": "string"
    },
    "FGTPassiveMGMTPublicIP": {
      "value": "52.77.199.139",
      "type": "string"
    },
    "Password": {
      "value": "i-04d4811837fb13257",
      "type": "string"
    },
    "Username": {
      "value": "admin",
      "type": "string"
    }
  },
  "resources": [
    {
      "mode": "managed",
      "type": "aws_eip",
      "name": "ClusterPublicIP",
      "provider": "provider[\"registry.terraform.io/hashicorp/aws\"]",
      "instances": [
        {
          "schema_version": 0,
          "attributes": {
            "address": null,
            "allocation_id": "eipalloc-084fdb6074e2b42c7",
            "arn": "arn:aws:ec2:ap-southeast-1:654654395042:elastic-ip/eipalloc-084fdb6074e2b42c7",
            "associate_with_private_ip": null,
            "association_id": "eipassoc-0c77bab28a615e436",
            "carrier_ip": "",
            "customer_owned_ip": "",
            "customer_owned_ipv4_pool": "",
            "domain": "vpc",
            "id": "eipalloc-084fdb6074e2b42c7",
            "instance": "i-04d4811837fb13257",
            "ipam_pool_id": null,
            "network_border_group": "ap-southeast-1",
            "network_interface": "eni-0557abf959764469d",
            "private_dns": "ip-20-1-0-10.ap-southeast-1.compute.internal",
            "private_ip": "20.1.0.10",
            "ptr_record": "",
            "public_dns": "ec2-13-250-159-215.ap-southeast-1.compute.amazonaws.com",
            "public_ip": "13.250.159.215",
            "public_ipv4_pool": "amazon",
            "tags": null,
            "tags_all": {},
            "timeouts": null,
            "vpc": true
          },
          "sensitive_attributes": [],
          "private": "eyJlMmJmYjczMC1lY2FhLTExZTYtOGY4OC0zNDM2M2JjN2M0YzAiOnsiZGVsZXRlIjoxODAwMDAwMDAwMDAsInJlYWQiOjkwMDAwMDAwMDAwMCwidXBkYXRlIjozMDAwMDAwMDAwMDB9fQ==",
          "dependencies": [
            "aws_instance.fgtactive",
            "aws_network_interface.eth0",
            "aws_network_interface.eth1",
            "aws_network_interface.eth2",
            "aws_network_interface.eth3",
            "aws_subnet.hamgmtsubnetaz1",
            "aws_subnet.hasyncsubnetaz1",
            "aws_subnet.privatesubnetaz1",
            "aws_subnet.publicsubnetaz1",
            "aws_vpc.fgtvm-vpc"
          ]
        }
      ]
    },
    {
      "mode": "managed",
      "type": "aws_eip",
      "name": "MGMTPublicIP",
      "provider": "provider[\"registry.terraform.io/hashicorp/aws\"]",
      "instances": [
        {
          "schema_version": 0,
          "attributes": {
            "address": null,
            "allocation_id": "eipalloc-0f3d3445292b490ea",
            "arn": "arn:aws:ec2:ap-southeast-1:654654395042:elastic-ip/eipalloc-0f3d3445292b490ea",
            "associate_with_private_ip": null,
            "association_id": "eipassoc-0a909287c6b1d210d",
            "carrier_ip": "",
            "customer_owned_ip": "",
            "customer_owned_ipv4_pool": "",
            "domain": "vpc",
            "id": "eipalloc-0f3d3445292b490ea",
            "instance": "i-04d4811837fb13257",
            "ipam_pool_id": null,
            "network_border_group": "ap-southeast-1",
            "network_interface": "eni-0ed98cf93238d5d07",
            "private_dns": "ip-20-1-3-10.ap-southeast-1.compute.internal",
            "private_ip": "20.1.3.10",
            "ptr_record": "",
            "public_dns": "ec2-18-139-50-111.ap-southeast-1.compute.amazonaws.com",
            "public_ip": "18.139.50.111",
            "public_ipv4_pool": "amazon",
            "tags": null,
            "tags_all": {},
            "timeouts": null,
            "vpc": true
          },
          "sensitive_attributes": [],
          "private": "eyJlMmJmYjczMC1lY2FhLTExZTYtOGY4OC0zNDM2M2JjN2M0YzAiOnsiZGVsZXRlIjoxODAwMDAwMDAwMDAsInJlYWQiOjkwMDAwMDAwMDAwMCwidXBkYXRlIjozMDAwMDAwMDAwMDB9fQ==",
          "dependencies": [
            "aws_instance.fgtactive",
            "aws_network_interface.eth0",
            "aws_network_interface.eth1",
            "aws_network_interface.eth2",
            "aws_network_interface.eth3",
            "aws_subnet.hamgmtsubnetaz1",
            "aws_subnet.hasyncsubnetaz1",
            "aws_subnet.privatesubnetaz1",
            "aws_subnet.publicsubnetaz1",
            "aws_vpc.fgtvm-vpc"
          ]
        }
      ]
    },
    {
      "mode": "managed",
      "type": "aws_eip",
      "name": "PassiveMGMTPublicIP",
      "provider": "provider[\"registry.terraform.io/hashicorp/aws\"]",
      "instances": [
        {
          "schema_version": 0,
          "attributes": {
            "address": null,
            "allocation_id": "eipalloc-05c8293b7aa8bd329",
            "arn": "arn:aws:ec2:ap-southeast-1:654654395042:elastic-ip/eipalloc-05c8293b7aa8bd329",
            "associate_with_private_ip": null,
            "association_id": "eipassoc-03da09ec5c1f2e541",
            "carrier_ip": "",
            "customer_owned_ip": "",
            "customer_owned_ipv4_pool": "",
            "domain": "vpc",
            "id": "eipalloc-05c8293b7aa8bd329",
            "instance": "i-0564552ef156e933e",
            "ipam_pool_id": null,
            "network_border_group": "ap-southeast-1",
            "network_interface": "eni-0ecf8a0aba762f322",
            "private_dns": "ip-20-1-13-10.ap-southeast-1.compute.internal",
            "private_ip": "20.1.13.10",
            "ptr_record": "",
            "public_dns": "ec2-52-77-199-139.ap-southeast-1.compute.amazonaws.com",
            "public_ip": "52.77.199.139",
            "public_ipv4_pool": "amazon",
            "tags": null,
            "tags_all": {},
            "timeouts": null,
            "vpc": true
          },
          "sensitive_attributes": [],
          "private": "eyJlMmJmYjczMC1lY2FhLTExZTYtOGY4OC0zNDM2M2JjN2M0YzAiOnsiZGVsZXRlIjoxODAwMDAwMDAwMDAsInJlYWQiOjkwMDAwMDAwMDAwMCwidXBkYXRlIjozMDAwMDAwMDAwMDB9fQ==",
          "dependencies": [
            "aws_instance.fgtactive",
            "aws_instance.fgtpassive",
            "aws_network_interface.eth0",
            "aws_network_interface.eth1",
            "aws_network_interface.eth2",
            "aws_network_interface.eth3",
            "aws_network_interface.passiveeth0",
            "aws_network_interface.passiveeth1",
            "aws_network_interface.passiveeth2",
            "aws_network_interface.passiveeth3",
            "aws_subnet.hamgmtsubnetaz1",
            "aws_subnet.hamgmtsubnetaz2",
            "aws_subnet.hasyncsubnetaz1",
            "aws_subnet.hasyncsubnetaz2",
            "aws_subnet.privatesubnetaz1",
            "aws_subnet.privatesubnetaz2",
            "aws_subnet.publicsubnetaz1",
            "aws_subnet.publicsubnetaz2",
            "aws_vpc.fgtvm-vpc"
          ]
        }
      ]
    },
    {
      "mode": "managed",
      "type": "aws_instance",
      "name": "fgtactive",
      "provider": "provider[\"registry.terraform.io/hashicorp/aws\"]",
      "instances": [
        {
          "schema_version": 1,
          "attributes": {
            "ami": "ami-05122eae6fbf872c3",
            "arn": "arn:aws:ec2:ap-southeast-1:654654395042:instance/i-04d4811837fb13257",
            "associate_public_ip_address": false,
            "availability_zone": "ap-southeast-1a",
            "capacity_reservation_specification": [
              {
                "capacity_reservation_preference": "open",
                "capacity_reservation_target": []
              }
            ],
            "cpu_core_count": 2,
            "cpu_options": [
              {
                "amd_sev_snp": "",
                "core_count": 2,
                "threads_per_core": 2
              }
            ],
            "cpu_threads_per_core": 2,
            "credit_specification": [],
            "disable_api_stop": false,
            "disable_api_termination": false,
            "ebs_block_device": [
              {
                "delete_on_termination": true,
                "device_name": "/dev/sdb",
                "encrypted": false,
                "iops": 100,
                "kms_key_id": "",
                "snapshot_id": "",
                "tags": {},
                "tags_all": {},
                "throughput": 0,
                "volume_id": "vol-0d880377bc9f22a54",
                "volume_size": 30,
                "volume_type": "gp2"
              }
            ],
            "ebs_optimized": false,
            "enable_primary_ipv6": null,
            "enclave_options": [
              {
                "enabled": false
              }
            ],
            "ephemeral_block_device": [],
            "get_password_data": false,
            "hibernation": false,
            "host_id": "",
            "host_resource_group_arn": null,
            "iam_instance_profile": "xpert-lab-role",
            "id": "i-04d4811837fb13257",
            "instance_initiated_shutdown_behavior": "stop",
            "instance_lifecycle": "",
            "instance_market_options": [],
            "instance_state": "running",
            "instance_type": "c5.xlarge",
            "ipv6_address_count": 0,
            "ipv6_addresses": [],
            "key_name": "ztna_client-lab-windows-ap-southeast-1",
            "launch_template": [],
            "maintenance_options": [
              {
                "auto_recovery": "default"
              }
            ],
            "metadata_options": [
              {
                "http_endpoint": "enabled",
                "http_protocol_ipv6": "disabled",
                "http_put_response_hop_limit": 2,
                "http_tokens": "required",
                "instance_metadata_tags": "disabled"
              }
            ],
            "monitoring": false,
            "network_interface": [
              {
                "delete_on_termination": false,
                "device_index": 0,
                "network_card_index": 0,
                "network_interface_id": "eni-0557abf959764469d"
              },
              {
                "delete_on_termination": false,
                "device_index": 1,
                "network_card_index": 0,
                "network_interface_id": "eni-09f4e02eb152032dc"
              },
              {
                "delete_on_termination": false,
                "device_index": 2,
                "network_card_index": 0,
                "network_interface_id": "eni-0ebe4c686427987c0"
              },
              {
                "delete_on_termination": false,
                "device_index": 3,
                "network_card_index": 0,
                "network_interface_id": "eni-0ed98cf93238d5d07"
              }
            ],
            "outpost_arn": "",
            "password_data": "",
            "placement_group": "",
            "placement_partition_number": 0,
            "primary_network_interface_id": "eni-0557abf959764469d",
            "private_dns": "ip-20-1-0-10.ap-southeast-1.compute.internal",
            "private_dns_name_options": [
              {
                "enable_resource_name_dns_a_record": false,
                "enable_resource_name_dns_aaaa_record": false,
                "hostname_type": "ip-name"
              }
            ],
            "private_ip": "20.1.0.10",
            "public_dns": "",
            "public_ip": "",
            "root_block_device": [
              {
                "delete_on_termination": true,
                "device_name": "/dev/sda1",
                "encrypted": false,
                "iops": 100,
                "kms_key_id": "",
                "tags": null,
                "tags_all": {},
                "throughput": 0,
                "volume_id": "vol-0942eb36c756f01a1",
                "volume_size": 2,
                "volume_type": "gp2"
              }
            ],
            "secondary_private_ips": [],
            "security_groups": [],
            "source_dest_check": true,
            "spot_instance_request_id": "",
            "subnet_id": "subnet-08d81e2b3744bdfe1",
            "tags": {
              "Name": "FortiGateVM Active"
            },
            "tags_all": {
              "Name": "FortiGateVM Active"
            },
            "tenancy": "default",
            "timeouts": null,
            "user_data": "037af7e5ae3ee4f219dfa0ebb2c654f348643774",
            "user_data_base64": null,
            "user_data_replace_on_change": false,
            "volume_tags": null,
            "vpc_security_group_ids": [
              "sg-053eae0190d299ee6",
              "sg-05fb127655c0bb209"
            ]
          },
          "sensitive_attributes": [],
          "private": "eyJlMmJmYjczMC1lY2FhLTExZTYtOGY4OC0zNDM2M2JjN2M0YzAiOnsiY3JlYXRlIjo2MDAwMDAwMDAwMDAsImRlbGV0ZSI6MTIwMDAwMDAwMDAwMCwicmVhZCI6OTAwMDAwMDAwMDAwLCJ1cGRhdGUiOjYwMDAwMDAwMDAwMH0sInNjaGVtYV92ZXJzaW9uIjoiMSJ9",
          "dependencies": [
            "aws_network_interface.eth0",
            "aws_network_interface.eth1",
            "aws_network_interface.eth2",
            "aws_network_interface.eth3",
            "aws_subnet.hamgmtsubnetaz1",
            "aws_subnet.hasyncsubnetaz1",
            "aws_subnet.privatesubnetaz1",
            "aws_subnet.publicsubnetaz1",
            "aws_vpc.fgtvm-vpc"
          ]
        }
      ]
    },
    {
      "mode": "managed",
      "type": "aws_instance",
      "name": "fgtpassive",
      "provider": "provider[\"registry.terraform.io/hashicorp/aws\"]",
      "instances": [
        {
          "schema_version": 1,
          "attributes": {
            "ami": "ami-05122eae6fbf872c3",
            "arn": "arn:aws:ec2:ap-southeast-1:654654395042:instance/i-0564552ef156e933e",
            "associate_public_ip_address": false,
            "availability_zone": "ap-southeast-1b",
            "capacity_reservation_specification": [
              {
                "capacity_reservation_preference": "open",
                "capacity_reservation_target": []
              }
            ],
            "cpu_core_count": 2,
            "cpu_options": [
              {
                "amd_sev_snp": "",
                "core_count": 2,
                "threads_per_core": 2
              }
            ],
            "cpu_threads_per_core": 2,
            "credit_specification": [],
            "disable_api_stop": false,
            "disable_api_termination": false,
            "ebs_block_device": [
              {
                "delete_on_termination": true,
                "device_name": "/dev/sdb",
                "encrypted": false,
                "iops": 100,
                "kms_key_id": "",
                "snapshot_id": "",
                "tags": {},
                "tags_all": {},
                "throughput": 0,
                "volume_id": "vol-0b5cd4018bb6b70e6",
                "volume_size": 30,
                "volume_type": "gp2"
              }
            ],
            "ebs_optimized": false,
            "enable_primary_ipv6": null,
            "enclave_options": [
              {
                "enabled": false
              }
            ],
            "ephemeral_block_device": [],
            "get_password_data": false,
            "hibernation": false,
            "host_id": "",
            "host_resource_group_arn": null,
            "iam_instance_profile": "xpert-lab-role",
            "id": "i-0564552ef156e933e",
            "instance_initiated_shutdown_behavior": "stop",
            "instance_lifecycle": "",
            "instance_market_options": [],
            "instance_state": "running",
            "instance_type": "c5.xlarge",
            "ipv6_address_count": 0,
            "ipv6_addresses": [],
            "key_name": "ztna_client-lab-windows-ap-southeast-1",
            "launch_template": [],
            "maintenance_options": [
              {
                "auto_recovery": "default"
              }
            ],
            "metadata_options": [
              {
                "http_endpoint": "enabled",
                "http_protocol_ipv6": "disabled",
                "http_put_response_hop_limit": 2,
                "http_tokens": "required",
                "instance_metadata_tags": "disabled"
              }
            ],
            "monitoring": false,
            "network_interface": [
              {
                "delete_on_termination": false,
                "device_index": 0,
                "network_card_index": 0,
                "network_interface_id": "eni-0fc3d3e3727bdd052"
              },
              {
                "delete_on_termination": false,
                "device_index": 1,
                "network_card_index": 0,
                "network_interface_id": "eni-0b055a74f0512bb64"
              },
              {
                "delete_on_termination": false,
                "device_index": 2,
                "network_card_index": 0,
                "network_interface_id": "eni-0772cea3aa9000823"
              },
              {
                "delete_on_termination": false,
                "device_index": 3,
                "network_card_index": 0,
                "network_interface_id": "eni-0ecf8a0aba762f322"
              }
            ],
            "outpost_arn": "",
            "password_data": "",
            "placement_group": "",
            "placement_partition_number": 0,
            "primary_network_interface_id": "eni-0fc3d3e3727bdd052",
            "private_dns": "ip-20-1-10-10.ap-southeast-1.compute.internal",
            "private_dns_name_options": [
              {
                "enable_resource_name_dns_a_record": false,
                "enable_resource_name_dns_aaaa_record": false,
                "hostname_type": "ip-name"
              }
            ],
            "private_ip": "20.1.10.10",
            "public_dns": "",
            "public_ip": "",
            "root_block_device": [
              {
                "delete_on_termination": true,
                "device_name": "/dev/sda1",
                "encrypted": false,
                "iops": 100,
                "kms_key_id": "",
                "tags": null,
                "tags_all": {},
                "throughput": 0,
                "volume_id": "vol-04f937938ecfd45ef",
                "volume_size": 2,
                "volume_type": "gp2"
              }
            ],
            "secondary_private_ips": [],
            "security_groups": [],
            "source_dest_check": true,
            "spot_instance_request_id": "",
            "subnet_id": "subnet-0db5b4bbdc792f3a0",
            "tags": {
              "Name": "FortiGateVM Passive"
            },
            "tags_all": {
              "Name": "FortiGateVM Passive"
            },
            "tenancy": "default",
            "timeouts": null,
            "user_data": "7e855f07ba717bf81f7173dced20619f532d9db0",
            "user_data_base64": null,
            "user_data_replace_on_change": false,
            "volume_tags": null,
            "vpc_security_group_ids": [
              "sg-053eae0190d299ee6",
              "sg-05fb127655c0bb209"
            ]
          },
          "sensitive_attributes": [],
          "private": "eyJlMmJmYjczMC1lY2FhLTExZTYtOGY4OC0zNDM2M2JjN2M0YzAiOnsiY3JlYXRlIjo2MDAwMDAwMDAwMDAsImRlbGV0ZSI6MTIwMDAwMDAwMDAwMCwicmVhZCI6OTAwMDAwMDAwMDAwLCJ1cGRhdGUiOjYwMDAwMDAwMDAwMH0sInNjaGVtYV92ZXJzaW9uIjoiMSJ9",
          "dependencies": [
            "aws_instance.fgtactive",
            "aws_network_interface.eth0",
            "aws_network_interface.eth1",
            "aws_network_interface.eth2",
            "aws_network_interface.eth3",
            "aws_network_interface.passiveeth0",
            "aws_network_interface.passiveeth1",
            "aws_network_interface.passiveeth2",
            "aws_network_interface.passiveeth3",
            "aws_subnet.hamgmtsubnetaz1",
            "aws_subnet.hamgmtsubnetaz2",
            "aws_subnet.hasyncsubnetaz1",
            "aws_subnet.hasyncsubnetaz2",
            "aws_subnet.privatesubnetaz1",
            "aws_subnet.privatesubnetaz2",
            "aws_subnet.publicsubnetaz1",
            "aws_subnet.publicsubnetaz2",
            "aws_vpc.fgtvm-vpc"
          ]
        }
      ]
    },
    {
      "mode": "managed",
      "type": "aws_internet_gateway",
      "name": "fgtvmigw",
      "provider": "provider[\"registry.terraform.io/hashicorp/aws\"]",
      "instances": [
        {
          "schema_version": 0,
          "attributes": {
            "arn": "arn:aws:ec2:ap-southeast-1:654654395042:internet-gateway/igw-0ad40034c3da3ca34",
            "id": "igw-0ad40034c3da3ca34",
            "owner_id": "654654395042",
            "tags": {
              "Name": "fgtvm-igw"
            },
            "tags_all": {
              "Name": "fgtvm-igw"
            },
            "timeouts": null,
            "vpc_id": "vpc-03bd4dea3af8ecc9d"
          },
          "sensitive_attributes": [],
          "private": "eyJlMmJmYjczMC1lY2FhLTExZTYtOGY4OC0zNDM2M2JjN2M0YzAiOnsiY3JlYXRlIjoxMjAwMDAwMDAwMDAwLCJkZWxldGUiOjEyMDAwMDAwMDAwMDAsInVwZGF0ZSI6MTIwMDAwMDAwMDAwMH19",
          "dependencies": [
            "aws_vpc.fgtvm-vpc"
          ]
        }
      ]
    },
    {
      "mode": "managed",
      "type": "aws_network_interface",
      "name": "eth0",
      "provider": "provider[\"registry.terraform.io/hashicorp/aws\"]",
      "instances": [
        {
          "schema_version": 0,
          "attributes": {
            "arn": "arn:aws:ec2:ap-southeast-1:654654395042:network-interface/eni-0557abf959764469d",
            "attachment": [],
            "description": "active-port1",
            "enable_primary_ipv6": null,
            "id": "eni-0557abf959764469d",
            "interface_type": "interface",
            "ipv4_prefix_count": 0,
            "ipv4_prefixes": [],
            "ipv6_address_count": 0,
            "ipv6_address_list": [],
            "ipv6_address_list_enabled": false,
            "ipv6_addresses": [],
            "ipv6_prefix_count": 0,
            "ipv6_prefixes": [],
            "mac_address": "06:6a:ce:d8:41:f7",
            "outpost_arn": "",
            "owner_id": "654654395042",
            "private_dns_name": "ip-20-1-0-10.ap-southeast-1.compute.internal",
            "private_ip": "20.1.0.10",
            "private_ip_list": [
              "20.1.0.10"
            ],
            "private_ip_list_enabled": false,
            "private_ips": [
              "20.1.0.10"
            ],
            "private_ips_count": 0,
            "security_groups": [
              "sg-05fb127655c0bb209"
            ],
            "source_dest_check": true,
            "subnet_id": "subnet-08d81e2b3744bdfe1",
            "tags": null,
            "tags_all": {}
          },
          "sensitive_attributes": [],
          "private": "bnVsbA==",
          "dependencies": [
            "aws_subnet.publicsubnetaz1",
            "aws_vpc.fgtvm-vpc"
          ]
        }
      ]
    },
    {
      "mode": "managed",
      "type": "aws_network_interface",
      "name": "eth1",
      "provider": "provider[\"registry.terraform.io/hashicorp/aws\"]",
      "instances": [
        {
          "schema_version": 0,
          "attributes": {
            "arn": "arn:aws:ec2:ap-southeast-1:654654395042:network-interface/eni-09f4e02eb152032dc",
            "attachment": [],
            "description": "active-port2",
            "enable_primary_ipv6": null,
            "id": "eni-09f4e02eb152032dc",
            "interface_type": "interface",
            "ipv4_prefix_count": 0,
            "ipv4_prefixes": [],
            "ipv6_address_count": 0,
            "ipv6_address_list": [],
            "ipv6_address_list_enabled": false,
            "ipv6_addresses": [],
            "ipv6_prefix_count": 0,
            "ipv6_prefixes": [],
            "mac_address": "06:65:23:c0:c7:93",
            "outpost_arn": "",
            "owner_id": "654654395042",
            "private_dns_name": "ip-20-1-1-10.ap-southeast-1.compute.internal",
            "private_ip": "20.1.1.10",
            "private_ip_list": [
              "20.1.1.10"
            ],
            "private_ip_list_enabled": false,
            "private_ips": [
              "20.1.1.10"
            ],
            "private_ips_count": 0,
            "security_groups": [
              "sg-05fb127655c0bb209"
            ],
            "source_dest_check": false,
            "subnet_id": "subnet-05df13c80773654ec",
            "tags": null,
            "tags_all": {}
          },
          "sensitive_attributes": [],
          "private": "bnVsbA==",
          "dependencies": [
            "aws_subnet.privatesubnetaz1",
            "aws_vpc.fgtvm-vpc"
          ]
        }
      ]
    },
    {
      "mode": "managed",
      "type": "aws_network_interface",
      "name": "eth2",
      "provider": "provider[\"registry.terraform.io/hashicorp/aws\"]",
      "instances": [
        {
          "schema_version": 0,
          "attributes": {
            "arn": "arn:aws:ec2:ap-southeast-1:654654395042:network-interface/eni-0ebe4c686427987c0",
            "attachment": [],
            "description": "active-port3",
            "enable_primary_ipv6": null,
            "id": "eni-0ebe4c686427987c0",
            "interface_type": "interface",
            "ipv4_prefix_count": 0,
            "ipv4_prefixes": [],
            "ipv6_address_count": 0,
            "ipv6_address_list": [],
            "ipv6_address_list_enabled": false,
            "ipv6_addresses": [],
            "ipv6_prefix_count": 0,
            "ipv6_prefixes": [],
            "mac_address": "06:95:c9:4a:0c:7b",
            "outpost_arn": "",
            "owner_id": "654654395042",
            "private_dns_name": "ip-20-1-2-10.ap-southeast-1.compute.internal",
            "private_ip": "20.1.2.10",
            "private_ip_list": [
              "20.1.2.10"
            ],
            "private_ip_list_enabled": false,
            "private_ips": [
              "20.1.2.10"
            ],
            "private_ips_count": 0,
            "security_groups": [
              "sg-05fb127655c0bb209"
            ],
            "source_dest_check": false,
            "subnet_id": "subnet-0cdd058e32271760c",
            "tags": null,
            "tags_all": {}
          },
          "sensitive_attributes": [],
          "private": "bnVsbA==",
          "dependencies": [
            "aws_subnet.hasyncsubnetaz1",
            "aws_vpc.fgtvm-vpc"
          ]
        }
      ]
    },
    {
      "mode": "managed",
      "type": "aws_network_interface",
      "name": "eth3",
      "provider": "provider[\"registry.terraform.io/hashicorp/aws\"]",
      "instances": [
        {
          "schema_version": 0,
          "attributes": {
            "arn": "arn:aws:ec2:ap-southeast-1:654654395042:network-interface/eni-0ed98cf93238d5d07",
            "attachment": [],
            "description": "active-port4",
            "enable_primary_ipv6": null,
            "id": "eni-0ed98cf93238d5d07",
            "interface_type": "interface",
            "ipv4_prefix_count": 0,
            "ipv4_prefixes": [],
            "ipv6_address_count": 0,
            "ipv6_address_list": [],
            "ipv6_address_list_enabled": false,
            "ipv6_addresses": [],
            "ipv6_prefix_count": 0,
            "ipv6_prefixes": [],
            "mac_address": "06:c7:6a:e2:ea:93",
            "outpost_arn": "",
            "owner_id": "654654395042",
            "private_dns_name": "ip-20-1-3-10.ap-southeast-1.compute.internal",
            "private_ip": "20.1.3.10",
            "private_ip_list": [
              "20.1.3.10"
            ],
            "private_ip_list_enabled": false,
            "private_ips": [
              "20.1.3.10"
            ],
            "private_ips_count": 0,
            "security_groups": [
              "sg-05fb127655c0bb209"
            ],
            "source_dest_check": true,
            "subnet_id": "subnet-0b038d3204a36e275",
            "tags": null,
            "tags_all": {}
          },
          "sensitive_attributes": [],
          "private": "bnVsbA==",
          "dependencies": [
            "aws_subnet.hamgmtsubnetaz1",
            "aws_vpc.fgtvm-vpc"
          ]
        }
      ]
    },
    {
      "mode": "managed",
      "type": "aws_network_interface",
      "name": "passiveeth0",
      "provider": "provider[\"registry.terraform.io/hashicorp/aws\"]",
      "instances": [
        {
          "schema_version": 0,
          "attributes": {
            "arn": "arn:aws:ec2:ap-southeast-1:654654395042:network-interface/eni-0fc3d3e3727bdd052",
            "attachment": [],
            "description": "passive-port1",
            "enable_primary_ipv6": null,
            "id": "eni-0fc3d3e3727bdd052",
            "interface_type": "interface",
            "ipv4_prefix_count": 0,
            "ipv4_prefixes": [],
            "ipv6_address_count": 0,
            "ipv6_address_list": [],
            "ipv6_address_list_enabled": false,
            "ipv6_addresses": [],
            "ipv6_prefix_count": 0,
            "ipv6_prefixes": [],
            "mac_address": "02:13:26:2b:76:89",
            "outpost_arn": "",
            "owner_id": "654654395042",
            "private_dns_name": "ip-20-1-10-10.ap-southeast-1.compute.internal",
            "private_ip": "20.1.10.10",
            "private_ip_list": [
              "20.1.10.10"
            ],
            "private_ip_list_enabled": false,
            "private_ips": [
              "20.1.10.10"
            ],
            "private_ips_count": 0,
            "security_groups": [
              "sg-05fb127655c0bb209"
            ],
            "source_dest_check": true,
            "subnet_id": "subnet-0db5b4bbdc792f3a0",
            "tags": null,
            "tags_all": {}
          },
          "sensitive_attributes": [],
          "private": "bnVsbA==",
          "dependencies": [
            "aws_subnet.publicsubnetaz2",
            "aws_vpc.fgtvm-vpc"
          ]
        }
      ]
    },
    {
      "mode": "managed",
      "type": "aws_network_interface",
      "name": "passiveeth1",
      "provider": "provider[\"registry.terraform.io/hashicorp/aws\"]",
      "instances": [
        {
          "schema_version": 0,
          "attributes": {
            "arn": "arn:aws:ec2:ap-southeast-1:654654395042:network-interface/eni-0b055a74f0512bb64",
            "attachment": [],
            "description": "passive-port2",
            "enable_primary_ipv6": null,
            "id": "eni-0b055a74f0512bb64",
            "interface_type": "interface",
            "ipv4_prefix_count": 0,
            "ipv4_prefixes": [],
            "ipv6_address_count": 0,
            "ipv6_address_list": [],
            "ipv6_address_list_enabled": false,
            "ipv6_addresses": [],
            "ipv6_prefix_count": 0,
            "ipv6_prefixes": [],
            "mac_address": "02:47:14:05:a7:c5",
            "outpost_arn": "",
            "owner_id": "654654395042",
            "private_dns_name": "ip-20-1-11-10.ap-southeast-1.compute.internal",
            "private_ip": "20.1.11.10",
            "private_ip_list": [
              "20.1.11.10"
            ],
            "private_ip_list_enabled": false,
            "private_ips": [
              "20.1.11.10"
            ],
            "private_ips_count": 0,
            "security_groups": [
              "sg-05fb127655c0bb209"
            ],
            "source_dest_check": false,
            "subnet_id": "subnet-0ef5080dc87d68b7b",
            "tags": null,
            "tags_all": {}
          },
          "sensitive_attributes": [],
          "private": "bnVsbA==",
          "dependencies": [
            "aws_subnet.privatesubnetaz2",
            "aws_vpc.fgtvm-vpc"
          ]
        }
      ]
    },
    {
      "mode": "managed",
      "type": "aws_network_interface",
      "name": "passiveeth2",
      "provider": "provider[\"registry.terraform.io/hashicorp/aws\"]",
      "instances": [
        {
          "schema_version": 0,
          "attributes": {
            "arn": "arn:aws:ec2:ap-southeast-1:654654395042:network-interface/eni-0772cea3aa9000823",
            "attachment": [],
            "description": "passive-port3",
            "enable_primary_ipv6": null,
            "id": "eni-0772cea3aa9000823",
            "interface_type": "interface",
            "ipv4_prefix_count": 0,
            "ipv4_prefixes": [],
            "ipv6_address_count": 0,
            "ipv6_address_list": [],
            "ipv6_address_list_enabled": false,
            "ipv6_addresses": [],
            "ipv6_prefix_count": 0,
            "ipv6_prefixes": [],
            "mac_address": "02:52:9b:77:34:7b",
            "outpost_arn": "",
            "owner_id": "654654395042",
            "private_dns_name": "ip-20-1-12-10.ap-southeast-1.compute.internal",
            "private_ip": "20.1.12.10",
            "private_ip_list": [
              "20.1.12.10"
            ],
            "private_ip_list_enabled": false,
            "private_ips": [
              "20.1.12.10"
            ],
            "private_ips_count": 0,
            "security_groups": [
              "sg-05fb127655c0bb209"
            ],
            "source_dest_check": false,
            "subnet_id": "subnet-0da5c7cc9af15c81c",
            "tags": null,
            "tags_all": {}
          },
          "sensitive_attributes": [],
          "private": "bnVsbA==",
          "dependencies": [
            "aws_subnet.hasyncsubnetaz2",
            "aws_vpc.fgtvm-vpc"
          ]
        }
      ]
    },
    {
      "mode": "managed",
      "type": "aws_network_interface",
      "name": "passiveeth3",
      "provider": "provider[\"registry.terraform.io/hashicorp/aws\"]",
      "instances": [
        {
          "schema_version": 0,
          "attributes": {
            "arn": "arn:aws:ec2:ap-southeast-1:654654395042:network-interface/eni-0ecf8a0aba762f322",
            "attachment": [],
            "description": "passive-port4",
            "enable_primary_ipv6": null,
            "id": "eni-0ecf8a0aba762f322",
            "interface_type": "interface",
            "ipv4_prefix_count": 0,
            "ipv4_prefixes": [],
            "ipv6_address_count": 0,
            "ipv6_address_list": [],
            "ipv6_address_list_enabled": false,
            "ipv6_addresses": [],
            "ipv6_prefix_count": 0,
            "ipv6_prefixes": [],
            "mac_address": "02:36:b6:3f:5b:8f",
            "outpost_arn": "",
            "owner_id": "654654395042",
            "private_dns_name": "ip-20-1-13-10.ap-southeast-1.compute.internal",
            "private_ip": "20.1.13.10",
            "private_ip_list": [
              "20.1.13.10"
            ],
            "private_ip_list_enabled": false,
            "private_ips": [
              "20.1.13.10"
            ],
            "private_ips_count": 0,
            "security_groups": [
              "sg-05fb127655c0bb209"
            ],
            "source_dest_check": true,
            "subnet_id": "subnet-0b187440ddddcf94f",
            "tags": null,
            "tags_all": {}
          },
          "sensitive_attributes": [],
          "private": "bnVsbA==",
          "dependencies": [
            "aws_subnet.hamgmtsubnetaz2",
            "aws_vpc.fgtvm-vpc"
          ]
        }
      ]
    },
    {
      "mode": "managed",
      "type": "aws_network_interface_sg_attachment",
      "name": "hasyncattachment",
      "provider": "provider[\"registry.terraform.io/hashicorp/aws\"]",
      "instances": [
        {
          "schema_version": 0,
          "attributes": {
            "id": "sg-0e8f10ab80d8ab971_eni-0ebe4c686427987c0",
            "network_interface_id": "eni-0ebe4c686427987c0",
            "security_group_id": "sg-0e8f10ab80d8ab971",
            "timeouts": null
          },
          "sensitive_attributes": [],
          "private": "eyJlMmJmYjczMC1lY2FhLTExZTYtOGY4OC0zNDM2M2JjN2M0YzAiOnsiY3JlYXRlIjoxODAwMDAwMDAwMDAsImRlbGV0ZSI6MTgwMDAwMDAwMDAwLCJyZWFkIjoxODAwMDAwMDAwMDB9fQ==",
          "dependencies": [
            "aws_network_interface.eth2",
            "aws_security_group.allow_all",
            "aws_subnet.hasyncsubnetaz1",
            "aws_vpc.fgtvm-vpc"
          ]
        }
      ]
    },
    {
      "mode": "managed",
      "type": "aws_network_interface_sg_attachment",
      "name": "internalattachment",
      "provider": "provider[\"registry.terraform.io/hashicorp/aws\"]",
      "instances": [
        {
          "schema_version": 0,
          "attributes": {
            "id": "sg-0e8f10ab80d8ab971_eni-09f4e02eb152032dc",
            "network_interface_id": "eni-09f4e02eb152032dc",
            "security_group_id": "sg-0e8f10ab80d8ab971",
            "timeouts": null
          },
          "sensitive_attributes": [],
          "private": "eyJlMmJmYjczMC1lY2FhLTExZTYtOGY4OC0zNDM2M2JjN2M0YzAiOnsiY3JlYXRlIjoxODAwMDAwMDAwMDAsImRlbGV0ZSI6MTgwMDAwMDAwMDAwLCJyZWFkIjoxODAwMDAwMDAwMDB9fQ==",
          "dependencies": [
            "aws_network_interface.eth1",
            "aws_security_group.allow_all",
            "aws_subnet.privatesubnetaz1",
            "aws_vpc.fgtvm-vpc"
          ]
        }
      ]
    },
    {
      "mode": "managed",
      "type": "aws_network_interface_sg_attachment",
      "name": "mgmtattachment",
      "provider": "provider[\"registry.terraform.io/hashicorp/aws\"]",
      "instances": [
        {
          "schema_version": 0,
          "attributes": {
            "id": "sg-053eae0190d299ee6_eni-0ed98cf93238d5d07",
            "network_interface_id": "eni-0ed98cf93238d5d07",
            "security_group_id": "sg-053eae0190d299ee6",
            "timeouts": null
          },
          "sensitive_attributes": [],
          "private": "eyJlMmJmYjczMC1lY2FhLTExZTYtOGY4OC0zNDM2M2JjN2M0YzAiOnsiY3JlYXRlIjoxODAwMDAwMDAwMDAsImRlbGV0ZSI6MTgwMDAwMDAwMDAwLCJyZWFkIjoxODAwMDAwMDAwMDB9fQ==",
          "dependencies": [
            "aws_network_interface.eth3",
            "aws_security_group.public_allow",
            "aws_subnet.hamgmtsubnetaz1",
            "aws_vpc.fgtvm-vpc"
          ]
        }
      ]
    },
    {
      "mode": "managed",
      "type": "aws_network_interface_sg_attachment",
      "name": "passivehasyncattachment",
      "provider": "provider[\"registry.terraform.io/hashicorp/aws\"]",
      "instances": [
        {
          "schema_version": 0,
          "attributes": {
            "id": "sg-0e8f10ab80d8ab971_eni-0772cea3aa9000823",
            "network_interface_id": "eni-0772cea3aa9000823",
            "security_group_id": "sg-0e8f10ab80d8ab971",
            "timeouts": null
          },
          "sensitive_attributes": [],
          "private": "eyJlMmJmYjczMC1lY2FhLTExZTYtOGY4OC0zNDM2M2JjN2M0YzAiOnsiY3JlYXRlIjoxODAwMDAwMDAwMDAsImRlbGV0ZSI6MTgwMDAwMDAwMDAwLCJyZWFkIjoxODAwMDAwMDAwMDB9fQ==",
          "dependencies": [
            "aws_network_interface.passiveeth2",
            "aws_security_group.allow_all",
            "aws_subnet.hasyncsubnetaz2",
            "aws_vpc.fgtvm-vpc"
          ]
        }
      ]
    },
    {
      "mode": "managed",
      "type": "aws_network_interface_sg_attachment",
      "name": "passiveinternalattachment",
      "provider": "provider[\"registry.terraform.io/hashicorp/aws\"]",
      "instances": [
        {
          "schema_version": 0,
          "attributes": {
            "id": "sg-0e8f10ab80d8ab971_eni-0b055a74f0512bb64",
            "network_interface_id": "eni-0b055a74f0512bb64",
            "security_group_id": "sg-0e8f10ab80d8ab971",
            "timeouts": null
          },
          "sensitive_attributes": [],
          "private": "eyJlMmJmYjczMC1lY2FhLTExZTYtOGY4OC0zNDM2M2JjN2M0YzAiOnsiY3JlYXRlIjoxODAwMDAwMDAwMDAsImRlbGV0ZSI6MTgwMDAwMDAwMDAwLCJyZWFkIjoxODAwMDAwMDAwMDB9fQ==",
          "dependencies": [
            "aws_network_interface.passiveeth1",
            "aws_security_group.allow_all",
            "aws_subnet.privatesubnetaz2",
            "aws_vpc.fgtvm-vpc"
          ]
        }
      ]
    },
    {
      "mode": "managed",
      "type": "aws_network_interface_sg_attachment",
      "name": "passivemgmtattachment",
      "provider": "provider[\"registry.terraform.io/hashicorp/aws\"]",
      "instances": [
        {
          "schema_version": 0,
          "attributes": {
            "id": "sg-053eae0190d299ee6_eni-0ecf8a0aba762f322",
            "network_interface_id": "eni-0ecf8a0aba762f322",
            "security_group_id": "sg-053eae0190d299ee6",
            "timeouts": null
          },
          "sensitive_attributes": [],
          "private": "eyJlMmJmYjczMC1lY2FhLTExZTYtOGY4OC0zNDM2M2JjN2M0YzAiOnsiY3JlYXRlIjoxODAwMDAwMDAwMDAsImRlbGV0ZSI6MTgwMDAwMDAwMDAwLCJyZWFkIjoxODAwMDAwMDAwMDB9fQ==",
          "dependencies": [
            "aws_network_interface.passiveeth3",
            "aws_security_group.public_allow",
            "aws_subnet.hamgmtsubnetaz2",
            "aws_vpc.fgtvm-vpc"
          ]
        }
      ]
    },
    {
      "mode": "managed",
      "type": "aws_network_interface_sg_attachment",
      "name": "passivepublicattachment",
      "provider": "provider[\"registry.terraform.io/hashicorp/aws\"]",
      "instances": [
        {
          "schema_version": 0,
          "attributes": {
            "id": "sg-053eae0190d299ee6_eni-0fc3d3e3727bdd052",
            "network_interface_id": "eni-0fc3d3e3727bdd052",
            "security_group_id": "sg-053eae0190d299ee6",
            "timeouts": null
          },
          "sensitive_attributes": [],
          "private": "eyJlMmJmYjczMC1lY2FhLTExZTYtOGY4OC0zNDM2M2JjN2M0YzAiOnsiY3JlYXRlIjoxODAwMDAwMDAwMDAsImRlbGV0ZSI6MTgwMDAwMDAwMDAwLCJyZWFkIjoxODAwMDAwMDAwMDB9fQ==",
          "dependencies": [
            "aws_network_interface.passiveeth0",
            "aws_security_group.public_allow",
            "aws_subnet.publicsubnetaz2",
            "aws_vpc.fgtvm-vpc"
          ]
        }
      ]
    },
    {
      "mode": "managed",
      "type": "aws_network_interface_sg_attachment",
      "name": "publicattachment",
      "provider": "provider[\"registry.terraform.io/hashicorp/aws\"]",
      "instances": [
        {
          "schema_version": 0,
          "attributes": {
            "id": "sg-053eae0190d299ee6_eni-0557abf959764469d",
            "network_interface_id": "eni-0557abf959764469d",
            "security_group_id": "sg-053eae0190d299ee6",
            "timeouts": null
          },
          "sensitive_attributes": [],
          "private": "eyJlMmJmYjczMC1lY2FhLTExZTYtOGY4OC0zNDM2M2JjN2M0YzAiOnsiY3JlYXRlIjoxODAwMDAwMDAwMDAsImRlbGV0ZSI6MTgwMDAwMDAwMDAwLCJyZWFkIjoxODAwMDAwMDAwMDB9fQ==",
          "dependencies": [
            "aws_network_interface.eth0",
            "aws_security_group.public_allow",
            "aws_subnet.publicsubnetaz1",
            "aws_vpc.fgtvm-vpc"
          ]
        }
      ]
    },
    {
      "mode": "managed",
      "type": "aws_route",
      "name": "externalroute",
      "provider": "provider[\"registry.terraform.io/hashicorp/aws\"]",
      "instances": [
        {
          "schema_version": 0,
          "attributes": {
            "carrier_gateway_id": "",
            "core_network_arn": "",
            "destination_cidr_block": "0.0.0.0/0",
            "destination_ipv6_cidr_block": "",
            "destination_prefix_list_id": "",
            "egress_only_gateway_id": "",
            "gateway_id": "igw-0ad40034c3da3ca34",
            "id": "r-rtb-02d835a91d6be46801080289494",
            "instance_id": "",
            "instance_owner_id": "",
            "local_gateway_id": "",
            "nat_gateway_id": "",
            "network_interface_id": "",
            "origin": "CreateRoute",
            "route_table_id": "rtb-02d835a91d6be4680",
            "state": "active",
            "timeouts": null,
            "transit_gateway_id": "",
            "vpc_endpoint_id": "",
            "vpc_peering_connection_id": ""
          },
          "sensitive_attributes": [],
          "private": "eyJlMmJmYjczMC1lY2FhLTExZTYtOGY4OC0zNDM2M2JjN2M0YzAiOnsiY3JlYXRlIjozMDAwMDAwMDAwMDAsImRlbGV0ZSI6MzAwMDAwMDAwMDAwLCJ1cGRhdGUiOjEyMDAwMDAwMDAwMH19",
          "dependencies": [
            "aws_internet_gateway.fgtvmigw",
            "aws_route_table.fgtvmpublicrt",
            "aws_vpc.fgtvm-vpc"
          ]
        }
      ]
    },
    {
      "mode": "managed",
      "type": "aws_route",
      "name": "internalroute",
      "provider": "provider[\"registry.terraform.io/hashicorp/aws\"]",
      "instances": [
        {
          "schema_version": 0,
          "attributes": {
            "carrier_gateway_id": "",
            "core_network_arn": "",
            "destination_cidr_block": "0.0.0.0/0",
            "destination_ipv6_cidr_block": "",
            "destination_prefix_list_id": "",
            "egress_only_gateway_id": "",
            "gateway_id": "",
            "id": "r-rtb-0ad2ed7954c49af1d1080289494",
            "instance_id": "i-04d4811837fb13257",
            "instance_owner_id": "654654395042",
            "local_gateway_id": "",
            "nat_gateway_id": "",
            "network_interface_id": "eni-09f4e02eb152032dc",
            "origin": "CreateRoute",
            "route_table_id": "rtb-0ad2ed7954c49af1d",
            "state": "active",
            "timeouts": null,
            "transit_gateway_id": "",
            "vpc_endpoint_id": "",
            "vpc_peering_connection_id": ""
          },
          "sensitive_attributes": [],
          "private": "eyJlMmJmYjczMC1lY2FhLTExZTYtOGY4OC0zNDM2M2JjN2M0YzAiOnsiY3JlYXRlIjozMDAwMDAwMDAwMDAsImRlbGV0ZSI6MzAwMDAwMDAwMDAwLCJ1cGRhdGUiOjEyMDAwMDAwMDAwMH19",
          "dependencies": [
            "aws_instance.fgtactive",
            "aws_network_interface.eth0",
            "aws_network_interface.eth1",
            "aws_network_interface.eth2",
            "aws_network_interface.eth3",
            "aws_route_table.fgtvmprivatert",
            "aws_subnet.hamgmtsubnetaz1",
            "aws_subnet.hasyncsubnetaz1",
            "aws_subnet.privatesubnetaz1",
            "aws_subnet.publicsubnetaz1",
            "aws_vpc.fgtvm-vpc"
          ]
        }
      ]
    },
    {
      "mode": "managed",
      "type": "aws_route_table",
      "name": "fgtvmprivatert",
      "provider": "provider[\"registry.terraform.io/hashicorp/aws\"]",
      "instances": [
        {
          "schema_version": 0,
          "attributes": {
            "arn": "arn:aws:ec2:ap-southeast-1:654654395042:route-table/rtb-0ad2ed7954c49af1d",
            "id": "rtb-0ad2ed7954c49af1d",
            "owner_id": "654654395042",
            "propagating_vgws": [],
            "route": [],
            "tags": {
              "Name": "fgtvm-private-rt"
            },
            "tags_all": {
              "Name": "fgtvm-private-rt"
            },
            "timeouts": null,
            "vpc_id": "vpc-03bd4dea3af8ecc9d"
          },
          "sensitive_attributes": [],
          "private": "eyJlMmJmYjczMC1lY2FhLTExZTYtOGY4OC0zNDM2M2JjN2M0YzAiOnsiY3JlYXRlIjozMDAwMDAwMDAwMDAsImRlbGV0ZSI6MzAwMDAwMDAwMDAwLCJ1cGRhdGUiOjEyMDAwMDAwMDAwMH19",
          "dependencies": [
            "aws_vpc.fgtvm-vpc"
          ]
        }
      ]
    },
    {
      "mode": "managed",
      "type": "aws_route_table",
      "name": "fgtvmpublicrt",
      "provider": "provider[\"registry.terraform.io/hashicorp/aws\"]",
      "instances": [
        {
          "schema_version": 0,
          "attributes": {
            "arn": "arn:aws:ec2:ap-southeast-1:654654395042:route-table/rtb-02d835a91d6be4680",
            "id": "rtb-02d835a91d6be4680",
            "owner_id": "654654395042",
            "propagating_vgws": [],
            "route": [],
            "tags": {
              "Name": "fgtvm-public-rt"
            },
            "tags_all": {
              "Name": "fgtvm-public-rt"
            },
            "timeouts": null,
            "vpc_id": "vpc-03bd4dea3af8ecc9d"
          },
          "sensitive_attributes": [],
          "private": "eyJlMmJmYjczMC1lY2FhLTExZTYtOGY4OC0zNDM2M2JjN2M0YzAiOnsiY3JlYXRlIjozMDAwMDAwMDAwMDAsImRlbGV0ZSI6MzAwMDAwMDAwMDAwLCJ1cGRhdGUiOjEyMDAwMDAwMDAwMH19",
          "dependencies": [
            "aws_vpc.fgtvm-vpc"
          ]
        }
      ]
    },
    {
      "mode": "managed",
      "type": "aws_route_table_association",
      "name": "hamgmt1associate",
      "provider": "provider[\"registry.terraform.io/hashicorp/aws\"]",
      "instances": [
        {
          "schema_version": 0,
          "attributes": {
            "gateway_id": "",
            "id": "rtbassoc-0e892c15e611c7e43",
            "route_table_id": "rtb-02d835a91d6be4680",
            "subnet_id": "subnet-0b038d3204a36e275",
            "timeouts": null
          },
          "sensitive_attributes": [],
          "private": "eyJlMmJmYjczMC1lY2FhLTExZTYtOGY4OC0zNDM2M2JjN2M0YzAiOnsiY3JlYXRlIjozMDAwMDAwMDAwMDAsImRlbGV0ZSI6MzAwMDAwMDAwMDAwLCJ1cGRhdGUiOjEyMDAwMDAwMDAwMH19",
          "dependencies": [
            "aws_route_table.fgtvmpublicrt",
            "aws_subnet.hamgmtsubnetaz1",
            "aws_vpc.fgtvm-vpc"
          ]
        }
      ]
    },
    {
      "mode": "managed",
      "type": "aws_route_table_association",
      "name": "hamgmt2associate",
      "provider": "provider[\"registry.terraform.io/hashicorp/aws\"]",
      "instances": [
        {
          "schema_version": 0,
          "attributes": {
            "gateway_id": "",
            "id": "rtbassoc-098863d9525a99df2",
            "route_table_id": "rtb-02d835a91d6be4680",
            "subnet_id": "subnet-0b187440ddddcf94f",
            "timeouts": null
          },
          "sensitive_attributes": [],
          "private": "eyJlMmJmYjczMC1lY2FhLTExZTYtOGY4OC0zNDM2M2JjN2M0YzAiOnsiY3JlYXRlIjozMDAwMDAwMDAwMDAsImRlbGV0ZSI6MzAwMDAwMDAwMDAwLCJ1cGRhdGUiOjEyMDAwMDAwMDAwMH19",
          "dependencies": [
            "aws_route_table.fgtvmpublicrt",
            "aws_subnet.hamgmtsubnetaz2",
            "aws_vpc.fgtvm-vpc"
          ]
        }
      ]
    },
    {
      "mode": "managed",
      "type": "aws_route_table_association",
      "name": "internal2associate",
      "provider": "provider[\"registry.terraform.io/hashicorp/aws\"]",
      "instances": [
        {
          "schema_version": 0,
          "attributes": {
            "gateway_id": "",
            "id": "rtbassoc-0cecc302f10276472",
            "route_table_id": "rtb-0ad2ed7954c49af1d",
            "subnet_id": "subnet-0ef5080dc87d68b7b",
            "timeouts": null
          },
          "sensitive_attributes": [],
          "private": "eyJlMmJmYjczMC1lY2FhLTExZTYtOGY4OC0zNDM2M2JjN2M0YzAiOnsiY3JlYXRlIjozMDAwMDAwMDAwMDAsImRlbGV0ZSI6MzAwMDAwMDAwMDAwLCJ1cGRhdGUiOjEyMDAwMDAwMDAwMH19",
          "dependencies": [
            "aws_route_table.fgtvmprivatert",
            "aws_subnet.privatesubnetaz2",
            "aws_vpc.fgtvm-vpc"
          ]
        }
      ]
    },
    {
      "mode": "managed",
      "type": "aws_route_table_association",
      "name": "internalassociate",
      "provider": "provider[\"registry.terraform.io/hashicorp/aws\"]",
      "instances": [
        {
          "schema_version": 0,
          "attributes": {
            "gateway_id": "",
            "id": "rtbassoc-0c6478b92de2fa32e",
            "route_table_id": "rtb-0ad2ed7954c49af1d",
            "subnet_id": "subnet-05df13c80773654ec",
            "timeouts": null
          },
          "sensitive_attributes": [],
          "private": "eyJlMmJmYjczMC1lY2FhLTExZTYtOGY4OC0zNDM2M2JjN2M0YzAiOnsiY3JlYXRlIjozMDAwMDAwMDAwMDAsImRlbGV0ZSI6MzAwMDAwMDAwMDAwLCJ1cGRhdGUiOjEyMDAwMDAwMDAwMH19",
          "dependencies": [
            "aws_route_table.fgtvmprivatert",
            "aws_subnet.privatesubnetaz1",
            "aws_vpc.fgtvm-vpc"
          ]
        }
      ]
    },
    {
      "mode": "managed",
      "type": "aws_route_table_association",
      "name": "public1associate",
      "provider": "provider[\"registry.terraform.io/hashicorp/aws\"]",
      "instances": [
        {
          "schema_version": 0,
          "attributes": {
            "gateway_id": "",
            "id": "rtbassoc-07503a96c02b40735",
            "route_table_id": "rtb-02d835a91d6be4680",
            "subnet_id": "subnet-08d81e2b3744bdfe1",
            "timeouts": null
          },
          "sensitive_attributes": [],
          "private": "eyJlMmJmYjczMC1lY2FhLTExZTYtOGY4OC0zNDM2M2JjN2M0YzAiOnsiY3JlYXRlIjozMDAwMDAwMDAwMDAsImRlbGV0ZSI6MzAwMDAwMDAwMDAwLCJ1cGRhdGUiOjEyMDAwMDAwMDAwMH19",
          "dependencies": [
            "aws_route_table.fgtvmpublicrt",
            "aws_subnet.publicsubnetaz1",
            "aws_vpc.fgtvm-vpc"
          ]
        }
      ]
    },
    {
      "mode": "managed",
      "type": "aws_route_table_association",
      "name": "public2associate",
      "provider": "provider[\"registry.terraform.io/hashicorp/aws\"]",
      "instances": [
        {
          "schema_version": 0,
          "attributes": {
            "gateway_id": "",
            "id": "rtbassoc-006b80254517896ac",
            "route_table_id": "rtb-02d835a91d6be4680",
            "subnet_id": "subnet-0db5b4bbdc792f3a0",
            "timeouts": null
          },
          "sensitive_attributes": [],
          "private": "eyJlMmJmYjczMC1lY2FhLTExZTYtOGY4OC0zNDM2M2JjN2M0YzAiOnsiY3JlYXRlIjozMDAwMDAwMDAwMDAsImRlbGV0ZSI6MzAwMDAwMDAwMDAwLCJ1cGRhdGUiOjEyMDAwMDAwMDAwMH19",
          "dependencies": [
            "aws_route_table.fgtvmpublicrt",
            "aws_subnet.publicsubnetaz2",
            "aws_vpc.fgtvm-vpc"
          ]
        }
      ]
    },
    {
      "mode": "managed",
      "type": "aws_security_group",
      "name": "allow_all",
      "provider": "provider[\"registry.terraform.io/hashicorp/aws\"]",
      "instances": [
        {
          "schema_version": 1,
          "attributes": {
            "arn": "arn:aws:ec2:ap-southeast-1:654654395042:security-group/sg-0e8f10ab80d8ab971",
            "description": "Allow all traffic",
            "egress": [
              {
                "cidr_blocks": [
                  "0.0.0.0/0"
                ],
                "description": "",
                "from_port": 0,
                "ipv6_cidr_blocks": [],
                "prefix_list_ids": [],
                "protocol": "-1",
                "security_groups": [],
                "self": false,
                "to_port": 0
              }
            ],
            "id": "sg-0e8f10ab80d8ab971",
            "ingress": [
              {
                "cidr_blocks": [
                  "0.0.0.0/0"
                ],
                "description": "",
                "from_port": 0,
                "ipv6_cidr_blocks": [],
                "prefix_list_ids": [],
                "protocol": "-1",
                "security_groups": [],
                "self": false,
                "to_port": 0
              }
            ],
            "name": "Allow All",
            "name_prefix": "",
            "owner_id": "654654395042",
            "revoke_rules_on_delete": false,
            "tags": {
              "Name": "Public Allow"
            },
            "tags_all": {
              "Name": "Public Allow"
            },
            "timeouts": null,
            "vpc_id": "vpc-03bd4dea3af8ecc9d"
          },
          "sensitive_attributes": [],
          "private": "eyJlMmJmYjczMC1lY2FhLTExZTYtOGY4OC0zNDM2M2JjN2M0YzAiOnsiY3JlYXRlIjo2MDAwMDAwMDAwMDAsImRlbGV0ZSI6OTAwMDAwMDAwMDAwfSwic2NoZW1hX3ZlcnNpb24iOiIxIn0=",
          "dependencies": [
            "aws_vpc.fgtvm-vpc"
          ]
        }
      ]
    },
    {
      "mode": "managed",
      "type": "aws_security_group",
      "name": "public_allow",
      "provider": "provider[\"registry.terraform.io/hashicorp/aws\"]",
      "instances": [
        {
          "schema_version": 1,
          "attributes": {
            "arn": "arn:aws:ec2:ap-southeast-1:654654395042:security-group/sg-053eae0190d299ee6",
            "description": "Public Allow traffic",
            "egress": [
              {
                "cidr_blocks": [
                  "0.0.0.0/0"
                ],
                "description": "",
                "from_port": 0,
                "ipv6_cidr_blocks": [],
                "prefix_list_ids": [],
                "protocol": "-1",
                "security_groups": [],
                "self": false,
                "to_port": 0
              }
            ],
            "id": "sg-053eae0190d299ee6",
            "ingress": [
              {
                "cidr_blocks": [
                  "0.0.0.0/0"
                ],
                "description": "",
                "from_port": 22,
                "ipv6_cidr_blocks": [],
                "prefix_list_ids": [],
                "protocol": "tcp",
                "security_groups": [],
                "self": false,
                "to_port": 22
              },
              {
                "cidr_blocks": [
                  "0.0.0.0/0"
                ],
                "description": "",
                "from_port": 443,
                "ipv6_cidr_blocks": [],
                "prefix_list_ids": [],
                "protocol": "tcp",
                "security_groups": [],
                "self": false,
                "to_port": 443
              },
              {
                "cidr_blocks": [
                  "0.0.0.0/0"
                ],
                "description": "",
                "from_port": 8443,
                "ipv6_cidr_blocks": [],
                "prefix_list_ids": [],
                "protocol": "tcp",
                "security_groups": [],
                "self": false,
                "to_port": 8443
              }
            ],
            "name": "Public Allow",
            "name_prefix": "",
            "owner_id": "654654395042",
            "revoke_rules_on_delete": false,
            "tags": {
              "Name": "Public Allow"
            },
            "tags_all": {
              "Name": "Public Allow"
            },
            "timeouts": null,
            "vpc_id": "vpc-03bd4dea3af8ecc9d"
          },
          "sensitive_attributes": [],
          "private": "eyJlMmJmYjczMC1lY2FhLTExZTYtOGY4OC0zNDM2M2JjN2M0YzAiOnsiY3JlYXRlIjo2MDAwMDAwMDAwMDAsImRlbGV0ZSI6OTAwMDAwMDAwMDAwfSwic2NoZW1hX3ZlcnNpb24iOiIxIn0=",
          "dependencies": [
            "aws_vpc.fgtvm-vpc"
          ]
        }
      ]
    },
    {
      "mode": "managed",
      "type": "aws_subnet",
      "name": "hamgmtsubnetaz1",
      "provider": "provider[\"registry.terraform.io/hashicorp/aws\"]",
      "instances": [
        {
          "schema_version": 1,
          "attributes": {
            "arn": "arn:aws:ec2:ap-southeast-1:654654395042:subnet/subnet-0b038d3204a36e275",
            "assign_ipv6_address_on_creation": false,
            "availability_zone": "ap-southeast-1a",
            "availability_zone_id": "apse1-az2",
            "cidr_block": "20.1.3.0/24",
            "customer_owned_ipv4_pool": "",
            "enable_dns64": false,
            "enable_lni_at_device_index": 0,
            "enable_resource_name_dns_a_record_on_launch": false,
            "enable_resource_name_dns_aaaa_record_on_launch": false,
            "id": "subnet-0b038d3204a36e275",
            "ipv6_cidr_block": "",
            "ipv6_cidr_block_association_id": "",
            "ipv6_native": false,
            "map_customer_owned_ip_on_launch": false,
            "map_public_ip_on_launch": false,
            "outpost_arn": "",
            "owner_id": "654654395042",
            "private_dns_hostname_type_on_launch": "ip-name",
            "tags": {
              "Name": "hamgmt subnet az1"
            },
            "tags_all": {
              "Name": "hamgmt subnet az1"
            },
            "timeouts": null,
            "vpc_id": "vpc-03bd4dea3af8ecc9d"
          },
          "sensitive_attributes": [],
          "private": "eyJlMmJmYjczMC1lY2FhLTExZTYtOGY4OC0zNDM2M2JjN2M0YzAiOnsiY3JlYXRlIjo2MDAwMDAwMDAwMDAsImRlbGV0ZSI6MTIwMDAwMDAwMDAwMH0sInNjaGVtYV92ZXJzaW9uIjoiMSJ9",
          "dependencies": [
            "aws_vpc.fgtvm-vpc"
          ]
        }
      ]
    },
    {
      "mode": "managed",
      "type": "aws_subnet",
      "name": "hamgmtsubnetaz2",
      "provider": "provider[\"registry.terraform.io/hashicorp/aws\"]",
      "instances": [
        {
          "schema_version": 1,
          "attributes": {
            "arn": "arn:aws:ec2:ap-southeast-1:654654395042:subnet/subnet-0b187440ddddcf94f",
            "assign_ipv6_address_on_creation": false,
            "availability_zone": "ap-southeast-1b",
            "availability_zone_id": "apse1-az1",
            "cidr_block": "20.1.13.0/24",
            "customer_owned_ipv4_pool": "",
            "enable_dns64": false,
            "enable_lni_at_device_index": 0,
            "enable_resource_name_dns_a_record_on_launch": false,
            "enable_resource_name_dns_aaaa_record_on_launch": false,
            "id": "subnet-0b187440ddddcf94f",
            "ipv6_cidr_block": "",
            "ipv6_cidr_block_association_id": "",
            "ipv6_native": false,
            "map_customer_owned_ip_on_launch": false,
            "map_public_ip_on_launch": false,
            "outpost_arn": "",
            "owner_id": "654654395042",
            "private_dns_hostname_type_on_launch": "ip-name",
            "tags": {
              "Name": "hamgmt subnet az2"
            },
            "tags_all": {
              "Name": "hamgmt subnet az2"
            },
            "timeouts": null,
            "vpc_id": "vpc-03bd4dea3af8ecc9d"
          },
          "sensitive_attributes": [],
          "private": "eyJlMmJmYjczMC1lY2FhLTExZTYtOGY4OC0zNDM2M2JjN2M0YzAiOnsiY3JlYXRlIjo2MDAwMDAwMDAwMDAsImRlbGV0ZSI6MTIwMDAwMDAwMDAwMH0sInNjaGVtYV92ZXJzaW9uIjoiMSJ9",
          "dependencies": [
            "aws_vpc.fgtvm-vpc"
          ]
        }
      ]
    },
    {
      "mode": "managed",
      "type": "aws_subnet",
      "name": "hasyncsubnetaz1",
      "provider": "provider[\"registry.terraform.io/hashicorp/aws\"]",
      "instances": [
        {
          "schema_version": 1,
          "attributes": {
            "arn": "arn:aws:ec2:ap-southeast-1:654654395042:subnet/subnet-0cdd058e32271760c",
            "assign_ipv6_address_on_creation": false,
            "availability_zone": "ap-southeast-1a",
            "availability_zone_id": "apse1-az2",
            "cidr_block": "20.1.2.0/24",
            "customer_owned_ipv4_pool": "",
            "enable_dns64": false,
            "enable_lni_at_device_index": 0,
            "enable_resource_name_dns_a_record_on_launch": false,
            "enable_resource_name_dns_aaaa_record_on_launch": false,
            "id": "subnet-0cdd058e32271760c",
            "ipv6_cidr_block": "",
            "ipv6_cidr_block_association_id": "",
            "ipv6_native": false,
            "map_customer_owned_ip_on_launch": false,
            "map_public_ip_on_launch": false,
            "outpost_arn": "",
            "owner_id": "654654395042",
            "private_dns_hostname_type_on_launch": "ip-name",
            "tags": {
              "Name": "hasync subnet az1"
            },
            "tags_all": {
              "Name": "hasync subnet az1"
            },
            "timeouts": null,
            "vpc_id": "vpc-03bd4dea3af8ecc9d"
          },
          "sensitive_attributes": [],
          "private": "eyJlMmJmYjczMC1lY2FhLTExZTYtOGY4OC0zNDM2M2JjN2M0YzAiOnsiY3JlYXRlIjo2MDAwMDAwMDAwMDAsImRlbGV0ZSI6MTIwMDAwMDAwMDAwMH0sInNjaGVtYV92ZXJzaW9uIjoiMSJ9",
          "dependencies": [
            "aws_vpc.fgtvm-vpc"
          ]
        }
      ]
    },
    {
      "mode": "managed",
      "type": "aws_subnet",
      "name": "hasyncsubnetaz2",
      "provider": "provider[\"registry.terraform.io/hashicorp/aws\"]",
      "instances": [
        {
          "schema_version": 1,
          "attributes": {
            "arn": "arn:aws:ec2:ap-southeast-1:654654395042:subnet/subnet-0da5c7cc9af15c81c",
            "assign_ipv6_address_on_creation": false,
            "availability_zone": "ap-southeast-1b",
            "availability_zone_id": "apse1-az1",
            "cidr_block": "20.1.12.0/24",
            "customer_owned_ipv4_pool": "",
            "enable_dns64": false,
            "enable_lni_at_device_index": 0,
            "enable_resource_name_dns_a_record_on_launch": false,
            "enable_resource_name_dns_aaaa_record_on_launch": false,
            "id": "subnet-0da5c7cc9af15c81c",
            "ipv6_cidr_block": "",
            "ipv6_cidr_block_association_id": "",
            "ipv6_native": false,
            "map_customer_owned_ip_on_launch": false,
            "map_public_ip_on_launch": false,
            "outpost_arn": "",
            "owner_id": "654654395042",
            "private_dns_hostname_type_on_launch": "ip-name",
            "tags": {
              "Name": "hasync subnet az2"
            },
            "tags_all": {
              "Name": "hasync subnet az2"
            },
            "timeouts": null,
            "vpc_id": "vpc-03bd4dea3af8ecc9d"
          },
          "sensitive_attributes": [],
          "private": "eyJlMmJmYjczMC1lY2FhLTExZTYtOGY4OC0zNDM2M2JjN2M0YzAiOnsiY3JlYXRlIjo2MDAwMDAwMDAwMDAsImRlbGV0ZSI6MTIwMDAwMDAwMDAwMH0sInNjaGVtYV92ZXJzaW9uIjoiMSJ9",
          "dependencies": [
            "aws_vpc.fgtvm-vpc"
          ]
        }
      ]
    },
    {
      "mode": "managed",
      "type": "aws_subnet",
      "name": "privatesubnetaz1",
      "provider": "provider[\"registry.terraform.io/hashicorp/aws\"]",
      "instances": [
        {
          "schema_version": 1,
          "attributes": {
            "arn": "arn:aws:ec2:ap-southeast-1:654654395042:subnet/subnet-05df13c80773654ec",
            "assign_ipv6_address_on_creation": false,
            "availability_zone": "ap-southeast-1a",
            "availability_zone_id": "apse1-az2",
            "cidr_block": "20.1.1.0/24",
            "customer_owned_ipv4_pool": "",
            "enable_dns64": false,
            "enable_lni_at_device_index": 0,
            "enable_resource_name_dns_a_record_on_launch": false,
            "enable_resource_name_dns_aaaa_record_on_launch": false,
            "id": "subnet-05df13c80773654ec",
            "ipv6_cidr_block": "",
            "ipv6_cidr_block_association_id": "",
            "ipv6_native": false,
            "map_customer_owned_ip_on_launch": false,
            "map_public_ip_on_launch": false,
            "outpost_arn": "",
            "owner_id": "654654395042",
            "private_dns_hostname_type_on_launch": "ip-name",
            "tags": {
              "Name": "private subnet az1"
            },
            "tags_all": {
              "Name": "private subnet az1"
            },
            "timeouts": null,
            "vpc_id": "vpc-03bd4dea3af8ecc9d"
          },
          "sensitive_attributes": [],
          "private": "eyJlMmJmYjczMC1lY2FhLTExZTYtOGY4OC0zNDM2M2JjN2M0YzAiOnsiY3JlYXRlIjo2MDAwMDAwMDAwMDAsImRlbGV0ZSI6MTIwMDAwMDAwMDAwMH0sInNjaGVtYV92ZXJzaW9uIjoiMSJ9",
          "dependencies": [
            "aws_vpc.fgtvm-vpc"
          ]
        }
      ]
    },
    {
      "mode": "managed",
      "type": "aws_subnet",
      "name": "privatesubnetaz2",
      "provider": "provider[\"registry.terraform.io/hashicorp/aws\"]",
      "instances": [
        {
          "schema_version": 1,
          "attributes": {
            "arn": "arn:aws:ec2:ap-southeast-1:654654395042:subnet/subnet-0ef5080dc87d68b7b",
            "assign_ipv6_address_on_creation": false,
            "availability_zone": "ap-southeast-1b",
            "availability_zone_id": "apse1-az1",
            "cidr_block": "20.1.11.0/24",
            "customer_owned_ipv4_pool": "",
            "enable_dns64": false,
            "enable_lni_at_device_index": 0,
            "enable_resource_name_dns_a_record_on_launch": false,
            "enable_resource_name_dns_aaaa_record_on_launch": false,
            "id": "subnet-0ef5080dc87d68b7b",
            "ipv6_cidr_block": "",
            "ipv6_cidr_block_association_id": "",
            "ipv6_native": false,
            "map_customer_owned_ip_on_launch": false,
            "map_public_ip_on_launch": false,
            "outpost_arn": "",
            "owner_id": "654654395042",
            "private_dns_hostname_type_on_launch": "ip-name",
            "tags": {
              "Name": "private subnet az2"
            },
            "tags_all": {
              "Name": "private subnet az2"
            },
            "timeouts": null,
            "vpc_id": "vpc-03bd4dea3af8ecc9d"
          },
          "sensitive_attributes": [],
          "private": "eyJlMmJmYjczMC1lY2FhLTExZTYtOGY4OC0zNDM2M2JjN2M0YzAiOnsiY3JlYXRlIjo2MDAwMDAwMDAwMDAsImRlbGV0ZSI6MTIwMDAwMDAwMDAwMH0sInNjaGVtYV92ZXJzaW9uIjoiMSJ9",
          "dependencies": [
            "aws_vpc.fgtvm-vpc"
          ]
        }
      ]
    },
    {
      "mode": "managed",
      "type": "aws_subnet",
      "name": "publicsubnetaz1",
      "provider": "provider[\"registry.terraform.io/hashicorp/aws\"]",
      "instances": [
        {
          "schema_version": 1,
          "attributes": {
            "arn": "arn:aws:ec2:ap-southeast-1:654654395042:subnet/subnet-08d81e2b3744bdfe1",
            "assign_ipv6_address_on_creation": false,
            "availability_zone": "ap-southeast-1a",
            "availability_zone_id": "apse1-az2",
            "cidr_block": "20.1.0.0/24",
            "customer_owned_ipv4_pool": "",
            "enable_dns64": false,
            "enable_lni_at_device_index": 0,
            "enable_resource_name_dns_a_record_on_launch": false,
            "enable_resource_name_dns_aaaa_record_on_launch": false,
            "id": "subnet-08d81e2b3744bdfe1",
            "ipv6_cidr_block": "",
            "ipv6_cidr_block_association_id": "",
            "ipv6_native": false,
            "map_customer_owned_ip_on_launch": false,
            "map_public_ip_on_launch": false,
            "outpost_arn": "",
            "owner_id": "654654395042",
            "private_dns_hostname_type_on_launch": "ip-name",
            "tags": {
              "Name": "public subnet az1"
            },
            "tags_all": {
              "Name": "public subnet az1"
            },
            "timeouts": null,
            "vpc_id": "vpc-03bd4dea3af8ecc9d"
          },
          "sensitive_attributes": [],
          "private": "eyJlMmJmYjczMC1lY2FhLTExZTYtOGY4OC0zNDM2M2JjN2M0YzAiOnsiY3JlYXRlIjo2MDAwMDAwMDAwMDAsImRlbGV0ZSI6MTIwMDAwMDAwMDAwMH0sInNjaGVtYV92ZXJzaW9uIjoiMSJ9",
          "dependencies": [
            "aws_vpc.fgtvm-vpc"
          ]
        }
      ]
    },
    {
      "mode": "managed",
      "type": "aws_subnet",
      "name": "publicsubnetaz2",
      "provider": "provider[\"registry.terraform.io/hashicorp/aws\"]",
      "instances": [
        {
          "schema_version": 1,
          "attributes": {
            "arn": "arn:aws:ec2:ap-southeast-1:654654395042:subnet/subnet-0db5b4bbdc792f3a0",
            "assign_ipv6_address_on_creation": false,
            "availability_zone": "ap-southeast-1b",
            "availability_zone_id": "apse1-az1",
            "cidr_block": "20.1.10.0/24",
            "customer_owned_ipv4_pool": "",
            "enable_dns64": false,
            "enable_lni_at_device_index": 0,
            "enable_resource_name_dns_a_record_on_launch": false,
            "enable_resource_name_dns_aaaa_record_on_launch": false,
            "id": "subnet-0db5b4bbdc792f3a0",
            "ipv6_cidr_block": "",
            "ipv6_cidr_block_association_id": "",
            "ipv6_native": false,
            "map_customer_owned_ip_on_launch": false,
            "map_public_ip_on_launch": false,
            "outpost_arn": "",
            "owner_id": "654654395042",
            "private_dns_hostname_type_on_launch": "ip-name",
            "tags": {
              "Name": "public subnet az2"
            },
            "tags_all": {
              "Name": "public subnet az2"
            },
            "timeouts": null,
            "vpc_id": "vpc-03bd4dea3af8ecc9d"
          },
          "sensitive_attributes": [],
          "private": "eyJlMmJmYjczMC1lY2FhLTExZTYtOGY4OC0zNDM2M2JjN2M0YzAiOnsiY3JlYXRlIjo2MDAwMDAwMDAwMDAsImRlbGV0ZSI6MTIwMDAwMDAwMDAwMH0sInNjaGVtYV92ZXJzaW9uIjoiMSJ9",
          "dependencies": [
            "aws_vpc.fgtvm-vpc"
          ]
        }
      ]
    },
    {
      "mode": "managed",
      "type": "aws_vpc",
      "name": "fgtvm-vpc",
      "provider": "provider[\"registry.terraform.io/hashicorp/aws\"]",
      "instances": [
        {
          "schema_version": 1,
          "attributes": {
            "arn": "arn:aws:ec2:ap-southeast-1:654654395042:vpc/vpc-03bd4dea3af8ecc9d",
            "assign_generated_ipv6_cidr_block": false,
            "cidr_block": "20.1.0.0/16",
            "default_network_acl_id": "acl-0ca7a15ee87bda754",
            "default_route_table_id": "rtb-0f7613a3c492d33c3",
            "default_security_group_id": "sg-05fb127655c0bb209",
            "dhcp_options_id": "dopt-08909ff7768169ca3",
            "enable_dns_hostnames": true,
            "enable_dns_support": true,
            "enable_network_address_usage_metrics": false,
            "id": "vpc-03bd4dea3af8ecc9d",
            "instance_tenancy": "default",
            "ipv4_ipam_pool_id": null,
            "ipv4_netmask_length": null,
            "ipv6_association_id": "",
            "ipv6_cidr_block": "",
            "ipv6_cidr_block_network_border_group": "",
            "ipv6_ipam_pool_id": "",
            "ipv6_netmask_length": 0,
            "main_route_table_id": "rtb-0f7613a3c492d33c3",
            "owner_id": "654654395042",
            "tags": {
              "Name": "ztna fgt-lab-vpc"
            },
            "tags_all": {
              "Name": "ztna fgt-lab-vpc"
            }
          },
          "sensitive_attributes": [],
          "private": "eyJzY2hlbWFfdmVyc2lvbiI6IjEifQ=="
        }
      ]
    }
  ],
  "check_results": null
}
