{
  "version": 4,
  "terraform_version": "1.3.9",
  "serial": 535,
  "lineage": "00c23518-bbc4-94cb-c3df-e3daae248221",
  "outputs": {
    "gwlb_endps": {
      "value": {
        "gwlbe-subnet-01aeede137ec1ae68": {
          "subnet_id": "subnet-01aeede137ec1ae68",
          "vpc_id": "vpc-0d97dffce445211bf"
        },
        "gwlbe-subnet-022ce31f94f026553": {
          "subnet_id": "subnet-022ce31f94f026553",
          "vpc_id": "vpc-0d97dffce445211bf"
        }
      },
      "type": [
        "object",
        {
          "gwlbe-subnet-01aeede137ec1ae68": [
            "object",
            {
              "subnet_id": "string",
              "vpc_id": "string"
            }
          ],
          "gwlbe-subnet-022ce31f94f026553": [
            "object",
            {
              "subnet_id": "string",
              "vpc_id": "string"
            }
          ]
        }
      ]
    },
    "gwlb_ips": {
      "value": "# GWLB IPs: \u003csubnet_id\u003e = \u003cip\u003e\n# \tsubnet-05d963663cbb42269 = 10.0.3.7, \n\tsubnet-0c78b8e1787986cba = 10.0.1.194\n",
      "type": "string"
    },
    "route_tables": {
      "value": {
        "secvpc": {
          "fgt_login": {
            "routes": {
              "local_pc": {
                "destination_cidr_block": "0.0.0.0/0",
                "gateway_id": "igw-0b0068252e9f5c324"
              }
            },
            "rt_association_subnets": [
              "subnet-0db09d0d8a607fa20",
              "subnet-0bae39c7cc32d59eb"
            ]
          }
        }
      },
      "type": [
        "object",
        {
          "secvpc": [
            "object",
            {
              "fgt_login": [
                "object",
                {
                  "routes": [
                    "object",
                    {
                      "local_pc": [
                        "object",
                        {
                          "destination_cidr_block": "string",
                          "gateway_id": "string"
                        }
                      ]
                    }
                  ],
                  "rt_association_subnets": [
                    "tuple",
                    [
                      "string",
                      "string"
                    ]
                  ]
                }
              ]
            }
          ]
        }
      ]
    },
    "secvpc-output": {
      "value": {
        "subnets": {
          "fgt_internal_us-east-2a": "subnet-0c78b8e1787986cba",
          "fgt_internal_us-east-2b": "subnet-05d963663cbb42269",
          "fgt_login_us-east-2a": "subnet-0db09d0d8a607fa20",
          "fgt_login_us-east-2b": "subnet-0bae39c7cc32d59eb"
        },
        "vpc_id": "vpc-02803fa062aeafb7c"
      },
      "type": [
        "object",
        {
          "subnets": [
            "object",
            {
              "fgt_internal_us-east-2a": "string",
              "fgt_internal_us-east-2b": "string",
              "fgt_login_us-east-2a": "string",
              "fgt_login_us-east-2b": "string"
            }
          ],
          "vpc_id": "string"
        }
      ]
    },
    "spkvpc_rt": {
      "value": {
        "gwlbe_outbound": {
          "routes": {
            "az1": {
              "destination_cidr_block": "0.0.0.0/0",
              "gateway_id": "igw-00065681916a46587"
            }
          },
          "rt_association_subnets": [
            "subnet-022ce31f94f026553",
            "subnet-01aeede137ec1ae68"
          ],
          "vpc_id": "vpc-0d97dffce445211bf"
        },
        "igw_inbound": {
          "routes": {
            "az1": {
              "destination_cidr_block": "10.100.3.0/24",
              "gwlbe_subnet_id": "subnet-022ce31f94f026553"
            },
            "az2": {
              "destination_cidr_block": "10.100.4.0/24",
              "gwlbe_subnet_id": "subnet-01aeede137ec1ae68"
            }
          },
          "rt_association_gateways": [
            "igw-00065681916a46587"
          ],
          "vpc_id": "vpc-0d97dffce445211bf"
        },
        "pc_outbound_az1": {
          "existing_rt": {
            "id": "rtb-03ebd2e57b47d37dc"
          },
          "routes": {
            "az1": {
              "destination_cidr_block": "0.0.0.0/0",
              "gwlbe_subnet_id": "subnet-022ce31f94f026553"
            }
          },
          "vpc_id": "vpc-0d97dffce445211bf"
        },
        "pc_outbound_az2": {
          "existing_rt": {
            "id": "rtb-0e12034edb5cb0df7"
          },
          "routes": {
            "az1": {
              "destination_cidr_block": "0.0.0.0/0",
              "gwlbe_subnet_id": "subnet-01aeede137ec1ae68"
            }
          },
          "vpc_id": "vpc-0d97dffce445211bf"
        }
      },
      "type": [
        "object",
        {
          "gwlbe_outbound": [
            "object",
            {
              "routes": [
                "object",
                {
                  "az1": [
                    "object",
                    {
                      "destination_cidr_block": "string",
                      "gateway_id": "string"
                    }
                  ]
                }
              ],
              "rt_association_subnets": [
                "tuple",
                [
                  "string",
                  "string"
                ]
              ],
              "vpc_id": "string"
            }
          ],
          "igw_inbound": [
            "object",
            {
              "routes": [
                "object",
                {
                  "az1": [
                    "object",
                    {
                      "destination_cidr_block": "string",
                      "gwlbe_subnet_id": "string"
                    }
                  ],
                  "az2": [
                    "object",
                    {
                      "destination_cidr_block": "string",
                      "gwlbe_subnet_id": "string"
                    }
                  ]
                }
              ],
              "rt_association_gateways": [
                "tuple",
                [
                  "string"
                ]
              ],
              "vpc_id": "string"
            }
          ],
          "pc_outbound_az1": [
            "object",
            {
              "existing_rt": [
                "object",
                {
                  "id": "string"
                }
              ],
              "routes": [
                "object",
                {
                  "az1": [
                    "object",
                    {
                      "destination_cidr_block": "string",
                      "gwlbe_subnet_id": "string"
                    }
                  ]
                }
              ],
              "vpc_id": "string"
            }
          ],
          "pc_outbound_az2": [
            "object",
            {
              "existing_rt": [
                "object",
                {
                  "id": "string"
                }
              ],
              "routes": [
                "object",
                {
                  "az1": [
                    "object",
                    {
                      "destination_cidr_block": "string",
                      "gwlbe_subnet_id": "string"
                    }
                  ]
                }
              ],
              "vpc_id": "string"
            }
          ]
        }
      ]
    },
    "subnets": {
      "value": {
        "fgt_internal_us-east-2a": {
          "availability_zone": "us-east-2a",
          "cidr_block": "10.0.1.0/24"
        },
        "fgt_internal_us-east-2b": {
          "availability_zone": "us-east-2b",
          "cidr_block": "10.0.3.0/24"
        },
        "fgt_login_us-east-2a": {
          "availability_zone": "us-east-2a",
          "cidr_block": "10.0.0.0/24"
        },
        "fgt_login_us-east-2b": {
          "availability_zone": "us-east-2b",
          "cidr_block": "10.0.2.0/24"
        }
      },
      "type": [
        "map",
        [
          "object",
          {
            "availability_zone": "string",
            "cidr_block": "string"
          }
        ]
      ]
    },
    "user_conf": {
      "value": "config system interface\n    edit \"us-east-2a\"\n        set vrf 1\n    next\nend\n\nconfig system interface\n    edit \"us-east-2b\"\n        set vrf 2\n    next\nend\n\nconfig router static\n    edit 0\n        set device \"us-east-2a\"\n    next\nend\n\nconfig router static\n    edit 0\n        set device \"us-east-2b\"\n    next\nend\n\nconfig firewall policy\n    edit 1\n        set name \"us-east-2a\"\n        set srcintf \"us-east-2a\"\n        set dstintf \"us-east-2a\"\n        set action accept\n        set srcaddr \"all\"\n        set dstaddr \"all\"\n        set schedule \"always\"\n        set service \"ALL\"\n\tset logtraffic all\n\tset av-profile \"default\"\n        set ips-sensor \"default\"\n    next\nend\n\nconfig firewall policy\n    edit 2\n        set name \"us-east-2b\"\n        set srcintf \"us-east-2b\"\n        set dstintf \"us-east-2b\"\n        set action accept\n        set srcaddr \"all\"\n        set dstaddr \"all\"\n        set schedule \"always\"\n        set service \"ALL\"\n\tset logtraffic all\n\tset av-profile \"default\"\n        set ips-sensor \"default\"\n    next\nend",
      "type": "string"
    }
  },
  "resources": [
    {
      "module": "module.spk_gwlb_asg_fgt_gwlb_igw",
      "mode": "managed",
      "type": "aws_cloudwatch_metric_alarm",
      "name": "hybrid_asg",
      "provider": "module.spk_gwlb_asg_fgt_gwlb_igw.provider[\"registry.terraform.io/hashicorp/aws\"]",
      "instances": [
        {
          "index_key": "byol_cpu_above_2",
          "schema_version": 1,
          "attributes": {
            "actions_enabled": true,
            "alarm_actions": [
              "arn:aws:autoscaling:us-east-2:364570460639:scalingPolicy:aa8b348f-867c-48df-81f2-c14c2a363245:autoScalingGroupName/fgt_on_demand_asg:policyName/byol_cpu_above_2"
            ],
            "alarm_description": "This metric monitors average ec2 cpu utilization of Auto Scale group fgt_asg_byol.",
            "alarm_name": "byol_cpu_above_2",
            "arn": "arn:aws:cloudwatch:us-east-2:364570460639:alarm:byol_cpu_above_2",
            "comparison_operator": "GreaterThanOrEqualToThreshold",
            "datapoints_to_alarm": 1,
            "dimensions": {
              "AutoScalingGroupName": "fgt_byol_asg"
            },
            "evaluate_low_sample_count_percentiles": "",
            "evaluation_periods": 2,
            "extended_statistic": "",
            "id": "byol_cpu_above_2",
            "insufficient_data_actions": null,
            "metric_name": "CPUUtilization",
            "metric_query": [],
            "namespace": "AWS/EC2",
            "ok_actions": null,
            "period": 120,
            "statistic": "Average",
            "tags": null,
            "tags_all": {},
            "threshold": 2,
            "threshold_metric_id": "",
            "treat_missing_data": "missing",
            "unit": ""
          },
          "sensitive_attributes": [],
          "private": "eyJzY2hlbWFfdmVyc2lvbiI6IjEifQ==",
          "dependencies": [
            "module.spk_gwlb_asg_fgt_gwlb_igw.module.fgt_asg.aws_autoscaling_group.fgt-asg",
            "module.spk_gwlb_asg_fgt_gwlb_igw.module.fgt_asg.aws_autoscaling_policy.scale_policy",
            "module.spk_gwlb_asg_fgt_gwlb_igw.module.fgt_asg.aws_cloudwatch_event_rule.fgt_asg_launch",
            "module.spk_gwlb_asg_fgt_gwlb_igw.module.fgt_asg.aws_cloudwatch_event_rule.fgt_asg_terminate",
            "module.spk_gwlb_asg_fgt_gwlb_igw.module.fgt_asg.aws_cloudwatch_event_target.fgt_asg_launch",
            "module.spk_gwlb_asg_fgt_gwlb_igw.module.fgt_asg.aws_cloudwatch_event_target.fgt_asg_terminate",
            "module.spk_gwlb_asg_fgt_gwlb_igw.module.fgt_asg.aws_dynamodb_table.track_table",
            "module.spk_gwlb_asg_fgt_gwlb_igw.module.fgt_asg.aws_iam_role.iam_for_lambda",
            "module.spk_gwlb_asg_fgt_gwlb_igw.module.fgt_asg.aws_iam_role_policy.iam_policy",
            "module.spk_gwlb_asg_fgt_gwlb_igw.module.fgt_asg.aws_lambda_function.fgt_asg_lambda",
            "module.spk_gwlb_asg_fgt_gwlb_igw.module.fgt_asg.aws_lambda_layer_version.lambda_layer_requests",
            "module.spk_gwlb_asg_fgt_gwlb_igw.module.fgt_asg.aws_lambda_permission.lambda_permission",
            "module.spk_gwlb_asg_fgt_gwlb_igw.module.fgt_asg.aws_launch_template.fgt",
            "module.spk_gwlb_asg_fgt_gwlb_igw.module.fgt_asg.aws_s3_bucket.fgt_lic",
            "module.spk_gwlb_asg_fgt_gwlb_igw.module.fgt_asg.aws_s3_object.fgt_intf_track_file",
            "module.spk_gwlb_asg_fgt_gwlb_igw.module.fgt_asg.aws_s3_object.fgt_lic",
            "module.spk_gwlb_asg_fgt_gwlb_igw.module.fgt_asg.aws_s3_object.fgt_lic_track_file",
            "module.spk_gwlb_asg_fgt_gwlb_igw.module.fgt_asg.data.archive_file.lambda",
            "module.spk_gwlb_asg_fgt_gwlb_igw.module.fgt_asg.data.aws_ami.fgt_ami",
            "module.spk_gwlb_asg_fgt_gwlb_igw.module.fgt_asg.data.aws_iam_policy_document.assume_role",
            "module.spk_gwlb_asg_fgt_gwlb_igw.module.security-vpc-gwlb.aws_lb.gwlb",
            "module.spk_gwlb_asg_fgt_gwlb_igw.module.security-vpc-gwlb.aws_lb_listener.gwlb_ln",
            "module.spk_gwlb_asg_fgt_gwlb_igw.module.security-vpc-gwlb.aws_lb_target_group.gwlb_tgp",
            "module.spk_gwlb_asg_fgt_gwlb_igw.module.security-vpc-gwlb.aws_lb_target_group_attachment.gwlb_tgp_a",
            "module.spk_gwlb_asg_fgt_gwlb_igw.module.security-vpc-gwlb.aws_vpc_endpoint.gwlb_endps",
            "module.spk_gwlb_asg_fgt_gwlb_igw.module.security-vpc-gwlb.aws_vpc_endpoint_service.gwlb_ep_service",
            "module.spk_gwlb_asg_fgt_gwlb_igw.module.security-vpc-gwlb.data.aws_network_interface.gwlb_intfs",
            "module.spk_gwlb_asg_fgt_gwlb_igw.module.security-vpc.aws_internet_gateway.igw",
            "module.spk_gwlb_asg_fgt_gwlb_igw.module.security-vpc.aws_security_group.secgrp",
            "module.spk_gwlb_asg_fgt_gwlb_igw.module.security-vpc.aws_subnet.subnets",
            "module.spk_gwlb_asg_fgt_gwlb_igw.module.security-vpc.aws_vpc.vpc",
            "module.spk_gwlb_asg_fgt_gwlb_igw.module.security-vpc.data.aws_vpc.vpc"
          ]
        },
        {
          "index_key": "byol_cpu_below_5",
          "schema_version": 1,
          "attributes": {
            "actions_enabled": true,
            "alarm_actions": [
              "arn:aws:autoscaling:us-east-2:364570460639:scalingPolicy:e1a46d07-5504-4f04-8b48-1f05b4b47bea:autoScalingGroupName/fgt_on_demand_asg:policyName/byol_cpu_below_5"
            ],
            "alarm_description": "This metric monitors average ec2 cpu utilization of Auto Scale group fgt_asg_byol.",
            "alarm_name": "byol_cpu_below_5",
            "arn": "arn:aws:cloudwatch:us-east-2:364570460639:alarm:byol_cpu_below_5",
            "comparison_operator": "LessThanThreshold",
            "datapoints_to_alarm": 1,
            "dimensions": {
              "AutoScalingGroupName": "fgt_byol_asg"
            },
            "evaluate_low_sample_count_percentiles": "",
            "evaluation_periods": 2,
            "extended_statistic": "",
            "id": "byol_cpu_below_5",
            "insufficient_data_actions": null,
            "metric_name": "CPUUtilization",
            "metric_query": [],
            "namespace": "AWS/EC2",
            "ok_actions": null,
            "period": 120,
            "statistic": "Average",
            "tags": null,
            "tags_all": {},
            "threshold": 5,
            "threshold_metric_id": "",
            "treat_missing_data": "missing",
            "unit": ""
          },
          "sensitive_attributes": [],
          "private": "eyJzY2hlbWFfdmVyc2lvbiI6IjEifQ==",
          "dependencies": [
            "module.spk_gwlb_asg_fgt_gwlb_igw.module.fgt_asg.aws_autoscaling_group.fgt-asg",
            "module.spk_gwlb_asg_fgt_gwlb_igw.module.fgt_asg.aws_autoscaling_policy.scale_policy",
            "module.spk_gwlb_asg_fgt_gwlb_igw.module.fgt_asg.aws_cloudwatch_event_rule.fgt_asg_launch",
            "module.spk_gwlb_asg_fgt_gwlb_igw.module.fgt_asg.aws_cloudwatch_event_rule.fgt_asg_terminate",
            "module.spk_gwlb_asg_fgt_gwlb_igw.module.fgt_asg.aws_cloudwatch_event_target.fgt_asg_launch",
            "module.spk_gwlb_asg_fgt_gwlb_igw.module.fgt_asg.aws_cloudwatch_event_target.fgt_asg_terminate",
            "module.spk_gwlb_asg_fgt_gwlb_igw.module.fgt_asg.aws_dynamodb_table.track_table",
            "module.spk_gwlb_asg_fgt_gwlb_igw.module.fgt_asg.aws_iam_role.iam_for_lambda",
            "module.spk_gwlb_asg_fgt_gwlb_igw.module.fgt_asg.aws_iam_role_policy.iam_policy",
            "module.spk_gwlb_asg_fgt_gwlb_igw.module.fgt_asg.aws_lambda_function.fgt_asg_lambda",
            "module.spk_gwlb_asg_fgt_gwlb_igw.module.fgt_asg.aws_lambda_layer_version.lambda_layer_requests",
            "module.spk_gwlb_asg_fgt_gwlb_igw.module.fgt_asg.aws_lambda_permission.lambda_permission",
            "module.spk_gwlb_asg_fgt_gwlb_igw.module.fgt_asg.aws_launch_template.fgt",
            "module.spk_gwlb_asg_fgt_gwlb_igw.module.fgt_asg.aws_s3_bucket.fgt_lic",
            "module.spk_gwlb_asg_fgt_gwlb_igw.module.fgt_asg.aws_s3_object.fgt_intf_track_file",
            "module.spk_gwlb_asg_fgt_gwlb_igw.module.fgt_asg.aws_s3_object.fgt_lic",
            "module.spk_gwlb_asg_fgt_gwlb_igw.module.fgt_asg.aws_s3_object.fgt_lic_track_file",
            "module.spk_gwlb_asg_fgt_gwlb_igw.module.fgt_asg.data.archive_file.lambda",
            "module.spk_gwlb_asg_fgt_gwlb_igw.module.fgt_asg.data.aws_ami.fgt_ami",
            "module.spk_gwlb_asg_fgt_gwlb_igw.module.fgt_asg.data.aws_iam_policy_document.assume_role",
            "module.spk_gwlb_asg_fgt_gwlb_igw.module.security-vpc-gwlb.aws_lb.gwlb",
            "module.spk_gwlb_asg_fgt_gwlb_igw.module.security-vpc-gwlb.aws_lb_listener.gwlb_ln",
            "module.spk_gwlb_asg_fgt_gwlb_igw.module.security-vpc-gwlb.aws_lb_target_group.gwlb_tgp",
            "module.spk_gwlb_asg_fgt_gwlb_igw.module.security-vpc-gwlb.aws_lb_target_group_attachment.gwlb_tgp_a",
            "module.spk_gwlb_asg_fgt_gwlb_igw.module.security-vpc-gwlb.aws_vpc_endpoint.gwlb_endps",
            "module.spk_gwlb_asg_fgt_gwlb_igw.module.security-vpc-gwlb.aws_vpc_endpoint_service.gwlb_ep_service",
            "module.spk_gwlb_asg_fgt_gwlb_igw.module.security-vpc-gwlb.data.aws_network_interface.gwlb_intfs",
            "module.spk_gwlb_asg_fgt_gwlb_igw.module.security-vpc.aws_internet_gateway.igw",
            "module.spk_gwlb_asg_fgt_gwlb_igw.module.security-vpc.aws_security_group.secgrp",
            "module.spk_gwlb_asg_fgt_gwlb_igw.module.security-vpc.aws_subnet.subnets",
            "module.spk_gwlb_asg_fgt_gwlb_igw.module.security-vpc.aws_vpc.vpc",
            "module.spk_gwlb_asg_fgt_gwlb_igw.module.security-vpc.data.aws_vpc.vpc"
          ]
        },
        {
          "index_key": "ondemand_cpu_above_2",
          "schema_version": 1,
          "attributes": {
            "actions_enabled": true,
            "alarm_actions": [
              "arn:aws:autoscaling:us-east-2:364570460639:scalingPolicy:88ffb55d-8349-4e15-a7cb-162367b6c2dd:autoScalingGroupName/fgt_on_demand_asg:policyName/ondemand_cpu_above_2"
            ],
            "alarm_description": "This metric monitors average ec2 cpu utilization of Auto Scale group fgt_asg_ondemand.",
            "alarm_name": "ondemand_cpu_above_2",
            "arn": "arn:aws:cloudwatch:us-east-2:364570460639:alarm:ondemand_cpu_above_2",
            "comparison_operator": "GreaterThanOrEqualToThreshold",
            "datapoints_to_alarm": 0,
            "dimensions": {
              "AutoScalingGroupName": "fgt_on_demand_asg"
            },
            "evaluate_low_sample_count_percentiles": "",
            "evaluation_periods": 2,
            "extended_statistic": "",
            "id": "ondemand_cpu_above_2",
            "insufficient_data_actions": null,
            "metric_name": "CPUUtilization",
            "metric_query": [],
            "namespace": "AWS/EC2",
            "ok_actions": null,
            "period": 120,
            "statistic": "Average",
            "tags": null,
            "tags_all": {},
            "threshold": 2,
            "threshold_metric_id": "",
            "treat_missing_data": "missing",
            "unit": ""
          },
          "sensitive_attributes": [],
          "private": "eyJzY2hlbWFfdmVyc2lvbiI6IjEifQ==",
          "dependencies": [
            "module.spk_gwlb_asg_fgt_gwlb_igw.module.fgt_asg.aws_autoscaling_group.fgt-asg",
            "module.spk_gwlb_asg_fgt_gwlb_igw.module.fgt_asg.aws_autoscaling_policy.scale_policy",
            "module.spk_gwlb_asg_fgt_gwlb_igw.module.fgt_asg.aws_cloudwatch_event_rule.fgt_asg_launch",
            "module.spk_gwlb_asg_fgt_gwlb_igw.module.fgt_asg.aws_cloudwatch_event_rule.fgt_asg_terminate",
            "module.spk_gwlb_asg_fgt_gwlb_igw.module.fgt_asg.aws_cloudwatch_event_target.fgt_asg_launch",
            "module.spk_gwlb_asg_fgt_gwlb_igw.module.fgt_asg.aws_cloudwatch_event_target.fgt_asg_terminate",
            "module.spk_gwlb_asg_fgt_gwlb_igw.module.fgt_asg.aws_dynamodb_table.track_table",
            "module.spk_gwlb_asg_fgt_gwlb_igw.module.fgt_asg.aws_iam_role.iam_for_lambda",
            "module.spk_gwlb_asg_fgt_gwlb_igw.module.fgt_asg.aws_iam_role_policy.iam_policy",
            "module.spk_gwlb_asg_fgt_gwlb_igw.module.fgt_asg.aws_lambda_function.fgt_asg_lambda",
            "module.spk_gwlb_asg_fgt_gwlb_igw.module.fgt_asg.aws_lambda_layer_version.lambda_layer_requests",
            "module.spk_gwlb_asg_fgt_gwlb_igw.module.fgt_asg.aws_lambda_permission.lambda_permission",
            "module.spk_gwlb_asg_fgt_gwlb_igw.module.fgt_asg.aws_launch_template.fgt",
            "module.spk_gwlb_asg_fgt_gwlb_igw.module.fgt_asg.aws_s3_bucket.fgt_lic",
            "module.spk_gwlb_asg_fgt_gwlb_igw.module.fgt_asg.aws_s3_object.fgt_intf_track_file",
            "module.spk_gwlb_asg_fgt_gwlb_igw.module.fgt_asg.aws_s3_object.fgt_lic",
            "module.spk_gwlb_asg_fgt_gwlb_igw.module.fgt_asg.aws_s3_object.fgt_lic_track_file",
            "module.spk_gwlb_asg_fgt_gwlb_igw.module.fgt_asg.data.archive_file.lambda",
            "module.spk_gwlb_asg_fgt_gwlb_igw.module.fgt_asg.data.aws_ami.fgt_ami",
            "module.spk_gwlb_asg_fgt_gwlb_igw.module.fgt_asg.data.aws_iam_policy_document.assume_role",
            "module.spk_gwlb_asg_fgt_gwlb_igw.module.security-vpc-gwlb.aws_lb.gwlb",
            "module.spk_gwlb_asg_fgt_gwlb_igw.module.security-vpc-gwlb.aws_lb_listener.gwlb_ln",
            "module.spk_gwlb_asg_fgt_gwlb_igw.module.security-vpc-gwlb.aws_lb_target_group.gwlb_tgp",
            "module.spk_gwlb_asg_fgt_gwlb_igw.module.security-vpc-gwlb.aws_lb_target_group_attachment.gwlb_tgp_a",
            "module.spk_gwlb_asg_fgt_gwlb_igw.module.security-vpc-gwlb.aws_vpc_endpoint.gwlb_endps",
            "module.spk_gwlb_asg_fgt_gwlb_igw.module.security-vpc-gwlb.aws_vpc_endpoint_service.gwlb_ep_service",
            "module.spk_gwlb_asg_fgt_gwlb_igw.module.security-vpc-gwlb.data.aws_network_interface.gwlb_intfs",
            "module.spk_gwlb_asg_fgt_gwlb_igw.module.security-vpc.aws_internet_gateway.igw",
            "module.spk_gwlb_asg_fgt_gwlb_igw.module.security-vpc.aws_security_group.secgrp",
            "module.spk_gwlb_asg_fgt_gwlb_igw.module.security-vpc.aws_subnet.subnets",
            "module.spk_gwlb_asg_fgt_gwlb_igw.module.security-vpc.aws_vpc.vpc",
            "module.spk_gwlb_asg_fgt_gwlb_igw.module.security-vpc.data.aws_vpc.vpc"
          ]
        },
        {
          "index_key": "ondemand_cpu_below_5",
          "schema_version": 1,
          "attributes": {
            "actions_enabled": true,
            "alarm_actions": [
              "arn:aws:autoscaling:us-east-2:364570460639:scalingPolicy:cd1b6157-bd07-4dc3-8d9a-49e862cccc7a:autoScalingGroupName/fgt_on_demand_asg:policyName/ondemand_cpu_below_5"
            ],
            "alarm_description": "This metric monitors average ec2 cpu utilization of Auto Scale group fgt_asg_ondemand.",
            "alarm_name": "ondemand_cpu_below_5",
            "arn": "arn:aws:cloudwatch:us-east-2:364570460639:alarm:ondemand_cpu_below_5",
            "comparison_operator": "LessThanThreshold",
            "datapoints_to_alarm": 0,
            "dimensions": {
              "AutoScalingGroupName": "fgt_on_demand_asg"
            },
            "evaluate_low_sample_count_percentiles": "",
            "evaluation_periods": 2,
            "extended_statistic": "",
            "id": "ondemand_cpu_below_5",
            "insufficient_data_actions": null,
            "metric_name": "CPUUtilization",
            "metric_query": [],
            "namespace": "AWS/EC2",
            "ok_actions": null,
            "period": 120,
            "statistic": "Average",
            "tags": null,
            "tags_all": {},
            "threshold": 5,
            "threshold_metric_id": "",
            "treat_missing_data": "missing",
            "unit": ""
          },
          "sensitive_attributes": [],
          "private": "eyJzY2hlbWFfdmVyc2lvbiI6IjEifQ==",
          "dependencies": [
            "module.spk_gwlb_asg_fgt_gwlb_igw.module.fgt_asg.aws_autoscaling_group.fgt-asg",
            "module.spk_gwlb_asg_fgt_gwlb_igw.module.fgt_asg.aws_autoscaling_policy.scale_policy",
            "module.spk_gwlb_asg_fgt_gwlb_igw.module.fgt_asg.aws_cloudwatch_event_rule.fgt_asg_launch",
            "module.spk_gwlb_asg_fgt_gwlb_igw.module.fgt_asg.aws_cloudwatch_event_rule.fgt_asg_terminate",
            "module.spk_gwlb_asg_fgt_gwlb_igw.module.fgt_asg.aws_cloudwatch_event_target.fgt_asg_launch",
            "module.spk_gwlb_asg_fgt_gwlb_igw.module.fgt_asg.aws_cloudwatch_event_target.fgt_asg_terminate",
            "module.spk_gwlb_asg_fgt_gwlb_igw.module.fgt_asg.aws_dynamodb_table.track_table",
            "module.spk_gwlb_asg_fgt_gwlb_igw.module.fgt_asg.aws_iam_role.iam_for_lambda",
            "module.spk_gwlb_asg_fgt_gwlb_igw.module.fgt_asg.aws_iam_role_policy.iam_policy",
            "module.spk_gwlb_asg_fgt_gwlb_igw.module.fgt_asg.aws_lambda_function.fgt_asg_lambda",
            "module.spk_gwlb_asg_fgt_gwlb_igw.module.fgt_asg.aws_lambda_layer_version.lambda_layer_requests",
            "module.spk_gwlb_asg_fgt_gwlb_igw.module.fgt_asg.aws_lambda_permission.lambda_permission",
            "module.spk_gwlb_asg_fgt_gwlb_igw.module.fgt_asg.aws_launch_template.fgt",
            "module.spk_gwlb_asg_fgt_gwlb_igw.module.fgt_asg.aws_s3_bucket.fgt_lic",
            "module.spk_gwlb_asg_fgt_gwlb_igw.module.fgt_asg.aws_s3_object.fgt_intf_track_file",
            "module.spk_gwlb_asg_fgt_gwlb_igw.module.fgt_asg.aws_s3_object.fgt_lic",
            "module.spk_gwlb_asg_fgt_gwlb_igw.module.fgt_asg.aws_s3_object.fgt_lic_track_file",
            "module.spk_gwlb_asg_fgt_gwlb_igw.module.fgt_asg.data.archive_file.lambda",
            "module.spk_gwlb_asg_fgt_gwlb_igw.module.fgt_asg.data.aws_ami.fgt_ami",
            "module.spk_gwlb_asg_fgt_gwlb_igw.module.fgt_asg.data.aws_iam_policy_document.assume_role",
            "module.spk_gwlb_asg_fgt_gwlb_igw.module.security-vpc-gwlb.aws_lb.gwlb",
            "module.spk_gwlb_asg_fgt_gwlb_igw.module.security-vpc-gwlb.aws_lb_listener.gwlb_ln",
            "module.spk_gwlb_asg_fgt_gwlb_igw.module.security-vpc-gwlb.aws_lb_target_group.gwlb_tgp",
            "module.spk_gwlb_asg_fgt_gwlb_igw.module.security-vpc-gwlb.aws_lb_target_group_attachment.gwlb_tgp_a",
            "module.spk_gwlb_asg_fgt_gwlb_igw.module.security-vpc-gwlb.aws_vpc_endpoint.gwlb_endps",
            "module.spk_gwlb_asg_fgt_gwlb_igw.module.security-vpc-gwlb.aws_vpc_endpoint_service.gwlb_ep_service",
            "module.spk_gwlb_asg_fgt_gwlb_igw.module.security-vpc-gwlb.data.aws_network_interface.gwlb_intfs",
            "module.spk_gwlb_asg_fgt_gwlb_igw.module.security-vpc.aws_internet_gateway.igw",
            "module.spk_gwlb_asg_fgt_gwlb_igw.module.security-vpc.aws_security_group.secgrp",
            "module.spk_gwlb_asg_fgt_gwlb_igw.module.security-vpc.aws_subnet.subnets",
            "module.spk_gwlb_asg_fgt_gwlb_igw.module.security-vpc.aws_vpc.vpc",
            "module.spk_gwlb_asg_fgt_gwlb_igw.module.security-vpc.data.aws_vpc.vpc"
          ]
        }
      ]
    },
    {
      "module": "module.spk_gwlb_asg_fgt_gwlb_igw.module.fgt_asg[\"fgt_byol_asg\"]",
      "mode": "data",
      "type": "archive_file",
      "name": "lambda",
      "provider": "provider[\"registry.terraform.io/hashicorp/archive\"]",
      "instances": [
        {
          "schema_version": 0,
          "attributes": {
            "exclude_symlink_directories": null,
            "excludes": null,
            "id": "b5ede16437ac09790ea6e7d4bf38d9d34664dc73",
            "output_base64sha256": "mhiGjfggR3W4wMW3Amny5ILq42b2TT3e+SF+mkPgmyo=",
            "output_base64sha512": "3kcYrhgltzYezmVJKDLgCnCr5GAv6xqe/3VqVFZTH3zQDjmkKfuD9jJipHsVLPcLQvgK1aZppPhf0cZWcoLyTw==",
            "output_file_mode": null,
            "output_md5": "1832ab25351e2a7bc5b4be0c1df9804c",
            "output_path": "../../../modules/fortigate/fgt_asg/fgt-asg-lambda.zip",
            "output_sha": "b5ede16437ac09790ea6e7d4bf38d9d34664dc73",
            "output_sha256": "9a18868df8204775b8c0c5b70269f2e482eae366f64d3ddef9217e9a43e09b2a",
            "output_sha512": "de4718ae1825b7361ece65492832e00a70abe4602feb1a9eff756a5456531f7cd00e39a429fb83f63262a47b152cf70b42f80ad5a669a4f85fd1c6567282f24f",
            "output_size": 10030,
            "source": [],
            "source_content": null,
            "source_content_filename": null,
            "source_dir": null,
            "source_file": "../../../modules/fortigate/fgt_asg/fgt-asg-lambda.py",
            "type": "zip"
          },
          "sensitive_attributes": []
        }
      ]
    },
    {
      "module": "module.spk_gwlb_asg_fgt_gwlb_igw.module.fgt_asg[\"fgt_byol_asg\"]",
      "mode": "data",
      "type": "aws_ami",
      "name": "fgt_ami",
      "provider": "module.spk_gwlb_asg_fgt_gwlb_igw.provider[\"registry.terraform.io/hashicorp/aws\"]",
      "instances": [
        {
          "schema_version": 0,
          "attributes": {
            "architecture": "x86_64",
            "arn": "arn:aws:ec2:us-east-2::image/ami-08326aee053347139",
            "block_device_mappings": [
              {
                "device_name": "/dev/sda1",
                "ebs": {
                  "delete_on_termination": "true",
                  "encrypted": "false",
                  "iops": "0",
                  "snapshot_id": "snap-07fc9f66961b60d5c",
                  "throughput": "0",
                  "volume_size": "2",
                  "volume_type": "gp2"
                },
                "no_device": "",
                "virtual_name": ""
              },
              {
                "device_name": "/dev/sdb",
                "ebs": {
                  "delete_on_termination": "true",
                  "encrypted": "false",
                  "iops": "0",
                  "snapshot_id": "",
                  "throughput": "0",
                  "volume_size": "30",
                  "volume_type": "gp2"
                },
                "no_device": "",
                "virtual_name": ""
              }
            ],
            "boot_mode": "",
            "creation_date": "2023-06-13T18:01:11.000Z",
            "deprecation_time": "2025-06-13T18:01:11.000Z",
            "description": "FortiGate-VM64-AWS build1517 (7.2.5) GA",
            "ena_support": true,
            "executable_users": null,
            "filter": [
              {
                "name": "name",
                "values": [
                  "FortiGate-VM64-AWS build*7.2*"
                ]
              }
            ],
            "hypervisor": "xen",
            "id": "ami-08326aee053347139",
            "image_id": "ami-08326aee053347139",
            "image_location": "aws-marketplace/FortiGate-VM64-AWS build1517 (7.2.5) GA-e5936f4a-0d69-479f-919c-d5e158bd4d12",
            "image_owner_alias": "aws-marketplace",
            "image_type": "machine",
            "imds_support": "",
            "include_deprecated": false,
            "kernel_id": "",
            "most_recent": true,
            "name": "FortiGate-VM64-AWS build1517 (7.2.5) GA-e5936f4a-0d69-479f-919c-d5e158bd4d12",
            "name_regex": null,
            "owner_id": "679593333241",
            "owners": [
              "aws-marketplace"
            ],
            "platform": "",
            "platform_details": "Linux/UNIX",
            "product_codes": [
              {
                "product_code_id": "dlaioq277sglm5mw1y1dmeuqa",
                "product_code_type": "marketplace"
              }
            ],
            "public": true,
            "ramdisk_id": "",
            "root_device_name": "/dev/sda1",
            "root_device_type": "ebs",
            "root_snapshot_id": "snap-07fc9f66961b60d5c",
            "sriov_net_support": "simple",
            "state": "available",
            "state_reason": {
              "code": "UNSET",
              "message": "UNSET"
            },
            "tags": {},
            "timeouts": null,
            "tpm_support": "",
            "usage_operation": "RunInstances",
            "virtualization_type": "hvm"
          },
          "sensitive_attributes": []
        }
      ]
    },
    {
      "module": "module.spk_gwlb_asg_fgt_gwlb_igw.module.fgt_asg[\"fgt_byol_asg\"]",
      "mode": "data",
      "type": "aws_iam_policy_document",
      "name": "assume_role",
      "provider": "module.spk_gwlb_asg_fgt_gwlb_igw.provider[\"registry.terraform.io/hashicorp/aws\"]",
      "instances": [
        {
          "schema_version": 0,
          "attributes": {
            "id": "2690255455",
            "json": "{\n  \"Version\": \"2012-10-17\",\n  \"Statement\": [\n    {\n      \"Effect\": \"Allow\",\n      \"Action\": \"sts:AssumeRole\",\n      \"Principal\": {\n        \"Service\": \"lambda.amazonaws.com\"\n      }\n    }\n  ]\n}",
            "override_policy_documents": null,
            "policy_id": null,
            "source_policy_documents": null,
            "statement": [
              {
                "actions": [
                  "sts:AssumeRole"
                ],
                "condition": [],
                "effect": "Allow",
                "not_actions": [],
                "not_principals": [],
                "not_resources": [],
                "principals": [
                  {
                    "identifiers": [
                      "lambda.amazonaws.com"
                    ],
                    "type": "Service"
                  }
                ],
                "resources": [],
                "sid": ""
              }
            ],
            "version": "2012-10-17"
          },
          "sensitive_attributes": []
        }
      ]
    },
    {
      "module": "module.spk_gwlb_asg_fgt_gwlb_igw.module.fgt_asg[\"fgt_byol_asg\"]",
      "mode": "managed",
      "type": "aws_autoscaling_group",
      "name": "fgt-asg",
      "provider": "module.spk_gwlb_asg_fgt_gwlb_igw.provider[\"registry.terraform.io/hashicorp/aws\"]",
      "instances": [
        {
          "schema_version": 0,
          "attributes": {
            "arn": "arn:aws:autoscaling:us-east-2:364570460639:autoScalingGroup:ee49d1a8-4eaf-4b45-a3f7-ae883fee18ca:autoScalingGroupName/fgt_byol_asg",
            "availability_zones": [
              "us-east-2a",
              "us-east-2b"
            ],
            "capacity_rebalance": false,
            "context": "",
            "default_cooldown": 300,
            "default_instance_warmup": 0,
            "desired_capacity": 2,
            "desired_capacity_type": "",
            "enabled_metrics": null,
            "force_delete": false,
            "force_delete_warm_pool": false,
            "health_check_grace_period": 300,
            "health_check_type": "ELB",
            "id": "fgt_byol_asg",
            "initial_lifecycle_hook": [
              {
                "default_result": "CONTINUE",
                "heartbeat_timeout": 60,
                "lifecycle_transition": "autoscaling:EC2_INSTANCE_LAUNCHING",
                "name": "fgt_asg_launch_hook",
                "notification_metadata": "",
                "notification_target_arn": "",
                "role_arn": ""
              },
              {
                "default_result": "CONTINUE",
                "heartbeat_timeout": 60,
                "lifecycle_transition": "autoscaling:EC2_INSTANCE_TERMINATING",
                "name": "fgt_asg_terminate_hook",
                "notification_metadata": "",
                "notification_target_arn": "",
                "role_arn": ""
              }
            ],
            "instance_refresh": [],
            "launch_configuration": "",
            "launch_template": [
              {
                "id": "lt-0caa9543cd381daf7",
                "name": "fgt_asg_template",
                "version": "1"
              }
            ],
            "load_balancers": [],
            "max_instance_lifetime": 0,
            "max_size": 2,
            "metrics_granularity": "1Minute",
            "min_elb_capacity": null,
            "min_size": 2,
            "mixed_instances_policy": [],
            "name": "fgt_byol_asg",
            "name_prefix": "",
            "placement_group": "",
            "predicted_capacity": 0,
            "protect_from_scale_in": false,
            "service_linked_role_arn": "arn:aws:iam::364570460639:role/aws-service-role/autoscaling.amazonaws.com/AWSServiceRoleForAutoScaling",
            "suspended_processes": null,
            "tag": [
              {
                "key": "created_from",
                "propagate_at_launch": true,
                "value": "Terraform"
              },
              {
                "key": "purpuse",
                "propagate_at_launch": true,
                "value": "ASG_TEST"
              }
            ],
            "target_group_arns": [
              "arn:aws:elasticloadbalancing:us-east-2:364570460639:targetgroup/gwlb-tgp-fgt/00dfc7d45fd1b38b97"
            ],
            "termination_policies": null,
            "timeouts": null,
            "traffic_source": [
              {
                "identifier": "arn:aws:elasticloadbalancing:us-east-2:364570460639:targetgroup/gwlb-tgp-fgt/00dfc7d45fd1b38b97",
                "type": "elbv2"
              }
            ],
            "vpc_zone_identifier": [
              "subnet-05d963663cbb42269",
              "subnet-0c78b8e1787986cba"
            ],
            "wait_for_capacity_timeout": "10m",
            "wait_for_elb_capacity": null,
            "warm_pool": [],
            "warm_pool_size": 0
          },
          "sensitive_attributes": [],
          "private": "eyJlMmJmYjczMC1lY2FhLTExZTYtOGY4OC0zNDM2M2JjN2M0YzAiOnsiZGVsZXRlIjo2MDAwMDAwMDAwMDAsInVwZGF0ZSI6NjAwMDAwMDAwMDAwfX0=",
          "dependencies": [
            "module.spk_gwlb_asg_fgt_gwlb_igw.module.fgt_asg.aws_cloudwatch_event_rule.fgt_asg_launch",
            "module.spk_gwlb_asg_fgt_gwlb_igw.module.fgt_asg.aws_cloudwatch_event_rule.fgt_asg_terminate",
            "module.spk_gwlb_asg_fgt_gwlb_igw.module.fgt_asg.aws_cloudwatch_event_target.fgt_asg_launch",
            "module.spk_gwlb_asg_fgt_gwlb_igw.module.fgt_asg.aws_cloudwatch_event_target.fgt_asg_terminate",
            "module.spk_gwlb_asg_fgt_gwlb_igw.module.fgt_asg.aws_iam_role.iam_for_lambda",
            "module.spk_gwlb_asg_fgt_gwlb_igw.module.fgt_asg.aws_iam_role_policy.iam_policy",
            "module.spk_gwlb_asg_fgt_gwlb_igw.module.fgt_asg.aws_lambda_function.fgt_asg_lambda",
            "module.spk_gwlb_asg_fgt_gwlb_igw.module.fgt_asg.aws_lambda_layer_version.lambda_layer_requests",
            "module.spk_gwlb_asg_fgt_gwlb_igw.module.fgt_asg.aws_lambda_permission.lambda_permission",
            "module.spk_gwlb_asg_fgt_gwlb_igw.module.fgt_asg.aws_launch_template.fgt",
            "module.spk_gwlb_asg_fgt_gwlb_igw.module.fgt_asg.aws_s3_bucket.fgt_lic",
            "module.spk_gwlb_asg_fgt_gwlb_igw.module.fgt_asg.aws_s3_object.fgt_intf_track_file",
            "module.spk_gwlb_asg_fgt_gwlb_igw.module.fgt_asg.aws_s3_object.fgt_lic",
            "module.spk_gwlb_asg_fgt_gwlb_igw.module.fgt_asg.aws_s3_object.fgt_lic_track_file",
            "module.spk_gwlb_asg_fgt_gwlb_igw.module.fgt_asg.data.archive_file.lambda",
            "module.spk_gwlb_asg_fgt_gwlb_igw.module.fgt_asg.data.aws_ami.fgt_ami",
            "module.spk_gwlb_asg_fgt_gwlb_igw.module.fgt_asg.data.aws_iam_policy_document.assume_role",
            "module.spk_gwlb_asg_fgt_gwlb_igw.module.security-vpc-gwlb.aws_lb.gwlb",
            "module.spk_gwlb_asg_fgt_gwlb_igw.module.security-vpc-gwlb.aws_lb_listener.gwlb_ln",
            "module.spk_gwlb_asg_fgt_gwlb_igw.module.security-vpc-gwlb.aws_lb_target_group.gwlb_tgp",
            "module.spk_gwlb_asg_fgt_gwlb_igw.module.security-vpc-gwlb.aws_lb_target_group_attachment.gwlb_tgp_a",
            "module.spk_gwlb_asg_fgt_gwlb_igw.module.security-vpc-gwlb.aws_vpc_endpoint.gwlb_endps",
            "module.spk_gwlb_asg_fgt_gwlb_igw.module.security-vpc-gwlb.aws_vpc_endpoint_service.gwlb_ep_service",
            "module.spk_gwlb_asg_fgt_gwlb_igw.module.security-vpc-gwlb.data.aws_network_interface.gwlb_intfs",
            "module.spk_gwlb_asg_fgt_gwlb_igw.module.security-vpc.aws_internet_gateway.igw",
            "module.spk_gwlb_asg_fgt_gwlb_igw.module.security-vpc.aws_security_group.secgrp",
            "module.spk_gwlb_asg_fgt_gwlb_igw.module.security-vpc.aws_subnet.subnets",
            "module.spk_gwlb_asg_fgt_gwlb_igw.module.security-vpc.aws_vpc.vpc",
            "module.spk_gwlb_asg_fgt_gwlb_igw.module.security-vpc.data.aws_vpc.vpc"
          ]
        }
      ]
    },
    {
      "module": "module.spk_gwlb_asg_fgt_gwlb_igw.module.fgt_asg[\"fgt_byol_asg\"]",
      "mode": "managed",
      "type": "aws_cloudwatch_event_rule",
      "name": "fgt_asg_launch",
      "provider": "module.spk_gwlb_asg_fgt_gwlb_igw.provider[\"registry.terraform.io/hashicorp/aws\"]",
      "instances": [
        {
          "schema_version": 0,
          "attributes": {
            "arn": "arn:aws:events:us-east-2:364570460639:rule/fgt_asg_launch_fgt_byol_asg",
            "description": "Cloudwatch event rule for FortiGate Auto Scaling Group instance launch.",
            "event_bus_name": "default",
            "event_pattern": "{\"detail\":{\"AutoScalingGroupName\":[\"fgt_byol_asg\"]},\"detail-type\":[\"EC2 Instance-launch Lifecycle Action\",\"EC2 Instance Launch Successful\"],\"source\":[\"aws.autoscaling\"]}",
            "id": "fgt_asg_launch_fgt_byol_asg",
            "is_enabled": true,
            "name": "fgt_asg_launch_fgt_byol_asg",
            "name_prefix": "",
            "role_arn": "",
            "schedule_expression": "",
            "tags": null,
            "tags_all": {}
          },
          "sensitive_attributes": [],
          "private": "bnVsbA==",
          "dependencies": [
            "module.spk_gwlb_asg_fgt_gwlb_igw.module.security-vpc-gwlb.aws_lb.gwlb",
            "module.spk_gwlb_asg_fgt_gwlb_igw.module.security-vpc-gwlb.aws_lb_listener.gwlb_ln",
            "module.spk_gwlb_asg_fgt_gwlb_igw.module.security-vpc-gwlb.aws_lb_target_group.gwlb_tgp",
            "module.spk_gwlb_asg_fgt_gwlb_igw.module.security-vpc-gwlb.aws_lb_target_group_attachment.gwlb_tgp_a",
            "module.spk_gwlb_asg_fgt_gwlb_igw.module.security-vpc-gwlb.aws_vpc_endpoint.gwlb_endps",
            "module.spk_gwlb_asg_fgt_gwlb_igw.module.security-vpc-gwlb.aws_vpc_endpoint_service.gwlb_ep_service",
            "module.spk_gwlb_asg_fgt_gwlb_igw.module.security-vpc-gwlb.data.aws_network_interface.gwlb_intfs",
            "module.spk_gwlb_asg_fgt_gwlb_igw.module.security-vpc.aws_internet_gateway.igw",
            "module.spk_gwlb_asg_fgt_gwlb_igw.module.security-vpc.aws_security_group.secgrp",
            "module.spk_gwlb_asg_fgt_gwlb_igw.module.security-vpc.aws_subnet.subnets",
            "module.spk_gwlb_asg_fgt_gwlb_igw.module.security-vpc.aws_vpc.vpc",
            "module.spk_gwlb_asg_fgt_gwlb_igw.module.security-vpc.data.aws_vpc.vpc"
          ]
        }
      ]
    },
    {
      "module": "module.spk_gwlb_asg_fgt_gwlb_igw.module.fgt_asg[\"fgt_byol_asg\"]",
      "mode": "managed",
      "type": "aws_cloudwatch_event_rule",
      "name": "fgt_asg_terminate",
      "provider": "module.spk_gwlb_asg_fgt_gwlb_igw.provider[\"registry.terraform.io/hashicorp/aws\"]",
      "instances": [
        {
          "schema_version": 0,
          "attributes": {
            "arn": "arn:aws:events:us-east-2:364570460639:rule/fgt_asg_terminate_fgt_byol_asg",
            "description": "Cloudwatch event rule for FortiGate Auto Scaling Group instance terminate.",
            "event_bus_name": "default",
            "event_pattern": "{\"detail\":{\"AutoScalingGroupName\":[\"fgt_byol_asg\"]},\"detail-type\":[\"EC2 Instance-terminate Lifecycle Action\",\"EC2 Instance Terminate Successful\"],\"source\":[\"aws.autoscaling\"]}",
            "id": "fgt_asg_terminate_fgt_byol_asg",
            "is_enabled": true,
            "name": "fgt_asg_terminate_fgt_byol_asg",
            "name_prefix": "",
            "role_arn": "",
            "schedule_expression": "",
            "tags": null,
            "tags_all": {}
          },
          "sensitive_attributes": [],
          "private": "bnVsbA==",
          "dependencies": [
            "module.spk_gwlb_asg_fgt_gwlb_igw.module.security-vpc-gwlb.aws_lb.gwlb",
            "module.spk_gwlb_asg_fgt_gwlb_igw.module.security-vpc-gwlb.aws_lb_listener.gwlb_ln",
            "module.spk_gwlb_asg_fgt_gwlb_igw.module.security-vpc-gwlb.aws_lb_target_group.gwlb_tgp",
            "module.spk_gwlb_asg_fgt_gwlb_igw.module.security-vpc-gwlb.aws_lb_target_group_attachment.gwlb_tgp_a",
            "module.spk_gwlb_asg_fgt_gwlb_igw.module.security-vpc-gwlb.aws_vpc_endpoint.gwlb_endps",
            "module.spk_gwlb_asg_fgt_gwlb_igw.module.security-vpc-gwlb.aws_vpc_endpoint_service.gwlb_ep_service",
            "module.spk_gwlb_asg_fgt_gwlb_igw.module.security-vpc-gwlb.data.aws_network_interface.gwlb_intfs",
            "module.spk_gwlb_asg_fgt_gwlb_igw.module.security-vpc.aws_internet_gateway.igw",
            "module.spk_gwlb_asg_fgt_gwlb_igw.module.security-vpc.aws_security_group.secgrp",
            "module.spk_gwlb_asg_fgt_gwlb_igw.module.security-vpc.aws_subnet.subnets",
            "module.spk_gwlb_asg_fgt_gwlb_igw.module.security-vpc.aws_vpc.vpc",
            "module.spk_gwlb_asg_fgt_gwlb_igw.module.security-vpc.data.aws_vpc.vpc"
          ]
        }
      ]
    },
    {
      "module": "module.spk_gwlb_asg_fgt_gwlb_igw.module.fgt_asg[\"fgt_byol_asg\"]",
      "mode": "managed",
      "type": "aws_cloudwatch_event_target",
      "name": "fgt_asg_launch",
      "provider": "module.spk_gwlb_asg_fgt_gwlb_igw.provider[\"registry.terraform.io/hashicorp/aws\"]",
      "instances": [
        {
          "schema_version": 1,
          "attributes": {
            "arn": "arn:aws:lambda:us-east-2:364570460639:function:fgt-asg-lambda_fgt_byol_asg",
            "batch_target": [],
            "dead_letter_config": [],
            "ecs_target": [],
            "event_bus_name": "default",
            "http_target": [],
            "id": "fgt_asg_launch_fgt_byol_asg-fgt_asg_launch_target_fgt_byol_asg",
            "input": "",
            "input_path": "",
            "input_transformer": [],
            "kinesis_target": [],
            "redshift_target": [],
            "retry_policy": [],
            "role_arn": "",
            "rule": "fgt_asg_launch_fgt_byol_asg",
            "run_command_targets": [],
            "sqs_target": [],
            "target_id": "fgt_asg_launch_target_fgt_byol_asg"
          },
          "sensitive_attributes": [],
          "private": "eyJzY2hlbWFfdmVyc2lvbiI6IjEifQ==",
          "dependencies": [
            "module.spk_gwlb_asg_fgt_gwlb_igw.module.fgt_asg.aws_cloudwatch_event_rule.fgt_asg_launch",
            "module.spk_gwlb_asg_fgt_gwlb_igw.module.fgt_asg.aws_iam_role.iam_for_lambda",
            "module.spk_gwlb_asg_fgt_gwlb_igw.module.fgt_asg.aws_lambda_function.fgt_asg_lambda",
            "module.spk_gwlb_asg_fgt_gwlb_igw.module.fgt_asg.aws_lambda_layer_version.lambda_layer_requests",
            "module.spk_gwlb_asg_fgt_gwlb_igw.module.fgt_asg.aws_s3_bucket.fgt_lic",
            "module.spk_gwlb_asg_fgt_gwlb_igw.module.fgt_asg.data.archive_file.lambda",
            "module.spk_gwlb_asg_fgt_gwlb_igw.module.fgt_asg.data.aws_iam_policy_document.assume_role",
            "module.spk_gwlb_asg_fgt_gwlb_igw.module.security-vpc-gwlb.aws_lb.gwlb",
            "module.spk_gwlb_asg_fgt_gwlb_igw.module.security-vpc-gwlb.aws_lb_listener.gwlb_ln",
            "module.spk_gwlb_asg_fgt_gwlb_igw.module.security-vpc-gwlb.aws_lb_target_group.gwlb_tgp",
            "module.spk_gwlb_asg_fgt_gwlb_igw.module.security-vpc-gwlb.aws_lb_target_group_attachment.gwlb_tgp_a",
            "module.spk_gwlb_asg_fgt_gwlb_igw.module.security-vpc-gwlb.aws_vpc_endpoint.gwlb_endps",
            "module.spk_gwlb_asg_fgt_gwlb_igw.module.security-vpc-gwlb.aws_vpc_endpoint_service.gwlb_ep_service",
            "module.spk_gwlb_asg_fgt_gwlb_igw.module.security-vpc-gwlb.data.aws_network_interface.gwlb_intfs",
            "module.spk_gwlb_asg_fgt_gwlb_igw.module.security-vpc.aws_internet_gateway.igw",
            "module.spk_gwlb_asg_fgt_gwlb_igw.module.security-vpc.aws_security_group.secgrp",
            "module.spk_gwlb_asg_fgt_gwlb_igw.module.security-vpc.aws_subnet.subnets",
            "module.spk_gwlb_asg_fgt_gwlb_igw.module.security-vpc.aws_vpc.vpc",
            "module.spk_gwlb_asg_fgt_gwlb_igw.module.security-vpc.data.aws_vpc.vpc"
          ]
        }
      ]
    },
    {
      "module": "module.spk_gwlb_asg_fgt_gwlb_igw.module.fgt_asg[\"fgt_byol_asg\"]",
      "mode": "managed",
      "type": "aws_cloudwatch_event_target",
      "name": "fgt_asg_terminate",
      "provider": "module.spk_gwlb_asg_fgt_gwlb_igw.provider[\"registry.terraform.io/hashicorp/aws\"]",
      "instances": [
        {
          "schema_version": 1,
          "attributes": {
            "arn": "arn:aws:lambda:us-east-2:364570460639:function:fgt-asg-lambda_fgt_byol_asg",
            "batch_target": [],
            "dead_letter_config": [],
            "ecs_target": [],
            "event_bus_name": "default",
            "http_target": [],
            "id": "fgt_asg_terminate_fgt_byol_asg-fgt_asg_terminate_target_fgt_byol_asg",
            "input": "",
            "input_path": "",
            "input_transformer": [],
            "kinesis_target": [],
            "redshift_target": [],
            "retry_policy": [],
            "role_arn": "",
            "rule": "fgt_asg_terminate_fgt_byol_asg",
            "run_command_targets": [],
            "sqs_target": [],
            "target_id": "fgt_asg_terminate_target_fgt_byol_asg"
          },
          "sensitive_attributes": [],
          "private": "eyJzY2hlbWFfdmVyc2lvbiI6IjEifQ==",
          "dependencies": [
            "module.spk_gwlb_asg_fgt_gwlb_igw.module.fgt_asg.aws_cloudwatch_event_rule.fgt_asg_terminate",
            "module.spk_gwlb_asg_fgt_gwlb_igw.module.fgt_asg.aws_iam_role.iam_for_lambda",
            "module.spk_gwlb_asg_fgt_gwlb_igw.module.fgt_asg.aws_lambda_function.fgt_asg_lambda",
            "module.spk_gwlb_asg_fgt_gwlb_igw.module.fgt_asg.aws_lambda_layer_version.lambda_layer_requests",
            "module.spk_gwlb_asg_fgt_gwlb_igw.module.fgt_asg.aws_s3_bucket.fgt_lic",
            "module.spk_gwlb_asg_fgt_gwlb_igw.module.fgt_asg.data.archive_file.lambda",
            "module.spk_gwlb_asg_fgt_gwlb_igw.module.fgt_asg.data.aws_iam_policy_document.assume_role",
            "module.spk_gwlb_asg_fgt_gwlb_igw.module.security-vpc-gwlb.aws_lb.gwlb",
            "module.spk_gwlb_asg_fgt_gwlb_igw.module.security-vpc-gwlb.aws_lb_listener.gwlb_ln",
            "module.spk_gwlb_asg_fgt_gwlb_igw.module.security-vpc-gwlb.aws_lb_target_group.gwlb_tgp",
            "module.spk_gwlb_asg_fgt_gwlb_igw.module.security-vpc-gwlb.aws_lb_target_group_attachment.gwlb_tgp_a",
            "module.spk_gwlb_asg_fgt_gwlb_igw.module.security-vpc-gwlb.aws_vpc_endpoint.gwlb_endps",
            "module.spk_gwlb_asg_fgt_gwlb_igw.module.security-vpc-gwlb.aws_vpc_endpoint_service.gwlb_ep_service",
            "module.spk_gwlb_asg_fgt_gwlb_igw.module.security-vpc-gwlb.data.aws_network_interface.gwlb_intfs",
            "module.spk_gwlb_asg_fgt_gwlb_igw.module.security-vpc.aws_internet_gateway.igw",
            "module.spk_gwlb_asg_fgt_gwlb_igw.module.security-vpc.aws_security_group.secgrp",
            "module.spk_gwlb_asg_fgt_gwlb_igw.module.security-vpc.aws_subnet.subnets",
            "module.spk_gwlb_asg_fgt_gwlb_igw.module.security-vpc.aws_vpc.vpc",
            "module.spk_gwlb_asg_fgt_gwlb_igw.module.security-vpc.data.aws_vpc.vpc"
          ]
        }
      ]
    },
    {
      "module": "module.spk_gwlb_asg_fgt_gwlb_igw.module.fgt_asg[\"fgt_byol_asg\"]",
      "mode": "managed",
      "type": "aws_dynamodb_table",
      "name": "track_table",
      "provider": "module.spk_gwlb_asg_fgt_gwlb_igw.provider[\"registry.terraform.io/hashicorp/aws\"]",
      "instances": [
        {
          "index_key": 0,
          "schema_version": 1,
          "attributes": {
            "arn": "arn:aws:dynamodb:us-east-2:364570460639:table/fgt_asg_track_table",
            "attribute": [
              {
                "name": "Category",
                "type": "S"
              }
            ],
            "billing_mode": "PAY_PER_REQUEST",
            "deletion_protection_enabled": false,
            "global_secondary_index": [],
            "hash_key": "Category",
            "id": "fgt_asg_track_table",
            "local_secondary_index": [],
            "name": "fgt_asg_track_table",
            "point_in_time_recovery": [
              {
                "enabled": false
              }
            ],
            "range_key": null,
            "read_capacity": 0,
            "replica": [],
            "restore_date_time": null,
            "restore_source_name": null,
            "restore_to_latest_time": null,
            "server_side_encryption": [],
            "stream_arn": "",
            "stream_enabled": false,
            "stream_label": "",
            "stream_view_type": "",
            "table_class": "STANDARD",
            "tags": null,
            "tags_all": {},
            "timeouts": null,
            "ttl": [
              {
                "attribute_name": "",
                "enabled": false
              }
            ],
            "write_capacity": 0
          },
          "sensitive_attributes": [],
          "private": "eyJlMmJmYjczMC1lY2FhLTExZTYtOGY4OC0zNDM2M2JjN2M0YzAiOnsiY3JlYXRlIjoxODAwMDAwMDAwMDAwLCJkZWxldGUiOjYwMDAwMDAwMDAwMCwidXBkYXRlIjozNjAwMDAwMDAwMDAwfSwic2NoZW1hX3ZlcnNpb24iOiIxIn0=",
          "dependencies": [
            "module.spk_gwlb_asg_fgt_gwlb_igw.module.security-vpc-gwlb.aws_lb.gwlb",
            "module.spk_gwlb_asg_fgt_gwlb_igw.module.security-vpc-gwlb.aws_lb_listener.gwlb_ln",
            "module.spk_gwlb_asg_fgt_gwlb_igw.module.security-vpc-gwlb.aws_lb_target_group.gwlb_tgp",
            "module.spk_gwlb_asg_fgt_gwlb_igw.module.security-vpc-gwlb.aws_lb_target_group_attachment.gwlb_tgp_a",
            "module.spk_gwlb_asg_fgt_gwlb_igw.module.security-vpc-gwlb.aws_vpc_endpoint.gwlb_endps",
            "module.spk_gwlb_asg_fgt_gwlb_igw.module.security-vpc-gwlb.aws_vpc_endpoint_service.gwlb_ep_service",
            "module.spk_gwlb_asg_fgt_gwlb_igw.module.security-vpc-gwlb.data.aws_network_interface.gwlb_intfs",
            "module.spk_gwlb_asg_fgt_gwlb_igw.module.security-vpc.aws_internet_gateway.igw",
            "module.spk_gwlb_asg_fgt_gwlb_igw.module.security-vpc.aws_security_group.secgrp",
            "module.spk_gwlb_asg_fgt_gwlb_igw.module.security-vpc.aws_subnet.subnets",
            "module.spk_gwlb_asg_fgt_gwlb_igw.module.security-vpc.aws_vpc.vpc",
            "module.spk_gwlb_asg_fgt_gwlb_igw.module.security-vpc.data.aws_vpc.vpc"
          ]
        }
      ]
    },
    {
      "module": "module.spk_gwlb_asg_fgt_gwlb_igw.module.fgt_asg[\"fgt_byol_asg\"]",
      "mode": "managed",
      "type": "aws_iam_role",
      "name": "iam_for_lambda",
      "provider": "module.spk_gwlb_asg_fgt_gwlb_igw.provider[\"registry.terraform.io/hashicorp/aws\"]",
      "instances": [
        {
          "schema_version": 0,
          "attributes": {
            "arn": "arn:aws:iam::364570460639:role/iam_for_lambda-f6c2b640-7aa9-1b85-ac72-9671e5c7430e",
            "assume_role_policy": "{\"Statement\":[{\"Action\":\"sts:AssumeRole\",\"Effect\":\"Allow\",\"Principal\":{\"Service\":\"lambda.amazonaws.com\"}}],\"Version\":\"2012-10-17\"}",
            "create_date": "2023-08-03T07:25:27Z",
            "description": "",
            "force_detach_policies": false,
            "id": "iam_for_lambda-f6c2b640-7aa9-1b85-ac72-9671e5c7430e",
            "inline_policy": [],
            "managed_policy_arns": [],
            "max_session_duration": 3600,
            "name": "iam_for_lambda-f6c2b640-7aa9-1b85-ac72-9671e5c7430e",
            "name_prefix": "",
            "path": "/",
            "permissions_boundary": null,
            "tags": null,
            "tags_all": {},
            "unique_id": "AROAVJYQXYHPY4H76DTMZ"
          },
          "sensitive_attributes": [],
          "private": "bnVsbA==",
          "dependencies": [
            "module.spk_gwlb_asg_fgt_gwlb_igw.module.fgt_asg.data.aws_iam_policy_document.assume_role",
            "module.spk_gwlb_asg_fgt_gwlb_igw.module.security-vpc-gwlb.aws_lb.gwlb",
            "module.spk_gwlb_asg_fgt_gwlb_igw.module.security-vpc-gwlb.aws_lb_listener.gwlb_ln",
            "module.spk_gwlb_asg_fgt_gwlb_igw.module.security-vpc-gwlb.aws_lb_target_group.gwlb_tgp",
            "module.spk_gwlb_asg_fgt_gwlb_igw.module.security-vpc-gwlb.aws_lb_target_group_attachment.gwlb_tgp_a",
            "module.spk_gwlb_asg_fgt_gwlb_igw.module.security-vpc-gwlb.aws_vpc_endpoint.gwlb_endps",
            "module.spk_gwlb_asg_fgt_gwlb_igw.module.security-vpc-gwlb.aws_vpc_endpoint_service.gwlb_ep_service",
            "module.spk_gwlb_asg_fgt_gwlb_igw.module.security-vpc-gwlb.data.aws_network_interface.gwlb_intfs",
            "module.spk_gwlb_asg_fgt_gwlb_igw.module.security-vpc.aws_internet_gateway.igw",
            "module.spk_gwlb_asg_fgt_gwlb_igw.module.security-vpc.aws_security_group.secgrp",
            "module.spk_gwlb_asg_fgt_gwlb_igw.module.security-vpc.aws_subnet.subnets",
            "module.spk_gwlb_asg_fgt_gwlb_igw.module.security-vpc.aws_vpc.vpc",
            "module.spk_gwlb_asg_fgt_gwlb_igw.module.security-vpc.data.aws_vpc.vpc"
          ]
        }
      ]
    },
    {
      "module": "module.spk_gwlb_asg_fgt_gwlb_igw.module.fgt_asg[\"fgt_byol_asg\"]",
      "mode": "managed",
      "type": "aws_iam_role_policy",
      "name": "iam_policy",
      "provider": "module.spk_gwlb_asg_fgt_gwlb_igw.provider[\"registry.terraform.io/hashicorp/aws\"]",
      "instances": [
        {
          "schema_version": 0,
          "attributes": {
            "id": "iam_for_lambda-f6c2b640-7aa9-1b85-ac72-9671e5c7430e:lambda_iam_policy",
            "name": "lambda_iam_policy",
            "name_prefix": null,
            "policy": "{\"Version\":\"2012-10-17\",\"Statement\":[{\"Action\":[\"logs:CreateLogGroup\",\"logs:CreateLogStream\",\"logs:PutLogEvents\"],\"Effect\":\"Allow\",\"Resource\":\"arn:aws:logs:*:*:*\"},{\"Action\":[\"ec2:AllocateAddress\",\"ec2:AssociateAddress\",\"ec2:AttachNetworkInterface\",\"ec2:CreateNetworkInterface\",\"ec2:DescribeAddresses\",\"ec2:DescribeInstances\",\"ec2:DescribeNetworkInterfaces\",\"ec2:DescribeSubnets\",\"ec2:DeleteNetworkInterface\",\"ec2:DetachNetworkInterface\",\"ec2:DisassociateAddress\",\"ec2:ModifyNetworkInterfaceAttribute\",\"ec2:ModifyInstanceAttribute\",\"ec2:ReleaseAddress\",\"autoscaling:CompleteLifecycleAction\",\"autoscaling:DescribeAutoScalingGroups\",\"s3:*\",\"s3-object-lambda:*\",\"dynamodb:*\"],\"Effect\":\"Allow\",\"Resource\":\"*\"},{\"Action\":[\"events:PutRule\"],\"Effect\":\"Allow\",\"Resource\":\"arn:aws:events:*:*:rule/*\"}]}",
            "role": "iam_for_lambda-f6c2b640-7aa9-1b85-ac72-9671e5c7430e"
          },
          "sensitive_attributes": [],
          "private": "bnVsbA==",
          "dependencies": [
            "module.spk_gwlb_asg_fgt_gwlb_igw.module.fgt_asg.aws_iam_role.iam_for_lambda",
            "module.spk_gwlb_asg_fgt_gwlb_igw.module.fgt_asg.data.aws_iam_policy_document.assume_role",
            "module.spk_gwlb_asg_fgt_gwlb_igw.module.security-vpc-gwlb.aws_lb.gwlb",
            "module.spk_gwlb_asg_fgt_gwlb_igw.module.security-vpc-gwlb.aws_lb_listener.gwlb_ln",
            "module.spk_gwlb_asg_fgt_gwlb_igw.module.security-vpc-gwlb.aws_lb_target_group.gwlb_tgp",
            "module.spk_gwlb_asg_fgt_gwlb_igw.module.security-vpc-gwlb.aws_lb_target_group_attachment.gwlb_tgp_a",
            "module.spk_gwlb_asg_fgt_gwlb_igw.module.security-vpc-gwlb.aws_vpc_endpoint.gwlb_endps",
            "module.spk_gwlb_asg_fgt_gwlb_igw.module.security-vpc-gwlb.aws_vpc_endpoint_service.gwlb_ep_service",
            "module.spk_gwlb_asg_fgt_gwlb_igw.module.security-vpc-gwlb.data.aws_network_interface.gwlb_intfs",
            "module.spk_gwlb_asg_fgt_gwlb_igw.module.security-vpc.aws_internet_gateway.igw",
            "module.spk_gwlb_asg_fgt_gwlb_igw.module.security-vpc.aws_security_group.secgrp",
            "module.spk_gwlb_asg_fgt_gwlb_igw.module.security-vpc.aws_subnet.subnets",
            "module.spk_gwlb_asg_fgt_gwlb_igw.module.security-vpc.aws_vpc.vpc",
            "module.spk_gwlb_asg_fgt_gwlb_igw.module.security-vpc.data.aws_vpc.vpc"
          ]
        }
      ]
    },
    {
      "module": "module.spk_gwlb_asg_fgt_gwlb_igw.module.fgt_asg[\"fgt_byol_asg\"]",
      "mode": "managed",
      "type": "aws_lambda_function",
      "name": "fgt_asg_lambda",
      "provider": "module.spk_gwlb_asg_fgt_gwlb_igw.provider[\"registry.terraform.io/hashicorp/aws\"]",
      "instances": [
        {
          "schema_version": 0,
          "attributes": {
            "architectures": [
              "x86_64"
            ],
            "arn": "arn:aws:lambda:us-east-2:364570460639:function:fgt-asg-lambda_fgt_byol_asg",
            "code_signing_config_arn": "",
            "dead_letter_config": [],
            "description": "",
            "environment": [
              {
                "variables": {
                  "create_geneve_for_all_az": "true",
                  "dynamodb_table_name": "fgt_asg_track_table",
                  "enable_fgt_system_autoscale": "true",
                  "fgt_login_port_number": "",
                  "fgt_multi_vdom": "false",
                  "fgt_password": "fortinet@123",
                  "fgt_system_autoscale_psksecret": "",
                  "gwlb_ips": "{\"subnet-05d963663cbb42269\":\"10.0.3.7\",\"subnet-0c78b8e1787986cba\":\"10.0.1.194\"}",
                  "lic_s3_name": "fgt-asg-lic-e58250a8-86e8-9841-b726-0414f42d007e",
                  "need_license": "true",
                  "network_interfaces": "{\"internal_traffic\":{\"device_index\":0,\"security_groups\":[\"sg-08a144355e002b273\"],\"subnet_id_map\":{\"us-east-2a\":\"subnet-0c78b8e1787986cba\",\"us-east-2b\":\"subnet-05d963663cbb42269\"},\"to_gwlb\":true},\"mgmt\":{\"device_index\":1,\"enable_public_ip\":true,\"security_groups\":[\"sg-08a144355e002b273\"],\"source_dest_check\":true,\"subnet_id_map\":{\"us-east-2a\":\"subnet-0db09d0d8a607fa20\",\"us-east-2b\":\"subnet-0bae39c7cc32d59eb\"}}}",
                  "user_conf": "config system interface\n    edit \"us-east-2a\"\n        set vrf 1\n    next\nend\n\nconfig system interface\n    edit \"us-east-2b\"\n        set vrf 2\n    next\nend\n\nconfig router static\n    edit 0\n        set device \"us-east-2a\"\n    next\nend\n\nconfig router static\n    edit 0\n        set device \"us-east-2b\"\n    next\nend\n\nconfig firewall policy\n    edit 1\n        set name \"us-east-2a\"\n        set srcintf \"us-east-2a\"\n        set dstintf \"us-east-2a\"\n        set action accept\n        set srcaddr \"all\"\n        set dstaddr \"all\"\n        set schedule \"always\"\n        set service \"ALL\"\n\tset logtraffic all\n\tset av-profile \"default\"\n        set ips-sensor \"default\"\n    next\nend\n\nconfig firewall policy\n    edit 2\n        set name \"us-east-2b\"\n        set srcintf \"us-east-2b\"\n        set dstintf \"us-east-2b\"\n        set action accept\n        set srcaddr \"all\"\n        set dstaddr \"all\"\n        set schedule \"always\"\n        set service \"ALL\"\n\tset logtraffic all\n\tset av-profile \"default\"\n        set ips-sensor \"default\"\n    next\nend",
                  "user_conf_s3": "{}"
                }
              }
            ],
            "ephemeral_storage": [
              {
                "size": 512
              }
            ],
            "file_system_config": [],
            "filename": "../../../modules/fortigate/fgt_asg/fgt-asg-lambda.zip",
            "function_name": "fgt-asg-lambda_fgt_byol_asg",
            "handler": "fgt-asg-lambda.lambda_handler",
            "id": "fgt-asg-lambda_fgt_byol_asg",
            "image_config": [],
            "image_uri": "",
            "invoke_arn": "arn:aws:apigateway:us-east-2:lambda:path/2015-03-31/functions/arn:aws:lambda:us-east-2:364570460639:function:fgt-asg-lambda_fgt_byol_asg/invocations",
            "kms_key_arn": "",
            "last_modified": "2023-08-03T07:25:46.812+0000",
            "layers": [
              "arn:aws:lambda:us-east-2:364570460639:layer:lambda_layer_requests:10"
            ],
            "memory_size": 128,
            "package_type": "Zip",
            "publish": false,
            "qualified_arn": "arn:aws:lambda:us-east-2:364570460639:function:fgt-asg-lambda_fgt_byol_asg:$LATEST",
            "qualified_invoke_arn": "arn:aws:apigateway:us-east-2:lambda:path/2015-03-31/functions/arn:aws:lambda:us-east-2:364570460639:function:fgt-asg-lambda_fgt_byol_asg:$LATEST/invocations",
            "replace_security_groups_on_destroy": null,
            "replacement_security_group_ids": null,
            "reserved_concurrent_executions": -1,
            "role": "arn:aws:iam::364570460639:role/iam_for_lambda-f6c2b640-7aa9-1b85-ac72-9671e5c7430e",
            "runtime": "python3.8",
            "s3_bucket": null,
            "s3_key": null,
            "s3_object_version": null,
            "signing_job_arn": "",
            "signing_profile_version_arn": "",
            "skip_destroy": false,
            "snap_start": [],
            "source_code_hash": "mhiGjfggR3W4wMW3Amny5ILq42b2TT3e+SF+mkPgmyo=",
            "source_code_size": 10030,
            "tags": {
              "created_from": "Terraform",
              "purpuse": "ASG_TEST"
            },
            "tags_all": {
              "created_from": "Terraform",
              "purpuse": "ASG_TEST"
            },
            "timeout": 500,
            "timeouts": null,
            "tracing_config": [
              {
                "mode": "PassThrough"
              }
            ],
            "version": "$LATEST",
            "vpc_config": []
          },
          "sensitive_attributes": [],
          "private": "eyJlMmJmYjczMC1lY2FhLTExZTYtOGY4OC0zNDM2M2JjN2M0YzAiOnsiY3JlYXRlIjo2MDAwMDAwMDAwMDAsImRlbGV0ZSI6NjAwMDAwMDAwMDAwLCJ1cGRhdGUiOjYwMDAwMDAwMDAwMH19",
          "dependencies": [
            "module.spk_gwlb_asg_fgt_gwlb_igw.module.fgt_asg.aws_iam_role.iam_for_lambda",
            "module.spk_gwlb_asg_fgt_gwlb_igw.module.fgt_asg.aws_lambda_layer_version.lambda_layer_requests",
            "module.spk_gwlb_asg_fgt_gwlb_igw.module.fgt_asg.aws_s3_bucket.fgt_lic",
            "module.spk_gwlb_asg_fgt_gwlb_igw.module.fgt_asg.data.archive_file.lambda",
            "module.spk_gwlb_asg_fgt_gwlb_igw.module.fgt_asg.data.aws_iam_policy_document.assume_role",
            "module.spk_gwlb_asg_fgt_gwlb_igw.module.security-vpc-gwlb.aws_lb.gwlb",
            "module.spk_gwlb_asg_fgt_gwlb_igw.module.security-vpc-gwlb.aws_lb_listener.gwlb_ln",
            "module.spk_gwlb_asg_fgt_gwlb_igw.module.security-vpc-gwlb.aws_lb_target_group.gwlb_tgp",
            "module.spk_gwlb_asg_fgt_gwlb_igw.module.security-vpc-gwlb.aws_lb_target_group_attachment.gwlb_tgp_a",
            "module.spk_gwlb_asg_fgt_gwlb_igw.module.security-vpc-gwlb.aws_vpc_endpoint.gwlb_endps",
            "module.spk_gwlb_asg_fgt_gwlb_igw.module.security-vpc-gwlb.aws_vpc_endpoint_service.gwlb_ep_service",
            "module.spk_gwlb_asg_fgt_gwlb_igw.module.security-vpc-gwlb.data.aws_network_interface.gwlb_intfs",
            "module.spk_gwlb_asg_fgt_gwlb_igw.module.security-vpc.aws_internet_gateway.igw",
            "module.spk_gwlb_asg_fgt_gwlb_igw.module.security-vpc.aws_security_group.secgrp",
            "module.spk_gwlb_asg_fgt_gwlb_igw.module.security-vpc.aws_subnet.subnets",
            "module.spk_gwlb_asg_fgt_gwlb_igw.module.security-vpc.aws_vpc.vpc",
            "module.spk_gwlb_asg_fgt_gwlb_igw.module.security-vpc.data.aws_vpc.vpc"
          ]
        }
      ]
    },
    {
      "module": "module.spk_gwlb_asg_fgt_gwlb_igw.module.fgt_asg[\"fgt_byol_asg\"]",
      "mode": "managed",
      "type": "aws_lambda_layer_version",
      "name": "lambda_layer_requests",
      "provider": "module.spk_gwlb_asg_fgt_gwlb_igw.provider[\"registry.terraform.io/hashicorp/aws\"]",
      "instances": [
        {
          "schema_version": 0,
          "attributes": {
            "arn": "arn:aws:lambda:us-east-2:364570460639:layer:lambda_layer_requests:10",
            "compatible_architectures": null,
            "compatible_runtimes": [
              "python3.8"
            ],
            "created_date": "2023-08-03T07:25:45.222+0000",
            "description": "",
            "filename": "../../../modules/fortigate/fgt_asg/requests_layer.zip",
            "id": "arn:aws:lambda:us-east-2:364570460639:layer:lambda_layer_requests:10",
            "layer_arn": "arn:aws:lambda:us-east-2:364570460639:layer:lambda_layer_requests",
            "layer_name": "lambda_layer_requests",
            "license_info": "",
            "s3_bucket": null,
            "s3_key": null,
            "s3_object_version": null,
            "signing_job_arn": "",
            "signing_profile_version_arn": "",
            "skip_destroy": false,
            "source_code_hash": "4mr4ftEvQPXymxg5+OoiISgEq8AViwVx87937tqx2r0=",
            "source_code_size": 899448,
            "version": "10"
          },
          "sensitive_attributes": [],
          "private": "bnVsbA==",
          "dependencies": [
            "module.spk_gwlb_asg_fgt_gwlb_igw.module.security-vpc-gwlb.aws_lb.gwlb",
            "module.spk_gwlb_asg_fgt_gwlb_igw.module.security-vpc-gwlb.aws_lb_listener.gwlb_ln",
            "module.spk_gwlb_asg_fgt_gwlb_igw.module.security-vpc-gwlb.aws_lb_target_group.gwlb_tgp",
            "module.spk_gwlb_asg_fgt_gwlb_igw.module.security-vpc-gwlb.aws_lb_target_group_attachment.gwlb_tgp_a",
            "module.spk_gwlb_asg_fgt_gwlb_igw.module.security-vpc-gwlb.aws_vpc_endpoint.gwlb_endps",
            "module.spk_gwlb_asg_fgt_gwlb_igw.module.security-vpc-gwlb.aws_vpc_endpoint_service.gwlb_ep_service",
            "module.spk_gwlb_asg_fgt_gwlb_igw.module.security-vpc-gwlb.data.aws_network_interface.gwlb_intfs",
            "module.spk_gwlb_asg_fgt_gwlb_igw.module.security-vpc.aws_internet_gateway.igw",
            "module.spk_gwlb_asg_fgt_gwlb_igw.module.security-vpc.aws_security_group.secgrp",
            "module.spk_gwlb_asg_fgt_gwlb_igw.module.security-vpc.aws_subnet.subnets",
            "module.spk_gwlb_asg_fgt_gwlb_igw.module.security-vpc.aws_vpc.vpc",
            "module.spk_gwlb_asg_fgt_gwlb_igw.module.security-vpc.data.aws_vpc.vpc"
          ]
        }
      ]
    },
    {
      "module": "module.spk_gwlb_asg_fgt_gwlb_igw.module.fgt_asg[\"fgt_byol_asg\"]",
      "mode": "managed",
      "type": "aws_lambda_permission",
      "name": "lambda_permission",
      "provider": "module.spk_gwlb_asg_fgt_gwlb_igw.provider[\"registry.terraform.io/hashicorp/aws\"]",
      "instances": [
        {
          "schema_version": 0,
          "attributes": {
            "action": "lambda:InvokeFunction",
            "event_source_token": null,
            "function_name": "fgt-asg-lambda_fgt_byol_asg",
            "function_url_auth_type": null,
            "id": "terraform-20230803072555573800000006",
            "principal": "events.amazonaws.com",
            "principal_org_id": null,
            "qualifier": "",
            "source_account": null,
            "source_arn": null,
            "statement_id": "terraform-20230803072555573800000006",
            "statement_id_prefix": "terraform-"
          },
          "sensitive_attributes": [],
          "private": "bnVsbA==",
          "dependencies": [
            "module.spk_gwlb_asg_fgt_gwlb_igw.module.fgt_asg.aws_iam_role.iam_for_lambda",
            "module.spk_gwlb_asg_fgt_gwlb_igw.module.fgt_asg.aws_lambda_function.fgt_asg_lambda",
            "module.spk_gwlb_asg_fgt_gwlb_igw.module.fgt_asg.aws_lambda_layer_version.lambda_layer_requests",
            "module.spk_gwlb_asg_fgt_gwlb_igw.module.fgt_asg.aws_s3_bucket.fgt_lic",
            "module.spk_gwlb_asg_fgt_gwlb_igw.module.fgt_asg.data.archive_file.lambda",
            "module.spk_gwlb_asg_fgt_gwlb_igw.module.fgt_asg.data.aws_iam_policy_document.assume_role",
            "module.spk_gwlb_asg_fgt_gwlb_igw.module.security-vpc-gwlb.aws_lb.gwlb",
            "module.spk_gwlb_asg_fgt_gwlb_igw.module.security-vpc-gwlb.aws_lb_listener.gwlb_ln",
            "module.spk_gwlb_asg_fgt_gwlb_igw.module.security-vpc-gwlb.aws_lb_target_group.gwlb_tgp",
            "module.spk_gwlb_asg_fgt_gwlb_igw.module.security-vpc-gwlb.aws_lb_target_group_attachment.gwlb_tgp_a",
            "module.spk_gwlb_asg_fgt_gwlb_igw.module.security-vpc-gwlb.aws_vpc_endpoint.gwlb_endps",
            "module.spk_gwlb_asg_fgt_gwlb_igw.module.security-vpc-gwlb.aws_vpc_endpoint_service.gwlb_ep_service",
            "module.spk_gwlb_asg_fgt_gwlb_igw.module.security-vpc-gwlb.data.aws_network_interface.gwlb_intfs",
            "module.spk_gwlb_asg_fgt_gwlb_igw.module.security-vpc.aws_internet_gateway.igw",
            "module.spk_gwlb_asg_fgt_gwlb_igw.module.security-vpc.aws_security_group.secgrp",
            "module.spk_gwlb_asg_fgt_gwlb_igw.module.security-vpc.aws_subnet.subnets",
            "module.spk_gwlb_asg_fgt_gwlb_igw.module.security-vpc.aws_vpc.vpc",
            "module.spk_gwlb_asg_fgt_gwlb_igw.module.security-vpc.data.aws_vpc.vpc"
          ]
        }
      ]
    },
    {
      "module": "module.spk_gwlb_asg_fgt_gwlb_igw.module.fgt_asg[\"fgt_byol_asg\"]",
      "mode": "managed",
      "type": "aws_launch_template",
      "name": "fgt",
      "provider": "module.spk_gwlb_asg_fgt_gwlb_igw.provider[\"registry.terraform.io/hashicorp/aws\"]",
      "instances": [
        {
          "schema_version": 0,
          "attributes": {
            "arn": "arn:aws:ec2:us-east-2:364570460639:launch-template/lt-0caa9543cd381daf7",
            "block_device_mappings": [],
            "capacity_reservation_specification": [],
            "cpu_options": [],
            "credit_specification": [],
            "default_version": 1,
            "description": "",
            "disable_api_stop": false,
            "disable_api_termination": false,
            "ebs_optimized": "",
            "elastic_gpu_specifications": [],
            "elastic_inference_accelerator": [],
            "enclave_options": [],
            "hibernation_options": [],
            "iam_instance_profile": [],
            "id": "lt-0caa9543cd381daf7",
            "image_id": "ami-08326aee053347139",
            "instance_initiated_shutdown_behavior": "",
            "instance_market_options": [],
            "instance_requirements": [],
            "instance_type": "c5.xlarge",
            "kernel_id": "",
            "key_name": "lg-east-2",
            "latest_version": 1,
            "license_specification": [],
            "maintenance_options": [],
            "metadata_options": [],
            "monitoring": [],
            "name": "fgt_asg_template",
            "name_prefix": "",
            "network_interfaces": [
              {
                "associate_carrier_ip_address": "",
                "associate_public_ip_address": "",
                "delete_on_termination": "",
                "description": "",
                "device_index": 0,
                "interface_type": "",
                "ipv4_address_count": 0,
                "ipv4_addresses": null,
                "ipv4_prefix_count": 0,
                "ipv4_prefixes": null,
                "ipv6_address_count": 0,
                "ipv6_addresses": null,
                "ipv6_prefix_count": 0,
                "ipv6_prefixes": null,
                "network_card_index": 0,
                "network_interface_id": "",
                "private_ip_address": "",
                "security_groups": [
                  "sg-08a144355e002b273"
                ],
                "subnet_id": "subnet-0c78b8e1787986cba"
              }
            ],
            "placement": [],
            "private_dns_name_options": [],
            "ram_disk_id": "",
            "security_group_names": null,
            "tag_specifications": [
              {
                "resource_type": "instance",
                "tags": {
                  "created_from": "Terraform",
                  "purpuse": "ASG_TEST",
                  "test_tag": "tgw-test-tag"
                }
              }
            ],
            "tags": {
              "created_from": "Terraform",
              "purpuse": "ASG_TEST"
            },
            "tags_all": {
              "created_from": "Terraform",
              "purpuse": "ASG_TEST"
            },
            "update_default_version": true,
            "user_data": "Cgpjb25maWcgc3lzdGVtIGludGVyZmFjZQogICAgZWRpdCAicG9ydDEiCiAgICAgICAgc2V0IGFsbG93YWNjZXNzIHBpbmcgaHR0cHMgc3NoIHNubXAgaHR0cCB0ZWxuZXQgZmdmbQogICAgICAgICAgICAgICAgc2V0IG1vZGUgZGhjcAogICAgICAgICAgICAgICAgICAgIG5leHQKZW5kCgpjb25maWcgc3lzdGVtIGludGVyZmFjZQogICAgZWRpdCAicG9ydDIiCiAgICAgICAgc2V0IGFsbG93YWNjZXNzIHBpbmcgaHR0cHMgc3NoIHNubXAgaHR0cCB0ZWxuZXQgZmdmbQogICAgICAgICAgICAgICAgc2V0IG1vZGUgZGhjcAogICAgICAgICAgICAgICAgc2V0IGRlZmF1bHRndyBlbmFibGUKICAgICAgICBzZXQgZGlzdGFuY2UgMwogICAgICAgICAgICAgICAgICAgIG5leHQKZW5kCgo=",
            "vpc_security_group_ids": null
          },
          "sensitive_attributes": [],
          "private": "bnVsbA==",
          "dependencies": [
            "module.spk_gwlb_asg_fgt_gwlb_igw.module.fgt_asg.data.aws_ami.fgt_ami",
            "module.spk_gwlb_asg_fgt_gwlb_igw.module.security-vpc-gwlb.aws_lb.gwlb",
            "module.spk_gwlb_asg_fgt_gwlb_igw.module.security-vpc-gwlb.aws_lb_listener.gwlb_ln",
            "module.spk_gwlb_asg_fgt_gwlb_igw.module.security-vpc-gwlb.aws_lb_target_group.gwlb_tgp",
            "module.spk_gwlb_asg_fgt_gwlb_igw.module.security-vpc-gwlb.aws_lb_target_group_attachment.gwlb_tgp_a",
            "module.spk_gwlb_asg_fgt_gwlb_igw.module.security-vpc-gwlb.aws_vpc_endpoint.gwlb_endps",
            "module.spk_gwlb_asg_fgt_gwlb_igw.module.security-vpc-gwlb.aws_vpc_endpoint_service.gwlb_ep_service",
            "module.spk_gwlb_asg_fgt_gwlb_igw.module.security-vpc-gwlb.data.aws_network_interface.gwlb_intfs",
            "module.spk_gwlb_asg_fgt_gwlb_igw.module.security-vpc.aws_internet_gateway.igw",
            "module.spk_gwlb_asg_fgt_gwlb_igw.module.security-vpc.aws_security_group.secgrp",
            "module.spk_gwlb_asg_fgt_gwlb_igw.module.security-vpc.aws_subnet.subnets",
            "module.spk_gwlb_asg_fgt_gwlb_igw.module.security-vpc.aws_vpc.vpc",
            "module.spk_gwlb_asg_fgt_gwlb_igw.module.security-vpc.data.aws_vpc.vpc"
          ]
        }
      ]
    },
    {
      "module": "module.spk_gwlb_asg_fgt_gwlb_igw.module.fgt_asg[\"fgt_byol_asg\"]",
      "mode": "managed",
      "type": "aws_s3_bucket",
      "name": "fgt_lic",
      "provider": "module.spk_gwlb_asg_fgt_gwlb_igw.provider[\"registry.terraform.io/hashicorp/aws\"]",
      "instances": [
        {
          "index_key": 0,
          "schema_version": 0,
          "attributes": {
            "acceleration_status": "",
            "acl": null,
            "arn": "arn:aws:s3:::fgt-asg-lic-e58250a8-86e8-9841-b726-0414f42d007e",
            "bucket": "fgt-asg-lic-e58250a8-86e8-9841-b726-0414f42d007e",
            "bucket_domain_name": "fgt-asg-lic-e58250a8-86e8-9841-b726-0414f42d007e.s3.amazonaws.com",
            "bucket_prefix": "",
            "bucket_regional_domain_name": "fgt-asg-lic-e58250a8-86e8-9841-b726-0414f42d007e.s3.us-east-2.amazonaws.com",
            "cors_rule": [],
            "force_destroy": false,
            "grant": [
              {
                "id": "74c9185f5cfd518761cd927595d20c9652a0dbec80f24734a25aea6c4cd7445f",
                "permissions": [
                  "FULL_CONTROL"
                ],
                "type": "CanonicalUser",
                "uri": ""
              }
            ],
            "hosted_zone_id": "Z2O1EMRO9K5GLX",
            "id": "fgt-asg-lic-e58250a8-86e8-9841-b726-0414f42d007e",
            "lifecycle_rule": [],
            "logging": [],
            "object_lock_configuration": [],
            "object_lock_enabled": false,
            "policy": "",
            "region": "us-east-2",
            "replication_configuration": [],
            "request_payer": "BucketOwner",
            "server_side_encryption_configuration": [
              {
                "rule": [
                  {
                    "apply_server_side_encryption_by_default": [
                      {
                        "kms_master_key_id": "",
                        "sse_algorithm": "AES256"
                      }
                    ],
                    "bucket_key_enabled": false
                  }
                ]
              }
            ],
            "tags": null,
            "tags_all": {},
            "timeouts": null,
            "versioning": [
              {
                "enabled": false,
                "mfa_delete": false
              }
            ],
            "website": [],
            "website_domain": null,
            "website_endpoint": null
          },
          "sensitive_attributes": [],
          "private": "eyJlMmJmYjczMC1lY2FhLTExZTYtOGY4OC0zNDM2M2JjN2M0YzAiOnsiY3JlYXRlIjoxMjAwMDAwMDAwMDAwLCJkZWxldGUiOjM2MDAwMDAwMDAwMDAsInJlYWQiOjEyMDAwMDAwMDAwMDAsInVwZGF0ZSI6MTIwMDAwMDAwMDAwMH19",
          "dependencies": [
            "module.spk_gwlb_asg_fgt_gwlb_igw.module.security-vpc-gwlb.aws_lb.gwlb",
            "module.spk_gwlb_asg_fgt_gwlb_igw.module.security-vpc-gwlb.aws_lb_listener.gwlb_ln",
            "module.spk_gwlb_asg_fgt_gwlb_igw.module.security-vpc-gwlb.aws_lb_target_group.gwlb_tgp",
            "module.spk_gwlb_asg_fgt_gwlb_igw.module.security-vpc-gwlb.aws_lb_target_group_attachment.gwlb_tgp_a",
            "module.spk_gwlb_asg_fgt_gwlb_igw.module.security-vpc-gwlb.aws_vpc_endpoint.gwlb_endps",
            "module.spk_gwlb_asg_fgt_gwlb_igw.module.security-vpc-gwlb.aws_vpc_endpoint_service.gwlb_ep_service",
            "module.spk_gwlb_asg_fgt_gwlb_igw.module.security-vpc-gwlb.data.aws_network_interface.gwlb_intfs",
            "module.spk_gwlb_asg_fgt_gwlb_igw.module.security-vpc.aws_internet_gateway.igw",
            "module.spk_gwlb_asg_fgt_gwlb_igw.module.security-vpc.aws_security_group.secgrp",
            "module.spk_gwlb_asg_fgt_gwlb_igw.module.security-vpc.aws_subnet.subnets",
            "module.spk_gwlb_asg_fgt_gwlb_igw.module.security-vpc.aws_vpc.vpc",
            "module.spk_gwlb_asg_fgt_gwlb_igw.module.security-vpc.data.aws_vpc.vpc"
          ]
        }
      ]
    },
    {
      "module": "module.spk_gwlb_asg_fgt_gwlb_igw.module.fgt_asg[\"fgt_byol_asg\"]",
      "mode": "managed",
      "type": "aws_s3_object",
      "name": "fgt_intf_track_file",
      "provider": "module.spk_gwlb_asg_fgt_gwlb_igw.provider[\"registry.terraform.io/hashicorp/aws\"]",
      "instances": [
        {
          "index_key": 0,
          "schema_version": 0,
          "attributes": {
            "acl": null,
            "bucket": "fgt-asg-lic-e58250a8-86e8-9841-b726-0414f42d007e",
            "bucket_key_enabled": false,
            "cache_control": "",
            "content": "{}",
            "content_base64": null,
            "content_disposition": "",
            "content_encoding": "",
            "content_language": "",
            "content_type": "binary/octet-stream",
            "etag": "99914b932bd37a50b983c5e7c90ae93b",
            "force_destroy": false,
            "id": "intf_track.json",
            "key": "intf_track.json",
            "kms_key_id": null,
            "metadata": null,
            "object_lock_legal_hold_status": "",
            "object_lock_mode": "",
            "object_lock_retain_until_date": "",
            "server_side_encryption": "AES256",
            "source": null,
            "source_hash": null,
            "storage_class": "STANDARD",
            "tags": null,
            "tags_all": {},
            "version_id": "",
            "website_redirect": ""
          },
          "sensitive_attributes": [],
          "private": "bnVsbA==",
          "dependencies": [
            "module.spk_gwlb_asg_fgt_gwlb_igw.module.fgt_asg.aws_s3_bucket.fgt_lic",
            "module.spk_gwlb_asg_fgt_gwlb_igw.module.security-vpc-gwlb.aws_lb.gwlb",
            "module.spk_gwlb_asg_fgt_gwlb_igw.module.security-vpc-gwlb.aws_lb_listener.gwlb_ln",
            "module.spk_gwlb_asg_fgt_gwlb_igw.module.security-vpc-gwlb.aws_lb_target_group.gwlb_tgp",
            "module.spk_gwlb_asg_fgt_gwlb_igw.module.security-vpc-gwlb.aws_lb_target_group_attachment.gwlb_tgp_a",
            "module.spk_gwlb_asg_fgt_gwlb_igw.module.security-vpc-gwlb.aws_vpc_endpoint.gwlb_endps",
            "module.spk_gwlb_asg_fgt_gwlb_igw.module.security-vpc-gwlb.aws_vpc_endpoint_service.gwlb_ep_service",
            "module.spk_gwlb_asg_fgt_gwlb_igw.module.security-vpc-gwlb.data.aws_network_interface.gwlb_intfs",
            "module.spk_gwlb_asg_fgt_gwlb_igw.module.security-vpc.aws_internet_gateway.igw",
            "module.spk_gwlb_asg_fgt_gwlb_igw.module.security-vpc.aws_security_group.secgrp",
            "module.spk_gwlb_asg_fgt_gwlb_igw.module.security-vpc.aws_subnet.subnets",
            "module.spk_gwlb_asg_fgt_gwlb_igw.module.security-vpc.aws_vpc.vpc",
            "module.spk_gwlb_asg_fgt_gwlb_igw.module.security-vpc.data.aws_vpc.vpc"
          ]
        }
      ]
    },
    {
      "module": "module.spk_gwlb_asg_fgt_gwlb_igw.module.fgt_asg[\"fgt_byol_asg\"]",
      "mode": "managed",
      "type": "aws_s3_object",
      "name": "fgt_lic",
      "provider": "module.spk_gwlb_asg_fgt_gwlb_igw.provider[\"registry.terraform.io/hashicorp/aws\"]",
      "instances": [
        {
          "index_key": "FGVMULTM23001309.lic",
          "schema_version": 0,
          "attributes": {
            "acl": null,
            "bucket": "fgt-asg-lic-e58250a8-86e8-9841-b726-0414f42d007e",
            "bucket_key_enabled": false,
            "cache_control": "",
            "content": null,
            "content_base64": null,
            "content_disposition": "",
            "content_encoding": "",
            "content_language": "",
            "content_type": "binary/octet-stream",
            "etag": "93b3dc80912a2af7180ea4d03b4658e2",
            "force_destroy": false,
            "id": "FGVMULTM23001309.lic",
            "key": "FGVMULTM23001309.lic",
            "kms_key_id": null,
            "metadata": null,
            "object_lock_legal_hold_status": "",
            "object_lock_mode": "",
            "object_lock_retain_until_date": "",
            "server_side_encryption": "AES256",
            "source": "./license/FGVMULTM23001309.lic",
            "source_hash": null,
            "storage_class": "STANDARD",
            "tags": null,
            "tags_all": {},
            "version_id": "",
            "website_redirect": ""
          },
          "sensitive_attributes": [],
          "private": "bnVsbA==",
          "dependencies": [
            "module.spk_gwlb_asg_fgt_gwlb_igw.module.fgt_asg.aws_s3_bucket.fgt_lic",
            "module.spk_gwlb_asg_fgt_gwlb_igw.module.security-vpc-gwlb.aws_lb.gwlb",
            "module.spk_gwlb_asg_fgt_gwlb_igw.module.security-vpc-gwlb.aws_lb_listener.gwlb_ln",
            "module.spk_gwlb_asg_fgt_gwlb_igw.module.security-vpc-gwlb.aws_lb_target_group.gwlb_tgp",
            "module.spk_gwlb_asg_fgt_gwlb_igw.module.security-vpc-gwlb.aws_lb_target_group_attachment.gwlb_tgp_a",
            "module.spk_gwlb_asg_fgt_gwlb_igw.module.security-vpc-gwlb.aws_vpc_endpoint.gwlb_endps",
            "module.spk_gwlb_asg_fgt_gwlb_igw.module.security-vpc-gwlb.aws_vpc_endpoint_service.gwlb_ep_service",
            "module.spk_gwlb_asg_fgt_gwlb_igw.module.security-vpc-gwlb.data.aws_network_interface.gwlb_intfs",
            "module.spk_gwlb_asg_fgt_gwlb_igw.module.security-vpc.aws_internet_gateway.igw",
            "module.spk_gwlb_asg_fgt_gwlb_igw.module.security-vpc.aws_security_group.secgrp",
            "module.spk_gwlb_asg_fgt_gwlb_igw.module.security-vpc.aws_subnet.subnets",
            "module.spk_gwlb_asg_fgt_gwlb_igw.module.security-vpc.aws_vpc.vpc",
            "module.spk_gwlb_asg_fgt_gwlb_igw.module.security-vpc.data.aws_vpc.vpc"
          ]
        },
        {
          "index_key": "FGVMULTM23001310.lic",
          "schema_version": 0,
          "attributes": {
            "acl": null,
            "bucket": "fgt-asg-lic-e58250a8-86e8-9841-b726-0414f42d007e",
            "bucket_key_enabled": false,
            "cache_control": "",
            "content": null,
            "content_base64": null,
            "content_disposition": "",
            "content_encoding": "",
            "content_language": "",
            "content_type": "binary/octet-stream",
            "etag": "3954ad1f31329d4698812d2943d18d58",
            "force_destroy": false,
            "id": "FGVMULTM23001310.lic",
            "key": "FGVMULTM23001310.lic",
            "kms_key_id": null,
            "metadata": null,
            "object_lock_legal_hold_status": "",
            "object_lock_mode": "",
            "object_lock_retain_until_date": "",
            "server_side_encryption": "AES256",
            "source": "./license/FGVMULTM23001310.lic",
            "source_hash": null,
            "storage_class": "STANDARD",
            "tags": null,
            "tags_all": {},
            "version_id": "",
            "website_redirect": ""
          },
          "sensitive_attributes": [],
          "private": "bnVsbA==",
          "dependencies": [
            "module.spk_gwlb_asg_fgt_gwlb_igw.module.fgt_asg.aws_s3_bucket.fgt_lic",
            "module.spk_gwlb_asg_fgt_gwlb_igw.module.security-vpc-gwlb.aws_lb.gwlb",
            "module.spk_gwlb_asg_fgt_gwlb_igw.module.security-vpc-gwlb.aws_lb_listener.gwlb_ln",
            "module.spk_gwlb_asg_fgt_gwlb_igw.module.security-vpc-gwlb.aws_lb_target_group.gwlb_tgp",
            "module.spk_gwlb_asg_fgt_gwlb_igw.module.security-vpc-gwlb.aws_lb_target_group_attachment.gwlb_tgp_a",
            "module.spk_gwlb_asg_fgt_gwlb_igw.module.security-vpc-gwlb.aws_vpc_endpoint.gwlb_endps",
            "module.spk_gwlb_asg_fgt_gwlb_igw.module.security-vpc-gwlb.aws_vpc_endpoint_service.gwlb_ep_service",
            "module.spk_gwlb_asg_fgt_gwlb_igw.module.security-vpc-gwlb.data.aws_network_interface.gwlb_intfs",
            "module.spk_gwlb_asg_fgt_gwlb_igw.module.security-vpc.aws_internet_gateway.igw",
            "module.spk_gwlb_asg_fgt_gwlb_igw.module.security-vpc.aws_security_group.secgrp",
            "module.spk_gwlb_asg_fgt_gwlb_igw.module.security-vpc.aws_subnet.subnets",
            "module.spk_gwlb_asg_fgt_gwlb_igw.module.security-vpc.aws_vpc.vpc",
            "module.spk_gwlb_asg_fgt_gwlb_igw.module.security-vpc.data.aws_vpc.vpc"
          ]
        },
        {
          "index_key": "FGVMULTM23001311.lic",
          "schema_version": 0,
          "attributes": {
            "acl": null,
            "bucket": "fgt-asg-lic-e58250a8-86e8-9841-b726-0414f42d007e",
            "bucket_key_enabled": false,
            "cache_control": "",
            "content": null,
            "content_base64": null,
            "content_disposition": "",
            "content_encoding": "",
            "content_language": "",
            "content_type": "binary/octet-stream",
            "etag": "33bbdf982153c6205b74be8f6f8e68f9",
            "force_destroy": false,
            "id": "FGVMULTM23001311.lic",
            "key": "FGVMULTM23001311.lic",
            "kms_key_id": null,
            "metadata": null,
            "object_lock_legal_hold_status": "",
            "object_lock_mode": "",
            "object_lock_retain_until_date": "",
            "server_side_encryption": "AES256",
            "source": "./license/FGVMULTM23001311.lic",
            "source_hash": null,
            "storage_class": "STANDARD",
            "tags": null,
            "tags_all": {},
            "version_id": "",
            "website_redirect": ""
          },
          "sensitive_attributes": [],
          "private": "bnVsbA==",
          "dependencies": [
            "module.spk_gwlb_asg_fgt_gwlb_igw.module.fgt_asg.aws_s3_bucket.fgt_lic",
            "module.spk_gwlb_asg_fgt_gwlb_igw.module.security-vpc-gwlb.aws_lb.gwlb",
            "module.spk_gwlb_asg_fgt_gwlb_igw.module.security-vpc-gwlb.aws_lb_listener.gwlb_ln",
            "module.spk_gwlb_asg_fgt_gwlb_igw.module.security-vpc-gwlb.aws_lb_target_group.gwlb_tgp",
            "module.spk_gwlb_asg_fgt_gwlb_igw.module.security-vpc-gwlb.aws_lb_target_group_attachment.gwlb_tgp_a",
            "module.spk_gwlb_asg_fgt_gwlb_igw.module.security-vpc-gwlb.aws_vpc_endpoint.gwlb_endps",
            "module.spk_gwlb_asg_fgt_gwlb_igw.module.security-vpc-gwlb.aws_vpc_endpoint_service.gwlb_ep_service",
            "module.spk_gwlb_asg_fgt_gwlb_igw.module.security-vpc-gwlb.data.aws_network_interface.gwlb_intfs",
            "module.spk_gwlb_asg_fgt_gwlb_igw.module.security-vpc.aws_internet_gateway.igw",
            "module.spk_gwlb_asg_fgt_gwlb_igw.module.security-vpc.aws_security_group.secgrp",
            "module.spk_gwlb_asg_fgt_gwlb_igw.module.security-vpc.aws_subnet.subnets",
            "module.spk_gwlb_asg_fgt_gwlb_igw.module.security-vpc.aws_vpc.vpc",
            "module.spk_gwlb_asg_fgt_gwlb_igw.module.security-vpc.data.aws_vpc.vpc"
          ]
        },
        {
          "index_key": "fgt1-license.lic",
          "schema_version": 0,
          "attributes": {
            "acl": null,
            "bucket": "fgt-asg-lic-e58250a8-86e8-9841-b726-0414f42d007e",
            "bucket_key_enabled": false,
            "cache_control": "",
            "content": null,
            "content_base64": null,
            "content_disposition": "",
            "content_encoding": "",
            "content_language": "",
            "content_type": "binary/octet-stream",
            "etag": "ddf241862bd2c265c1d99914989f7dd7",
            "force_destroy": false,
            "id": "fgt1-license.lic",
            "key": "fgt1-license.lic",
            "kms_key_id": null,
            "metadata": null,
            "object_lock_legal_hold_status": "",
            "object_lock_mode": "",
            "object_lock_retain_until_date": "",
            "server_side_encryption": "AES256",
            "source": "./license/fgt1-license.lic",
            "source_hash": null,
            "storage_class": "STANDARD",
            "tags": null,
            "tags_all": {},
            "version_id": "",
            "website_redirect": ""
          },
          "sensitive_attributes": [],
          "private": "bnVsbA==",
          "dependencies": [
            "module.spk_gwlb_asg_fgt_gwlb_igw.module.fgt_asg.aws_s3_bucket.fgt_lic",
            "module.spk_gwlb_asg_fgt_gwlb_igw.module.security-vpc-gwlb.aws_lb.gwlb",
            "module.spk_gwlb_asg_fgt_gwlb_igw.module.security-vpc-gwlb.aws_lb_listener.gwlb_ln",
            "module.spk_gwlb_asg_fgt_gwlb_igw.module.security-vpc-gwlb.aws_lb_target_group.gwlb_tgp",
            "module.spk_gwlb_asg_fgt_gwlb_igw.module.security-vpc-gwlb.aws_lb_target_group_attachment.gwlb_tgp_a",
            "module.spk_gwlb_asg_fgt_gwlb_igw.module.security-vpc-gwlb.aws_vpc_endpoint.gwlb_endps",
            "module.spk_gwlb_asg_fgt_gwlb_igw.module.security-vpc-gwlb.aws_vpc_endpoint_service.gwlb_ep_service",
            "module.spk_gwlb_asg_fgt_gwlb_igw.module.security-vpc-gwlb.data.aws_network_interface.gwlb_intfs",
            "module.spk_gwlb_asg_fgt_gwlb_igw.module.security-vpc.aws_internet_gateway.igw",
            "module.spk_gwlb_asg_fgt_gwlb_igw.module.security-vpc.aws_security_group.secgrp",
            "module.spk_gwlb_asg_fgt_gwlb_igw.module.security-vpc.aws_subnet.subnets",
            "module.spk_gwlb_asg_fgt_gwlb_igw.module.security-vpc.aws_vpc.vpc",
            "module.spk_gwlb_asg_fgt_gwlb_igw.module.security-vpc.data.aws_vpc.vpc"
          ]
        }
      ]
    },
    {
      "module": "module.spk_gwlb_asg_fgt_gwlb_igw.module.fgt_asg[\"fgt_byol_asg\"]",
      "mode": "managed",
      "type": "aws_s3_object",
      "name": "fgt_lic_track_file",
      "provider": "module.spk_gwlb_asg_fgt_gwlb_igw.provider[\"registry.terraform.io/hashicorp/aws\"]",
      "instances": [
        {
          "index_key": 0,
          "schema_version": 0,
          "attributes": {
            "acl": null,
            "bucket": "fgt-asg-lic-e58250a8-86e8-9841-b726-0414f42d007e",
            "bucket_key_enabled": false,
            "cache_control": "",
            "content": "{}",
            "content_base64": null,
            "content_disposition": "",
            "content_encoding": "",
            "content_language": "",
            "content_type": "binary/octet-stream",
            "etag": "99914b932bd37a50b983c5e7c90ae93b",
            "force_destroy": false,
            "id": "asg-fgt-lic-track.json",
            "key": "asg-fgt-lic-track.json",
            "kms_key_id": null,
            "metadata": null,
            "object_lock_legal_hold_status": "",
            "object_lock_mode": "",
            "object_lock_retain_until_date": "",
            "server_side_encryption": "AES256",
            "source": null,
            "source_hash": null,
            "storage_class": "STANDARD",
            "tags": null,
            "tags_all": {},
            "version_id": "",
            "website_redirect": ""
          },
          "sensitive_attributes": [],
          "private": "bnVsbA==",
          "dependencies": [
            "module.spk_gwlb_asg_fgt_gwlb_igw.module.fgt_asg.aws_s3_bucket.fgt_lic",
            "module.spk_gwlb_asg_fgt_gwlb_igw.module.security-vpc-gwlb.aws_lb.gwlb",
            "module.spk_gwlb_asg_fgt_gwlb_igw.module.security-vpc-gwlb.aws_lb_listener.gwlb_ln",
            "module.spk_gwlb_asg_fgt_gwlb_igw.module.security-vpc-gwlb.aws_lb_target_group.gwlb_tgp",
            "module.spk_gwlb_asg_fgt_gwlb_igw.module.security-vpc-gwlb.aws_lb_target_group_attachment.gwlb_tgp_a",
            "module.spk_gwlb_asg_fgt_gwlb_igw.module.security-vpc-gwlb.aws_vpc_endpoint.gwlb_endps",
            "module.spk_gwlb_asg_fgt_gwlb_igw.module.security-vpc-gwlb.aws_vpc_endpoint_service.gwlb_ep_service",
            "module.spk_gwlb_asg_fgt_gwlb_igw.module.security-vpc-gwlb.data.aws_network_interface.gwlb_intfs",
            "module.spk_gwlb_asg_fgt_gwlb_igw.module.security-vpc.aws_internet_gateway.igw",
            "module.spk_gwlb_asg_fgt_gwlb_igw.module.security-vpc.aws_security_group.secgrp",
            "module.spk_gwlb_asg_fgt_gwlb_igw.module.security-vpc.aws_subnet.subnets",
            "module.spk_gwlb_asg_fgt_gwlb_igw.module.security-vpc.aws_vpc.vpc",
            "module.spk_gwlb_asg_fgt_gwlb_igw.module.security-vpc.data.aws_vpc.vpc"
          ]
        }
      ]
    },
    {
      "module": "module.spk_gwlb_asg_fgt_gwlb_igw.module.fgt_asg[\"fgt_on_demand_asg\"]",
      "mode": "data",
      "type": "archive_file",
      "name": "lambda",
      "provider": "provider[\"registry.terraform.io/hashicorp/archive\"]",
      "instances": [
        {
          "schema_version": 0,
          "attributes": {
            "exclude_symlink_directories": null,
            "excludes": null,
            "id": "b5ede16437ac09790ea6e7d4bf38d9d34664dc73",
            "output_base64sha256": "mhiGjfggR3W4wMW3Amny5ILq42b2TT3e+SF+mkPgmyo=",
            "output_base64sha512": "3kcYrhgltzYezmVJKDLgCnCr5GAv6xqe/3VqVFZTH3zQDjmkKfuD9jJipHsVLPcLQvgK1aZppPhf0cZWcoLyTw==",
            "output_file_mode": null,
            "output_md5": "1832ab25351e2a7bc5b4be0c1df9804c",
            "output_path": "../../../modules/fortigate/fgt_asg/fgt-asg-lambda.zip",
            "output_sha": "b5ede16437ac09790ea6e7d4bf38d9d34664dc73",
            "output_sha256": "9a18868df8204775b8c0c5b70269f2e482eae366f64d3ddef9217e9a43e09b2a",
            "output_sha512": "de4718ae1825b7361ece65492832e00a70abe4602feb1a9eff756a5456531f7cd00e39a429fb83f63262a47b152cf70b42f80ad5a669a4f85fd1c6567282f24f",
            "output_size": 10030,
            "source": [],
            "source_content": null,
            "source_content_filename": null,
            "source_dir": null,
            "source_file": "../../../modules/fortigate/fgt_asg/fgt-asg-lambda.py",
            "type": "zip"
          },
          "sensitive_attributes": []
        }
      ]
    },
    {
      "module": "module.spk_gwlb_asg_fgt_gwlb_igw.module.fgt_asg[\"fgt_on_demand_asg\"]",
      "mode": "data",
      "type": "aws_ami",
      "name": "fgt_ami",
      "provider": "module.spk_gwlb_asg_fgt_gwlb_igw.provider[\"registry.terraform.io/hashicorp/aws\"]",
      "instances": [
        {
          "schema_version": 0,
          "attributes": {
            "architecture": "x86_64",
            "arn": "arn:aws:ec2:us-east-2::image/ami-0681741821bb2ae99",
            "block_device_mappings": [
              {
                "device_name": "/dev/sda1",
                "ebs": {
                  "delete_on_termination": "true",
                  "encrypted": "false",
                  "iops": "0",
                  "snapshot_id": "snap-02a955f6abd21fde4",
                  "throughput": "0",
                  "volume_size": "2",
                  "volume_type": "gp2"
                },
                "no_device": "",
                "virtual_name": ""
              },
              {
                "device_name": "/dev/sdb",
                "ebs": {
                  "delete_on_termination": "true",
                  "encrypted": "false",
                  "iops": "0",
                  "snapshot_id": "",
                  "throughput": "0",
                  "volume_size": "30",
                  "volume_type": "gp2"
                },
                "no_device": "",
                "virtual_name": ""
              }
            ],
            "boot_mode": "",
            "creation_date": "2023-06-13T18:27:40.000Z",
            "deprecation_time": "2025-06-13T18:27:40.000Z",
            "description": "FortiGate-VM64-AWSONDEMAND build1517 (7.2.5) GA",
            "ena_support": true,
            "executable_users": null,
            "filter": [
              {
                "name": "name",
                "values": [
                  "FortiGate-VM64-AWSONDEMAND build*7.2*"
                ]
              }
            ],
            "hypervisor": "xen",
            "id": "ami-0681741821bb2ae99",
            "image_id": "ami-0681741821bb2ae99",
            "image_location": "aws-marketplace/FortiGate-VM64-AWSONDEMAND build1517 (7.2.5) GA-3124a694-441c-4ff1-8bf7-4d153be424a6",
            "image_owner_alias": "aws-marketplace",
            "image_type": "machine",
            "imds_support": "",
            "include_deprecated": false,
            "kernel_id": "",
            "most_recent": true,
            "name": "FortiGate-VM64-AWSONDEMAND build1517 (7.2.5) GA-3124a694-441c-4ff1-8bf7-4d153be424a6",
            "name_regex": null,
            "owner_id": "679593333241",
            "owners": [
              "aws-marketplace"
            ],
            "platform": "",
            "platform_details": "Linux/UNIX",
            "product_codes": [
              {
                "product_code_id": "2wqkpek696qhdeo7lbbjncqli",
                "product_code_type": "marketplace"
              }
            ],
            "public": true,
            "ramdisk_id": "",
            "root_device_name": "/dev/sda1",
            "root_device_type": "ebs",
            "root_snapshot_id": "snap-02a955f6abd21fde4",
            "sriov_net_support": "simple",
            "state": "available",
            "state_reason": {
              "code": "UNSET",
              "message": "UNSET"
            },
            "tags": {},
            "timeouts": null,
            "tpm_support": "",
            "usage_operation": "RunInstances",
            "virtualization_type": "hvm"
          },
          "sensitive_attributes": []
        }
      ]
    },
    {
      "module": "module.spk_gwlb_asg_fgt_gwlb_igw.module.fgt_asg[\"fgt_on_demand_asg\"]",
      "mode": "data",
      "type": "aws_iam_policy_document",
      "name": "assume_role",
      "provider": "module.spk_gwlb_asg_fgt_gwlb_igw.provider[\"registry.terraform.io/hashicorp/aws\"]",
      "instances": [
        {
          "schema_version": 0,
          "attributes": {
            "id": "2690255455",
            "json": "{\n  \"Version\": \"2012-10-17\",\n  \"Statement\": [\n    {\n      \"Effect\": \"Allow\",\n      \"Action\": \"sts:AssumeRole\",\n      \"Principal\": {\n        \"Service\": \"lambda.amazonaws.com\"\n      }\n    }\n  ]\n}",
            "override_policy_documents": null,
            "policy_id": null,
            "source_policy_documents": null,
            "statement": [
              {
                "actions": [
                  "sts:AssumeRole"
                ],
                "condition": [],
                "effect": "Allow",
                "not_actions": [],
                "not_principals": [],
                "not_resources": [],
                "principals": [
                  {
                    "identifiers": [
                      "lambda.amazonaws.com"
                    ],
                    "type": "Service"
                  }
                ],
                "resources": [],
                "sid": ""
              }
            ],
            "version": "2012-10-17"
          },
          "sensitive_attributes": []
        }
      ]
    },
    {
      "module": "module.spk_gwlb_asg_fgt_gwlb_igw.module.fgt_asg[\"fgt_on_demand_asg\"]",
      "mode": "managed",
      "type": "aws_autoscaling_group",
      "name": "fgt-asg",
      "provider": "module.spk_gwlb_asg_fgt_gwlb_igw.provider[\"registry.terraform.io/hashicorp/aws\"]",
      "instances": [
        {
          "schema_version": 0,
          "attributes": {
            "arn": "arn:aws:autoscaling:us-east-2:364570460639:autoScalingGroup:33c2a1a5-7942-4aef-a34a-a5450bbaa7cc:autoScalingGroupName/fgt_on_demand_asg",
            "availability_zones": [
              "us-east-2a",
              "us-east-2b"
            ],
            "capacity_rebalance": false,
            "context": "",
            "default_cooldown": 300,
            "default_instance_warmup": 0,
            "desired_capacity": 0,
            "desired_capacity_type": "",
            "enabled_metrics": null,
            "force_delete": false,
            "force_delete_warm_pool": false,
            "health_check_grace_period": 300,
            "health_check_type": "ELB",
            "id": "fgt_on_demand_asg",
            "initial_lifecycle_hook": [
              {
                "default_result": "CONTINUE",
                "heartbeat_timeout": 60,
                "lifecycle_transition": "autoscaling:EC2_INSTANCE_LAUNCHING",
                "name": "fgt_asg_launch_hook",
                "notification_metadata": "",
                "notification_target_arn": "",
                "role_arn": ""
              },
              {
                "default_result": "CONTINUE",
                "heartbeat_timeout": 60,
                "lifecycle_transition": "autoscaling:EC2_INSTANCE_TERMINATING",
                "name": "fgt_asg_terminate_hook",
                "notification_metadata": "",
                "notification_target_arn": "",
                "role_arn": ""
              }
            ],
            "instance_refresh": [],
            "launch_configuration": "",
            "launch_template": [
              {
                "id": "lt-086f9f43c23022ad7",
                "name": "fgt_asg_template_on_demand",
                "version": "1"
              }
            ],
            "load_balancers": [],
            "max_instance_lifetime": 0,
            "max_size": 2,
            "metrics_granularity": "1Minute",
            "min_elb_capacity": null,
            "min_size": 0,
            "mixed_instances_policy": [],
            "name": "fgt_on_demand_asg",
            "name_prefix": "",
            "placement_group": "",
            "predicted_capacity": 0,
            "protect_from_scale_in": false,
            "service_linked_role_arn": "arn:aws:iam::364570460639:role/aws-service-role/autoscaling.amazonaws.com/AWSServiceRoleForAutoScaling",
            "suspended_processes": null,
            "tag": [
              {
                "key": "created_from",
                "propagate_at_launch": true,
                "value": "Terraform"
              },
              {
                "key": "purpuse",
                "propagate_at_launch": true,
                "value": "ASG_TEST"
              }
            ],
            "target_group_arns": [
              "arn:aws:elasticloadbalancing:us-east-2:364570460639:targetgroup/gwlb-tgp-fgt/00dfc7d45fd1b38b97"
            ],
            "termination_policies": null,
            "timeouts": null,
            "traffic_source": [
              {
                "identifier": "arn:aws:elasticloadbalancing:us-east-2:364570460639:targetgroup/gwlb-tgp-fgt/00dfc7d45fd1b38b97",
                "type": "elbv2"
              }
            ],
            "vpc_zone_identifier": [
              "subnet-05d963663cbb42269",
              "subnet-0c78b8e1787986cba"
            ],
            "wait_for_capacity_timeout": "10m",
            "wait_for_elb_capacity": null,
            "warm_pool": [],
            "warm_pool_size": 0
          },
          "sensitive_attributes": [],
          "private": "eyJlMmJmYjczMC1lY2FhLTExZTYtOGY4OC0zNDM2M2JjN2M0YzAiOnsiZGVsZXRlIjo2MDAwMDAwMDAwMDAsInVwZGF0ZSI6NjAwMDAwMDAwMDAwfX0=",
          "dependencies": [
            "module.spk_gwlb_asg_fgt_gwlb_igw.module.fgt_asg.aws_cloudwatch_event_rule.fgt_asg_launch",
            "module.spk_gwlb_asg_fgt_gwlb_igw.module.fgt_asg.aws_cloudwatch_event_rule.fgt_asg_terminate",
            "module.spk_gwlb_asg_fgt_gwlb_igw.module.fgt_asg.aws_cloudwatch_event_target.fgt_asg_launch",
            "module.spk_gwlb_asg_fgt_gwlb_igw.module.fgt_asg.aws_cloudwatch_event_target.fgt_asg_terminate",
            "module.spk_gwlb_asg_fgt_gwlb_igw.module.fgt_asg.aws_iam_role.iam_for_lambda",
            "module.spk_gwlb_asg_fgt_gwlb_igw.module.fgt_asg.aws_iam_role_policy.iam_policy",
            "module.spk_gwlb_asg_fgt_gwlb_igw.module.fgt_asg.aws_lambda_function.fgt_asg_lambda",
            "module.spk_gwlb_asg_fgt_gwlb_igw.module.fgt_asg.aws_lambda_layer_version.lambda_layer_requests",
            "module.spk_gwlb_asg_fgt_gwlb_igw.module.fgt_asg.aws_lambda_permission.lambda_permission",
            "module.spk_gwlb_asg_fgt_gwlb_igw.module.fgt_asg.aws_launch_template.fgt",
            "module.spk_gwlb_asg_fgt_gwlb_igw.module.fgt_asg.aws_s3_bucket.fgt_lic",
            "module.spk_gwlb_asg_fgt_gwlb_igw.module.fgt_asg.aws_s3_object.fgt_intf_track_file",
            "module.spk_gwlb_asg_fgt_gwlb_igw.module.fgt_asg.aws_s3_object.fgt_lic",
            "module.spk_gwlb_asg_fgt_gwlb_igw.module.fgt_asg.aws_s3_object.fgt_lic_track_file",
            "module.spk_gwlb_asg_fgt_gwlb_igw.module.fgt_asg.data.archive_file.lambda",
            "module.spk_gwlb_asg_fgt_gwlb_igw.module.fgt_asg.data.aws_ami.fgt_ami",
            "module.spk_gwlb_asg_fgt_gwlb_igw.module.fgt_asg.data.aws_iam_policy_document.assume_role",
            "module.spk_gwlb_asg_fgt_gwlb_igw.module.security-vpc-gwlb.aws_lb.gwlb",
            "module.spk_gwlb_asg_fgt_gwlb_igw.module.security-vpc-gwlb.aws_lb_listener.gwlb_ln",
            "module.spk_gwlb_asg_fgt_gwlb_igw.module.security-vpc-gwlb.aws_lb_target_group.gwlb_tgp",
            "module.spk_gwlb_asg_fgt_gwlb_igw.module.security-vpc-gwlb.aws_lb_target_group_attachment.gwlb_tgp_a",
            "module.spk_gwlb_asg_fgt_gwlb_igw.module.security-vpc-gwlb.aws_vpc_endpoint.gwlb_endps",
            "module.spk_gwlb_asg_fgt_gwlb_igw.module.security-vpc-gwlb.aws_vpc_endpoint_service.gwlb_ep_service",
            "module.spk_gwlb_asg_fgt_gwlb_igw.module.security-vpc-gwlb.data.aws_network_interface.gwlb_intfs",
            "module.spk_gwlb_asg_fgt_gwlb_igw.module.security-vpc.aws_internet_gateway.igw",
            "module.spk_gwlb_asg_fgt_gwlb_igw.module.security-vpc.aws_security_group.secgrp",
            "module.spk_gwlb_asg_fgt_gwlb_igw.module.security-vpc.aws_subnet.subnets",
            "module.spk_gwlb_asg_fgt_gwlb_igw.module.security-vpc.aws_vpc.vpc",
            "module.spk_gwlb_asg_fgt_gwlb_igw.module.security-vpc.data.aws_vpc.vpc"
          ]
        }
      ]
    },
    {
      "module": "module.spk_gwlb_asg_fgt_gwlb_igw.module.fgt_asg[\"fgt_on_demand_asg\"]",
      "mode": "managed",
      "type": "aws_autoscaling_policy",
      "name": "scale_policy",
      "provider": "module.spk_gwlb_asg_fgt_gwlb_igw.provider[\"registry.terraform.io/hashicorp/aws\"]",
      "instances": [
        {
          "index_key": "byol_cpu_above_2",
          "schema_version": 0,
          "attributes": {
            "adjustment_type": "ChangeInCapacity",
            "arn": "arn:aws:autoscaling:us-east-2:364570460639:scalingPolicy:aa8b348f-867c-48df-81f2-c14c2a363245:autoScalingGroupName/fgt_on_demand_asg:policyName/byol_cpu_above_2",
            "autoscaling_group_name": "fgt_on_demand_asg",
            "cooldown": 60,
            "enabled": true,
            "estimated_instance_warmup": 0,
            "id": "byol_cpu_above_2",
            "metric_aggregation_type": "",
            "min_adjustment_magnitude": 0,
            "name": "byol_cpu_above_2",
            "policy_type": "SimpleScaling",
            "predictive_scaling_configuration": [],
            "scaling_adjustment": 1,
            "step_adjustment": [],
            "target_tracking_configuration": []
          },
          "sensitive_attributes": [],
          "private": "bnVsbA==",
          "dependencies": [
            "module.spk_gwlb_asg_fgt_gwlb_igw.module.fgt_asg.aws_autoscaling_group.fgt-asg",
            "module.spk_gwlb_asg_fgt_gwlb_igw.module.fgt_asg.aws_cloudwatch_event_rule.fgt_asg_launch",
            "module.spk_gwlb_asg_fgt_gwlb_igw.module.fgt_asg.aws_cloudwatch_event_rule.fgt_asg_terminate",
            "module.spk_gwlb_asg_fgt_gwlb_igw.module.fgt_asg.aws_cloudwatch_event_target.fgt_asg_launch",
            "module.spk_gwlb_asg_fgt_gwlb_igw.module.fgt_asg.aws_cloudwatch_event_target.fgt_asg_terminate",
            "module.spk_gwlb_asg_fgt_gwlb_igw.module.fgt_asg.aws_iam_role.iam_for_lambda",
            "module.spk_gwlb_asg_fgt_gwlb_igw.module.fgt_asg.aws_iam_role_policy.iam_policy",
            "module.spk_gwlb_asg_fgt_gwlb_igw.module.fgt_asg.aws_lambda_function.fgt_asg_lambda",
            "module.spk_gwlb_asg_fgt_gwlb_igw.module.fgt_asg.aws_lambda_layer_version.lambda_layer_requests",
            "module.spk_gwlb_asg_fgt_gwlb_igw.module.fgt_asg.aws_lambda_permission.lambda_permission",
            "module.spk_gwlb_asg_fgt_gwlb_igw.module.fgt_asg.aws_launch_template.fgt",
            "module.spk_gwlb_asg_fgt_gwlb_igw.module.fgt_asg.aws_s3_bucket.fgt_lic",
            "module.spk_gwlb_asg_fgt_gwlb_igw.module.fgt_asg.aws_s3_object.fgt_intf_track_file",
            "module.spk_gwlb_asg_fgt_gwlb_igw.module.fgt_asg.aws_s3_object.fgt_lic",
            "module.spk_gwlb_asg_fgt_gwlb_igw.module.fgt_asg.aws_s3_object.fgt_lic_track_file",
            "module.spk_gwlb_asg_fgt_gwlb_igw.module.fgt_asg.data.archive_file.lambda",
            "module.spk_gwlb_asg_fgt_gwlb_igw.module.fgt_asg.data.aws_ami.fgt_ami",
            "module.spk_gwlb_asg_fgt_gwlb_igw.module.fgt_asg.data.aws_iam_policy_document.assume_role",
            "module.spk_gwlb_asg_fgt_gwlb_igw.module.security-vpc-gwlb.aws_lb.gwlb",
            "module.spk_gwlb_asg_fgt_gwlb_igw.module.security-vpc-gwlb.aws_lb_listener.gwlb_ln",
            "module.spk_gwlb_asg_fgt_gwlb_igw.module.security-vpc-gwlb.aws_lb_target_group.gwlb_tgp",
            "module.spk_gwlb_asg_fgt_gwlb_igw.module.security-vpc-gwlb.aws_lb_target_group_attachment.gwlb_tgp_a",
            "module.spk_gwlb_asg_fgt_gwlb_igw.module.security-vpc-gwlb.aws_vpc_endpoint.gwlb_endps",
            "module.spk_gwlb_asg_fgt_gwlb_igw.module.security-vpc-gwlb.aws_vpc_endpoint_service.gwlb_ep_service",
            "module.spk_gwlb_asg_fgt_gwlb_igw.module.security-vpc-gwlb.data.aws_network_interface.gwlb_intfs",
            "module.spk_gwlb_asg_fgt_gwlb_igw.module.security-vpc.aws_internet_gateway.igw",
            "module.spk_gwlb_asg_fgt_gwlb_igw.module.security-vpc.aws_security_group.secgrp",
            "module.spk_gwlb_asg_fgt_gwlb_igw.module.security-vpc.aws_subnet.subnets",
            "module.spk_gwlb_asg_fgt_gwlb_igw.module.security-vpc.aws_vpc.vpc",
            "module.spk_gwlb_asg_fgt_gwlb_igw.module.security-vpc.data.aws_vpc.vpc"
          ]
        },
        {
          "index_key": "byol_cpu_below_5",
          "schema_version": 0,
          "attributes": {
            "adjustment_type": "ChangeInCapacity",
            "arn": "arn:aws:autoscaling:us-east-2:364570460639:scalingPolicy:e1a46d07-5504-4f04-8b48-1f05b4b47bea:autoScalingGroupName/fgt_on_demand_asg:policyName/byol_cpu_below_5",
            "autoscaling_group_name": "fgt_on_demand_asg",
            "cooldown": 60,
            "enabled": true,
            "estimated_instance_warmup": 0,
            "id": "byol_cpu_below_5",
            "metric_aggregation_type": "",
            "min_adjustment_magnitude": 0,
            "name": "byol_cpu_below_5",
            "policy_type": "SimpleScaling",
            "predictive_scaling_configuration": [],
            "scaling_adjustment": -1,
            "step_adjustment": [],
            "target_tracking_configuration": []
          },
          "sensitive_attributes": [],
          "private": "bnVsbA==",
          "dependencies": [
            "module.spk_gwlb_asg_fgt_gwlb_igw.module.fgt_asg.aws_autoscaling_group.fgt-asg",
            "module.spk_gwlb_asg_fgt_gwlb_igw.module.fgt_asg.aws_cloudwatch_event_rule.fgt_asg_launch",
            "module.spk_gwlb_asg_fgt_gwlb_igw.module.fgt_asg.aws_cloudwatch_event_rule.fgt_asg_terminate",
            "module.spk_gwlb_asg_fgt_gwlb_igw.module.fgt_asg.aws_cloudwatch_event_target.fgt_asg_launch",
            "module.spk_gwlb_asg_fgt_gwlb_igw.module.fgt_asg.aws_cloudwatch_event_target.fgt_asg_terminate",
            "module.spk_gwlb_asg_fgt_gwlb_igw.module.fgt_asg.aws_iam_role.iam_for_lambda",
            "module.spk_gwlb_asg_fgt_gwlb_igw.module.fgt_asg.aws_iam_role_policy.iam_policy",
            "module.spk_gwlb_asg_fgt_gwlb_igw.module.fgt_asg.aws_lambda_function.fgt_asg_lambda",
            "module.spk_gwlb_asg_fgt_gwlb_igw.module.fgt_asg.aws_lambda_layer_version.lambda_layer_requests",
            "module.spk_gwlb_asg_fgt_gwlb_igw.module.fgt_asg.aws_lambda_permission.lambda_permission",
            "module.spk_gwlb_asg_fgt_gwlb_igw.module.fgt_asg.aws_launch_template.fgt",
            "module.spk_gwlb_asg_fgt_gwlb_igw.module.fgt_asg.aws_s3_bucket.fgt_lic",
            "module.spk_gwlb_asg_fgt_gwlb_igw.module.fgt_asg.aws_s3_object.fgt_intf_track_file",
            "module.spk_gwlb_asg_fgt_gwlb_igw.module.fgt_asg.aws_s3_object.fgt_lic",
            "module.spk_gwlb_asg_fgt_gwlb_igw.module.fgt_asg.aws_s3_object.fgt_lic_track_file",
            "module.spk_gwlb_asg_fgt_gwlb_igw.module.fgt_asg.data.archive_file.lambda",
            "module.spk_gwlb_asg_fgt_gwlb_igw.module.fgt_asg.data.aws_ami.fgt_ami",
            "module.spk_gwlb_asg_fgt_gwlb_igw.module.fgt_asg.data.aws_iam_policy_document.assume_role",
            "module.spk_gwlb_asg_fgt_gwlb_igw.module.security-vpc-gwlb.aws_lb.gwlb",
            "module.spk_gwlb_asg_fgt_gwlb_igw.module.security-vpc-gwlb.aws_lb_listener.gwlb_ln",
            "module.spk_gwlb_asg_fgt_gwlb_igw.module.security-vpc-gwlb.aws_lb_target_group.gwlb_tgp",
            "module.spk_gwlb_asg_fgt_gwlb_igw.module.security-vpc-gwlb.aws_lb_target_group_attachment.gwlb_tgp_a",
            "module.spk_gwlb_asg_fgt_gwlb_igw.module.security-vpc-gwlb.aws_vpc_endpoint.gwlb_endps",
            "module.spk_gwlb_asg_fgt_gwlb_igw.module.security-vpc-gwlb.aws_vpc_endpoint_service.gwlb_ep_service",
            "module.spk_gwlb_asg_fgt_gwlb_igw.module.security-vpc-gwlb.data.aws_network_interface.gwlb_intfs",
            "module.spk_gwlb_asg_fgt_gwlb_igw.module.security-vpc.aws_internet_gateway.igw",
            "module.spk_gwlb_asg_fgt_gwlb_igw.module.security-vpc.aws_security_group.secgrp",
            "module.spk_gwlb_asg_fgt_gwlb_igw.module.security-vpc.aws_subnet.subnets",
            "module.spk_gwlb_asg_fgt_gwlb_igw.module.security-vpc.aws_vpc.vpc",
            "module.spk_gwlb_asg_fgt_gwlb_igw.module.security-vpc.data.aws_vpc.vpc"
          ]
        },
        {
          "index_key": "ondemand_cpu_above_2",
          "schema_version": 0,
          "attributes": {
            "adjustment_type": "ChangeInCapacity",
            "arn": "arn:aws:autoscaling:us-east-2:364570460639:scalingPolicy:88ffb55d-8349-4e15-a7cb-162367b6c2dd:autoScalingGroupName/fgt_on_demand_asg:policyName/ondemand_cpu_above_2",
            "autoscaling_group_name": "fgt_on_demand_asg",
            "cooldown": 60,
            "enabled": true,
            "estimated_instance_warmup": 0,
            "id": "ondemand_cpu_above_2",
            "metric_aggregation_type": "",
            "min_adjustment_magnitude": 0,
            "name": "ondemand_cpu_above_2",
            "policy_type": "SimpleScaling",
            "predictive_scaling_configuration": [],
            "scaling_adjustment": 1,
            "step_adjustment": [],
            "target_tracking_configuration": []
          },
          "sensitive_attributes": [],
          "private": "bnVsbA==",
          "dependencies": [
            "module.spk_gwlb_asg_fgt_gwlb_igw.module.fgt_asg.aws_autoscaling_group.fgt-asg",
            "module.spk_gwlb_asg_fgt_gwlb_igw.module.fgt_asg.aws_cloudwatch_event_rule.fgt_asg_launch",
            "module.spk_gwlb_asg_fgt_gwlb_igw.module.fgt_asg.aws_cloudwatch_event_rule.fgt_asg_terminate",
            "module.spk_gwlb_asg_fgt_gwlb_igw.module.fgt_asg.aws_cloudwatch_event_target.fgt_asg_launch",
            "module.spk_gwlb_asg_fgt_gwlb_igw.module.fgt_asg.aws_cloudwatch_event_target.fgt_asg_terminate",
            "module.spk_gwlb_asg_fgt_gwlb_igw.module.fgt_asg.aws_iam_role.iam_for_lambda",
            "module.spk_gwlb_asg_fgt_gwlb_igw.module.fgt_asg.aws_iam_role_policy.iam_policy",
            "module.spk_gwlb_asg_fgt_gwlb_igw.module.fgt_asg.aws_lambda_function.fgt_asg_lambda",
            "module.spk_gwlb_asg_fgt_gwlb_igw.module.fgt_asg.aws_lambda_layer_version.lambda_layer_requests",
            "module.spk_gwlb_asg_fgt_gwlb_igw.module.fgt_asg.aws_lambda_permission.lambda_permission",
            "module.spk_gwlb_asg_fgt_gwlb_igw.module.fgt_asg.aws_launch_template.fgt",
            "module.spk_gwlb_asg_fgt_gwlb_igw.module.fgt_asg.aws_s3_bucket.fgt_lic",
            "module.spk_gwlb_asg_fgt_gwlb_igw.module.fgt_asg.aws_s3_object.fgt_intf_track_file",
            "module.spk_gwlb_asg_fgt_gwlb_igw.module.fgt_asg.aws_s3_object.fgt_lic",
            "module.spk_gwlb_asg_fgt_gwlb_igw.module.fgt_asg.aws_s3_object.fgt_lic_track_file",
            "module.spk_gwlb_asg_fgt_gwlb_igw.module.fgt_asg.data.archive_file.lambda",
            "module.spk_gwlb_asg_fgt_gwlb_igw.module.fgt_asg.data.aws_ami.fgt_ami",
            "module.spk_gwlb_asg_fgt_gwlb_igw.module.fgt_asg.data.aws_iam_policy_document.assume_role",
            "module.spk_gwlb_asg_fgt_gwlb_igw.module.security-vpc-gwlb.aws_lb.gwlb",
            "module.spk_gwlb_asg_fgt_gwlb_igw.module.security-vpc-gwlb.aws_lb_listener.gwlb_ln",
            "module.spk_gwlb_asg_fgt_gwlb_igw.module.security-vpc-gwlb.aws_lb_target_group.gwlb_tgp",
            "module.spk_gwlb_asg_fgt_gwlb_igw.module.security-vpc-gwlb.aws_lb_target_group_attachment.gwlb_tgp_a",
            "module.spk_gwlb_asg_fgt_gwlb_igw.module.security-vpc-gwlb.aws_vpc_endpoint.gwlb_endps",
            "module.spk_gwlb_asg_fgt_gwlb_igw.module.security-vpc-gwlb.aws_vpc_endpoint_service.gwlb_ep_service",
            "module.spk_gwlb_asg_fgt_gwlb_igw.module.security-vpc-gwlb.data.aws_network_interface.gwlb_intfs",
            "module.spk_gwlb_asg_fgt_gwlb_igw.module.security-vpc.aws_internet_gateway.igw",
            "module.spk_gwlb_asg_fgt_gwlb_igw.module.security-vpc.aws_security_group.secgrp",
            "module.spk_gwlb_asg_fgt_gwlb_igw.module.security-vpc.aws_subnet.subnets",
            "module.spk_gwlb_asg_fgt_gwlb_igw.module.security-vpc.aws_vpc.vpc",
            "module.spk_gwlb_asg_fgt_gwlb_igw.module.security-vpc.data.aws_vpc.vpc"
          ]
        },
        {
          "index_key": "ondemand_cpu_below_5",
          "schema_version": 0,
          "attributes": {
            "adjustment_type": "ChangeInCapacity",
            "arn": "arn:aws:autoscaling:us-east-2:364570460639:scalingPolicy:cd1b6157-bd07-4dc3-8d9a-49e862cccc7a:autoScalingGroupName/fgt_on_demand_asg:policyName/ondemand_cpu_below_5",
            "autoscaling_group_name": "fgt_on_demand_asg",
            "cooldown": 60,
            "enabled": true,
            "estimated_instance_warmup": 0,
            "id": "ondemand_cpu_below_5",
            "metric_aggregation_type": "",
            "min_adjustment_magnitude": 0,
            "name": "ondemand_cpu_below_5",
            "policy_type": "SimpleScaling",
            "predictive_scaling_configuration": [],
            "scaling_adjustment": -1,
            "step_adjustment": [],
            "target_tracking_configuration": []
          },
          "sensitive_attributes": [],
          "private": "bnVsbA==",
          "dependencies": [
            "module.spk_gwlb_asg_fgt_gwlb_igw.module.fgt_asg.aws_autoscaling_group.fgt-asg",
            "module.spk_gwlb_asg_fgt_gwlb_igw.module.fgt_asg.aws_cloudwatch_event_rule.fgt_asg_launch",
            "module.spk_gwlb_asg_fgt_gwlb_igw.module.fgt_asg.aws_cloudwatch_event_rule.fgt_asg_terminate",
            "module.spk_gwlb_asg_fgt_gwlb_igw.module.fgt_asg.aws_cloudwatch_event_target.fgt_asg_launch",
            "module.spk_gwlb_asg_fgt_gwlb_igw.module.fgt_asg.aws_cloudwatch_event_target.fgt_asg_terminate",
            "module.spk_gwlb_asg_fgt_gwlb_igw.module.fgt_asg.aws_iam_role.iam_for_lambda",
            "module.spk_gwlb_asg_fgt_gwlb_igw.module.fgt_asg.aws_iam_role_policy.iam_policy",
            "module.spk_gwlb_asg_fgt_gwlb_igw.module.fgt_asg.aws_lambda_function.fgt_asg_lambda",
            "module.spk_gwlb_asg_fgt_gwlb_igw.module.fgt_asg.aws_lambda_layer_version.lambda_layer_requests",
            "module.spk_gwlb_asg_fgt_gwlb_igw.module.fgt_asg.aws_lambda_permission.lambda_permission",
            "module.spk_gwlb_asg_fgt_gwlb_igw.module.fgt_asg.aws_launch_template.fgt",
            "module.spk_gwlb_asg_fgt_gwlb_igw.module.fgt_asg.aws_s3_bucket.fgt_lic",
            "module.spk_gwlb_asg_fgt_gwlb_igw.module.fgt_asg.aws_s3_object.fgt_intf_track_file",
            "module.spk_gwlb_asg_fgt_gwlb_igw.module.fgt_asg.aws_s3_object.fgt_lic",
            "module.spk_gwlb_asg_fgt_gwlb_igw.module.fgt_asg.aws_s3_object.fgt_lic_track_file",
            "module.spk_gwlb_asg_fgt_gwlb_igw.module.fgt_asg.data.archive_file.lambda",
            "module.spk_gwlb_asg_fgt_gwlb_igw.module.fgt_asg.data.aws_ami.fgt_ami",
            "module.spk_gwlb_asg_fgt_gwlb_igw.module.fgt_asg.data.aws_iam_policy_document.assume_role",
            "module.spk_gwlb_asg_fgt_gwlb_igw.module.security-vpc-gwlb.aws_lb.gwlb",
            "module.spk_gwlb_asg_fgt_gwlb_igw.module.security-vpc-gwlb.aws_lb_listener.gwlb_ln",
            "module.spk_gwlb_asg_fgt_gwlb_igw.module.security-vpc-gwlb.aws_lb_target_group.gwlb_tgp",
            "module.spk_gwlb_asg_fgt_gwlb_igw.module.security-vpc-gwlb.aws_lb_target_group_attachment.gwlb_tgp_a",
            "module.spk_gwlb_asg_fgt_gwlb_igw.module.security-vpc-gwlb.aws_vpc_endpoint.gwlb_endps",
            "module.spk_gwlb_asg_fgt_gwlb_igw.module.security-vpc-gwlb.aws_vpc_endpoint_service.gwlb_ep_service",
            "module.spk_gwlb_asg_fgt_gwlb_igw.module.security-vpc-gwlb.data.aws_network_interface.gwlb_intfs",
            "module.spk_gwlb_asg_fgt_gwlb_igw.module.security-vpc.aws_internet_gateway.igw",
            "module.spk_gwlb_asg_fgt_gwlb_igw.module.security-vpc.aws_security_group.secgrp",
            "module.spk_gwlb_asg_fgt_gwlb_igw.module.security-vpc.aws_subnet.subnets",
            "module.spk_gwlb_asg_fgt_gwlb_igw.module.security-vpc.aws_vpc.vpc",
            "module.spk_gwlb_asg_fgt_gwlb_igw.module.security-vpc.data.aws_vpc.vpc"
          ]
        }
      ]
    },
    {
      "module": "module.spk_gwlb_asg_fgt_gwlb_igw.module.fgt_asg[\"fgt_on_demand_asg\"]",
      "mode": "managed",
      "type": "aws_cloudwatch_event_rule",
      "name": "fgt_asg_launch",
      "provider": "module.spk_gwlb_asg_fgt_gwlb_igw.provider[\"registry.terraform.io/hashicorp/aws\"]",
      "instances": [
        {
          "schema_version": 0,
          "attributes": {
            "arn": "arn:aws:events:us-east-2:364570460639:rule/fgt_asg_launch_fgt_on_demand_asg",
            "description": "Cloudwatch event rule for FortiGate Auto Scaling Group instance launch.",
            "event_bus_name": "default",
            "event_pattern": "{\"detail\":{\"AutoScalingGroupName\":[\"fgt_on_demand_asg\"]},\"detail-type\":[\"EC2 Instance-launch Lifecycle Action\",\"EC2 Instance Launch Successful\"],\"source\":[\"aws.autoscaling\"]}",
            "id": "fgt_asg_launch_fgt_on_demand_asg",
            "is_enabled": true,
            "name": "fgt_asg_launch_fgt_on_demand_asg",
            "name_prefix": "",
            "role_arn": "",
            "schedule_expression": "",
            "tags": null,
            "tags_all": {}
          },
          "sensitive_attributes": [],
          "private": "bnVsbA==",
          "dependencies": [
            "module.spk_gwlb_asg_fgt_gwlb_igw.module.security-vpc-gwlb.aws_lb.gwlb",
            "module.spk_gwlb_asg_fgt_gwlb_igw.module.security-vpc-gwlb.aws_lb_listener.gwlb_ln",
            "module.spk_gwlb_asg_fgt_gwlb_igw.module.security-vpc-gwlb.aws_lb_target_group.gwlb_tgp",
            "module.spk_gwlb_asg_fgt_gwlb_igw.module.security-vpc-gwlb.aws_lb_target_group_attachment.gwlb_tgp_a",
            "module.spk_gwlb_asg_fgt_gwlb_igw.module.security-vpc-gwlb.aws_vpc_endpoint.gwlb_endps",
            "module.spk_gwlb_asg_fgt_gwlb_igw.module.security-vpc-gwlb.aws_vpc_endpoint_service.gwlb_ep_service",
            "module.spk_gwlb_asg_fgt_gwlb_igw.module.security-vpc-gwlb.data.aws_network_interface.gwlb_intfs",
            "module.spk_gwlb_asg_fgt_gwlb_igw.module.security-vpc.aws_internet_gateway.igw",
            "module.spk_gwlb_asg_fgt_gwlb_igw.module.security-vpc.aws_security_group.secgrp",
            "module.spk_gwlb_asg_fgt_gwlb_igw.module.security-vpc.aws_subnet.subnets",
            "module.spk_gwlb_asg_fgt_gwlb_igw.module.security-vpc.aws_vpc.vpc",
            "module.spk_gwlb_asg_fgt_gwlb_igw.module.security-vpc.data.aws_vpc.vpc"
          ]
        }
      ]
    },
    {
      "module": "module.spk_gwlb_asg_fgt_gwlb_igw.module.fgt_asg[\"fgt_on_demand_asg\"]",
      "mode": "managed",
      "type": "aws_cloudwatch_event_rule",
      "name": "fgt_asg_terminate",
      "provider": "module.spk_gwlb_asg_fgt_gwlb_igw.provider[\"registry.terraform.io/hashicorp/aws\"]",
      "instances": [
        {
          "schema_version": 0,
          "attributes": {
            "arn": "arn:aws:events:us-east-2:364570460639:rule/fgt_asg_terminate_fgt_on_demand_asg",
            "description": "Cloudwatch event rule for FortiGate Auto Scaling Group instance terminate.",
            "event_bus_name": "default",
            "event_pattern": "{\"detail\":{\"AutoScalingGroupName\":[\"fgt_on_demand_asg\"]},\"detail-type\":[\"EC2 Instance-terminate Lifecycle Action\",\"EC2 Instance Terminate Successful\"],\"source\":[\"aws.autoscaling\"]}",
            "id": "fgt_asg_terminate_fgt_on_demand_asg",
            "is_enabled": true,
            "name": "fgt_asg_terminate_fgt_on_demand_asg",
            "name_prefix": "",
            "role_arn": "",
            "schedule_expression": "",
            "tags": null,
            "tags_all": {}
          },
          "sensitive_attributes": [],
          "private": "bnVsbA==",
          "dependencies": [
            "module.spk_gwlb_asg_fgt_gwlb_igw.module.security-vpc-gwlb.aws_lb.gwlb",
            "module.spk_gwlb_asg_fgt_gwlb_igw.module.security-vpc-gwlb.aws_lb_listener.gwlb_ln",
            "module.spk_gwlb_asg_fgt_gwlb_igw.module.security-vpc-gwlb.aws_lb_target_group.gwlb_tgp",
            "module.spk_gwlb_asg_fgt_gwlb_igw.module.security-vpc-gwlb.aws_lb_target_group_attachment.gwlb_tgp_a",
            "module.spk_gwlb_asg_fgt_gwlb_igw.module.security-vpc-gwlb.aws_vpc_endpoint.gwlb_endps",
            "module.spk_gwlb_asg_fgt_gwlb_igw.module.security-vpc-gwlb.aws_vpc_endpoint_service.gwlb_ep_service",
            "module.spk_gwlb_asg_fgt_gwlb_igw.module.security-vpc-gwlb.data.aws_network_interface.gwlb_intfs",
            "module.spk_gwlb_asg_fgt_gwlb_igw.module.security-vpc.aws_internet_gateway.igw",
            "module.spk_gwlb_asg_fgt_gwlb_igw.module.security-vpc.aws_security_group.secgrp",
            "module.spk_gwlb_asg_fgt_gwlb_igw.module.security-vpc.aws_subnet.subnets",
            "module.spk_gwlb_asg_fgt_gwlb_igw.module.security-vpc.aws_vpc.vpc",
            "module.spk_gwlb_asg_fgt_gwlb_igw.module.security-vpc.data.aws_vpc.vpc"
          ]
        }
      ]
    },
    {
      "module": "module.spk_gwlb_asg_fgt_gwlb_igw.module.fgt_asg[\"fgt_on_demand_asg\"]",
      "mode": "managed",
      "type": "aws_cloudwatch_event_target",
      "name": "fgt_asg_launch",
      "provider": "module.spk_gwlb_asg_fgt_gwlb_igw.provider[\"registry.terraform.io/hashicorp/aws\"]",
      "instances": [
        {
          "schema_version": 1,
          "attributes": {
            "arn": "arn:aws:lambda:us-east-2:364570460639:function:fgt-asg-lambda_fgt_on_demand_asg",
            "batch_target": [],
            "dead_letter_config": [],
            "ecs_target": [],
            "event_bus_name": "default",
            "http_target": [],
            "id": "fgt_asg_launch_fgt_on_demand_asg-fgt_asg_launch_target_fgt_on_demand_asg",
            "input": "",
            "input_path": "",
            "input_transformer": [],
            "kinesis_target": [],
            "redshift_target": [],
            "retry_policy": [],
            "role_arn": "",
            "rule": "fgt_asg_launch_fgt_on_demand_asg",
            "run_command_targets": [],
            "sqs_target": [],
            "target_id": "fgt_asg_launch_target_fgt_on_demand_asg"
          },
          "sensitive_attributes": [],
          "private": "eyJzY2hlbWFfdmVyc2lvbiI6IjEifQ==",
          "dependencies": [
            "module.spk_gwlb_asg_fgt_gwlb_igw.module.fgt_asg.aws_cloudwatch_event_rule.fgt_asg_launch",
            "module.spk_gwlb_asg_fgt_gwlb_igw.module.fgt_asg.aws_iam_role.iam_for_lambda",
            "module.spk_gwlb_asg_fgt_gwlb_igw.module.fgt_asg.aws_lambda_function.fgt_asg_lambda",
            "module.spk_gwlb_asg_fgt_gwlb_igw.module.fgt_asg.aws_lambda_layer_version.lambda_layer_requests",
            "module.spk_gwlb_asg_fgt_gwlb_igw.module.fgt_asg.aws_s3_bucket.fgt_lic",
            "module.spk_gwlb_asg_fgt_gwlb_igw.module.fgt_asg.data.archive_file.lambda",
            "module.spk_gwlb_asg_fgt_gwlb_igw.module.fgt_asg.data.aws_iam_policy_document.assume_role",
            "module.spk_gwlb_asg_fgt_gwlb_igw.module.security-vpc-gwlb.aws_lb.gwlb",
            "module.spk_gwlb_asg_fgt_gwlb_igw.module.security-vpc-gwlb.aws_lb_listener.gwlb_ln",
            "module.spk_gwlb_asg_fgt_gwlb_igw.module.security-vpc-gwlb.aws_lb_target_group.gwlb_tgp",
            "module.spk_gwlb_asg_fgt_gwlb_igw.module.security-vpc-gwlb.aws_lb_target_group_attachment.gwlb_tgp_a",
            "module.spk_gwlb_asg_fgt_gwlb_igw.module.security-vpc-gwlb.aws_vpc_endpoint.gwlb_endps",
            "module.spk_gwlb_asg_fgt_gwlb_igw.module.security-vpc-gwlb.aws_vpc_endpoint_service.gwlb_ep_service",
            "module.spk_gwlb_asg_fgt_gwlb_igw.module.security-vpc-gwlb.data.aws_network_interface.gwlb_intfs",
            "module.spk_gwlb_asg_fgt_gwlb_igw.module.security-vpc.aws_internet_gateway.igw",
            "module.spk_gwlb_asg_fgt_gwlb_igw.module.security-vpc.aws_security_group.secgrp",
            "module.spk_gwlb_asg_fgt_gwlb_igw.module.security-vpc.aws_subnet.subnets",
            "module.spk_gwlb_asg_fgt_gwlb_igw.module.security-vpc.aws_vpc.vpc",
            "module.spk_gwlb_asg_fgt_gwlb_igw.module.security-vpc.data.aws_vpc.vpc"
          ]
        }
      ]
    },
    {
      "module": "module.spk_gwlb_asg_fgt_gwlb_igw.module.fgt_asg[\"fgt_on_demand_asg\"]",
      "mode": "managed",
      "type": "aws_cloudwatch_event_target",
      "name": "fgt_asg_terminate",
      "provider": "module.spk_gwlb_asg_fgt_gwlb_igw.provider[\"registry.terraform.io/hashicorp/aws\"]",
      "instances": [
        {
          "schema_version": 1,
          "attributes": {
            "arn": "arn:aws:lambda:us-east-2:364570460639:function:fgt-asg-lambda_fgt_on_demand_asg",
            "batch_target": [],
            "dead_letter_config": [],
            "ecs_target": [],
            "event_bus_name": "default",
            "http_target": [],
            "id": "fgt_asg_terminate_fgt_on_demand_asg-fgt_asg_terminate_target_fgt_on_demand_asg",
            "input": "",
            "input_path": "",
            "input_transformer": [],
            "kinesis_target": [],
            "redshift_target": [],
            "retry_policy": [],
            "role_arn": "",
            "rule": "fgt_asg_terminate_fgt_on_demand_asg",
            "run_command_targets": [],
            "sqs_target": [],
            "target_id": "fgt_asg_terminate_target_fgt_on_demand_asg"
          },
          "sensitive_attributes": [],
          "private": "eyJzY2hlbWFfdmVyc2lvbiI6IjEifQ==",
          "dependencies": [
            "module.spk_gwlb_asg_fgt_gwlb_igw.module.fgt_asg.aws_cloudwatch_event_rule.fgt_asg_terminate",
            "module.spk_gwlb_asg_fgt_gwlb_igw.module.fgt_asg.aws_iam_role.iam_for_lambda",
            "module.spk_gwlb_asg_fgt_gwlb_igw.module.fgt_asg.aws_lambda_function.fgt_asg_lambda",
            "module.spk_gwlb_asg_fgt_gwlb_igw.module.fgt_asg.aws_lambda_layer_version.lambda_layer_requests",
            "module.spk_gwlb_asg_fgt_gwlb_igw.module.fgt_asg.aws_s3_bucket.fgt_lic",
            "module.spk_gwlb_asg_fgt_gwlb_igw.module.fgt_asg.data.archive_file.lambda",
            "module.spk_gwlb_asg_fgt_gwlb_igw.module.fgt_asg.data.aws_iam_policy_document.assume_role",
            "module.spk_gwlb_asg_fgt_gwlb_igw.module.security-vpc-gwlb.aws_lb.gwlb",
            "module.spk_gwlb_asg_fgt_gwlb_igw.module.security-vpc-gwlb.aws_lb_listener.gwlb_ln",
            "module.spk_gwlb_asg_fgt_gwlb_igw.module.security-vpc-gwlb.aws_lb_target_group.gwlb_tgp",
            "module.spk_gwlb_asg_fgt_gwlb_igw.module.security-vpc-gwlb.aws_lb_target_group_attachment.gwlb_tgp_a",
            "module.spk_gwlb_asg_fgt_gwlb_igw.module.security-vpc-gwlb.aws_vpc_endpoint.gwlb_endps",
            "module.spk_gwlb_asg_fgt_gwlb_igw.module.security-vpc-gwlb.aws_vpc_endpoint_service.gwlb_ep_service",
            "module.spk_gwlb_asg_fgt_gwlb_igw.module.security-vpc-gwlb.data.aws_network_interface.gwlb_intfs",
            "module.spk_gwlb_asg_fgt_gwlb_igw.module.security-vpc.aws_internet_gateway.igw",
            "module.spk_gwlb_asg_fgt_gwlb_igw.module.security-vpc.aws_security_group.secgrp",
            "module.spk_gwlb_asg_fgt_gwlb_igw.module.security-vpc.aws_subnet.subnets",
            "module.spk_gwlb_asg_fgt_gwlb_igw.module.security-vpc.aws_vpc.vpc",
            "module.spk_gwlb_asg_fgt_gwlb_igw.module.security-vpc.data.aws_vpc.vpc"
          ]
        }
      ]
    },
    {
      "module": "module.spk_gwlb_asg_fgt_gwlb_igw.module.fgt_asg[\"fgt_on_demand_asg\"]",
      "mode": "managed",
      "type": "aws_iam_role",
      "name": "iam_for_lambda",
      "provider": "module.spk_gwlb_asg_fgt_gwlb_igw.provider[\"registry.terraform.io/hashicorp/aws\"]",
      "instances": [
        {
          "schema_version": 0,
          "attributes": {
            "arn": "arn:aws:iam::364570460639:role/iam_for_lambda-82669cd8-8cd8-39c9-27e3-dba4c952251c",
            "assume_role_policy": "{\"Statement\":[{\"Action\":\"sts:AssumeRole\",\"Effect\":\"Allow\",\"Principal\":{\"Service\":\"lambda.amazonaws.com\"}}],\"Version\":\"2012-10-17\"}",
            "create_date": "2023-08-03T07:25:27Z",
            "description": "",
            "force_detach_policies": false,
            "id": "iam_for_lambda-82669cd8-8cd8-39c9-27e3-dba4c952251c",
            "inline_policy": [],
            "managed_policy_arns": [],
            "max_session_duration": 3600,
            "name": "iam_for_lambda-82669cd8-8cd8-39c9-27e3-dba4c952251c",
            "name_prefix": "",
            "path": "/",
            "permissions_boundary": null,
            "tags": null,
            "tags_all": {},
            "unique_id": "AROAVJYQXYHP557J5EAZR"
          },
          "sensitive_attributes": [],
          "private": "bnVsbA==",
          "dependencies": [
            "module.spk_gwlb_asg_fgt_gwlb_igw.module.fgt_asg.data.aws_iam_policy_document.assume_role",
            "module.spk_gwlb_asg_fgt_gwlb_igw.module.security-vpc-gwlb.aws_lb.gwlb",
            "module.spk_gwlb_asg_fgt_gwlb_igw.module.security-vpc-gwlb.aws_lb_listener.gwlb_ln",
            "module.spk_gwlb_asg_fgt_gwlb_igw.module.security-vpc-gwlb.aws_lb_target_group.gwlb_tgp",
            "module.spk_gwlb_asg_fgt_gwlb_igw.module.security-vpc-gwlb.aws_lb_target_group_attachment.gwlb_tgp_a",
            "module.spk_gwlb_asg_fgt_gwlb_igw.module.security-vpc-gwlb.aws_vpc_endpoint.gwlb_endps",
            "module.spk_gwlb_asg_fgt_gwlb_igw.module.security-vpc-gwlb.aws_vpc_endpoint_service.gwlb_ep_service",
            "module.spk_gwlb_asg_fgt_gwlb_igw.module.security-vpc-gwlb.data.aws_network_interface.gwlb_intfs",
            "module.spk_gwlb_asg_fgt_gwlb_igw.module.security-vpc.aws_internet_gateway.igw",
            "module.spk_gwlb_asg_fgt_gwlb_igw.module.security-vpc.aws_security_group.secgrp",
            "module.spk_gwlb_asg_fgt_gwlb_igw.module.security-vpc.aws_subnet.subnets",
            "module.spk_gwlb_asg_fgt_gwlb_igw.module.security-vpc.aws_vpc.vpc",
            "module.spk_gwlb_asg_fgt_gwlb_igw.module.security-vpc.data.aws_vpc.vpc"
          ]
        }
      ]
    },
    {
      "module": "module.spk_gwlb_asg_fgt_gwlb_igw.module.fgt_asg[\"fgt_on_demand_asg\"]",
      "mode": "managed",
      "type": "aws_iam_role_policy",
      "name": "iam_policy",
      "provider": "module.spk_gwlb_asg_fgt_gwlb_igw.provider[\"registry.terraform.io/hashicorp/aws\"]",
      "instances": [
        {
          "schema_version": 0,
          "attributes": {
            "id": "iam_for_lambda-82669cd8-8cd8-39c9-27e3-dba4c952251c:lambda_iam_policy",
            "name": "lambda_iam_policy",
            "name_prefix": null,
            "policy": "{\"Version\":\"2012-10-17\",\"Statement\":[{\"Action\":[\"logs:CreateLogGroup\",\"logs:CreateLogStream\",\"logs:PutLogEvents\"],\"Effect\":\"Allow\",\"Resource\":\"arn:aws:logs:*:*:*\"},{\"Action\":[\"ec2:AllocateAddress\",\"ec2:AssociateAddress\",\"ec2:AttachNetworkInterface\",\"ec2:CreateNetworkInterface\",\"ec2:DescribeAddresses\",\"ec2:DescribeInstances\",\"ec2:DescribeNetworkInterfaces\",\"ec2:DescribeSubnets\",\"ec2:DeleteNetworkInterface\",\"ec2:DetachNetworkInterface\",\"ec2:DisassociateAddress\",\"ec2:ModifyNetworkInterfaceAttribute\",\"ec2:ModifyInstanceAttribute\",\"ec2:ReleaseAddress\",\"autoscaling:CompleteLifecycleAction\",\"autoscaling:DescribeAutoScalingGroups\",\"s3:*\",\"s3-object-lambda:*\",\"dynamodb:*\"],\"Effect\":\"Allow\",\"Resource\":\"*\"},{\"Action\":[\"events:PutRule\"],\"Effect\":\"Allow\",\"Resource\":\"arn:aws:events:*:*:rule/*\"}]}",
            "role": "iam_for_lambda-82669cd8-8cd8-39c9-27e3-dba4c952251c"
          },
          "sensitive_attributes": [],
          "private": "bnVsbA==",
          "dependencies": [
            "module.spk_gwlb_asg_fgt_gwlb_igw.module.fgt_asg.aws_iam_role.iam_for_lambda",
            "module.spk_gwlb_asg_fgt_gwlb_igw.module.fgt_asg.data.aws_iam_policy_document.assume_role",
            "module.spk_gwlb_asg_fgt_gwlb_igw.module.security-vpc-gwlb.aws_lb.gwlb",
            "module.spk_gwlb_asg_fgt_gwlb_igw.module.security-vpc-gwlb.aws_lb_listener.gwlb_ln",
            "module.spk_gwlb_asg_fgt_gwlb_igw.module.security-vpc-gwlb.aws_lb_target_group.gwlb_tgp",
            "module.spk_gwlb_asg_fgt_gwlb_igw.module.security-vpc-gwlb.aws_lb_target_group_attachment.gwlb_tgp_a",
            "module.spk_gwlb_asg_fgt_gwlb_igw.module.security-vpc-gwlb.aws_vpc_endpoint.gwlb_endps",
            "module.spk_gwlb_asg_fgt_gwlb_igw.module.security-vpc-gwlb.aws_vpc_endpoint_service.gwlb_ep_service",
            "module.spk_gwlb_asg_fgt_gwlb_igw.module.security-vpc-gwlb.data.aws_network_interface.gwlb_intfs",
            "module.spk_gwlb_asg_fgt_gwlb_igw.module.security-vpc.aws_internet_gateway.igw",
            "module.spk_gwlb_asg_fgt_gwlb_igw.module.security-vpc.aws_security_group.secgrp",
            "module.spk_gwlb_asg_fgt_gwlb_igw.module.security-vpc.aws_subnet.subnets",
            "module.spk_gwlb_asg_fgt_gwlb_igw.module.security-vpc.aws_vpc.vpc",
            "module.spk_gwlb_asg_fgt_gwlb_igw.module.security-vpc.data.aws_vpc.vpc"
          ]
        }
      ]
    },
    {
      "module": "module.spk_gwlb_asg_fgt_gwlb_igw.module.fgt_asg[\"fgt_on_demand_asg\"]",
      "mode": "managed",
      "type": "aws_lambda_function",
      "name": "fgt_asg_lambda",
      "provider": "module.spk_gwlb_asg_fgt_gwlb_igw.provider[\"registry.terraform.io/hashicorp/aws\"]",
      "instances": [
        {
          "schema_version": 0,
          "attributes": {
            "architectures": [
              "x86_64"
            ],
            "arn": "arn:aws:lambda:us-east-2:364570460639:function:fgt-asg-lambda_fgt_on_demand_asg",
            "code_signing_config_arn": "",
            "dead_letter_config": [],
            "description": "",
            "environment": [
              {
                "variables": {
                  "create_geneve_for_all_az": "true",
                  "dynamodb_table_name": "fgt_asg_track_table",
                  "enable_fgt_system_autoscale": "true",
                  "fgt_login_port_number": "",
                  "fgt_multi_vdom": "false",
                  "fgt_password": "fortinet@123",
                  "fgt_system_autoscale_psksecret": "",
                  "gwlb_ips": "{\"subnet-05d963663cbb42269\":\"10.0.3.7\",\"subnet-0c78b8e1787986cba\":\"10.0.1.194\"}",
                  "lic_s3_name": "fgt-asg-lic-b3a5ed8e-accc-512c-731d-6a901a0b2214",
                  "need_license": "false",
                  "network_interfaces": "{\"internal_traffic\":{\"device_index\":0,\"security_groups\":[\"sg-08a144355e002b273\"],\"subnet_id_map\":{\"us-east-2a\":\"subnet-0c78b8e1787986cba\",\"us-east-2b\":\"subnet-05d963663cbb42269\"},\"to_gwlb\":true},\"mgmt\":{\"device_index\":1,\"enable_public_ip\":true,\"security_groups\":[\"sg-08a144355e002b273\"],\"source_dest_check\":true,\"subnet_id_map\":{\"us-east-2a\":\"subnet-0db09d0d8a607fa20\",\"us-east-2b\":\"subnet-0bae39c7cc32d59eb\"}}}",
                  "user_conf": "config system interface\n    edit \"us-east-2a\"\n        set vrf 1\n    next\nend\n\nconfig system interface\n    edit \"us-east-2b\"\n        set vrf 2\n    next\nend\n\nconfig router static\n    edit 0\n        set device \"us-east-2a\"\n    next\nend\n\nconfig router static\n    edit 0\n        set device \"us-east-2b\"\n    next\nend\n\nconfig firewall policy\n    edit 1\n        set name \"us-east-2a\"\n        set srcintf \"us-east-2a\"\n        set dstintf \"us-east-2a\"\n        set action accept\n        set srcaddr \"all\"\n        set dstaddr \"all\"\n        set schedule \"always\"\n        set service \"ALL\"\n\tset logtraffic all\n\tset av-profile \"default\"\n        set ips-sensor \"default\"\n    next\nend\n\nconfig firewall policy\n    edit 2\n        set name \"us-east-2b\"\n        set srcintf \"us-east-2b\"\n        set dstintf \"us-east-2b\"\n        set action accept\n        set srcaddr \"all\"\n        set dstaddr \"all\"\n        set schedule \"always\"\n        set service \"ALL\"\n\tset logtraffic all\n\tset av-profile \"default\"\n        set ips-sensor \"default\"\n    next\nend",
                  "user_conf_s3": "{}"
                }
              }
            ],
            "ephemeral_storage": [
              {
                "size": 512
              }
            ],
            "file_system_config": [],
            "filename": "../../../modules/fortigate/fgt_asg/fgt-asg-lambda.zip",
            "function_name": "fgt-asg-lambda_fgt_on_demand_asg",
            "handler": "fgt-asg-lambda.lambda_handler",
            "id": "fgt-asg-lambda_fgt_on_demand_asg",
            "image_config": [],
            "image_uri": "",
            "invoke_arn": "arn:aws:apigateway:us-east-2:lambda:path/2015-03-31/functions/arn:aws:lambda:us-east-2:364570460639:function:fgt-asg-lambda_fgt_on_demand_asg/invocations",
            "kms_key_arn": "",
            "last_modified": "2023-08-03T07:25:38.324+0000",
            "layers": [
              "arn:aws:lambda:us-east-2:364570460639:layer:lambda_layer_requests:9"
            ],
            "memory_size": 128,
            "package_type": "Zip",
            "publish": false,
            "qualified_arn": "arn:aws:lambda:us-east-2:364570460639:function:fgt-asg-lambda_fgt_on_demand_asg:$LATEST",
            "qualified_invoke_arn": "arn:aws:apigateway:us-east-2:lambda:path/2015-03-31/functions/arn:aws:lambda:us-east-2:364570460639:function:fgt-asg-lambda_fgt_on_demand_asg:$LATEST/invocations",
            "replace_security_groups_on_destroy": null,
            "replacement_security_group_ids": null,
            "reserved_concurrent_executions": -1,
            "role": "arn:aws:iam::364570460639:role/iam_for_lambda-82669cd8-8cd8-39c9-27e3-dba4c952251c",
            "runtime": "python3.8",
            "s3_bucket": null,
            "s3_key": null,
            "s3_object_version": null,
            "signing_job_arn": "",
            "signing_profile_version_arn": "",
            "skip_destroy": false,
            "snap_start": [],
            "source_code_hash": "mhiGjfggR3W4wMW3Amny5ILq42b2TT3e+SF+mkPgmyo=",
            "source_code_size": 10030,
            "tags": {
              "created_from": "Terraform",
              "purpuse": "ASG_TEST"
            },
            "tags_all": {
              "created_from": "Terraform",
              "purpuse": "ASG_TEST"
            },
            "timeout": 500,
            "timeouts": null,
            "tracing_config": [
              {
                "mode": "PassThrough"
              }
            ],
            "version": "$LATEST",
            "vpc_config": []
          },
          "sensitive_attributes": [],
          "private": "eyJlMmJmYjczMC1lY2FhLTExZTYtOGY4OC0zNDM2M2JjN2M0YzAiOnsiY3JlYXRlIjo2MDAwMDAwMDAwMDAsImRlbGV0ZSI6NjAwMDAwMDAwMDAwLCJ1cGRhdGUiOjYwMDAwMDAwMDAwMH19",
          "dependencies": [
            "module.spk_gwlb_asg_fgt_gwlb_igw.module.fgt_asg.aws_iam_role.iam_for_lambda",
            "module.spk_gwlb_asg_fgt_gwlb_igw.module.fgt_asg.aws_lambda_layer_version.lambda_layer_requests",
            "module.spk_gwlb_asg_fgt_gwlb_igw.module.fgt_asg.aws_s3_bucket.fgt_lic",
            "module.spk_gwlb_asg_fgt_gwlb_igw.module.fgt_asg.data.archive_file.lambda",
            "module.spk_gwlb_asg_fgt_gwlb_igw.module.fgt_asg.data.aws_iam_policy_document.assume_role",
            "module.spk_gwlb_asg_fgt_gwlb_igw.module.security-vpc-gwlb.aws_lb.gwlb",
            "module.spk_gwlb_asg_fgt_gwlb_igw.module.security-vpc-gwlb.aws_lb_listener.gwlb_ln",
            "module.spk_gwlb_asg_fgt_gwlb_igw.module.security-vpc-gwlb.aws_lb_target_group.gwlb_tgp",
            "module.spk_gwlb_asg_fgt_gwlb_igw.module.security-vpc-gwlb.aws_lb_target_group_attachment.gwlb_tgp_a",
            "module.spk_gwlb_asg_fgt_gwlb_igw.module.security-vpc-gwlb.aws_vpc_endpoint.gwlb_endps",
            "module.spk_gwlb_asg_fgt_gwlb_igw.module.security-vpc-gwlb.aws_vpc_endpoint_service.gwlb_ep_service",
            "module.spk_gwlb_asg_fgt_gwlb_igw.module.security-vpc-gwlb.data.aws_network_interface.gwlb_intfs",
            "module.spk_gwlb_asg_fgt_gwlb_igw.module.security-vpc.aws_internet_gateway.igw",
            "module.spk_gwlb_asg_fgt_gwlb_igw.module.security-vpc.aws_security_group.secgrp",
            "module.spk_gwlb_asg_fgt_gwlb_igw.module.security-vpc.aws_subnet.subnets",
            "module.spk_gwlb_asg_fgt_gwlb_igw.module.security-vpc.aws_vpc.vpc",
            "module.spk_gwlb_asg_fgt_gwlb_igw.module.security-vpc.data.aws_vpc.vpc"
          ]
        }
      ]
    },
    {
      "module": "module.spk_gwlb_asg_fgt_gwlb_igw.module.fgt_asg[\"fgt_on_demand_asg\"]",
      "mode": "managed",
      "type": "aws_lambda_layer_version",
      "name": "lambda_layer_requests",
      "provider": "module.spk_gwlb_asg_fgt_gwlb_igw.provider[\"registry.terraform.io/hashicorp/aws\"]",
      "instances": [
        {
          "schema_version": 0,
          "attributes": {
            "arn": "arn:aws:lambda:us-east-2:364570460639:layer:lambda_layer_requests:9",
            "compatible_architectures": null,
            "compatible_runtimes": [
              "python3.8"
            ],
            "created_date": "2023-08-03T07:25:36.776+0000",
            "description": "",
            "filename": "../../../modules/fortigate/fgt_asg/requests_layer.zip",
            "id": "arn:aws:lambda:us-east-2:364570460639:layer:lambda_layer_requests:9",
            "layer_arn": "arn:aws:lambda:us-east-2:364570460639:layer:lambda_layer_requests",
            "layer_name": "lambda_layer_requests",
            "license_info": "",
            "s3_bucket": null,
            "s3_key": null,
            "s3_object_version": null,
            "signing_job_arn": "",
            "signing_profile_version_arn": "",
            "skip_destroy": false,
            "source_code_hash": "4mr4ftEvQPXymxg5+OoiISgEq8AViwVx87937tqx2r0=",
            "source_code_size": 899448,
            "version": "9"
          },
          "sensitive_attributes": [],
          "private": "bnVsbA==",
          "dependencies": [
            "module.spk_gwlb_asg_fgt_gwlb_igw.module.security-vpc-gwlb.aws_lb.gwlb",
            "module.spk_gwlb_asg_fgt_gwlb_igw.module.security-vpc-gwlb.aws_lb_listener.gwlb_ln",
            "module.spk_gwlb_asg_fgt_gwlb_igw.module.security-vpc-gwlb.aws_lb_target_group.gwlb_tgp",
            "module.spk_gwlb_asg_fgt_gwlb_igw.module.security-vpc-gwlb.aws_lb_target_group_attachment.gwlb_tgp_a",
            "module.spk_gwlb_asg_fgt_gwlb_igw.module.security-vpc-gwlb.aws_vpc_endpoint.gwlb_endps",
            "module.spk_gwlb_asg_fgt_gwlb_igw.module.security-vpc-gwlb.aws_vpc_endpoint_service.gwlb_ep_service",
            "module.spk_gwlb_asg_fgt_gwlb_igw.module.security-vpc-gwlb.data.aws_network_interface.gwlb_intfs",
            "module.spk_gwlb_asg_fgt_gwlb_igw.module.security-vpc.aws_internet_gateway.igw",
            "module.spk_gwlb_asg_fgt_gwlb_igw.module.security-vpc.aws_security_group.secgrp",
            "module.spk_gwlb_asg_fgt_gwlb_igw.module.security-vpc.aws_subnet.subnets",
            "module.spk_gwlb_asg_fgt_gwlb_igw.module.security-vpc.aws_vpc.vpc",
            "module.spk_gwlb_asg_fgt_gwlb_igw.module.security-vpc.data.aws_vpc.vpc"
          ]
        }
      ]
    },
    {
      "module": "module.spk_gwlb_asg_fgt_gwlb_igw.module.fgt_asg[\"fgt_on_demand_asg\"]",
      "mode": "managed",
      "type": "aws_lambda_permission",
      "name": "lambda_permission",
      "provider": "module.spk_gwlb_asg_fgt_gwlb_igw.provider[\"registry.terraform.io/hashicorp/aws\"]",
      "instances": [
        {
          "schema_version": 0,
          "attributes": {
            "action": "lambda:InvokeFunction",
            "event_source_token": null,
            "function_name": "fgt-asg-lambda_fgt_on_demand_asg",
            "function_url_auth_type": null,
            "id": "terraform-20230803072546658700000005",
            "principal": "events.amazonaws.com",
            "principal_org_id": null,
            "qualifier": "",
            "source_account": null,
            "source_arn": null,
            "statement_id": "terraform-20230803072546658700000005",
            "statement_id_prefix": "terraform-"
          },
          "sensitive_attributes": [],
          "private": "bnVsbA==",
          "dependencies": [
            "module.spk_gwlb_asg_fgt_gwlb_igw.module.fgt_asg.aws_iam_role.iam_for_lambda",
            "module.spk_gwlb_asg_fgt_gwlb_igw.module.fgt_asg.aws_lambda_function.fgt_asg_lambda",
            "module.spk_gwlb_asg_fgt_gwlb_igw.module.fgt_asg.aws_lambda_layer_version.lambda_layer_requests",
            "module.spk_gwlb_asg_fgt_gwlb_igw.module.fgt_asg.aws_s3_bucket.fgt_lic",
            "module.spk_gwlb_asg_fgt_gwlb_igw.module.fgt_asg.data.archive_file.lambda",
            "module.spk_gwlb_asg_fgt_gwlb_igw.module.fgt_asg.data.aws_iam_policy_document.assume_role",
            "module.spk_gwlb_asg_fgt_gwlb_igw.module.security-vpc-gwlb.aws_lb.gwlb",
            "module.spk_gwlb_asg_fgt_gwlb_igw.module.security-vpc-gwlb.aws_lb_listener.gwlb_ln",
            "module.spk_gwlb_asg_fgt_gwlb_igw.module.security-vpc-gwlb.aws_lb_target_group.gwlb_tgp",
            "module.spk_gwlb_asg_fgt_gwlb_igw.module.security-vpc-gwlb.aws_lb_target_group_attachment.gwlb_tgp_a",
            "module.spk_gwlb_asg_fgt_gwlb_igw.module.security-vpc-gwlb.aws_vpc_endpoint.gwlb_endps",
            "module.spk_gwlb_asg_fgt_gwlb_igw.module.security-vpc-gwlb.aws_vpc_endpoint_service.gwlb_ep_service",
            "module.spk_gwlb_asg_fgt_gwlb_igw.module.security-vpc-gwlb.data.aws_network_interface.gwlb_intfs",
            "module.spk_gwlb_asg_fgt_gwlb_igw.module.security-vpc.aws_internet_gateway.igw",
            "module.spk_gwlb_asg_fgt_gwlb_igw.module.security-vpc.aws_security_group.secgrp",
            "module.spk_gwlb_asg_fgt_gwlb_igw.module.security-vpc.aws_subnet.subnets",
            "module.spk_gwlb_asg_fgt_gwlb_igw.module.security-vpc.aws_vpc.vpc",
            "module.spk_gwlb_asg_fgt_gwlb_igw.module.security-vpc.data.aws_vpc.vpc"
          ]
        }
      ]
    },
    {
      "module": "module.spk_gwlb_asg_fgt_gwlb_igw.module.fgt_asg[\"fgt_on_demand_asg\"]",
      "mode": "managed",
      "type": "aws_launch_template",
      "name": "fgt",
      "provider": "module.spk_gwlb_asg_fgt_gwlb_igw.provider[\"registry.terraform.io/hashicorp/aws\"]",
      "instances": [
        {
          "schema_version": 0,
          "attributes": {
            "arn": "arn:aws:ec2:us-east-2:364570460639:launch-template/lt-086f9f43c23022ad7",
            "block_device_mappings": [],
            "capacity_reservation_specification": [],
            "cpu_options": [],
            "credit_specification": [],
            "default_version": 1,
            "description": "",
            "disable_api_stop": false,
            "disable_api_termination": false,
            "ebs_optimized": "",
            "elastic_gpu_specifications": [],
            "elastic_inference_accelerator": [],
            "enclave_options": [],
            "hibernation_options": [],
            "iam_instance_profile": [],
            "id": "lt-086f9f43c23022ad7",
            "image_id": "ami-0681741821bb2ae99",
            "instance_initiated_shutdown_behavior": "",
            "instance_market_options": [],
            "instance_requirements": [],
            "instance_type": "c5.xlarge",
            "kernel_id": "",
            "key_name": "lg-east-2",
            "latest_version": 1,
            "license_specification": [],
            "maintenance_options": [],
            "metadata_options": [],
            "monitoring": [],
            "name": "fgt_asg_template_on_demand",
            "name_prefix": "",
            "network_interfaces": [
              {
                "associate_carrier_ip_address": "",
                "associate_public_ip_address": "",
                "delete_on_termination": "",
                "description": "",
                "device_index": 0,
                "interface_type": "",
                "ipv4_address_count": 0,
                "ipv4_addresses": null,
                "ipv4_prefix_count": 0,
                "ipv4_prefixes": null,
                "ipv6_address_count": 0,
                "ipv6_addresses": null,
                "ipv6_prefix_count": 0,
                "ipv6_prefixes": null,
                "network_card_index": 0,
                "network_interface_id": "",
                "private_ip_address": "",
                "security_groups": [
                  "sg-08a144355e002b273"
                ],
                "subnet_id": "subnet-0c78b8e1787986cba"
              }
            ],
            "placement": [],
            "private_dns_name_options": [],
            "ram_disk_id": "",
            "security_group_names": null,
            "tag_specifications": [
              {
                "resource_type": "instance",
                "tags": {
                  "created_from": "Terraform",
                  "purpuse": "ASG_TEST",
                  "test_tag": "tgw-test-tag"
                }
              }
            ],
            "tags": {
              "created_from": "Terraform",
              "purpuse": "ASG_TEST"
            },
            "tags_all": {
              "created_from": "Terraform",
              "purpuse": "ASG_TEST"
            },
            "update_default_version": true,
            "user_data": "Cgpjb25maWcgc3lzdGVtIGludGVyZmFjZQogICAgZWRpdCAicG9ydDEiCiAgICAgICAgc2V0IGFsbG93YWNjZXNzIHBpbmcgaHR0cHMgc3NoIHNubXAgaHR0cCB0ZWxuZXQgZmdmbQogICAgICAgICAgICAgICAgc2V0IG1vZGUgZGhjcAogICAgICAgICAgICAgICAgICAgIG5leHQKZW5kCgpjb25maWcgc3lzdGVtIGludGVyZmFjZQogICAgZWRpdCAicG9ydDIiCiAgICAgICAgc2V0IGFsbG93YWNjZXNzIHBpbmcgaHR0cHMgc3NoIHNubXAgaHR0cCB0ZWxuZXQgZmdmbQogICAgICAgICAgICAgICAgc2V0IG1vZGUgZGhjcAogICAgICAgICAgICAgICAgc2V0IGRlZmF1bHRndyBlbmFibGUKICAgICAgICBzZXQgZGlzdGFuY2UgMwogICAgICAgICAgICAgICAgICAgIG5leHQKZW5kCgo=",
            "vpc_security_group_ids": null
          },
          "sensitive_attributes": [],
          "private": "bnVsbA==",
          "dependencies": [
            "module.spk_gwlb_asg_fgt_gwlb_igw.module.fgt_asg.data.aws_ami.fgt_ami",
            "module.spk_gwlb_asg_fgt_gwlb_igw.module.security-vpc-gwlb.aws_lb.gwlb",
            "module.spk_gwlb_asg_fgt_gwlb_igw.module.security-vpc-gwlb.aws_lb_listener.gwlb_ln",
            "module.spk_gwlb_asg_fgt_gwlb_igw.module.security-vpc-gwlb.aws_lb_target_group.gwlb_tgp",
            "module.spk_gwlb_asg_fgt_gwlb_igw.module.security-vpc-gwlb.aws_lb_target_group_attachment.gwlb_tgp_a",
            "module.spk_gwlb_asg_fgt_gwlb_igw.module.security-vpc-gwlb.aws_vpc_endpoint.gwlb_endps",
            "module.spk_gwlb_asg_fgt_gwlb_igw.module.security-vpc-gwlb.aws_vpc_endpoint_service.gwlb_ep_service",
            "module.spk_gwlb_asg_fgt_gwlb_igw.module.security-vpc-gwlb.data.aws_network_interface.gwlb_intfs",
            "module.spk_gwlb_asg_fgt_gwlb_igw.module.security-vpc.aws_internet_gateway.igw",
            "module.spk_gwlb_asg_fgt_gwlb_igw.module.security-vpc.aws_security_group.secgrp",
            "module.spk_gwlb_asg_fgt_gwlb_igw.module.security-vpc.aws_subnet.subnets",
            "module.spk_gwlb_asg_fgt_gwlb_igw.module.security-vpc.aws_vpc.vpc",
            "module.spk_gwlb_asg_fgt_gwlb_igw.module.security-vpc.data.aws_vpc.vpc"
          ]
        }
      ]
    },
    {
      "module": "module.spk_gwlb_asg_fgt_gwlb_igw.module.fgt_asg[\"fgt_on_demand_asg\"]",
      "mode": "managed",
      "type": "aws_s3_bucket",
      "name": "fgt_lic",
      "provider": "module.spk_gwlb_asg_fgt_gwlb_igw.provider[\"registry.terraform.io/hashicorp/aws\"]",
      "instances": [
        {
          "index_key": 0,
          "schema_version": 0,
          "attributes": {
            "acceleration_status": "",
            "acl": null,
            "arn": "arn:aws:s3:::fgt-asg-lic-b3a5ed8e-accc-512c-731d-6a901a0b2214",
            "bucket": "fgt-asg-lic-b3a5ed8e-accc-512c-731d-6a901a0b2214",
            "bucket_domain_name": "fgt-asg-lic-b3a5ed8e-accc-512c-731d-6a901a0b2214.s3.amazonaws.com",
            "bucket_prefix": "",
            "bucket_regional_domain_name": "fgt-asg-lic-b3a5ed8e-accc-512c-731d-6a901a0b2214.s3.us-east-2.amazonaws.com",
            "cors_rule": [],
            "force_destroy": false,
            "grant": [
              {
                "id": "74c9185f5cfd518761cd927595d20c9652a0dbec80f24734a25aea6c4cd7445f",
                "permissions": [
                  "FULL_CONTROL"
                ],
                "type": "CanonicalUser",
                "uri": ""
              }
            ],
            "hosted_zone_id": "Z2O1EMRO9K5GLX",
            "id": "fgt-asg-lic-b3a5ed8e-accc-512c-731d-6a901a0b2214",
            "lifecycle_rule": [],
            "logging": [],
            "object_lock_configuration": [],
            "object_lock_enabled": false,
            "policy": "",
            "region": "us-east-2",
            "replication_configuration": [],
            "request_payer": "BucketOwner",
            "server_side_encryption_configuration": [
              {
                "rule": [
                  {
                    "apply_server_side_encryption_by_default": [
                      {
                        "kms_master_key_id": "",
                        "sse_algorithm": "AES256"
                      }
                    ],
                    "bucket_key_enabled": false
                  }
                ]
              }
            ],
            "tags": null,
            "tags_all": {},
            "timeouts": null,
            "versioning": [
              {
                "enabled": false,
                "mfa_delete": false
              }
            ],
            "website": [],
            "website_domain": null,
            "website_endpoint": null
          },
          "sensitive_attributes": [],
          "private": "eyJlMmJmYjczMC1lY2FhLTExZTYtOGY4OC0zNDM2M2JjN2M0YzAiOnsiY3JlYXRlIjoxMjAwMDAwMDAwMDAwLCJkZWxldGUiOjM2MDAwMDAwMDAwMDAsInJlYWQiOjEyMDAwMDAwMDAwMDAsInVwZGF0ZSI6MTIwMDAwMDAwMDAwMH19",
          "dependencies": [
            "module.spk_gwlb_asg_fgt_gwlb_igw.module.security-vpc-gwlb.aws_lb.gwlb",
            "module.spk_gwlb_asg_fgt_gwlb_igw.module.security-vpc-gwlb.aws_lb_listener.gwlb_ln",
            "module.spk_gwlb_asg_fgt_gwlb_igw.module.security-vpc-gwlb.aws_lb_target_group.gwlb_tgp",
            "module.spk_gwlb_asg_fgt_gwlb_igw.module.security-vpc-gwlb.aws_lb_target_group_attachment.gwlb_tgp_a",
            "module.spk_gwlb_asg_fgt_gwlb_igw.module.security-vpc-gwlb.aws_vpc_endpoint.gwlb_endps",
            "module.spk_gwlb_asg_fgt_gwlb_igw.module.security-vpc-gwlb.aws_vpc_endpoint_service.gwlb_ep_service",
            "module.spk_gwlb_asg_fgt_gwlb_igw.module.security-vpc-gwlb.data.aws_network_interface.gwlb_intfs",
            "module.spk_gwlb_asg_fgt_gwlb_igw.module.security-vpc.aws_internet_gateway.igw",
            "module.spk_gwlb_asg_fgt_gwlb_igw.module.security-vpc.aws_security_group.secgrp",
            "module.spk_gwlb_asg_fgt_gwlb_igw.module.security-vpc.aws_subnet.subnets",
            "module.spk_gwlb_asg_fgt_gwlb_igw.module.security-vpc.aws_vpc.vpc",
            "module.spk_gwlb_asg_fgt_gwlb_igw.module.security-vpc.data.aws_vpc.vpc"
          ]
        }
      ]
    },
    {
      "module": "module.spk_gwlb_asg_fgt_gwlb_igw.module.fgt_asg[\"fgt_on_demand_asg\"]",
      "mode": "managed",
      "type": "aws_s3_object",
      "name": "fgt_intf_track_file",
      "provider": "module.spk_gwlb_asg_fgt_gwlb_igw.provider[\"registry.terraform.io/hashicorp/aws\"]",
      "instances": [
        {
          "index_key": 0,
          "schema_version": 0,
          "attributes": {
            "acl": null,
            "bucket": "fgt-asg-lic-b3a5ed8e-accc-512c-731d-6a901a0b2214",
            "bucket_key_enabled": false,
            "cache_control": "",
            "content": "{}",
            "content_base64": null,
            "content_disposition": "",
            "content_encoding": "",
            "content_language": "",
            "content_type": "binary/octet-stream",
            "etag": "99914b932bd37a50b983c5e7c90ae93b",
            "force_destroy": false,
            "id": "intf_track.json",
            "key": "intf_track.json",
            "kms_key_id": null,
            "metadata": null,
            "object_lock_legal_hold_status": "",
            "object_lock_mode": "",
            "object_lock_retain_until_date": "",
            "server_side_encryption": "AES256",
            "source": null,
            "source_hash": null,
            "storage_class": "STANDARD",
            "tags": null,
            "tags_all": {},
            "version_id": "",
            "website_redirect": ""
          },
          "sensitive_attributes": [],
          "private": "bnVsbA==",
          "dependencies": [
            "module.spk_gwlb_asg_fgt_gwlb_igw.module.fgt_asg.aws_s3_bucket.fgt_lic",
            "module.spk_gwlb_asg_fgt_gwlb_igw.module.security-vpc-gwlb.aws_lb.gwlb",
            "module.spk_gwlb_asg_fgt_gwlb_igw.module.security-vpc-gwlb.aws_lb_listener.gwlb_ln",
            "module.spk_gwlb_asg_fgt_gwlb_igw.module.security-vpc-gwlb.aws_lb_target_group.gwlb_tgp",
            "module.spk_gwlb_asg_fgt_gwlb_igw.module.security-vpc-gwlb.aws_lb_target_group_attachment.gwlb_tgp_a",
            "module.spk_gwlb_asg_fgt_gwlb_igw.module.security-vpc-gwlb.aws_vpc_endpoint.gwlb_endps",
            "module.spk_gwlb_asg_fgt_gwlb_igw.module.security-vpc-gwlb.aws_vpc_endpoint_service.gwlb_ep_service",
            "module.spk_gwlb_asg_fgt_gwlb_igw.module.security-vpc-gwlb.data.aws_network_interface.gwlb_intfs",
            "module.spk_gwlb_asg_fgt_gwlb_igw.module.security-vpc.aws_internet_gateway.igw",
            "module.spk_gwlb_asg_fgt_gwlb_igw.module.security-vpc.aws_security_group.secgrp",
            "module.spk_gwlb_asg_fgt_gwlb_igw.module.security-vpc.aws_subnet.subnets",
            "module.spk_gwlb_asg_fgt_gwlb_igw.module.security-vpc.aws_vpc.vpc",
            "module.spk_gwlb_asg_fgt_gwlb_igw.module.security-vpc.data.aws_vpc.vpc"
          ]
        }
      ]
    },
    {
      "module": "module.spk_gwlb_asg_fgt_gwlb_igw.module.fgt_asg[\"fgt_on_demand_asg\"]",
      "mode": "managed",
      "type": "aws_s3_object",
      "name": "fgt_lic_track_file",
      "provider": "module.spk_gwlb_asg_fgt_gwlb_igw.provider[\"registry.terraform.io/hashicorp/aws\"]",
      "instances": [
        {
          "index_key": 0,
          "schema_version": 0,
          "attributes": {
            "acl": null,
            "bucket": "fgt-asg-lic-b3a5ed8e-accc-512c-731d-6a901a0b2214",
            "bucket_key_enabled": false,
            "cache_control": "",
            "content": "{}",
            "content_base64": null,
            "content_disposition": "",
            "content_encoding": "",
            "content_language": "",
            "content_type": "binary/octet-stream",
            "etag": "99914b932bd37a50b983c5e7c90ae93b",
            "force_destroy": false,
            "id": "asg-fgt-lic-track.json",
            "key": "asg-fgt-lic-track.json",
            "kms_key_id": null,
            "metadata": null,
            "object_lock_legal_hold_status": "",
            "object_lock_mode": "",
            "object_lock_retain_until_date": "",
            "server_side_encryption": "AES256",
            "source": null,
            "source_hash": null,
            "storage_class": "STANDARD",
            "tags": null,
            "tags_all": {},
            "version_id": "",
            "website_redirect": ""
          },
          "sensitive_attributes": [],
          "private": "bnVsbA==",
          "dependencies": [
            "module.spk_gwlb_asg_fgt_gwlb_igw.module.fgt_asg.aws_s3_bucket.fgt_lic",
            "module.spk_gwlb_asg_fgt_gwlb_igw.module.security-vpc-gwlb.aws_lb.gwlb",
            "module.spk_gwlb_asg_fgt_gwlb_igw.module.security-vpc-gwlb.aws_lb_listener.gwlb_ln",
            "module.spk_gwlb_asg_fgt_gwlb_igw.module.security-vpc-gwlb.aws_lb_target_group.gwlb_tgp",
            "module.spk_gwlb_asg_fgt_gwlb_igw.module.security-vpc-gwlb.aws_lb_target_group_attachment.gwlb_tgp_a",
            "module.spk_gwlb_asg_fgt_gwlb_igw.module.security-vpc-gwlb.aws_vpc_endpoint.gwlb_endps",
            "module.spk_gwlb_asg_fgt_gwlb_igw.module.security-vpc-gwlb.aws_vpc_endpoint_service.gwlb_ep_service",
            "module.spk_gwlb_asg_fgt_gwlb_igw.module.security-vpc-gwlb.data.aws_network_interface.gwlb_intfs",
            "module.spk_gwlb_asg_fgt_gwlb_igw.module.security-vpc.aws_internet_gateway.igw",
            "module.spk_gwlb_asg_fgt_gwlb_igw.module.security-vpc.aws_security_group.secgrp",
            "module.spk_gwlb_asg_fgt_gwlb_igw.module.security-vpc.aws_subnet.subnets",
            "module.spk_gwlb_asg_fgt_gwlb_igw.module.security-vpc.aws_vpc.vpc",
            "module.spk_gwlb_asg_fgt_gwlb_igw.module.security-vpc.data.aws_vpc.vpc"
          ]
        }
      ]
    },
    {
      "module": "module.spk_gwlb_asg_fgt_gwlb_igw.module.security-vpc",
      "mode": "managed",
      "type": "aws_internet_gateway",
      "name": "igw",
      "provider": "module.spk_gwlb_asg_fgt_gwlb_igw.provider[\"registry.terraform.io/hashicorp/aws\"]",
      "instances": [
        {
          "index_key": 0,
          "schema_version": 0,
          "attributes": {
            "arn": "arn:aws:ec2:us-east-2:364570460639:internet-gateway/igw-0b0068252e9f5c324",
            "id": "igw-0b0068252e9f5c324",
            "owner_id": "364570460639",
            "tags": {
              "Name": "security-vpc-igw",
              "created_from": "Terraform",
              "purpuse": "ASG_TEST"
            },
            "tags_all": {
              "Name": "security-vpc-igw",
              "created_from": "Terraform",
              "purpuse": "ASG_TEST"
            },
            "timeouts": null,
            "vpc_id": "vpc-02803fa062aeafb7c"
          },
          "sensitive_attributes": [],
          "private": "eyJlMmJmYjczMC1lY2FhLTExZTYtOGY4OC0zNDM2M2JjN2M0YzAiOnsiY3JlYXRlIjoxMjAwMDAwMDAwMDAwLCJkZWxldGUiOjEyMDAwMDAwMDAwMDAsInVwZGF0ZSI6MTIwMDAwMDAwMDAwMH19",
          "dependencies": [
            "module.spk_gwlb_asg_fgt_gwlb_igw.module.security-vpc.aws_vpc.vpc",
            "module.spk_gwlb_asg_fgt_gwlb_igw.module.security-vpc.data.aws_vpc.vpc"
          ],
          "create_before_destroy": true
        }
      ]
    },
    {
      "module": "module.spk_gwlb_asg_fgt_gwlb_igw.module.security-vpc",
      "mode": "managed",
      "type": "aws_security_group",
      "name": "secgrp",
      "provider": "module.spk_gwlb_asg_fgt_gwlb_igw.provider[\"registry.terraform.io/hashicorp/aws\"]",
      "instances": [
        {
          "index_key": "secgrp1",
          "schema_version": 1,
          "attributes": {
            "arn": "arn:aws:ec2:us-east-2:364570460639:security-group/sg-08a144355e002b273",
            "description": "Security group by Terraform",
            "egress": [
              {
                "cidr_blocks": [
                  "0.0.0.0/0"
                ],
                "description": "",
                "from_port": 0,
                "ipv6_cidr_blocks": [],
                "prefix_list_ids": [],
                "protocol": "-1",
                "security_groups": [],
                "self": false,
                "to_port": 0
              }
            ],
            "id": "sg-08a144355e002b273",
            "ingress": [
              {
                "cidr_blocks": [
                  "0.0.0.0/0"
                ],
                "description": "",
                "from_port": 0,
                "ipv6_cidr_blocks": [],
                "prefix_list_ids": [],
                "protocol": "-1",
                "security_groups": [],
                "self": false,
                "to_port": 0
              }
            ],
            "name": "secgrp1",
            "name_prefix": "",
            "owner_id": "364570460639",
            "revoke_rules_on_delete": false,
            "tags": {
              "created_from": "Terraform",
              "purpuse": "ASG_TEST"
            },
            "tags_all": {
              "created_from": "Terraform",
              "purpuse": "ASG_TEST"
            },
            "timeouts": null,
            "vpc_id": "vpc-02803fa062aeafb7c"
          },
          "sensitive_attributes": [],
          "private": "eyJlMmJmYjczMC1lY2FhLTExZTYtOGY4OC0zNDM2M2JjN2M0YzAiOnsiY3JlYXRlIjo2MDAwMDAwMDAwMDAsImRlbGV0ZSI6OTAwMDAwMDAwMDAwfSwic2NoZW1hX3ZlcnNpb24iOiIxIn0=",
          "dependencies": [
            "module.spk_gwlb_asg_fgt_gwlb_igw.module.security-vpc.aws_vpc.vpc",
            "module.spk_gwlb_asg_fgt_gwlb_igw.module.security-vpc.data.aws_vpc.vpc"
          ],
          "create_before_destroy": true
        }
      ]
    },
    {
      "module": "module.spk_gwlb_asg_fgt_gwlb_igw.module.security-vpc",
      "mode": "managed",
      "type": "aws_subnet",
      "name": "subnets",
      "provider": "module.spk_gwlb_asg_fgt_gwlb_igw.provider[\"registry.terraform.io/hashicorp/aws\"]",
      "instances": [
        {
          "index_key": "fgt_internal_us-east-2a",
          "schema_version": 1,
          "attributes": {
            "arn": "arn:aws:ec2:us-east-2:364570460639:subnet/subnet-0c78b8e1787986cba",
            "assign_ipv6_address_on_creation": false,
            "availability_zone": "us-east-2a",
            "availability_zone_id": "use2-az1",
            "cidr_block": "10.0.1.0/24",
            "customer_owned_ipv4_pool": "",
            "enable_dns64": false,
            "enable_lni_at_device_index": 0,
            "enable_resource_name_dns_a_record_on_launch": false,
            "enable_resource_name_dns_aaaa_record_on_launch": false,
            "id": "subnet-0c78b8e1787986cba",
            "ipv6_cidr_block": "",
            "ipv6_cidr_block_association_id": "",
            "ipv6_native": false,
            "map_customer_owned_ip_on_launch": false,
            "map_public_ip_on_launch": false,
            "outpost_arn": "",
            "owner_id": "364570460639",
            "private_dns_hostname_type_on_launch": "ip-name",
            "tags": {
              "Name": "fgt_internal_us-east-2a",
              "created_from": "Terraform",
              "purpuse": "ASG_TEST"
            },
            "tags_all": {
              "Name": "fgt_internal_us-east-2a",
              "created_from": "Terraform",
              "purpuse": "ASG_TEST"
            },
            "timeouts": null,
            "vpc_id": "vpc-02803fa062aeafb7c"
          },
          "sensitive_attributes": [],
          "private": "eyJlMmJmYjczMC1lY2FhLTExZTYtOGY4OC0zNDM2M2JjN2M0YzAiOnsiY3JlYXRlIjo2MDAwMDAwMDAwMDAsImRlbGV0ZSI6MTIwMDAwMDAwMDAwMH0sInNjaGVtYV92ZXJzaW9uIjoiMSJ9",
          "dependencies": [
            "module.spk_gwlb_asg_fgt_gwlb_igw.module.security-vpc.aws_vpc.vpc",
            "module.spk_gwlb_asg_fgt_gwlb_igw.module.security-vpc.data.aws_vpc.vpc"
          ],
          "create_before_destroy": true
        },
        {
          "index_key": "fgt_internal_us-east-2b",
          "schema_version": 1,
          "attributes": {
            "arn": "arn:aws:ec2:us-east-2:364570460639:subnet/subnet-05d963663cbb42269",
            "assign_ipv6_address_on_creation": false,
            "availability_zone": "us-east-2b",
            "availability_zone_id": "use2-az2",
            "cidr_block": "10.0.3.0/24",
            "customer_owned_ipv4_pool": "",
            "enable_dns64": false,
            "enable_lni_at_device_index": 0,
            "enable_resource_name_dns_a_record_on_launch": false,
            "enable_resource_name_dns_aaaa_record_on_launch": false,
            "id": "subnet-05d963663cbb42269",
            "ipv6_cidr_block": "",
            "ipv6_cidr_block_association_id": "",
            "ipv6_native": false,
            "map_customer_owned_ip_on_launch": false,
            "map_public_ip_on_launch": false,
            "outpost_arn": "",
            "owner_id": "364570460639",
            "private_dns_hostname_type_on_launch": "ip-name",
            "tags": {
              "Name": "fgt_internal_us-east-2b",
              "created_from": "Terraform",
              "purpuse": "ASG_TEST"
            },
            "tags_all": {
              "Name": "fgt_internal_us-east-2b",
              "created_from": "Terraform",
              "purpuse": "ASG_TEST"
            },
            "timeouts": null,
            "vpc_id": "vpc-02803fa062aeafb7c"
          },
          "sensitive_attributes": [],
          "private": "eyJlMmJmYjczMC1lY2FhLTExZTYtOGY4OC0zNDM2M2JjN2M0YzAiOnsiY3JlYXRlIjo2MDAwMDAwMDAwMDAsImRlbGV0ZSI6MTIwMDAwMDAwMDAwMH0sInNjaGVtYV92ZXJzaW9uIjoiMSJ9",
          "dependencies": [
            "module.spk_gwlb_asg_fgt_gwlb_igw.module.security-vpc.aws_vpc.vpc",
            "module.spk_gwlb_asg_fgt_gwlb_igw.module.security-vpc.data.aws_vpc.vpc"
          ],
          "create_before_destroy": true
        },
        {
          "index_key": "fgt_login_us-east-2a",
          "schema_version": 1,
          "attributes": {
            "arn": "arn:aws:ec2:us-east-2:364570460639:subnet/subnet-0db09d0d8a607fa20",
            "assign_ipv6_address_on_creation": false,
            "availability_zone": "us-east-2a",
            "availability_zone_id": "use2-az1",
            "cidr_block": "10.0.0.0/24",
            "customer_owned_ipv4_pool": "",
            "enable_dns64": false,
            "enable_lni_at_device_index": 0,
            "enable_resource_name_dns_a_record_on_launch": false,
            "enable_resource_name_dns_aaaa_record_on_launch": false,
            "id": "subnet-0db09d0d8a607fa20",
            "ipv6_cidr_block": "",
            "ipv6_cidr_block_association_id": "",
            "ipv6_native": false,
            "map_customer_owned_ip_on_launch": false,
            "map_public_ip_on_launch": false,
            "outpost_arn": "",
            "owner_id": "364570460639",
            "private_dns_hostname_type_on_launch": "ip-name",
            "tags": {
              "Name": "fgt_login_us-east-2a",
              "created_from": "Terraform",
              "purpuse": "ASG_TEST"
            },
            "tags_all": {
              "Name": "fgt_login_us-east-2a",
              "created_from": "Terraform",
              "purpuse": "ASG_TEST"
            },
            "timeouts": null,
            "vpc_id": "vpc-02803fa062aeafb7c"
          },
          "sensitive_attributes": [],
          "private": "eyJlMmJmYjczMC1lY2FhLTExZTYtOGY4OC0zNDM2M2JjN2M0YzAiOnsiY3JlYXRlIjo2MDAwMDAwMDAwMDAsImRlbGV0ZSI6MTIwMDAwMDAwMDAwMH0sInNjaGVtYV92ZXJzaW9uIjoiMSJ9",
          "dependencies": [
            "module.spk_gwlb_asg_fgt_gwlb_igw.module.security-vpc.aws_vpc.vpc",
            "module.spk_gwlb_asg_fgt_gwlb_igw.module.security-vpc.data.aws_vpc.vpc"
          ],
          "create_before_destroy": true
        },
        {
          "index_key": "fgt_login_us-east-2b",
          "schema_version": 1,
          "attributes": {
            "arn": "arn:aws:ec2:us-east-2:364570460639:subnet/subnet-0bae39c7cc32d59eb",
            "assign_ipv6_address_on_creation": false,
            "availability_zone": "us-east-2b",
            "availability_zone_id": "use2-az2",
            "cidr_block": "10.0.2.0/24",
            "customer_owned_ipv4_pool": "",
            "enable_dns64": false,
            "enable_lni_at_device_index": 0,
            "enable_resource_name_dns_a_record_on_launch": false,
            "enable_resource_name_dns_aaaa_record_on_launch": false,
            "id": "subnet-0bae39c7cc32d59eb",
            "ipv6_cidr_block": "",
            "ipv6_cidr_block_association_id": "",
            "ipv6_native": false,
            "map_customer_owned_ip_on_launch": false,
            "map_public_ip_on_launch": false,
            "outpost_arn": "",
            "owner_id": "364570460639",
            "private_dns_hostname_type_on_launch": "ip-name",
            "tags": {
              "Name": "fgt_login_us-east-2b",
              "created_from": "Terraform",
              "purpuse": "ASG_TEST"
            },
            "tags_all": {
              "Name": "fgt_login_us-east-2b",
              "created_from": "Terraform",
              "purpuse": "ASG_TEST"
            },
            "timeouts": null,
            "vpc_id": "vpc-02803fa062aeafb7c"
          },
          "sensitive_attributes": [],
          "private": "eyJlMmJmYjczMC1lY2FhLTExZTYtOGY4OC0zNDM2M2JjN2M0YzAiOnsiY3JlYXRlIjo2MDAwMDAwMDAwMDAsImRlbGV0ZSI6MTIwMDAwMDAwMDAwMH0sInNjaGVtYV92ZXJzaW9uIjoiMSJ9",
          "dependencies": [
            "module.spk_gwlb_asg_fgt_gwlb_igw.module.security-vpc.aws_vpc.vpc",
            "module.spk_gwlb_asg_fgt_gwlb_igw.module.security-vpc.data.aws_vpc.vpc"
          ],
          "create_before_destroy": true
        }
      ]
    },
    {
      "module": "module.spk_gwlb_asg_fgt_gwlb_igw.module.security-vpc",
      "mode": "managed",
      "type": "aws_vpc",
      "name": "vpc",
      "provider": "module.spk_gwlb_asg_fgt_gwlb_igw.provider[\"registry.terraform.io/hashicorp/aws\"]",
      "instances": [
        {
          "index_key": 0,
          "schema_version": 1,
          "attributes": {
            "arn": "arn:aws:ec2:us-east-2:364570460639:vpc/vpc-02803fa062aeafb7c",
            "assign_generated_ipv6_cidr_block": false,
            "cidr_block": "10.0.0.0/16",
            "default_network_acl_id": "acl-0baec49a0d8b22c83",
            "default_route_table_id": "rtb-020cc8ba3f3d5c892",
            "default_security_group_id": "sg-07853b5bbb0d4f0f9",
            "dhcp_options_id": "dopt-b2ad55d9",
            "enable_dns_hostnames": false,
            "enable_dns_support": true,
            "enable_network_address_usage_metrics": false,
            "id": "vpc-02803fa062aeafb7c",
            "instance_tenancy": "default",
            "ipv4_ipam_pool_id": null,
            "ipv4_netmask_length": null,
            "ipv6_association_id": "",
            "ipv6_cidr_block": "",
            "ipv6_cidr_block_network_border_group": "",
            "ipv6_ipam_pool_id": "",
            "ipv6_netmask_length": 0,
            "main_route_table_id": "rtb-020cc8ba3f3d5c892",
            "owner_id": "364570460639",
            "tags": {
              "Name": "security-vpc",
              "created_from": "Terraform",
              "purpuse": "ASG_TEST",
              "test_tag": "tgw-test-tag"
            },
            "tags_all": {
              "Name": "security-vpc",
              "created_from": "Terraform",
              "purpuse": "ASG_TEST",
              "test_tag": "tgw-test-tag"
            }
          },
          "sensitive_attributes": [],
          "private": "eyJzY2hlbWFfdmVyc2lvbiI6IjEifQ==",
          "create_before_destroy": true
        }
      ]
    },
    {
      "module": "module.spk_gwlb_asg_fgt_gwlb_igw.module.security-vpc-gwlb",
      "mode": "data",
      "type": "aws_network_interface",
      "name": "gwlb_intfs",
      "provider": "module.spk_gwlb_asg_fgt_gwlb_igw.provider[\"registry.terraform.io/hashicorp/aws\"]",
      "instances": [
        {
          "index_key": 0,
          "schema_version": 0,
          "attributes": {
            "arn": "arn:aws:ec2:us-east-2:364570460639:network-interface/eni-094b89f3fd5976a6d",
            "association": [],
            "attachment": [
              {
                "attachment_id": "ela-attach-0be644914e430b640",
                "device_index": 1,
                "instance_id": "",
                "instance_owner_id": "amazon-aws"
              }
            ],
            "availability_zone": "us-east-2a",
            "description": "ELB gwy/gwlb-fgt/cf4de401c325295e",
            "filter": [
              {
                "name": "description",
                "values": [
                  "ELB gwy/gwlb-fgt/*"
                ]
              },
              {
                "name": "interface-type",
                "values": [
                  "gateway_load_balancer"
                ]
              },
              {
                "name": "subnet-id",
                "values": [
                  "subnet-0c78b8e1787986cba"
                ]
              },
              {
                "name": "vpc-id",
                "values": [
                  "vpc-02803fa062aeafb7c"
                ]
              }
            ],
            "id": "eni-094b89f3fd5976a6d",
            "interface_type": "gateway_load_balancer",
            "ipv6_addresses": [],
            "mac_address": "02:02:2a:72:58:d1",
            "outpost_arn": "",
            "owner_id": "364570460639",
            "private_dns_name": "",
            "private_ip": "10.0.1.194",
            "private_ips": [
              "10.0.1.194"
            ],
            "requester_id": "489998700648",
            "security_groups": [],
            "subnet_id": "subnet-0c78b8e1787986cba",
            "tags": {},
            "timeouts": null,
            "vpc_id": "vpc-02803fa062aeafb7c"
          },
          "sensitive_attributes": []
        },
        {
          "index_key": 1,
          "schema_version": 0,
          "attributes": {
            "arn": "arn:aws:ec2:us-east-2:364570460639:network-interface/eni-0ad787ee780a5f24d",
            "association": [],
            "attachment": [
              {
                "attachment_id": "ela-attach-0db3865b68d4126a6",
                "device_index": 1,
                "instance_id": "",
                "instance_owner_id": "amazon-aws"
              }
            ],
            "availability_zone": "us-east-2b",
            "description": "ELB gwy/gwlb-fgt/cf4de401c325295e",
            "filter": [
              {
                "name": "description",
                "values": [
                  "ELB gwy/gwlb-fgt/*"
                ]
              },
              {
                "name": "interface-type",
                "values": [
                  "gateway_load_balancer"
                ]
              },
              {
                "name": "subnet-id",
                "values": [
                  "subnet-05d963663cbb42269"
                ]
              },
              {
                "name": "vpc-id",
                "values": [
                  "vpc-02803fa062aeafb7c"
                ]
              }
            ],
            "id": "eni-0ad787ee780a5f24d",
            "interface_type": "gateway_load_balancer",
            "ipv6_addresses": [],
            "mac_address": "06:85:ac:2b:ba:4f",
            "outpost_arn": "",
            "owner_id": "364570460639",
            "private_dns_name": "",
            "private_ip": "10.0.3.7",
            "private_ips": [
              "10.0.3.7"
            ],
            "requester_id": "066548406366",
            "security_groups": [],
            "subnet_id": "subnet-05d963663cbb42269",
            "tags": {},
            "timeouts": null,
            "vpc_id": "vpc-02803fa062aeafb7c"
          },
          "sensitive_attributes": []
        }
      ]
    },
    {
      "module": "module.spk_gwlb_asg_fgt_gwlb_igw.module.security-vpc-gwlb",
      "mode": "managed",
      "type": "aws_lb",
      "name": "gwlb",
      "provider": "module.spk_gwlb_asg_fgt_gwlb_igw.provider[\"registry.terraform.io/hashicorp/aws\"]",
      "instances": [
        {
          "schema_version": 0,
          "attributes": {
            "access_logs": [
              {
                "bucket": "",
                "enabled": false,
                "prefix": ""
              }
            ],
            "arn": "arn:aws:elasticloadbalancing:us-east-2:364570460639:loadbalancer/gwy/gwlb-fgt/cf4de401c325295e",
            "arn_suffix": "gwy/gwlb-fgt/cf4de401c325295e",
            "customer_owned_ipv4_pool": "",
            "desync_mitigation_mode": null,
            "dns_name": "",
            "drop_invalid_header_fields": false,
            "enable_cross_zone_load_balancing": true,
            "enable_deletion_protection": false,
            "enable_http2": true,
            "enable_tls_version_and_cipher_suite_headers": null,
            "enable_waf_fail_open": false,
            "enable_xff_client_port": null,
            "id": "arn:aws:elasticloadbalancing:us-east-2:364570460639:loadbalancer/gwy/gwlb-fgt/cf4de401c325295e",
            "idle_timeout": 60,
            "internal": false,
            "ip_address_type": "ipv4",
            "load_balancer_type": "gateway",
            "name": "gwlb-fgt",
            "name_prefix": null,
            "preserve_host_header": null,
            "security_groups": [],
            "subnet_mapping": [
              {
                "allocation_id": "",
                "ipv6_address": "",
                "outpost_id": "",
                "private_ipv4_address": "",
                "subnet_id": "subnet-05d963663cbb42269"
              },
              {
                "allocation_id": "",
                "ipv6_address": "",
                "outpost_id": "",
                "private_ipv4_address": "",
                "subnet_id": "subnet-0c78b8e1787986cba"
              }
            ],
            "subnets": [
              "subnet-05d963663cbb42269",
              "subnet-0c78b8e1787986cba"
            ],
            "tags": null,
            "tags_all": {},
            "timeouts": null,
            "vpc_id": "vpc-02803fa062aeafb7c",
            "xff_header_processing_mode": null,
            "zone_id": ""
          },
          "sensitive_attributes": [],
          "private": "eyJlMmJmYjczMC1lY2FhLTExZTYtOGY4OC0zNDM2M2JjN2M0YzAiOnsiY3JlYXRlIjo2MDAwMDAwMDAwMDAsImRlbGV0ZSI6NjAwMDAwMDAwMDAwLCJ1cGRhdGUiOjYwMDAwMDAwMDAwMH19",
          "dependencies": [
            "module.spk_gwlb_asg_fgt_gwlb_igw.module.security-vpc.aws_internet_gateway.igw",
            "module.spk_gwlb_asg_fgt_gwlb_igw.module.security-vpc.aws_security_group.secgrp",
            "module.spk_gwlb_asg_fgt_gwlb_igw.module.security-vpc.aws_subnet.subnets",
            "module.spk_gwlb_asg_fgt_gwlb_igw.module.security-vpc.aws_vpc.vpc",
            "module.spk_gwlb_asg_fgt_gwlb_igw.module.security-vpc.data.aws_vpc.vpc"
          ],
          "create_before_destroy": true
        }
      ]
    },
    {
      "module": "module.spk_gwlb_asg_fgt_gwlb_igw.module.security-vpc-gwlb",
      "mode": "managed",
      "type": "aws_lb_listener",
      "name": "gwlb_ln",
      "provider": "module.spk_gwlb_asg_fgt_gwlb_igw.provider[\"registry.terraform.io/hashicorp/aws\"]",
      "instances": [
        {
          "schema_version": 0,
          "attributes": {
            "alpn_policy": null,
            "arn": "arn:aws:elasticloadbalancing:us-east-2:364570460639:listener/gwy/gwlb-fgt/cf4de401c325295e/dcc1211987102ce3",
            "certificate_arn": null,
            "default_action": [
              {
                "authenticate_cognito": [],
                "authenticate_oidc": [],
                "fixed_response": [],
                "forward": [],
                "order": 0,
                "redirect": [],
                "target_group_arn": "arn:aws:elasticloadbalancing:us-east-2:364570460639:targetgroup/gwlb-tgp-fgt/00dfc7d45fd1b38b97",
                "type": "forward"
              }
            ],
            "id": "arn:aws:elasticloadbalancing:us-east-2:364570460639:listener/gwy/gwlb-fgt/cf4de401c325295e/dcc1211987102ce3",
            "load_balancer_arn": "arn:aws:elasticloadbalancing:us-east-2:364570460639:loadbalancer/gwy/gwlb-fgt/cf4de401c325295e",
            "port": 0,
            "protocol": "",
            "ssl_policy": "",
            "tags": {
              "Name": "gwlb-ln"
            },
            "tags_all": {
              "Name": "gwlb-ln"
            },
            "timeouts": null
          },
          "sensitive_attributes": [],
          "private": "eyJlMmJmYjczMC1lY2FhLTExZTYtOGY4OC0zNDM2M2JjN2M0YzAiOnsicmVhZCI6NjAwMDAwMDAwMDAwfX0=",
          "dependencies": [
            "module.spk_gwlb_asg_fgt_gwlb_igw.module.security-vpc-gwlb.aws_lb.gwlb",
            "module.spk_gwlb_asg_fgt_gwlb_igw.module.security-vpc-gwlb.aws_lb_target_group.gwlb_tgp",
            "module.spk_gwlb_asg_fgt_gwlb_igw.module.security-vpc.aws_internet_gateway.igw",
            "module.spk_gwlb_asg_fgt_gwlb_igw.module.security-vpc.aws_security_group.secgrp",
            "module.spk_gwlb_asg_fgt_gwlb_igw.module.security-vpc.aws_subnet.subnets",
            "module.spk_gwlb_asg_fgt_gwlb_igw.module.security-vpc.aws_vpc.vpc",
            "module.spk_gwlb_asg_fgt_gwlb_igw.module.security-vpc.data.aws_vpc.vpc"
          ]
        }
      ]
    },
    {
      "module": "module.spk_gwlb_asg_fgt_gwlb_igw.module.security-vpc-gwlb",
      "mode": "managed",
      "type": "aws_lb_target_group",
      "name": "gwlb_tgp",
      "provider": "module.spk_gwlb_asg_fgt_gwlb_igw.provider[\"registry.terraform.io/hashicorp/aws\"]",
      "instances": [
        {
          "schema_version": 0,
          "attributes": {
            "arn": "arn:aws:elasticloadbalancing:us-east-2:364570460639:targetgroup/gwlb-tgp-fgt/00dfc7d45fd1b38b97",
            "arn_suffix": "targetgroup/gwlb-tgp-fgt/00dfc7d45fd1b38b97",
            "connection_termination": false,
            "deregistration_delay": "30",
            "health_check": [
              {
                "enabled": true,
                "healthy_threshold": 3,
                "interval": 30,
                "matcher": "",
                "path": "",
                "port": "80",
                "protocol": "TCP",
                "timeout": 5,
                "unhealthy_threshold": 3
              }
            ],
            "id": "arn:aws:elasticloadbalancing:us-east-2:364570460639:targetgroup/gwlb-tgp-fgt/00dfc7d45fd1b38b97",
            "ip_address_type": "",
            "lambda_multi_value_headers_enabled": false,
            "load_balancing_algorithm_type": null,
            "load_balancing_cross_zone_enabled": null,
            "name": "gwlb-tgp-fgt",
            "name_prefix": null,
            "port": 6081,
            "preserve_client_ip": null,
            "protocol": "GENEVE",
            "protocol_version": null,
            "proxy_protocol_v2": false,
            "slow_start": 0,
            "stickiness": [
              {
                "cookie_duration": 0,
                "cookie_name": "",
                "enabled": false,
                "type": "source_ip_dest_ip_proto"
              }
            ],
            "tags": null,
            "tags_all": {},
            "target_failover": [
              {
                "on_deregistration": "no_rebalance",
                "on_unhealthy": "no_rebalance"
              }
            ],
            "target_type": "instance",
            "vpc_id": "vpc-02803fa062aeafb7c"
          },
          "sensitive_attributes": [],
          "private": "bnVsbA==",
          "dependencies": [
            "module.spk_gwlb_asg_fgt_gwlb_igw.module.security-vpc.aws_internet_gateway.igw",
            "module.spk_gwlb_asg_fgt_gwlb_igw.module.security-vpc.aws_security_group.secgrp",
            "module.spk_gwlb_asg_fgt_gwlb_igw.module.security-vpc.aws_subnet.subnets",
            "module.spk_gwlb_asg_fgt_gwlb_igw.module.security-vpc.aws_vpc.vpc",
            "module.spk_gwlb_asg_fgt_gwlb_igw.module.security-vpc.data.aws_vpc.vpc"
          ]
        }
      ]
    },
    {
      "module": "module.spk_gwlb_asg_fgt_gwlb_igw.module.security-vpc-gwlb",
      "mode": "managed",
      "type": "aws_vpc_endpoint",
      "name": "gwlb_endps",
      "provider": "module.spk_gwlb_asg_fgt_gwlb_igw.provider[\"registry.terraform.io/hashicorp/aws\"]",
      "instances": [
        {
          "index_key": "gwlbe-subnet-01aeede137ec1ae68",
          "schema_version": 0,
          "attributes": {
            "arn": "arn:aws:ec2:us-east-2:364570460639:vpc-endpoint/vpce-013325df231323c09",
            "auto_accept": null,
            "cidr_blocks": [],
            "dns_entry": [],
            "dns_options": [],
            "id": "vpce-013325df231323c09",
            "ip_address_type": "ipv4",
            "network_interface_ids": [
              "eni-097884c6a49f3fce6"
            ],
            "owner_id": "364570460639",
            "policy": "",
            "prefix_list_id": null,
            "private_dns_enabled": false,
            "requester_managed": false,
            "route_table_ids": [],
            "security_group_ids": [],
            "service_name": "com.amazonaws.vpce.us-east-2.vpce-svc-07631330c351ecc58",
            "state": "available",
            "subnet_ids": [
              "subnet-01aeede137ec1ae68"
            ],
            "tags": {
              "Name": "gwlbe-subnet-01aeede137ec1ae68"
            },
            "tags_all": {
              "Name": "gwlbe-subnet-01aeede137ec1ae68"
            },
            "timeouts": null,
            "vpc_endpoint_type": "GatewayLoadBalancer",
            "vpc_id": "vpc-0d97dffce445211bf"
          },
          "sensitive_attributes": [],
          "private": "eyJlMmJmYjczMC1lY2FhLTExZTYtOGY4OC0zNDM2M2JjN2M0YzAiOnsiY3JlYXRlIjo2MDAwMDAwMDAwMDAsImRlbGV0ZSI6NjAwMDAwMDAwMDAwLCJ1cGRhdGUiOjYwMDAwMDAwMDAwMH19",
          "dependencies": [
            "module.spk_gwlb_asg_fgt_gwlb_igw.module.security-vpc-gwlb.aws_lb.gwlb",
            "module.spk_gwlb_asg_fgt_gwlb_igw.module.security-vpc-gwlb.aws_vpc_endpoint_service.gwlb_ep_service",
            "module.spk_gwlb_asg_fgt_gwlb_igw.module.security-vpc.aws_internet_gateway.igw",
            "module.spk_gwlb_asg_fgt_gwlb_igw.module.security-vpc.aws_security_group.secgrp",
            "module.spk_gwlb_asg_fgt_gwlb_igw.module.security-vpc.aws_subnet.subnets",
            "module.spk_gwlb_asg_fgt_gwlb_igw.module.security-vpc.aws_vpc.vpc",
            "module.spk_gwlb_asg_fgt_gwlb_igw.module.security-vpc.data.aws_vpc.vpc"
          ],
          "create_before_destroy": true
        },
        {
          "index_key": "gwlbe-subnet-022ce31f94f026553",
          "schema_version": 0,
          "attributes": {
            "arn": "arn:aws:ec2:us-east-2:364570460639:vpc-endpoint/vpce-0fde034b24de34ae1",
            "auto_accept": null,
            "cidr_blocks": [],
            "dns_entry": [],
            "dns_options": [],
            "id": "vpce-0fde034b24de34ae1",
            "ip_address_type": "ipv4",
            "network_interface_ids": [
              "eni-008a2d5eed70e121a"
            ],
            "owner_id": "364570460639",
            "policy": "",
            "prefix_list_id": null,
            "private_dns_enabled": false,
            "requester_managed": false,
            "route_table_ids": [],
            "security_group_ids": [],
            "service_name": "com.amazonaws.vpce.us-east-2.vpce-svc-07631330c351ecc58",
            "state": "available",
            "subnet_ids": [
              "subnet-022ce31f94f026553"
            ],
            "tags": {
              "Name": "gwlbe-subnet-022ce31f94f026553"
            },
            "tags_all": {
              "Name": "gwlbe-subnet-022ce31f94f026553"
            },
            "timeouts": null,
            "vpc_endpoint_type": "GatewayLoadBalancer",
            "vpc_id": "vpc-0d97dffce445211bf"
          },
          "sensitive_attributes": [],
          "private": "eyJlMmJmYjczMC1lY2FhLTExZTYtOGY4OC0zNDM2M2JjN2M0YzAiOnsiY3JlYXRlIjo2MDAwMDAwMDAwMDAsImRlbGV0ZSI6NjAwMDAwMDAwMDAwLCJ1cGRhdGUiOjYwMDAwMDAwMDAwMH19",
          "dependencies": [
            "module.spk_gwlb_asg_fgt_gwlb_igw.module.security-vpc-gwlb.aws_lb.gwlb",
            "module.spk_gwlb_asg_fgt_gwlb_igw.module.security-vpc-gwlb.aws_vpc_endpoint_service.gwlb_ep_service",
            "module.spk_gwlb_asg_fgt_gwlb_igw.module.security-vpc.aws_internet_gateway.igw",
            "module.spk_gwlb_asg_fgt_gwlb_igw.module.security-vpc.aws_security_group.secgrp",
            "module.spk_gwlb_asg_fgt_gwlb_igw.module.security-vpc.aws_subnet.subnets",
            "module.spk_gwlb_asg_fgt_gwlb_igw.module.security-vpc.aws_vpc.vpc",
            "module.spk_gwlb_asg_fgt_gwlb_igw.module.security-vpc.data.aws_vpc.vpc"
          ],
          "create_before_destroy": true
        }
      ]
    },
    {
      "module": "module.spk_gwlb_asg_fgt_gwlb_igw.module.security-vpc-gwlb",
      "mode": "managed",
      "type": "aws_vpc_endpoint_service",
      "name": "gwlb_ep_service",
      "provider": "module.spk_gwlb_asg_fgt_gwlb_igw.provider[\"registry.terraform.io/hashicorp/aws\"]",
      "instances": [
        {
          "schema_version": 0,
          "attributes": {
            "acceptance_required": false,
            "allowed_principals": [],
            "arn": "arn:aws:ec2:us-east-2:364570460639:vpc-endpoint-service/vpce-svc-07631330c351ecc58",
            "availability_zones": [
              "us-east-2a",
              "us-east-2b"
            ],
            "base_endpoint_dns_names": [],
            "gateway_load_balancer_arns": [
              "arn:aws:elasticloadbalancing:us-east-2:364570460639:loadbalancer/gwy/gwlb-fgt/cf4de401c325295e"
            ],
            "id": "vpce-svc-07631330c351ecc58",
            "manages_vpc_endpoints": false,
            "network_load_balancer_arns": null,
            "private_dns_name": "",
            "private_dns_name_configuration": [],
            "service_name": "com.amazonaws.vpce.us-east-2.vpce-svc-07631330c351ecc58",
            "service_type": "GatewayLoadBalancer",
            "state": "Available",
            "supported_ip_address_types": [
              "ipv4"
            ],
            "tags": {
              "Name": "gwlb_endpoint_service"
            },
            "tags_all": {
              "Name": "gwlb_endpoint_service"
            },
            "timeouts": null
          },
          "sensitive_attributes": [],
          "private": "eyJlMmJmYjczMC1lY2FhLTExZTYtOGY4OC0zNDM2M2JjN2M0YzAiOnsiY3JlYXRlIjo2MDAwMDAwMDAwMDAsImRlbGV0ZSI6NjAwMDAwMDAwMDAwLCJ1cGRhdGUiOjYwMDAwMDAwMDAwMH19",
          "dependencies": [
            "module.spk_gwlb_asg_fgt_gwlb_igw.module.security-vpc-gwlb.aws_lb.gwlb",
            "module.spk_gwlb_asg_fgt_gwlb_igw.module.security-vpc.aws_internet_gateway.igw",
            "module.spk_gwlb_asg_fgt_gwlb_igw.module.security-vpc.aws_security_group.secgrp",
            "module.spk_gwlb_asg_fgt_gwlb_igw.module.security-vpc.aws_subnet.subnets",
            "module.spk_gwlb_asg_fgt_gwlb_igw.module.security-vpc.aws_vpc.vpc",
            "module.spk_gwlb_asg_fgt_gwlb_igw.module.security-vpc.data.aws_vpc.vpc"
          ],
          "create_before_destroy": true
        }
      ]
    },
    {
      "module": "module.spk_gwlb_asg_fgt_gwlb_igw.module.security_route_table[\"fgt_login\"]",
      "mode": "managed",
      "type": "aws_route",
      "name": "routes",
      "provider": "module.spk_gwlb_asg_fgt_gwlb_igw.provider[\"registry.terraform.io/hashicorp/aws\"]",
      "instances": [
        {
          "index_key": "local_pc",
          "schema_version": 0,
          "attributes": {
            "carrier_gateway_id": "",
            "core_network_arn": "",
            "destination_cidr_block": "0.0.0.0/0",
            "destination_ipv6_cidr_block": "",
            "destination_prefix_list_id": "",
            "egress_only_gateway_id": "",
            "gateway_id": "igw-0b0068252e9f5c324",
            "id": "r-rtb-09e1a46e39078fe101080289494",
            "instance_id": "",
            "instance_owner_id": "",
            "local_gateway_id": "",
            "nat_gateway_id": "",
            "network_interface_id": "",
            "origin": "CreateRoute",
            "route_table_id": "rtb-09e1a46e39078fe10",
            "state": "active",
            "timeouts": null,
            "transit_gateway_id": "",
            "vpc_endpoint_id": "",
            "vpc_peering_connection_id": ""
          },
          "sensitive_attributes": [],
          "private": "eyJlMmJmYjczMC1lY2FhLTExZTYtOGY4OC0zNDM2M2JjN2M0YzAiOnsiY3JlYXRlIjozMDAwMDAwMDAwMDAsImRlbGV0ZSI6MzAwMDAwMDAwMDAwLCJ1cGRhdGUiOjEyMDAwMDAwMDAwMH19",
          "dependencies": [
            "module.spk_gwlb_asg_fgt_gwlb_igw.module.security-vpc.aws_internet_gateway.igw",
            "module.spk_gwlb_asg_fgt_gwlb_igw.module.security-vpc.aws_security_group.secgrp",
            "module.spk_gwlb_asg_fgt_gwlb_igw.module.security-vpc.aws_subnet.subnets",
            "module.spk_gwlb_asg_fgt_gwlb_igw.module.security-vpc.aws_vpc.vpc",
            "module.spk_gwlb_asg_fgt_gwlb_igw.module.security-vpc.data.aws_vpc.vpc",
            "module.spk_gwlb_asg_fgt_gwlb_igw.module.security_route_table.aws_route_table.rt",
            "module.spk_gwlb_asg_fgt_gwlb_igw.module.security_route_table.data.aws_route_table.rt"
          ]
        }
      ]
    },
    {
      "module": "module.spk_gwlb_asg_fgt_gwlb_igw.module.security_route_table[\"fgt_login\"]",
      "mode": "managed",
      "type": "aws_route_table",
      "name": "rt",
      "provider": "module.spk_gwlb_asg_fgt_gwlb_igw.provider[\"registry.terraform.io/hashicorp/aws\"]",
      "instances": [
        {
          "index_key": 0,
          "schema_version": 0,
          "attributes": {
            "arn": "arn:aws:ec2:us-east-2:364570460639:route-table/rtb-09e1a46e39078fe10",
            "id": "rtb-09e1a46e39078fe10",
            "owner_id": "364570460639",
            "propagating_vgws": [],
            "route": [],
            "tags": {
              "Name": "fgt_login"
            },
            "tags_all": {
              "Name": "fgt_login"
            },
            "timeouts": null,
            "vpc_id": "vpc-02803fa062aeafb7c"
          },
          "sensitive_attributes": [],
          "private": "eyJlMmJmYjczMC1lY2FhLTExZTYtOGY4OC0zNDM2M2JjN2M0YzAiOnsiY3JlYXRlIjozMDAwMDAwMDAwMDAsImRlbGV0ZSI6MzAwMDAwMDAwMDAwLCJ1cGRhdGUiOjEyMDAwMDAwMDAwMH19",
          "dependencies": [
            "module.spk_gwlb_asg_fgt_gwlb_igw.module.security-vpc.aws_internet_gateway.igw",
            "module.spk_gwlb_asg_fgt_gwlb_igw.module.security-vpc.aws_security_group.secgrp",
            "module.spk_gwlb_asg_fgt_gwlb_igw.module.security-vpc.aws_subnet.subnets",
            "module.spk_gwlb_asg_fgt_gwlb_igw.module.security-vpc.aws_vpc.vpc",
            "module.spk_gwlb_asg_fgt_gwlb_igw.module.security-vpc.data.aws_vpc.vpc"
          ]
        }
      ]
    },
    {
      "module": "module.spk_gwlb_asg_fgt_gwlb_igw.module.security_route_table[\"fgt_login\"]",
      "mode": "managed",
      "type": "aws_route_table_association",
      "name": "rt_a_subnets",
      "provider": "module.spk_gwlb_asg_fgt_gwlb_igw.provider[\"registry.terraform.io/hashicorp/aws\"]",
      "instances": [
        {
          "index_key": 0,
          "schema_version": 0,
          "attributes": {
            "gateway_id": "",
            "id": "rtbassoc-04a5fab80201c7c45",
            "route_table_id": "rtb-09e1a46e39078fe10",
            "subnet_id": "subnet-0db09d0d8a607fa20",
            "timeouts": null
          },
          "sensitive_attributes": [],
          "private": "eyJlMmJmYjczMC1lY2FhLTExZTYtOGY4OC0zNDM2M2JjN2M0YzAiOnsiY3JlYXRlIjozMDAwMDAwMDAwMDAsImRlbGV0ZSI6MzAwMDAwMDAwMDAwLCJ1cGRhdGUiOjEyMDAwMDAwMDAwMH19",
          "dependencies": [
            "module.spk_gwlb_asg_fgt_gwlb_igw.module.security-vpc.aws_internet_gateway.igw",
            "module.spk_gwlb_asg_fgt_gwlb_igw.module.security-vpc.aws_security_group.secgrp",
            "module.spk_gwlb_asg_fgt_gwlb_igw.module.security-vpc.aws_subnet.subnets",
            "module.spk_gwlb_asg_fgt_gwlb_igw.module.security-vpc.aws_vpc.vpc",
            "module.spk_gwlb_asg_fgt_gwlb_igw.module.security-vpc.data.aws_vpc.vpc",
            "module.spk_gwlb_asg_fgt_gwlb_igw.module.security_route_table.aws_route_table.rt",
            "module.spk_gwlb_asg_fgt_gwlb_igw.module.security_route_table.data.aws_route_table.rt"
          ]
        },
        {
          "index_key": 1,
          "schema_version": 0,
          "attributes": {
            "gateway_id": "",
            "id": "rtbassoc-0030ade3ce640e203",
            "route_table_id": "rtb-09e1a46e39078fe10",
            "subnet_id": "subnet-0bae39c7cc32d59eb",
            "timeouts": null
          },
          "sensitive_attributes": [],
          "private": "eyJlMmJmYjczMC1lY2FhLTExZTYtOGY4OC0zNDM2M2JjN2M0YzAiOnsiY3JlYXRlIjozMDAwMDAwMDAwMDAsImRlbGV0ZSI6MzAwMDAwMDAwMDAwLCJ1cGRhdGUiOjEyMDAwMDAwMDAwMH19",
          "dependencies": [
            "module.spk_gwlb_asg_fgt_gwlb_igw.module.security-vpc.aws_internet_gateway.igw",
            "module.spk_gwlb_asg_fgt_gwlb_igw.module.security-vpc.aws_security_group.secgrp",
            "module.spk_gwlb_asg_fgt_gwlb_igw.module.security-vpc.aws_subnet.subnets",
            "module.spk_gwlb_asg_fgt_gwlb_igw.module.security-vpc.aws_vpc.vpc",
            "module.spk_gwlb_asg_fgt_gwlb_igw.module.security-vpc.data.aws_vpc.vpc",
            "module.spk_gwlb_asg_fgt_gwlb_igw.module.security_route_table.aws_route_table.rt",
            "module.spk_gwlb_asg_fgt_gwlb_igw.module.security_route_table.data.aws_route_table.rt"
          ]
        }
      ]
    },
    {
      "module": "module.spk_gwlb_asg_fgt_gwlb_igw.module.spkvpc-rt[\"gwlbe_outbound\"]",
      "mode": "managed",
      "type": "aws_route",
      "name": "routes",
      "provider": "module.spk_gwlb_asg_fgt_gwlb_igw.provider[\"registry.terraform.io/hashicorp/aws\"]",
      "instances": [
        {
          "index_key": "az1",
          "schema_version": 0,
          "attributes": {
            "carrier_gateway_id": "",
            "core_network_arn": "",
            "destination_cidr_block": "0.0.0.0/0",
            "destination_ipv6_cidr_block": "",
            "destination_prefix_list_id": "",
            "egress_only_gateway_id": "",
            "gateway_id": "igw-00065681916a46587",
            "id": "r-rtb-085f930c9b2b77b981080289494",
            "instance_id": "",
            "instance_owner_id": "",
            "local_gateway_id": "",
            "nat_gateway_id": "",
            "network_interface_id": "",
            "origin": "CreateRoute",
            "route_table_id": "rtb-085f930c9b2b77b98",
            "state": "active",
            "timeouts": null,
            "transit_gateway_id": "",
            "vpc_endpoint_id": "",
            "vpc_peering_connection_id": ""
          },
          "sensitive_attributes": [],
          "private": "eyJlMmJmYjczMC1lY2FhLTExZTYtOGY4OC0zNDM2M2JjN2M0YzAiOnsiY3JlYXRlIjozMDAwMDAwMDAwMDAsImRlbGV0ZSI6MzAwMDAwMDAwMDAwLCJ1cGRhdGUiOjEyMDAwMDAwMDAwMH19",
          "dependencies": [
            "module.spk_gwlb_asg_fgt_gwlb_igw.module.security-vpc-gwlb.aws_lb.gwlb",
            "module.spk_gwlb_asg_fgt_gwlb_igw.module.security-vpc-gwlb.aws_vpc_endpoint.gwlb_endps",
            "module.spk_gwlb_asg_fgt_gwlb_igw.module.security-vpc-gwlb.aws_vpc_endpoint_service.gwlb_ep_service",
            "module.spk_gwlb_asg_fgt_gwlb_igw.module.security-vpc.aws_internet_gateway.igw",
            "module.spk_gwlb_asg_fgt_gwlb_igw.module.security-vpc.aws_security_group.secgrp",
            "module.spk_gwlb_asg_fgt_gwlb_igw.module.security-vpc.aws_subnet.subnets",
            "module.spk_gwlb_asg_fgt_gwlb_igw.module.security-vpc.aws_vpc.vpc",
            "module.spk_gwlb_asg_fgt_gwlb_igw.module.security-vpc.data.aws_vpc.vpc",
            "module.spk_gwlb_asg_fgt_gwlb_igw.module.spkvpc-rt.aws_route_table.rt",
            "module.spk_gwlb_asg_fgt_gwlb_igw.module.spkvpc-rt.data.aws_route_table.rt"
          ]
        }
      ]
    },
    {
      "module": "module.spk_gwlb_asg_fgt_gwlb_igw.module.spkvpc-rt[\"gwlbe_outbound\"]",
      "mode": "managed",
      "type": "aws_route_table",
      "name": "rt",
      "provider": "module.spk_gwlb_asg_fgt_gwlb_igw.provider[\"registry.terraform.io/hashicorp/aws\"]",
      "instances": [
        {
          "index_key": 0,
          "schema_version": 0,
          "attributes": {
            "arn": "arn:aws:ec2:us-east-2:364570460639:route-table/rtb-085f930c9b2b77b98",
            "id": "rtb-085f930c9b2b77b98",
            "owner_id": "364570460639",
            "propagating_vgws": [],
            "route": [],
            "tags": {
              "Name": "gwlbe_outbound"
            },
            "tags_all": {
              "Name": "gwlbe_outbound"
            },
            "timeouts": null,
            "vpc_id": "vpc-0d97dffce445211bf"
          },
          "sensitive_attributes": [],
          "private": "eyJlMmJmYjczMC1lY2FhLTExZTYtOGY4OC0zNDM2M2JjN2M0YzAiOnsiY3JlYXRlIjozMDAwMDAwMDAwMDAsImRlbGV0ZSI6MzAwMDAwMDAwMDAwLCJ1cGRhdGUiOjEyMDAwMDAwMDAwMH19"
        }
      ]
    },
    {
      "module": "module.spk_gwlb_asg_fgt_gwlb_igw.module.spkvpc-rt[\"gwlbe_outbound\"]",
      "mode": "managed",
      "type": "aws_route_table_association",
      "name": "rt_a_subnets",
      "provider": "module.spk_gwlb_asg_fgt_gwlb_igw.provider[\"registry.terraform.io/hashicorp/aws\"]",
      "instances": [
        {
          "index_key": 0,
          "schema_version": 0,
          "attributes": {
            "gateway_id": "",
            "id": "rtbassoc-02f9ce812e01172f5",
            "route_table_id": "rtb-085f930c9b2b77b98",
            "subnet_id": "subnet-022ce31f94f026553",
            "timeouts": null
          },
          "sensitive_attributes": [],
          "private": "eyJlMmJmYjczMC1lY2FhLTExZTYtOGY4OC0zNDM2M2JjN2M0YzAiOnsiY3JlYXRlIjozMDAwMDAwMDAwMDAsImRlbGV0ZSI6MzAwMDAwMDAwMDAwLCJ1cGRhdGUiOjEyMDAwMDAwMDAwMH19",
          "dependencies": [
            "module.spk_gwlb_asg_fgt_gwlb_igw.module.spkvpc-rt.aws_route_table.rt",
            "module.spk_gwlb_asg_fgt_gwlb_igw.module.spkvpc-rt.data.aws_route_table.rt"
          ]
        },
        {
          "index_key": 1,
          "schema_version": 0,
          "attributes": {
            "gateway_id": "",
            "id": "rtbassoc-0fbfd0a4b8a642987",
            "route_table_id": "rtb-085f930c9b2b77b98",
            "subnet_id": "subnet-01aeede137ec1ae68",
            "timeouts": null
          },
          "sensitive_attributes": [],
          "private": "eyJlMmJmYjczMC1lY2FhLTExZTYtOGY4OC0zNDM2M2JjN2M0YzAiOnsiY3JlYXRlIjozMDAwMDAwMDAwMDAsImRlbGV0ZSI6MzAwMDAwMDAwMDAwLCJ1cGRhdGUiOjEyMDAwMDAwMDAwMH19",
          "dependencies": [
            "module.spk_gwlb_asg_fgt_gwlb_igw.module.spkvpc-rt.aws_route_table.rt",
            "module.spk_gwlb_asg_fgt_gwlb_igw.module.spkvpc-rt.data.aws_route_table.rt"
          ]
        }
      ]
    },
    {
      "module": "module.spk_gwlb_asg_fgt_gwlb_igw.module.spkvpc-rt[\"igw_inbound\"]",
      "mode": "managed",
      "type": "aws_route",
      "name": "routes",
      "provider": "module.spk_gwlb_asg_fgt_gwlb_igw.provider[\"registry.terraform.io/hashicorp/aws\"]",
      "instances": [
        {
          "index_key": "az1",
          "schema_version": 0,
          "attributes": {
            "carrier_gateway_id": "",
            "core_network_arn": "",
            "destination_cidr_block": "10.100.3.0/24",
            "destination_ipv6_cidr_block": "",
            "destination_prefix_list_id": "",
            "egress_only_gateway_id": "",
            "gateway_id": "",
            "id": "r-rtb-0204b3c8e7cce8b461442211147",
            "instance_id": "",
            "instance_owner_id": "",
            "local_gateway_id": "",
            "nat_gateway_id": "",
            "network_interface_id": "",
            "origin": "CreateRoute",
            "route_table_id": "rtb-0204b3c8e7cce8b46",
            "state": "active",
            "timeouts": null,
            "transit_gateway_id": "",
            "vpc_endpoint_id": "vpce-0fde034b24de34ae1",
            "vpc_peering_connection_id": ""
          },
          "sensitive_attributes": [],
          "private": "eyJlMmJmYjczMC1lY2FhLTExZTYtOGY4OC0zNDM2M2JjN2M0YzAiOnsiY3JlYXRlIjozMDAwMDAwMDAwMDAsImRlbGV0ZSI6MzAwMDAwMDAwMDAwLCJ1cGRhdGUiOjEyMDAwMDAwMDAwMH19",
          "dependencies": [
            "module.spk_gwlb_asg_fgt_gwlb_igw.module.security-vpc-gwlb.aws_lb.gwlb",
            "module.spk_gwlb_asg_fgt_gwlb_igw.module.security-vpc-gwlb.aws_vpc_endpoint.gwlb_endps",
            "module.spk_gwlb_asg_fgt_gwlb_igw.module.security-vpc-gwlb.aws_vpc_endpoint_service.gwlb_ep_service",
            "module.spk_gwlb_asg_fgt_gwlb_igw.module.security-vpc.aws_internet_gateway.igw",
            "module.spk_gwlb_asg_fgt_gwlb_igw.module.security-vpc.aws_security_group.secgrp",
            "module.spk_gwlb_asg_fgt_gwlb_igw.module.security-vpc.aws_subnet.subnets",
            "module.spk_gwlb_asg_fgt_gwlb_igw.module.security-vpc.aws_vpc.vpc",
            "module.spk_gwlb_asg_fgt_gwlb_igw.module.security-vpc.data.aws_vpc.vpc",
            "module.spk_gwlb_asg_fgt_gwlb_igw.module.spkvpc-rt.aws_route_table.rt",
            "module.spk_gwlb_asg_fgt_gwlb_igw.module.spkvpc-rt.data.aws_route_table.rt"
          ]
        },
        {
          "index_key": "az2",
          "schema_version": 0,
          "attributes": {
            "carrier_gateway_id": "",
            "core_network_arn": "",
            "destination_cidr_block": "10.100.4.0/24",
            "destination_ipv6_cidr_block": "",
            "destination_prefix_list_id": "",
            "egress_only_gateway_id": "",
            "gateway_id": "",
            "id": "r-rtb-0204b3c8e7cce8b461223906803",
            "instance_id": "",
            "instance_owner_id": "",
            "local_gateway_id": "",
            "nat_gateway_id": "",
            "network_interface_id": "",
            "origin": "CreateRoute",
            "route_table_id": "rtb-0204b3c8e7cce8b46",
            "state": "active",
            "timeouts": null,
            "transit_gateway_id": "",
            "vpc_endpoint_id": "vpce-013325df231323c09",
            "vpc_peering_connection_id": ""
          },
          "sensitive_attributes": [],
          "private": "eyJlMmJmYjczMC1lY2FhLTExZTYtOGY4OC0zNDM2M2JjN2M0YzAiOnsiY3JlYXRlIjozMDAwMDAwMDAwMDAsImRlbGV0ZSI6MzAwMDAwMDAwMDAwLCJ1cGRhdGUiOjEyMDAwMDAwMDAwMH19",
          "dependencies": [
            "module.spk_gwlb_asg_fgt_gwlb_igw.module.security-vpc-gwlb.aws_lb.gwlb",
            "module.spk_gwlb_asg_fgt_gwlb_igw.module.security-vpc-gwlb.aws_vpc_endpoint.gwlb_endps",
            "module.spk_gwlb_asg_fgt_gwlb_igw.module.security-vpc-gwlb.aws_vpc_endpoint_service.gwlb_ep_service",
            "module.spk_gwlb_asg_fgt_gwlb_igw.module.security-vpc.aws_internet_gateway.igw",
            "module.spk_gwlb_asg_fgt_gwlb_igw.module.security-vpc.aws_security_group.secgrp",
            "module.spk_gwlb_asg_fgt_gwlb_igw.module.security-vpc.aws_subnet.subnets",
            "module.spk_gwlb_asg_fgt_gwlb_igw.module.security-vpc.aws_vpc.vpc",
            "module.spk_gwlb_asg_fgt_gwlb_igw.module.security-vpc.data.aws_vpc.vpc",
            "module.spk_gwlb_asg_fgt_gwlb_igw.module.spkvpc-rt.aws_route_table.rt",
            "module.spk_gwlb_asg_fgt_gwlb_igw.module.spkvpc-rt.data.aws_route_table.rt"
          ]
        }
      ]
    },
    {
      "module": "module.spk_gwlb_asg_fgt_gwlb_igw.module.spkvpc-rt[\"igw_inbound\"]",
      "mode": "managed",
      "type": "aws_route_table",
      "name": "rt",
      "provider": "module.spk_gwlb_asg_fgt_gwlb_igw.provider[\"registry.terraform.io/hashicorp/aws\"]",
      "instances": [
        {
          "index_key": 0,
          "schema_version": 0,
          "attributes": {
            "arn": "arn:aws:ec2:us-east-2:364570460639:route-table/rtb-0204b3c8e7cce8b46",
            "id": "rtb-0204b3c8e7cce8b46",
            "owner_id": "364570460639",
            "propagating_vgws": [],
            "route": [],
            "tags": {
              "Name": "igw_inbound"
            },
            "tags_all": {
              "Name": "igw_inbound"
            },
            "timeouts": null,
            "vpc_id": "vpc-0d97dffce445211bf"
          },
          "sensitive_attributes": [],
          "private": "eyJlMmJmYjczMC1lY2FhLTExZTYtOGY4OC0zNDM2M2JjN2M0YzAiOnsiY3JlYXRlIjozMDAwMDAwMDAwMDAsImRlbGV0ZSI6MzAwMDAwMDAwMDAwLCJ1cGRhdGUiOjEyMDAwMDAwMDAwMH19"
        }
      ]
    },
    {
      "module": "module.spk_gwlb_asg_fgt_gwlb_igw.module.spkvpc-rt[\"igw_inbound\"]",
      "mode": "managed",
      "type": "aws_route_table_association",
      "name": "rt_a_gateways",
      "provider": "module.spk_gwlb_asg_fgt_gwlb_igw.provider[\"registry.terraform.io/hashicorp/aws\"]",
      "instances": [
        {
          "index_key": 0,
          "schema_version": 0,
          "attributes": {
            "gateway_id": "igw-00065681916a46587",
            "id": "rtbassoc-055fd7cf6e48655ba",
            "route_table_id": "rtb-0204b3c8e7cce8b46",
            "subnet_id": "",
            "timeouts": null
          },
          "sensitive_attributes": [],
          "private": "eyJlMmJmYjczMC1lY2FhLTExZTYtOGY4OC0zNDM2M2JjN2M0YzAiOnsiY3JlYXRlIjozMDAwMDAwMDAwMDAsImRlbGV0ZSI6MzAwMDAwMDAwMDAwLCJ1cGRhdGUiOjEyMDAwMDAwMDAwMH19",
          "dependencies": [
            "module.spk_gwlb_asg_fgt_gwlb_igw.module.spkvpc-rt.aws_route_table.rt",
            "module.spk_gwlb_asg_fgt_gwlb_igw.module.spkvpc-rt.data.aws_route_table.rt"
          ]
        }
      ]
    },
    {
      "module": "module.spk_gwlb_asg_fgt_gwlb_igw.module.spkvpc-rt[\"pc_outbound_az1\"]",
      "mode": "managed",
      "type": "aws_route",
      "name": "routes",
      "provider": "module.spk_gwlb_asg_fgt_gwlb_igw.provider[\"registry.terraform.io/hashicorp/aws\"]",
      "instances": [
        {
          "index_key": "az1",
          "schema_version": 0,
          "attributes": {
            "carrier_gateway_id": "",
            "core_network_arn": "",
            "destination_cidr_block": "0.0.0.0/0",
            "destination_ipv6_cidr_block": "",
            "destination_prefix_list_id": "",
            "egress_only_gateway_id": "",
            "gateway_id": "",
            "id": "r-rtb-03ebd2e57b47d37dc1080289494",
            "instance_id": "",
            "instance_owner_id": "",
            "local_gateway_id": "",
            "nat_gateway_id": "",
            "network_interface_id": "",
            "origin": "CreateRoute",
            "route_table_id": "rtb-03ebd2e57b47d37dc",
            "state": "active",
            "timeouts": null,
            "transit_gateway_id": "",
            "vpc_endpoint_id": "vpce-0fde034b24de34ae1",
            "vpc_peering_connection_id": ""
          },
          "sensitive_attributes": [],
          "private": "eyJlMmJmYjczMC1lY2FhLTExZTYtOGY4OC0zNDM2M2JjN2M0YzAiOnsiY3JlYXRlIjozMDAwMDAwMDAwMDAsImRlbGV0ZSI6MzAwMDAwMDAwMDAwLCJ1cGRhdGUiOjEyMDAwMDAwMDAwMH19",
          "dependencies": [
            "module.spk_gwlb_asg_fgt_gwlb_igw.module.security-vpc-gwlb.aws_lb.gwlb",
            "module.spk_gwlb_asg_fgt_gwlb_igw.module.security-vpc-gwlb.aws_vpc_endpoint.gwlb_endps",
            "module.spk_gwlb_asg_fgt_gwlb_igw.module.security-vpc-gwlb.aws_vpc_endpoint_service.gwlb_ep_service",
            "module.spk_gwlb_asg_fgt_gwlb_igw.module.security-vpc.aws_internet_gateway.igw",
            "module.spk_gwlb_asg_fgt_gwlb_igw.module.security-vpc.aws_security_group.secgrp",
            "module.spk_gwlb_asg_fgt_gwlb_igw.module.security-vpc.aws_subnet.subnets",
            "module.spk_gwlb_asg_fgt_gwlb_igw.module.security-vpc.aws_vpc.vpc",
            "module.spk_gwlb_asg_fgt_gwlb_igw.module.security-vpc.data.aws_vpc.vpc",
            "module.spk_gwlb_asg_fgt_gwlb_igw.module.spkvpc-rt.aws_route_table.rt",
            "module.spk_gwlb_asg_fgt_gwlb_igw.module.spkvpc-rt.data.aws_route_table.rt"
          ]
        }
      ]
    },
    {
      "module": "module.spk_gwlb_asg_fgt_gwlb_igw.module.spkvpc-rt[\"pc_outbound_az2\"]",
      "mode": "managed",
      "type": "aws_route",
      "name": "routes",
      "provider": "module.spk_gwlb_asg_fgt_gwlb_igw.provider[\"registry.terraform.io/hashicorp/aws\"]",
      "instances": [
        {
          "index_key": "az1",
          "schema_version": 0,
          "attributes": {
            "carrier_gateway_id": "",
            "core_network_arn": "",
            "destination_cidr_block": "0.0.0.0/0",
            "destination_ipv6_cidr_block": "",
            "destination_prefix_list_id": "",
            "egress_only_gateway_id": "",
            "gateway_id": "",
            "id": "r-rtb-0e12034edb5cb0df71080289494",
            "instance_id": "",
            "instance_owner_id": "",
            "local_gateway_id": "",
            "nat_gateway_id": "",
            "network_interface_id": "",
            "origin": "CreateRoute",
            "route_table_id": "rtb-0e12034edb5cb0df7",
            "state": "active",
            "timeouts": null,
            "transit_gateway_id": "",
            "vpc_endpoint_id": "vpce-013325df231323c09",
            "vpc_peering_connection_id": ""
          },
          "sensitive_attributes": [],
          "private": "eyJlMmJmYjczMC1lY2FhLTExZTYtOGY4OC0zNDM2M2JjN2M0YzAiOnsiY3JlYXRlIjozMDAwMDAwMDAwMDAsImRlbGV0ZSI6MzAwMDAwMDAwMDAwLCJ1cGRhdGUiOjEyMDAwMDAwMDAwMH19",
          "dependencies": [
            "module.spk_gwlb_asg_fgt_gwlb_igw.module.security-vpc-gwlb.aws_lb.gwlb",
            "module.spk_gwlb_asg_fgt_gwlb_igw.module.security-vpc-gwlb.aws_vpc_endpoint.gwlb_endps",
            "module.spk_gwlb_asg_fgt_gwlb_igw.module.security-vpc-gwlb.aws_vpc_endpoint_service.gwlb_ep_service",
            "module.spk_gwlb_asg_fgt_gwlb_igw.module.security-vpc.aws_internet_gateway.igw",
            "module.spk_gwlb_asg_fgt_gwlb_igw.module.security-vpc.aws_security_group.secgrp",
            "module.spk_gwlb_asg_fgt_gwlb_igw.module.security-vpc.aws_subnet.subnets",
            "module.spk_gwlb_asg_fgt_gwlb_igw.module.security-vpc.aws_vpc.vpc",
            "module.spk_gwlb_asg_fgt_gwlb_igw.module.security-vpc.data.aws_vpc.vpc",
            "module.spk_gwlb_asg_fgt_gwlb_igw.module.spkvpc-rt.aws_route_table.rt",
            "module.spk_gwlb_asg_fgt_gwlb_igw.module.spkvpc-rt.data.aws_route_table.rt"
          ]
        }
      ]
    }
  ],
  "check_results": null
}
