{
  "version": 4,
  "terraform_version": "1.7.5",
  "serial": 72,
  "lineage": "ce8f152f-d249-9cd5-adde-4eae7972f21a",
  "outputs": {},
  "resources": [
    {
      "mode": "data",
      "type": "alicloud_ecs_network_interfaces",
      "name": "dataEniFgtPort3",
      "provider": "provider[\"registry.terraform.io/aliyun/alicloud\"]",
      "instances": [
        {
          "index_key": 0,
          "schema_version": 0,
          "attributes": {
            "id": "4057133210",
            "ids": [
              "eni-f8zc5m10xts281hs80sj"
            ],
            "instance_id": null,
            "interfaces": [
              {
                "creation_time": "2024-04-08T01:41:16Z",
                "description": "",
                "id": "eni-f8zc5m10xts281hs80sj",
                "instance_id": "",
                "mac": "00:16:3e:05:72:de",
                "name": "eni-port3-fgt1",
                "network_interface_id": "eni-f8zc5m10xts281hs80sj",
                "network_interface_name": "eni-port3-fgt1",
                "network_interface_traffic_mode": "Standard",
                "owner_id": "1241494590012990",
                "primary_ip_address": "172.16.13.192",
                "private_ip": "172.16.13.192",
                "private_ip_addresses": [],
                "private_ips": [],
                "queue_number": 0,
                "resource_group_id": "",
                "security_group_ids": [
                  "sg-f8zi6zcbssmm6g0p7nlo"
                ],
                "security_groups": [
                  "sg-f8zi6zcbssmm6g0p7nlo"
                ],
                "service_id": 0,
                "service_managed": false,
                "status": "Available",
                "tags": {
                  "Project": "lg-fgt-ha",
                  "Terraform": "true"
                },
                "type": "Secondary",
                "vpc_id": "vpc-f8z7rkf6bzkd6fo1rhqj8",
                "vswitch_id": "vsw-f8z0cdgq4hyrx5isxzq1k",
                "zone_id": "cn-heyuan-b"
              }
            ],
            "name": null,
            "name_regex": null,
            "names": [
              "eni-port3-fgt1"
            ],
            "network_interface_name": null,
            "output_file": null,
            "primary_ip_address": null,
            "private_ip": null,
            "resource_group_id": null,
            "security_group_id": null,
            "service_managed": null,
            "status": null,
            "tags": null,
            "type": null,
            "vpc_id": null,
            "vswitch_id": null
          },
          "sensitive_attributes": []
        },
        {
          "index_key": 1,
          "schema_version": 0,
          "attributes": {
            "id": "3177669884",
            "ids": [
              "eni-f8z0awjk01uaa61lsfgd"
            ],
            "instance_id": null,
            "interfaces": [
              {
                "creation_time": "2024-04-08T01:41:16Z",
                "description": "",
                "id": "eni-f8z0awjk01uaa61lsfgd",
                "instance_id": "",
                "mac": "00:16:3e:04:c8:5f",
                "name": "eni-port3-fgt2",
                "network_interface_id": "eni-f8z0awjk01uaa61lsfgd",
                "network_interface_name": "eni-port3-fgt2",
                "network_interface_traffic_mode": "Standard",
                "owner_id": "1241494590012990",
                "primary_ip_address": "172.16.13.193",
                "private_ip": "172.16.13.193",
                "private_ip_addresses": [],
                "private_ips": [],
                "queue_number": 0,
                "resource_group_id": "",
                "security_group_ids": [
                  "sg-f8zi6zcbssmm6g0p7nlo"
                ],
                "security_groups": [
                  "sg-f8zi6zcbssmm6g0p7nlo"
                ],
                "service_id": 0,
                "service_managed": false,
                "status": "Available",
                "tags": {
                  "Project": "lg-fgt-ha",
                  "Terraform": "true"
                },
                "type": "Secondary",
                "vpc_id": "vpc-f8z7rkf6bzkd6fo1rhqj8",
                "vswitch_id": "vsw-f8z0cdgq4hyrx5isxzq1k",
                "zone_id": "cn-heyuan-b"
              }
            ],
            "name": null,
            "name_regex": null,
            "names": [
              "eni-port3-fgt2"
            ],
            "network_interface_name": null,
            "output_file": null,
            "primary_ip_address": null,
            "private_ip": null,
            "resource_group_id": null,
            "security_group_id": null,
            "service_managed": null,
            "status": null,
            "tags": null,
            "type": null,
            "vpc_id": null,
            "vswitch_id": null
          },
          "sensitive_attributes": []
        }
      ]
    },
    {
      "mode": "data",
      "type": "alicloud_ecs_network_interfaces",
      "name": "dataEniFgtPort4",
      "provider": "provider[\"registry.terraform.io/aliyun/alicloud\"]",
      "instances": [
        {
          "index_key": 0,
          "schema_version": 0,
          "attributes": {
            "id": "1011600995",
            "ids": [
              "eni-f8z6fhz4n89xdksghb1b"
            ],
            "instance_id": null,
            "interfaces": [
              {
                "creation_time": "2024-04-08T01:41:27Z",
                "description": "",
                "id": "eni-f8z6fhz4n89xdksghb1b",
                "instance_id": "",
                "mac": "00:16:3e:03:eb:8f",
                "name": "eni-port4-fgt1",
                "network_interface_id": "eni-f8z6fhz4n89xdksghb1b",
                "network_interface_name": "eni-port4-fgt1",
                "network_interface_traffic_mode": "Standard",
                "owner_id": "1241494590012990",
                "primary_ip_address": "172.16.14.236",
                "private_ip": "172.16.14.236",
                "private_ip_addresses": [],
                "private_ips": [],
                "queue_number": 0,
                "resource_group_id": "",
                "security_group_ids": [
                  "sg-f8zi6zcbssmm6g0p7nlo"
                ],
                "security_groups": [
                  "sg-f8zi6zcbssmm6g0p7nlo"
                ],
                "service_id": 0,
                "service_managed": false,
                "status": "Available",
                "tags": {
                  "Project": "lg-fgt-ha",
                  "Terraform": "true"
                },
                "type": "Secondary",
                "vpc_id": "vpc-f8z7rkf6bzkd6fo1rhqj8",
                "vswitch_id": "vsw-f8zkq7f2gtam08sdci5sy",
                "zone_id": "cn-heyuan-b"
              }
            ],
            "name": null,
            "name_regex": null,
            "names": [
              "eni-port4-fgt1"
            ],
            "network_interface_name": null,
            "output_file": null,
            "primary_ip_address": null,
            "private_ip": null,
            "resource_group_id": null,
            "security_group_id": null,
            "service_managed": null,
            "status": null,
            "tags": null,
            "type": null,
            "vpc_id": null,
            "vswitch_id": null
          },
          "sensitive_attributes": []
        },
        {
          "index_key": 1,
          "schema_version": 0,
          "attributes": {
            "id": "676696256",
            "ids": [
              "eni-f8z6wzs8mqvlh2kw4xd1"
            ],
            "instance_id": null,
            "interfaces": [
              {
                "creation_time": "2024-04-08T01:41:28Z",
                "description": "",
                "id": "eni-f8z6wzs8mqvlh2kw4xd1",
                "instance_id": "",
                "mac": "00:16:3e:06:83:16",
                "name": "eni-port4-fgt2",
                "network_interface_id": "eni-f8z6wzs8mqvlh2kw4xd1",
                "network_interface_name": "eni-port4-fgt2",
                "network_interface_traffic_mode": "Standard",
                "owner_id": "1241494590012990",
                "primary_ip_address": "172.16.14.237",
                "private_ip": "172.16.14.237",
                "private_ip_addresses": [],
                "private_ips": [],
                "queue_number": 0,
                "resource_group_id": "",
                "security_group_ids": [
                  "sg-f8zi6zcbssmm6g0p7nlo"
                ],
                "security_groups": [
                  "sg-f8zi6zcbssmm6g0p7nlo"
                ],
                "service_id": 0,
                "service_managed": false,
                "status": "Available",
                "tags": {
                  "Project": "lg-fgt-ha",
                  "Terraform": "true"
                },
                "type": "Secondary",
                "vpc_id": "vpc-f8z7rkf6bzkd6fo1rhqj8",
                "vswitch_id": "vsw-f8zkq7f2gtam08sdci5sy",
                "zone_id": "cn-heyuan-b"
              }
            ],
            "name": null,
            "name_regex": null,
            "names": [
              "eni-port4-fgt2"
            ],
            "network_interface_name": null,
            "output_file": null,
            "primary_ip_address": null,
            "private_ip": null,
            "resource_group_id": null,
            "security_group_id": null,
            "service_managed": null,
            "status": null,
            "tags": null,
            "type": null,
            "vpc_id": null,
            "vswitch_id": null
          },
          "sensitive_attributes": []
        }
      ]
    },
    {
      "mode": "managed",
      "type": "alicloud_ecs_network_interface",
      "name": "eniFgtPort2",
      "provider": "provider[\"registry.terraform.io/aliyun/alicloud\"]",
      "instances": [
        {
          "index_key": 0,
          "schema_version": 0,
          "attributes": {
            "description": "",
            "id": "eni-f8z0awjk01uaa61lsfge",
            "mac": "00:16:3e:01:a5:0e",
            "name": "eni-port2-fgt1",
            "network_interface_name": "eni-port2-fgt1",
            "primary_ip_address": "172.16.12.17",
            "private_ip": "172.16.12.17",
            "private_ip_addresses": [],
            "private_ips": [],
            "private_ips_count": 0,
            "queue_number": 0,
            "resource_group_id": "",
            "secondary_private_ip_address_count": 0,
            "security_group_ids": [
              "sg-f8zi6zcbssmm6g0p7nlp"
            ],
            "security_groups": [
              "sg-f8zi6zcbssmm6g0p7nlp"
            ],
            "status": "Available",
            "tags": {
              "Project": "lg-fgt-ha",
              "Terraform": "true"
            },
            "timeouts": null,
            "vswitch_id": "vsw-f8z4s0s0uk7s3a3zppwcs"
          },
          "sensitive_attributes": [],
          "private": "eyJlMmJmYjczMC1lY2FhLTExZTYtOGY4OC0zNDM2M2JjN2M0YzAiOnsiY3JlYXRlIjoxMjAwMDAwMDAwMDAsImRlbGV0ZSI6NjAwMDAwMDAwMDAsInVwZGF0ZSI6NjAwMDAwMDAwMDB9fQ==",
          "dependencies": [
            "alicloud_security_group.sgFgtPrivate",
            "alicloud_vpc.vpcNgfw",
            "alicloud_vswitch.vswFgtPort2"
          ]
        },
        {
          "index_key": 1,
          "schema_version": 0,
          "attributes": {
            "description": "",
            "id": "eni-f8z6fhz4n89xdksghb1a",
            "mac": "00:16:3e:05:23:6e",
            "name": "eni-port2-fgt2",
            "network_interface_name": "eni-port2-fgt2",
            "primary_ip_address": "172.16.12.16",
            "private_ip": "172.16.12.16",
            "private_ip_addresses": [],
            "private_ips": [],
            "private_ips_count": 0,
            "queue_number": 0,
            "resource_group_id": "",
            "secondary_private_ip_address_count": 0,
            "security_group_ids": [
              "sg-f8zi6zcbssmm6g0p7nlp"
            ],
            "security_groups": [
              "sg-f8zi6zcbssmm6g0p7nlp"
            ],
            "status": "Available",
            "tags": {
              "Project": "lg-fgt-ha",
              "Terraform": "true"
            },
            "timeouts": null,
            "vswitch_id": "vsw-f8z4s0s0uk7s3a3zppwcs"
          },
          "sensitive_attributes": [],
          "private": "eyJlMmJmYjczMC1lY2FhLTExZTYtOGY4OC0zNDM2M2JjN2M0YzAiOnsiY3JlYXRlIjoxMjAwMDAwMDAwMDAsImRlbGV0ZSI6NjAwMDAwMDAwMDAsInVwZGF0ZSI6NjAwMDAwMDAwMDB9fQ==",
          "dependencies": [
            "alicloud_security_group.sgFgtPrivate",
            "alicloud_vpc.vpcNgfw",
            "alicloud_vswitch.vswFgtPort2"
          ]
        }
      ]
    },
    {
      "mode": "managed",
      "type": "alicloud_ecs_network_interface",
      "name": "eniFgtPort3",
      "provider": "provider[\"registry.terraform.io/aliyun/alicloud\"]",
      "instances": [
        {
          "index_key": 0,
          "schema_version": 0,
          "attributes": {
            "description": "",
            "id": "eni-f8zc5m10xts281hs80sj",
            "mac": "00:16:3e:05:72:de",
            "name": "eni-port3-fgt1",
            "network_interface_name": "eni-port3-fgt1",
            "primary_ip_address": "172.16.13.192",
            "private_ip": "172.16.13.192",
            "private_ip_addresses": [],
            "private_ips": [],
            "private_ips_count": 0,
            "queue_number": 0,
            "resource_group_id": "",
            "secondary_private_ip_address_count": 0,
            "security_group_ids": [
              "sg-f8zi6zcbssmm6g0p7nlo"
            ],
            "security_groups": [
              "sg-f8zi6zcbssmm6g0p7nlo"
            ],
            "status": "Available",
            "tags": {
              "Project": "lg-fgt-ha",
              "Terraform": "true"
            },
            "timeouts": null,
            "vswitch_id": "vsw-f8z0cdgq4hyrx5isxzq1k"
          },
          "sensitive_attributes": [],
          "private": "eyJlMmJmYjczMC1lY2FhLTExZTYtOGY4OC0zNDM2M2JjN2M0YzAiOnsiY3JlYXRlIjoxMjAwMDAwMDAwMDAsImRlbGV0ZSI6NjAwMDAwMDAwMDAsInVwZGF0ZSI6NjAwMDAwMDAwMDB9fQ==",
          "dependencies": [
            "alicloud_security_group.sgFgtHAMgmt",
            "alicloud_vpc.vpcNgfw",
            "alicloud_vswitch.vswFgtPort3"
          ]
        },
        {
          "index_key": 1,
          "schema_version": 0,
          "attributes": {
            "description": "",
            "id": "eni-f8z0awjk01uaa61lsfgd",
            "mac": "00:16:3e:04:c8:5f",
            "name": "eni-port3-fgt2",
            "network_interface_name": "eni-port3-fgt2",
            "primary_ip_address": "172.16.13.193",
            "private_ip": "172.16.13.193",
            "private_ip_addresses": [],
            "private_ips": [],
            "private_ips_count": 0,
            "queue_number": 0,
            "resource_group_id": "",
            "secondary_private_ip_address_count": 0,
            "security_group_ids": [
              "sg-f8zi6zcbssmm6g0p7nlo"
            ],
            "security_groups": [
              "sg-f8zi6zcbssmm6g0p7nlo"
            ],
            "status": "Available",
            "tags": {
              "Project": "lg-fgt-ha",
              "Terraform": "true"
            },
            "timeouts": null,
            "vswitch_id": "vsw-f8z0cdgq4hyrx5isxzq1k"
          },
          "sensitive_attributes": [],
          "private": "eyJlMmJmYjczMC1lY2FhLTExZTYtOGY4OC0zNDM2M2JjN2M0YzAiOnsiY3JlYXRlIjoxMjAwMDAwMDAwMDAsImRlbGV0ZSI6NjAwMDAwMDAwMDAsInVwZGF0ZSI6NjAwMDAwMDAwMDB9fQ==",
          "dependencies": [
            "alicloud_security_group.sgFgtHAMgmt",
            "alicloud_vpc.vpcNgfw",
            "alicloud_vswitch.vswFgtPort3"
          ]
        }
      ]
    },
    {
      "mode": "managed",
      "type": "alicloud_ecs_network_interface",
      "name": "eniFgtPort4",
      "provider": "provider[\"registry.terraform.io/aliyun/alicloud\"]",
      "instances": [
        {
          "index_key": 0,
          "schema_version": 0,
          "attributes": {
            "description": "",
            "id": "eni-f8z6fhz4n89xdksghb1b",
            "mac": "00:16:3e:03:eb:8f",
            "name": "eni-port4-fgt1",
            "network_interface_name": "eni-port4-fgt1",
            "primary_ip_address": "172.16.14.236",
            "private_ip": "172.16.14.236",
            "private_ip_addresses": [],
            "private_ips": [],
            "private_ips_count": 0,
            "queue_number": 0,
            "resource_group_id": "",
            "secondary_private_ip_address_count": 0,
            "security_group_ids": [
              "sg-f8zi6zcbssmm6g0p7nlo"
            ],
            "security_groups": [
              "sg-f8zi6zcbssmm6g0p7nlo"
            ],
            "status": "Available",
            "tags": {
              "Project": "lg-fgt-ha",
              "Terraform": "true"
            },
            "timeouts": null,
            "vswitch_id": "vsw-f8zkq7f2gtam08sdci5sy"
          },
          "sensitive_attributes": [],
          "private": "eyJlMmJmYjczMC1lY2FhLTExZTYtOGY4OC0zNDM2M2JjN2M0YzAiOnsiY3JlYXRlIjoxMjAwMDAwMDAwMDAsImRlbGV0ZSI6NjAwMDAwMDAwMDAsInVwZGF0ZSI6NjAwMDAwMDAwMDB9fQ==",
          "dependencies": [
            "alicloud_security_group.sgFgtHAMgmt",
            "alicloud_vpc.vpcNgfw",
            "alicloud_vswitch.vswFgtPort4"
          ]
        },
        {
          "index_key": 1,
          "schema_version": 0,
          "attributes": {
            "description": "",
            "id": "eni-f8z6wzs8mqvlh2kw4xd1",
            "mac": "00:16:3e:06:83:16",
            "name": "eni-port4-fgt2",
            "network_interface_name": "eni-port4-fgt2",
            "primary_ip_address": "172.16.14.237",
            "private_ip": "172.16.14.237",
            "private_ip_addresses": [],
            "private_ips": [],
            "private_ips_count": 0,
            "queue_number": 0,
            "resource_group_id": "",
            "secondary_private_ip_address_count": 0,
            "security_group_ids": [
              "sg-f8zi6zcbssmm6g0p7nlo"
            ],
            "security_groups": [
              "sg-f8zi6zcbssmm6g0p7nlo"
            ],
            "status": "Available",
            "tags": {
              "Project": "lg-fgt-ha",
              "Terraform": "true"
            },
            "timeouts": null,
            "vswitch_id": "vsw-f8zkq7f2gtam08sdci5sy"
          },
          "sensitive_attributes": [],
          "private": "eyJlMmJmYjczMC1lY2FhLTExZTYtOGY4OC0zNDM2M2JjN2M0YzAiOnsiY3JlYXRlIjoxMjAwMDAwMDAwMDAsImRlbGV0ZSI6NjAwMDAwMDAwMDAsInVwZGF0ZSI6NjAwMDAwMDAwMDB9fQ==",
          "dependencies": [
            "alicloud_security_group.sgFgtHAMgmt",
            "alicloud_vpc.vpcNgfw",
            "alicloud_vswitch.vswFgtPort4"
          ]
        }
      ]
    },
    {
      "mode": "managed",
      "type": "alicloud_ecs_network_interface_attachment",
      "name": "attachEniFgtPort2",
      "provider": "provider[\"registry.terraform.io/aliyun/alicloud\"]",
      "instances": [
        {
          "index_key": 0,
          "schema_version": 0,
          "attributes": {
            "id": "eni-f8z0awjk01uaa61lsfge:i-f8z6fhz4n89xdksfhg5x",
            "instance_id": "i-f8z6fhz4n89xdksfhg5x",
            "network_interface_id": "eni-f8z0awjk01uaa61lsfge",
            "timeouts": null,
            "trunk_network_instance_id": null,
            "wait_for_network_configuration_ready": null
          },
          "sensitive_attributes": [],
          "private": "eyJlMmJmYjczMC1lY2FhLTExZTYtOGY4OC0zNDM2M2JjN2M0YzAiOnsiY3JlYXRlIjoxMjAwMDAwMDAwMDAsImRlbGV0ZSI6NjAwMDAwMDAwMDB9fQ==",
          "dependencies": [
            "alicloud_ecs_network_interface.eniFgtPort2",
            "alicloud_ecs_network_interface.eniFgtPort3",
            "alicloud_ecs_network_interface.eniFgtPort4",
            "alicloud_instance.fgt",
            "alicloud_ram_role.roleFgtHa",
            "alicloud_security_group.sgFgtHAMgmt",
            "alicloud_security_group.sgFgtPrivate",
            "alicloud_security_group.sgFgtPublic",
            "alicloud_vpc.vpcNgfw",
            "alicloud_vswitch.vswFgtPort1",
            "alicloud_vswitch.vswFgtPort2",
            "alicloud_vswitch.vswFgtPort3",
            "alicloud_vswitch.vswFgtPort4",
            "data.alicloud_ecs_network_interfaces.dataEniFgtPort3",
            "data.alicloud_ecs_network_interfaces.dataEniFgtPort4"
          ]
        },
        {
          "index_key": 1,
          "schema_version": 0,
          "attributes": {
            "id": "eni-f8z6fhz4n89xdksghb1a:i-f8z2eey4cpn7c5ra3u6i",
            "instance_id": "i-f8z2eey4cpn7c5ra3u6i",
            "network_interface_id": "eni-f8z6fhz4n89xdksghb1a",
            "timeouts": null,
            "trunk_network_instance_id": null,
            "wait_for_network_configuration_ready": null
          },
          "sensitive_attributes": [],
          "private": "eyJlMmJmYjczMC1lY2FhLTExZTYtOGY4OC0zNDM2M2JjN2M0YzAiOnsiY3JlYXRlIjoxMjAwMDAwMDAwMDAsImRlbGV0ZSI6NjAwMDAwMDAwMDB9fQ==",
          "dependencies": [
            "alicloud_ecs_network_interface.eniFgtPort2",
            "alicloud_ecs_network_interface.eniFgtPort3",
            "alicloud_ecs_network_interface.eniFgtPort4",
            "alicloud_instance.fgt",
            "alicloud_ram_role.roleFgtHa",
            "alicloud_security_group.sgFgtHAMgmt",
            "alicloud_security_group.sgFgtPrivate",
            "alicloud_security_group.sgFgtPublic",
            "alicloud_vpc.vpcNgfw",
            "alicloud_vswitch.vswFgtPort1",
            "alicloud_vswitch.vswFgtPort2",
            "alicloud_vswitch.vswFgtPort3",
            "alicloud_vswitch.vswFgtPort4",
            "data.alicloud_ecs_network_interfaces.dataEniFgtPort3",
            "data.alicloud_ecs_network_interfaces.dataEniFgtPort4"
          ]
        }
      ]
    },
    {
      "mode": "managed",
      "type": "alicloud_ecs_network_interface_attachment",
      "name": "attachEniFgtPort3",
      "provider": "provider[\"registry.terraform.io/aliyun/alicloud\"]",
      "instances": [
        {
          "index_key": 0,
          "schema_version": 0,
          "attributes": {
            "id": "eni-f8zc5m10xts281hs80sj:i-f8z6fhz4n89xdksfhg5x",
            "instance_id": "i-f8z6fhz4n89xdksfhg5x",
            "network_interface_id": "eni-f8zc5m10xts281hs80sj",
            "timeouts": null,
            "trunk_network_instance_id": null,
            "wait_for_network_configuration_ready": null
          },
          "sensitive_attributes": [],
          "private": "eyJlMmJmYjczMC1lY2FhLTExZTYtOGY4OC0zNDM2M2JjN2M0YzAiOnsiY3JlYXRlIjoxMjAwMDAwMDAwMDAsImRlbGV0ZSI6NjAwMDAwMDAwMDB9fQ==",
          "dependencies": [
            "alicloud_ecs_network_interface.eniFgtPort2",
            "alicloud_ecs_network_interface.eniFgtPort3",
            "alicloud_ecs_network_interface.eniFgtPort4",
            "alicloud_ecs_network_interface_attachment.attachEniFgtPort2",
            "alicloud_instance.fgt",
            "alicloud_ram_role.roleFgtHa",
            "alicloud_security_group.sgFgtHAMgmt",
            "alicloud_security_group.sgFgtPrivate",
            "alicloud_security_group.sgFgtPublic",
            "alicloud_vpc.vpcNgfw",
            "alicloud_vswitch.vswFgtPort1",
            "alicloud_vswitch.vswFgtPort2",
            "alicloud_vswitch.vswFgtPort3",
            "alicloud_vswitch.vswFgtPort4",
            "data.alicloud_ecs_network_interfaces.dataEniFgtPort3",
            "data.alicloud_ecs_network_interfaces.dataEniFgtPort4"
          ]
        },
        {
          "index_key": 1,
          "schema_version": 0,
          "attributes": {
            "id": "eni-f8z0awjk01uaa61lsfgd:i-f8z2eey4cpn7c5ra3u6i",
            "instance_id": "i-f8z2eey4cpn7c5ra3u6i",
            "network_interface_id": "eni-f8z0awjk01uaa61lsfgd",
            "timeouts": null,
            "trunk_network_instance_id": null,
            "wait_for_network_configuration_ready": null
          },
          "sensitive_attributes": [],
          "private": "eyJlMmJmYjczMC1lY2FhLTExZTYtOGY4OC0zNDM2M2JjN2M0YzAiOnsiY3JlYXRlIjoxMjAwMDAwMDAwMDAsImRlbGV0ZSI6NjAwMDAwMDAwMDB9fQ==",
          "dependencies": [
            "alicloud_ecs_network_interface.eniFgtPort2",
            "alicloud_ecs_network_interface.eniFgtPort3",
            "alicloud_ecs_network_interface.eniFgtPort4",
            "alicloud_ecs_network_interface_attachment.attachEniFgtPort2",
            "alicloud_instance.fgt",
            "alicloud_ram_role.roleFgtHa",
            "alicloud_security_group.sgFgtHAMgmt",
            "alicloud_security_group.sgFgtPrivate",
            "alicloud_security_group.sgFgtPublic",
            "alicloud_vpc.vpcNgfw",
            "alicloud_vswitch.vswFgtPort1",
            "alicloud_vswitch.vswFgtPort2",
            "alicloud_vswitch.vswFgtPort3",
            "alicloud_vswitch.vswFgtPort4",
            "data.alicloud_ecs_network_interfaces.dataEniFgtPort3",
            "data.alicloud_ecs_network_interfaces.dataEniFgtPort4"
          ]
        }
      ]
    },
    {
      "mode": "managed",
      "type": "alicloud_ecs_network_interface_attachment",
      "name": "attachEniFgtPort4",
      "provider": "provider[\"registry.terraform.io/aliyun/alicloud\"]",
      "instances": [
        {
          "index_key": 0,
          "schema_version": 0,
          "attributes": {
            "id": "eni-f8z6fhz4n89xdksghb1b:i-f8z6fhz4n89xdksfhg5x",
            "instance_id": "i-f8z6fhz4n89xdksfhg5x",
            "network_interface_id": "eni-f8z6fhz4n89xdksghb1b",
            "timeouts": null,
            "trunk_network_instance_id": null,
            "wait_for_network_configuration_ready": null
          },
          "sensitive_attributes": [],
          "private": "eyJlMmJmYjczMC1lY2FhLTExZTYtOGY4OC0zNDM2M2JjN2M0YzAiOnsiY3JlYXRlIjoxMjAwMDAwMDAwMDAsImRlbGV0ZSI6NjAwMDAwMDAwMDB9fQ==",
          "dependencies": [
            "alicloud_ecs_network_interface.eniFgtPort2",
            "alicloud_ecs_network_interface.eniFgtPort3",
            "alicloud_ecs_network_interface.eniFgtPort4",
            "alicloud_ecs_network_interface_attachment.attachEniFgtPort2",
            "alicloud_ecs_network_interface_attachment.attachEniFgtPort3",
            "alicloud_instance.fgt",
            "alicloud_ram_role.roleFgtHa",
            "alicloud_security_group.sgFgtHAMgmt",
            "alicloud_security_group.sgFgtPrivate",
            "alicloud_security_group.sgFgtPublic",
            "alicloud_vpc.vpcNgfw",
            "alicloud_vswitch.vswFgtPort1",
            "alicloud_vswitch.vswFgtPort2",
            "alicloud_vswitch.vswFgtPort3",
            "alicloud_vswitch.vswFgtPort4",
            "data.alicloud_ecs_network_interfaces.dataEniFgtPort3",
            "data.alicloud_ecs_network_interfaces.dataEniFgtPort4"
          ]
        },
        {
          "index_key": 1,
          "schema_version": 0,
          "attributes": {
            "id": "eni-f8z6wzs8mqvlh2kw4xd1:i-f8z2eey4cpn7c5ra3u6i",
            "instance_id": "i-f8z2eey4cpn7c5ra3u6i",
            "network_interface_id": "eni-f8z6wzs8mqvlh2kw4xd1",
            "timeouts": null,
            "trunk_network_instance_id": null,
            "wait_for_network_configuration_ready": null
          },
          "sensitive_attributes": [],
          "private": "eyJlMmJmYjczMC1lY2FhLTExZTYtOGY4OC0zNDM2M2JjN2M0YzAiOnsiY3JlYXRlIjoxMjAwMDAwMDAwMDAsImRlbGV0ZSI6NjAwMDAwMDAwMDB9fQ==",
          "dependencies": [
            "alicloud_ecs_network_interface.eniFgtPort2",
            "alicloud_ecs_network_interface.eniFgtPort3",
            "alicloud_ecs_network_interface.eniFgtPort4",
            "alicloud_ecs_network_interface_attachment.attachEniFgtPort2",
            "alicloud_ecs_network_interface_attachment.attachEniFgtPort3",
            "alicloud_instance.fgt",
            "alicloud_ram_role.roleFgtHa",
            "alicloud_security_group.sgFgtHAMgmt",
            "alicloud_security_group.sgFgtPrivate",
            "alicloud_security_group.sgFgtPublic",
            "alicloud_vpc.vpcNgfw",
            "alicloud_vswitch.vswFgtPort1",
            "alicloud_vswitch.vswFgtPort2",
            "alicloud_vswitch.vswFgtPort3",
            "alicloud_vswitch.vswFgtPort4",
            "data.alicloud_ecs_network_interfaces.dataEniFgtPort3",
            "data.alicloud_ecs_network_interfaces.dataEniFgtPort4"
          ]
        }
      ]
    },
    {
      "mode": "managed",
      "type": "alicloud_eip_address",
      "name": "eipFgtCluster",
      "provider": "provider[\"registry.terraform.io/aliyun/alicloud\"]",
      "instances": [
        {
          "index_key": 0,
          "schema_version": 0,
          "attributes": {
            "activity_id": null,
            "address_name": "eip-fgt-cluster",
            "auto_pay": null,
            "bandwidth": "10",
            "deletion_protection": false,
            "description": "",
            "id": "eip-f8zy9yiz80b9vwt7j5u0m",
            "instance_charge_type": "PostPaid",
            "internet_charge_type": "PayByBandwidth",
            "ip_address": "47.113.202.144",
            "isp": "BGP",
            "name": "eip-fgt-cluster",
            "netmode": null,
            "payment_type": "PayAsYouGo",
            "period": null,
            "resource_group_id": "rg-acfmxdbgqxxt4pq",
            "status": "Available",
            "tags": {
              "Project": "lg-fgt-ha",
              "Terraform": "true"
            },
            "timeouts": null
          },
          "sensitive_attributes": [],
          "private": "eyJlMmJmYjczMC1lY2FhLTExZTYtOGY4OC0zNDM2M2JjN2M0YzAiOnsiY3JlYXRlIjozMDAwMDAwMDAwMDAsImRlbGV0ZSI6NTQwMDAwMDAwMDAwfX0="
        }
      ]
    },
    {
      "mode": "managed",
      "type": "alicloud_eip_address",
      "name": "eipMgmtFgt1",
      "provider": "provider[\"registry.terraform.io/aliyun/alicloud\"]",
      "instances": [
        {
          "index_key": 0,
          "schema_version": 0,
          "attributes": {
            "activity_id": null,
            "address_name": "eip-mgmt-fgt1",
            "auto_pay": null,
            "bandwidth": "10",
            "deletion_protection": false,
            "description": "",
            "id": "eip-f8z4ur7jamjj3ryhybq8n",
            "instance_charge_type": "PostPaid",
            "internet_charge_type": "PayByBandwidth",
            "ip_address": "47.115.220.76",
            "isp": "BGP",
            "name": "eip-mgmt-fgt1",
            "netmode": null,
            "payment_type": "PayAsYouGo",
            "period": null,
            "resource_group_id": "rg-acfmxdbgqxxt4pq",
            "status": "Available",
            "tags": {
              "Project": "lg-fgt-ha",
              "Terraform": "true"
            },
            "timeouts": null
          },
          "sensitive_attributes": [],
          "private": "eyJlMmJmYjczMC1lY2FhLTExZTYtOGY4OC0zNDM2M2JjN2M0YzAiOnsiY3JlYXRlIjozMDAwMDAwMDAwMDAsImRlbGV0ZSI6NTQwMDAwMDAwMDAwfX0="
        }
      ]
    },
    {
      "mode": "managed",
      "type": "alicloud_eip_address",
      "name": "eipMgmtFgt2",
      "provider": "provider[\"registry.terraform.io/aliyun/alicloud\"]",
      "instances": [
        {
          "index_key": 0,
          "schema_version": 0,
          "attributes": {
            "activity_id": null,
            "address_name": "eip-mgmt-fgt2",
            "auto_pay": null,
            "bandwidth": "10",
            "deletion_protection": false,
            "description": "",
            "id": "eip-f8zae7905oxr919qnd43u",
            "instance_charge_type": "PostPaid",
            "internet_charge_type": "PayByBandwidth",
            "ip_address": "47.115.223.204",
            "isp": "BGP",
            "name": "eip-mgmt-fgt2",
            "netmode": null,
            "payment_type": "PayAsYouGo",
            "period": null,
            "resource_group_id": "rg-acfmxdbgqxxt4pq",
            "status": "Available",
            "tags": {
              "Project": "lg-fgt-ha",
              "Terraform": "true"
            },
            "timeouts": null
          },
          "sensitive_attributes": [],
          "private": "eyJlMmJmYjczMC1lY2FhLTExZTYtOGY4OC0zNDM2M2JjN2M0YzAiOnsiY3JlYXRlIjozMDAwMDAwMDAwMDAsImRlbGV0ZSI6NTQwMDAwMDAwMDAwfX0="
        }
      ]
    },
    {
      "mode": "managed",
      "type": "alicloud_eip_association",
      "name": "eipFgtAssociate",
      "provider": "provider[\"registry.terraform.io/aliyun/alicloud\"]",
      "instances": [
        {
          "schema_version": 0,
          "attributes": {
            "allocation_id": "eip-f8zy9yiz80b9vwt7j5u0m",
            "force": false,
            "id": "eip-f8zy9yiz80b9vwt7j5u0m:i-f8z6fhz4n89xdksfhg5x",
            "instance_id": "i-f8z6fhz4n89xdksfhg5x",
            "instance_type": "EcsInstance",
            "private_ip_address": null
          },
          "sensitive_attributes": [],
          "private": "bnVsbA==",
          "dependencies": [
            "alicloud_ecs_network_interface.eniFgtPort2",
            "alicloud_ecs_network_interface.eniFgtPort3",
            "alicloud_ecs_network_interface.eniFgtPort4",
            "alicloud_eip_address.eipFgtCluster",
            "alicloud_instance.fgt",
            "alicloud_ram_role.roleFgtHa",
            "alicloud_security_group.sgFgtHAMgmt",
            "alicloud_security_group.sgFgtPrivate",
            "alicloud_security_group.sgFgtPublic",
            "alicloud_vpc.vpcNgfw",
            "alicloud_vswitch.vswFgtPort1",
            "alicloud_vswitch.vswFgtPort2",
            "alicloud_vswitch.vswFgtPort3",
            "alicloud_vswitch.vswFgtPort4",
            "data.alicloud_ecs_network_interfaces.dataEniFgtPort3",
            "data.alicloud_ecs_network_interfaces.dataEniFgtPort4"
          ]
        }
      ]
    },
    {
      "mode": "managed",
      "type": "alicloud_eip_association",
      "name": "eipMgmtFgt1Associate",
      "provider": "provider[\"registry.terraform.io/aliyun/alicloud\"]",
      "instances": [
        {
          "schema_version": 0,
          "attributes": {
            "allocation_id": "eip-f8z4ur7jamjj3ryhybq8n",
            "force": false,
            "id": "eip-f8z4ur7jamjj3ryhybq8n:eni-f8z6fhz4n89xdksghb1b",
            "instance_id": "eni-f8z6fhz4n89xdksghb1b",
            "instance_type": "NetworkInterface",
            "private_ip_address": null
          },
          "sensitive_attributes": [],
          "private": "bnVsbA==",
          "dependencies": [
            "alicloud_ecs_network_interface.eniFgtPort3",
            "alicloud_ecs_network_interface.eniFgtPort4",
            "alicloud_eip_address.eipMgmtFgt1",
            "alicloud_security_group.sgFgtHAMgmt",
            "alicloud_vpc.vpcNgfw",
            "alicloud_vswitch.vswFgtPort3",
            "alicloud_vswitch.vswFgtPort4"
          ]
        }
      ]
    },
    {
      "mode": "managed",
      "type": "alicloud_eip_association",
      "name": "eipMgmtFgt2Associate",
      "provider": "provider[\"registry.terraform.io/aliyun/alicloud\"]",
      "instances": [
        {
          "schema_version": 0,
          "attributes": {
            "allocation_id": "eip-f8zae7905oxr919qnd43u",
            "force": false,
            "id": "eip-f8zae7905oxr919qnd43u:eni-f8z6wzs8mqvlh2kw4xd1",
            "instance_id": "eni-f8z6wzs8mqvlh2kw4xd1",
            "instance_type": "NetworkInterface",
            "private_ip_address": null
          },
          "sensitive_attributes": [],
          "private": "bnVsbA==",
          "dependencies": [
            "alicloud_ecs_network_interface.eniFgtPort3",
            "alicloud_ecs_network_interface.eniFgtPort4",
            "alicloud_eip_address.eipMgmtFgt2",
            "alicloud_security_group.sgFgtHAMgmt",
            "alicloud_vpc.vpcNgfw",
            "alicloud_vswitch.vswFgtPort3",
            "alicloud_vswitch.vswFgtPort4"
          ]
        }
      ]
    },
    {
      "mode": "managed",
      "type": "alicloud_instance",
      "name": "fgt",
      "provider": "provider[\"registry.terraform.io/aliyun/alicloud\"]",
      "instances": [
        {
          "index_key": 0,
          "schema_version": 0,
          "attributes": {
            "allocate_public_ip": null,
            "auto_release_time": "",
            "auto_renew_period": null,
            "availability_zone": "cn-heyuan-b",
            "credit_specification": "",
            "data_disks": [
              {
                "auto_snapshot_policy_id": "",
                "category": "cloud_essd",
                "delete_with_instance": true,
                "description": "",
                "encrypted": false,
                "kms_key_id": "",
                "name": "",
                "performance_level": "",
                "size": 30,
                "snapshot_id": ""
              }
            ],
            "deletion_protection": false,
            "deployment_set_group_no": null,
            "deployment_set_id": "",
            "description": "",
            "dry_run": false,
            "force_delete": null,
            "host_name": "iZf8z6fhz4n89xdksfhg5xZ",
            "hpc_cluster_id": "",
            "id": "i-f8z6fhz4n89xdksfhg5x",
            "image_id": "m-f8z1yo739z9yxo55dy7q",
            "include_data_disks": null,
            "instance_charge_type": "PostPaid",
            "instance_name": "FG-Fortinet-1",
            "instance_type": "ecs.c6e.xlarge",
            "internet_charge_type": "PayByTraffic",
            "internet_max_bandwidth_in": -1,
            "internet_max_bandwidth_out": 0,
            "io_optimized": null,
            "is_outdated": null,
            "key_name": "",
            "kms_encrypted_password": null,
            "kms_encryption_context": null,
            "password": "",
            "period": null,
            "period_unit": null,
            "private_ip": "172.16.11.54",
            "public_ip": "",
            "renewal_status": null,
            "resource_group_id": "",
            "role_name": "FGT-HA-fo1rhqj8",
            "secondary_private_ip_address_count": 0,
            "secondary_private_ips": [],
            "security_enhancement_strategy": null,
            "security_groups": [
              "sg-f8z2eey4cpn7c5rev6v4"
            ],
            "spot_price_limit": 0,
            "spot_strategy": "NoSpot",
            "status": "Running",
            "subnet_id": "vsw-f8za9hq8rwr3czh5z7d3f",
            "system_disk_auto_snapshot_policy_id": "",
            "system_disk_category": "cloud_essd",
            "system_disk_description": null,
            "system_disk_name": null,
            "system_disk_performance_level": "PL1",
            "system_disk_size": 40,
            "tags": {
              "Project": "lg-fgt-ha",
              "Terraform": "true"
            },
            "timeouts": null,
            "user_data": "Content-Type: multipart/mixed; boundary=\"==ALICLOUD==\"\nMIME-Version: 1.0\n\n--==ALICLOUD==\nContent-Type: text/x-shellscript; charset=\"us-ascii\"\nMIME-Version: 1.0\n\nconfig system global\n  set hostname FG-Fortinet-1\n  set admin-sport 8443\n  set timezone 55\n  set admintimeout 120\nend\nconfig system interface\n  edit port1\n    set alias WAN\n    set role wan\n    set mode dhcp\n    set allowaccess ping https ssh fgfm\n  next\n  edit port2\n    set alias LAN\n    set role lan\n    set mode dhcp\n    set allowaccess ping https ssh fgfm\n    set defaultgw disable\n  next\n  edit port3\n    set role lan\n    set mode static\n    set ip 172.16.13.192 255.255.255.0\n\n    set alias HA\n    set allowaccess ping\n    set defaultgw disable\n\n\nnext\n\n  edit port4\n    set alias MGMT\n    set role wan\n    set mode static\n    set ip 172.16.14.236 255.255.255.0\n    set allowaccess ping https ssh fgfm\n  next\n\nend\nconfig router static\n  edit 0\n    set device port1\n  next\n  edit 0\n    set dst 172.16.0.0/16\n    set gateway 172.16.12.253\n    set device port2\n  next\nend\nconfig firewall policy\n  edit 0\n    set name \"to-internet\"\n    set srcintf \"port2\"\n    set dstintf \"port1\"\n    set srcaddr \"all\"\n    set dstaddr \"all\"\n    set action accept\n    set schedule \"always\"\n    set service \"ALL\"\n    set utm-status enable\n    set ssl-ssh-profile \"certificate-inspection\"\n    set av-profile \"default\"\n    set ips-sensor \"default\"\n    set application-list \"default\"\n    set logtraffic all\n    set nat enable\n  next\nend\nconfig system vdom-exception\n  edit 0\n    set object system.interface\n  next\n\nend\nconfig system ha\n  set group-name AliyunHA\n  set mode a-p\n  set hbdev \"port3\" 50\n  set session-pickup enable\n  set session-pickup-connectionless enable\n  set ha-mgmt-status enable\n  config ha-mgmt-interfaces\n    edit 1\n\n\n      set interface \"port4\"\n      set gateway 172.16.14.253\n\n    next\n  end\n\n  set priority 200\n\n\n  set unicast-hb enable\n  set unicast-hb-peerip 172.16.13.193\nend\n\n--==ALICLOUD==\nContent-Type: text/plain; charset=\"us-ascii\"\nMIME-Version: 1.0\nContent-Transfer-Encoding: 7bit\nContent-Disposition: attachment; filename=\"license\"\n\n-----BEGIN FGT VM LICENSE-----\r\nQAAAAH5a2ia1jns3UqYVAoS4TvoxCFgH08N0gtdAVkxjuZVS04zBWWCcJb71wBBN\r\nBJ7+5sUpd/uvoduv7F5e+/Wz8I/gGQAARKnFVZsP4+6BrsWpC76i45HXpQA2wshL\r\nTRqWnVvJL2WoDvcnX/ghPCI0lGM/j670/pNwZ1kBNeMdYM45/z0m1reULS+TzNqU\r\nHXe7OOVkEfkGapECMNcb1XPSEscnNCMmBd4vzxiR2OPmKNnLMbh3c7OOTFG4A5t5\r\nsfPJP0KT7L6WFRm9bPr01qud3P+H2lGl/xrGty19kTbyeSVn4UCoTWT2br8pXkg3\r\na6oOg/tw27Vhs4xnfpa50Tikq5MR6bTIFbu/yKSLVwN6Vbl4sMTJiMcgbyR5d2/i\r\nO/Z3qSs8MjGXLAqH+ldiNbYPV00oyBH9WlnZ0aUG1IsvzSqmcvCFehK5JhO7c6IV\r\nuN+DJ3cdxZwBVpr/rpObXWTAcQiu3bpYqygwrRtoBA+ERYhx5CSHRJa8Y7QBaUqw\r\nto+rOP43f4n7l2526IFO6b0cf+yCPzoP/XRf9UE5PV3WWS19JbFgHm+UhJG+Si85\r\n5v608llpTFqkJoze62N6EfX70PgAWcyqOxK5ZMr6atX9PGDVSCEi0KQ8VHeUnlmQ\r\n5NDnMui4RuMOK9WxXs/8OrAiD7v/3RTW0tmkbm2VZIAT3tDkVZbKGQubHi4hb29e\r\n0aQ6m1Sx3xY2oRtZ5gqFyLySbIx2P0ew1bY9Lp8BaO179EhUKcr/jm6LFn73Yard\r\n5qI7zdxT5ekHxapkj0Rg5wv1sQwVKDbfvCkDWwhWAbK3RoTvpToG1oydHW0mSjIG\r\nWSaK6p7YGh1IeY/kcVnjNUcKBxZuTp67B2mGaqAIA5zkKg9tA23eG7zwPn7/1mXz\r\nm7UoilzgecxbSoV8z373btJEVUeXNv7sX37M2BC19FuVGNyqTQ6KbLQ8OmW8Vr+o\r\ndzjzSsxg0RH0SasZwBaNXu1CP24xiGTd7EsUFbqMZyRMQB+5+R/u8c4xIf6m63z/\r\nYhISsnocnVcYUD3/ry869WA3QXzV7gUafbLzR1RrrzoUtnU+RWKOf5ikbIOkvbV6\r\nyQ61No6QL1gDDP0b5scPPLZ+OxW3590NGF+i/xlvkN8ObiU30tCHZMVlTlyQTsG9\r\nYyJFLV8SANiKvFeuEEMhkn7XxBgXn11ZxnrBySNjT5IUqaVREfPMKcdTCubYbAQy\r\nBZbKK3ejRo0DPKQKJTh5xuGWs1z0w6aNqlvfBQT/2A9zmT7BSztlhpPlid85fJm+\r\nmFFFwvLDatVIElk81T0iSgsinluxIHJ4HDuecKMmVe0KgjNaqM3iG54UZgzjMAl2\r\nw2tw/D/T19SCEl2pc/Z3eIJJP8RrJhQDg402NMxAjfvrI3XQlgWwJ6JQuIP9sYZW\r\ncAUJ/koO/MhEaTkOYPDvYmEuri66K/XeyFSto5tn+EwF9GiY5JtKqLYQbRs2FYoi\r\nvsk96HQHSG6PNP1u6b6vF4/o/d4SdnrWiyDOos3ppRrNH2Cm6fvV7UPOYXgfyt3U\r\nYoQTemn+rx+fQPa8yC7OlDTrC8oyoIZMQlBCzVnYeHVCI0Q1nPvaZQ3MJ486wkq1\r\nB2X7SuKzjjCcrUTTQl+ws1AsQdONhRh8518U3s1yKthZu8SPLN3ATSe9uXwbSs9w\r\nk0USxH0AIFbpIKH0p8JOn9SDjaQGIuY9uJMNya09/hNn7rJylcsbhmaCcgRnyYAv\r\nUicfsv1d9jRBuPg87sG3s4P5Bhw44Nn9srmMJ4QWQ4KRzDHynwFyOP579kSTeZT7\r\n+gNbaXi5nv2URSVwMifKnLOg+8SdnBsqSh2sUzBkyM/6ydeBhTTI9He32nVSmBaV\r\nu6ti20RtZmmdyQvUrjxNrSWYNM/rRkBa2FEMFnE/pXxQQisK7656MxWKpGb4UX93\r\n8laxBSQVLjCYP8mKt58D39uVBKEJGfRilpm7MilT3te/XDY26tCWWF9XyxWuzT4/\r\nsI3NGoFdkjLQvVwyMH2JYKfa1mGSRTG1bFevTCE3P8Vx7ATPsSpydKCY03plPPjD\r\nUD26BhcuS3GbU6GnZjw+4ZL+Z65l9iZYeFYvi71ylWynYsPzkHg8kv44+EuAauV+\r\nOO8ECaHwq6LlqO6sd7X6EAnbbi59MPeRjUGazdzmr57fT5rKrmvm/pwyulWA5jEM\r\nNMPMeI61qFqz+WT3Cqgh0yECbjqJHvjv7DIymzoC2UUFqMKt/bmAUUdo3jSkbeC+\r\nNQMFJBcn23WY9tLwD3PeP6Jmm8cAqQr9trj1ff2YYjuvU+cgWjUPMOmVpvb5uOEz\r\nVDsPNJV9Tazu+XJeFU1g2aXKGl38zIWWTHilYukZVyrAwyVh1nozUc7m7JaCzwPL\r\nXW8UAthVtzzRiVcWo6oJ5UU2kola338039vi9miM5IgWRMgcs1pGtFb/IA8j2F67\r\nnvJIbEYuQf+JnHRENSJUc30dgrYAQuhpzJ5n0GoHHKOTxsTB4KQz9kHHZnanZVLt\r\n2FD6yJymT/bN6deGn6mlA9ENvULVizXn/MN57H1ZZs7QtxNjcQHKl5hy+1BH/cLY\r\nqEhiZdvTm/IAMQNhV6oJe0xU/ac106nV0njFb+Gi565/8fjtCc/G0fRoSNvgv32b\r\nJFTBVuOXfrGpcHZob7wL41DI843Wj9gJi9426/Bqcfxd/TzloPsdfTpL89WynYTT\r\neg5glRjYIwu74KjXuoOe/DaNjuNbjsMq4dijxaFXmaDbXuUSZ8zSVIrbsYo1+gmp\r\nBTQtQwOxJYaC5GZkVS3g7U/YsQJo+Z90RshylEXMJ3ds28y+HR7P0/odidFVmmez\r\n8UpSA4rvVi58ZFD1ntzXBckN+mtV1KQ/6TJdFb5z6CJPQJk5cIF8x1c7pX/sgisE\r\nku3snZjU6/V7katylDU6ksfBm2UqfX0RcGEP4AM+bSeETaVHFhh4yxnilUyLjzVX\r\nhpjlFQUwJt4qo4XmuaYzOioUhbD4jtGOZ1cV0ObFXBMW85WvWr+bGrkVz5qLc0Fp\r\nEXRYiadNcjUZkw62dnS6d0QGHA/MdOqx08IxlADfJwb5RUAqH4z7a8ymWP+szFHj\r\nU3ZSuy6HdRWyv8VmJfb81GPZRNKp0Cig3jR0E70cQHuhXlqjZjx1FQEkxjI21glZ\r\n56GQn3ODwU5RPCTsnR8rB7UUYWGEYOybZwsDKWbJAGUrirR5E3sCRSGgUcZPCiXu\r\nMCFsFujvhPXZmh5Z/82EKG9ahdG8Wg0JDbvc8j63/LBk3OmCJXGK23gQgvI1fpNR\r\nxzHjo1DCo1m2z5OSjPfWOBhdaVJfE2WFIGvWNxDWB7WzEhaqf2PXZ/JQMNlApJQ2\r\nFgVkiwjQruwHvR7eGbDgrkEXtnUwQvraWduYMCjZcdjidxV1qOrCEkHg1yg/qby8\r\n4HHigpBAW3PDFStZVRVKGpIZKAEECMXtCsB8oVubsWhZk2q78Lly6bu8MJzk2Jos\r\nvGJMBbSqZyGzTfLiFQumPZFUCebVwyxw791VTsp2reP1K5JXG5lbv9n8+c2l7acV\r\nlqClYf6V1vPBpWk1tL/1l116oF6pMMMfVPlx/n8ZHIcCzi6OLt113aWSezrB6BuR\r\nL0H3NdpXmciewLlYWN/gX9Gkjq3HclY8CPWWtZfoAimnW4D77XNG3wsgHh/44TN0\r\nLj/S2Q/aRp5YuIFLTMWxL184e8UL+nPk/MK5VdBOhXqVCHbHePdGcpbEn4BYaIZ3\r\n0qBeJSqoqi61ik7Tzo7S954bINC0ONT2P6x0PV82Q4yn6FCNqHZx7nUKzLZcP41r\r\n+pkspftYGn4CzToz2IQVRZ/CVJ4+9xtDRWaY92yfz6iZKzXufXBx6+TngFtwKBZT\r\nwSclG5tkHmUeQkZhw4noMvko7gf5DgCxl94C5EC8JlOxUi+elRHk4QSZICtf7azo\r\nWC/vdChozYnBXl4xODl3iar3Y00J1X8kMYBw+nowkM6fAzFrO/DM49V1/q6AgxGh\r\n5jTvY2/WjoYTOZPYiby9/YDTfS3AmaL26R5CiizesSze4F1hltzRl7Vg+gmqScz1\r\ncuPJPwnS25SVfHJ3NszcU7m+AyWZYkagIeel6N4mNGDs2Y+kRqs7TuKk54OlLSg7\r\nGJvOg9kPirixuvk8h/g3X401asVfutR3nBRBZ3IdOKqnzoEfmViVs2WqEwEemO/R\r\nutS2putw39gNhoKP2ofnkoSFGxTcwjrF2NZzkcYqS2LjHgy7QJlMUG3ZpirNRV8F\r\n+JzGAjbhieZ+ZzDTo3R7HGAmpHwPgV7m59mOCFOt5qo71ShYgKGoKnLuvAzONp2p\r\n6EZs/HlYgsJOH2QNrLvFWRaCndpAE9h015t6kY/C0GLVjGB5NNhdIkDAs42ilR2o\r\nE38gS7DEXzEKntLoOX1G3kKK8wo7HD1WP7g1FI7I9DBX+6JnlJF3zJZ996KMCR5K\r\n4poHUxXCfHeMHosUKbTUGxm0I7I/eHgnHXIUncMtCDy2E9llCeg36E3PH6g/rs5u\r\nOwlFuNOX0TV0M5VbhbiS/eMsFbL5s8/pkjtyYut0oC0PWhSE/aG36kQ1mDDqGuRp\r\nNtvfIh4HB7IervPyFJdMgxDxxy7bf5lMh2R7yzy58YIt4mUFBekrEHqvCgBNLnXy\r\neTnWsVujcO0fAzW6+l2SJrgYYlSAd05Ybypg+LoUAzqBw348UBG8kIvF05AeDsGP\r\njAtZe4McWSP/vOvkwG4OP5Xs28/shTCiIsrFTKBEMUuHoiyqWkokoHkW/gehtO5p\r\nbDGQ327qMjzkv2kUHU1ykjwdOPGknl56vGD5zRRzHrsefAjF9i3PbdoaPszk9Pel\r\nowG3L0oyTKhkgxrxf0L0kzAvhp9cfGTDCo48xdQ5vlfMb6jd2lWYARnSbmd5zzTz\r\naaVBMC7hePEj9dPeBO33hmXSJyc6OhpD3rXxJ++vQ26JFA7eaJr81PwDvGJnxS3r\r\ngtLaPm2B/fOLfWWbPIor3aazz2TYHzmm8hC0WmDtLnh5BYc/PCD3J4+kdFFizfPO\r\neIhkTNNG7UwpzaLE2BraRfx7sOSESY7FiXZT76NO15RQZHFnoLlGPE5f5pdxaa/5\r\nif21wewofsxPvUauFeZbGmpYWtFjDA49tMAT+ooaLoPbfXib7BtanfXN5pMSoSCD\r\n2J+UwfuprGbzByc0X14vTPahhcsjC8CG2gTYHr2rsvBd29u1HSF55K3yM5QOkSxE\r\n3z0nq0pT2Xpmtc86LpojLkcuXHrVCeqv03O/b+6J0N3AnKHj9Dk49a/Ld0LOSxPs\r\nA8awLQE8bBknOkxMPEGuCI1/ztrjh2ZQ2bl+iAK+GuTkcbNqUgcIgDb5u6y+xpgK\r\nG7P9G089jPjlaZFUnwdRfN9PcVpXbycUOrei2DP+4CTpPI2ybsbxf86DoTZfUowX\r\nvuEfHlApZxkd7jbwvbP+qf3mOPumG5ThCTbGs5XbicXTQvAPD64zSh+neI059Kwx\r\nh63o2s/SvO5fl/mB50v3MAjLDiqPs86XNgU+0R3ZSlyEP69S6q36rBZLNIv94oFP\r\n8tC43zJ617CfKmruEDC5j9IIWVuoe5+uwm+gK3GfkDUeorVnidiwPnRskHHjAkoP\r\n8GMxQ8zL1qj71e8tDQ5GmqAJKNm6R6eADvIYKiTV+DAwPRUR7mpGc/94wxsroWY5\r\nCqaRTMHqF+QGoG4+SzgMDxX1I2irdv4XpppYSbVWKpYWQZEeRPBG/1gLRzIliSf3\r\ngQfYkMDQJHK2WBn1k4dS/ZrhRya8qsAkxHuLjhx2JCQdqCJ6RzZUAr8lYYlgx6gh\r\noBglPAEP7L9rl9tLAXvgatZWtfLLPxk4w+CPxGpJgAdGVvarm2ilFIL/7ILGZb5K\r\nUfYSQt6qbu5cUzxIGtywAizmb73J65Mpsf0AzYliu/yXf9/G98F3wPTTGCLrxVV3\r\nkCUL5jcp+UeMl7bFqHI7RXfxph8nipZ7x+u+azIgfLB0qCERt3WX9v0k6tA5LOYY\r\nEZXZe+tO/3YEFLWc5qBeJ419ce3iqM+H6ydKI7JQnGzxgqj+g+jgaxqLk1YTkANy\r\nosvxEILL0FK9J3jefh12q0gKcQk62/6JCCqlDBYozuamXVr/ewwJsAtNLrMdmH9L\r\n7YFYP6jVl4bDgm6SskE/mZ/SoLtPeFScexAfcce2nNSv+NHvCKc4AxI9CX2o4UHR\r\nY5AWflaeTlsUZfJ5fe4rlgZ/vP6CPHKp5mtyf55D9qBLdFkwoDHQA+FmZTMIlogH\r\nZEfrL5eUlVnsMXRYsEdPvUWqVcvdH/j8qVrdCEg0Zk9L2VpmCI+b6fwVsJyhxH2b\r\nRHdnHrNHZMmpqUfPQW+MvHRiDbyM59ss17gVwGZzQ+iWopnzT9QXCVi680vRPiZ5\r\n4P0LU24E3CrCz+ElhwlHEQOduZGpLF7Q/Zv6PVjmhwLxNIG1HfnMWMPD0uPfQJjG\r\n9VBOfx7/+KE2BNOfBB4kXK8ps+Za9cyaycn3wntNU5tEMPCH13R1n8lPAIojns3s\r\niJTK4p45cstECt3yBa9HnB3af02z7buHDD1T8y71QDU2/sD7MRH1EqRYM3FUAe16\r\nJ1/PzGUOJwU6kYwiB5rQhIgUzAz7GYTCelZLslMgWFnuRB3oXNnjuvUxUworf/bT\r\ndYIOjhG9lf5QpwA53NTARIXdzj0SUQW+L/5y2qG8eecUntGJ89GkrsNT+ohG/Dq4\r\nmmti+8URLHwjmAI44EoB+Ji9uArBv0Z39grCMs+byUPbBVKgVQtWXYPRJ/ZlFPpA\r\nGGAFTNIAjWzNEoPqOfGqdJ0TaQ36TKQUs4KZtVpokHuJGxrCZREnScikjol8WuLq\r\nElmIB6EuyqU9MVQ4hyDuvdfEJHIEyQsbUi3OSzqqc6buqJYsq1ryGoigG+6d4wvS\r\n2LWTJ0USF7YeXX3bkA3xAuRbefmqJM5+QLcI9XgS9UK8qSbilRzerVEZmnmAubww\r\noq1fRHGGWWpoq210hXX2d99ODgs9pUSKyxuEpIwC3m5TXRCRC/NWVhTkjD+kIcOx\r\nIt8LJD8k7nlfTV3SKVQB2zLF1Y01CYRNs0JJDLibyHxoiapp2a/ZES5G/9ixfJqi\r\nXftZLBFjtfXSgUWWfHSkekB+XHWmwmQXon9rwg9Qry0yZsaAfRwT+r45PyWKJ81p\r\nFHEEiUFyIKxtpYxLKq1pNm55qauYA81W19flMhG4AhR9ziAT09sbJ52osS4ImcuS\r\nLiaJakm3dyzmOm6YsJpUuGb3JOzqhPPUD37TtRWHMY99Zebedpla8h2qkmkryH0F\r\nRgU4zW5MEth3PH6iGbgejAKFiGRReW2wG7mgXBeePY8+Sjy2aJAJGZdvx4S70CaZ\r\nd4umQ7B1pTstJbDsvQOEw06XHKvDzZodqUeS2NYf0FGzHy/wjdvT2kNNY75ED57B\r\nHBvY4QwzSffVmFRLP6QxlEnb266Ecodqrmw3lzmg6uO5lwXvjXr05p4crlaAHVdU\r\nUJU8m9/mDUh3YFQJUd4toHdczHiw0WBYdmRp0kk9Sls3oNOquShdbIuMYuiOZFMv\r\nO8sr1wNwtARixZEux5ESfkLHLPmoTgBR3h3p5j7aAu29ctfEt354FlsZmuGS9fKu\r\no9ha50rloS4DuTCApZfpm3oBc2RfjxmHLM5NMIVTYAU5qWlxbg19BNFoCqB/063p\r\nHq7Y+zsPsgscSzi87rR+rhNVONDfnoD77SqIuMLnEJjH/NRp2W1jcGx2sGg+LxJI\r\nlzsg690ilfxstdmnWH9F51O7z1F9xPbABsrwVNG464fiJT/1euV0l2uBOL4hjs62\r\no7gHfhd2gSO/2KZn7ZdQ8n/ffxH2kqkgcWGkSUW3RnpgTYa5otUzPvEyp5Vtc5uA\r\nHwWaidSMdHBnjEl2wBEKx317c6f1vCCIIjeU7M6qNc0va9AH0lne7rqpjlw1msoK\r\nbSOkSAIKiR3s6Iw2TKwFe4YV1mXFA/SyYgOKKCDHV0FlZh1gdsn7sldmTipIAR49\r\n62/RxYU8/HPUk4h37qUCmWa9DqwUHXrUnTx36zOAL9DCwd1FhCJlgkL30hM17Qqu\r\n4OI0EUA6jkqrrClpgoqn5T3OE38xNMWnUXXjfLFfwJ2sZuKZ5E0hR3bDp0YQNDPm\r\nE83lXt8PJ5HoL0Qexwbaq+nzwYPUzjjk3dLvrm0dVIN1HlNm5L9ePQ1diSwviIyx\r\n9wa1HbAoho+Zq3SiDPhBqxtlpenHc4nA1CW/59gXB+gk3g4DIFMbySxg1G6qswcf\r\nXC9I8dYpyrWI/Lt80pgi2SFeUIkKCZLts7Z2MSBRB4t2u6aFnEh3i14/EYL2Oise\r\nfryvMZiWeSIEUHwT+YMA+0RP21BuaVUWB/evO2t7dr4FGbaVD35VNmlfE+CwoKfT\r\nBPijUI4cnf7x7zIiutPwA0jF9rgqN/w5c1GkrNifizs08mPj2ekxgJqGecVyfd9c\r\n9W267FUBess8G2tvFsNaGmO8DjArF2Dm5HSiNLRBWpz/kiCit70Ca5+4WTAt3SqH\r\nci3ZruuC0P9oO/LbvWh+tgP/A9TTIice03UzHXJztXGIS5/e1AiaEcJhk6n9bKjQ\r\nDWX49B8oizXuae38XfCrSsSTj7dtlWRpe7JTUgzBpXFLrm9oa4bfh+z9Pl/r50nS\r\nMlEXEjeUZk1GZJIYAyvrKbChxNU4Lj/Mx2h6keZOwRS1aFMKYTqY/qtEyzowEvCb\r\nmtS0KQl1HnDP6iYJhFNtDPCKJLvsIVOkqHX2T5Or8TNt3okMJrbqR71fpfUF6ocg\r\nUl8ymWKRK70zmbcnthmVWVYbuX80BzA8IIOaOkmWDI4qfRF4sKGOm/qrZgi7jJyi\r\nGcFjRb5Xare/XdPJqojfHalXFJUFj1x6CIlEuvQiyd5xvup/RY2207urMt+CpGZL\r\nAFyauKJaFo6rHaob92mW7SPBXMOLa13lsMIbReFAZZNxH2u51K/pYp5iwYOiqOBY\r\n664wMLiFV+uOLZji9fK/8MIpyGrVUnl/\r\n-----END FGT VM LICENSE-----\n-----BEGIN CMS-----\nMIIMiwYJKoZIhvcNAQcCoIIMfDCCDHgCAQExDzANBglghkgBZQMEAgMFADALBgkq\nhkiG9w0BBwGgggjrMIII5zCCBM+gAwIBAgICIAMwDQYJKoZIhvcNAQELBQAwgaUx\nCzAJBgNVBAYTAlVTMRMwEQYDVQQIEwpDYWxpZm9ybmlhMRIwEAYDVQQHEwlTdW5u\neXZhbGUxETAPBgNVBAoTCEZvcnRpbmV0MR4wHAYDVQQLExVDZXJ0aWZpY2F0ZSBB\ndXRob3JpdHkxFTATBgNVBAMTDGZvcnRpbmV0LWNhMjEjMCEGCSqGSIb3DQEJARYU\nc3VwcG9ydEBmb3J0aW5ldC5jb20wIBcNMjIwMjA0MTg1NzI4WhgPMjA1NjA1MjYw\nMDAwMDBaMIGGMQswCQYDVQQGEwJVUzETMBEGA1UECAwKQ2FsaWZvcm5pYTESMBAG\nA1UEBwwJU3Vubnl2YWxlMREwDwYDVQQKDAhGb3J0aW5ldDEeMBwGA1UECwwVQ2Vy\ndGlmaWNhdGUgQXV0aG9yaXR5MRswGQYDVQQDDBJmb3J0aW5ldC1zdWJjYTIwMDMw\nggIiMA0GCSqGSIb3DQEBAQUAA4ICDwAwggIKAoICAQDAfW0Mnb4wMgg2p0tZFKcU\n4WHFn75Rj9tAKFzwobFcU6AAiP+6t3nqRiVbdX7Vmta4C2uhX67G52ir8MR8tMB8\nEZRNYmZARaIwaYLtm3VEUm3YU3AnL2D6h5rSSIgIEUF1KsjfQh41nRO/PzhtE2KJ\nIWKKSuKCQY0xaA0/41xncinqQVOC1H4aDETZfKjX1I8nuj5Y1znpyY1YJMcrautR\nayh/+GgNcZw6PNbUG3Cyr31d2WkrKkfrrG9uIrHEZdwlahW0jLeIkLf82JVG5eFq\nxGPVEsNEY7pCXhNYqTsvc2rUTsgM3pyyAlSjRW7IOrRys2SXNNsqw4HnbF5zZ5WG\ndUSYIiWE+TzaeqTVAI7WytQTnYEyn2yyNauzkf6r2U8nxUKKLJav6+pxhqD7q2nG\nAnWP2EjsUlMHsXq1AD+I4NobS9Pa3SnkOah+vWbKH5/bLyITbC8jIzad4ZPPZV+N\ncfi+iJhKnVLMDXmytE2nBb3WDJeRdHb5BX0V7J4YJjxATs94iHeZXXg1sPZMc1bA\nEyIDpmUlnPyyD8XhPT255gcRz4Oug4S0Bqz2wl87HQ8Zo4miGbOO4rMiVlIQrYDp\nfdWJshoVzU1SJnRmsMIutIHI8WdGyiOH+7zM1RerKfwxtnBwTAdhHO91gTNyf5Zd\nto7F/JPDx+wLSxZHJ4Qj1wIDAQABo4IBOjCCATYwHQYDVR0OBBYEFM0PR6Keg6Vj\nyeasxdtYvhQIP2VjMIHSBgNVHSMEgcowgceAFKMxr6NI7qHiX7Hy/db7QUhQGzp1\noYGrpIGoMIGlMQswCQYDVQQGEwJVUzETMBEGA1UECBMKQ2FsaWZvcm5pYTESMBAG\nA1UEBxMJU3Vubnl2YWxlMREwDwYDVQQKEwhGb3J0aW5ldDEeMBwGA1UECxMVQ2Vy\ndGlmaWNhdGUgQXV0aG9yaXR5MRUwEwYDVQQDEwxmb3J0aW5ldC1jYTIxIzAhBgkq\nhkiG9w0BCQEWFHN1cHBvcnRAZm9ydGluZXQuY29tggEAMA8GA1UdEwEB/wQFMAMB\nAf8wDgYDVR0PAQH/BAQDAgGGMB8GA1UdEQQYMBaBFHN1cHBvcnRAZm9ydGluZXQu\nY29tMA0GCSqGSIb3DQEBCwUAA4IEAQAZwRoHXRhUyS9cNQW4wd6h6NrNSTxU7jUp\nIXajkEOIxPgBoS3t6rhrXqsUBaexx51tdA+9VE70cEIyZIbuC12wwjmJwds7uBlt\nksUzqSHX4eGDiADBUvrh3dpL30GthUI7S9o4WJGmjsBlPTLUgmuaW6p53b2y6Ohg\njpatihxbfukiNq8Gnpl2joljcfP2nZQiWWzpU6B69WRoh/ikJJskoCU0XB57qVZv\nubHv73/Q37WdDeXchqw30OAmxVQhxjBK2gNR6nM83lZsz38gOwW4Parb1EaJNHP3\n83kFmtSs5GNANP3xMoW9/uN23Bkc21iNVfoXenFF9sQnlHZ4zNiGwlgfujTbxMEA\nAsYfWU0i/IuX1+/AOHhTC6VUdQkM6aOngP/C0P0p5m9u2o4quAdNpEqjmZ/3Hb0a\nsKFqYj6cosFdnxElxPUOq2lsaIFSiAwpgSv+tGVyNcpfYqM9Uo6FmEDmjH7piulv\nEJc8q2Urmy1UQx7D88y02oRSypXCQqXfoyZo3m/o06cKz1sJfmGgJrz+3PLOV9/O\nvDwsOcOIbRnR3d1oMLiZUwyeYb8D8cz2gWananUNwFZUFasZceVUbdVG+uZTF1Jk\nGXfO3Pvl1WtsLz2NIoO4V1OForjLvWnbhEJGVjX2G4diymyGE6kj+izWtQKhhb4Y\nQgEcHfWyXH/VT4GWruTaG7s/4eXpf/TMdZSQqSbVCcFOiiIwKmW/T/xN7VCSe2xm\nxy84ZsJxEvgKYpE4dxX85Pp+B3akAn0Wm5B6pnTahLP8xQAFMyeHyzb5H3TmAw6K\nDKt88LBqABdSX106j+4WnqICs6S3qp6AbVdvm/ADS/OrkvJim4zEmRX4RXZPFA4Y\nHiga6O3C8jTeQKMurnzIiF0PEZqUjIKChh3Tr5khP6ES+dBI0xWk4Kis0GikDP8D\nc8V16IcRfjUIpyjh55SlscMBboOKwOBNjsZINXjiERQu8X6Y+J1kNkkZObpp2YQr\n+oIIMBReFJdEOTfHWdG37BoJWA3AFk5WuW92nK1k31GH/9mQMJIEEXmKhy/lkVrk\nWpcH7XaD12plEdbCV5E3yyw2zCZKUVpHTm+JWUKbXdfiZ956GzSUVS8qDzvuaE86\n3QEY7gPKJ2w3GannGrxo2ZDxM9B/IHqEYcuH/LaI9a5KhlZb0GIJc2gXqerLP6Ck\nUtPK/ue+VBkFjSisW+VF14r3MdYGna9wCNfvZNR7kod9elakxODrlIv9LQCmPfk9\npSUUJveLP+M3Nz0rNlHDFQmy5UyyvaMynSgU9hzltoe2fTWZZ9fv5MVjhynTPh30\nT+Valz5HlrPJ+ig2PWnTclMtGiaVAG5KQfFGLTKJ/7uNSwS77k8aMYIDZDCCA2AC\nAQEwgawwgaUxCzAJBgNVBAYTAlVTMRMwEQYDVQQIEwpDYWxpZm9ybmlhMRIwEAYD\nVQQHEwlTdW5ueXZhbGUxETAPBgNVBAoTCEZvcnRpbmV0MR4wHAYDVQQLExVDZXJ0\naWZpY2F0ZSBBdXRob3JpdHkxFTATBgNVBAMTDGZvcnRpbmV0LWNhMjEjMCEGCSqG\nSIb3DQEJARYUc3VwcG9ydEBmb3J0aW5ldC5jb20CAiADMA0GCWCGSAFlAwQCAwUA\noIGJMBgGCSqGSIb3DQEJAzELBgkqhkiG9w0BBwEwHAYJKoZIhvcNAQkFMQ8XDTI0\nMDQwNzA5MTQ0NlowTwYJKoZIhvcNAQkEMUIEQPWn/Gw57+z/ZELDuWrODIP6uzME\nTTY5AAeONbLwvLaTDTtysy/JrZzPQ7xJXla6TfNB16hR4MAzyqX2s6pxUBIwDQYJ\nKoZIhvcNAQEBBQAEggIAuhOfHR6PV6D0O8jCgA0v5T9S4E0iBK6DbjK29EKRWGN+\nq087HceaLc8hcXGn4c07aQiGuS9XRcJokUIOAjOBWmYF/m7DmZgENlMCGHKHWNtx\n1U06806UF8QYtsZZ3Tg9oPxLwiy/4jeofB9vLRZJtO9pkKDWZdKMyUjjX5CEGjGF\nhyfJkSSnUau1AAJ+pAlnlGiZAEC93+uw5CspjjLS/Ncb7QyszqBmBebhOrNXZJ8A\nLvWrQs6m80WvhtpUoLxQMGjR7Y4ozUhVsT7LvtyBT39txSIqa3wjgLtHnDJl0Zpq\nXEGiisSDQ0aY+oScEiO3f4TSclMDQHwDHzAubhpUn+7+VZptdplYtqKZr/agMg/P\n4BA4eyiFsWRE1a6CwrK19Oc1/qEreisripNATA2niHgYQo7SR0npC/TDYV40vb7t\nkOVK4RNdWkDN294deA78N8m5lAyBvP+iVBWLKoQWdeR8vOmrZeVBvU5A1/H8Yv2r\nO2nJAj2NpA3yi0Be3uNr0kbmVm8UBn0sHkRmcaDfWP2uRS7p5DMg5dq1m1PQOLrV\nEhiSH98t/tQynWZWPx8DdXLa5D4xkihrHCd7OTj/zYfySBKDBPIqG9xQQocZLUyM\ndtqEs8qiTMiOE704gl+gZh5jBZJcII8cQ9bm+dKudwZjLwE1eyZsZ5WpJavN9YhU\nTlRGAQAMj1KnBUxF3ysv\n-----END CMS-----\n\n\n\n--==ALICLOUD==--\n",
            "volume_tags": {
              "Project": "lg-fgt-ha",
              "Terraform": "true"
            },
            "vswitch_id": "vsw-f8za9hq8rwr3czh5z7d3f"
          },
          "sensitive_attributes": [],
          "private": "eyJlMmJmYjczMC1lY2FhLTExZTYtOGY4OC0zNDM2M2JjN2M0YzAiOnsiY3JlYXRlIjo2MDAwMDAwMDAwMDAsImRlbGV0ZSI6MTIwMDAwMDAwMDAwMCwidXBkYXRlIjo2MDAwMDAwMDAwMDB9fQ==",
          "dependencies": [
            "alicloud_ecs_network_interface.eniFgtPort2",
            "alicloud_ecs_network_interface.eniFgtPort3",
            "alicloud_ecs_network_interface.eniFgtPort4",
            "alicloud_ram_role.roleFgtHa",
            "alicloud_security_group.sgFgtHAMgmt",
            "alicloud_security_group.sgFgtPrivate",
            "alicloud_security_group.sgFgtPublic",
            "alicloud_vpc.vpcNgfw",
            "alicloud_vswitch.vswFgtPort1",
            "alicloud_vswitch.vswFgtPort2",
            "alicloud_vswitch.vswFgtPort3",
            "alicloud_vswitch.vswFgtPort4",
            "data.alicloud_ecs_network_interfaces.dataEniFgtPort3",
            "data.alicloud_ecs_network_interfaces.dataEniFgtPort4"
          ]
        },
        {
          "index_key": 1,
          "schema_version": 0,
          "attributes": {
            "allocate_public_ip": null,
            "auto_release_time": "",
            "auto_renew_period": null,
            "availability_zone": "cn-heyuan-b",
            "credit_specification": "",
            "data_disks": [
              {
                "auto_snapshot_policy_id": "",
                "category": "cloud_essd",
                "delete_with_instance": true,
                "description": "",
                "encrypted": false,
                "kms_key_id": "",
                "name": "",
                "performance_level": "",
                "size": 30,
                "snapshot_id": ""
              }
            ],
            "deletion_protection": false,
            "deployment_set_group_no": null,
            "deployment_set_id": "",
            "description": "",
            "dry_run": false,
            "force_delete": null,
            "host_name": "iZf8z2eey4cpn7c5ra3u6iZ",
            "hpc_cluster_id": "",
            "id": "i-f8z2eey4cpn7c5ra3u6i",
            "image_id": "m-f8z1yo739z9yxo55dy7q",
            "include_data_disks": null,
            "instance_charge_type": "PostPaid",
            "instance_name": "FG-Fortinet-2",
            "instance_type": "ecs.c6e.xlarge",
            "internet_charge_type": "PayByTraffic",
            "internet_max_bandwidth_in": -1,
            "internet_max_bandwidth_out": 0,
            "io_optimized": null,
            "is_outdated": null,
            "key_name": "",
            "kms_encrypted_password": null,
            "kms_encryption_context": null,
            "password": "",
            "period": null,
            "period_unit": null,
            "private_ip": "172.16.11.53",
            "public_ip": "",
            "renewal_status": null,
            "resource_group_id": "",
            "role_name": "FGT-HA-fo1rhqj8",
            "secondary_private_ip_address_count": 0,
            "secondary_private_ips": [],
            "security_enhancement_strategy": null,
            "security_groups": [
              "sg-f8z2eey4cpn7c5rev6v4"
            ],
            "spot_price_limit": 0,
            "spot_strategy": "NoSpot",
            "status": "Running",
            "subnet_id": "vsw-f8za9hq8rwr3czh5z7d3f",
            "system_disk_auto_snapshot_policy_id": "",
            "system_disk_category": "cloud_essd",
            "system_disk_description": null,
            "system_disk_name": null,
            "system_disk_performance_level": "PL1",
            "system_disk_size": 40,
            "tags": {
              "Project": "lg-fgt-ha",
              "Terraform": "true"
            },
            "timeouts": null,
            "user_data": "Content-Type: multipart/mixed; boundary=\"==ALICLOUD==\"\nMIME-Version: 1.0\n\n--==ALICLOUD==\nContent-Type: text/x-shellscript; charset=\"us-ascii\"\nMIME-Version: 1.0\n\nconfig system global\n  set hostname FG-Fortinet-2\n  set admin-sport 8443\n  set timezone 55\n  set admintimeout 120\nend\nconfig system interface\n  edit port1\n    set alias WAN\n    set role wan\n    set mode dhcp\n    set allowaccess ping https ssh fgfm\n  next\n  edit port2\n    set alias LAN\n    set role lan\n    set mode dhcp\n    set allowaccess ping https ssh fgfm\n    set defaultgw disable\n  next\n  edit port3\n    set role lan\n    set mode static\n    set ip 172.16.13.193 255.255.255.0\n\n    set alias HA\n    set allowaccess ping\n    set defaultgw disable\n\n\nnext\n\n  edit port4\n    set alias MGMT\n    set role wan\n    set mode static\n    set ip 172.16.14.237 255.255.255.0\n    set allowaccess ping https ssh fgfm\n  next\n\nend\nconfig router static\n  edit 0\n    set device port1\n  next\n  edit 0\n    set dst 172.16.0.0/16\n    set gateway 172.16.12.253\n    set device port2\n  next\nend\nconfig firewall policy\n  edit 0\n    set name \"to-internet\"\n    set srcintf \"port2\"\n    set dstintf \"port1\"\n    set srcaddr \"all\"\n    set dstaddr \"all\"\n    set action accept\n    set schedule \"always\"\n    set service \"ALL\"\n    set utm-status enable\n    set ssl-ssh-profile \"certificate-inspection\"\n    set av-profile \"default\"\n    set ips-sensor \"default\"\n    set application-list \"default\"\n    set logtraffic all\n    set nat enable\n  next\nend\nconfig system vdom-exception\n  edit 0\n    set object system.interface\n  next\n\nend\nconfig system ha\n  set group-name AliyunHA\n  set mode a-p\n  set hbdev \"port3\" 50\n  set session-pickup enable\n  set session-pickup-connectionless enable\n  set ha-mgmt-status enable\n  config ha-mgmt-interfaces\n    edit 1\n\n\n      set interface \"port4\"\n      set gateway 172.16.14.253\n\n    next\n  end\n\n\n  set priority 100\n\n  set unicast-hb enable\n  set unicast-hb-peerip 172.16.13.192\nend\n\n--==ALICLOUD==\nContent-Type: text/plain; charset=\"us-ascii\"\nMIME-Version: 1.0\nContent-Transfer-Encoding: 7bit\nContent-Disposition: attachment; filename=\"license\"\n\n-----BEGIN FGT VM LICENSE-----\r\nQAAAAFUQcVD2ph6mopnCeO+g6g+XwIbe/88wKxNUB5nobP8Xpg36T4reBHoDxPOo\r\nd2Ngi7p/xwPCIgpHiFlMeJksZrjgGQAAAqlJHYBOucFkXLWbaEk20ctxCOzRtsCg\r\nh58J3wUrJFIN5wYofPqwGqaQdhRhqUSQx4Rca4sRMvbLVLgY8UsihI7idy2Izrmj\r\nVHSO/vmG/vYCMc4VvbbXNKEqhUihmJl+PqApTwiagUVOx80eexcxSl59zf493qGm\r\ngOwTu5hQ6FTHlmtHXtNKz8bZi5lQGb9+dPJdkMIDsukz8m6cd2JcudjN+rfvSeab\r\n1lCljlzLtKeEnntgSMkk5SZquvo+M+dkJlkV1fZDN61M5qSWCBbRL73xr349YVnE\r\n7uHh45h406iBsSt1orHrXfEHsy+ZrmAbb37/NOJe+65xz6n284MX4Tlezk4uKk1t\r\nIhA6irPZwdYB78XhxEwwDbJSwUa843sZCJdKVuSXpBK8EtR+ZRZYjDQDh505Ncty\r\n+ACv86bGtFMdLhEIeLs5xNptFrhJ0LvDUSWNyq2Ur6V1/9rAMNix5kJblGavowyX\r\n89GKFY9NGlkBCIgcXK2Jmps6kyggQ2f203PA3qKaEsTc8sYuyB+nDQOHGH2LH/Bl\r\nYeuddQmo2r0Oy4+LfASZyorA6OPuaOlZAHVLR4NMG0BEizCZxWy1nQSAABI8qWG8\r\nzImqkpBS0Ng+5bWisLrQ2Og+dQOrGevSir6D0+ouRu+c8oEiI/7l6+Z3faj/TZg3\r\nC6c5CVOqC/Lsnn4qQtnHR18AZybBbh+nKN7TndrWSdd7NN+bYAjK+2kuMSaWGrug\r\nlDPhJn5EdInnYdc8CS67Ub4O0njSmyxBEQQGsch/mstGX3PusUbQtK2d4mPYWlJO\r\nsRMeRGYjZ48F6j2eCsRvS3J3/sq/2z542+cSegAfKIVqRC6uOBo1NRZlLWK5yJS7\r\nobT00TKXhIAsOzFeg6mpivjU1fHVYxx6aDsQTyHPEhBbvFa9nSOeuxLFwzZ+3b5i\r\n8nXG7bDnxWWS3bKRDIDhAjhuayi6aSntZllKiFYqBSELxAhQMgrM/FPmHpsxg0sQ\r\n7iz4cGw22/DVVk8vwGc8+ZPpe+O9WTUGVtwmELscrAZF9wt9Hpd9DcWNb+w3Gft3\r\n++TpLDpxHzxHCYeHMX1kbWrxR5GjIuDhREIwO/IJj0M8LUZN2YjXLMi+qEVSqe9P\r\n0zWAWOH4/HlXYHZIEiOZRnrSblRgplIk7q6n8YZqyKwbvtSxxH475b4cM6Ibj/KW\r\nw1C/jQcCL+G1+gCZHLRjKybJbTybvZ+H1PtqyMLR8u9nYHasYBLAby79fgty+vmV\r\niuq/t79p0ic4dM7IzjTDqL9FJLqyTd5ftsyXr2jByUVKIhvdjucTVN+OjMC5fH2H\r\n7d+Il6qiMCpM1OdEu0gSV54/aJqsTUxeHI3eqktsMUrWvMY8NgNAEFSgvfwcAPlC\r\nLxUkWcD0GcdQEfww77Zisn8htmP+/fqjj+y/PE/7dfgu8pDkJpnONpgRKL5MRuu2\r\nBFZVZA9VR5G2x/ZYtyb0Y7FW19QsD5Sbwk+cqcbaNtoqMTHrbcrn0/HWMwEm4SBs\r\nP2I11UpA3Nmv9UOu2usqvZoWCZE/N4PW8e6VSUk7fPgI/d1ee4XeMN7czzS/QfHR\r\nxRTJldnNQb9kJvz3pPBsw/rXVtHLWAOmr7ytg1uGoi6Ps+2e76sEcjHIUTTJJE4/\r\nWp+3mhbinzQe4zcfsE6L6qjVIJNOfkS3/90Iqge8biqalaowCRVyD3Hho3W34GiU\r\ngQFzIQOyCp2rQQB3qP9zy5JxZxfk3h5iPNg0cASHy7lpkT3gfFKlm6Vpoi53eq1x\r\ng6/V1hcksCaEUOHs8+t6QjU0li0nHq6T9OCkjYq/7vmow6O/tPgQkr62T9Tr59Tn\r\nLUJebqwQexonXu7yrIg3++GX1QucwDjgFzMMko0CDuZN+cm//bSCBNrJ1Y25ZweZ\r\n7E9FGg2ulxCjD+HhIB8bZ1LXRYchY9o4PEw3MYToauKi2l3VuvUYMbsvEhmjeYz/\r\nFLECcPAMU2LBPr24OPsf+1ianNxsuGelJpSe1sXSStRAc9W6U0Spaaa/JDMahfnv\r\nAsEQ3/z1t9jmQQBPEuraFss41jbm01DVTdwkxXmNwAoOm8qxaIr2L42vUW+53HFb\r\nPQjFV+M2QNuc0UXvfglsdoqZtBFXFoJLKsklCEDQGJecAK4OKXJ5un21wMhOrZDP\r\nXgP+C4/WHt3sHpj4yOwtEfBS2B7Wf+9o7Imzg9uIg00ty7E7DHUeW94jWRv3rkor\r\naEDrkBD1sOHnYpMEPGLaOi903LTYvno0LG7csi1n2GQSfpi+Vdbsfn4mNufRB4Gi\r\nJeoXZGYqs8of5AOCPNSIKlhId1mqBvJMbfCNylh2O/ZbqA7wtu+9Op46mNcDIqE6\r\nDLVzaDk7TQaFY5od8etBSLvvkaReYvTGX3jf9ta1+kmJjL9UONfLE4MD28QWKiwy\r\n/imzITlsrM8LEIYCHhFWiqaEHkA2p/8gWJhMBT1GAdO7rTBgmynjwymCeCp30Sd2\r\nYiDDgOLZoAUR7y1SjBA8vP/z4la5rJRkr2DcCUAlUDh5kqAEKR2fquJAb8uUry0Z\r\nccfy/mjP5tnGO4UReHoJhrxNJbtyf0I21tsw9J9Xl+L+H/xEHk9vRlD7K7/cH5Jd\r\nd98i93cfeHzemlQ3krEIfipVTQQF+xdQofQqym1RF+Fq7in3q3Mg/bKILj9l5R64\r\nztbdsaUzwfIWko2sX++fMxvVjx2o12IAVu3bghRGgrFRRkSOzOi62YDGzRbLKQtu\r\npA2PTyBhqRPYJuO45TcUvcix+WqRQig4StN6IYm8ty+dYpVev3UA22bU0bEYmglZ\r\nu8+VUBYfkB33DUwXTB4dzZkB83Stwdqdjk5EzSIloNjGttVq2+j860oNDJFHDDGs\r\ne79r2qq1WB0/hVxorNjLZR2kmTW+JmTNBe1DT/LSBzLproQ3FRAHwuqMXePZs0mv\r\naRerMOBZRW/qwClDTq3eEED9j0EWO6uBtBZ++kNL8OJ8An1K4tA+ZPcPhtTDLUUs\r\ng6bc0PKgfZc34W3BY1o/VCO6NGR3D9rOzDzuxp44cYv5lvgYsyhrscMrvEYXpf0r\r\nNpXVw2eJqbNTu1CdRrSj5RbDxCk89spASs9YdSUhGz9khvYmSX1QnxpR+0zManDm\r\n5jDtOe+f/nkpRWXLtfHZvCH3yZITFHFzhclBA87SHbghICW4KRfPF1NJbd2NN2Sn\r\nSlbdCz/D/0OBRHiFP7AhXnPbS48IqnpymNESgqw+WmTZJFxnNWkcbf3L0T8TxkyU\r\nl+1fLRRYqVL3dMn7QH7Aq5+4VghWaDZmr24MDkreIgcSBOhmpGkT6MnJMaQ2Mivx\r\nv5DiHXeNN4Ae1tR2FEaB3jQE/duEyOJCn+uLu1zTq5xUy/X9CWHda0x11fRGtWUE\r\nZtaxMVot/WNrwxshQ63ClZJr+nnWEuyJP8Vou9pBnqvcBy0Bvm5xsV/AqrYeMu9U\r\nuIk5oEkhsuWFFkl65HNwwhPA8e0XzeTAOS3sPLYZrmZBllHIccw638jYdmIdILLt\r\nG+7mzXLdTfpZd90JZoCO/AluWaBfUBBYhG0XhCl4XZM3a/kckT1AmV9r6W8QRqp2\r\nWr0z5AiUOw5RnR8cD3Yj9streBM2grZo8HulJlLbbjiPzvNyUCJSmfSd35i+lgVN\r\ndaOe0adEsSZXTtz0nuKuuNxiHdIpOoPc2YQQtoX+TVMzeK4QPd+tXviyzeKHruGF\r\nU7kgU6sE8avibB9Mpc+wCwrRmAIgdM+Vs4OV9NOhWG/BHSasOdyjVXSY+DZAMgOy\r\nBI+xpjgCFdSaUzfdr+AXVVxpzeXyNpGwb8Q4682XuSgPsdnpFpSDP5aWXp0I7Ab7\r\nOK4GLqJtfBWpp9td92qphu+CiKJCRSmPoQrCY6w4bk2subXmysfwEkaZLDLQ5wbb\r\nbD/EraEuMKYV40Go5KVbZoXCoLOdtVfAdnJXahftBPlWCa12BvYjwQtXH87H/7Ed\r\nN7TWXZGi1sZABiXq1AS8jKp34tKTpFRA5D5AGfjeQzcYa061aZDB09+hoqT5UF1u\r\nVlWWY276Lx0cUmgzLDVmPbzFOlJZZYJXnIKsEYLlOBiXWEaIA0MYs04HTr34VNVx\r\naaULCpnT8+MUI76xA1XSXpzSz41Y/8XqFTdydMIeZoRAXH/gSfbAWHxEUDExF7RP\r\n9FTgrq+bNeAlMzagkgoznFont0OSUUMV+SRuLUrle5RDbTCIfLnNVKNVKDuYYmBI\r\n0+6xzWasHMxATEBy26C81ReyIMkl5EMYyoJ5U2P2wdOKDgto2tLHS2w6pgwqggOh\r\n+R3Um9tR6QSodmqSQFITCueYwyP+AQ7P9auc3YChrjutcAQsdUOuszvgj2Q5pbjg\r\n5GtvxbhqsMpLce4abWx/LflvKE4nGlDNfej7J3ZXGaE5AxiWUwUu5rSnASsGFyvD\r\nKFR/0UOladpai0R6sVmJXmSM+XCrYZl2A8G2B9Gj/HwK/6nen4yfGPzwrbBN5/Li\r\nsiTg7lAPQv82m2IvTdjvoVBlGrJMEed+cMyRjpA+VfXPWjhiaTV/fbv7oG7NCf8y\r\n1MmTW1HNi226AUx01X7b572jCxrrjS93+THM1GI/HTIdPBu9WY/JblDPJLtRv+28\r\nzJcbW3nsctArkVOlyfbP0BA5OU8C2k3aXsdcxG8YfF1ra0CZuV5Mlmeqr6gQ+1UW\r\nJ117D+aDBZUkVq5xYOheT319lZYHjUYnMtDshmM4NheEfQb0bEPphst6aiw4L1dQ\r\nwSCpMpecvTq1+TCbVYo+SjPS06ztuyP+kXx6hPiRAa75pM6UFgaT7tr43INagOTH\r\nnibslYMfYs+mSRoOGjkCAXvu8hYqzdVymkoLyVazZ/Kgu+CL7awi14AiG1paiVxn\r\ncw7QjiHAWxAAFVLkt+d9kugEw1NczzQZs5hZOr+Y4yTdz8Ls4IKRWaIA3GWHaRoZ\r\nMc30qY61FKe/c7NBZJimUhpz14bq80tx71MPd7A8AbIygbGcYFvuOUgOKf8Q0J0h\r\nTLVH+c3wKv2TGU5Dadh8Wyn82eA2y7j/+7a0/fSRaVsCn2ty687ZxpOZ85hWIWU3\r\nrcWWRW1p7O4umJzrSyLgIx9kjX6hOt3EPtD/DNi4RGXnnbbje5usRcK4HswAKBc3\r\nspgDt4jav0KMuGcsL1F6JVNC4eSM4ePXyDHbcYBOcWn5Hub/r8A9AudBML5orPWx\r\nESrhnAmffpF5grA4rZfh79Dzs640JC/I0meO+6Ydz7UHMcH8YcHeKEBaCnSZ5Dzk\r\nVo7cfq6sEsjK06WKHt8aNJOibXNIjrjiHGbv4dg4QMK/qoMsLIbFI7rc3Bpisx1F\r\nUCLmaBIdJhY83ZORyJkutZeokeuE8LrnZIhP+0ls+5XcJgUQMY3cjkPQbCI9o0Sr\r\n6HUSDQPMXetPNMIeb+DRDV0vNv9UsnWe1qAzV5AjYTcKVtHf36aSYxKN7wfi0yBN\r\n09tiEjmIO+V6OCpc4GDxOzE1WtaUJz22hYKCCy48//nK6SDPq0JgStFIYd5eGJMA\r\nhnCKAePGyyUyfozWFRr5s+r23sxhRtqLHDE5tU+RTrcapD2bSFi963C//HaWd158\r\nNXusUkdAMQ1sTzsJa25OcLM1EpI1jD/0FPdkYE9vyFWWbmJuxK+Deeow/2X4V6EA\r\nVPYeUhdCEz65e80Blg5Vrccca7AJNPmuQFx4EoXGijvwqPXcK/UplgFP5MJarU+r\r\nXvSHC25TW413+l237nEpDWemaniYFFFA+ifYEI/ajUHNWOq2Ko5osLmwYGA6s9N5\r\nfxL1GmgqwGrujca6vrQu81gf+eRHeFcaHh3sY+W0DkWdNjRlAakZxYrzkt95v6ic\r\nl3JQ3S8a/HVx6wehkFJ/y3SCO+Vgo0UlJSqKYVvjf/Rn0/g2/GYnirsO2AlpO4Ev\r\n+ViFNQqDk6/qHNEdIx5oMT9SO2D2A8IaX3GbPk9VRUIBHXlW9PfLRl4nJikFhnuC\r\nzCN6RyzXamk0+xZ9CA+3OvCRtZ/3scEW9G5opmeb5NbgUJPwWR90ugNoxY5Fp7YM\r\nMgi9OzgQT0cCkkD3876mA/SR/xQTm4HJSghW/Ttpfkz+JNSl0iPrB0sr7kKjfHj7\r\nTYeofj0d324KsWMYgn7It+K2edPm0W5aNOFGL+GiDJNzh3NeYrmffN83J4sykXjA\r\ngzSac0K1XMIAzqd4njwb/YCkBv3I3i5tIsyibGZlXdR/9qCQ/GmRG19/E7Jtg+/C\r\nTQJjwhpVpmTUMFVjVoNeWtQcEzWazWBfxvrZ/FcfBQOb7G0KWduBP4YQEyKSjZA9\r\ntPmeahmkRGDqBHZb6Y0hwJpwWoFpSsFtev3CbNL0jwhfj8BO1tjgkFpBzBkD/w0v\r\naB/wggwqpGxERPD0Q9ubRK5OVehr7KK8zHH1bIW2/d61ZMmFunmHLsnz7zJ+MG7G\r\nIY0dgOnGqWLhE3FkipXjvMPg/xjw6rLf+HbQJXhBPhYVjjUBWafU9lfeyD5v+0e7\r\nA0As7j/5zz8RlpYmRE+udql8awFpslbXhqz3viVlYlPwmELsM0RlVgfEj5oFeKSW\r\n4Glg/b5ucpF/P/40CuGvKFHqCwI5QcCDR0+PhS+JpvjmTEdRyfu2E+J13QzhRcMU\r\nLncOvVVG3aXSz8gdCta5nsbsm+UhKRA+I7WXQgxmB300S+N94al+ssnMu6hejDXt\r\nMrS26XkQnL91xvAdvTIend/rSMb3yRKBc65GZabYSTM1LFp/toWP22U+hXlWPGBi\r\nqtqyHBS/HTNLCdwwQqW3E+w7OmxH6eJ4V8s2eR+L4HAD9N+NrUdpb+Hp+5ubH192\r\nryqts072EYEMaH2rKXa82ZwC3BL2bNaIB32KVFB9KjD8xjEzrHiaJYKh6w2lZU+S\r\ngEoWpjhmvZReNX9T0AasUODlh9GluBzU7xDlnKiq4hcKZPEYuFCCCGIqwDGzOwUR\r\nui+vCC9HsY/uUoN//vDvn54gORk+LLubqMqx0x9NvLY5RNOtcJp0kXxsnjHmbNI9\r\nIPxQYo4eXKH9GT56gWS3yPMAeSmH7N565XmCtWBkoIKerz3/CnrEU7gMJ8XW/9WL\r\n1Nq96VQV1boVJYiCe1gfKQ750reOiKnlf4qZUqEto9M9rAdoOcEMjnW9V8waG6Mf\r\nVjQc1kbr8nIEw9xP3hB5tQVZKLggjW3fUvwRmeoPmDw9Gfp/antH8F5M5nB7LRyp\r\nQYc7v2qTXgY7W2XIGldymCqMaEmqvCMKsDxZ1uqG7muqmtn/hrV3U86fNJO3yYTw\r\nSXm9i723PKfJqTrHYRqeh26xu9FPOCXuyFf07xgd9Op0+8+3eA0rD6xDMDBCvv7V\r\nnsLP2gLc2hiLkOUlHL/bvr2qEf3rAwgNIP46et78t/DGMGyGIZGTqQ0xNvr9xkn8\r\npWjJl033jW2Eu95V+2V5/11cs3KRrBloqK4kxwt93lG0FrKI4JZiCvCLvUE6+WQI\r\n3eiT29+o++g0z4y8WJ1hueWQ/m4kYX4wsSGBDJLEfrmreq1pxW0N11cjJGJgJJaz\r\nS1iPdAoxA7UclLTb7DpgapoL1rtddzhdiFII3ARPFeQ7VTLMyudO70TG8XGpXt4a\r\nE2NiD8DxlzLuhPmHLgDF3OnY3y4JlNQzxqEFnothRR+P3y3ocpN0r8zAiQ/Jaxhm\r\npPkVWVdBvV8Gda0XwttJMpG8x1oa5WOh5+fjvcMF9MtA30gvLWPEwU1ItlGPcPgJ\r\nw+eABs6msD9yLaTQJi9Tk82zvJ/qB0nfu2BdT7pnpRKIDyqPTAY7uvsh37L0aI9C\r\n966lvnImgfUB9V8n+7cUpd0SDPEArfTTQXvkuiWGWKju8N6RGwE1BZfolnytY5uL\r\n+2JT0wYKYjhnpVDrhq5UaeS4FEdzOoXL/nIbNgpKzHOVFWstDBGmR7xSZuVwUgVk\r\nw9BPz+P3PBJgvEVSaQtlAftjYNU1sVrfW4VVtu/erxZp4tH92halHyMZGxFZW/8S\r\nKqj5VhGSSnb7BhKQnJLiB+PBSj7e66cxR1EIjSX7WGKOBHFg1XrzouNR+uUeQGfX\r\nfmuegQMdxSs9HrK9fkas/ZSeeFfutfgo7Q//ExY1H+kYxfpKW8akt0W8kBNTJ+LW\r\noTg7idBWv3afXRez+5SHfnZFarkx6N2qZ/DoU0Tr0lUmVJBq4TheMI2Uutc7TPxE\r\nRiaZX+s5+VJkOclF8IT0BSjhkyI/UxZ2Sgza7kEEvMRlmP8Ykmu4YAAvzsc7vkou\r\nFaHjTGZoKFKVM+aXqOAiQ/WYHpS39tDM/niY0z1jmZV5Mz0bKp2APV5r6N6mS3y9\r\nAxMpV1BIHspHF3yhS0Q3eyuKQ73K7E+dPmkfUMKEu0vGSjoMqUwM7LNMs11T7mv3\r\nQh4E06XyLDB6DOiOqntmDqWgrqHcCpXcqZFlhqvPizaYV8kCGsKYs2PjrRyBSDMe\r\n/G7B+UFY2yYlmORqchb03cisNb1oGtsWHrlLLiKMLm1B2cQzcG3Kw9LpwszML8lT\r\ndXmezlNPhZbhJfVqpIkLbrKCi1VLG4b1jyphAuhxVk0PGfwg5dtrOXUac9/Hn8Xz\r\nlgJvsECGAXyeVwSCX1eY0RAznEnvn7FZW1utq6eSX9gAnCNUYB7/8fzoqITpUMud\r\noppaYI1oiTXunBqU4WUXJUz52mUBXuI5hGBfNv3ClZk/6QiOyd5tuyZM087wQxDG\r\n0IY8rCECUiMSG3YzpHj9U8WQSYFxlFMMBKQyGK5kMpdsg8YsYRyCInVZBcEm3/DU\r\n12MzRilJp00wVESqAhn8HvIwQyeP0fcqvHJ+GN+M7lONYtk6P6HlwXp7bMUxm1tw\r\nQAhaOtgJARf8pDTlqYIVjpFK3Ja72iy5u4mNdKQvllyj8X9Rgom89F8GSYp0vDH/\r\n044U77AI8oiXWiD7hPk6Jtcxql+0Tr2w\r\n-----END FGT VM LICENSE-----\n-----BEGIN CMS-----\nMIIMiwYJKoZIhvcNAQcCoIIMfDCCDHgCAQExDzANBglghkgBZQMEAgMFADALBgkq\nhkiG9w0BBwGgggjrMIII5zCCBM+gAwIBAgICIAMwDQYJKoZIhvcNAQELBQAwgaUx\nCzAJBgNVBAYTAlVTMRMwEQYDVQQIEwpDYWxpZm9ybmlhMRIwEAYDVQQHEwlTdW5u\neXZhbGUxETAPBgNVBAoTCEZvcnRpbmV0MR4wHAYDVQQLExVDZXJ0aWZpY2F0ZSBB\ndXRob3JpdHkxFTATBgNVBAMTDGZvcnRpbmV0LWNhMjEjMCEGCSqGSIb3DQEJARYU\nc3VwcG9ydEBmb3J0aW5ldC5jb20wIBcNMjIwMjA0MTg1NzI4WhgPMjA1NjA1MjYw\nMDAwMDBaMIGGMQswCQYDVQQGEwJVUzETMBEGA1UECAwKQ2FsaWZvcm5pYTESMBAG\nA1UEBwwJU3Vubnl2YWxlMREwDwYDVQQKDAhGb3J0aW5ldDEeMBwGA1UECwwVQ2Vy\ndGlmaWNhdGUgQXV0aG9yaXR5MRswGQYDVQQDDBJmb3J0aW5ldC1zdWJjYTIwMDMw\nggIiMA0GCSqGSIb3DQEBAQUAA4ICDwAwggIKAoICAQDAfW0Mnb4wMgg2p0tZFKcU\n4WHFn75Rj9tAKFzwobFcU6AAiP+6t3nqRiVbdX7Vmta4C2uhX67G52ir8MR8tMB8\nEZRNYmZARaIwaYLtm3VEUm3YU3AnL2D6h5rSSIgIEUF1KsjfQh41nRO/PzhtE2KJ\nIWKKSuKCQY0xaA0/41xncinqQVOC1H4aDETZfKjX1I8nuj5Y1znpyY1YJMcrautR\nayh/+GgNcZw6PNbUG3Cyr31d2WkrKkfrrG9uIrHEZdwlahW0jLeIkLf82JVG5eFq\nxGPVEsNEY7pCXhNYqTsvc2rUTsgM3pyyAlSjRW7IOrRys2SXNNsqw4HnbF5zZ5WG\ndUSYIiWE+TzaeqTVAI7WytQTnYEyn2yyNauzkf6r2U8nxUKKLJav6+pxhqD7q2nG\nAnWP2EjsUlMHsXq1AD+I4NobS9Pa3SnkOah+vWbKH5/bLyITbC8jIzad4ZPPZV+N\ncfi+iJhKnVLMDXmytE2nBb3WDJeRdHb5BX0V7J4YJjxATs94iHeZXXg1sPZMc1bA\nEyIDpmUlnPyyD8XhPT255gcRz4Oug4S0Bqz2wl87HQ8Zo4miGbOO4rMiVlIQrYDp\nfdWJshoVzU1SJnRmsMIutIHI8WdGyiOH+7zM1RerKfwxtnBwTAdhHO91gTNyf5Zd\nto7F/JPDx+wLSxZHJ4Qj1wIDAQABo4IBOjCCATYwHQYDVR0OBBYEFM0PR6Keg6Vj\nyeasxdtYvhQIP2VjMIHSBgNVHSMEgcowgceAFKMxr6NI7qHiX7Hy/db7QUhQGzp1\noYGrpIGoMIGlMQswCQYDVQQGEwJVUzETMBEGA1UECBMKQ2FsaWZvcm5pYTESMBAG\nA1UEBxMJU3Vubnl2YWxlMREwDwYDVQQKEwhGb3J0aW5ldDEeMBwGA1UECxMVQ2Vy\ndGlmaWNhdGUgQXV0aG9yaXR5MRUwEwYDVQQDEwxmb3J0aW5ldC1jYTIxIzAhBgkq\nhkiG9w0BCQEWFHN1cHBvcnRAZm9ydGluZXQuY29tggEAMA8GA1UdEwEB/wQFMAMB\nAf8wDgYDVR0PAQH/BAQDAgGGMB8GA1UdEQQYMBaBFHN1cHBvcnRAZm9ydGluZXQu\nY29tMA0GCSqGSIb3DQEBCwUAA4IEAQAZwRoHXRhUyS9cNQW4wd6h6NrNSTxU7jUp\nIXajkEOIxPgBoS3t6rhrXqsUBaexx51tdA+9VE70cEIyZIbuC12wwjmJwds7uBlt\nksUzqSHX4eGDiADBUvrh3dpL30GthUI7S9o4WJGmjsBlPTLUgmuaW6p53b2y6Ohg\njpatihxbfukiNq8Gnpl2joljcfP2nZQiWWzpU6B69WRoh/ikJJskoCU0XB57qVZv\nubHv73/Q37WdDeXchqw30OAmxVQhxjBK2gNR6nM83lZsz38gOwW4Parb1EaJNHP3\n83kFmtSs5GNANP3xMoW9/uN23Bkc21iNVfoXenFF9sQnlHZ4zNiGwlgfujTbxMEA\nAsYfWU0i/IuX1+/AOHhTC6VUdQkM6aOngP/C0P0p5m9u2o4quAdNpEqjmZ/3Hb0a\nsKFqYj6cosFdnxElxPUOq2lsaIFSiAwpgSv+tGVyNcpfYqM9Uo6FmEDmjH7piulv\nEJc8q2Urmy1UQx7D88y02oRSypXCQqXfoyZo3m/o06cKz1sJfmGgJrz+3PLOV9/O\nvDwsOcOIbRnR3d1oMLiZUwyeYb8D8cz2gWananUNwFZUFasZceVUbdVG+uZTF1Jk\nGXfO3Pvl1WtsLz2NIoO4V1OForjLvWnbhEJGVjX2G4diymyGE6kj+izWtQKhhb4Y\nQgEcHfWyXH/VT4GWruTaG7s/4eXpf/TMdZSQqSbVCcFOiiIwKmW/T/xN7VCSe2xm\nxy84ZsJxEvgKYpE4dxX85Pp+B3akAn0Wm5B6pnTahLP8xQAFMyeHyzb5H3TmAw6K\nDKt88LBqABdSX106j+4WnqICs6S3qp6AbVdvm/ADS/OrkvJim4zEmRX4RXZPFA4Y\nHiga6O3C8jTeQKMurnzIiF0PEZqUjIKChh3Tr5khP6ES+dBI0xWk4Kis0GikDP8D\nc8V16IcRfjUIpyjh55SlscMBboOKwOBNjsZINXjiERQu8X6Y+J1kNkkZObpp2YQr\n+oIIMBReFJdEOTfHWdG37BoJWA3AFk5WuW92nK1k31GH/9mQMJIEEXmKhy/lkVrk\nWpcH7XaD12plEdbCV5E3yyw2zCZKUVpHTm+JWUKbXdfiZ956GzSUVS8qDzvuaE86\n3QEY7gPKJ2w3GannGrxo2ZDxM9B/IHqEYcuH/LaI9a5KhlZb0GIJc2gXqerLP6Ck\nUtPK/ue+VBkFjSisW+VF14r3MdYGna9wCNfvZNR7kod9elakxODrlIv9LQCmPfk9\npSUUJveLP+M3Nz0rNlHDFQmy5UyyvaMynSgU9hzltoe2fTWZZ9fv5MVjhynTPh30\nT+Valz5HlrPJ+ig2PWnTclMtGiaVAG5KQfFGLTKJ/7uNSwS77k8aMYIDZDCCA2AC\nAQEwgawwgaUxCzAJBgNVBAYTAlVTMRMwEQYDVQQIEwpDYWxpZm9ybmlhMRIwEAYD\nVQQHEwlTdW5ueXZhbGUxETAPBgNVBAoTCEZvcnRpbmV0MR4wHAYDVQQLExVDZXJ0\naWZpY2F0ZSBBdXRob3JpdHkxFTATBgNVBAMTDGZvcnRpbmV0LWNhMjEjMCEGCSqG\nSIb3DQEJARYUc3VwcG9ydEBmb3J0aW5ldC5jb20CAiADMA0GCWCGSAFlAwQCAwUA\noIGJMBgGCSqGSIb3DQEJAzELBgkqhkiG9w0BBwEwHAYJKoZIhvcNAQkFMQ8XDTI0\nMDQwNzA5MTUzM1owTwYJKoZIhvcNAQkEMUIEQDb5bzyOsNIojA+lznSzJ5OcR79o\nVo5ERfgSHIqbOm0XaG29zmbiEmGHmZQgnnK8E34rZNO4xWmcNrYdSRXRKzAwDQYJ\nKoZIhvcNAQEBBQAEggIAV2fpm5TDXeZ00FSNbX96R+DKBWXudb2DOdFYmKklFGSD\nt9bxEz30woPhAY0jTRwMUGeGlf/LeCEsVlrEvCcmRpd2Mqya+di/j5y2/YFynlfm\nieXyUT9M4BTLMZLFr9Wrh7SOsHAjPRBlrDIUjw2get7GqZTjojqZA3INd7X9hsgn\nMsg4BF+LbWkbJKzSVeMxc0lQVVCkV52LkO0Oqxg1I/KwKiJo1t+sTOrCQFONWCWb\ncNrBjdUoVnk2ijRy2Nun1ft26by7njzlgtUk3arUrCfGjJ1Vi8wRgqOwUpmPvNhJ\n5HbhBLGEQY3Ofstoy0jtyh2v7Jw6ZbKQ9MLuf6MbHZ7zaXUsE2KZWkUa+uFhaLZq\nFyd28JeVkc8yblW3Ngo5WC4Qp6lPo5n7WW6C2KjBiVUmTYOavLCLNcqruWaewDtT\nvkR9oWVj/5e9BWEowAMMjx94kT3KnfkKi4GaIT/OlZydSfu4/Fd/wCn1N6b7QWlN\nBQoPQKubVfNKqkl5UggxK/G2bWTv3keY5fTdyevA4gY/82TBR6PDiDYCMF7MHb/G\nYwQUphkaFvpg5nRHWjVBEsmEoL4IVUB1IwRWAbxLBrm6FPqIvhiycqHlzuyUtnjE\nBbBh2VIeZQswNjIDN3BTZpRJ9jpP+VHQsnk3QS2F8tffU9dTs3JO+9srtfTTVa1U\nTlRGAQAMjwwf2bzJVA3+\n-----END CMS-----\n\n\n\n--==ALICLOUD==--\n",
            "volume_tags": {
              "Project": "lg-fgt-ha",
              "Terraform": "true"
            },
            "vswitch_id": "vsw-f8za9hq8rwr3czh5z7d3f"
          },
          "sensitive_attributes": [],
          "private": "eyJlMmJmYjczMC1lY2FhLTExZTYtOGY4OC0zNDM2M2JjN2M0YzAiOnsiY3JlYXRlIjo2MDAwMDAwMDAwMDAsImRlbGV0ZSI6MTIwMDAwMDAwMDAwMCwidXBkYXRlIjo2MDAwMDAwMDAwMDB9fQ==",
          "dependencies": [
            "alicloud_ecs_network_interface.eniFgtPort2",
            "alicloud_ecs_network_interface.eniFgtPort3",
            "alicloud_ecs_network_interface.eniFgtPort4",
            "alicloud_ram_role.roleFgtHa",
            "alicloud_security_group.sgFgtHAMgmt",
            "alicloud_security_group.sgFgtPrivate",
            "alicloud_security_group.sgFgtPublic",
            "alicloud_vpc.vpcNgfw",
            "alicloud_vswitch.vswFgtPort1",
            "alicloud_vswitch.vswFgtPort2",
            "alicloud_vswitch.vswFgtPort3",
            "alicloud_vswitch.vswFgtPort4",
            "data.alicloud_ecs_network_interfaces.dataEniFgtPort3",
            "data.alicloud_ecs_network_interfaces.dataEniFgtPort4"
          ]
        }
      ]
    },
    {
      "mode": "managed",
      "type": "alicloud_ram_role",
      "name": "roleFgtHa",
      "provider": "provider[\"registry.terraform.io/aliyun/alicloud\"]",
      "instances": [
        {
          "schema_version": 0,
          "attributes": {
            "arn": "acs:ram::1241494590012990:role/fgt-ha-fo1rhqj8",
            "description": "RAM ROLE FOR FORTIGATE HA",
            "document": "{\n    \"Statement\": [{\n            \"Action\": \"sts:AssumeRole\",\n            \"Effect\": \"Allow\",\n            \"Principal\": {\"Service\": [\"ecs.aliyuncs.com\"]}}],\n    \"Version\": \"1\"}",
            "force": true,
            "id": "FGT-HA-fo1rhqj8",
            "max_session_duration": 3600,
            "name": "FGT-HA-fo1rhqj8",
            "ram_users": [],
            "role_id": "300852328814364933",
            "services": [
              "ecs.aliyuncs.com"
            ],
            "timeouts": null,
            "version": "1"
          },
          "sensitive_attributes": [],
          "private": "eyJlMmJmYjczMC1lY2FhLTExZTYtOGY4OC0zNDM2M2JjN2M0YzAiOnsiY3JlYXRlIjo2MDAwMDAwMDAwMDAsImRlbGV0ZSI6NjAwMDAwMDAwMDAwLCJ1cGRhdGUiOjYwMDAwMDAwMDAwMH19",
          "dependencies": [
            "alicloud_vpc.vpcNgfw"
          ]
        }
      ]
    },
    {
      "mode": "managed",
      "type": "alicloud_ram_role_policy_attachment",
      "name": "attachSysRoleECS",
      "provider": "provider[\"registry.terraform.io/aliyun/alicloud\"]",
      "instances": [
        {
          "schema_version": 0,
          "attributes": {
            "id": "role:AliyunECSFullAccess:System:FGT-HA-fo1rhqj8",
            "policy_name": "AliyunECSFullAccess",
            "policy_type": "System",
            "role_name": "FGT-HA-fo1rhqj8"
          },
          "sensitive_attributes": [],
          "private": "bnVsbA==",
          "dependencies": [
            "alicloud_ram_role.roleFgtHa",
            "alicloud_vpc.vpcNgfw"
          ]
        }
      ]
    },
    {
      "mode": "managed",
      "type": "alicloud_ram_role_policy_attachment",
      "name": "attachSysRoleEIP",
      "provider": "provider[\"registry.terraform.io/aliyun/alicloud\"]",
      "instances": [
        {
          "schema_version": 0,
          "attributes": {
            "id": "role:AliyunEIPFullAccess:System:FGT-HA-fo1rhqj8",
            "policy_name": "AliyunEIPFullAccess",
            "policy_type": "System",
            "role_name": "FGT-HA-fo1rhqj8"
          },
          "sensitive_attributes": [],
          "private": "bnVsbA==",
          "dependencies": [
            "alicloud_ram_role.roleFgtHa",
            "alicloud_vpc.vpcNgfw"
          ]
        }
      ]
    },
    {
      "mode": "managed",
      "type": "alicloud_ram_role_policy_attachment",
      "name": "attachSysRoleVPC",
      "provider": "provider[\"registry.terraform.io/aliyun/alicloud\"]",
      "instances": [
        {
          "schema_version": 0,
          "attributes": {
            "id": "role:AliyunVPCFullAccess:System:FGT-HA-fo1rhqj8",
            "policy_name": "AliyunVPCFullAccess",
            "policy_type": "System",
            "role_name": "FGT-HA-fo1rhqj8"
          },
          "sensitive_attributes": [],
          "private": "bnVsbA==",
          "dependencies": [
            "alicloud_ram_role.roleFgtHa",
            "alicloud_vpc.vpcNgfw"
          ]
        }
      ]
    },
    {
      "mode": "managed",
      "type": "alicloud_route_table",
      "name": "rtbFgtPrivate",
      "provider": "provider[\"registry.terraform.io/aliyun/alicloud\"]",
      "instances": [
        {
          "schema_version": 0,
          "attributes": {
            "description": "",
            "id": "vtb-f8zpfq6h6q82mrrvfvnrh",
            "name": "rtb-fgt-private",
            "route_table_name": "rtb-fgt-private",
            "status": "Available",
            "tags": {
              "Project": "lg-fgt-ha",
              "Terraform": "true"
            },
            "timeouts": null,
            "vpc_id": "vpc-f8z7rkf6bzkd6fo1rhqj8"
          },
          "sensitive_attributes": [],
          "private": "eyJlMmJmYjczMC1lY2FhLTExZTYtOGY4OC0zNDM2M2JjN2M0YzAiOnsiY3JlYXRlIjo2MDAwMDAwMDAwMDB9fQ==",
          "dependencies": [
            "alicloud_vpc.vpcNgfw",
            "alicloud_vswitch.vswFgtPort2"
          ]
        }
      ]
    },
    {
      "mode": "managed",
      "type": "alicloud_route_table_attachment",
      "name": "associateVswFgtPort2",
      "provider": "provider[\"registry.terraform.io/aliyun/alicloud\"]",
      "instances": [
        {
          "index_key": 0,
          "schema_version": 0,
          "attributes": {
            "id": "vtb-f8zpfq6h6q82mrrvfvnrh:vsw-f8z4s0s0uk7s3a3zppwcs",
            "route_table_id": "vtb-f8zpfq6h6q82mrrvfvnrh",
            "vswitch_id": "vsw-f8z4s0s0uk7s3a3zppwcs"
          },
          "sensitive_attributes": [],
          "private": "bnVsbA==",
          "dependencies": [
            "alicloud_route_table.rtbFgtPrivate",
            "alicloud_vpc.vpcNgfw",
            "alicloud_vswitch.vswFgtPort2"
          ]
        }
      ]
    },
    {
      "mode": "managed",
      "type": "alicloud_security_group",
      "name": "sgFgtHAMgmt",
      "provider": "provider[\"registry.terraform.io/aliyun/alicloud\"]",
      "instances": [
        {
          "schema_version": 0,
          "attributes": {
            "description": "sg_fgt_hamgmt",
            "id": "sg-f8zi6zcbssmm6g0p7nlo",
            "inner_access": true,
            "inner_access_policy": "Accept",
            "name": "sg_fgt_hamgmt",
            "resource_group_id": "",
            "security_group_type": "normal",
            "tags": {
              "Project": "lg-fgt-ha",
              "Terraform": "true"
            },
            "vpc_id": "vpc-f8z7rkf6bzkd6fo1rhqj8"
          },
          "sensitive_attributes": [],
          "private": "bnVsbA==",
          "dependencies": [
            "alicloud_vpc.vpcNgfw"
          ]
        }
      ]
    },
    {
      "mode": "managed",
      "type": "alicloud_security_group",
      "name": "sgFgtPrivate",
      "provider": "provider[\"registry.terraform.io/aliyun/alicloud\"]",
      "instances": [
        {
          "schema_version": 0,
          "attributes": {
            "description": "sg_fgt_private",
            "id": "sg-f8zi6zcbssmm6g0p7nlp",
            "inner_access": true,
            "inner_access_policy": "Accept",
            "name": "sg_fgt_private",
            "resource_group_id": "",
            "security_group_type": "normal",
            "tags": {
              "Project": "lg-fgt-ha",
              "Terraform": "true"
            },
            "vpc_id": "vpc-f8z7rkf6bzkd6fo1rhqj8"
          },
          "sensitive_attributes": [],
          "private": "bnVsbA==",
          "dependencies": [
            "alicloud_vpc.vpcNgfw"
          ]
        }
      ]
    },
    {
      "mode": "managed",
      "type": "alicloud_security_group",
      "name": "sgFgtPublic",
      "provider": "provider[\"registry.terraform.io/aliyun/alicloud\"]",
      "instances": [
        {
          "schema_version": 0,
          "attributes": {
            "description": "sg_fgt_public",
            "id": "sg-f8z2eey4cpn7c5rev6v4",
            "inner_access": true,
            "inner_access_policy": "Accept",
            "name": "sg_fgt_public",
            "resource_group_id": "",
            "security_group_type": "normal",
            "tags": {
              "Project": "lg-fgt-ha",
              "Terraform": "true"
            },
            "vpc_id": "vpc-f8z7rkf6bzkd6fo1rhqj8"
          },
          "sensitive_attributes": [],
          "private": "bnVsbA==",
          "dependencies": [
            "alicloud_vpc.vpcNgfw"
          ]
        }
      ]
    },
    {
      "mode": "managed",
      "type": "alicloud_security_group_rule",
      "name": "sgRuleFgtHaMgmtIngress",
      "provider": "provider[\"registry.terraform.io/aliyun/alicloud\"]",
      "instances": [
        {
          "index_key": "fgthttps",
          "schema_version": 0,
          "attributes": {
            "cidr_ip": "0.0.0.0/0",
            "description": "FGTHTTPS",
            "id": "sg-f8zi6zcbssmm6g0p7nlo:ingress:tcp:8443/8443:intranet:0.0.0.0/0:accept:1",
            "ip_protocol": "tcp",
            "nic_type": "intranet",
            "policy": "accept",
            "port_range": "8443/8443",
            "prefix_list_id": "",
            "priority": 1,
            "security_group_id": "sg-f8zi6zcbssmm6g0p7nlo",
            "source_group_owner_account": "",
            "source_security_group_id": "",
            "type": "ingress"
          },
          "sensitive_attributes": [],
          "private": "bnVsbA==",
          "dependencies": [
            "alicloud_security_group.sgFgtHAMgmt",
            "alicloud_vpc.vpcNgfw"
          ]
        },
        {
          "index_key": "icmp",
          "schema_version": 0,
          "attributes": {
            "cidr_ip": "0.0.0.0/0",
            "description": "ICMP",
            "id": "sg-f8zi6zcbssmm6g0p7nlo:ingress:icmp:-1/-1:intranet:0.0.0.0/0:accept:1",
            "ip_protocol": "icmp",
            "nic_type": "intranet",
            "policy": "accept",
            "port_range": "-1/-1",
            "prefix_list_id": "",
            "priority": 1,
            "security_group_id": "sg-f8zi6zcbssmm6g0p7nlo",
            "source_group_owner_account": "",
            "source_security_group_id": "",
            "type": "ingress"
          },
          "sensitive_attributes": [],
          "private": "bnVsbA==",
          "dependencies": [
            "alicloud_security_group.sgFgtHAMgmt",
            "alicloud_vpc.vpcNgfw"
          ]
        },
        {
          "index_key": "ssh",
          "schema_version": 0,
          "attributes": {
            "cidr_ip": "0.0.0.0/0",
            "description": "SSH",
            "id": "sg-f8zi6zcbssmm6g0p7nlo:ingress:tcp:22/22:intranet:0.0.0.0/0:accept:1",
            "ip_protocol": "tcp",
            "nic_type": "intranet",
            "policy": "accept",
            "port_range": "22/22",
            "prefix_list_id": "",
            "priority": 1,
            "security_group_id": "sg-f8zi6zcbssmm6g0p7nlo",
            "source_group_owner_account": "",
            "source_security_group_id": "",
            "type": "ingress"
          },
          "sensitive_attributes": [],
          "private": "bnVsbA==",
          "dependencies": [
            "alicloud_security_group.sgFgtHAMgmt",
            "alicloud_vpc.vpcNgfw"
          ]
        }
      ]
    },
    {
      "mode": "managed",
      "type": "alicloud_security_group_rule",
      "name": "sgRuleFgtPrivateEgressALL",
      "provider": "provider[\"registry.terraform.io/aliyun/alicloud\"]",
      "instances": [
        {
          "schema_version": 0,
          "attributes": {
            "cidr_ip": "0.0.0.0/0",
            "description": "",
            "id": "sg-f8zi6zcbssmm6g0p7nlp:egress:all:-1/-1:intranet:0.0.0.0/0:accept:1",
            "ip_protocol": "all",
            "nic_type": "intranet",
            "policy": "accept",
            "port_range": "-1/-1",
            "prefix_list_id": "",
            "priority": 1,
            "security_group_id": "sg-f8zi6zcbssmm6g0p7nlp",
            "source_group_owner_account": "",
            "source_security_group_id": "",
            "type": "egress"
          },
          "sensitive_attributes": [],
          "private": "bnVsbA==",
          "dependencies": [
            "alicloud_security_group.sgFgtPrivate",
            "alicloud_vpc.vpcNgfw"
          ]
        }
      ]
    },
    {
      "mode": "managed",
      "type": "alicloud_security_group_rule",
      "name": "sgRuleFgtPrivateIngressALL",
      "provider": "provider[\"registry.terraform.io/aliyun/alicloud\"]",
      "instances": [
        {
          "schema_version": 0,
          "attributes": {
            "cidr_ip": "0.0.0.0/0",
            "description": "",
            "id": "sg-f8zi6zcbssmm6g0p7nlp:ingress:all:-1/-1:intranet:0.0.0.0/0:accept:1",
            "ip_protocol": "all",
            "nic_type": "intranet",
            "policy": "accept",
            "port_range": "-1/-1",
            "prefix_list_id": "",
            "priority": 1,
            "security_group_id": "sg-f8zi6zcbssmm6g0p7nlp",
            "source_group_owner_account": "",
            "source_security_group_id": "",
            "type": "ingress"
          },
          "sensitive_attributes": [],
          "private": "bnVsbA==",
          "dependencies": [
            "alicloud_security_group.sgFgtPrivate",
            "alicloud_vpc.vpcNgfw"
          ]
        }
      ]
    },
    {
      "mode": "managed",
      "type": "alicloud_security_group_rule",
      "name": "sgRuleFgtPublicIngress",
      "provider": "provider[\"registry.terraform.io/aliyun/alicloud\"]",
      "instances": [
        {
          "index_key": "fgthttps",
          "schema_version": 0,
          "attributes": {
            "cidr_ip": "0.0.0.0/0",
            "description": "FGTHTTPS",
            "id": "sg-f8z2eey4cpn7c5rev6v4:ingress:tcp:8443/8443:intranet:0.0.0.0/0:accept:1",
            "ip_protocol": "tcp",
            "nic_type": "intranet",
            "policy": "accept",
            "port_range": "8443/8443",
            "prefix_list_id": "",
            "priority": 1,
            "security_group_id": "sg-f8z2eey4cpn7c5rev6v4",
            "source_group_owner_account": "",
            "source_security_group_id": "",
            "type": "ingress"
          },
          "sensitive_attributes": [],
          "private": "bnVsbA==",
          "dependencies": [
            "alicloud_security_group.sgFgtPublic",
            "alicloud_vpc.vpcNgfw"
          ]
        },
        {
          "index_key": "icmp",
          "schema_version": 0,
          "attributes": {
            "cidr_ip": "0.0.0.0/0",
            "description": "ICMP",
            "id": "sg-f8z2eey4cpn7c5rev6v4:ingress:icmp:-1/-1:intranet:0.0.0.0/0:accept:1",
            "ip_protocol": "icmp",
            "nic_type": "intranet",
            "policy": "accept",
            "port_range": "-1/-1",
            "prefix_list_id": "",
            "priority": 1,
            "security_group_id": "sg-f8z2eey4cpn7c5rev6v4",
            "source_group_owner_account": "",
            "source_security_group_id": "",
            "type": "ingress"
          },
          "sensitive_attributes": [],
          "private": "bnVsbA==",
          "dependencies": [
            "alicloud_security_group.sgFgtPublic",
            "alicloud_vpc.vpcNgfw"
          ]
        },
        {
          "index_key": "ssh",
          "schema_version": 0,
          "attributes": {
            "cidr_ip": "0.0.0.0/0",
            "description": "SSH",
            "id": "sg-f8z2eey4cpn7c5rev6v4:ingress:tcp:22/22:intranet:0.0.0.0/0:accept:1",
            "ip_protocol": "tcp",
            "nic_type": "intranet",
            "policy": "accept",
            "port_range": "22/22",
            "prefix_list_id": "",
            "priority": 1,
            "security_group_id": "sg-f8z2eey4cpn7c5rev6v4",
            "source_group_owner_account": "",
            "source_security_group_id": "",
            "type": "ingress"
          },
          "sensitive_attributes": [],
          "private": "bnVsbA==",
          "dependencies": [
            "alicloud_security_group.sgFgtPublic",
            "alicloud_vpc.vpcNgfw"
          ]
        },
        {
          "index_key": "vpn-ike",
          "schema_version": 0,
          "attributes": {
            "cidr_ip": "0.0.0.0/0",
            "description": "VPN-IKE",
            "id": "sg-f8z2eey4cpn7c5rev6v4:ingress:udp:500/500:intranet:0.0.0.0/0:accept:1",
            "ip_protocol": "udp",
            "nic_type": "intranet",
            "policy": "accept",
            "port_range": "500/500",
            "prefix_list_id": "",
            "priority": 1,
            "security_group_id": "sg-f8z2eey4cpn7c5rev6v4",
            "source_group_owner_account": "",
            "source_security_group_id": "",
            "type": "ingress"
          },
          "sensitive_attributes": [],
          "private": "bnVsbA==",
          "dependencies": [
            "alicloud_security_group.sgFgtPublic",
            "alicloud_vpc.vpcNgfw"
          ]
        },
        {
          "index_key": "vpn-natt",
          "schema_version": 0,
          "attributes": {
            "cidr_ip": "0.0.0.0/0",
            "description": "VPN-NATT",
            "id": "sg-f8z2eey4cpn7c5rev6v4:ingress:udp:4500/4500:intranet:0.0.0.0/0:accept:1",
            "ip_protocol": "udp",
            "nic_type": "intranet",
            "policy": "accept",
            "port_range": "4500/4500",
            "prefix_list_id": "",
            "priority": 1,
            "security_group_id": "sg-f8z2eey4cpn7c5rev6v4",
            "source_group_owner_account": "",
            "source_security_group_id": "",
            "type": "ingress"
          },
          "sensitive_attributes": [],
          "private": "bnVsbA==",
          "dependencies": [
            "alicloud_security_group.sgFgtPublic",
            "alicloud_vpc.vpcNgfw"
          ]
        }
      ]
    },
    {
      "mode": "managed",
      "type": "alicloud_vpc",
      "name": "vpcNgfw",
      "provider": "provider[\"registry.terraform.io/aliyun/alicloud\"]",
      "instances": [
        {
          "index_key": 0,
          "schema_version": 0,
          "attributes": {
            "cidr_block": "172.16.0.0/16",
            "description": "",
            "dry_run": null,
            "enable_ipv6": null,
            "id": "vpc-f8z7rkf6bzkd6fo1rhqj8",
            "ipv6_cidr_block": "",
            "name": "VPC-SECURITY",
            "resource_group_id": "rg-acfmxdbgqxxt4pq",
            "route_table_id": "vtb-f8zupr6deqmetw9lwhcwm",
            "router_id": "vrt-f8zfxnaf59pf89cvvwiad",
            "router_table_id": "vtb-f8zupr6deqmetw9lwhcwm",
            "secondary_cidr_blocks": null,
            "status": "Available",
            "tags": {
              "Project": "lg-fgt-ha",
              "Terraform": "true"
            },
            "timeouts": null,
            "user_cidrs": null,
            "vpc_name": "VPC-SECURITY"
          },
          "sensitive_attributes": [],
          "private": "eyJlMmJmYjczMC1lY2FhLTExZTYtOGY4OC0zNDM2M2JjN2M0YzAiOnsiY3JlYXRlIjo2MDAwMDAwMDAwMDAsImRlbGV0ZSI6NjAwMDAwMDAwMDAwfX0="
        }
      ]
    },
    {
      "mode": "managed",
      "type": "alicloud_vswitch",
      "name": "vswFgtPort1",
      "provider": "provider[\"registry.terraform.io/aliyun/alicloud\"]",
      "instances": [
        {
          "index_key": 0,
          "schema_version": 0,
          "attributes": {
            "availability_zone": "cn-heyuan-b",
            "cidr_block": "172.16.11.0/24",
            "description": "",
            "id": "vsw-f8za9hq8rwr3czh5z7d3f",
            "name": "vsw-fgt-port1-cn-heyuan-b",
            "status": "Available",
            "tags": {
              "Project": "lg-fgt-ha",
              "Terraform": "true"
            },
            "timeouts": null,
            "vpc_id": "vpc-f8z7rkf6bzkd6fo1rhqj8",
            "vswitch_name": "vsw-fgt-port1-cn-heyuan-b",
            "zone_id": "cn-heyuan-b"
          },
          "sensitive_attributes": [],
          "private": "eyJlMmJmYjczMC1lY2FhLTExZTYtOGY4OC0zNDM2M2JjN2M0YzAiOnsiY3JlYXRlIjo2MDAwMDAwMDAwMDAsImRlbGV0ZSI6NjAwMDAwMDAwMDAwfX0=",
          "dependencies": [
            "alicloud_vpc.vpcNgfw"
          ]
        }
      ]
    },
    {
      "mode": "managed",
      "type": "alicloud_vswitch",
      "name": "vswFgtPort2",
      "provider": "provider[\"registry.terraform.io/aliyun/alicloud\"]",
      "instances": [
        {
          "index_key": 0,
          "schema_version": 0,
          "attributes": {
            "availability_zone": "cn-heyuan-b",
            "cidr_block": "172.16.12.0/24",
            "description": "",
            "id": "vsw-f8z4s0s0uk7s3a3zppwcs",
            "name": "vsw-fgt-port2-cn-heyuan-b",
            "status": "Available",
            "tags": {
              "Project": "lg-fgt-ha",
              "Terraform": "true"
            },
            "timeouts": null,
            "vpc_id": "vpc-f8z7rkf6bzkd6fo1rhqj8",
            "vswitch_name": "vsw-fgt-port2-cn-heyuan-b",
            "zone_id": "cn-heyuan-b"
          },
          "sensitive_attributes": [],
          "private": "eyJlMmJmYjczMC1lY2FhLTExZTYtOGY4OC0zNDM2M2JjN2M0YzAiOnsiY3JlYXRlIjo2MDAwMDAwMDAwMDAsImRlbGV0ZSI6NjAwMDAwMDAwMDAwfX0=",
          "dependencies": [
            "alicloud_vpc.vpcNgfw"
          ]
        }
      ]
    },
    {
      "mode": "managed",
      "type": "alicloud_vswitch",
      "name": "vswFgtPort3",
      "provider": "provider[\"registry.terraform.io/aliyun/alicloud\"]",
      "instances": [
        {
          "index_key": 0,
          "schema_version": 0,
          "attributes": {
            "availability_zone": "cn-heyuan-b",
            "cidr_block": "172.16.13.0/24",
            "description": "",
            "id": "vsw-f8z0cdgq4hyrx5isxzq1k",
            "name": "vsw-fgt-port3-cn-heyuan-b",
            "status": "Available",
            "tags": {
              "Project": "lg-fgt-ha",
              "Terraform": "true"
            },
            "timeouts": null,
            "vpc_id": "vpc-f8z7rkf6bzkd6fo1rhqj8",
            "vswitch_name": "vsw-fgt-port3-cn-heyuan-b",
            "zone_id": "cn-heyuan-b"
          },
          "sensitive_attributes": [],
          "private": "eyJlMmJmYjczMC1lY2FhLTExZTYtOGY4OC0zNDM2M2JjN2M0YzAiOnsiY3JlYXRlIjo2MDAwMDAwMDAwMDAsImRlbGV0ZSI6NjAwMDAwMDAwMDAwfX0=",
          "dependencies": [
            "alicloud_vpc.vpcNgfw"
          ]
        }
      ]
    },
    {
      "mode": "managed",
      "type": "alicloud_vswitch",
      "name": "vswFgtPort4",
      "provider": "provider[\"registry.terraform.io/aliyun/alicloud\"]",
      "instances": [
        {
          "index_key": 0,
          "schema_version": 0,
          "attributes": {
            "availability_zone": "cn-heyuan-b",
            "cidr_block": "172.16.14.0/24",
            "description": "",
            "id": "vsw-f8zkq7f2gtam08sdci5sy",
            "name": "vsw-fgt-port4-cn-heyuan-b",
            "status": "Available",
            "tags": {
              "Project": "lg-fgt-ha",
              "Terraform": "true"
            },
            "timeouts": null,
            "vpc_id": "vpc-f8z7rkf6bzkd6fo1rhqj8",
            "vswitch_name": "vsw-fgt-port4-cn-heyuan-b",
            "zone_id": "cn-heyuan-b"
          },
          "sensitive_attributes": [],
          "private": "eyJlMmJmYjczMC1lY2FhLTExZTYtOGY4OC0zNDM2M2JjN2M0YzAiOnsiY3JlYXRlIjo2MDAwMDAwMDAwMDAsImRlbGV0ZSI6NjAwMDAwMDAwMDAwfX0=",
          "dependencies": [
            "alicloud_vpc.vpcNgfw"
          ]
        }
      ]
    }
  ],
  "check_results": [
    {
      "object_kind": "var",
      "config_addr": "var.cidrVpcNgfw",
      "status": "pass",
      "objects": [
        {
          "object_addr": "var.cidrVpcNgfw",
          "status": "pass"
        }
      ]
    },
    {
      "object_kind": "var",
      "config_addr": "var.cidrSubnetFgtPort1",
      "status": "pass",
      "objects": [
        {
          "object_addr": "var.cidrSubnetFgtPort1",
          "status": "pass"
        }
      ]
    },
    {
      "object_kind": "var",
      "config_addr": "var.cidrSubnetFgtPort3",
      "status": "pass",
      "objects": [
        {
          "object_addr": "var.cidrSubnetFgtPort3",
          "status": "pass"
        }
      ]
    },
    {
      "object_kind": "var",
      "config_addr": "var.portFgtHttps",
      "status": "pass",
      "objects": [
        {
          "object_addr": "var.portFgtHttps",
          "status": "pass"
        }
      ]
    },
    {
      "object_kind": "var",
      "config_addr": "var.cidrSubnetFgtPort2",
      "status": "pass",
      "objects": [
        {
          "object_addr": "var.cidrSubnetFgtPort2",
          "status": "pass"
        }
      ]
    },
    {
      "object_kind": "var",
      "config_addr": "var.cidrSubnetFgtPort4",
      "status": "pass",
      "objects": [
        {
          "object_addr": "var.cidrSubnetFgtPort4",
          "status": "pass"
        }
      ]
    }
  ]
}
