{
  "version": 4,
  "terraform_version": "1.7.5",
  "serial": 53,
  "lineage": "37ed5993-480a-d749-2180-25a762181ae4",
  "outputs": {
    "FortiGate-HA-Active-MGMT-IP": {
      "value": "34.87.146.57",
      "type": "string"
    },
    "FortiGate-HA-Cluster-IP": {
      "value": [
        "34.124.232.144"
      ],
      "type": [
        "list",
        "string"
      ]
    },
    "FortiGate-HA-Passive-MGMT-IP": {
      "value": "35.197.155.92",
      "type": "string"
    },
    "FortiGate-Password": {
      "value": "7898445629233301931",
      "type": "string"
    },
    "FortiGate-Username": {
      "value": "admin",
      "type": "string"
    }
  },
  "resources": [
    {
      "mode": "managed",
      "type": "google_compute_address",
      "name": "static",
      "provider": "provider[\"registry.terraform.io/hashicorp/google\"]",
      "instances": [
        {
          "schema_version": 0,
          "attributes": {
            "address": "34.124.232.144",
            "address_type": "EXTERNAL",
            "creation_timestamp": "2024-07-21T18:34:11.205-07:00",
            "description": "",
            "effective_labels": {},
            "id": "projects/lgang-pj/regions/asia-southeast1/addresses/cluster-ip-sdv",
            "ip_version": "",
            "ipv6_endpoint_type": "",
            "label_fingerprint": "42WmSpB8rSM=",
            "labels": null,
            "name": "cluster-ip-sdv",
            "network": "",
            "network_tier": "PREMIUM",
            "prefix_length": 0,
            "project": "lgang-pj",
            "purpose": "",
            "region": "asia-southeast1",
            "self_link": "https://www.googleapis.com/compute/v1/projects/lgang-pj/regions/asia-southeast1/addresses/cluster-ip-sdv",
            "subnetwork": "",
            "terraform_labels": {},
            "timeouts": null,
            "users": []
          },
          "sensitive_attributes": [],
          "private": "eyJlMmJmYjczMC1lY2FhLTExZTYtOGY4OC0zNDM2M2JjN2M0YzAiOnsiY3JlYXRlIjoxMjAwMDAwMDAwMDAwLCJkZWxldGUiOjEyMDAwMDAwMDAwMDAsInVwZGF0ZSI6MTIwMDAwMDAwMDAwMH19",
          "dependencies": [
            "random_string.random_name_post"
          ]
        }
      ]
    },
    {
      "mode": "managed",
      "type": "google_compute_address",
      "name": "static2",
      "provider": "provider[\"registry.terraform.io/hashicorp/google\"]",
      "instances": [
        {
          "schema_version": 0,
          "attributes": {
            "address": "34.87.146.57",
            "address_type": "EXTERNAL",
            "creation_timestamp": "2024-07-21T18:34:11.291-07:00",
            "description": "",
            "effective_labels": {},
            "id": "projects/lgang-pj/regions/asia-southeast1/addresses/activemgmt-ip-sdv",
            "ip_version": "",
            "ipv6_endpoint_type": "",
            "label_fingerprint": "42WmSpB8rSM=",
            "labels": null,
            "name": "activemgmt-ip-sdv",
            "network": "",
            "network_tier": "PREMIUM",
            "prefix_length": 0,
            "project": "lgang-pj",
            "purpose": "",
            "region": "asia-southeast1",
            "self_link": "https://www.googleapis.com/compute/v1/projects/lgang-pj/regions/asia-southeast1/addresses/activemgmt-ip-sdv",
            "subnetwork": "",
            "terraform_labels": {},
            "timeouts": null,
            "users": []
          },
          "sensitive_attributes": [],
          "private": "eyJlMmJmYjczMC1lY2FhLTExZTYtOGY4OC0zNDM2M2JjN2M0YzAiOnsiY3JlYXRlIjoxMjAwMDAwMDAwMDAwLCJkZWxldGUiOjEyMDAwMDAwMDAwMDAsInVwZGF0ZSI6MTIwMDAwMDAwMDAwMH19",
          "dependencies": [
            "random_string.random_name_post"
          ]
        }
      ]
    },
    {
      "mode": "managed",
      "type": "google_compute_address",
      "name": "static3",
      "provider": "provider[\"registry.terraform.io/hashicorp/google\"]",
      "instances": [
        {
          "schema_version": 0,
          "attributes": {
            "address": "35.197.155.92",
            "address_type": "EXTERNAL",
            "creation_timestamp": "2024-07-21T18:34:11.771-07:00",
            "description": "",
            "effective_labels": {},
            "id": "projects/lgang-pj/regions/asia-southeast1/addresses/passivemgmt-ip-sdv",
            "ip_version": "",
            "ipv6_endpoint_type": "",
            "label_fingerprint": "42WmSpB8rSM=",
            "labels": null,
            "name": "passivemgmt-ip-sdv",
            "network": "",
            "network_tier": "PREMIUM",
            "prefix_length": 0,
            "project": "lgang-pj",
            "purpose": "",
            "region": "asia-southeast1",
            "self_link": "https://www.googleapis.com/compute/v1/projects/lgang-pj/regions/asia-southeast1/addresses/passivemgmt-ip-sdv",
            "subnetwork": "",
            "terraform_labels": {},
            "timeouts": null,
            "users": []
          },
          "sensitive_attributes": [],
          "private": "eyJlMmJmYjczMC1lY2FhLTExZTYtOGY4OC0zNDM2M2JjN2M0YzAiOnsiY3JlYXRlIjoxMjAwMDAwMDAwMDAwLCJkZWxldGUiOjEyMDAwMDAwMDAwMDAsInVwZGF0ZSI6MTIwMDAwMDAwMDAwMH19",
          "dependencies": [
            "random_string.random_name_post"
          ]
        }
      ]
    },
    {
      "mode": "managed",
      "type": "google_compute_disk",
      "name": "logdisk",
      "provider": "provider[\"registry.terraform.io/hashicorp/google\"]",
      "instances": [
        {
          "schema_version": 0,
          "attributes": {
            "async_primary_disk": [],
            "creation_timestamp": "2024-07-21T18:34:11.629-07:00",
            "description": "",
            "disk_encryption_key": [],
            "disk_id": "974939914081667580",
            "effective_labels": {},
            "enable_confidential_compute": false,
            "guest_os_features": [],
            "id": "projects/lgang-pj/zones/asia-southeast1-a/disks/log-disk-sdv",
            "image": "",
            "label_fingerprint": "42WmSpB8rSM=",
            "labels": null,
            "last_attach_timestamp": "",
            "last_detach_timestamp": "",
            "licenses": [],
            "name": "log-disk-sdv",
            "physical_block_size_bytes": 4096,
            "project": "lgang-pj",
            "provisioned_iops": 0,
            "provisioned_throughput": 0,
            "self_link": "https://www.googleapis.com/compute/v1/projects/lgang-pj/zones/asia-southeast1-a/disks/log-disk-sdv",
            "size": 30,
            "snapshot": "",
            "source_disk": "",
            "source_disk_id": "",
            "source_image_encryption_key": [],
            "source_image_id": "",
            "source_snapshot_encryption_key": [],
            "source_snapshot_id": "",
            "storage_pool": "",
            "terraform_labels": {},
            "timeouts": null,
            "type": "pd-standard",
            "users": [],
            "zone": "asia-southeast1-a"
          },
          "sensitive_attributes": [],
          "private": "eyJlMmJmYjczMC1lY2FhLTExZTYtOGY4OC0zNDM2M2JjN2M0YzAiOnsiY3JlYXRlIjoxMjAwMDAwMDAwMDAwLCJkZWxldGUiOjEyMDAwMDAwMDAwMDAsInVwZGF0ZSI6MTIwMDAwMDAwMDAwMH19",
          "dependencies": [
            "random_string.random_name_post"
          ]
        }
      ]
    },
    {
      "mode": "managed",
      "type": "google_compute_disk",
      "name": "logdisk2",
      "provider": "provider[\"registry.terraform.io/hashicorp/google\"]",
      "instances": [
        {
          "schema_version": 0,
          "attributes": {
            "async_primary_disk": [],
            "creation_timestamp": "2024-07-21T18:34:11.629-07:00",
            "description": "",
            "disk_encryption_key": [],
            "disk_id": "6502246869059504636",
            "effective_labels": {},
            "enable_confidential_compute": false,
            "guest_os_features": [],
            "id": "projects/lgang-pj/zones/asia-southeast1-b/disks/log-disk2-sdv",
            "image": "",
            "label_fingerprint": "42WmSpB8rSM=",
            "labels": null,
            "last_attach_timestamp": "",
            "last_detach_timestamp": "",
            "licenses": [],
            "name": "log-disk2-sdv",
            "physical_block_size_bytes": 4096,
            "project": "lgang-pj",
            "provisioned_iops": 0,
            "provisioned_throughput": 0,
            "self_link": "https://www.googleapis.com/compute/v1/projects/lgang-pj/zones/asia-southeast1-b/disks/log-disk2-sdv",
            "size": 30,
            "snapshot": "",
            "source_disk": "",
            "source_disk_id": "",
            "source_image_encryption_key": [],
            "source_image_id": "",
            "source_snapshot_encryption_key": [],
            "source_snapshot_id": "",
            "storage_pool": "",
            "terraform_labels": {},
            "timeouts": null,
            "type": "pd-standard",
            "users": [],
            "zone": "asia-southeast1-b"
          },
          "sensitive_attributes": [],
          "private": "eyJlMmJmYjczMC1lY2FhLTExZTYtOGY4OC0zNDM2M2JjN2M0YzAiOnsiY3JlYXRlIjoxMjAwMDAwMDAwMDAwLCJkZWxldGUiOjEyMDAwMDAwMDAwMDAsInVwZGF0ZSI6MTIwMDAwMDAwMDAwMH19",
          "dependencies": [
            "random_string.random_name_post"
          ]
        }
      ]
    },
    {
      "mode": "managed",
      "type": "google_compute_firewall",
      "name": "allow-fgt",
      "provider": "provider[\"registry.terraform.io/hashicorp/google\"]",
      "instances": [
        {
          "schema_version": 1,
          "attributes": {
            "allow": [
              {
                "ports": [
                  "22",
                  "80",
                  "443"
                ],
                "protocol": "tcp"
              },
              {
                "ports": [],
                "protocol": "icmp"
              }
            ],
            "creation_timestamp": "2024-07-21T18:34:24.222-07:00",
            "deny": [],
            "description": "",
            "destination_ranges": [],
            "direction": "INGRESS",
            "disabled": false,
            "enable_logging": null,
            "id": "projects/lgang-pj/global/firewalls/allow-fgt-sdv",
            "log_config": [],
            "name": "allow-fgt-sdv",
            "network": "https://www.googleapis.com/compute/v1/projects/lgang-pj/global/networks/vpc-sdv",
            "priority": 1000,
            "project": "lgang-pj",
            "self_link": "https://www.googleapis.com/compute/v1/projects/lgang-pj/global/firewalls/allow-fgt-sdv",
            "source_ranges": [
              "0.0.0.0/0"
            ],
            "source_service_accounts": null,
            "source_tags": null,
            "target_service_accounts": null,
            "target_tags": [
              "allow-fgt"
            ],
            "timeouts": null
          },
          "sensitive_attributes": [],
          "private": "eyJlMmJmYjczMC1lY2FhLTExZTYtOGY4OC0zNDM2M2JjN2M0YzAiOnsiY3JlYXRlIjoxMjAwMDAwMDAwMDAwLCJkZWxldGUiOjEyMDAwMDAwMDAwMDAsInVwZGF0ZSI6MTIwMDAwMDAwMDAwMH0sInNjaGVtYV92ZXJzaW9uIjoiMSJ9",
          "dependencies": [
            "google_compute_network.vpc_network",
            "random_string.random_name_post"
          ]
        }
      ]
    },
    {
      "mode": "managed",
      "type": "google_compute_firewall",
      "name": "allow-internal",
      "provider": "provider[\"registry.terraform.io/hashicorp/google\"]",
      "instances": [
        {
          "schema_version": 1,
          "attributes": {
            "allow": [
              {
                "ports": [],
                "protocol": "all"
              }
            ],
            "creation_timestamp": "2024-07-21T18:34:24.379-07:00",
            "deny": [],
            "description": "",
            "destination_ranges": [],
            "direction": "INGRESS",
            "disabled": false,
            "enable_logging": null,
            "id": "projects/lgang-pj/global/firewalls/allow-internal-sdv",
            "log_config": [],
            "name": "allow-internal-sdv",
            "network": "https://www.googleapis.com/compute/v1/projects/lgang-pj/global/networks/vpc2-sdv",
            "priority": 1000,
            "project": "lgang-pj",
            "self_link": "https://www.googleapis.com/compute/v1/projects/lgang-pj/global/firewalls/allow-internal-sdv",
            "source_ranges": [
              "0.0.0.0/0"
            ],
            "source_service_accounts": null,
            "source_tags": null,
            "target_service_accounts": null,
            "target_tags": [
              "allow-internal"
            ],
            "timeouts": null
          },
          "sensitive_attributes": [],
          "private": "eyJlMmJmYjczMC1lY2FhLTExZTYtOGY4OC0zNDM2M2JjN2M0YzAiOnsiY3JlYXRlIjoxMjAwMDAwMDAwMDAwLCJkZWxldGUiOjEyMDAwMDAwMDAwMDAsInVwZGF0ZSI6MTIwMDAwMDAwMDAwMH0sInNjaGVtYV92ZXJzaW9uIjoiMSJ9",
          "dependencies": [
            "google_compute_network.vpc_network2",
            "random_string.random_name_post"
          ]
        }
      ]
    },
    {
      "mode": "managed",
      "type": "google_compute_firewall",
      "name": "allow-mgmt",
      "provider": "provider[\"registry.terraform.io/hashicorp/google\"]",
      "instances": [
        {
          "schema_version": 1,
          "attributes": {
            "allow": [
              {
                "ports": [],
                "protocol": "all"
              }
            ],
            "creation_timestamp": "2024-07-21T18:34:23.899-07:00",
            "deny": [],
            "description": "",
            "destination_ranges": [],
            "direction": "INGRESS",
            "disabled": false,
            "enable_logging": null,
            "id": "projects/lgang-pj/global/firewalls/allow-mgmt-sdv",
            "log_config": [],
            "name": "allow-mgmt-sdv",
            "network": "https://www.googleapis.com/compute/v1/projects/lgang-pj/global/networks/vpc4-sdv",
            "priority": 1000,
            "project": "lgang-pj",
            "self_link": "https://www.googleapis.com/compute/v1/projects/lgang-pj/global/firewalls/allow-mgmt-sdv",
            "source_ranges": [
              "0.0.0.0/0"
            ],
            "source_service_accounts": null,
            "source_tags": null,
            "target_service_accounts": null,
            "target_tags": [
              "allow-mgmt"
            ],
            "timeouts": null
          },
          "sensitive_attributes": [],
          "private": "eyJlMmJmYjczMC1lY2FhLTExZTYtOGY4OC0zNDM2M2JjN2M0YzAiOnsiY3JlYXRlIjoxMjAwMDAwMDAwMDAwLCJkZWxldGUiOjEyMDAwMDAwMDAwMDAsInVwZGF0ZSI6MTIwMDAwMDAwMDAwMH0sInNjaGVtYV92ZXJzaW9uIjoiMSJ9",
          "dependencies": [
            "google_compute_network.vpc_network4",
            "random_string.random_name_post"
          ]
        }
      ]
    },
    {
      "mode": "managed",
      "type": "google_compute_firewall",
      "name": "allow-sync",
      "provider": "provider[\"registry.terraform.io/hashicorp/google\"]",
      "instances": [
        {
          "schema_version": 1,
          "attributes": {
            "allow": [
              {
                "ports": [],
                "protocol": "all"
              }
            ],
            "creation_timestamp": "2024-07-21T18:34:34.578-07:00",
            "deny": [],
            "description": "",
            "destination_ranges": [],
            "direction": "INGRESS",
            "disabled": false,
            "enable_logging": null,
            "id": "projects/lgang-pj/global/firewalls/allow-sync-sdv",
            "log_config": [],
            "name": "allow-sync-sdv",
            "network": "https://www.googleapis.com/compute/v1/projects/lgang-pj/global/networks/vpc3-sdv",
            "priority": 1000,
            "project": "lgang-pj",
            "self_link": "https://www.googleapis.com/compute/v1/projects/lgang-pj/global/firewalls/allow-sync-sdv",
            "source_ranges": [
              "0.0.0.0/0"
            ],
            "source_service_accounts": null,
            "source_tags": null,
            "target_service_accounts": null,
            "target_tags": [
              "allow-sync"
            ],
            "timeouts": null
          },
          "sensitive_attributes": [],
          "private": "eyJlMmJmYjczMC1lY2FhLTExZTYtOGY4OC0zNDM2M2JjN2M0YzAiOnsiY3JlYXRlIjoxMjAwMDAwMDAwMDAwLCJkZWxldGUiOjEyMDAwMDAwMDAwMDAsInVwZGF0ZSI6MTIwMDAwMDAwMDAwMH0sInNjaGVtYV92ZXJzaW9uIjoiMSJ9",
          "dependencies": [
            "google_compute_network.vpc_network3",
            "random_string.random_name_post"
          ]
        }
      ]
    },
    {
      "mode": "managed",
      "type": "google_compute_instance",
      "name": "default",
      "provider": "provider[\"registry.terraform.io/hashicorp/google\"]",
      "instances": [
        {
          "schema_version": 6,
          "attributes": {
            "advanced_machine_features": [],
            "allow_stopping_for_update": null,
            "attached_disk": [
              {
                "device_name": "persistent-disk-1",
                "disk_encryption_key_raw": "",
                "disk_encryption_key_sha256": "",
                "kms_key_self_link": "",
                "mode": "READ_WRITE",
                "source": "https://www.googleapis.com/compute/v1/projects/lgang-pj/zones/asia-southeast1-a/disks/log-disk-sdv"
              }
            ],
            "boot_disk": [
              {
                "auto_delete": true,
                "device_name": "persistent-disk-0",
                "disk_encryption_key_raw": "",
                "disk_encryption_key_sha256": "",
                "initialize_params": [
                  {
                    "enable_confidential_compute": false,
                    "image": "https://www.googleapis.com/compute/v1/projects/fortigcp-project-001/global/images/fortinet-fgt-728-20240318-001-w-license",
                    "labels": {},
                    "provisioned_iops": 0,
                    "provisioned_throughput": 0,
                    "resource_manager_tags": null,
                    "size": 10,
                    "type": "pd-standard"
                  }
                ],
                "kms_key_self_link": "",
                "mode": "READ_WRITE",
                "source": "https://www.googleapis.com/compute/v1/projects/lgang-pj/zones/asia-southeast1-a/disks/fgt-sdv"
              }
            ],
            "can_ip_forward": true,
            "confidential_instance_config": [],
            "cpu_platform": "Intel Broadwell",
            "current_status": "RUNNING",
            "deletion_protection": false,
            "description": "",
            "desired_status": null,
            "effective_labels": {},
            "enable_display": false,
            "guest_accelerator": [],
            "hostname": "",
            "id": "projects/lgang-pj/zones/asia-southeast1-a/instances/fgt-sdv",
            "instance_id": "7898445629233301931",
            "label_fingerprint": "42WmSpB8rSM=",
            "labels": null,
            "machine_type": "n1-standard-4",
            "metadata": {
              "license": "-----BEGIN FGT VM LICENSE-----\r\nQAAAALyZ8VIHrLtFL7PMgog0XmfDdQTFwdEHOCNT0DkN3Jt2haS1jujrGK1E1tSw\r\njEfS3ReHsEw98M6AItfAPSX0BcHgGQAAflZFEdlnWHMR9k5kbLUYS7FvHQoCSxO7\r\nSb2IardhGhKirJVx2dycafUwjSt/6Z3VZzA4i7U1jdL08NSNSKtz0ksg2xztTOn1\r\nG9r7zMmbX3ZHV0mCjUDUNY7K+ued9KunUDf1aK+VOPCMRryXOm5ETffa47cbismE\r\nqIM8a5wl2v36x0I5cHVqt3a3c/HkdzXBKlDN+msvo49u00UqSz2q0ZY9INNFjo3W\r\nSqaLUXAksXWz0/BreGsH45/AsGuvrWWUjVgiO/mZ1pIBxyPZ9mbRsv/vqgPwCLN4\r\ni91ql1UJ+0ZGWVov1GOG44WaSwAqsQiuBIvt9cAq3wjPzpr6Z/VH+NISdmSdY5yo\r\naH+bjX82PR3irvFyypjx0ud8+CVRKsxaj2CXh1F/wxMNKrdlQlqrez7g8yN1tJYI\r\n4YH6W+N59WO23jNIHjoxj6BG8ph2r5xRbxC2x3OTBI3ism7teh8hR7VBLJzaIgRd\r\nhISQsreA8tHPHfqask2Q24jcRCxn/DGRKjJNf++5Qn+svvcZYyZkUOpsnzP5zNS+\r\nHZ/JGptnX/UNhavpd1BbDX2FuzuRa8/QOw9jbrm6L1ln9gd4048vPYeMvOFPh8dC\r\nuCp6MSrhvoY3Oddte1KTREa15t1mmjXdKqKnI1ampSG4sZPjl+AIoqhcQaHwm15f\r\ncz1OI9e9I2Y0Bhdhtcm4uEv5HEYvQNrDu5be0fBeuYZ+H/RASZZy021Dvj579LSl\r\nRVqIk7a4xd8DTjZpfahTxwiX4e9yHxiUverWWlw2s2/vsfTsjAyFlatGoQCF/O5m\r\ngofB4le3Jy5IJSLygc9gYTLjLUyuPIvOv/UKuLjjx0LUsaRfrQsadwwBEBfgXATk\r\nrnNB3Y7ccpwXSV/wLe0OhWjR8GH+nn5fJ/HLJNGRAVm10HXseDRba1G4yo7REpBR\r\nK/RaKlFlq/O+BXV9/tSB0y9xCJTVUhZbDecLeMoDHR21UNQuFG/A3qy5tUgs2lFh\r\nc47UmDRZVESxh1asGiGVBvDWdXKClOmBd2G5PGLoNAX1BPRKaoi1XrytE5cj884p\r\ntPoEF2E3HGXZLzqqh610VpwDW8CHV6AQdMb6nV/5bfT37pJROQjTGGQTnmerLH8c\r\nzInp2lmD719pqrnVG0UxW/NUUAeWvsf341EiM2DFjlcW76rU/lcFqcKAQ016b4Uc\r\n1v9bMmyk+qCLQwGj837xoVRS0jyfABiHXhe62QqzeJO9eiDEMC66XTcgRnRL6ycf\r\nR7yQXhw1Hb3B/W6+szPIjAvPHv9UWg+yDGGy7tSViV0L/ArkCROrkJSJhxciNVbT\r\nQf3wULm3myp3XVeldkBR/0/FXoVDBMT1iaWzu1r4f/u8wWJIrisSO9uQldMKCcON\r\n3TT2UBoXKCsQNdA3QyGlAGEzFWDW0tFhzvArOkvHiYeikNIJoMZvK+8U6qEuNq9W\r\nYaXDclIflAUKTOr12BmpVXRIBhkM3hgD4aal7GwQ0mvZTWj4CMAsxia1VYszsyNp\r\nvndjiSRzBjhc8bOKWbSf/iB0FZm0rFa6Iy6HBCGg6acARehEE4O5WytEZKEkVHiX\r\n5dAyMPvTfnrPGdMFjh3ZXsMqAUZxiJbwTqjC8IXn95vALH0/GpfG+io/gEAqR0Ct\r\nyu/tNXmBiQK3hWTnGCBTwW+Saom4ITtD9VEyXUU3BZ0qRoM9sak12P27vQM//Ki/\r\nW5A/PsHWOCEmlUSKcbR8cW0PCICw6/8fZFWjLjnETUICXM2JcXQBtw+T0EGNvE3g\r\nXPOFRmM6iwOnOmmKPZLm9gdAn6xLRvanvyj/itJ0pZe6pQsgY4VaDVfszK6WXk6F\r\nB9xQs4I0RzhgNOPsn+j8PMe9qZ3Xa/llRzgNYFiU0v0bgm9dhtRPiCz/HwqUcHkZ\r\nwpB1buxJ90fHUPPOmM1vgy0q71BdEvxXBMVSQIR10LxcYlN6yfl2ITPpPcyHaMAk\r\ne1qhHY5zDGq1QcUGMWbxt+Dk2whiEL8VfvMtDF5rKNu57vP7u5Fx+N03JFLib5no\r\nawxfn2+V8476z+Q97sXG0vNjU1FGFcxs/xyrMX5hrU73D8FswWk8PMjROowz2na4\r\nxg9fiQmrOW/s70olSxXAwWUnhRMvCKdOJ2xF/vKqxwE95rk9Mab1lNpqIzDjG8Zo\r\n+ImiF+KzSjiUdRihbOFqr/nRWS892oigDLknRa1LospjLud2vi/RdkAud84sv0d1\r\nHk9+ePyR1OW1C48iTxvb6Wvs3oTumUXyMsUKl5LFR2l6MhaoqFbS8KT98O0w7DTZ\r\ntV08aLkhtYsOte2EKQkKCFLMUJKR34ncFDjEYHT8tQyBuZlHmiPJ2l0vUQczzyh8\r\nVz0J+rLeFcbPZ16/GNLeRf2Q1YS0L7ZKtHyKYj3XT2wHE86jUnORH9v5UwZyJKaN\r\nFCizpXuezfLNwI+nM+RqRNsC0cXEMRABF/rRxoI2fo2J5nmYY3CSnSGoQq4IZmLe\r\n3L8APgFQ3mQOTMeoaEJdKMg9tgaAfy3S+/nP6d3opRc4gBmV648622EX88Yq6o/y\r\nztSPDc+Ljf9fIQ8EJKN3cgF+2jtvmdooWhuFG2vwQHXCA4Ali3thIac6veUmhjOx\r\n/ZrWT3EpSIUZkIjUo/oj8+idkCplo8c20HdWURGkG7TLWcL5b3WB0OGd9eLie/nz\r\nYCOd318PSBQQtTbV66KiNj7ZNXNpyeFPIvm6NURdPaPEv44y/xRguJhyUKEcWKB4\r\nNZy9u5TatvDhwvFF3iOW7ODXDdJf3p96xJ3gATE13g136DEeY/G/o2QviUfk9EZ3\r\nriljz/2QQ3KrIrJaPvCwdR8ByZ+Da2tw4DFoInpUMuYr79bl2aQMgyxud2ZO84xm\r\nAANivpTI6qG8McQybyZxwXOSbxsUJiq66bzVypBuJosN81DbGZ+PhSIlZ2E1YCi+\r\naob/RCmWeES9CGCGGv8SDcB5UaeftVpPteFFfDumrQ7yArW3RQ7Q5qimheI7JDrY\r\nmKddNmj4u/tjOqq2NGkLA/1N0QPy0JRtPpDmCZOklx6PQ2WZGzd7NBfZQsaCAKYI\r\nkpD2aP1S2o+vW5pLHV7YDD9k6XD+rDyvxBU7jBvPxS1TnUD9HvfPI16JJhJ46HBi\r\nu930ZKa387KVfl87nuAq60FGjI6RGmXnGylhrCieywI0swdnxI+Sd/3jspGbftxF\r\nxJ7Xh1jTKsYucJ2u3TcqED/1surZFp+UaqlHW0JqN5dQEi+BmWMcQbX+Ge1CVQZs\r\nYNI9AEHA/VxigFvJA+VIKOkmmfJEeM1iF9ESQlbvqKoUDXeRl/O6RhaQHSm3KoH5\r\nRqBsF0SnImdQpGr3mz8123QyeHCIytXaD93jggVMip2pwB7yIC6LSpAsxI5JhJxo\r\nextM6XOCczQMlbSrjLNM5VMMBVasjidwn4Kna6Z7CaLodKE+TFJENXAN36OsRX7M\r\nbE6/LuS3L/WWgETfgF8CGayzXdHCIeCoejwMLARwvmZXvqHtC52y7JBj2QhJnH4b\r\nF2FwwiLKJfVWO/FQiLYBI+5yHT4vQMP+HKI4bycCve/OD18TzPGc9V6xYwGXXh37\r\nA7wjLup4maxdweGXC+fpXY/j+hNCx2KCS52pELPSbvU2UCC2n8/YItIE5EqI+QRH\r\nKDGy2xtlzzyOknC7jc+8qdVk/9SY5K/s58KvLSuc1dnMCjaKkAYvwWCfoAqnM4zx\r\nkWnYyBaJphj9nBbJvYP0oVB+65uczhA8huQmwlmaT4W/IViSnmIUCRFkBptTuM3z\r\n+onpiXB3Pv6jt1GovrmDc2qeE9IAoLJXPtR/jcsA9OoKFF69KXwLFvfcqOUOtI8U\r\n5N93Xkjiz9FSmkRvd8DnRr4xJkUmB5d0IWzcR/ynftyqHCjybIZlKzCGGOloajoY\r\nvn/ZZ9pD1DV+NUzjNXsrlYR2MYAaSEh+Mu1h/iql8exQZwkV+imShMWF/TYaW9S2\r\ngLH6UVDcpuOt+5c/+iYaYFQ71X2RJK3q7wSlK1100FBAVn9JMI4Op06TDhdall9m\r\nFVgzonlJviIplyRND14/KTniZ2q8xDWfMlM0W09j1caa5pjsakW1rNoYUrsBDAG5\r\nysjhgdxx1so7ykdu3dTOtqT4IWrEt0cgNpew165Y17Iq6Rt7JtmMrUmO5zDkVfhq\r\nzALLKe1lIr2nLDIzsVLVXs1HqwbxuJeQUL67d9hJECkyIJ42B5Vxa/TZwCI1Wqor\r\ne3uDqPzIAocaUpS1rkdVLx7r2VX4GUj2wrKdTN+IUQ/uAzAN0GrTYJKJMWUdiVfY\r\nnKVAKdm2EByVZKuDn/f159OblvY6eOKpWDPBMFsWa4ukc52CkInbFw41NIjQGhW9\r\n9HAkY5uWYf0oCsVc82d2iGTUPm8Zwzm+aqS9i7skRyPuqUnshLFK2uONWGobe2C7\r\nKFQcKuskGwPf05mSriZqw8v32wpssK0zkR/w38Soeqml7FQJtXFe0qFeZf0pwBqx\r\npCx4SFXonQ1Vbl6zNJVwRBVMpm9y8VTPAkS58vz4h1jaCczL7Ie4tljDwhVHOXlS\r\nCtmyP90+fD4hfQ0hPGNuNczlph1AeiD/bYkxKJ7lY8VnEEPM1W04I0zimStSoCXN\r\n7NjYgbiykIRPOK1h+lBL9aIUD0IaaWHNY2PQKbnBRreLyx3YEa2jzbPKg1CBfGye\r\nEPG4Lrn9uyOiNLBn32lViSQC9C1mbPxUhn9vSvElVXa/wQJemWu6YxcLXGPcy/mj\r\nH4ZymI3wJHECy8HARknD/7WFHxJbnFolkJUiR35mzlUSSk23N0oiq1+oMd4nWhM3\r\nj9vqbPufkO/+YT8nqA36Hs8j+WvL6wbKCu7/yxvIU846ivlERvDWRFw4fKSqtwtB\r\niXCIjETWD+qddM97BMqatYFlCk4OubxN8QfFFXaQ1ZUDMNmM3A7A2LbnJwLMxus8\r\n2W2TVfmJQxSHsk66mpJ7onNI+OWB+uONGxvTWrE0p2isXUPFv3xiYktVW6H7r04P\r\nNmhpjLZmtEBxFvwUfsjp7R9k3Pd/+6qQINHvRt2Nts6eoUByOCWnSBSTxU+37bQS\r\n3XHJ/9iCTfKlztKEFyY9wThm9HknMlpokyBKtfRIjuPnhKr4UQGJeC38XgPp/HR+\r\nK8sE9hjITqIwvw1GNCXg7q6Bz8U141WQ49jvdn8JoaCtKWTqn+bJTVLOS7gM8VBM\r\nre4sEwQ/+Pvxc/G6+ck2XElvURRJrV0KfLnCuYx2ZIUHNjQxOrhcWOvRpSn8AxUc\r\n/qmHQnw2H/Ly48CTAD60ZypkunWPGCSrBU1Ca4BNtjmWJbDNlyzT86Dv+28lmMiP\r\nAOo0v+Zf5+M4fsuIW34i7S8yyXd9S/kgQwm40t0aPsV5bfpjqxBRd6j9gA5mvjJY\r\nE/dogSu0IFLjpsF4H2RhpV1cE6OVr+dVEgJVzhD1phVoixDFaEEK+PvJZr5/IqoP\r\n39Ul16E4NVIoN6s2WqOoDRHaTr98i9ALJmlITwsswfVPNEWE9U0pO1spA8cZEoeh\r\nj+GMPfrQcEagQyFJjG+AhKYVi6D6ib0t641qPgLuuHKJEanXwyOzi3Owq+bmoSyR\r\nD+a+Hq/PYqeifRNGC+rxv1vtj43sxnrvhhsxeRBYks+ig3XzV+fgC1mmqUHGPQOi\r\nzho9+VG8Ev7No7+PXUWUhccWRJXuN0ELJoRZYF69Ojg+r6wgyQH2aQ7ixr+2LTF5\r\nBKo09jMfoLDDwK0Tj+fZw48ZPOBqascnR4gYgOMKauOjSDMmm878oFIknWJGSOjD\r\nD5D3EeXG6geW69Xdgn9v/HGVDoQTb7dgVFgjj1Sbov0F1qKAMWRLKq2iQ+Qbk7DC\r\nyLfQIEoA2NVs1XfAjtAkecV/Ic7P/wiNuhAWjs9UoZFTzDCrXYjI/9u592Lt4mQB\r\nFgeKMrZpz95HOQhukcn5Oq/OQoIdoMiXzf+DPghqrFFhvtias1AKEaqQftz57hZK\r\n3nqWbEB1kRYOUv93TW6SDzlNnxRQi2Jow7/3D8+aCocKdgCQmB4+TXRl3yz2Xlvu\r\nBPVcIuNKM91/Qx6RzdxH+pzQ6hBSZaCaINXeEprN43IPnw2oYuYcD2FHOM58GVjc\r\nGemAd6CUfBzznDA2K/LmaurP2bDa4ca2ZjYSQ430IZl0ZdeqpIhqv3bh4sxS3hSe\r\nUP+/V1ugd3/Bbwfdswwos8Q8ORL7uwRGNlhPlBDn/Y9gh10KuKB/YMR7yCyaJzCz\r\njVVbVYHsmv0jE6EmIOB0c+NLErDG7tNheqDN+xM7n7BuC193CcZ1mnW0YwSSNtFu\r\nGka4nTdy3/CMoovP13QQmyDlHPH0DF0/jhgutC6klPTqdrbgg/DqhHiNkGYV1Y/F\r\n9cAWZd3gzRQ4h+nc6wzJ40J2Ro79rb+fchsji12vRsN+P3fsbncr4cDeC+Z2QJMN\r\ncUv9A6C409FqNYuWPsi/N7AEvxK9PXB+WXqDcQELwH7yG76K0tNvqd1yXGPMl9Ve\r\nGOihNhNCcbd1TTKfmPoCTOqY/KpB7lHCufE9bgJolssBBiSFswggdbEGYHuGfZUS\r\n4NluovghCdUiPXr6ipnnkFrpyaED8TK1efI96VbkOigEAhiFJXbsBseZ9zBdbWrX\r\n0uYJYK7sMphWyhyhQ70V3tRmnILl7uG8uAfckHfPYqBa5Z+e1JS/YsNtYUbCljm/\r\n1NU9vOu6z5g7Gx3UglDjGUi65iUckDKDAUUniXcxBYVFeVaGve9jzpxoHTWolf7S\r\nPLDoS1B5spk7ufEHcayM37lk9a0sWvL+SuUpUehbUvdVc5WZ+/Qxj5tp/1xYkUmj\r\n3xEHQdtl1+HV/eF7I13ZPlXABpEsrsTAW2SiXHUTrsJwvCwVSGsuwG3cVzS4trKh\r\nLmx1okX48oEMWkzWL79IX74jTqL4Ctyp3QbyHnV/ha2ULAwcJ2Ep8x6vbFM/xNeT\r\n8y/t34juz9/HvyYMNgEXOH9N0zbz3vNZRUZaW7BKRuLKFuohm9XMkshBy7KVsshL\r\nc/xcfXcPuhE5GqK3B1zquwPb31Hi9VftC/6YnLTmR6WQCIviW30XdENP1+E43iLM\r\nhdtfSgdNquZjYg41rUUSWX1NjNvOhO63ZG1KiFoogZILNoWADF6r+rzL9SVx65Iy\r\n2F+f5FaCEAlWRKB5h8zjekXd0NyF8CG57oKPhARYtnfHRNoCc4Jpar68I2fcVycG\r\nXxxB/sS143isGtZW5P2ErxFHvAsARs/UZmr0OctnSG2g30OfHkKahYo0ESlcHlbY\r\nmXZ8KUAx5rFX2lvCVSOw6uhqi8CVKFD2c4ZhGvXi4mjmQGsrth4OSolwWpxk1Et9\r\nTvrN8mPuoxrX3amXle08JNCmYtALIzfGGJ5fa9iUV7o2YnuUN8b8tZ/boP+/VOyh\r\n78hGYNbQKDNaCjTtaVzuY161fLrDHF7ayWeDkwRBSnFxQ3jhKrBYGCffswY4ej3+\r\nWoq7vYhjh8glDQUMZvd6DjltRqEUNw7mO16Nk3mQpdHGJbvBZObW/fwxDmfA0XiG\r\nRU07z1+eMi8krt4e0kbRBfoOa/kjJrAxxHh9eDAnabbuc9voLJWE7NSK+iLIJhOz\r\nzKsZ3uaZc1aRfKXhsAOdU2G21r2a9UuJxWb6ei+1A80ru+ykpCpWvihPoOTpo6r7\r\nvjVgickMGK9bc1utzpIy0CQYyzBltHI6ld2VK1hkWa5P3crQE2eTdJAcXhwJKDQ0\r\ng12/FmU+woKEbCci3aPrdyG5T7BPOWSI2ZH27y1Z7W7HO6fPYyDjX1d9gv+u7R87\r\nMCGR6/4ObLpd5ON85j24fkKtAb6aYlLmWOHEuatIMmvEtgCqiqsh3mamujVvNopu\r\nQ0/tQTVMXdneemWgzqLTYpZKl8EXlp73iraWr4eX8FKsfCdNz/Wy8KaMWbMsyAcg\r\nxfF729X8lldZB0fp/5aRg+0IQDObsAj1FJ8n4O7BkpDiZeE4kkN4lHOlQcQPzwkm\r\nZHFmSNAoxgE6T2rMrjgT7JAgdecX1piHKneVCDbM8yv9mOhVGzGUTkyolDSzjN92\r\nYj9uZyMdNapJ/Q9xP75fAhIEkLxvPxgGe8ZT8VSmKB7Uahtqyg8tGQkJsnoU51MZ\r\nn858YbMVtvTX6iJP2890arvMouB9w15rtR/e656meba6tETO8gu+UEi71RBDz1TH\r\no4bpEnSzE60JWZXjaqyykPeVwD2euhG4+Jy48Dna6mX/VrUxmdMP/MJkDIN4PmbC\r\n03qxiwyMkbXyjgMWQJOU9fOtojzJprETJomntbWPOtLZffZjKiag/mVCqacDLD5H\r\n0MqG6Fiy4pJt3Ac/6gtenSwwN1QyG06ipTxVhPEKAng3OXaLtA6n4s1Q51+2R7u4\r\n6TNvrmM9kDVbQZwag8KjHrktdxHiJkYfpo93FOWmFcb75penb0nb3sOpg6IY5tEH\r\nwfaogpwJWm87a35yKDV9yNW3MMBN5Nq+ZGQtDd2cH41u9vZPlAl8B6cH8WtZfy9H\r\nUCWIkemvIWvIZ6NC28qUMlhhfUdhw03qkFIpLOPe359O6xWKL7oV32tYSq9EPLOe\r\nG9Ocmt8dV8FKnMZ1nF3Nvag4xxWxugCTgtgQP7a5SLK+JXmcII5ToVNUFrJtmwss\r\nL8MxRLFyxpCoiKUzD3YmY+IDsvq9lq9hY2SGcNAxv8+MK+YwBJfnXioH9XY1qN3y\r\ngexidDH/P4Gl4zEA4ZFMdKjeakdLhOdskQmGdhY5ezMY1xVyyGu3Cj/uB76q+GjS\r\ndbHWSeXHLxXMOA+U3g0P2r3Vkh6HapU3e6OzPC+xPBRWG2TVVDWzW0xfvf9jlbDW\r\ncc5wn+nEaHGt+8JPu/0NhoytSmrZ9yaIhsH7uZqkqRAV3i/BwLLeRNx8xn6k9v10\r\n3Hneq0CyNoNJxHwDHTpu02Ec81oYwFZt\r\n-----END FGT VM LICENSE-----\n-----BEGIN CMS-----\nMIIMiwYJKoZIhvcNAQcCoIIMfDCCDHgCAQExDzANBglghkgBZQMEAgMFADALBgkq\nhkiG9w0BBwGgggjrMIII5zCCBM+gAwIBAgICIAMwDQYJKoZIhvcNAQELBQAwgaUx\nCzAJBgNVBAYTAlVTMRMwEQYDVQQIEwpDYWxpZm9ybmlhMRIwEAYDVQQHEwlTdW5u\neXZhbGUxETAPBgNVBAoTCEZvcnRpbmV0MR4wHAYDVQQLExVDZXJ0aWZpY2F0ZSBB\ndXRob3JpdHkxFTATBgNVBAMTDGZvcnRpbmV0LWNhMjEjMCEGCSqGSIb3DQEJARYU\nc3VwcG9ydEBmb3J0aW5ldC5jb20wIBcNMjIwMjA0MTg1NzI4WhgPMjA1NjA1MjYw\nMDAwMDBaMIGGMQswCQYDVQQGEwJVUzETMBEGA1UECAwKQ2FsaWZvcm5pYTESMBAG\nA1UEBwwJU3Vubnl2YWxlMREwDwYDVQQKDAhGb3J0aW5ldDEeMBwGA1UECwwVQ2Vy\ndGlmaWNhdGUgQXV0aG9yaXR5MRswGQYDVQQDDBJmb3J0aW5ldC1zdWJjYTIwMDMw\nggIiMA0GCSqGSIb3DQEBAQUAA4ICDwAwggIKAoICAQDAfW0Mnb4wMgg2p0tZFKcU\n4WHFn75Rj9tAKFzwobFcU6AAiP+6t3nqRiVbdX7Vmta4C2uhX67G52ir8MR8tMB8\nEZRNYmZARaIwaYLtm3VEUm3YU3AnL2D6h5rSSIgIEUF1KsjfQh41nRO/PzhtE2KJ\nIWKKSuKCQY0xaA0/41xncinqQVOC1H4aDETZfKjX1I8nuj5Y1znpyY1YJMcrautR\nayh/+GgNcZw6PNbUG3Cyr31d2WkrKkfrrG9uIrHEZdwlahW0jLeIkLf82JVG5eFq\nxGPVEsNEY7pCXhNYqTsvc2rUTsgM3pyyAlSjRW7IOrRys2SXNNsqw4HnbF5zZ5WG\ndUSYIiWE+TzaeqTVAI7WytQTnYEyn2yyNauzkf6r2U8nxUKKLJav6+pxhqD7q2nG\nAnWP2EjsUlMHsXq1AD+I4NobS9Pa3SnkOah+vWbKH5/bLyITbC8jIzad4ZPPZV+N\ncfi+iJhKnVLMDXmytE2nBb3WDJeRdHb5BX0V7J4YJjxATs94iHeZXXg1sPZMc1bA\nEyIDpmUlnPyyD8XhPT255gcRz4Oug4S0Bqz2wl87HQ8Zo4miGbOO4rMiVlIQrYDp\nfdWJshoVzU1SJnRmsMIutIHI8WdGyiOH+7zM1RerKfwxtnBwTAdhHO91gTNyf5Zd\nto7F/JPDx+wLSxZHJ4Qj1wIDAQABo4IBOjCCATYwHQYDVR0OBBYEFM0PR6Keg6Vj\nyeasxdtYvhQIP2VjMIHSBgNVHSMEgcowgceAFKMxr6NI7qHiX7Hy/db7QUhQGzp1\noYGrpIGoMIGlMQswCQYDVQQGEwJVUzETMBEGA1UECBMKQ2FsaWZvcm5pYTESMBAG\nA1UEBxMJU3Vubnl2YWxlMREwDwYDVQQKEwhGb3J0aW5ldDEeMBwGA1UECxMVQ2Vy\ndGlmaWNhdGUgQXV0aG9yaXR5MRUwEwYDVQQDEwxmb3J0aW5ldC1jYTIxIzAhBgkq\nhkiG9w0BCQEWFHN1cHBvcnRAZm9ydGluZXQuY29tggEAMA8GA1UdEwEB/wQFMAMB\nAf8wDgYDVR0PAQH/BAQDAgGGMB8GA1UdEQQYMBaBFHN1cHBvcnRAZm9ydGluZXQu\nY29tMA0GCSqGSIb3DQEBCwUAA4IEAQAZwRoHXRhUyS9cNQW4wd6h6NrNSTxU7jUp\nIXajkEOIxPgBoS3t6rhrXqsUBaexx51tdA+9VE70cEIyZIbuC12wwjmJwds7uBlt\nksUzqSHX4eGDiADBUvrh3dpL30GthUI7S9o4WJGmjsBlPTLUgmuaW6p53b2y6Ohg\njpatihxbfukiNq8Gnpl2joljcfP2nZQiWWzpU6B69WRoh/ikJJskoCU0XB57qVZv\nubHv73/Q37WdDeXchqw30OAmxVQhxjBK2gNR6nM83lZsz38gOwW4Parb1EaJNHP3\n83kFmtSs5GNANP3xMoW9/uN23Bkc21iNVfoXenFF9sQnlHZ4zNiGwlgfujTbxMEA\nAsYfWU0i/IuX1+/AOHhTC6VUdQkM6aOngP/C0P0p5m9u2o4quAdNpEqjmZ/3Hb0a\nsKFqYj6cosFdnxElxPUOq2lsaIFSiAwpgSv+tGVyNcpfYqM9Uo6FmEDmjH7piulv\nEJc8q2Urmy1UQx7D88y02oRSypXCQqXfoyZo3m/o06cKz1sJfmGgJrz+3PLOV9/O\nvDwsOcOIbRnR3d1oMLiZUwyeYb8D8cz2gWananUNwFZUFasZceVUbdVG+uZTF1Jk\nGXfO3Pvl1WtsLz2NIoO4V1OForjLvWnbhEJGVjX2G4diymyGE6kj+izWtQKhhb4Y\nQgEcHfWyXH/VT4GWruTaG7s/4eXpf/TMdZSQqSbVCcFOiiIwKmW/T/xN7VCSe2xm\nxy84ZsJxEvgKYpE4dxX85Pp+B3akAn0Wm5B6pnTahLP8xQAFMyeHyzb5H3TmAw6K\nDKt88LBqABdSX106j+4WnqICs6S3qp6AbVdvm/ADS/OrkvJim4zEmRX4RXZPFA4Y\nHiga6O3C8jTeQKMurnzIiF0PEZqUjIKChh3Tr5khP6ES+dBI0xWk4Kis0GikDP8D\nc8V16IcRfjUIpyjh55SlscMBboOKwOBNjsZINXjiERQu8X6Y+J1kNkkZObpp2YQr\n+oIIMBReFJdEOTfHWdG37BoJWA3AFk5WuW92nK1k31GH/9mQMJIEEXmKhy/lkVrk\nWpcH7XaD12plEdbCV5E3yyw2zCZKUVpHTm+JWUKbXdfiZ956GzSUVS8qDzvuaE86\n3QEY7gPKJ2w3GannGrxo2ZDxM9B/IHqEYcuH/LaI9a5KhlZb0GIJc2gXqerLP6Ck\nUtPK/ue+VBkFjSisW+VF14r3MdYGna9wCNfvZNR7kod9elakxODrlIv9LQCmPfk9\npSUUJveLP+M3Nz0rNlHDFQmy5UyyvaMynSgU9hzltoe2fTWZZ9fv5MVjhynTPh30\nT+Valz5HlrPJ+ig2PWnTclMtGiaVAG5KQfFGLTKJ/7uNSwS77k8aMYIDZDCCA2AC\nAQEwgawwgaUxCzAJBgNVBAYTAlVTMRMwEQYDVQQIEwpDYWxpZm9ybmlhMRIwEAYD\nVQQHEwlTdW5ueXZhbGUxETAPBgNVBAoTCEZvcnRpbmV0MR4wHAYDVQQLExVDZXJ0\naWZpY2F0ZSBBdXRob3JpdHkxFTATBgNVBAMTDGZvcnRpbmV0LWNhMjEjMCEGCSqG\nSIb3DQEJARYUc3VwcG9ydEBmb3J0aW5ldC5jb20CAiADMA0GCWCGSAFlAwQCAwUA\noIGJMBgGCSqGSIb3DQEJAzELBgkqhkiG9w0BBwEwHAYJKoZIhvcNAQkFMQ8XDTI0\nMDUzMTA2MzYxOFowTwYJKoZIhvcNAQkEMUIEQIX4CDlqg9TsMAbS9QnLkW2J1rKY\nvjNcUi7dp1pjYlZ4bwelY/M1fiiCpYqbzs6aenJ30MXsyt81MCphVRTpyAMwDQYJ\nKoZIhvcNAQEBBQAEggIAOMYauCmKOnjzlKeL4KOVYdCvAIZ4NXwxidf/wGVIZRLT\ncM8xkmm2f38/uW7B7ZkvZli9b6fRPM2sW7bK8NLOwECUI206MVKtR1x50f/5sG1v\n9kb1TQ8IBuSgd5AUL+pPDLA28Rxv68N4sf1xsmQPQco6gVAtEs++gYd9HrmQxeyr\nW0Nk6NFhokIUNLSWos+UA2DWmmVjmqMPhQtc63pUIlYetGvZo2LH5eN5vCxew2Rq\nEi0DnbEwzIxhlUc8qbD0ZS/+0zuPqYXCyjvZW5ImWSeJETiIlf1V/zM9parbk6nb\nPPgF0toGErZqMGPx66JmjaAdN0z2gWZc2Tg1T3+2ciWWjg2b3Ml1jfMe+yJEp1eC\nHmSRbxEzj4nOSJOEAQsWaTkJ5VzsVqXGs20hbPBBj3RCTio4BvHZrXSUVGXZ+5qs\ncgEylKUSg2g6x6aB0MwRvVMXTnFf8oN2s+9koV4j0g6N82vJzboIc7kLJjHZL8yB\nLCek7JEExzwuZPFNMAKseW1f77ph29zv4YHmaO9hQC2afwRLFVprfXewSNKRzM0i\ntJtHX37my+qolTuBVojbxo2q7solVaRDc7oQPpZLI0c73yPoKxQVd/72u/y7D6h3\nBwbH8a6MBLY6SEBLiHqVA13xOuxUW1Ugg5zpGFCXGd4eSs0l/LPoSxoINoMfnhhU\nTlRGAQAMj6aULAX4gtkh\n-----END CMS-----\n",
              "user-data": "config sys glo\nset hostname active\nend\nconfig system interface\n    edit port1\n        set mode static\n        set ip 172.16.0.2/32\n        set allowaccess ping https ssh http fgfm\n        set description \"ext\"\n    next\n    edit port2\n        set mode static\n        set ip 172.16.1.2/32\n        set allowaccess ping https ssh http fgfm\n        set description \"int\"\n    next\n    edit port3\n        set mode static\n        set ip 172.16.2.2/24\n        set allowaccess ping https ssh http fgfm\n        set description \"sync\"\n    next\n    edit port4\n        set mode static\n        set ip 172.16.3.2/24\n        set allowaccess ping https ssh http fgfm\n        set description \"hamgmt\"\n    next\nend\nconfig system ha\n    set group-name \"group1\"\n    set mode a-p\n    set hbdev \"port3\" 50\n    set session-pickup enable\n    set ha-mgmt-status enable\n    config ha-mgmt-interfaces\n        edit 1\n            set interface \"port4\"\n            set gateway 172.16.3.1\n        next\n    end\n    set override enable\n    set priority 255\n    set unicast-hb enable\n    set unicast-hb-peerip 172.16.2.3\n    set unicast-hb-netmask 255.255.255.0\nend\nconfig router static\n    edit 1\n       set device port1\n       set gateway 172.16.0.1\n    next\n    edit 2\n       set device port1\n       set dst 172.16.0.0/24\n       set gateway 172.16.0.1\n    next\n    edit 3\n       set device port1\n       set dst 172.16.0.1 255.255.255.255\n    next\n    edit 4\n       set device port2\n       set dst 172.16.1.0/24\n       set gateway 172.16.1.1\n    next\n    edit 5\n       set device port2\n       set dst 172.16.1.1 255.255.255.255\n    next\nend\nconfig system sdn-connector\n    edit \"gcp\"\n        set type gcp\n        set ha-status enable\n        config external-ip\n            edit cluster-ip-sdv\n            next\n        end\n        config route\n            edit internal-route-sdv\n            next\n        end\n    next\nend\nconfig system vdom-exception\n    edit 1\n        set object system.interface\n    next\nnd\n"
            },
            "metadata_fingerprint": "Lok_sPpSyV4=",
            "metadata_startup_script": null,
            "min_cpu_platform": "",
            "name": "fgt-sdv",
            "network_interface": [
              {
                "access_config": [
                  {
                    "nat_ip": "34.124.232.144",
                    "network_tier": "PREMIUM",
                    "public_ptr_domain_name": ""
                  }
                ],
                "alias_ip_range": [],
                "internal_ipv6_prefix_length": 0,
                "ipv6_access_config": [],
                "ipv6_access_type": "",
                "ipv6_address": "",
                "name": "nic0",
                "network": "https://www.googleapis.com/compute/v1/projects/lgang-pj/global/networks/vpc-sdv",
                "network_ip": "172.16.0.2",
                "nic_type": "VIRTIO_NET",
                "queue_count": 0,
                "stack_type": "IPV4_ONLY",
                "subnetwork": "https://www.googleapis.com/compute/v1/projects/lgang-pj/regions/asia-southeast1/subnetworks/public-subnet-sdv",
                "subnetwork_project": "lgang-pj"
              },
              {
                "access_config": [],
                "alias_ip_range": [],
                "internal_ipv6_prefix_length": 0,
                "ipv6_access_config": [],
                "ipv6_access_type": "",
                "ipv6_address": "",
                "name": "nic1",
                "network": "https://www.googleapis.com/compute/v1/projects/lgang-pj/global/networks/vpc2-sdv",
                "network_ip": "172.16.1.2",
                "nic_type": "VIRTIO_NET",
                "queue_count": 0,
                "stack_type": "IPV4_ONLY",
                "subnetwork": "https://www.googleapis.com/compute/v1/projects/lgang-pj/regions/asia-southeast1/subnetworks/private-subnet-sdv",
                "subnetwork_project": "lgang-pj"
              },
              {
                "access_config": [],
                "alias_ip_range": [],
                "internal_ipv6_prefix_length": 0,
                "ipv6_access_config": [],
                "ipv6_access_type": "",
                "ipv6_address": "",
                "name": "nic2",
                "network": "https://www.googleapis.com/compute/v1/projects/lgang-pj/global/networks/vpc3-sdv",
                "network_ip": "172.16.2.2",
                "nic_type": "VIRTIO_NET",
                "queue_count": 0,
                "stack_type": "IPV4_ONLY",
                "subnetwork": "https://www.googleapis.com/compute/v1/projects/lgang-pj/regions/asia-southeast1/subnetworks/sync-subnet-sdv",
                "subnetwork_project": "lgang-pj"
              },
              {
                "access_config": [
                  {
                    "nat_ip": "34.87.146.57",
                    "network_tier": "PREMIUM",
                    "public_ptr_domain_name": ""
                  }
                ],
                "alias_ip_range": [],
                "internal_ipv6_prefix_length": 0,
                "ipv6_access_config": [],
                "ipv6_access_type": "",
                "ipv6_address": "",
                "name": "nic3",
                "network": "https://www.googleapis.com/compute/v1/projects/lgang-pj/global/networks/vpc4-sdv",
                "network_ip": "172.16.3.2",
                "nic_type": "VIRTIO_NET",
                "queue_count": 0,
                "stack_type": "IPV4_ONLY",
                "subnetwork": "https://www.googleapis.com/compute/v1/projects/lgang-pj/regions/asia-southeast1/subnetworks/mgmt-subnet-sdv",
                "subnetwork_project": "lgang-pj"
              }
            ],
            "network_performance_config": [],
            "params": [],
            "project": "lgang-pj",
            "reservation_affinity": [],
            "resource_policies": null,
            "scheduling": [
              {
                "automatic_restart": false,
                "instance_termination_action": "",
                "local_ssd_recovery_timeout": [],
                "max_run_duration": [],
                "min_node_cpus": 0,
                "node_affinities": [],
                "on_host_maintenance": "MIGRATE",
                "on_instance_stop_action": [],
                "preemptible": false,
                "provisioning_model": "STANDARD"
              }
            ],
            "scratch_disk": [],
            "self_link": "https://www.googleapis.com/compute/v1/projects/lgang-pj/zones/asia-southeast1-a/instances/fgt-sdv",
            "service_account": [
              {
                "email": "276256680477-compute@developer.gserviceaccount.com",
                "scopes": [
                  "https://www.googleapis.com/auth/cloud-platform",
                  "https://www.googleapis.com/auth/compute",
                  "https://www.googleapis.com/auth/devstorage.read_only",
                  "https://www.googleapis.com/auth/userinfo.email"
                ]
              }
            ],
            "shielded_instance_config": [
              {
                "enable_integrity_monitoring": true,
                "enable_secure_boot": false,
                "enable_vtpm": true
              }
            ],
            "tags": [
              "allow-fgt",
              "allow-internal",
              "allow-mgmt",
              "allow-sync"
            ],
            "tags_fingerprint": "nK6CUFbBH6g=",
            "terraform_labels": {},
            "timeouts": null,
            "zone": "asia-southeast1-a"
          },
          "sensitive_attributes": [],
          "private": "eyJlMmJmYjczMC1lY2FhLTExZTYtOGY4OC0zNDM2M2JjN2M0YzAiOnsiY3JlYXRlIjoxMjAwMDAwMDAwMDAwLCJkZWxldGUiOjEyMDAwMDAwMDAwMDAsInVwZGF0ZSI6MTIwMDAwMDAwMDAwMH0sInNjaGVtYV92ZXJzaW9uIjoiNiJ9",
          "dependencies": [
            "google_compute_address.static",
            "google_compute_address.static2",
            "google_compute_disk.logdisk",
            "google_compute_image.fgtvmgvnic",
            "google_compute_network.vpc_network",
            "google_compute_network.vpc_network2",
            "google_compute_network.vpc_network3",
            "google_compute_network.vpc_network4",
            "google_compute_subnetwork.ha_subnet",
            "google_compute_subnetwork.mgmt_subnet",
            "google_compute_subnetwork.private_subnet",
            "google_compute_subnetwork.public_subnet",
            "random_string.random_name_post"
          ]
        }
      ]
    },
    {
      "mode": "managed",
      "type": "google_compute_instance",
      "name": "default2",
      "provider": "provider[\"registry.terraform.io/hashicorp/google\"]",
      "instances": [
        {
          "schema_version": 6,
          "attributes": {
            "advanced_machine_features": [],
            "allow_stopping_for_update": null,
            "attached_disk": [
              {
                "device_name": "persistent-disk-1",
                "disk_encryption_key_raw": "",
                "disk_encryption_key_sha256": "",
                "kms_key_self_link": "",
                "mode": "READ_WRITE",
                "source": "https://www.googleapis.com/compute/v1/projects/lgang-pj/zones/asia-southeast1-b/disks/log-disk2-sdv"
              }
            ],
            "boot_disk": [
              {
                "auto_delete": true,
                "device_name": "persistent-disk-0",
                "disk_encryption_key_raw": "",
                "disk_encryption_key_sha256": "",
                "initialize_params": [
                  {
                    "enable_confidential_compute": false,
                    "image": "https://www.googleapis.com/compute/v1/projects/fortigcp-project-001/global/images/fortinet-fgt-728-20240318-001-w-license",
                    "labels": {},
                    "provisioned_iops": 0,
                    "provisioned_throughput": 0,
                    "resource_manager_tags": null,
                    "size": 10,
                    "type": "pd-standard"
                  }
                ],
                "kms_key_self_link": "",
                "mode": "READ_WRITE",
                "source": "https://www.googleapis.com/compute/v1/projects/lgang-pj/zones/asia-southeast1-b/disks/fgt-2-sdv"
              }
            ],
            "can_ip_forward": true,
            "confidential_instance_config": [],
            "cpu_platform": "Intel Broadwell",
            "current_status": "RUNNING",
            "deletion_protection": false,
            "description": "",
            "desired_status": null,
            "effective_labels": {},
            "enable_display": false,
            "guest_accelerator": [],
            "hostname": "",
            "id": "projects/lgang-pj/zones/asia-southeast1-b/instances/fgt-2-sdv",
            "instance_id": "4664537260542134699",
            "label_fingerprint": "42WmSpB8rSM=",
            "labels": null,
            "machine_type": "n1-standard-4",
            "metadata": {
              "license": "-----BEGIN FGT VM LICENSE-----\r\nQAAAABj+JQth9tm4IBLGU1pMKT6xwSehfpPR7XbReXtQufVxM2pjOvYhpmvNVF2t\r\n555hu2RnxVawEoJFvMeuzcMZ26XgGQAA7AsXaJTiM28M6ntBBOcaBhz8Tj9M56GZ\r\nVGgKWhiE/ffBKJm7+THOFMgJ11f0uf/vQk6s2CaNpfIZc3EiQ3rZDklrsm5HeTmo\r\nqGug500y+5Yp5SK4oCP9xuyZhmw2qJ4FvFuk0q3uRs1jnoywIkU3XOIKtxIzMmDl\r\nks6LydYI66TyOIFz3/H5ffYrPJCos/LJWDeHkVHNJ6gUqbuEajuQqYDRwqnbiTI9\r\n+F/XQAY447JkFWGGh36Qdg+t8Xux+iw05TJ7gvCQ4XzkHtUvMcE6qf6jfhRXlHZN\r\n8jyRQjXD/6VMfZlWH86hrHcVRinRxjhDKpqwVYUHNR1jG//Un3ZrrNm7dxyE48sD\r\nYS2dWc0sr6q7pUDIeo/THpp3KKqWuI8odCNbrnQvSqRGsvUTVplimTXwr9SlzJw4\r\nfHxpxYsQmjoA2Zjrhh2ZDQbXaJh/zaQQdOfo9XMF7GNms+49AcgWgV+/i5rTF+9o\r\n8zo1ShQtXshlRVqVHdgEAN00nhE6V7JpTv5MTFgzApLHYnmpdwnWfiyDjyrtoqfV\r\nMtEnWPhn4TNvrCsTc4yF31cFCKCqsHksCmP2SQwYrwM+gGLYaMSOeOalRb/dLMTK\r\n9v2sWDv9ymNgNpLzGIrM4CYfJ3N/OPeaGMWn5IRU2LOY89TZ0utvUxh+W+nRfy34\r\nwbNpnW/WsWrryNSQhgGMReAH+/r+ZpOkgVtPEFJwveMauteSfzo0MBYxlIoJL9vq\r\nmD6mAlm2t58Q28Mb3PBo9Il6BhwSCOWEs3sO4NzyS4IevwKoNRPuyiT1tj8cRwte\r\nvFelpiDmsOvp5+h31l2COGZ12BL7fcwp4bX2elANNu8eFd6Xj1/mSX1X0HYFx0uL\r\njesLQ7dEZDZm/Kj/HeQoFhqciRNvX8uUvR1F2oQf4gIpljUJqT3oKTMwzq4ecOJ/\r\n6syzz8fMZCWaqmq7xX4B7nDU1KeeJ6CfisJf90mNNAVA0xjKYkS07KyVIBPG/RmY\r\nIcYEOZFvbvua4+yK/yopRcM+ntEc5urFC0hdCDFfClLi1XERTYywzLFsXIJhO/ij\r\nmEBlPgV/gBIuH50j2iobDvTJRW3Lz/oZehOO3e/T5HB8dX4hqstiQQ4+/9SqQJK6\r\nP/oP7AW85vlGxsJ7d6QeBZXB4rRiLQbW297KLO+KTSoY9zEulj9CaWCOlNBW6Cl3\r\nufJ17ujIfiVfZDPpR4VNU9KkedskzLu1+7eaQVx7zYjPh5q5nuEbCmUt/imXFnou\r\n2b2Sb1KTvakGTrpkAbaqgVfK0AeJOV0epLdLPC7RdXwi19TIhnkeE/e7cssMG3ml\r\neQXXb4Ydgh3/QVgMF4jBStZMlwnDY3vVMT/y1VUNZ61taEEdlL/E4fstjW6KIqcG\r\n/a+8cgumzERuKcz6AeLREv04CND9wevrPvPe1uCMwIH3d/IyAJ5X2xgVxxMC4yAC\r\n8clQ0GD1zJl9LRN0jonILQ6FgUCC3E0Vi038oXCT9PZ6RVa7fR7RCOr4HvIDYf7N\r\naVpPnZlz/eu/001VvpRwwiblticzi929lV/K/QLj9rvsUosI7erLvp4LPDEa72pO\r\nwK/7iirOpL8I2Rmb0bIAQgN49bADKY1oejTNgqAoJE0Z9jcL9zbUpSekyrRIAivB\r\n8PaybQuH++L3jAY9dLC7C7OoY3Bp54OrnSTOKc8LmZZ80cg6Dg0lftP6eCH+9SYQ\r\ntk2Mx/90t7s78ckZ1RWr+of1n4Iq6qe/w6Er+0K22HyF7vwwsOf21vthhqGRFatS\r\nrgXB3UEQYa/jJeWbKU/ysYc74I0RnYCSmE/8+rV+JJOONSy/IwYnbJe1tSYmWOHF\r\nDXQdOk8PmE+XrXFGMag2rwIv9ohZVypYrSyZjdIJXx9FRSRsKCM1RJAOx9gkFtLa\r\ny6rH4Eq8IGBb+8aGeSbbYcFKeZnFPSBnM2pKRZcJ2pPDSXc9RB4d0AgScWGXxKGH\r\nI26Q23gcdkaa89/9yzeuEXKW3aPP0L9WtnM5e7g++LqIINqmtdw0fbs0I1n3fPAA\r\n0ldqmNS4PGp6Xsjc0/iKji7cDDXm6x45xIOW5r9F2zfGYoM+zCHj/2h26ab9OMGy\r\n3jQlGYCwtaYZB4ufchxGLpC9gHKzdlD0zLLICgJM09tjDRzC8MTPlYt9uwXfaWcV\r\nPVJA43Ibt49ItQPG0uGZ19/8Re73TqNwx5hiYmVoM2zttZRZaJw2h3eEz2zOS6o/\r\njmvSvfV5Vaf33fOpZxRE3WnaTKIYBIXE+NXGDVlhSTCrnFwuG8AOQKeFyactqCog\r\nTPfc7DS50XubOZCuY5HMSOkewFSSfn92eI6acGaHAF7MS18Br6Z8I1Mc6mPCn+LO\r\nSh4W5pCKSBqrfPdeCQYmIwSR3ec+msgd8H6cSUcXIsqFFUMBIwNBaZbS0QaoTCzL\r\nIydPQUUlV2oWmLQoCFBDjH6cQQT5CNG5Yu7DkfTaAT6+qKD2NLaI6t8+MbeWF2N4\r\nLWEEBBBXRLkmRCrXA14F0jvKafXerXj4UG3ppCb80xf8RRS7fn8B27Ae4dGs69JS\r\naS9TFHnHwaX5od6fviSuroETuQ2E3NE29CaelEcuDAM1rWmC/CZHQy2eV9Xcsh6z\r\n7nvF4nx00WWp17VjZKrezIGQKp+sEjlJa643X6JwbBZ7Ukwmtv3xuNUGRHA2UdUL\r\ngMINAC1JYl9m9ujRYbGkgE9carArjGvrUprEZxluXFdf1/njHbsmlyIS4QdSIdAq\r\nsX0NY5r3DUBVVBucoJ1nDv/QIQiiyvqbksMmVzIVdv49C+VQ9nAO64SB4RoPElvM\r\nRT8IxS3jeck9yYovwQrGvAEgSmJRHXRa7k6JLA8moTKElKjAR4YYfM2OBB4oNMZr\r\nZVMG5DgLqgc/GN7ACMoegW6SZRC79rlNl763ycSvose51isPInuu7sxKCFEPeXN8\r\nic66ujZgLscakL+4ku9E7a/9M5GnD8ffl+JPd48h6t3r1QF/ECDgUxHL2AYTp2oh\r\nFJRBB6GaSGLsM9AHkP7HianVTDuU2HZHkayz0veghli41FaKMEqmGkAgnNJm1XV8\r\nhl+Htxfy8JLhWXaBOUs2ZAOr3fuT7OlKrPD3z7am5AoWhbuxX6wprGillnrkpAed\r\nRxADe/RtXZpP6H7Q4XySsDz7qh3Cbf6QUP0wA89liqjkPKx4hpKOw6oW53isKRdr\r\nZU6bgfZMIlem3MvtFbsLZ8vc0alumr4nQ42zP7lw8u6EenX2cN55Gel444S5EHZX\r\nnfXtH0LWH56Gr/MKNdU+VTuE8o3RjmCslBT0kWJ1XbzRltggRR++jjY0z68SEn9m\r\nJCg1xf9w55zBrxuBpDemMttNQsD86Z/1dghuORld2d5lbQMJWIBrZmdmjVwQ8OLu\r\nYjNqKitGezMfSkv6+Dp5nlnktwnocBtliev/540RTGhAAy76Nnpd2Vlhn+Jgk42r\r\nVKt0pcVVm44FzZ89XeNIvD00Sk4GeJ5NDzfTdlOxCRb+bhYxneu/dRCNsenWkn0L\r\nxcG+08VntIzmSoEjFTzNvGvLLDviruGQ3ggtLorG0l4Iy1eE4+x8OlQyOEvVJHmT\r\naUyJp3QsMBjoA4amh3DLQZsjgrq5+i2NwB9kwzmiz7C8bySfSheq+NyZRg/NKFUt\r\nz5nRiGhC5TVbR0NoFqjKDXcWK43at8te/dDS0yDdWw+nh/GB2iHiuspr13AFPRpC\r\nry0gVxrEla5KAk+j7z4i9pLQyILySF3TL5ZzCy9OVj8rYnCL4hEWHRap+9PYaJYF\r\nybBj5NfzUM5dybKQOfldMhyF3occ5J5yLfeYDarrH3ufD3E4DaYx+x2ndpgLAhrO\r\n6xySMzTSrNGsEqx9SKAXL6jKoMKHNOPcLrhBct1lnERIps7EPqtqD1RTtPJEY/I6\r\nqxlflNu6bZq+yIM+oHdlAjwWdfbgoIvkMQQNbyeuS1UeKyvhr806Djer1hN9CMwW\r\nwF/nk8pelhQbty1gQZ49fGIRmFtsKa+pTzfQmDXbRgyYos0Yv/nLn9O+0hf1L88R\r\nQ/CihWYDgyc5j9sxQEy7HAzS92ypAg0ff/94x5WApb20FrBSas1UV4Nxg175uvHc\r\nJP4KWCORQ3uZDtWNWh7uu1oAD/69bwfeFnzB7Y8f16KuDWMH50F2FX1NfHbAYifb\r\nQwuTOE+JhARVqASq42v/baUVP2tANntrqj5sFifxZkV0RXMZKB4f0SVOx+h+h8li\r\nX2EFDpAB8JhnY+b29X9mD5XeIa2yYvXRac+XJMHV63Crc9bjSF8oHvD7mkWTL9JK\r\nAtbDz4V39AI5IN6f+CNBK2O4X8iEivU/O9oFVIj4R1TK9/H5U1S21n/c7c6XsHy5\r\nxtJzrZt0svVOluP6fXVT0xjRR5iaUmILH9osZfG0G4WAG+AbesIJjC1diaueT8AY\r\nkmev617Y5WNf5WQ6yevZpB2FnTOkAByJX607WlkKCIJcY+I+68cR6EnueHruNvVp\r\nwIwkLPMWJua1KaPHAR+v0/ct5TOLxULlJIxNCYnCXVNiP3cCzAMtLzAbgX0ykpDL\r\nCzDSMhhU+Saa+elVvtZXfTthVDopMBURsAuqXGT5UOGVGzcSST1O9EN3XcYTfLmG\r\nBT4c0GVM98KzfzxWP8Ki8Pg4VXwTwAhOyJr2YlVyHLM+u4lDqup5TfQpHf0k/4gP\r\njcV3ypBWZpHBxmtW22Ens7RKN4KjZiyrcWKuay5g8Ey4MMZrX5rCHXFOQlxVf0km\r\nGaA0tibHJT1HApPgBSTc8FUp2kzPeXFoi5n+tn7HiZDt4QZZ6pk7t16zkLeXuM7L\r\ncWcsCxDsVedIdOXnXAylBHTNJAoBe+CIKltMU6/blUikUq5+7TvkyIGJAAH71X2q\r\nOq6SzpEwnQVfitm1ACjxedHf0Cw7G67Sw4F07djCyrid5wzccodvA/BPR8u/hOQ0\r\nIb6y6tNgMLZlaGYoSCd8IwJLlqXKpZlbfI8w/B5ExWwgksuHPvlxT2+OH7zbusWm\r\nnCj3QAWY7Ji+WN9uTSiyN3UDGTfEKcG6k4b8aq7Aj3weGXbQXarXgdHgJs8msJZX\r\nd3mPJTzPYCrPTf9dw/85/l4D/TGiNwov6FAxUH3GnUEKjnBE77iczE7IVHwpEHKr\r\nlaYZrPjNHYy7iBZAmPYHZXc84B1pjScZ90CYImG8d62J6C+o4yAyy9659FQq6TES\r\nz8k7OeVTr4+lCe92mycSoNu9DkrqOt6wEj2bJQukUbERvi3YZBRab3uG+LptgxAG\r\n2UPpQP/JZXQ5mt9fmTajA9v41MnShFqjNtqFYmKXipas7zJyZX9spVvxYFpusszE\r\npNoXL5eR7jd2MRwovf/NpATA17R0htCd7IJFfaCvMdTqeCAQipr8q5v790dnCHnm\r\nGXKVH7Qyl2HI4rswuz7dmGQVqEwTOBr6l6oUFxpI3T0roKH5zitBlVmicnl/UXG3\r\nbDTlPi//7NpCr4lyKjJoNdL1koDisgbCOdIhtlGfOCMg4kihUviwMpNMPQbPUlbV\r\nFmpT+1W6sYbvjlF/l4NeHlMTMFjl0q0cshFC48KD3OPzkXLx4ekE1+a3FRngMeA6\r\n1T31XfenjpSWMDaJLXhZBRdWccDIzvtksYdODG2U3fBj0OfZAMtaO2jOmOr9V1+L\r\norh4DYUwnVjsyKYnctW08tf1QIN8Ny9VSBA/S3mN8s/n7ytJBnpbbLV4luzcgBPZ\r\nTKvO1lyHJnayWMsuxdawLAI7yDR7+vk5V67K0FQ79JJEBAh4KU/xbhU1E/O0OMI3\r\n93tIXlYGKFgiEpBeMr/YwpAHr6pKnX0MnB/jPyJTglOaKAJxb9LEESClNl+d80Ae\r\nWRvxrfBxc+zW/c9LwSnfV5Zm/qkObcMevJzujfRTUUgAZ1GCgvcm76dUyjnWm5dX\r\ntcw4pxp3o21L3J1DcOYZ1fkYMph75mTg56vfYMIUhkGvwnG9NwTZzSdiI+2vVMOP\r\nDWWjil74kUni3dQ6MRoSf7KR9rTu0mp7RcTKgYh18nd+XlxXm4ZlX1HGyv5TVp5v\r\n9UIqS5IaFFIi6z4DRbMeoDV1rC6NiAfgHIM5Oxn5vfeQH1wJ0ax/emL4tOCVoP6m\r\nSWzttOhU0kOuAgYOIAbW7yfwoc9u7d4xa35jSvfBOSG00xM0dGvUmG93u7iNTdeq\r\n4AK8shRp7MegLvXdiyTCuPWuElQ0+oJ0jl6xrAXGaqAH9DY1nEAp1UsOD51NlsVt\r\nidLAKv38I8MSFaQsIY78qj5Erids2h0GrzMMNOkfthXOq78zQDsrdd+1EfjAGNFV\r\nHb+maCmJGMBDQbaqMRTuky3Vd3ME0+DMTuOemoc/ffk0hhM3WLw/tUedK9rlJnsM\r\ntmwGcQ05i0Xce0KTME8VBWrTgZJsjtfhzn8n9t27u87qFcUfNwVCviVQ/hH8gOlM\r\nR7cTLk6tLYvKgyIMUS+NeS9f+N25HF2rtKMKwvO0lyGbzZqe/IfcsP3c7E/QFR2W\r\nH2CKU3F+p1JBqltHAsagPmlPbhKobiAbgztHBQFVGegNvSyK54y8G8Mh6xmvauKN\r\nCsxz/TTXhh/Gk6/BRRIA74oOsVC4cymDVZhWlKPo/a0Y9R/0p/puPi6tX78Yiwhb\r\nOzQA1eiV+T60jcuS8+0u+jz63e5fq9RTD0rmUq4ToIGbjwu8t5LYRXK8Q8OMj7yT\r\nSPGHK7NCfb22/e3Y8LVFA5Ul/mDjwwmJ78oBTNrUor7iVRsUcJgA5GJcDyvp//K/\r\nMrj8VvsX1nnHKpp8ucs8/lqtlqC4+meLztD998rEoAULw4EnnohgQlYyLGmHCC7j\r\nuT1a9n/qkdCxKu1i3/5RN0rDx4+8kGMk5iDc/yHqcmO/77lMIiGIT/vHTswL6hsx\r\nC/+oHSf/HqDr0rf++WAa9ZNzpNUlXIkVkVaJSkSfry9yeWadWTae4X6LbbN7GrCM\r\nC4dEuoolSJvr2ufrtnPrMnuaojN3kfv3Tvwb5cyagDqOEDWi9vfWEiyWEPBJYLRJ\r\nLXg6Y/QkKubUqb7A1pq1p/eEt6AYu5hdgxxSZJavP0Hiz+xbbknbu3KvXW1C9+N8\r\n7zWeNbX9d9ECql/uGBL5Jhy5fDTXSxJPssLsh4V94ggkocVhNpZhbDVKaAiz7Yhm\r\njTocetCyxemVVWA6qLX62Y+6yjgSPcxyvQouivrsUTCfm8t6MvcT/4PKMTjm3EmK\r\nph58dYSDwJB0OKWxM4SFk73FPzKaQse5yuTiB5oMLsIv5urSx0g15lZwPMM8VoL1\r\nU/uE/PRVXeSoaltteIfD/8WaHxJptE2O/Xk4rHk0YUAB8sNeOTIuay/8eTrvIkUT\r\nTOAYCV2JJDiN6aS9z4Cnz8AAEuhWVsO8E+2U1Ne7OUSZNd9+4kWEgOYjB4t5xkeJ\r\nbig3bdu2LFY/IiOjn19MNWlNB7bMsj2UWB8rVcu5IUzDtAvw1qKlyROlGXqQsI38\r\nd48q6mJaEdFvvN3SJX2bX+aCiLWQaESXPAb1czQGXkzM28p4ZskL54o4ZQlXTLHB\r\nfi6LspvjrqJLIVwCdfB2D1mLpfqRWw9buMXDAyf3aAy4UWS2bMrcXPi6+DnwYwew\r\nVPzeWWlmLDbvnrd8Fp3ccM+3x1b+YyTa2/y9s28w0qnIQ+rWl0L5T+Mh8g1zmENL\r\nqdg2HjqNH9OuCRb3pV+pn5Dh3bhxY8uzZyPu1Ef5hXNRSF3zX92Xdj9yuRSeJ6VI\r\nvzAL9dtoNcWmh2q3UB48C5K5DzN0kqSSTNB5daRlbAJYpdmHkvw1L/xm0jBg9u6e\r\nb2bglBBRoKRcMd3xA7UDbwK97Dz9pCqbInKbP3rzZqu2cUHHEaTQpjPGHrWNvjjJ\r\nimXfybUPTjTCAUWr4aM9IDBliMOB0upZ8mESyicXkxOm7zdWUqyqy8BmY3Rp5sg7\r\nhmWuHxHGAmo4pDocb/TaanhpMPA0vgYVCfl5R+USmej76YSvE56EkYdHojt122Ma\r\nVmROBOfHRBPoKY7ce/hiCMEcEvMWI37gTVp443cWkHGzWWNENn6EAHwynyzux5Nv\r\no2uc416bpNaczuttOO6LFX+8WjkH1z/AI8Rv0q7M74D5Ne85xH2XO+dS440JQXTl\r\nX49stDX6cMV3m1vBXEZ9/3ExTHV27OZapq8JyE3V68wabqSMn4J09vqIMWguMaL0\r\nha/NpZFA6z8iCnMR/frHqqRRk86NgMzmOhzugkylqGvIrUFeSEvTZFgFOa8AYGlR\r\nfyTGSdb+lf4uX7n/KAVv1Fn/CZ9OwEeHVibXsHQvQ6h7U+42qGz/VkIZ57KHY3Xm\r\neuiA3TD5ZlgZ/S7NyMZmI3CzFQW+/yFIhRfIZuCDX3XH9PzQyDwg2vHzNu5huMBT\r\nzCuo/KY1c4V2bhcwpnYFe2oOzkQna/nL9J5D0nV7olL+oOYPsfhP650CiDTumFtM\r\n0ztEF7MNwl4hW/Ha7+B8ifUQyGec+MkaRvCju0gFrM7QCQNAJXbChzFgS8PouCQk\r\nNNXJE3KXLs1nkikI/+RtE9Xe87x6t/ZRpuzsikBBhXxaGwPJ9GssuVh0g7/QFhK3\r\n64uHOtKU31gcEDls/QT4NZDvNaPrBrQZv8M6Dl1oq+xfE2M9rqicqaK+U2mWXhFM\r\nikd3kniXg5I9HAj4uaZqnGWy31+zscuQAj3loyTnxL2+cyZIRNm5gqIyK/bZDKaz\r\n1DCanCzFfQo2CjBQXfGAIZMuWb0+1nSh+hUZk0cSFObP4c57KGb5uEuEpyRFKg3t\r\nOeEiP8BfjfuGl7bUnagWvykJoCD6wG36MfBIjf8K6BQFf5wRb7h79lUmgnXfVbuT\r\nJdJ2i+qNoptbGgvESPflnJx12+JumLH7huUPD3Kc38fYI8I8rl7+JV+6mwWRhGes\r\najnSPQeEjYE/DDcTByZK31XH3Ll1Cxig\r\n-----END FGT VM LICENSE-----\n-----BEGIN CMS-----\nMIIMiwYJKoZIhvcNAQcCoIIMfDCCDHgCAQExDzANBglghkgBZQMEAgMFADALBgkq\nhkiG9w0BBwGgggjrMIII5zCCBM+gAwIBAgICIAMwDQYJKoZIhvcNAQELBQAwgaUx\nCzAJBgNVBAYTAlVTMRMwEQYDVQQIEwpDYWxpZm9ybmlhMRIwEAYDVQQHEwlTdW5u\neXZhbGUxETAPBgNVBAoTCEZvcnRpbmV0MR4wHAYDVQQLExVDZXJ0aWZpY2F0ZSBB\ndXRob3JpdHkxFTATBgNVBAMTDGZvcnRpbmV0LWNhMjEjMCEGCSqGSIb3DQEJARYU\nc3VwcG9ydEBmb3J0aW5ldC5jb20wIBcNMjIwMjA0MTg1NzI4WhgPMjA1NjA1MjYw\nMDAwMDBaMIGGMQswCQYDVQQGEwJVUzETMBEGA1UECAwKQ2FsaWZvcm5pYTESMBAG\nA1UEBwwJU3Vubnl2YWxlMREwDwYDVQQKDAhGb3J0aW5ldDEeMBwGA1UECwwVQ2Vy\ndGlmaWNhdGUgQXV0aG9yaXR5MRswGQYDVQQDDBJmb3J0aW5ldC1zdWJjYTIwMDMw\nggIiMA0GCSqGSIb3DQEBAQUAA4ICDwAwggIKAoICAQDAfW0Mnb4wMgg2p0tZFKcU\n4WHFn75Rj9tAKFzwobFcU6AAiP+6t3nqRiVbdX7Vmta4C2uhX67G52ir8MR8tMB8\nEZRNYmZARaIwaYLtm3VEUm3YU3AnL2D6h5rSSIgIEUF1KsjfQh41nRO/PzhtE2KJ\nIWKKSuKCQY0xaA0/41xncinqQVOC1H4aDETZfKjX1I8nuj5Y1znpyY1YJMcrautR\nayh/+GgNcZw6PNbUG3Cyr31d2WkrKkfrrG9uIrHEZdwlahW0jLeIkLf82JVG5eFq\nxGPVEsNEY7pCXhNYqTsvc2rUTsgM3pyyAlSjRW7IOrRys2SXNNsqw4HnbF5zZ5WG\ndUSYIiWE+TzaeqTVAI7WytQTnYEyn2yyNauzkf6r2U8nxUKKLJav6+pxhqD7q2nG\nAnWP2EjsUlMHsXq1AD+I4NobS9Pa3SnkOah+vWbKH5/bLyITbC8jIzad4ZPPZV+N\ncfi+iJhKnVLMDXmytE2nBb3WDJeRdHb5BX0V7J4YJjxATs94iHeZXXg1sPZMc1bA\nEyIDpmUlnPyyD8XhPT255gcRz4Oug4S0Bqz2wl87HQ8Zo4miGbOO4rMiVlIQrYDp\nfdWJshoVzU1SJnRmsMIutIHI8WdGyiOH+7zM1RerKfwxtnBwTAdhHO91gTNyf5Zd\nto7F/JPDx+wLSxZHJ4Qj1wIDAQABo4IBOjCCATYwHQYDVR0OBBYEFM0PR6Keg6Vj\nyeasxdtYvhQIP2VjMIHSBgNVHSMEgcowgceAFKMxr6NI7qHiX7Hy/db7QUhQGzp1\noYGrpIGoMIGlMQswCQYDVQQGEwJVUzETMBEGA1UECBMKQ2FsaWZvcm5pYTESMBAG\nA1UEBxMJU3Vubnl2YWxlMREwDwYDVQQKEwhGb3J0aW5ldDEeMBwGA1UECxMVQ2Vy\ndGlmaWNhdGUgQXV0aG9yaXR5MRUwEwYDVQQDEwxmb3J0aW5ldC1jYTIxIzAhBgkq\nhkiG9w0BCQEWFHN1cHBvcnRAZm9ydGluZXQuY29tggEAMA8GA1UdEwEB/wQFMAMB\nAf8wDgYDVR0PAQH/BAQDAgGGMB8GA1UdEQQYMBaBFHN1cHBvcnRAZm9ydGluZXQu\nY29tMA0GCSqGSIb3DQEBCwUAA4IEAQAZwRoHXRhUyS9cNQW4wd6h6NrNSTxU7jUp\nIXajkEOIxPgBoS3t6rhrXqsUBaexx51tdA+9VE70cEIyZIbuC12wwjmJwds7uBlt\nksUzqSHX4eGDiADBUvrh3dpL30GthUI7S9o4WJGmjsBlPTLUgmuaW6p53b2y6Ohg\njpatihxbfukiNq8Gnpl2joljcfP2nZQiWWzpU6B69WRoh/ikJJskoCU0XB57qVZv\nubHv73/Q37WdDeXchqw30OAmxVQhxjBK2gNR6nM83lZsz38gOwW4Parb1EaJNHP3\n83kFmtSs5GNANP3xMoW9/uN23Bkc21iNVfoXenFF9sQnlHZ4zNiGwlgfujTbxMEA\nAsYfWU0i/IuX1+/AOHhTC6VUdQkM6aOngP/C0P0p5m9u2o4quAdNpEqjmZ/3Hb0a\nsKFqYj6cosFdnxElxPUOq2lsaIFSiAwpgSv+tGVyNcpfYqM9Uo6FmEDmjH7piulv\nEJc8q2Urmy1UQx7D88y02oRSypXCQqXfoyZo3m/o06cKz1sJfmGgJrz+3PLOV9/O\nvDwsOcOIbRnR3d1oMLiZUwyeYb8D8cz2gWananUNwFZUFasZceVUbdVG+uZTF1Jk\nGXfO3Pvl1WtsLz2NIoO4V1OForjLvWnbhEJGVjX2G4diymyGE6kj+izWtQKhhb4Y\nQgEcHfWyXH/VT4GWruTaG7s/4eXpf/TMdZSQqSbVCcFOiiIwKmW/T/xN7VCSe2xm\nxy84ZsJxEvgKYpE4dxX85Pp+B3akAn0Wm5B6pnTahLP8xQAFMyeHyzb5H3TmAw6K\nDKt88LBqABdSX106j+4WnqICs6S3qp6AbVdvm/ADS/OrkvJim4zEmRX4RXZPFA4Y\nHiga6O3C8jTeQKMurnzIiF0PEZqUjIKChh3Tr5khP6ES+dBI0xWk4Kis0GikDP8D\nc8V16IcRfjUIpyjh55SlscMBboOKwOBNjsZINXjiERQu8X6Y+J1kNkkZObpp2YQr\n+oIIMBReFJdEOTfHWdG37BoJWA3AFk5WuW92nK1k31GH/9mQMJIEEXmKhy/lkVrk\nWpcH7XaD12plEdbCV5E3yyw2zCZKUVpHTm+JWUKbXdfiZ956GzSUVS8qDzvuaE86\n3QEY7gPKJ2w3GannGrxo2ZDxM9B/IHqEYcuH/LaI9a5KhlZb0GIJc2gXqerLP6Ck\nUtPK/ue+VBkFjSisW+VF14r3MdYGna9wCNfvZNR7kod9elakxODrlIv9LQCmPfk9\npSUUJveLP+M3Nz0rNlHDFQmy5UyyvaMynSgU9hzltoe2fTWZZ9fv5MVjhynTPh30\nT+Valz5HlrPJ+ig2PWnTclMtGiaVAG5KQfFGLTKJ/7uNSwS77k8aMYIDZDCCA2AC\nAQEwgawwgaUxCzAJBgNVBAYTAlVTMRMwEQYDVQQIEwpDYWxpZm9ybmlhMRIwEAYD\nVQQHEwlTdW5ueXZhbGUxETAPBgNVBAoTCEZvcnRpbmV0MR4wHAYDVQQLExVDZXJ0\naWZpY2F0ZSBBdXRob3JpdHkxFTATBgNVBAMTDGZvcnRpbmV0LWNhMjEjMCEGCSqG\nSIb3DQEJARYUc3VwcG9ydEBmb3J0aW5ldC5jb20CAiADMA0GCWCGSAFlAwQCAwUA\noIGJMBgGCSqGSIb3DQEJAzELBgkqhkiG9w0BBwEwHAYJKoZIhvcNAQkFMQ8XDTI0\nMDUzMTA2MzYyNlowTwYJKoZIhvcNAQkEMUIEQAmxOTxvldnQZKoLY0PJscNQ+7KE\n+d+y6h5BTbZGgKpIC4OZ+pMHTjSQTpsop8QQqec9jFZIRFxP+fZ8DoXW5I8wDQYJ\nKoZIhvcNAQEBBQAEggIAtKW3fdwd4SdMmdO/8CYOTtj5PiKDyrDIfC0n5yr6vf62\nTs5WgS049xisVEw25lEb0TrMS3ckQtKLEERRkNv/iN1LsZu+25xfpQG8aO7VH26c\nTiUqirfNWQRmXtw3bMC9v65/yNWudfMynar8qtoZHpMv6Fj6SXaI8ptBaL9i96J8\n62EXoEBypzh/fjpqFobrUa79Xr5NOACJHM/H7kmqIgnWJlmIamlH56Kq3QHshxF7\nb8Li05Wp9LjmHDH5MnGMyCHC0b28d6BGjaPBLx4pe8bHDtTPHuL0gaHX7x46R0HI\ns548R2iY9jfAsEfADp/TajhLBUwft9PpydNZMvdsTiIb2Y0YmJ5CAiWKK1HuJLm5\nU+qCNqNXEGOGUkvY1ngAuCE/V5e9qIcjy4Gc42WidGkUVJFPPP3g8GyqivMJpN5D\nCiz1p4f2/Z2BV8PRQmRnUdpdH+oWGtYLh2zAbm/cRYa92Kr8iXIoPY/52isTf3EA\nBXD2h30QxPPK+jM8EanrmCGhM3GxgtfY/mD3FbDwvaA2bY3/WjHVzLZzZ0ABTRlN\n+EFK0TiVGv0dh4vp74MrNTwws1BJsZrTzYkpnKRAnZsBNdP83Ytn9Wj0gssaN8qP\nMYfpYXqiLtkl+fKj6XoElLorn5XguU3lJYn//2D9ZgTrUabWRCqaNKtip65iYmxU\nTlRGAQAMj1vaBvYOFRUA\n-----END CMS-----\n",
              "user-data": "config sys glo\nset hostname passive\nend\nconfig system interface\n    edit port1\n        set mode static\n        set ip 172.16.0.3/32\n        set allowaccess ping https ssh http fgfm\n        set description \"ext\"\n    next\n    edit port2\n        set mode static\n        set ip 172.16.1.3/32\n        set allowaccess ping https ssh http fgfm\n        set description \"int\"\n    next\n    edit port3\n        set mode static\n        set ip 172.16.2.3/24\n        set allowaccess ping https ssh http fgfm\n        set description \"sync\"\n    next\n    edit port4\n        set mode static\n        set ip 172.16.3.3/24\n        set allowaccess ping https ssh http fgfm\n        set description \"hamgmt\"\n    next\nend\nconfig system ha\n    set group-name \"group1\"\n    set mode a-p\n    set hbdev \"port3\" 50\n    set session-pickup enable\n    set ha-mgmt-status enable\n    config ha-mgmt-interfaces\n        edit 1\n            set interface \"port4\"\n            set gateway 172.16.3.1\n        next\n    end\n    set override enable\n    set priority 100\n    set unicast-hb enable\n    set unicast-hb-peerip 172.16.2.2\n    set unicast-hb-netmask 255.255.255.0\nend\nconfig router static\n    edit 1\n       set device port1\n       set gateway 172.16.0.1\n    next\n    edit 2\n       set device port1\n       set dst 172.16.0.0/24\n       set gateway 172.16.0.1\n    next\n    edit 3\n       set device port1\n       set dst 172.16.0.1 255.255.255.255\n    next\n    edit 4\n       set device port2\n       set dst 172.16.1.0/24\n       set gateway 172.16.1.1\n    next\n    edit 5\n       set device port2\n       set dst 172.16.1.1 255.255.255.255\n    next\nend\nconfig system sdn-connector\n    edit \"gcp\"\n        set type gcp\n        set ha-status enable\n        config external-ip\n            edit cluster-ip-sdv\n            next\n        end\n        config route\n            edit internal-route-sdv\n            next\n        end\n    next\nend\nconfig system vdom-exception\n    edit 1\n        set object system.interface\n    next\nend\n"
            },
            "metadata_fingerprint": "ZxLLNNP6Q_8=",
            "metadata_startup_script": null,
            "min_cpu_platform": "",
            "name": "fgt-2-sdv",
            "network_interface": [
              {
                "access_config": [],
                "alias_ip_range": [],
                "internal_ipv6_prefix_length": 0,
                "ipv6_access_config": [],
                "ipv6_access_type": "",
                "ipv6_address": "",
                "name": "nic0",
                "network": "https://www.googleapis.com/compute/v1/projects/lgang-pj/global/networks/vpc-sdv",
                "network_ip": "172.16.0.3",
                "nic_type": "VIRTIO_NET",
                "queue_count": 0,
                "stack_type": "IPV4_ONLY",
                "subnetwork": "https://www.googleapis.com/compute/v1/projects/lgang-pj/regions/asia-southeast1/subnetworks/public-subnet-sdv",
                "subnetwork_project": "lgang-pj"
              },
              {
                "access_config": [],
                "alias_ip_range": [],
                "internal_ipv6_prefix_length": 0,
                "ipv6_access_config": [],
                "ipv6_access_type": "",
                "ipv6_address": "",
                "name": "nic1",
                "network": "https://www.googleapis.com/compute/v1/projects/lgang-pj/global/networks/vpc2-sdv",
                "network_ip": "172.16.1.3",
                "nic_type": "VIRTIO_NET",
                "queue_count": 0,
                "stack_type": "IPV4_ONLY",
                "subnetwork": "https://www.googleapis.com/compute/v1/projects/lgang-pj/regions/asia-southeast1/subnetworks/private-subnet-sdv",
                "subnetwork_project": "lgang-pj"
              },
              {
                "access_config": [],
                "alias_ip_range": [],
                "internal_ipv6_prefix_length": 0,
                "ipv6_access_config": [],
                "ipv6_access_type": "",
                "ipv6_address": "",
                "name": "nic2",
                "network": "https://www.googleapis.com/compute/v1/projects/lgang-pj/global/networks/vpc3-sdv",
                "network_ip": "172.16.2.3",
                "nic_type": "VIRTIO_NET",
                "queue_count": 0,
                "stack_type": "IPV4_ONLY",
                "subnetwork": "https://www.googleapis.com/compute/v1/projects/lgang-pj/regions/asia-southeast1/subnetworks/sync-subnet-sdv",
                "subnetwork_project": "lgang-pj"
              },
              {
                "access_config": [
                  {
                    "nat_ip": "35.197.155.92",
                    "network_tier": "PREMIUM",
                    "public_ptr_domain_name": ""
                  }
                ],
                "alias_ip_range": [],
                "internal_ipv6_prefix_length": 0,
                "ipv6_access_config": [],
                "ipv6_access_type": "",
                "ipv6_address": "",
                "name": "nic3",
                "network": "https://www.googleapis.com/compute/v1/projects/lgang-pj/global/networks/vpc4-sdv",
                "network_ip": "172.16.3.3",
                "nic_type": "VIRTIO_NET",
                "queue_count": 0,
                "stack_type": "IPV4_ONLY",
                "subnetwork": "https://www.googleapis.com/compute/v1/projects/lgang-pj/regions/asia-southeast1/subnetworks/mgmt-subnet-sdv",
                "subnetwork_project": "lgang-pj"
              }
            ],
            "network_performance_config": [],
            "params": [],
            "project": "lgang-pj",
            "reservation_affinity": [],
            "resource_policies": null,
            "scheduling": [
              {
                "automatic_restart": false,
                "instance_termination_action": "",
                "local_ssd_recovery_timeout": [],
                "max_run_duration": [],
                "min_node_cpus": 0,
                "node_affinities": [],
                "on_host_maintenance": "MIGRATE",
                "on_instance_stop_action": [],
                "preemptible": false,
                "provisioning_model": "STANDARD"
              }
            ],
            "scratch_disk": [],
            "self_link": "https://www.googleapis.com/compute/v1/projects/lgang-pj/zones/asia-southeast1-b/instances/fgt-2-sdv",
            "service_account": [
              {
                "email": "276256680477-compute@developer.gserviceaccount.com",
                "scopes": [
                  "https://www.googleapis.com/auth/cloud-platform",
                  "https://www.googleapis.com/auth/compute",
                  "https://www.googleapis.com/auth/devstorage.read_only",
                  "https://www.googleapis.com/auth/userinfo.email"
                ]
              }
            ],
            "shielded_instance_config": [
              {
                "enable_integrity_monitoring": true,
                "enable_secure_boot": false,
                "enable_vtpm": true
              }
            ],
            "tags": [
              "allow-fgt",
              "allow-internal",
              "allow-mgmt",
              "allow-sync"
            ],
            "tags_fingerprint": "nK6CUFbBH6g=",
            "terraform_labels": {},
            "timeouts": null,
            "zone": "asia-southeast1-b"
          },
          "sensitive_attributes": [],
          "private": "eyJlMmJmYjczMC1lY2FhLTExZTYtOGY4OC0zNDM2M2JjN2M0YzAiOnsiY3JlYXRlIjoxMjAwMDAwMDAwMDAwLCJkZWxldGUiOjEyMDAwMDAwMDAwMDAsInVwZGF0ZSI6MTIwMDAwMDAwMDAwMH0sInNjaGVtYV92ZXJzaW9uIjoiNiJ9",
          "dependencies": [
            "google_compute_address.static3",
            "google_compute_disk.logdisk2",
            "google_compute_image.fgtvmgvnic",
            "google_compute_network.vpc_network",
            "google_compute_network.vpc_network2",
            "google_compute_network.vpc_network3",
            "google_compute_network.vpc_network4",
            "google_compute_subnetwork.ha_subnet",
            "google_compute_subnetwork.mgmt_subnet",
            "google_compute_subnetwork.private_subnet",
            "google_compute_subnetwork.public_subnet",
            "random_string.random_name_post"
          ]
        }
      ]
    },
    {
      "mode": "managed",
      "type": "google_compute_network",
      "name": "vpc_network",
      "provider": "provider[\"registry.terraform.io/hashicorp/google\"]",
      "instances": [
        {
          "schema_version": 0,
          "attributes": {
            "auto_create_subnetworks": false,
            "delete_default_routes_on_create": false,
            "description": "",
            "enable_ula_internal_ipv6": false,
            "gateway_ipv4": "",
            "id": "projects/lgang-pj/global/networks/vpc-sdv",
            "internal_ipv6_range": "",
            "mtu": 0,
            "name": "vpc-sdv",
            "network_firewall_policy_enforcement_order": "AFTER_CLASSIC_FIREWALL",
            "numeric_id": "4139648182016543228",
            "project": "lgang-pj",
            "routing_mode": "REGIONAL",
            "self_link": "https://www.googleapis.com/compute/v1/projects/lgang-pj/global/networks/vpc-sdv",
            "timeouts": null
          },
          "sensitive_attributes": [],
          "private": "eyJlMmJmYjczMC1lY2FhLTExZTYtOGY4OC0zNDM2M2JjN2M0YzAiOnsiY3JlYXRlIjoxMjAwMDAwMDAwMDAwLCJkZWxldGUiOjEyMDAwMDAwMDAwMDAsInVwZGF0ZSI6MTIwMDAwMDAwMDAwMH19",
          "dependencies": [
            "random_string.random_name_post"
          ]
        }
      ]
    },
    {
      "mode": "managed",
      "type": "google_compute_network",
      "name": "vpc_network2",
      "provider": "provider[\"registry.terraform.io/hashicorp/google\"]",
      "instances": [
        {
          "schema_version": 0,
          "attributes": {
            "auto_create_subnetworks": false,
            "delete_default_routes_on_create": false,
            "description": "",
            "enable_ula_internal_ipv6": false,
            "gateway_ipv4": "",
            "id": "projects/lgang-pj/global/networks/vpc2-sdv",
            "internal_ipv6_range": "",
            "mtu": 0,
            "name": "vpc2-sdv",
            "network_firewall_policy_enforcement_order": "AFTER_CLASSIC_FIREWALL",
            "numeric_id": "7012045927882951165",
            "project": "lgang-pj",
            "routing_mode": "REGIONAL",
            "self_link": "https://www.googleapis.com/compute/v1/projects/lgang-pj/global/networks/vpc2-sdv",
            "timeouts": null
          },
          "sensitive_attributes": [],
          "private": "eyJlMmJmYjczMC1lY2FhLTExZTYtOGY4OC0zNDM2M2JjN2M0YzAiOnsiY3JlYXRlIjoxMjAwMDAwMDAwMDAwLCJkZWxldGUiOjEyMDAwMDAwMDAwMDAsInVwZGF0ZSI6MTIwMDAwMDAwMDAwMH19",
          "dependencies": [
            "random_string.random_name_post"
          ]
        }
      ]
    },
    {
      "mode": "managed",
      "type": "google_compute_network",
      "name": "vpc_network3",
      "provider": "provider[\"registry.terraform.io/hashicorp/google\"]",
      "instances": [
        {
          "schema_version": 0,
          "attributes": {
            "auto_create_subnetworks": false,
            "delete_default_routes_on_create": false,
            "description": "",
            "enable_ula_internal_ipv6": false,
            "gateway_ipv4": "",
            "id": "projects/lgang-pj/global/networks/vpc3-sdv",
            "internal_ipv6_range": "",
            "mtu": 0,
            "name": "vpc3-sdv",
            "network_firewall_policy_enforcement_order": "AFTER_CLASSIC_FIREWALL",
            "numeric_id": "2887827882823911932",
            "project": "lgang-pj",
            "routing_mode": "REGIONAL",
            "self_link": "https://www.googleapis.com/compute/v1/projects/lgang-pj/global/networks/vpc3-sdv",
            "timeouts": null
          },
          "sensitive_attributes": [],
          "private": "eyJlMmJmYjczMC1lY2FhLTExZTYtOGY4OC0zNDM2M2JjN2M0YzAiOnsiY3JlYXRlIjoxMjAwMDAwMDAwMDAwLCJkZWxldGUiOjEyMDAwMDAwMDAwMDAsInVwZGF0ZSI6MTIwMDAwMDAwMDAwMH19",
          "dependencies": [
            "random_string.random_name_post"
          ]
        }
      ]
    },
    {
      "mode": "managed",
      "type": "google_compute_network",
      "name": "vpc_network4",
      "provider": "provider[\"registry.terraform.io/hashicorp/google\"]",
      "instances": [
        {
          "schema_version": 0,
          "attributes": {
            "auto_create_subnetworks": false,
            "delete_default_routes_on_create": false,
            "description": "",
            "enable_ula_internal_ipv6": false,
            "gateway_ipv4": "",
            "id": "projects/lgang-pj/global/networks/vpc4-sdv",
            "internal_ipv6_range": "",
            "mtu": 0,
            "name": "vpc4-sdv",
            "network_firewall_policy_enforcement_order": "AFTER_CLASSIC_FIREWALL",
            "numeric_id": "8672021178282412540",
            "project": "lgang-pj",
            "routing_mode": "REGIONAL",
            "self_link": "https://www.googleapis.com/compute/v1/projects/lgang-pj/global/networks/vpc4-sdv",
            "timeouts": null
          },
          "sensitive_attributes": [],
          "private": "eyJlMmJmYjczMC1lY2FhLTExZTYtOGY4OC0zNDM2M2JjN2M0YzAiOnsiY3JlYXRlIjoxMjAwMDAwMDAwMDAwLCJkZWxldGUiOjEyMDAwMDAwMDAwMDAsInVwZGF0ZSI6MTIwMDAwMDAwMDAwMH19",
          "dependencies": [
            "random_string.random_name_post"
          ]
        }
      ]
    },
    {
      "mode": "managed",
      "type": "google_compute_route",
      "name": "internal",
      "provider": "provider[\"registry.terraform.io/hashicorp/google\"]",
      "instances": [
        {
          "schema_version": 0,
          "attributes": {
            "description": "",
            "dest_range": "0.0.0.0/0",
            "id": "projects/lgang-pj/global/routes/internal-route-sdv",
            "name": "internal-route-sdv",
            "network": "https://www.googleapis.com/compute/v1/projects/lgang-pj/global/networks/vpc2-sdv",
            "next_hop_gateway": "",
            "next_hop_ilb": "",
            "next_hop_instance": "",
            "next_hop_instance_zone": null,
            "next_hop_ip": "172.16.1.2",
            "next_hop_network": "",
            "next_hop_vpn_tunnel": "",
            "priority": 100,
            "project": "lgang-pj",
            "self_link": "https://www.googleapis.com/compute/v1/projects/lgang-pj/global/routes/internal-route-sdv",
            "tags": null,
            "timeouts": null
          },
          "sensitive_attributes": [],
          "private": "eyJlMmJmYjczMC1lY2FhLTExZTYtOGY4OC0zNDM2M2JjN2M0YzAiOnsiY3JlYXRlIjoxMjAwMDAwMDAwMDAwLCJkZWxldGUiOjEyMDAwMDAwMDAwMDB9fQ==",
          "dependencies": [
            "google_compute_network.vpc_network2",
            "google_compute_subnetwork.private_subnet",
            "random_string.random_name_post"
          ]
        }
      ]
    },
    {
      "mode": "managed",
      "type": "google_compute_subnetwork",
      "name": "ha_subnet",
      "provider": "provider[\"registry.terraform.io/hashicorp/google\"]",
      "instances": [
        {
          "schema_version": 0,
          "attributes": {
            "creation_timestamp": "2024-07-21T18:34:35.880-07:00",
            "description": "",
            "external_ipv6_prefix": "",
            "fingerprint": null,
            "gateway_address": "172.16.2.1",
            "id": "projects/lgang-pj/regions/asia-southeast1/subnetworks/sync-subnet-sdv",
            "internal_ipv6_prefix": "",
            "ip_cidr_range": "172.16.2.0/24",
            "ipv6_access_type": "",
            "ipv6_cidr_range": "",
            "log_config": [],
            "name": "sync-subnet-sdv",
            "network": "https://www.googleapis.com/compute/v1/projects/lgang-pj/global/networks/vpc3-sdv",
            "private_ip_google_access": false,
            "private_ipv6_google_access": "DISABLE_GOOGLE_ACCESS",
            "project": "lgang-pj",
            "purpose": "PRIVATE",
            "region": "asia-southeast1",
            "role": "",
            "secondary_ip_range": [],
            "self_link": "https://www.googleapis.com/compute/v1/projects/lgang-pj/regions/asia-southeast1/subnetworks/sync-subnet-sdv",
            "stack_type": "IPV4_ONLY",
            "timeouts": null
          },
          "sensitive_attributes": [],
          "private": "eyJlMmJmYjczMC1lY2FhLTExZTYtOGY4OC0zNDM2M2JjN2M0YzAiOnsiY3JlYXRlIjoxMjAwMDAwMDAwMDAwLCJkZWxldGUiOjEyMDAwMDAwMDAwMDAsInVwZGF0ZSI6MTIwMDAwMDAwMDAwMH19",
          "dependencies": [
            "google_compute_network.vpc_network3",
            "random_string.random_name_post"
          ]
        }
      ]
    },
    {
      "mode": "managed",
      "type": "google_compute_subnetwork",
      "name": "mgmt_subnet",
      "provider": "provider[\"registry.terraform.io/hashicorp/google\"]",
      "instances": [
        {
          "schema_version": 0,
          "attributes": {
            "creation_timestamp": "2024-07-21T18:34:26.221-07:00",
            "description": "",
            "external_ipv6_prefix": "",
            "fingerprint": null,
            "gateway_address": "172.16.3.1",
            "id": "projects/lgang-pj/regions/asia-southeast1/subnetworks/mgmt-subnet-sdv",
            "internal_ipv6_prefix": "",
            "ip_cidr_range": "172.16.3.0/24",
            "ipv6_access_type": "",
            "ipv6_cidr_range": "",
            "log_config": [],
            "name": "mgmt-subnet-sdv",
            "network": "https://www.googleapis.com/compute/v1/projects/lgang-pj/global/networks/vpc4-sdv",
            "private_ip_google_access": false,
            "private_ipv6_google_access": "DISABLE_GOOGLE_ACCESS",
            "project": "lgang-pj",
            "purpose": "PRIVATE",
            "region": "asia-southeast1",
            "role": "",
            "secondary_ip_range": [],
            "self_link": "https://www.googleapis.com/compute/v1/projects/lgang-pj/regions/asia-southeast1/subnetworks/mgmt-subnet-sdv",
            "stack_type": "IPV4_ONLY",
            "timeouts": null
          },
          "sensitive_attributes": [],
          "private": "eyJlMmJmYjczMC1lY2FhLTExZTYtOGY4OC0zNDM2M2JjN2M0YzAiOnsiY3JlYXRlIjoxMjAwMDAwMDAwMDAwLCJkZWxldGUiOjEyMDAwMDAwMDAwMDAsInVwZGF0ZSI6MTIwMDAwMDAwMDAwMH19",
          "dependencies": [
            "google_compute_network.vpc_network4",
            "random_string.random_name_post"
          ]
        }
      ]
    },
    {
      "mode": "managed",
      "type": "google_compute_subnetwork",
      "name": "private_subnet",
      "provider": "provider[\"registry.terraform.io/hashicorp/google\"]",
      "instances": [
        {
          "schema_version": 0,
          "attributes": {
            "creation_timestamp": "2024-07-21T18:34:25.442-07:00",
            "description": "",
            "external_ipv6_prefix": "",
            "fingerprint": null,
            "gateway_address": "172.16.1.1",
            "id": "projects/lgang-pj/regions/asia-southeast1/subnetworks/private-subnet-sdv",
            "internal_ipv6_prefix": "",
            "ip_cidr_range": "172.16.1.0/24",
            "ipv6_access_type": "",
            "ipv6_cidr_range": "",
            "log_config": [],
            "name": "private-subnet-sdv",
            "network": "https://www.googleapis.com/compute/v1/projects/lgang-pj/global/networks/vpc2-sdv",
            "private_ip_google_access": false,
            "private_ipv6_google_access": "DISABLE_GOOGLE_ACCESS",
            "project": "lgang-pj",
            "purpose": "PRIVATE",
            "region": "asia-southeast1",
            "role": "",
            "secondary_ip_range": [],
            "self_link": "https://www.googleapis.com/compute/v1/projects/lgang-pj/regions/asia-southeast1/subnetworks/private-subnet-sdv",
            "stack_type": "IPV4_ONLY",
            "timeouts": null
          },
          "sensitive_attributes": [],
          "private": "eyJlMmJmYjczMC1lY2FhLTExZTYtOGY4OC0zNDM2M2JjN2M0YzAiOnsiY3JlYXRlIjoxMjAwMDAwMDAwMDAwLCJkZWxldGUiOjEyMDAwMDAwMDAwMDAsInVwZGF0ZSI6MTIwMDAwMDAwMDAwMH19",
          "dependencies": [
            "google_compute_network.vpc_network2",
            "random_string.random_name_post"
          ]
        }
      ]
    },
    {
      "mode": "managed",
      "type": "google_compute_subnetwork",
      "name": "public_subnet",
      "provider": "provider[\"registry.terraform.io/hashicorp/google\"]",
      "instances": [
        {
          "schema_version": 0,
          "attributes": {
            "creation_timestamp": "2024-07-21T18:34:25.525-07:00",
            "description": "",
            "external_ipv6_prefix": "",
            "fingerprint": null,
            "gateway_address": "172.16.0.1",
            "id": "projects/lgang-pj/regions/asia-southeast1/subnetworks/public-subnet-sdv",
            "internal_ipv6_prefix": "",
            "ip_cidr_range": "172.16.0.0/24",
            "ipv6_access_type": "",
            "ipv6_cidr_range": "",
            "log_config": [],
            "name": "public-subnet-sdv",
            "network": "https://www.googleapis.com/compute/v1/projects/lgang-pj/global/networks/vpc-sdv",
            "private_ip_google_access": true,
            "private_ipv6_google_access": "DISABLE_GOOGLE_ACCESS",
            "project": "lgang-pj",
            "purpose": "PRIVATE",
            "region": "asia-southeast1",
            "role": "",
            "secondary_ip_range": [],
            "self_link": "https://www.googleapis.com/compute/v1/projects/lgang-pj/regions/asia-southeast1/subnetworks/public-subnet-sdv",
            "stack_type": "IPV4_ONLY",
            "timeouts": null
          },
          "sensitive_attributes": [],
          "private": "eyJlMmJmYjczMC1lY2FhLTExZTYtOGY4OC0zNDM2M2JjN2M0YzAiOnsiY3JlYXRlIjoxMjAwMDAwMDAwMDAwLCJkZWxldGUiOjEyMDAwMDAwMDAwMDAsInVwZGF0ZSI6MTIwMDAwMDAwMDAwMH19",
          "dependencies": [
            "google_compute_network.vpc_network",
            "random_string.random_name_post"
          ]
        }
      ]
    },
    {
      "mode": "managed",
      "type": "random_string",
      "name": "random_name_post",
      "provider": "provider[\"registry.terraform.io/hashicorp/random\"]",
      "instances": [
        {
          "schema_version": 2,
          "attributes": {
            "id": "sdv",
            "keepers": null,
            "length": 3,
            "lower": true,
            "min_lower": 3,
            "min_numeric": 0,
            "min_special": 0,
            "min_upper": 0,
            "number": true,
            "numeric": true,
            "override_special": "",
            "result": "sdv",
            "special": true,
            "upper": true
          },
          "sensitive_attributes": []
        }
      ]
    }
  ],
  "check_results": null
}
