{
  "version": 4,
  "terraform_version": "1.3.9",
  "serial": 36,
  "lineage": "da05f72c-38b0-580c-5691-f5a55f4d774c",
  "outputs": {
    "External-Load-Balancer-Public-IP-Address": {
      "value": "34.126.98.190",
      "type": "string"
    },
    "FortiGate-HA-Active-MGMT-IP": {
      "value": "34.142.129.12",
      "type": "string"
    },
    "FortiGate-HA-Passive-MGMT-IP": {
      "value": "34.143.171.20",
      "type": "string"
    },
    "FortiGate-Password": {
      "value": "6915269478553274999",
      "type": "string"
    },
    "FortiGate-Username": {
      "value": "admin",
      "type": "string"
    },
    "Internal-Load-Balancer-Public-IP-Address": {
      "value": "172.16.1.5",
      "type": "string"
    }
  },
  "resources": [
    {
      "mode": "managed",
      "type": "google_compute_address",
      "name": "internal_address",
      "provider": "provider[\"registry.terraform.io/hashicorp/google\"]",
      "instances": [
        {
          "schema_version": 0,
          "attributes": {
            "address": "172.16.1.5",
            "address_type": "INTERNAL",
            "creation_timestamp": "2024-03-07T00:01:58.879-08:00",
            "description": "",
            "effective_labels": {},
            "id": "projects/lgang-pj/regions/asia-southeast1/addresses/internal-ilb-address-bxa",
            "ip_version": "",
            "ipv6_endpoint_type": "",
            "label_fingerprint": "42WmSpB8rSM=",
            "labels": null,
            "name": "internal-ilb-address-bxa",
            "network": "",
            "network_tier": "PREMIUM",
            "prefix_length": 0,
            "project": "lgang-pj",
            "purpose": "GCE_ENDPOINT",
            "region": "asia-southeast1",
            "self_link": "https://www.googleapis.com/compute/v1/projects/lgang-pj/regions/asia-southeast1/addresses/internal-ilb-address-bxa",
            "subnetwork": "https://www.googleapis.com/compute/v1/projects/lgang-pj/regions/asia-southeast1/subnetworks/private-subnet-bxa",
            "terraform_labels": {},
            "timeouts": null,
            "users": []
          },
          "sensitive_attributes": [],
          "private": "eyJlMmJmYjczMC1lY2FhLTExZTYtOGY4OC0zNDM2M2JjN2M0YzAiOnsiY3JlYXRlIjoxMjAwMDAwMDAwMDAwLCJkZWxldGUiOjEyMDAwMDAwMDAwMDAsInVwZGF0ZSI6MTIwMDAwMDAwMDAwMH19",
          "dependencies": [
            "google_compute_network.vpc_network2",
            "google_compute_subnetwork.private_subnet",
            "random_string.random_name_post"
          ]
        }
      ]
    },
    {
      "mode": "managed",
      "type": "google_compute_address",
      "name": "static",
      "provider": "provider[\"registry.terraform.io/hashicorp/google\"]",
      "instances": [
        {
          "schema_version": 0,
          "attributes": {
            "address": "34.126.98.190",
            "address_type": "EXTERNAL",
            "creation_timestamp": "2024-03-07T00:01:11.232-08:00",
            "description": "",
            "effective_labels": {},
            "id": "projects/lgang-pj/regions/asia-southeast1/addresses/cluster-ip-bxa",
            "ip_version": "",
            "ipv6_endpoint_type": "",
            "label_fingerprint": "42WmSpB8rSM=",
            "labels": null,
            "name": "cluster-ip-bxa",
            "network": "",
            "network_tier": "PREMIUM",
            "prefix_length": 0,
            "project": "lgang-pj",
            "purpose": "",
            "region": "asia-southeast1",
            "self_link": "https://www.googleapis.com/compute/v1/projects/lgang-pj/regions/asia-southeast1/addresses/cluster-ip-bxa",
            "subnetwork": "",
            "terraform_labels": {},
            "timeouts": null,
            "users": []
          },
          "sensitive_attributes": [],
          "private": "eyJlMmJmYjczMC1lY2FhLTExZTYtOGY4OC0zNDM2M2JjN2M0YzAiOnsiY3JlYXRlIjoxMjAwMDAwMDAwMDAwLCJkZWxldGUiOjEyMDAwMDAwMDAwMDAsInVwZGF0ZSI6MTIwMDAwMDAwMDAwMH19",
          "dependencies": [
            "random_string.random_name_post"
          ]
        }
      ]
    },
    {
      "mode": "managed",
      "type": "google_compute_address",
      "name": "static2",
      "provider": "provider[\"registry.terraform.io/hashicorp/google\"]",
      "instances": [
        {
          "schema_version": 0,
          "attributes": {
            "address": "34.142.129.12",
            "address_type": "EXTERNAL",
            "creation_timestamp": "2024-03-07T00:01:11.294-08:00",
            "description": "",
            "effective_labels": {},
            "id": "projects/lgang-pj/regions/asia-southeast1/addresses/activemgmt-ip-bxa",
            "ip_version": "",
            "ipv6_endpoint_type": "",
            "label_fingerprint": "42WmSpB8rSM=",
            "labels": null,
            "name": "activemgmt-ip-bxa",
            "network": "",
            "network_tier": "PREMIUM",
            "prefix_length": 0,
            "project": "lgang-pj",
            "purpose": "",
            "region": "asia-southeast1",
            "self_link": "https://www.googleapis.com/compute/v1/projects/lgang-pj/regions/asia-southeast1/addresses/activemgmt-ip-bxa",
            "subnetwork": "",
            "terraform_labels": {},
            "timeouts": null,
            "users": []
          },
          "sensitive_attributes": [],
          "private": "eyJlMmJmYjczMC1lY2FhLTExZTYtOGY4OC0zNDM2M2JjN2M0YzAiOnsiY3JlYXRlIjoxMjAwMDAwMDAwMDAwLCJkZWxldGUiOjEyMDAwMDAwMDAwMDAsInVwZGF0ZSI6MTIwMDAwMDAwMDAwMH19",
          "dependencies": [
            "random_string.random_name_post"
          ]
        }
      ]
    },
    {
      "mode": "managed",
      "type": "google_compute_address",
      "name": "static3",
      "provider": "provider[\"registry.terraform.io/hashicorp/google\"]",
      "instances": [
        {
          "schema_version": 0,
          "attributes": {
            "address": "34.143.171.20",
            "address_type": "EXTERNAL",
            "creation_timestamp": "2024-03-07T00:01:11.304-08:00",
            "description": "",
            "effective_labels": {},
            "id": "projects/lgang-pj/regions/asia-southeast1/addresses/passivemgmt-ip-bxa",
            "ip_version": "",
            "ipv6_endpoint_type": "",
            "label_fingerprint": "42WmSpB8rSM=",
            "labels": null,
            "name": "passivemgmt-ip-bxa",
            "network": "",
            "network_tier": "PREMIUM",
            "prefix_length": 0,
            "project": "lgang-pj",
            "purpose": "",
            "region": "asia-southeast1",
            "self_link": "https://www.googleapis.com/compute/v1/projects/lgang-pj/regions/asia-southeast1/addresses/passivemgmt-ip-bxa",
            "subnetwork": "",
            "terraform_labels": {},
            "timeouts": null,
            "users": []
          },
          "sensitive_attributes": [],
          "private": "eyJlMmJmYjczMC1lY2FhLTExZTYtOGY4OC0zNDM2M2JjN2M0YzAiOnsiY3JlYXRlIjoxMjAwMDAwMDAwMDAwLCJkZWxldGUiOjEyMDAwMDAwMDAwMDAsInVwZGF0ZSI6MTIwMDAwMDAwMDAwMH19",
          "dependencies": [
            "random_string.random_name_post"
          ]
        }
      ]
    },
    {
      "mode": "managed",
      "type": "google_compute_disk",
      "name": "logdisk",
      "provider": "provider[\"registry.terraform.io/hashicorp/google\"]",
      "instances": [
        {
          "schema_version": 0,
          "attributes": {
            "async_primary_disk": [],
            "creation_timestamp": "2024-03-07T00:01:10.732-08:00",
            "description": "",
            "disk_encryption_key": [],
            "disk_id": "7001570640138652329",
            "effective_labels": {},
            "enable_confidential_compute": false,
            "guest_os_features": [],
            "id": "projects/lgang-pj/zones/asia-southeast1-a/disks/log-disk-bxa",
            "image": "",
            "label_fingerprint": "42WmSpB8rSM=",
            "labels": null,
            "last_attach_timestamp": "",
            "last_detach_timestamp": "",
            "licenses": [],
            "name": "log-disk-bxa",
            "physical_block_size_bytes": 4096,
            "project": "lgang-pj",
            "provisioned_iops": 0,
            "provisioned_throughput": 0,
            "self_link": "https://www.googleapis.com/compute/v1/projects/lgang-pj/zones/asia-southeast1-a/disks/log-disk-bxa",
            "size": 30,
            "snapshot": "",
            "source_disk": "",
            "source_disk_id": "",
            "source_image_encryption_key": [],
            "source_image_id": "",
            "source_snapshot_encryption_key": [],
            "source_snapshot_id": "",
            "terraform_labels": {},
            "timeouts": null,
            "type": "pd-standard",
            "users": [],
            "zone": "asia-southeast1-a"
          },
          "sensitive_attributes": [],
          "private": "eyJlMmJmYjczMC1lY2FhLTExZTYtOGY4OC0zNDM2M2JjN2M0YzAiOnsiY3JlYXRlIjoxMjAwMDAwMDAwMDAwLCJkZWxldGUiOjEyMDAwMDAwMDAwMDAsInVwZGF0ZSI6MTIwMDAwMDAwMDAwMH19",
          "dependencies": [
            "random_string.random_name_post"
          ]
        }
      ]
    },
    {
      "mode": "managed",
      "type": "google_compute_disk",
      "name": "logdisk2",
      "provider": "provider[\"registry.terraform.io/hashicorp/google\"]",
      "instances": [
        {
          "schema_version": 0,
          "attributes": {
            "async_primary_disk": [],
            "creation_timestamp": "2024-03-07T00:01:10.793-08:00",
            "description": "",
            "disk_encryption_key": [],
            "disk_id": "777497995498539689",
            "effective_labels": {},
            "enable_confidential_compute": false,
            "guest_os_features": [],
            "id": "projects/lgang-pj/zones/asia-southeast1-a/disks/log-disk2-bxa",
            "image": "",
            "label_fingerprint": "42WmSpB8rSM=",
            "labels": null,
            "last_attach_timestamp": "",
            "last_detach_timestamp": "",
            "licenses": [],
            "name": "log-disk2-bxa",
            "physical_block_size_bytes": 4096,
            "project": "lgang-pj",
            "provisioned_iops": 0,
            "provisioned_throughput": 0,
            "self_link": "https://www.googleapis.com/compute/v1/projects/lgang-pj/zones/asia-southeast1-a/disks/log-disk2-bxa",
            "size": 30,
            "snapshot": "",
            "source_disk": "",
            "source_disk_id": "",
            "source_image_encryption_key": [],
            "source_image_id": "",
            "source_snapshot_encryption_key": [],
            "source_snapshot_id": "",
            "terraform_labels": {},
            "timeouts": null,
            "type": "pd-standard",
            "users": [],
            "zone": "asia-southeast1-a"
          },
          "sensitive_attributes": [],
          "private": "eyJlMmJmYjczMC1lY2FhLTExZTYtOGY4OC0zNDM2M2JjN2M0YzAiOnsiY3JlYXRlIjoxMjAwMDAwMDAwMDAwLCJkZWxldGUiOjEyMDAwMDAwMDAwMDAsInVwZGF0ZSI6MTIwMDAwMDAwMDAwMH19",
          "dependencies": [
            "random_string.random_name_post"
          ]
        }
      ]
    },
    {
      "mode": "managed",
      "type": "google_compute_firewall",
      "name": "allow-fgt",
      "provider": "provider[\"registry.terraform.io/hashicorp/google\"]",
      "instances": [
        {
          "schema_version": 1,
          "attributes": {
            "allow": [
              {
                "ports": [
                  "22",
                  "80",
                  "443"
                ],
                "protocol": "tcp"
              },
              {
                "ports": [],
                "protocol": "icmp"
              }
            ],
            "creation_timestamp": "2024-03-07T00:01:33.636-08:00",
            "deny": [],
            "description": "",
            "destination_ranges": [],
            "direction": "INGRESS",
            "disabled": false,
            "enable_logging": null,
            "id": "projects/lgang-pj/global/firewalls/allow-fgt-bxa",
            "log_config": [],
            "name": "allow-fgt-bxa",
            "network": "https://www.googleapis.com/compute/v1/projects/lgang-pj/global/networks/vpc-bxa",
            "priority": 1000,
            "project": "lgang-pj",
            "self_link": "https://www.googleapis.com/compute/v1/projects/lgang-pj/global/firewalls/allow-fgt-bxa",
            "source_ranges": [
              "0.0.0.0/0"
            ],
            "source_service_accounts": null,
            "source_tags": null,
            "target_service_accounts": null,
            "target_tags": [
              "allow-fgt"
            ],
            "timeouts": null
          },
          "sensitive_attributes": [],
          "private": "eyJlMmJmYjczMC1lY2FhLTExZTYtOGY4OC0zNDM2M2JjN2M0YzAiOnsiY3JlYXRlIjoxMjAwMDAwMDAwMDAwLCJkZWxldGUiOjEyMDAwMDAwMDAwMDAsInVwZGF0ZSI6MTIwMDAwMDAwMDAwMH0sInNjaGVtYV92ZXJzaW9uIjoiMSJ9",
          "dependencies": [
            "google_compute_network.vpc_network",
            "random_string.random_name_post"
          ]
        }
      ]
    },
    {
      "mode": "managed",
      "type": "google_compute_firewall",
      "name": "allow-internal",
      "provider": "provider[\"registry.terraform.io/hashicorp/google\"]",
      "instances": [
        {
          "schema_version": 1,
          "attributes": {
            "allow": [
              {
                "ports": [],
                "protocol": "all"
              }
            ],
            "creation_timestamp": "2024-03-07T00:01:33.930-08:00",
            "deny": [],
            "description": "",
            "destination_ranges": [],
            "direction": "INGRESS",
            "disabled": false,
            "enable_logging": null,
            "id": "projects/lgang-pj/global/firewalls/allow-internal-bxa",
            "log_config": [],
            "name": "allow-internal-bxa",
            "network": "https://www.googleapis.com/compute/v1/projects/lgang-pj/global/networks/vpc2-bxa",
            "priority": 1000,
            "project": "lgang-pj",
            "self_link": "https://www.googleapis.com/compute/v1/projects/lgang-pj/global/firewalls/allow-internal-bxa",
            "source_ranges": [
              "0.0.0.0/0"
            ],
            "source_service_accounts": null,
            "source_tags": null,
            "target_service_accounts": null,
            "target_tags": [
              "allow-internal"
            ],
            "timeouts": null
          },
          "sensitive_attributes": [],
          "private": "eyJlMmJmYjczMC1lY2FhLTExZTYtOGY4OC0zNDM2M2JjN2M0YzAiOnsiY3JlYXRlIjoxMjAwMDAwMDAwMDAwLCJkZWxldGUiOjEyMDAwMDAwMDAwMDAsInVwZGF0ZSI6MTIwMDAwMDAwMDAwMH0sInNjaGVtYV92ZXJzaW9uIjoiMSJ9",
          "dependencies": [
            "google_compute_network.vpc_network2",
            "random_string.random_name_post"
          ]
        }
      ]
    },
    {
      "mode": "managed",
      "type": "google_compute_firewall",
      "name": "allow-mgmt",
      "provider": "provider[\"registry.terraform.io/hashicorp/google\"]",
      "instances": [
        {
          "schema_version": 1,
          "attributes": {
            "allow": [
              {
                "ports": [],
                "protocol": "all"
              }
            ],
            "creation_timestamp": "2024-03-07T00:01:34.102-08:00",
            "deny": [],
            "description": "",
            "destination_ranges": [],
            "direction": "INGRESS",
            "disabled": false,
            "enable_logging": null,
            "id": "projects/lgang-pj/global/firewalls/allow-mgmt-bxa",
            "log_config": [],
            "name": "allow-mgmt-bxa",
            "network": "https://www.googleapis.com/compute/v1/projects/lgang-pj/global/networks/vpc4-bxa",
            "priority": 1000,
            "project": "lgang-pj",
            "self_link": "https://www.googleapis.com/compute/v1/projects/lgang-pj/global/firewalls/allow-mgmt-bxa",
            "source_ranges": [
              "0.0.0.0/0"
            ],
            "source_service_accounts": null,
            "source_tags": null,
            "target_service_accounts": null,
            "target_tags": [
              "allow-mgmt"
            ],
            "timeouts": null
          },
          "sensitive_attributes": [],
          "private": "eyJlMmJmYjczMC1lY2FhLTExZTYtOGY4OC0zNDM2M2JjN2M0YzAiOnsiY3JlYXRlIjoxMjAwMDAwMDAwMDAwLCJkZWxldGUiOjEyMDAwMDAwMDAwMDAsInVwZGF0ZSI6MTIwMDAwMDAwMDAwMH0sInNjaGVtYV92ZXJzaW9uIjoiMSJ9",
          "dependencies": [
            "google_compute_network.vpc_network4",
            "random_string.random_name_post"
          ]
        }
      ]
    },
    {
      "mode": "managed",
      "type": "google_compute_firewall",
      "name": "allow-sync",
      "provider": "provider[\"registry.terraform.io/hashicorp/google\"]",
      "instances": [
        {
          "schema_version": 1,
          "attributes": {
            "allow": [
              {
                "ports": [],
                "protocol": "all"
              }
            ],
            "creation_timestamp": "2024-03-07T00:01:45.829-08:00",
            "deny": [],
            "description": "",
            "destination_ranges": [],
            "direction": "INGRESS",
            "disabled": false,
            "enable_logging": null,
            "id": "projects/lgang-pj/global/firewalls/allow-sync-bxa",
            "log_config": [],
            "name": "allow-sync-bxa",
            "network": "https://www.googleapis.com/compute/v1/projects/lgang-pj/global/networks/vpc3-bxa",
            "priority": 1000,
            "project": "lgang-pj",
            "self_link": "https://www.googleapis.com/compute/v1/projects/lgang-pj/global/firewalls/allow-sync-bxa",
            "source_ranges": [
              "0.0.0.0/0"
            ],
            "source_service_accounts": null,
            "source_tags": null,
            "target_service_accounts": null,
            "target_tags": [
              "allow-sync"
            ],
            "timeouts": null
          },
          "sensitive_attributes": [],
          "private": "eyJlMmJmYjczMC1lY2FhLTExZTYtOGY4OC0zNDM2M2JjN2M0YzAiOnsiY3JlYXRlIjoxMjAwMDAwMDAwMDAwLCJkZWxldGUiOjEyMDAwMDAwMDAwMDAsInVwZGF0ZSI6MTIwMDAwMDAwMDAwMH0sInNjaGVtYV92ZXJzaW9uIjoiMSJ9",
          "dependencies": [
            "google_compute_network.vpc_network3",
            "random_string.random_name_post"
          ]
        }
      ]
    },
    {
      "mode": "managed",
      "type": "google_compute_forwarding_rule",
      "name": "default",
      "provider": "provider[\"registry.terraform.io/hashicorp/google\"]",
      "instances": [
        {
          "schema_version": 0,
          "attributes": {
            "all_ports": false,
            "allow_global_access": false,
            "allow_psc_global_access": false,
            "backend_service": "",
            "base_forwarding_rule": "",
            "creation_timestamp": "2024-03-07T00:03:14.223-08:00",
            "description": "",
            "effective_labels": {},
            "id": "projects/lgang-pj/regions/asia-southeast1/forwardingRules/external-lb-bxa",
            "ip_address": "34.126.98.190",
            "ip_protocol": "TCP",
            "ip_version": "",
            "is_mirroring_collector": false,
            "label_fingerprint": "42WmSpB8rSM=",
            "labels": null,
            "load_balancing_scheme": "EXTERNAL",
            "name": "external-lb-bxa",
            "network": "",
            "network_tier": "PREMIUM",
            "no_automate_dns_zone": null,
            "port_range": "1-65535",
            "ports": null,
            "project": "lgang-pj",
            "psc_connection_id": "",
            "psc_connection_status": "",
            "recreate_closed_psc": false,
            "region": "asia-southeast1",
            "self_link": "https://www.googleapis.com/compute/v1/projects/lgang-pj/regions/asia-southeast1/forwardingRules/external-lb-bxa",
            "service_directory_registrations": [],
            "service_label": "",
            "service_name": "",
            "source_ip_ranges": null,
            "subnetwork": "",
            "target": "https://www.googleapis.com/compute/v1/projects/lgang-pj/regions/asia-southeast1/targetPools/fgt-instancepool-bxa",
            "terraform_labels": {},
            "timeouts": null
          },
          "sensitive_attributes": [],
          "private": "eyJlMmJmYjczMC1lY2FhLTExZTYtOGY4OC0zNDM2M2JjN2M0YzAiOnsiY3JlYXRlIjoxMjAwMDAwMDAwMDAwLCJkZWxldGUiOjEyMDAwMDAwMDAwMDAsInVwZGF0ZSI6MTIwMDAwMDAwMDAwMH19",
          "dependencies": [
            "google_compute_address.internal_address",
            "google_compute_address.static",
            "google_compute_address.static2",
            "google_compute_address.static3",
            "google_compute_http_health_check.default",
            "google_compute_image.fgtvmgvnic",
            "google_compute_instance_from_template.active_fgt_instance",
            "google_compute_instance_from_template.passive_fgt_instance",
            "google_compute_instance_template.active",
            "google_compute_instance_template.passive",
            "google_compute_network.vpc_network",
            "google_compute_network.vpc_network2",
            "google_compute_network.vpc_network3",
            "google_compute_network.vpc_network4",
            "google_compute_subnetwork.ha_subnet",
            "google_compute_subnetwork.mgmt_subnet",
            "google_compute_subnetwork.private_subnet",
            "google_compute_subnetwork.public_subnet",
            "google_compute_target_pool.default",
            "random_string.random_name_post"
          ]
        }
      ]
    },
    {
      "mode": "managed",
      "type": "google_compute_forwarding_rule",
      "name": "internal_load_balancer",
      "provider": "provider[\"registry.terraform.io/hashicorp/google\"]",
      "instances": [
        {
          "schema_version": 0,
          "attributes": {
            "all_ports": true,
            "allow_global_access": false,
            "allow_psc_global_access": false,
            "backend_service": "https://www.googleapis.com/compute/v1/projects/lgang-pj/regions/asia-southeast1/backendServices/internal-slb-backend-bxa",
            "base_forwarding_rule": "",
            "creation_timestamp": "2024-03-07T00:03:39.020-08:00",
            "description": "",
            "effective_labels": {},
            "id": "projects/lgang-pj/regions/asia-southeast1/forwardingRules/internal-slb-bxa",
            "ip_address": "172.16.1.5",
            "ip_protocol": "TCP",
            "ip_version": "",
            "is_mirroring_collector": false,
            "label_fingerprint": "42WmSpB8rSM=",
            "labels": null,
            "load_balancing_scheme": "INTERNAL",
            "name": "internal-slb-bxa",
            "network": "https://www.googleapis.com/compute/v1/projects/lgang-pj/global/networks/vpc2-bxa",
            "network_tier": "PREMIUM",
            "no_automate_dns_zone": null,
            "port_range": "",
            "ports": null,
            "project": "lgang-pj",
            "psc_connection_id": "",
            "psc_connection_status": "",
            "recreate_closed_psc": false,
            "region": "asia-southeast1",
            "self_link": "https://www.googleapis.com/compute/v1/projects/lgang-pj/regions/asia-southeast1/forwardingRules/internal-slb-bxa",
            "service_directory_registrations": [],
            "service_label": "",
            "service_name": "",
            "source_ip_ranges": null,
            "subnetwork": "https://www.googleapis.com/compute/v1/projects/lgang-pj/regions/asia-southeast1/subnetworks/private-subnet-bxa",
            "target": "",
            "terraform_labels": {},
            "timeouts": null
          },
          "sensitive_attributes": [],
          "private": "eyJlMmJmYjczMC1lY2FhLTExZTYtOGY4OC0zNDM2M2JjN2M0YzAiOnsiY3JlYXRlIjoxMjAwMDAwMDAwMDAwLCJkZWxldGUiOjEyMDAwMDAwMDAwMDAsInVwZGF0ZSI6MTIwMDAwMDAwMDAwMH19",
          "dependencies": [
            "google_compute_address.internal_address",
            "google_compute_address.static",
            "google_compute_address.static2",
            "google_compute_address.static3",
            "google_compute_health_check.hc",
            "google_compute_image.fgtvmgvnic",
            "google_compute_instance_from_template.active_fgt_instance",
            "google_compute_instance_from_template.passive_fgt_instance",
            "google_compute_instance_group.umig_active",
            "google_compute_instance_group.umig_passive",
            "google_compute_instance_template.active",
            "google_compute_instance_template.passive",
            "google_compute_network.vpc_network",
            "google_compute_network.vpc_network2",
            "google_compute_network.vpc_network3",
            "google_compute_network.vpc_network4",
            "google_compute_region_backend_service.internal_load_balancer_backend",
            "google_compute_subnetwork.ha_subnet",
            "google_compute_subnetwork.mgmt_subnet",
            "google_compute_subnetwork.private_subnet",
            "google_compute_subnetwork.public_subnet",
            "random_string.random_name_post"
          ]
        }
      ]
    },
    {
      "mode": "managed",
      "type": "google_compute_health_check",
      "name": "hc",
      "provider": "provider[\"registry.terraform.io/hashicorp/google\"]",
      "instances": [
        {
          "schema_version": 0,
          "attributes": {
            "check_interval_sec": 3,
            "creation_timestamp": "2024-03-07T00:01:12.471-08:00",
            "description": "",
            "grpc_health_check": [],
            "healthy_threshold": 2,
            "http2_health_check": [],
            "http_health_check": [],
            "https_health_check": [],
            "id": "projects/lgang-pj/global/healthChecks/internal-slb-healthcheck-bxa",
            "log_config": [
              {
                "enable": false
              }
            ],
            "name": "internal-slb-healthcheck-bxa",
            "project": "lgang-pj",
            "self_link": "https://www.googleapis.com/compute/v1/projects/lgang-pj/global/healthChecks/internal-slb-healthcheck-bxa",
            "ssl_health_check": [],
            "tcp_health_check": [
              {
                "port": 8008,
                "port_name": "",
                "port_specification": "",
                "proxy_header": "NONE",
                "request": "",
                "response": ""
              }
            ],
            "timeout_sec": 2,
            "timeouts": null,
            "type": "TCP",
            "unhealthy_threshold": 2
          },
          "sensitive_attributes": [],
          "private": "eyJlMmJmYjczMC1lY2FhLTExZTYtOGY4OC0zNDM2M2JjN2M0YzAiOnsiY3JlYXRlIjoxMjAwMDAwMDAwMDAwLCJkZWxldGUiOjEyMDAwMDAwMDAwMDAsInVwZGF0ZSI6MTIwMDAwMDAwMDAwMH19",
          "dependencies": [
            "random_string.random_name_post"
          ]
        }
      ]
    },
    {
      "mode": "managed",
      "type": "google_compute_http_health_check",
      "name": "default",
      "provider": "provider[\"registry.terraform.io/hashicorp/google\"]",
      "instances": [
        {
          "schema_version": 0,
          "attributes": {
            "check_interval_sec": 3,
            "creation_timestamp": "2024-03-07T00:01:10.743-08:00",
            "description": "",
            "healthy_threshold": 2,
            "host": "",
            "id": "projects/lgang-pj/global/httpHealthChecks/health-check-backend-bxa",
            "name": "health-check-backend-bxa",
            "port": 8008,
            "project": "lgang-pj",
            "request_path": "/",
            "self_link": "https://www.googleapis.com/compute/v1/projects/lgang-pj/global/httpHealthChecks/health-check-backend-bxa",
            "timeout_sec": 2,
            "timeouts": null,
            "unhealthy_threshold": 3
          },
          "sensitive_attributes": [],
          "private": "eyJlMmJmYjczMC1lY2FhLTExZTYtOGY4OC0zNDM2M2JjN2M0YzAiOnsiY3JlYXRlIjoxMjAwMDAwMDAwMDAwLCJkZWxldGUiOjEyMDAwMDAwMDAwMDAsInVwZGF0ZSI6MTIwMDAwMDAwMDAwMH19",
          "dependencies": [
            "random_string.random_name_post"
          ]
        }
      ]
    },
    {
      "mode": "managed",
      "type": "google_compute_image",
      "name": "fgtvmgvnic",
      "provider": "provider[\"registry.terraform.io/hashicorp/google\"]",
      "instances": [
        {
          "index_key": 0,
          "schema_version": 0,
          "attributes": {
            "archive_size_bytes": 97465984,
            "creation_timestamp": "2024-03-07T00:01:12.711-08:00",
            "description": "",
            "disk_size_gb": 10,
            "effective_labels": {},
            "family": "",
            "guest_os_features": [
              {
                "type": "GVNIC"
              }
            ],
            "id": "projects/lgang-pj/global/images/fgtvmgvnic-image",
            "image_encryption_key": [],
            "label_fingerprint": "42WmSpB8rSM=",
            "labels": null,
            "licenses": [
              "https://www.googleapis.com/compute/v1/projects/fortigcp-project-001/global/licenses/fortigate-payg"
            ],
            "name": "fgtvmgvnic-image",
            "project": "lgang-pj",
            "raw_disk": [],
            "self_link": "https://www.googleapis.com/compute/v1/projects/lgang-pj/global/images/fgtvmgvnic-image",
            "source_disk": "",
            "source_image": "https://www.googleapis.com/compute/v1/projects/fortigcp-project-001/global/images/fortinet-fgtondemand-727-20240208-001-w-license",
            "source_snapshot": "",
            "storage_locations": [
              "us"
            ],
            "terraform_labels": {},
            "timeouts": null
          },
          "sensitive_attributes": [],
          "private": "eyJlMmJmYjczMC1lY2FhLTExZTYtOGY4OC0zNDM2M2JjN2M0YzAiOnsiY3JlYXRlIjoxMjAwMDAwMDAwMDAwLCJkZWxldGUiOjEyMDAwMDAwMDAwMDAsInVwZGF0ZSI6MTIwMDAwMDAwMDAwMH19"
        }
      ]
    },
    {
      "mode": "managed",
      "type": "google_compute_instance_from_template",
      "name": "active_fgt_instance",
      "provider": "provider[\"registry.terraform.io/hashicorp/google\"]",
      "instances": [
        {
          "schema_version": 0,
          "attributes": {
            "advanced_machine_features": [],
            "allow_stopping_for_update": null,
            "attached_disk": [
              {
                "device_name": "persistent-disk-1",
                "disk_encryption_key_raw": "",
                "disk_encryption_key_sha256": "",
                "kms_key_self_link": "",
                "mode": "READ_WRITE",
                "source": "https://www.googleapis.com/compute/v1/projects/lgang-pj/zones/asia-southeast1-a/disks/activefgt-bxa-1"
              }
            ],
            "boot_disk": [
              {
                "auto_delete": true,
                "device_name": "persistent-disk-0",
                "disk_encryption_key_raw": "",
                "disk_encryption_key_sha256": "",
                "initialize_params": [
                  {
                    "enable_confidential_compute": false,
                    "image": "https://www.googleapis.com/compute/v1/projects/lgang-pj/global/images/fgtvmgvnic-image",
                    "labels": {},
                    "provisioned_iops": 0,
                    "provisioned_throughput": 0,
                    "resource_manager_tags": {},
                    "size": 10,
                    "type": "pd-standard"
                  }
                ],
                "kms_key_self_link": "",
                "mode": "READ_WRITE",
                "source": "https://www.googleapis.com/compute/v1/projects/lgang-pj/zones/asia-southeast1-a/disks/activefgt-bxa"
              }
            ],
            "can_ip_forward": true,
            "confidential_instance_config": [],
            "cpu_platform": "Intel Broadwell",
            "current_status": "RUNNING",
            "deletion_protection": false,
            "description": "FGT-Active Instance Template",
            "desired_status": null,
            "effective_labels": {},
            "enable_display": false,
            "guest_accelerator": [],
            "hostname": "",
            "id": "projects/lgang-pj/zones/asia-southeast1-a/instances/activefgt-bxa",
            "instance_id": "6915269478553274999",
            "label_fingerprint": "42WmSpB8rSM=",
            "labels": {},
            "machine_type": "n1-standard-4",
            "metadata": {
              "block-project-ssh-keys": "TRUE",
              "license": "-----BEGIN FGT VM LICENSE-----\nQAAAAIwWdJdizpHeDKGkYRlL+cW+qSjtffDXNDypiRXYjIoovCEqK/kgg/7phiXK\n2swfGrv5a4K4GyLOv8vcCobJ1vngGQAAnS+vlLaw9WhVHyGl78synmEESSauQVdA\nvYS1mBtvCrjYtI3m0iTICHqdc5gFR1m+Y3NaqTFaxMsPWfDXxpQUtzPoh+KahrrJ\ntlRT1gwtbItbIjpEHACGQ9Mfp5fP1EgBut5sMULnwgdOLRyVL0EvQxa2FRxUBaly\neqZvseFYC7H5cIOGSfNgv3/B8Coi62w+bJ6qmpnUwpi1yVXCwqI4vkZrIpX8m7+W\nMV9EwKvgczcjevmDonvuyswW+9rlZH0XinABXWb2S3ucgpWa4TWWr/OB1H94MQG8\nA/+KlYOltgOfX4nLgnrZGDrVTkVRv/cMSq9EvGnoDHH4QyJJvroCogp0ROwN0EGI\nfXMoINR6Jn2iDM4fLwfFpgMifB/pvD1ja0Aw8gELgeqAd6nLWpe2zBYXKqgcr988\nqX6ynpgFnga1sdZvncQQ3hnirwnS9MC58Sl7TLE6nP2FsZElFLGx2uSo5YYHVJR1\nsetNwaal03KZ5QEkHGbC5dDuFMYypt5tVbmw7VnvFu7F1ZtkkgIqSe2S7sILX6D1\n156nieemwiSNRmeCADlUX8DStEcil0uhxHNUUC6fG+g/ICT0W4Hj7f7Opj2t7mIf\nQBF1geCwAYlc4/1zK+xwx67bXAbfruDA1Y4zWWGkbURX0RFGOwmxlQ/QDmomjJKB\ns0Z2oETby6pVDegnIS3Ypz3WcX1u53aRkQne1gz8kDu0brbpsscsZAA3ijML/Ovd\nhtA3c9QpIVhCpc6aHNNJ4Yij2l23C/AlyQ/cl3zsjQAHfDj5MwZHUNTVSmVI+DkI\nMC7ZA9lBGmID5sSOWB0FN/IXN1SCcn7fHgj5C14mQVDpHr7EuS0oRMNMR/8PnT5E\nbJkditbimcoT8pVgXPh5LxunqpgDLkPguMNxcjswN9VQxknc3xuZsensfFFdrFzq\nxGMzjPVY65cJMYm/kkpSibRl85JDDkdwISYAHJvVRNks1IhSa0XlgqacxvFHQRHa\nZt5xoSHMO9jh9n3V42TmKgpKwdSgq3pFHpf+HDouOFWlH706XxuA0t/2bey2nppw\nNEzC3uBe48c2ZFXSV4+lW7mQbAxpqFtm1EDkwrl/eNwYOmHp8ZciBeY3BmoOzDSj\nHoto2u0mvFfRbujSZVlZ/E+f6L5eat3m1N+zzx9fsO7KwPcwMX47G8mVZ/79D721\ns/Tb/wf7r5Ya/LWVuLON4YpE3RkoKunIwVdWjhdd2trdo5zJV7Aa3SKNtZAWZGd5\nAAZTQ4T8k/Yc9XiedDam3+RQItPW4BTXis7XvUDSZP2DExTaupWTof3bP0Q4Bck/\nCAKnQEhzx46mmiCokzYCqKo5CRPV/65L4HU+addAZQ4Gh8TQ+sxg8Ce8JRBBomkK\nNUXR+ZbVqRjRRnEDM+Z/rJkZw1A5mkeWfNlyGWjLaKLTAaeFMCovYBcrbERxTi4E\nxGIhbE1rQDZUY42j/01HaSnfubEjeNxcSo7lF4gvMeQAQ8slgTRliuBWMpEq8Bnw\nP+dnYyPcjfsasUNXgpX8g4jjbUOt3qFP/XPrrWk7Th3CnxYrU4hIDOp4mXuhBYvN\nSyPkZmlZB3e/k6c2HMNUVi5W14/Fzr+viLpx3owc8BW5jusPHa4X5vVtruQ+Yzhh\ntnUssylvs5D/H4NHeSi3PMlhaEWRI7HBQ6emsNYmbl41KTZ0uglxX/+Z3F6KeScd\n+zRwzZNxBIlSUqe+N0KbElUtch7bqnJpH4mTrxo5cJfjtPjCu1FtYnlOKp9pzjV1\nejITYYQBjDuMJZypveAMPQ5iMEYg+qt8J/jWcMIPiCyub8yTJMoMaeHlmE00Gb34\nJrWitTm0K/4O6T+t2PqzZSjnd8Is4UGtpfo2w/orz8TTVQIKhoCSzQyAxqciJcx7\nQ1moFSHRIPINabe7ZAwUF3TmL8v6QsQ7vLjIuKsX3eWgRknW0a7siUpG5XxC++s2\nO3YSBppVdUm6GgGNZBLp7Kym+nR0kEk39vxV5gjByu7lCiaVj1q6J2+Np9vRzm0e\nPGkNj1Ozg5O/PCq/8dGFSRPtVidkETAExOSpGC09GouukPb8o3anJVnHtgvPQhid\n3v/0+DlGyP0unpjtlL/S1R0f/YArT05uofl0JLcsVGOyVgr4OBg4OPacNFQd7vR5\n/ikI/aO5x8F4RoIIapWwFOQDpoEZF+5pWfWAjrBmJNhQbIHP00tbYQBC7K7UFnj3\nZKCbqIcTQia6nKAml9ttllSuLMeBC1Brp/McBzyMHuCtfRozLSYBFoibN6xoxMYq\nXCiC7Xlv4FUwKu7s6wJI5dQ/fgsq/e3Lzi2Bt7SGEySHwC9BC1fwns4un2DWv6Yy\nXyfySG9Q+NE1FXMxhvzntA0moQWYLKA3naHteBSFGzziCpMc2cvIKvLFy/dNQQ27\niqSLv8hgiiVUIKFW3xhB1cCVq3nf4bBrVVLYf2wxHOrowhrs5PI1ZpHnacUjdbPR\n7+GVdx6ynZ7F+1OPukPJAF3Ca5m7/1JidY7wnhcWVXQONpcWUYslk1R/mpMrZZ+m\nkpcuN3Ejs33g1oi4gnSX90iBQ/qs5mehLlv7tyszzDd5SDNlEs6SQRzUDX0MftRZ\n5KyD99hA0qjzSHxOvuWOSXfclkJJEH2pHJJmWxCysEgm3Utyg2E9OTMVrZ8tC1oR\nBlo7r3yUYe/gdI5dzph86sqpJrqM117ZHTK/Fk3LlW7GkrTJTMQTU8OSXrQ3LO37\nF+cklO9RO7KNUc1N1vxeEk+bYU9ajpZzFCGN6TWMkRBNfOzh+FfqS8IZ3iUxeRjR\n5FUKuLoG/VDLIS/VKf/62zBrzRbaTdm8oLh0DGvyvC9wivs5O/g20pA6+w9iiEVq\n+h7dS0DiGDKyFIFpQPeSdpBoT+gXbVgebZUgFUWzEPNEjngs7jFeh2Wkr3LYd4Is\nEo72OHD3hjhzYdyWgDNzqD2cxVKp6r/9kMSPgV6Qq5+XuBgATvw7iS4Dlyeu2BjE\nlXwby34XfKcamFxRewH1h6SjYaGf5WxoGvQG6ufVubLlDKkQskiXQebKmQj3yl+R\nK6gjVFyrWo/5RurnH6Zp7VE+w6GQ9uSEyNkTiSgE2id/zoDdqJKMNy3TuXXg8Opn\nFpBdKp0CDde/U6EuADznyhcZZg6BQ6bf8mKcnxnwzU0iUcyPYMQxsIE/tPs7C6J6\ndW+hUX9v5P+FXek73/zZmfoouuf3XfKIMHBSLZAmPevPJTzHHN0VR7g3hOiAzZ9T\nWP5SekDHalPZp8iQoYfAiBXygHD9h+D4eaDinv8l8/IV+BwMVE+xumZVlu1clGMF\naOkJjHFpo5Y+t5QKDzEcMFCjkXsOZQxQl8H3j/H2RHGOBf7zjVkpf+u840MIStmk\nsIDHR+RRdHm/t2MripXUW1E55wjnblcp4DWJF+OXVnUmhE/HBJUJmwN7Z/vS+CQd\nQGUgjLAFJNSK0nqmRmgJRfQENTQYVuvAInA9qoK/855OXsvmyzFlsnFQ0AJXjkX7\nzSf4BoI+Ov1tmvIB6YKjwE0tCqs/bWQDmnA7OL7Pm4lxg1Iv+ODV8D3Dg3iQQ7p/\nVqAhjdA1ZDbdPzu1K4Ge4K8lDHQUqX/UYnJRqR5cjyye4H7ywvfLG2hWGd9ruOOz\nOmKr0UhiiHHXijUiSfwA5rn29Cp9v34HLbwtFyS1vpOR/ASm1PN0/i9Lbm1PyKdX\n4n32a2v/cv82TdreH+LWPUljH/oCMrVdtoMYWS28xCpbDlxA7m3CbaUc+nbGFBiU\nUA1yhVL/qlKGj9iY+yMxvyBBA+UYlkOOCC/wHEsXDsNNKV6OOcc6F+j3yRxp07NT\nzVJMSe7NyJv/HfOqdJkyc5zHpY/4iUsh2q1YXODc234tXtu4qdZE1lfFPBFnZmo6\nExLBP5zED8JByY90nivtJPXtUKuBJ5r8zH0KSp73hNPKOLuEzcU/de41Zd+8u6b9\nJHAQTS0fsw/Em3Ly3At7ICtMoFihXqcMluuLVJD8PKmJcBrw1Sd4g63kBPUoHVB7\nH8YHU7nXYLYAb0XhHp/NfE9hglfKbzcng/GxvFNBWo4Y1jMffFZBZz9KuBgy8RaY\n5kAz2zsTGHoBBBKvqK9OIQ7iRaQlWhUynmIlEBZCREGKbvifJufPRQ/fX5wIy6RB\nrMrHNhWwZL6Ve16EGCLt2/nhQjB7IQB14sd66Pla8CGYWZTa1iPbuDniX4hQlRD3\nQmYspXmrwv7CcSYI1zEFU0X03OqGZCN4WxhI5vSmsKuP7GWQCpNIzrBenG1rZO5u\nCV1uLfZfn/acNj0UbTdoQwIMjmChcJJuEKxUWsiOCU81UNYvGnWRb8ayEiKUVEzZ\nxUF4cQZhG23i85/nTjlNVbB9YM8oklloKPlwofvaUpTVb5sA5eGu6uspL526jWYY\nT/B0aJejZXmH1/rjaNewqPtoQtffFgpLWsdWQ2fSQ+RTa6B/ixFOm/d8f8cJ6Z2e\nHCLy/9V6Vcjz0Hu2ILnv/xyEIjLMSj+OV6PjzunDWotVUmZDHzq94m1BauoldwdY\ni9aZzvN6M2nk0cAvZdTgigGuJN6eU+54YxvxVH6n9fhp08IFiEMbLERjfqfSY7cj\ns1tUfVH41v+b+mtG3IsKmHgQN7IE2lg5W8hu76Gde/wF+TCUzeR5XNAL9qZ9QXnF\n2HLaNxo4qBg828RM37p7vWNlnx9frGc3kXPNFjKcf8Hx5S6z1Ryd1tfJDcoJj4KQ\nrCj92OPf3W9uB837g41gTKJNaicv3J/aXycKWqVfD17rY1GxN4VaKH1deTnmW3o4\nyBaBDqYi+07GpG0QLHQym4m6reDlB68kuAJJQ2/sHtcmecN+bqVj0YOhDFKw51K0\nKz4yOAG/j8SUbk+ey3MEDDwOa61Vodcoip4iQkOiacmDULbhdTsi6uDI3yzYPrPo\nWrZhIP+F/bmR104mf3BaMER3+XHNjUViXJvfWJ+hc51/pzOOBWgFmyR3qmrPmAht\nfmLNYgFDn7cuaY9fwaoWSONxbwvCBMnOmSMJQRPobavTAuP6i5Hjx9J6SM69Q4Mt\nFezMwI7Yk/hi7096f04JW36JskyorOWT2ZDsTd7y3+w8G+3NBxYNovLCPvYchRuw\nUO9dPX7TF/oEwT//mbKl0XZgV4JZb1OxqrrKRVVvazwgOEYuHvaUQbIT0030ifD8\nyiOpKQWRu6B0CJqbGx/Yzx7qjgPgUE4h8j6pb8jlbJnLaFy2ypYJzv+245rtsI+T\nuzZLM1/nllnXnywK7jlJRilWQjWhZnSBCsi0fHs9+HwfHnPWAjDyuCb1Mlakz1Dj\nwf8ngG3ARV7P/SMT1JpqlQTaLiF8GFKzFLGzNERB9V9oz+m60zKu3gyBL5aVoisE\ncPQRxT2tMT7rMmD4E8ttrWx7xx/QFGIKrjgsHbSb2d4nq6nAtci3elGCL/+E+CMt\nTH9qvPj8Z94G1jLpqrWhXCnU6X4wkYiazob3szflimU+NBNDQ/5S+w19fTX5Yjk6\nqAYzJ9FbOKZP1TKZPD5UNPFLcmfvH6LBX5GCwIhWkQTCPFQ9cg+tikQgo+GAmWnh\nxDHVRFazauWatEtkQOcS/exxZu+mEPjkRBjXg0tzLX5ereCKrCw8IT2F7CJdtnMs\ni+wPw7NRD0h4RDJ2uXJDYnQTXNc+HKnM0JOM8eYok3CcrE9Szc8OE3XexU4iA+KP\nqRC8oYD+yuKzg8MTNaVlmR72StHxqhN7usnQMfH49CPqZdKsSaZYRBdTya8mikEm\n74lkabzg1W6LM0vg0/SJFevHT4zTwdN35Te7y4IvHWuYZqU77id8DVZFOoPFxihy\nC4wjpkXHT6Fr9DEqz4lqDLLEE6nu3W7dNWnOzaVxPeiaqln3M9UcTR7cqYmsB1hR\n90ghFP2P1MSPJIxkatgjLML8HoPjxuyN30F3huhxkUiTHCcEtR2seeCDkKfaVNhe\nXSeRb3s3qm+xpEBgxRBnNYoDxRHyTZNP+hoJBQ4H0Mh+sLwxhsKdS1dLmRAlniIA\nYEwctk2T1O/Y50aSu4vc9JQtRCqHmtlzx3+SPbZ04xweIDlGj91izyrIrSzC1fTY\nuVePCbliGvSY9P6d4Zdit0CDTu42QjxzIy7EAS1QFEX9yXZ8NlcB2VZNdCukSYdb\nGh2CJnEDsvDT+zYY1QuizPfuSckR6f1rWV+4nk/bxPcS3dmyUh40BN5CdeRlLoPf\nt6QCJT+SPfkKpEIPCsEoyKlzwzIbYzEsivaNNiF6XnBBlHtSRDpZ/TuKuyA5ErJk\nLTjwaYTsGi0ZBMJQUCdJ8E+HpUuZOXSMJvizVN5cfeWibZKbb4nZBoyyq5cTmENo\nUx/IzpSqlTDmFeNzXHHxJXLk3U3E5+oRcvE5/LIHooTQgHfgg8Kdb2b+ilXtc2jv\n79ACSiLE9e8ID1hfzLd3E2UjIrSwGJeoioG9UU9GIONxQeYjoIZOGeBIFcHgbG2F\nvI46E9is/8zltzwiey3+n3f02CSMkVBXU/6ApafiF/3zfRryy4qkoLo8oJGA50l2\nuUyaYHXa9FnzDKHd9QYflIS0AJ93ug/jmUm6y+9KOx8GSy/IL+Kd0zeteWTg5SA7\nCHO8wUMKdwhTuwRwcs5lEZFR/hhbWqreOofnr9hq+DViVJ04JQndvdra++2HzLuT\nYQwmVJ4ryn7Tw6S7AWaCdI0jGs8VvrvzkO4KwLMPYyD+p8ZwECFreBDnDlcNUswq\nXghGCzwn/ZvVqjBUd9x214KxEQSMRft3F/GIJFrvuYeHtumA8Wd27C19+FePD4ZR\nF9nybrdSkv/IHnR5QFZ9dC813C0uxC16XMAuJbnqLYra9jXhPG60xk3204B7xqjj\n/TQ/C2bvdYbcgObeY8Rz/Yt8Wgo9WI5qXD224/jdiiA7FAWDzWiaPtl11jTSioiW\ncNVXJ2eSDwghhTkcaLWP3fXgWYccUv9L6J7yeZL/ILxr6iGVxK3j9/At+uNqMpSl\nBT5IFCX7qRkWbog21oAFrK1jTU9/9GbuSaIjzbn2jNfNZVSSqMqgDJxL5MWzoooP\n3WDVPWWsnc9uF1upJmpJ9j+yrQfntdEN9TAQrYLpchfr3cbPa8z7pFQqBQ2ASBT7\naXYD3ROdWltkqKk6Q/BM8m0lq0VZk8xVheIpXaX5u0I9qoPK+yxbS7fSchEaP5gi\nKs8gLLNY2ZlR1+W46VdJsbS5pgviJlnB34CLzAsnFvIyYrN5jTzngtatc4GygYkA\nT+uhXX3zDWQMbWC4Ylz7yNfKg8s8udR7OqWh0vAwqKSn9sRNFNm+ge+xfbcspIMC\nU20buxUO01bico9LABWQ/O3i8urCX/CWFpeVgQSS+ejJxS5/qLLXKUV0e+mQ/ZM6\nL6hHi6X8+hCh91+NU2FBSTyE0tagimLq1L3OKBknaRr2UWODOssz6o3sPF084nZJ\neus5JCXXQ1iKRYCWZ0J0gfrLpt//sK7J1OxJIUOJRMehBWSAcWh4It9nqsh7vuYQ\nGP/JOl1WRMnl00J/dHC8Pf4s3RBzJ56bz4rmrxziXwebNOpz43/OCsgHmtf9aq2M\nmyxkDdqNAes8aZ33Z8thsUNUBgeL/ijEFCp6ccc2PrMi5o94ikpKfG49Qtq6Z8mW\ncToWvyIXACxb+EwmgLY63EeL6NXBY7AqcPp3nq/TUea/REE7xSG8inptSTASyJOm\nNAsWK9iFEfuSpca9H/PZ5U71Q3dFpX4zScN3iPQbXTuDguOG8om+t/MIHy3qXXqW\n54b/Ic0A6Gv+fnwxJ1QEZ8d6elOQOXrLzopvVWU6udWKJi96ijow52wfla26/rBb\nenkvkMZnF00UhgYPcp44rM8hRnCLzGbEGSZXrZn92AmBRO3+YAuZNSL4/by8fmbx\nicbCrR+41oq0MRRIUtwxuYF6u4M8COjLX0qUrjDfLF3uizVWuannpeWUqYLcwf3n\n2K//wbB2B7xOgBuaH/smzzJh+zjHqKCOLe2Mry93W6k6wreISLzORLXza1pUqmAY\nzE/3cEzeOKQTs+Gea1V8J0ke2eBFuCMaDMfn4qxQ5WILUFiNj0ESSh4oapeYi4Ng\nT35z1ERSOpiYs5oxlAlHHMoM0g52/MoH4d8QJ7ezlqqPXrH6Vof25VdqmKFVpvJ9\nJIP/ZjL2NXWXvwN5Y6qgWQH56O6PEbBZf5LKsBO3S/CkgosZwA2y+MVaLt6ja6NR\nuQWmMY6rPgs1FZWiGP8Pqe9uUdPwelhrVmb3dJMq/G9N8G4ih26ZUCI05UdX2Ksa\n4J+A32igLN4X7DRsWIqmGYLkemyRmxheRd7kF6NZORcWA+pZABJ10YsoCdj0girs\n/pnMU6diE+vTn00Wy9t/U7l23c/VfSCEtPODsxWiEz/RzMKABbWsz803BLE3UYZ4\nEaFZzHo6XZe4U6VGVTwULehQ3GjGyE+C1qcV7hTtkCkVA3qqjurdp9P1j2QBkc/o\nZW5/fY5oGzkJ3jlroKgm+r3VxVF6GTRJEJnziWWYd0adPOelHZsOU0ur7yjwNKcD\nJjeDuQFNGSsJZiuM0MjOhIE0Wdv/3+FyxULxKo4LRbykBE54RkIJZr31BQj8x9iV\nPUpdRu0Qa6qHAH87iLsxDPROu6RRFRV23xUrWNvVOG9EicgS/HkbEU+dUghyzyoT\ndHkcWJ0ympDsBwYTjBLYnztZmTBsPYdNJ6kYtJMyr+6s/W3y5DUlriaR1SP+JcDp\nDqA/MjNqup1RxrTmuqcRn4aIUd6dpht6pUDutRkh98tA1Fw9+ySbclBT5sBSJlvd\n/IJJ4d9xGD71ruNtox4H7T3ibLsX9Bwj43Aruppxqh1LVxIIscCLLbckrmKKyTMA\n78n96LDO1EK7kM1whu+voz6aK+Bvh9n1\n-----END FGT VM LICENSE-----\n",
              "user-data": "config sys glo\nset hostname active\nend\nconfig system interface\n    edit port1\n        set mode static\n        set ip 172.16.0.3/32\n        set allowaccess ping https ssh http fgfm probe-response\n        set description \"ext\"\n    next\n    edit port2\n        set mode static\n        set ip 172.16.1.3/32\n        set allowaccess ping https ssh http fgfm probe-response\n        set description \"int\"\n        set secondary-IP enable\n        config secondaryip\n        edit 1\n        set ip 172.16.1.5 255.255.255.255\n        set allowaccess probe-response\n        next\n        end\n    next\n    edit port3\n        set mode static\n        set ip 172.16.2.3/24\n        set allowaccess ping https ssh http fgfm\n        set description \"sync\"\n    next\n    edit port4\n        set mode static\n        set ip 172.16.3.3/24\n        set allowaccess ping https ssh http fgfm\n        set description \"hamgmt\"\n    next\n    edit \"loopback\"\n        set vdom \"root\"\n        set ip 192.168.199.1 255.255.255.255\n        set allowaccess ping probe-response\n        set type loopback\n        set role lan\n    next\nend\nconfig system ha\n    set group-name \"group1\"\n    set mode a-p\n    set hbdev \"port3\" 50\n    set session-pickup enable\n    set ha-mgmt-status enable\n    config ha-mgmt-interfaces\n        edit 1\n            set interface \"port4\"\n            set gateway 172.16.3.1\n        next\n    end\n    set override enable\n    set priority 255\n    set unicast-hb enable\n    set unicast-hb-peerip 172.16.2.4\n    set unicast-hb-netmask 255.255.255.0\nend\nconfig router static\n    edit 1\n       set device port1\n       set gateway 172.16.0.1\n    next\n    edit 2\n       set dst 172.16.1.0/24\n       set device port2\n       set gateway 172.16.1.1\n    next\n    edit 3\n       set dst 35.191.0.0 255.255.0.0\n       set device port2\n       set gateway 172.16.1.1\n    next\n    edit 4\n       set dst 130.211.0.0 255.255.252.0\n       set device port2\n       set gateway 172.16.1.1\n    next\n   edit 5\n       set dst 35.191.0.0 255.255.0.0\n       set device port1\n       set gateway 172.16.0.1\n    next\n    edit 6\n       set dst 130.211.0.0 255.255.252.0\n       set device port1\n       set gateway 172.16.0.1\n    next\n    edit 7\n       set dst 172.16.0.0/24\n       set device port1\n       set gateway 172.16.0.1\n    next\nend\nconfig system vdom-exception\n    edit 1\n        set object system.interface\n    next\nend\nconfig firewall vip\n    edit \"lb-probe\"\n        set extip \"34.126.98.190\"\n        set extintf \"port1\"\n        set portforward enable\n        set mappedip \"192.168.199.1\"\n        set extport 8008\n        set mappedport 8008\n    next\nend\nconfig system probe-response\nset mode http-probe\nend\nconfig firewall service custom\n    edit \"ProbeService-8008\"\n        set comment \"Default Probe for GCP on port 8008\"\n        set tcp-portrange 8008\n    next\nend\nconfig firewall policy\n    edit 2\n        set name \"DefaultGCPProbePolicy\"\n        set srcintf \"port1\"\n        set dstintf \"loopback\"\n        set srcaddr \"all\"\n        set dstaddr \"lb-probe\"\n        set action accept\n        set schedule \"always\"\n        set service \"ProbeService-8008\"\n        set nat enable\n        set comments \"Default Policy to allow GCP loadbalancer probe traffics on port 8008\"\n    next\nend\n"
            },
            "metadata_fingerprint": "F5swHZPDdKA=",
            "metadata_startup_script": null,
            "min_cpu_platform": "",
            "name": "activefgt-bxa",
            "network_interface": [
              {
                "access_config": [],
                "alias_ip_range": [],
                "internal_ipv6_prefix_length": 0,
                "ipv6_access_config": [],
                "ipv6_access_type": "",
                "ipv6_address": "",
                "name": "nic0",
                "network": "https://www.googleapis.com/compute/v1/projects/lgang-pj/global/networks/vpc-bxa",
                "network_ip": "172.16.0.3",
                "nic_type": "GVNIC",
                "queue_count": 0,
                "stack_type": "IPV4_ONLY",
                "subnetwork": "https://www.googleapis.com/compute/v1/projects/lgang-pj/regions/asia-southeast1/subnetworks/public-subnet-bxa",
                "subnetwork_project": "lgang-pj"
              },
              {
                "access_config": [],
                "alias_ip_range": [],
                "internal_ipv6_prefix_length": 0,
                "ipv6_access_config": [],
                "ipv6_access_type": "",
                "ipv6_address": "",
                "name": "nic1",
                "network": "https://www.googleapis.com/compute/v1/projects/lgang-pj/global/networks/vpc2-bxa",
                "network_ip": "172.16.1.3",
                "nic_type": "GVNIC",
                "queue_count": 0,
                "stack_type": "IPV4_ONLY",
                "subnetwork": "https://www.googleapis.com/compute/v1/projects/lgang-pj/regions/asia-southeast1/subnetworks/private-subnet-bxa",
                "subnetwork_project": "lgang-pj"
              },
              {
                "access_config": [],
                "alias_ip_range": [],
                "internal_ipv6_prefix_length": 0,
                "ipv6_access_config": [],
                "ipv6_access_type": "",
                "ipv6_address": "",
                "name": "nic2",
                "network": "https://www.googleapis.com/compute/v1/projects/lgang-pj/global/networks/vpc3-bxa",
                "network_ip": "172.16.2.3",
                "nic_type": "GVNIC",
                "queue_count": 0,
                "stack_type": "IPV4_ONLY",
                "subnetwork": "https://www.googleapis.com/compute/v1/projects/lgang-pj/regions/asia-southeast1/subnetworks/sync-subnet-bxa",
                "subnetwork_project": "lgang-pj"
              },
              {
                "access_config": [
                  {
                    "nat_ip": "34.142.129.12",
                    "network_tier": "PREMIUM",
                    "public_ptr_domain_name": ""
                  }
                ],
                "alias_ip_range": [],
                "internal_ipv6_prefix_length": 0,
                "ipv6_access_config": [],
                "ipv6_access_type": "",
                "ipv6_address": "",
                "name": "nic3",
                "network": "https://www.googleapis.com/compute/v1/projects/lgang-pj/global/networks/vpc4-bxa",
                "network_ip": "172.16.3.3",
                "nic_type": "GVNIC",
                "queue_count": 0,
                "stack_type": "IPV4_ONLY",
                "subnetwork": "https://www.googleapis.com/compute/v1/projects/lgang-pj/regions/asia-southeast1/subnetworks/mgmt-subnet-bxa",
                "subnetwork_project": "lgang-pj"
              }
            ],
            "network_performance_config": [],
            "params": null,
            "project": "lgang-pj",
            "reservation_affinity": [],
            "resource_policies": [],
            "scheduling": [
              {
                "automatic_restart": true,
                "instance_termination_action": "",
                "local_ssd_recovery_timeout": [],
                "min_node_cpus": 0,
                "node_affinities": [],
                "on_host_maintenance": "MIGRATE",
                "preemptible": false,
                "provisioning_model": "STANDARD"
              }
            ],
            "scratch_disk": [],
            "self_link": "https://www.googleapis.com/compute/v1/projects/lgang-pj/zones/asia-southeast1-a/instances/activefgt-bxa",
            "service_account": [
              {
                "email": "276256680477-compute@developer.gserviceaccount.com",
                "scopes": [
                  "https://www.googleapis.com/auth/cloud-platform",
                  "https://www.googleapis.com/auth/compute",
                  "https://www.googleapis.com/auth/devstorage.read_only",
                  "https://www.googleapis.com/auth/userinfo.email"
                ]
              }
            ],
            "shielded_instance_config": [
              {
                "enable_integrity_monitoring": true,
                "enable_secure_boot": false,
                "enable_vtpm": true
              }
            ],
            "source_instance_template": "https://www.googleapis.com/compute/v1/projects/lgang-pj/global/instanceTemplates/active-fgt-template-bxa",
            "tags": [
              "allow-fgt",
              "allow-internal",
              "allow-mgmt",
              "allow-sync"
            ],
            "tags_fingerprint": "nK6CUFbBH6g=",
            "terraform_labels": {},
            "timeouts": null,
            "zone": "asia-southeast1-a"
          },
          "sensitive_attributes": [],
          "private": "eyJlMmJmYjczMC1lY2FhLTExZTYtOGY4OC0zNDM2M2JjN2M0YzAiOnsiY3JlYXRlIjoxMjAwMDAwMDAwMDAwLCJkZWxldGUiOjEyMDAwMDAwMDAwMDAsInVwZGF0ZSI6MTIwMDAwMDAwMDAwMH19",
          "dependencies": [
            "google_compute_address.internal_address",
            "google_compute_address.static",
            "google_compute_address.static2",
            "google_compute_image.fgtvmgvnic",
            "google_compute_instance_template.active",
            "google_compute_network.vpc_network",
            "google_compute_network.vpc_network2",
            "google_compute_network.vpc_network3",
            "google_compute_network.vpc_network4",
            "google_compute_subnetwork.ha_subnet",
            "google_compute_subnetwork.mgmt_subnet",
            "google_compute_subnetwork.private_subnet",
            "google_compute_subnetwork.public_subnet",
            "random_string.random_name_post"
          ]
        }
      ]
    },
    {
      "mode": "managed",
      "type": "google_compute_instance_from_template",
      "name": "passive_fgt_instance",
      "provider": "provider[\"registry.terraform.io/hashicorp/google\"]",
      "instances": [
        {
          "schema_version": 0,
          "attributes": {
            "advanced_machine_features": [],
            "allow_stopping_for_update": null,
            "attached_disk": [
              {
                "device_name": "persistent-disk-1",
                "disk_encryption_key_raw": "",
                "disk_encryption_key_sha256": "",
                "kms_key_self_link": "",
                "mode": "READ_WRITE",
                "source": "https://www.googleapis.com/compute/v1/projects/lgang-pj/zones/asia-southeast1-a/disks/passivefgt-bxa-1"
              }
            ],
            "boot_disk": [
              {
                "auto_delete": true,
                "device_name": "persistent-disk-0",
                "disk_encryption_key_raw": "",
                "disk_encryption_key_sha256": "",
                "initialize_params": [
                  {
                    "enable_confidential_compute": false,
                    "image": "https://www.googleapis.com/compute/v1/projects/lgang-pj/global/images/fgtvmgvnic-image",
                    "labels": {},
                    "provisioned_iops": 0,
                    "provisioned_throughput": 0,
                    "resource_manager_tags": {},
                    "size": 10,
                    "type": "pd-standard"
                  }
                ],
                "kms_key_self_link": "",
                "mode": "READ_WRITE",
                "source": "https://www.googleapis.com/compute/v1/projects/lgang-pj/zones/asia-southeast1-a/disks/passivefgt-bxa"
              }
            ],
            "can_ip_forward": true,
            "confidential_instance_config": [],
            "cpu_platform": "Intel Broadwell",
            "current_status": "RUNNING",
            "deletion_protection": false,
            "description": "FGT-Passive Instance Template",
            "desired_status": null,
            "effective_labels": {},
            "enable_display": false,
            "guest_accelerator": [],
            "hostname": "",
            "id": "projects/lgang-pj/zones/asia-southeast1-a/instances/passivefgt-bxa",
            "instance_id": "6813374652220754504",
            "label_fingerprint": "42WmSpB8rSM=",
            "labels": {},
            "machine_type": "n1-standard-4",
            "metadata": {
              "block-project-ssh-keys": "TRUE",
              "license": "-----BEGIN FGT VM LICENSE-----\nQAAAAF60z9qfc9Xz2+BjufuFLgAsqrw/VvwQuuhjAX1Nav7PQMMqJYmC52NO++8H\nN5LVKbnjk8+0gf4INw+Dm61kNGjgGQAAw9+mTNWAwNJXFqpFRmrmSKOYpKTzfxfA\nJpRUDsMh67s03c/iSqA/7OVnZdaAI+VQhZgY8QrwJDaVz7YmhzXrJRlU3Bh1R18s\nqSuhUdRqHtM34jXdWiVdaniHaZ+CNnjpNf8mbsVb8x4IpRKQ8meUXRg+FosfBGe4\n1aBsB2EhEP8jxdpaCMC2kx5fMkrVquutwojwIc6776I9+sxoZN8DcFJmVtWibcXx\ny5pcVqjGcTKd4hX3oEwg02htQqe4jnH6AceuO+NR67FLczAQNH+tAbkDIM/SpeXj\n9VWJrnb42TCFY8GjXGSOYC3a1I/ZuRP+o6JjVm7YD7NR8TYRkYK5mzCzsfrhS9Ey\nqIJSGWrSJ3+8KvYFYH/a+XZO1Uq50X1ik5IdoItpdbNQ50LRROWLV9sPs1QFhjrC\na3hdwOFvP1J25s3M1GyMWaMlNMmrOm3aNE+6riN8VATVjZWVK919B0mi80s4NrKo\nxZEr36ZQ7lSnyeI4wZ30y1qtmVuDLsJZ1bMa4tGWUWluA0CCgHbFOKNOPniT5Tos\nZZGk5uz5mzz8AK5miMVPye8+9e385Rssozuw7ejbziyeBL1oCc6l09KLlaCG/gLZ\n4ob8Hpf/3OwG4hil0fjpWyXEnWRP35aWQU+vTr27+ImYzOFZDnEHMm+KZkMz7Ley\nl19Idia095deDwZja3qniQFSNs4nbmPUrBw5scJsmCeDDDtAUSAO2ag2BUklKUJI\nO9eTxhlSAyhP8cUxWnA20Tap8CnI1moTHRNR6Ig+1AzzJrxeGn59OkBS3UL37QMr\nOgRZVkw2DrB1FunK4Skfdm4VZsgDfg2hIjecEofuOrnqG0vfUmsqHEscf+rUiM2j\nRCi8ol2XGZJqgdkw/+wfY2kZOmFf1qDIPwY/lBWOa6UwV6bnL/No0UYTV7Pi/BJf\nFXR8L/ItI8+yO/0hg15fy5z+KpKH49roFJ2wvsYmC5UkfsBissLLTtmUTvnUO9iO\nTCzzavSx/v0YdM1Th5I+nerIT1I+XJxhIsg1/ieWQ90NTsC5GryDJrSM2S3LIyD/\nYAL1C3HBTbhK9+56DEj1L+kzbunNiB8VSRNV0gQBIkoN6x5n0aIBUmScJ8hJzKqj\n68KKtQYr8k5Sj5LsTx/W23oy4fZsXtxM3M4VfukEUKvCcva3ZG3Uo9gU/dmSyGEg\nwrn/ALnJYmbOt7kBrLQ1XKbChP5RVjTBn1oxu+4XX3DLRrYk30YZ8EJEXs79WKA2\nFRS29g73FW7XnKy8B2cBKvuaO4lUHUMD9Z01KH+Bh+kAMB3lTKpNCK32JRtdNP6z\n6jWoSIn3uGdIBH7QJjEnFxdaTiQBipfKQENLD1CSXHUhk3iVd8/Hzq6AXVvWL/N8\nhbYjeIWaQaQ7eNISOpqijuWmy1EFZ+fpJhZzYM6h1l3ETMsmuFmy4RCcTxFPFCLP\n4WfpHmm9T7g4aaeRUbIO5fdV4bOLLjcfVcEenRzYC2fSx1bFIN3OhQt6tehRXYXH\nBRjrGp5W6snlYs2rzwtYrgijK/90UrxPG3RiHSsLeQqtKRFRFTxagLz0MR9EnPIo\nDYDqf4+HbKmpDP3q8bbmBxS6QMUXmmEntlWNIkeI9rMdCA/0mCTZ94GQabxaEnP7\n+5y6m/3i9FHQOTRJNpf/7Ek/tZJQxwIXfupixTKIzRCbTYyZpFVhUs64uTmdMUDh\nhA1C5xGeg+54qfySuiKs8bS1dELo9aJZqT/YtXvuJ+zeUNjucXFHmNqrfp6y/uDB\nbw7i7fy5An/EgHY8V/Uh5frzQcHXaH1XLh/j0QJAHQKD58sc1PVeRcdYRtVWxpT4\nE5vsXVOsvKZ83hdlXL2N/IDCrYbopS24UUglKZ8IsmTR765/6cIUYt6UVO7Ni33U\nOzACcIA3Iq6gsCyPb1NJ//IqcH04cNcyXWPirx6ymL55vRzOBTKMb62n9xcxv/cT\neSTWw10RHA5szuBVB+KXiN+D+lP7vEzPK6ApF+pJJ2czN/VQfejHfmlbCoV4N8/Q\nDja5K1SwMT86VvNCVNlSMzaALaR7egkFXrYC+uCCPavl14dQWnFuiDcZUqyMHf2V\nEqKnMpfkpYK9Cb6X0u1I2w7CQhG1ddn7nVDWEQkaKbSQX23uhkl4d2cm2KyUQF8Q\nfqmgwoI5Qc1sxwdLzpiLYf5FkSVEgVi8DSzx0tisGcJako7hI3zOYCymnWqWDDak\nWVC+8GK7AmL/bFSpQ9C74IFHT/E1jCy6OQXRZ67S3byTGlbxTiJnhYgsSLvJj82p\nP6cqfwh6c2yrlytoTGKzu/ts8ymxC6Zi5ee+cITmJliKIP6Yt34pfjtcSPgYbUYd\nlHQwTPPWZR3jJ5kyL8bv3NkGZH9vHURWJkxWCPfNCE8cqv2peEVeKL2JNkDYFUB/\n1SD7Yf9rt+GDj8X/qsiwvHZXxzeR4CtHs5Nqw4aEiUOH3QQkfS9cY/yQ/UCH78O7\nmFfuuwV/ecE0+9UljQfu2qm7EGcgTHFfG+TM08gtdv0N5R5zme9dfkN/ANYebWPe\ndIoV/vyMWQZ9eRgw6tTnYoxb4ZCzQk5HfkN3gRj/RxD+5/BPPTzEW705YHp3XCBg\n7UcQo+GT4igy0tRw24+MrJHeymuXapCAPnu+N6/HsOAR3kVgyLTmNTHwLvDSPs73\nggP5ikzF2/8tp0oGKrQVvc/oIcOAid8hcpxujXoOoeSZUi/+RWF3hb0P1f/GoNXh\n0Z11mrkN72la5L5NxOCao2o+kQTOTbwWJbaQ2ObaA/+DoQqPBjtquq4OJ+w8Tt6w\nt0aNno82gTBmWBylDz4r3SpvdS0jX4/VzbRK7kqawC//fDpTU9+WR4527BTUvPql\nR0Svm5+maEUn4f/Fwe14BQm67QHQgXVo5taKKKouf20Gvf+xjgyUsY2yHcJGbe0U\nmYp1yvf6EG0+eoiQRkwYrgQJsgJCwklizc40qCdQpTK6PeCZAVTqvYvTv1bK0pUe\nNei7DL+BiSGaZlmIKMqBJbaA/mVLZsnDjv8MvBH5gGR1kAllChGRqKr7KpHypi1u\ndJRO0FdAWuws8mUThRUGb5b8Ye9ow5xeVnyYqjMA55lX/0mENBayKm1GaZSmLjKO\n9MwXteW+M18e4tg2D0u2DYzESy2kglqFZxqo+ntj609XEPlm7S96xOluNUJ508Vy\npupXT2sS/AsY4eOrTexOQ082MuZT4da/m/q5NE3mUiV4DiKvORy5mmhg//kQPpcU\naIAAgxX5Eb2ZuCRDPUveWKZvfM/XrA9hhXrZXrb7uJG1UFMpktVN/os5RIB0xRfm\nwZXwjIDxUT/v086HcjlTgr3EEq17gE1hnoRKvmlGLXJu0sZ8Aypa5W+FIDUvbB3M\nrjJvXz4Ansr1kaJNPs1Xwffqp18W/K6cozZbkGTlE/ayIDQ7JER1cVXoCf1fTv0a\nTHpPQMeVfiRLVdlykYV8qu9ntFpcW4K2N45h+dCreeWIPcNuSSqv136H6gEQlWtb\nXazKbDVpaMbycxcHV3rN12KOQRgLAkPtuooBRBZVkd1wlHToNuc0OUl8qyUHvJR8\no1ruChqWeI9NrlyY+mqOdhuC5adTGjhRYEXvGwuFz4BQwlN7Y5PKVN6A55t9wQ50\n0hN8JQW3bNmbuvdsT4ECVLJHRyJuGzXBiOKAgsOHpNjZ+8W3uJSeseKGyscO16y5\niSLJEGYloZdbAGFznClTBMOszKGZdJdqWmtO4XQMqxwbscUwFAOrHn8WIeROTvSJ\nhRypqxNyIZP2l7J648pkK6r2G4vb5e7fAUnQ5O8uHKsmCRi41Uy6sMGpiw4SUElA\nJGnQ46QwCyoOa/qdwGb4+lMCh6DIrl3Kx6UPIDfNA1QtQbRcGAH0v3b6kzd3i7RH\nLK3pKUSPo5V/SHPRkdbUM/ktg8lVOTGK1/oB8A0vnMca/HbHco8e/caF6mVMnB8Z\nFJyCE7ESBRzu4eEu7cthUEH8//1nVnYAmkeW+kaiL4o7QxSIzqa+Jy31HmIC1Na4\n7DIP76iIMVTPlQFLC1hVAho0k9VPGhF2/lLxVqReT/W3Ph1WsYS9qf0511WBFPZh\nrGpkGwHUyf0KIYM4p0eidJGqb5wnk851F2p4U0f74QtoA+Xg7UiKmFJwMi3wE7d+\nk/8HdHD0IjVRpVDYk8tczsIJyVHVIPDiw4HIBVrP0Wpb2CyGBtZ6FppYo8WRX0TE\nAaTl7Qw7G3cuYJ2pGT2C8iXWyzsZ2dDomRU6hRCcxWR00XfK86Xxz7Iz+I5eYCox\n/E+YB9iOQ71seMqob1/iw8HKlkdezYD69aql7O1XGvQBOHf+aRrcUZTpVc81wz9K\nJpIal8NoU2cgcLsP9+tOKZ+iRPKBWHBZCQjNgiWArPHl/yFicZdlLrz+1lfaDRkQ\nBcYNXr/COlqY2gzC6NzHbCUvt4zG8Hm8tRvHOWLy0OMftCXi0SggHFoq9f8bMyXf\n6pbfMAc2y2ZjkyI/OuY/HZpZNmZ8cOJdzHWc+3RXANHCgRLGBUd6SjV1ys7K9l9w\nBW2brXV/E7c4S3nS+CgH5xaWp0XsdmWXOScbauugecIEH5a+78UW5NKbf+R4ZpWX\nSQQCITCg9+OiFJay/i+DKzWHeE4e0P+6EW2cwataWwOweheHZ2hUG0tFtukDE3nA\n2ofVYSWXqKdtEyTGFcsg5GhPC4kbux/jb3HKwtVd1ykzJj7Me6anVQ7+a4xWBQcY\ne17LqEYVtF4wDAv4A2FLffIJeQVCEdsTI8T+OiYEH5ssFWkbaIsKErbiAKaHtsjV\n2Ory8k7aImsesefRQawO1BaP9Vnjvs3qnqCUw1lW1Ah6KMgVlgwIFkKIF8AQOVba\nQwtMA3tBWEsGJDyO1nTRXkQn2psPScKgz+krRfWY2Zx9/KU33+mF+a60EowYZChs\nylckfSNl0XnLXP4ag8vovBnQPGZ4GCSSZaNrOOHqEkLfq0fmYiJGsahET9D/WFXc\n9CzGuLVieZIewg4XxGrA0NLKF6Pp6q8vXjZpUfODbkCGmm3dEB20QrFQ26FL0kNv\ncYD3BdEJAuMN3Rxb+e094J30Fz5GV75QqB2ikiKbbeTbb7l0dv6FIGpHg44MMgR0\nK0i7/PtFDyft9yeC1lo3caJY1rBqFF6r05EqWK13G3zl8iOk9Ixazh4AAF8ypHcr\nW+JaezJQ7+3lpEf/Gypt6NKyGayL1J6/8PwYCMC5fa1jekufdLrgDkAcGZOOk5H4\nUEOqOcQQ+EPNBbpp4im8LNwqVbMIakIh3CZyjZA3TorfDfPdudzt6ZyIYtZzuyqN\nvZG495bIBFCbfmqBF0qMgzfpjqkQyQPrXzG6KuSGKhI4CmtYgf7N26fTCBdW4Q/4\nwWMr1rLYFE4ByE57vvIq0mfAz7mk0KeVe1q8lD9+QVzoExMyoMEW9oDO01jokm8w\nHEAN2zzVKGJbLh7+xttwawgirVDgeCqdH2JwCAPJItDassP/B7FABwDxCWnnMftO\npdKvG7KSX3Vv/IrH5T8beV152h5UCFlFin8cTSlw12EgFHopfN3iGhFZL8uUH4vV\nM2su8d705M+wlqYW6zyOZFacwz4h8yUjMJXEr70B3zyRuYGk1VqP7Wz3n8WwBoiE\nZSS6Z2jLi+TaK4nd0nNGtbgYUcySffrFUDCERRjbxtFfqIn7KU3enWlC1JxVNtmZ\nHV6NZ843maHXNm1wCuOSdLQYPHLef3iBcgtuxVeB9XXwaIrBM/on+0gdYCD+YpNp\ncjSm0PUSD6IOg7BPdv/G09HvGqgqYT81GNFEZ9MG3isoGeikmgy1i7o61jSngvFD\n4oihm8t7kvgr1K6K2++kRq4s8iEJr3aSHKaPWeB/Tg8INTvJZrnHGby6eL7ei0bS\nSz8lxCDI3DiwMwjmNqY0CUfzi/4pBAegXHioUyC2cYznqZWPb2ajEEgS1oVnfWXU\ndkKeCx6Kqk1znYYb+8F30xkkjUJhiQIM3zjU5lvd0dEaDKzeQZXuRlAf+DDm+SYo\nW9DPRCg32go6DGxL1mQ0xOyDjzO8U1pVeBqw3L0RG4DHb4x68L/79z018Z9+vfI9\n2Dfd3W2qfCQw24Hf3eiWvdDz9UEtkpfwmK3Gxpf3dNxU4INvU0QJicIOQmw2BwF6\nxpig9KZfbhPeR5GyMc91QiV8VfMsk09sV+qPn19EVznFqdlpUd4yb8E3QPST2Sv6\ndIpg9ktl67udAcNFgnX9EGbq+QAHgES3A5nf0X+CqE+pkyTX/6nSEdB+nz6PBHUx\noZdX4ySmzDHwluHDdfd6UtZNfmKdyzDZKyLIFM0CeExduMgwMSJGG3u9C13pfZhv\n9BGlxU/jDDgI21yXg4x9ke78oi8ppZ2WuIKgl5ZscEGGS4jNEw5EUhPeBaBJ39C0\nfVDfBk25nO+GnZdph80Nwv9UBY7vx4AC85TSh18IEvUIO0k6/rwq5ZuooIb6bvVI\nsRuNk3/4N8epK7cTVNvlSPd67IYUYbMu/awSvGIP535pweaw8/lxVQvVs08v5905\nalj++J3vgupSxXTv8yofMNA3DHCszUfLOTOnJrfdJv2V6/WM4tJu7hvQDPX1fW2e\njgwe71b+vxI43BYYXS9uTvSidGWqnlw8nVnwQgBMazEJh72di6nzykwD9mleIHdS\nBDOvvy9FNnnEsyAW2B64o8QqvqFvuoIIQXFsgUT0mgMf8LVpl2JSGLVYKxdcN+EF\nbiXBvGYLiD/6SEKcezvZChiO1GRhrToyKIZG5LviXpPHiYC+GLKau0hAQXDoyLd4\nl12sXoTNJC0FwI9mo1B12qbzbnKNrYaG8tEuwj9UNyoMAUiGjX9T78RglFjedstR\nBhgixorwKjgvpSriJkGPzo2+Z9VbPDRDmGGDTaYlBtO0nMxF640A8bihzwiLoqbO\nAjIqZrSwrQesCaiAqBGYqo3OlXDU2MkTKIvTQxeevRuzy25aw0b83fPWxAP456SY\nWIwsGmTjjZ2vPZt+K906lREzZojd/DjU6DussAIMx6WSzruAZ9rK1mbz3heCyNCt\nnHE9HC7DIySt8EtpUceUxGk2xUKumpra3o2RukyPOzl8ydaCQ1+p6AfSPYfYyBog\nHuouUUMLNVBBM0M+HDlHa/MMZLFXncLhJEYLvPl4e0HLzqIqHPB23vffSb3x8zM+\nlAlMf+1T7jVXCTUg+jHZzdoOmnCmxrzdW1m1B7/BjmzoV3jisTaRajmr8r7LJPYv\nY3wLmMW7KjMbinfbfttPZUV/kNZPvStXBdx6sSe+q23+kThHrFEWV7w81S7Aceup\nW4E+qn8ZsEVg3vWZ2+Ka37nlG03jstkh4pJa7g1DFEWtI7YiCXYLnWVrSa2tUMhR\n18kwmDXzi0YynfNTnnBxpYgOsY8nTp/RD6x0RCmoyEtAgUiH7nvubEt6xG45OV9S\nj2dAFaPRORhmDyewhwlm80l5vtApFebRM3XPlNtaDeEOwv0xOWQTKyAqgzYsdw3r\nZdiVMJRHTtGC8wg4Ap4WS7P9D4d+cCE23d9VABeW8KWlHy8FnqyaltaWd8JGQpbM\nwmXIXZXoDjnrY7/ODkh+Lrr+NaDJyZTqfzMA/qhAyvJVAnAD2YhOqJEAebqyhBqg\nbB726iow91AWqrBCUyoXLyMQjmjUWDzqUwrcU9bYmGrQJ3qmOiL+ma/K8r8FRdYN\nDhQCocbBOB2spnjs4A7bbS1xJMMnsTCRQ506bxi2+I9WNWVy5cfURVNpOM2dTErD\n/kal4cGOB9mcMVsTmwmPhXfjQLOIWdfAarQ9WqB3/kdHCH4dr5KPbO8yO7E3EDKX\nO8+SASSX9WjidFFoo/UwCYQdInKJJ/Iad4/tM/6UiZBvBP3sQSRRFiZjnlUzr+V7\ng4TEt1yrg+JsTgzRrYAt9UZBoCIkxE5ZpSDzP1xdEq6aA8ZyIM1t5mbBNZtmmbU5\n8w3inyyiYHhoBJFU93qIoVtmJclZpkQ/L1RxoH2G5K7Syddw1CgaB0RmYJ7TR0vx\nPWMsDgscJYmpR5u697zWkXohSUteZ0rsT3VbdSPKhXkQIeO6tvMtr1TZQUB/gepI\nBO9UzOmP/H9NghvfSqZ02fr/uv5mFEXDnQUesO1BwV+ToEoecDbqr/g5f7lKSy/G\nV0pB4q9ReYu+nClGxbIg4DSfbaf4zRXRKWGKSnu0jCxms+Ts2jGKa+xmTGQHbQU3\nMXD+DR2+cqKHZU3SYVkFFAk3JNal1irp69/7A5mtheDhdapA26v1mIqbKMQXxdwj\nELA3XYTufehInd/wHvGHNH4JQ3nJy/Li9JebK35HfRvoUlJwzREGmIfLZn/hM6g0\n5i+dcLVoPknC6jMMVAbPRhWaQYEaz+s0VNISR8iUkAvwgSMvsYWHNtEMuvLMlN68\n0nW3AE6rSKklwEdPr8bUWUGRMmWXlIfYxfU6ACxFsqpKd3WbL3//mFfotiogsPC4\ni3LQDp9WHAYYfVcTEoiZ261cAqpv3JS147MF98PsrmN53wme9ZjFjdOhNZALA/U+\n3UlqxI5WoSoRge1vX63r0CfFCpeHiG1/Zd+rLK8x9DvjN/tRdupToguQKlyrEbGN\neKNWCn8jrTc+VXqkScoZbIRHBDSiGtGO9Nvg6JmIQE5rZJ0Y+6vGBbe0e/2H7FcL\nT40VH26uSqOhp6vTJ4NY98aOcQcEZgVq/blqBlSTLivxHeczbDCTm3zwYfcFE4Gp\nWrG8ODfJfR5odN6cQR3CJCf90dDvujvAE+Kb4qTgKcbDgSrkf/dlxcz58U+pKNVB\nd4lW/Ysmzh3wI160u20I+H8XKv3lu8tzSEilxetvEZNk/7G+zUfTVSWowFT8F0Mo\n6+aHdoJqVfFeuSMrnzd93U3ExSse6uPL\n-----END FGT VM LICENSE-----\n",
              "user-data": "config sys glo\nset hostname passive\nend\nconfig system interface\n    edit port1\n        set mode static\n        set ip 172.16.0.4/32\n        set allowaccess ping https ssh http fgfm\n        set description \"ext\"\n    next\n    edit port2\n        set mode static\n        set ip 172.16.1.4/32\n        set allowaccess ping https ssh http fgfm\n        set description \"int\"\n        set secondary-IP enable\n        config secondaryip\n        edit 1\n        set ip 172.16.1.5 255.255.255.255\n        set allowaccess probe-response\n        next\n        end\n    next\n    edit port3\n        set mode static\n        set ip 172.16.2.4/24\n        set allowaccess ping https ssh http fgfm\n        set description \"sync\"\n    next\n    edit port4\n        set mode static\n        set ip 172.16.3.4/24\n        set allowaccess ping https ssh http fgfm\n        set description \"hamgmt\"\n    next\n    edit \"loopback\"\n        set vdom \"root\"\n        set ip 192.168.199.1 255.255.255.255\n        set allowaccess ping probe-response\n        set type loopback\n        set role lan\n    next\nend\nconfig system ha\n    set group-name \"group1\"\n    set mode a-p\n    set hbdev \"port3\" 50\n    set session-pickup enable\n    set ha-mgmt-status enable\n    config ha-mgmt-interfaces\n        edit 1\n            set interface \"port4\"\n            set gateway 172.16.3.1\n        next\n    end\n    set override enable\n    set priority 100\n    set unicast-hb enable\n    set unicast-hb-peerip 172.16.2.3\n    set unicast-hb-netmask 255.255.255.0\nend\nconfig router static\n    edit 1\n       set device port1\n       set gateway 172.16.0.1\n    next\n    edit 2\n       set dst 172.16.1.0/24\n       set device port2\n       set gateway 172.16.1.1\n    next\n    edit 3\n       set dst 35.191.0.0 255.255.0.0\n       set device port2\n       set gateway 172.16.1.1\n    next\n    edit 4\n       set dst 130.211.0.0 255.255.252.0\n       set device port2\n       set gateway 172.16.1.1\n    next\n   edit 5\n       set dst 35.191.0.0 255.255.0.0\n       set device port1\n       set gateway 172.16.0.1\n    next\n    edit 6\n       set dst 130.211.0.0 255.255.252.0\n       set device port1\n       set gateway 172.16.0.1\n    next\n    edit 7\n       set dst 172.16.0.0/24\n       set device port1\n       set gateway 172.16.0.1\n    next\nend\nconfig system vdom-exception\n    edit 1\n        set object system.interface\n    next\nend\nconfig firewall vip\n    edit \"lb-probe\"\n        set extip \"34.126.98.190\"\n        set extintf \"port1\"\n        set portforward enable\n        set mappedip \"192.168.199.1\"\n        set extport 8008\n        set mappedport 8008\n    next\nend\nconfig system probe-response\nset mode http-probe\nend\nconfig firewall service custom\n    edit \"ProbeService-8008\"\n        set comment \"Default Probe for GCP on port 8008\"\n        set tcp-portrange 8008\n    next\nend\nconfig firewall policy\n    edit 2\n        set name \"DefaultGCPProbePolicy\"\n        set srcintf \"port1\"\n        set dstintf \"loopback\"\n        set srcaddr \"all\"\n        set dstaddr \"lb-probe\"\n        set action accept\n        set schedule \"always\"\n        set service \"ProbeService-8008\"\n        set nat enable\n        set comments \"Default Policy to allow GCP loadbalancer probe traffics on port 8008\"\n    next\nend\n"
            },
            "metadata_fingerprint": "X1YnDkT0mlI=",
            "metadata_startup_script": null,
            "min_cpu_platform": "",
            "name": "passivefgt-bxa",
            "network_interface": [
              {
                "access_config": [],
                "alias_ip_range": [],
                "internal_ipv6_prefix_length": 0,
                "ipv6_access_config": [],
                "ipv6_access_type": "",
                "ipv6_address": "",
                "name": "nic0",
                "network": "https://www.googleapis.com/compute/v1/projects/lgang-pj/global/networks/vpc-bxa",
                "network_ip": "172.16.0.4",
                "nic_type": "GVNIC",
                "queue_count": 0,
                "stack_type": "IPV4_ONLY",
                "subnetwork": "https://www.googleapis.com/compute/v1/projects/lgang-pj/regions/asia-southeast1/subnetworks/public-subnet-bxa",
                "subnetwork_project": "lgang-pj"
              },
              {
                "access_config": [],
                "alias_ip_range": [],
                "internal_ipv6_prefix_length": 0,
                "ipv6_access_config": [],
                "ipv6_access_type": "",
                "ipv6_address": "",
                "name": "nic1",
                "network": "https://www.googleapis.com/compute/v1/projects/lgang-pj/global/networks/vpc2-bxa",
                "network_ip": "172.16.1.4",
                "nic_type": "GVNIC",
                "queue_count": 0,
                "stack_type": "IPV4_ONLY",
                "subnetwork": "https://www.googleapis.com/compute/v1/projects/lgang-pj/regions/asia-southeast1/subnetworks/private-subnet-bxa",
                "subnetwork_project": "lgang-pj"
              },
              {
                "access_config": [],
                "alias_ip_range": [],
                "internal_ipv6_prefix_length": 0,
                "ipv6_access_config": [],
                "ipv6_access_type": "",
                "ipv6_address": "",
                "name": "nic2",
                "network": "https://www.googleapis.com/compute/v1/projects/lgang-pj/global/networks/vpc3-bxa",
                "network_ip": "172.16.2.4",
                "nic_type": "GVNIC",
                "queue_count": 0,
                "stack_type": "IPV4_ONLY",
                "subnetwork": "https://www.googleapis.com/compute/v1/projects/lgang-pj/regions/asia-southeast1/subnetworks/sync-subnet-bxa",
                "subnetwork_project": "lgang-pj"
              },
              {
                "access_config": [
                  {
                    "nat_ip": "34.143.171.20",
                    "network_tier": "PREMIUM",
                    "public_ptr_domain_name": ""
                  }
                ],
                "alias_ip_range": [],
                "internal_ipv6_prefix_length": 0,
                "ipv6_access_config": [],
                "ipv6_access_type": "",
                "ipv6_address": "",
                "name": "nic3",
                "network": "https://www.googleapis.com/compute/v1/projects/lgang-pj/global/networks/vpc4-bxa",
                "network_ip": "172.16.3.4",
                "nic_type": "GVNIC",
                "queue_count": 0,
                "stack_type": "IPV4_ONLY",
                "subnetwork": "https://www.googleapis.com/compute/v1/projects/lgang-pj/regions/asia-southeast1/subnetworks/mgmt-subnet-bxa",
                "subnetwork_project": "lgang-pj"
              }
            ],
            "network_performance_config": [],
            "params": null,
            "project": "lgang-pj",
            "reservation_affinity": [],
            "resource_policies": [],
            "scheduling": [
              {
                "automatic_restart": true,
                "instance_termination_action": "",
                "local_ssd_recovery_timeout": [],
                "min_node_cpus": 0,
                "node_affinities": [],
                "on_host_maintenance": "MIGRATE",
                "preemptible": false,
                "provisioning_model": "STANDARD"
              }
            ],
            "scratch_disk": [],
            "self_link": "https://www.googleapis.com/compute/v1/projects/lgang-pj/zones/asia-southeast1-a/instances/passivefgt-bxa",
            "service_account": [
              {
                "email": "276256680477-compute@developer.gserviceaccount.com",
                "scopes": [
                  "https://www.googleapis.com/auth/cloud-platform",
                  "https://www.googleapis.com/auth/compute",
                  "https://www.googleapis.com/auth/devstorage.read_only",
                  "https://www.googleapis.com/auth/userinfo.email"
                ]
              }
            ],
            "shielded_instance_config": [
              {
                "enable_integrity_monitoring": true,
                "enable_secure_boot": false,
                "enable_vtpm": true
              }
            ],
            "source_instance_template": "https://www.googleapis.com/compute/v1/projects/lgang-pj/global/instanceTemplates/passive-fgt-template-bxa",
            "tags": [
              "allow-fgt",
              "allow-internal",
              "allow-mgmt",
              "allow-sync"
            ],
            "tags_fingerprint": "nK6CUFbBH6g=",
            "terraform_labels": {},
            "timeouts": null,
            "zone": "asia-southeast1-a"
          },
          "sensitive_attributes": [],
          "private": "eyJlMmJmYjczMC1lY2FhLTExZTYtOGY4OC0zNDM2M2JjN2M0YzAiOnsiY3JlYXRlIjoxMjAwMDAwMDAwMDAwLCJkZWxldGUiOjEyMDAwMDAwMDAwMDAsInVwZGF0ZSI6MTIwMDAwMDAwMDAwMH19",
          "dependencies": [
            "google_compute_address.internal_address",
            "google_compute_address.static",
            "google_compute_address.static2",
            "google_compute_address.static3",
            "google_compute_image.fgtvmgvnic",
            "google_compute_instance_from_template.active_fgt_instance",
            "google_compute_instance_template.active",
            "google_compute_instance_template.passive",
            "google_compute_network.vpc_network",
            "google_compute_network.vpc_network2",
            "google_compute_network.vpc_network3",
            "google_compute_network.vpc_network4",
            "google_compute_subnetwork.ha_subnet",
            "google_compute_subnetwork.mgmt_subnet",
            "google_compute_subnetwork.private_subnet",
            "google_compute_subnetwork.public_subnet",
            "random_string.random_name_post"
          ]
        }
      ]
    },
    {
      "mode": "managed",
      "type": "google_compute_instance_group",
      "name": "umig_active",
      "provider": "provider[\"registry.terraform.io/hashicorp/google\"]",
      "instances": [
        {
          "schema_version": 2,
          "attributes": {
            "description": "",
            "id": "projects/lgang-pj/zones/asia-southeast1-a/instanceGroups/unmanage-active-bxa",
            "instances": [
              "https://www.googleapis.com/compute/v1/projects/lgang-pj/zones/asia-southeast1-a/instances/activefgt-bxa"
            ],
            "name": "unmanage-active-bxa",
            "named_port": [],
            "network": "https://www.googleapis.com/compute/v1/projects/lgang-pj/global/networks/vpc-bxa",
            "project": "lgang-pj",
            "self_link": "https://www.googleapis.com/compute/v1/projects/lgang-pj/zones/asia-southeast1-a/instanceGroups/unmanage-active-bxa",
            "size": 1,
            "timeouts": null,
            "zone": "asia-southeast1-a"
          },
          "sensitive_attributes": [],
          "private": "eyJlMmJmYjczMC1lY2FhLTExZTYtOGY4OC0zNDM2M2JjN2M0YzAiOnsiY3JlYXRlIjozNjAwMDAwMDAwMDAsImRlbGV0ZSI6MzYwMDAwMDAwMDAwLCJ1cGRhdGUiOjM2MDAwMDAwMDAwMH0sInNjaGVtYV92ZXJzaW9uIjoiMiJ9",
          "dependencies": [
            "google_compute_address.internal_address",
            "google_compute_address.static",
            "google_compute_address.static2",
            "google_compute_image.fgtvmgvnic",
            "google_compute_instance_from_template.active_fgt_instance",
            "google_compute_instance_template.active",
            "google_compute_network.vpc_network",
            "google_compute_network.vpc_network2",
            "google_compute_network.vpc_network3",
            "google_compute_network.vpc_network4",
            "google_compute_subnetwork.ha_subnet",
            "google_compute_subnetwork.mgmt_subnet",
            "google_compute_subnetwork.private_subnet",
            "google_compute_subnetwork.public_subnet",
            "random_string.random_name_post"
          ]
        }
      ]
    },
    {
      "mode": "managed",
      "type": "google_compute_instance_group",
      "name": "umig_passive",
      "provider": "provider[\"registry.terraform.io/hashicorp/google\"]",
      "instances": [
        {
          "schema_version": 2,
          "attributes": {
            "description": "",
            "id": "projects/lgang-pj/zones/asia-southeast1-a/instanceGroups/unmanage-passive-bxa",
            "instances": [
              "https://www.googleapis.com/compute/v1/projects/lgang-pj/zones/asia-southeast1-a/instances/passivefgt-bxa"
            ],
            "name": "unmanage-passive-bxa",
            "named_port": [],
            "network": "https://www.googleapis.com/compute/v1/projects/lgang-pj/global/networks/vpc-bxa",
            "project": "lgang-pj",
            "self_link": "https://www.googleapis.com/compute/v1/projects/lgang-pj/zones/asia-southeast1-a/instanceGroups/unmanage-passive-bxa",
            "size": 1,
            "timeouts": null,
            "zone": "asia-southeast1-a"
          },
          "sensitive_attributes": [],
          "private": "eyJlMmJmYjczMC1lY2FhLTExZTYtOGY4OC0zNDM2M2JjN2M0YzAiOnsiY3JlYXRlIjozNjAwMDAwMDAwMDAsImRlbGV0ZSI6MzYwMDAwMDAwMDAwLCJ1cGRhdGUiOjM2MDAwMDAwMDAwMH0sInNjaGVtYV92ZXJzaW9uIjoiMiJ9",
          "dependencies": [
            "google_compute_address.internal_address",
            "google_compute_address.static",
            "google_compute_address.static2",
            "google_compute_address.static3",
            "google_compute_image.fgtvmgvnic",
            "google_compute_instance_from_template.active_fgt_instance",
            "google_compute_instance_from_template.passive_fgt_instance",
            "google_compute_instance_template.active",
            "google_compute_instance_template.passive",
            "google_compute_network.vpc_network",
            "google_compute_network.vpc_network2",
            "google_compute_network.vpc_network3",
            "google_compute_network.vpc_network4",
            "google_compute_subnetwork.ha_subnet",
            "google_compute_subnetwork.mgmt_subnet",
            "google_compute_subnetwork.private_subnet",
            "google_compute_subnetwork.public_subnet",
            "random_string.random_name_post"
          ]
        }
      ]
    },
    {
      "mode": "managed",
      "type": "google_compute_instance_template",
      "name": "active",
      "provider": "provider[\"registry.terraform.io/hashicorp/google\"]",
      "instances": [
        {
          "schema_version": 1,
          "attributes": {
            "advanced_machine_features": [],
            "can_ip_forward": true,
            "confidential_instance_config": null,
            "description": "FGT-Active Instance Template",
            "disk": [
              {
                "auto_delete": true,
                "boot": true,
                "device_name": "persistent-disk-0",
                "disk_encryption_key": [],
                "disk_name": "",
                "disk_size_gb": 0,
                "disk_type": "pd-standard",
                "interface": "SCSI",
                "labels": null,
                "mode": "READ_WRITE",
                "provisioned_iops": 0,
                "resource_manager_tags": null,
                "resource_policies": null,
                "source": "",
                "source_image": "projects/lgang-pj/global/images/fgtvmgvnic-image",
                "source_image_encryption_key": [],
                "source_snapshot": "",
                "source_snapshot_encryption_key": [],
                "type": "PERSISTENT"
              },
              {
                "auto_delete": true,
                "boot": false,
                "device_name": "persistent-disk-1",
                "disk_encryption_key": [],
                "disk_name": "",
                "disk_size_gb": 30,
                "disk_type": "pd-standard",
                "interface": "SCSI",
                "labels": null,
                "mode": "READ_WRITE",
                "provisioned_iops": 0,
                "resource_manager_tags": null,
                "resource_policies": null,
                "source": "",
                "source_image": "",
                "source_image_encryption_key": [],
                "source_snapshot": "",
                "source_snapshot_encryption_key": [],
                "type": "PERSISTENT"
              }
            ],
            "effective_labels": {},
            "guest_accelerator": [],
            "id": "projects/lgang-pj/global/instanceTemplates/active-fgt-template-bxa",
            "instance_description": "FGT-Active Instance Template",
            "labels": null,
            "machine_type": "n1-standard-4",
            "metadata": {
              "block-project-ssh-keys": "TRUE",
              "license": "-----BEGIN FGT VM LICENSE-----\nQAAAAIwWdJdizpHeDKGkYRlL+cW+qSjtffDXNDypiRXYjIoovCEqK/kgg/7phiXK\n2swfGrv5a4K4GyLOv8vcCobJ1vngGQAAnS+vlLaw9WhVHyGl78synmEESSauQVdA\nvYS1mBtvCrjYtI3m0iTICHqdc5gFR1m+Y3NaqTFaxMsPWfDXxpQUtzPoh+KahrrJ\ntlRT1gwtbItbIjpEHACGQ9Mfp5fP1EgBut5sMULnwgdOLRyVL0EvQxa2FRxUBaly\neqZvseFYC7H5cIOGSfNgv3/B8Coi62w+bJ6qmpnUwpi1yVXCwqI4vkZrIpX8m7+W\nMV9EwKvgczcjevmDonvuyswW+9rlZH0XinABXWb2S3ucgpWa4TWWr/OB1H94MQG8\nA/+KlYOltgOfX4nLgnrZGDrVTkVRv/cMSq9EvGnoDHH4QyJJvroCogp0ROwN0EGI\nfXMoINR6Jn2iDM4fLwfFpgMifB/pvD1ja0Aw8gELgeqAd6nLWpe2zBYXKqgcr988\nqX6ynpgFnga1sdZvncQQ3hnirwnS9MC58Sl7TLE6nP2FsZElFLGx2uSo5YYHVJR1\nsetNwaal03KZ5QEkHGbC5dDuFMYypt5tVbmw7VnvFu7F1ZtkkgIqSe2S7sILX6D1\n156nieemwiSNRmeCADlUX8DStEcil0uhxHNUUC6fG+g/ICT0W4Hj7f7Opj2t7mIf\nQBF1geCwAYlc4/1zK+xwx67bXAbfruDA1Y4zWWGkbURX0RFGOwmxlQ/QDmomjJKB\ns0Z2oETby6pVDegnIS3Ypz3WcX1u53aRkQne1gz8kDu0brbpsscsZAA3ijML/Ovd\nhtA3c9QpIVhCpc6aHNNJ4Yij2l23C/AlyQ/cl3zsjQAHfDj5MwZHUNTVSmVI+DkI\nMC7ZA9lBGmID5sSOWB0FN/IXN1SCcn7fHgj5C14mQVDpHr7EuS0oRMNMR/8PnT5E\nbJkditbimcoT8pVgXPh5LxunqpgDLkPguMNxcjswN9VQxknc3xuZsensfFFdrFzq\nxGMzjPVY65cJMYm/kkpSibRl85JDDkdwISYAHJvVRNks1IhSa0XlgqacxvFHQRHa\nZt5xoSHMO9jh9n3V42TmKgpKwdSgq3pFHpf+HDouOFWlH706XxuA0t/2bey2nppw\nNEzC3uBe48c2ZFXSV4+lW7mQbAxpqFtm1EDkwrl/eNwYOmHp8ZciBeY3BmoOzDSj\nHoto2u0mvFfRbujSZVlZ/E+f6L5eat3m1N+zzx9fsO7KwPcwMX47G8mVZ/79D721\ns/Tb/wf7r5Ya/LWVuLON4YpE3RkoKunIwVdWjhdd2trdo5zJV7Aa3SKNtZAWZGd5\nAAZTQ4T8k/Yc9XiedDam3+RQItPW4BTXis7XvUDSZP2DExTaupWTof3bP0Q4Bck/\nCAKnQEhzx46mmiCokzYCqKo5CRPV/65L4HU+addAZQ4Gh8TQ+sxg8Ce8JRBBomkK\nNUXR+ZbVqRjRRnEDM+Z/rJkZw1A5mkeWfNlyGWjLaKLTAaeFMCovYBcrbERxTi4E\nxGIhbE1rQDZUY42j/01HaSnfubEjeNxcSo7lF4gvMeQAQ8slgTRliuBWMpEq8Bnw\nP+dnYyPcjfsasUNXgpX8g4jjbUOt3qFP/XPrrWk7Th3CnxYrU4hIDOp4mXuhBYvN\nSyPkZmlZB3e/k6c2HMNUVi5W14/Fzr+viLpx3owc8BW5jusPHa4X5vVtruQ+Yzhh\ntnUssylvs5D/H4NHeSi3PMlhaEWRI7HBQ6emsNYmbl41KTZ0uglxX/+Z3F6KeScd\n+zRwzZNxBIlSUqe+N0KbElUtch7bqnJpH4mTrxo5cJfjtPjCu1FtYnlOKp9pzjV1\nejITYYQBjDuMJZypveAMPQ5iMEYg+qt8J/jWcMIPiCyub8yTJMoMaeHlmE00Gb34\nJrWitTm0K/4O6T+t2PqzZSjnd8Is4UGtpfo2w/orz8TTVQIKhoCSzQyAxqciJcx7\nQ1moFSHRIPINabe7ZAwUF3TmL8v6QsQ7vLjIuKsX3eWgRknW0a7siUpG5XxC++s2\nO3YSBppVdUm6GgGNZBLp7Kym+nR0kEk39vxV5gjByu7lCiaVj1q6J2+Np9vRzm0e\nPGkNj1Ozg5O/PCq/8dGFSRPtVidkETAExOSpGC09GouukPb8o3anJVnHtgvPQhid\n3v/0+DlGyP0unpjtlL/S1R0f/YArT05uofl0JLcsVGOyVgr4OBg4OPacNFQd7vR5\n/ikI/aO5x8F4RoIIapWwFOQDpoEZF+5pWfWAjrBmJNhQbIHP00tbYQBC7K7UFnj3\nZKCbqIcTQia6nKAml9ttllSuLMeBC1Brp/McBzyMHuCtfRozLSYBFoibN6xoxMYq\nXCiC7Xlv4FUwKu7s6wJI5dQ/fgsq/e3Lzi2Bt7SGEySHwC9BC1fwns4un2DWv6Yy\nXyfySG9Q+NE1FXMxhvzntA0moQWYLKA3naHteBSFGzziCpMc2cvIKvLFy/dNQQ27\niqSLv8hgiiVUIKFW3xhB1cCVq3nf4bBrVVLYf2wxHOrowhrs5PI1ZpHnacUjdbPR\n7+GVdx6ynZ7F+1OPukPJAF3Ca5m7/1JidY7wnhcWVXQONpcWUYslk1R/mpMrZZ+m\nkpcuN3Ejs33g1oi4gnSX90iBQ/qs5mehLlv7tyszzDd5SDNlEs6SQRzUDX0MftRZ\n5KyD99hA0qjzSHxOvuWOSXfclkJJEH2pHJJmWxCysEgm3Utyg2E9OTMVrZ8tC1oR\nBlo7r3yUYe/gdI5dzph86sqpJrqM117ZHTK/Fk3LlW7GkrTJTMQTU8OSXrQ3LO37\nF+cklO9RO7KNUc1N1vxeEk+bYU9ajpZzFCGN6TWMkRBNfOzh+FfqS8IZ3iUxeRjR\n5FUKuLoG/VDLIS/VKf/62zBrzRbaTdm8oLh0DGvyvC9wivs5O/g20pA6+w9iiEVq\n+h7dS0DiGDKyFIFpQPeSdpBoT+gXbVgebZUgFUWzEPNEjngs7jFeh2Wkr3LYd4Is\nEo72OHD3hjhzYdyWgDNzqD2cxVKp6r/9kMSPgV6Qq5+XuBgATvw7iS4Dlyeu2BjE\nlXwby34XfKcamFxRewH1h6SjYaGf5WxoGvQG6ufVubLlDKkQskiXQebKmQj3yl+R\nK6gjVFyrWo/5RurnH6Zp7VE+w6GQ9uSEyNkTiSgE2id/zoDdqJKMNy3TuXXg8Opn\nFpBdKp0CDde/U6EuADznyhcZZg6BQ6bf8mKcnxnwzU0iUcyPYMQxsIE/tPs7C6J6\ndW+hUX9v5P+FXek73/zZmfoouuf3XfKIMHBSLZAmPevPJTzHHN0VR7g3hOiAzZ9T\nWP5SekDHalPZp8iQoYfAiBXygHD9h+D4eaDinv8l8/IV+BwMVE+xumZVlu1clGMF\naOkJjHFpo5Y+t5QKDzEcMFCjkXsOZQxQl8H3j/H2RHGOBf7zjVkpf+u840MIStmk\nsIDHR+RRdHm/t2MripXUW1E55wjnblcp4DWJF+OXVnUmhE/HBJUJmwN7Z/vS+CQd\nQGUgjLAFJNSK0nqmRmgJRfQENTQYVuvAInA9qoK/855OXsvmyzFlsnFQ0AJXjkX7\nzSf4BoI+Ov1tmvIB6YKjwE0tCqs/bWQDmnA7OL7Pm4lxg1Iv+ODV8D3Dg3iQQ7p/\nVqAhjdA1ZDbdPzu1K4Ge4K8lDHQUqX/UYnJRqR5cjyye4H7ywvfLG2hWGd9ruOOz\nOmKr0UhiiHHXijUiSfwA5rn29Cp9v34HLbwtFyS1vpOR/ASm1PN0/i9Lbm1PyKdX\n4n32a2v/cv82TdreH+LWPUljH/oCMrVdtoMYWS28xCpbDlxA7m3CbaUc+nbGFBiU\nUA1yhVL/qlKGj9iY+yMxvyBBA+UYlkOOCC/wHEsXDsNNKV6OOcc6F+j3yRxp07NT\nzVJMSe7NyJv/HfOqdJkyc5zHpY/4iUsh2q1YXODc234tXtu4qdZE1lfFPBFnZmo6\nExLBP5zED8JByY90nivtJPXtUKuBJ5r8zH0KSp73hNPKOLuEzcU/de41Zd+8u6b9\nJHAQTS0fsw/Em3Ly3At7ICtMoFihXqcMluuLVJD8PKmJcBrw1Sd4g63kBPUoHVB7\nH8YHU7nXYLYAb0XhHp/NfE9hglfKbzcng/GxvFNBWo4Y1jMffFZBZz9KuBgy8RaY\n5kAz2zsTGHoBBBKvqK9OIQ7iRaQlWhUynmIlEBZCREGKbvifJufPRQ/fX5wIy6RB\nrMrHNhWwZL6Ve16EGCLt2/nhQjB7IQB14sd66Pla8CGYWZTa1iPbuDniX4hQlRD3\nQmYspXmrwv7CcSYI1zEFU0X03OqGZCN4WxhI5vSmsKuP7GWQCpNIzrBenG1rZO5u\nCV1uLfZfn/acNj0UbTdoQwIMjmChcJJuEKxUWsiOCU81UNYvGnWRb8ayEiKUVEzZ\nxUF4cQZhG23i85/nTjlNVbB9YM8oklloKPlwofvaUpTVb5sA5eGu6uspL526jWYY\nT/B0aJejZXmH1/rjaNewqPtoQtffFgpLWsdWQ2fSQ+RTa6B/ixFOm/d8f8cJ6Z2e\nHCLy/9V6Vcjz0Hu2ILnv/xyEIjLMSj+OV6PjzunDWotVUmZDHzq94m1BauoldwdY\ni9aZzvN6M2nk0cAvZdTgigGuJN6eU+54YxvxVH6n9fhp08IFiEMbLERjfqfSY7cj\ns1tUfVH41v+b+mtG3IsKmHgQN7IE2lg5W8hu76Gde/wF+TCUzeR5XNAL9qZ9QXnF\n2HLaNxo4qBg828RM37p7vWNlnx9frGc3kXPNFjKcf8Hx5S6z1Ryd1tfJDcoJj4KQ\nrCj92OPf3W9uB837g41gTKJNaicv3J/aXycKWqVfD17rY1GxN4VaKH1deTnmW3o4\nyBaBDqYi+07GpG0QLHQym4m6reDlB68kuAJJQ2/sHtcmecN+bqVj0YOhDFKw51K0\nKz4yOAG/j8SUbk+ey3MEDDwOa61Vodcoip4iQkOiacmDULbhdTsi6uDI3yzYPrPo\nWrZhIP+F/bmR104mf3BaMER3+XHNjUViXJvfWJ+hc51/pzOOBWgFmyR3qmrPmAht\nfmLNYgFDn7cuaY9fwaoWSONxbwvCBMnOmSMJQRPobavTAuP6i5Hjx9J6SM69Q4Mt\nFezMwI7Yk/hi7096f04JW36JskyorOWT2ZDsTd7y3+w8G+3NBxYNovLCPvYchRuw\nUO9dPX7TF/oEwT//mbKl0XZgV4JZb1OxqrrKRVVvazwgOEYuHvaUQbIT0030ifD8\nyiOpKQWRu6B0CJqbGx/Yzx7qjgPgUE4h8j6pb8jlbJnLaFy2ypYJzv+245rtsI+T\nuzZLM1/nllnXnywK7jlJRilWQjWhZnSBCsi0fHs9+HwfHnPWAjDyuCb1Mlakz1Dj\nwf8ngG3ARV7P/SMT1JpqlQTaLiF8GFKzFLGzNERB9V9oz+m60zKu3gyBL5aVoisE\ncPQRxT2tMT7rMmD4E8ttrWx7xx/QFGIKrjgsHbSb2d4nq6nAtci3elGCL/+E+CMt\nTH9qvPj8Z94G1jLpqrWhXCnU6X4wkYiazob3szflimU+NBNDQ/5S+w19fTX5Yjk6\nqAYzJ9FbOKZP1TKZPD5UNPFLcmfvH6LBX5GCwIhWkQTCPFQ9cg+tikQgo+GAmWnh\nxDHVRFazauWatEtkQOcS/exxZu+mEPjkRBjXg0tzLX5ereCKrCw8IT2F7CJdtnMs\ni+wPw7NRD0h4RDJ2uXJDYnQTXNc+HKnM0JOM8eYok3CcrE9Szc8OE3XexU4iA+KP\nqRC8oYD+yuKzg8MTNaVlmR72StHxqhN7usnQMfH49CPqZdKsSaZYRBdTya8mikEm\n74lkabzg1W6LM0vg0/SJFevHT4zTwdN35Te7y4IvHWuYZqU77id8DVZFOoPFxihy\nC4wjpkXHT6Fr9DEqz4lqDLLEE6nu3W7dNWnOzaVxPeiaqln3M9UcTR7cqYmsB1hR\n90ghFP2P1MSPJIxkatgjLML8HoPjxuyN30F3huhxkUiTHCcEtR2seeCDkKfaVNhe\nXSeRb3s3qm+xpEBgxRBnNYoDxRHyTZNP+hoJBQ4H0Mh+sLwxhsKdS1dLmRAlniIA\nYEwctk2T1O/Y50aSu4vc9JQtRCqHmtlzx3+SPbZ04xweIDlGj91izyrIrSzC1fTY\nuVePCbliGvSY9P6d4Zdit0CDTu42QjxzIy7EAS1QFEX9yXZ8NlcB2VZNdCukSYdb\nGh2CJnEDsvDT+zYY1QuizPfuSckR6f1rWV+4nk/bxPcS3dmyUh40BN5CdeRlLoPf\nt6QCJT+SPfkKpEIPCsEoyKlzwzIbYzEsivaNNiF6XnBBlHtSRDpZ/TuKuyA5ErJk\nLTjwaYTsGi0ZBMJQUCdJ8E+HpUuZOXSMJvizVN5cfeWibZKbb4nZBoyyq5cTmENo\nUx/IzpSqlTDmFeNzXHHxJXLk3U3E5+oRcvE5/LIHooTQgHfgg8Kdb2b+ilXtc2jv\n79ACSiLE9e8ID1hfzLd3E2UjIrSwGJeoioG9UU9GIONxQeYjoIZOGeBIFcHgbG2F\nvI46E9is/8zltzwiey3+n3f02CSMkVBXU/6ApafiF/3zfRryy4qkoLo8oJGA50l2\nuUyaYHXa9FnzDKHd9QYflIS0AJ93ug/jmUm6y+9KOx8GSy/IL+Kd0zeteWTg5SA7\nCHO8wUMKdwhTuwRwcs5lEZFR/hhbWqreOofnr9hq+DViVJ04JQndvdra++2HzLuT\nYQwmVJ4ryn7Tw6S7AWaCdI0jGs8VvrvzkO4KwLMPYyD+p8ZwECFreBDnDlcNUswq\nXghGCzwn/ZvVqjBUd9x214KxEQSMRft3F/GIJFrvuYeHtumA8Wd27C19+FePD4ZR\nF9nybrdSkv/IHnR5QFZ9dC813C0uxC16XMAuJbnqLYra9jXhPG60xk3204B7xqjj\n/TQ/C2bvdYbcgObeY8Rz/Yt8Wgo9WI5qXD224/jdiiA7FAWDzWiaPtl11jTSioiW\ncNVXJ2eSDwghhTkcaLWP3fXgWYccUv9L6J7yeZL/ILxr6iGVxK3j9/At+uNqMpSl\nBT5IFCX7qRkWbog21oAFrK1jTU9/9GbuSaIjzbn2jNfNZVSSqMqgDJxL5MWzoooP\n3WDVPWWsnc9uF1upJmpJ9j+yrQfntdEN9TAQrYLpchfr3cbPa8z7pFQqBQ2ASBT7\naXYD3ROdWltkqKk6Q/BM8m0lq0VZk8xVheIpXaX5u0I9qoPK+yxbS7fSchEaP5gi\nKs8gLLNY2ZlR1+W46VdJsbS5pgviJlnB34CLzAsnFvIyYrN5jTzngtatc4GygYkA\nT+uhXX3zDWQMbWC4Ylz7yNfKg8s8udR7OqWh0vAwqKSn9sRNFNm+ge+xfbcspIMC\nU20buxUO01bico9LABWQ/O3i8urCX/CWFpeVgQSS+ejJxS5/qLLXKUV0e+mQ/ZM6\nL6hHi6X8+hCh91+NU2FBSTyE0tagimLq1L3OKBknaRr2UWODOssz6o3sPF084nZJ\neus5JCXXQ1iKRYCWZ0J0gfrLpt//sK7J1OxJIUOJRMehBWSAcWh4It9nqsh7vuYQ\nGP/JOl1WRMnl00J/dHC8Pf4s3RBzJ56bz4rmrxziXwebNOpz43/OCsgHmtf9aq2M\nmyxkDdqNAes8aZ33Z8thsUNUBgeL/ijEFCp6ccc2PrMi5o94ikpKfG49Qtq6Z8mW\ncToWvyIXACxb+EwmgLY63EeL6NXBY7AqcPp3nq/TUea/REE7xSG8inptSTASyJOm\nNAsWK9iFEfuSpca9H/PZ5U71Q3dFpX4zScN3iPQbXTuDguOG8om+t/MIHy3qXXqW\n54b/Ic0A6Gv+fnwxJ1QEZ8d6elOQOXrLzopvVWU6udWKJi96ijow52wfla26/rBb\nenkvkMZnF00UhgYPcp44rM8hRnCLzGbEGSZXrZn92AmBRO3+YAuZNSL4/by8fmbx\nicbCrR+41oq0MRRIUtwxuYF6u4M8COjLX0qUrjDfLF3uizVWuannpeWUqYLcwf3n\n2K//wbB2B7xOgBuaH/smzzJh+zjHqKCOLe2Mry93W6k6wreISLzORLXza1pUqmAY\nzE/3cEzeOKQTs+Gea1V8J0ke2eBFuCMaDMfn4qxQ5WILUFiNj0ESSh4oapeYi4Ng\nT35z1ERSOpiYs5oxlAlHHMoM0g52/MoH4d8QJ7ezlqqPXrH6Vof25VdqmKFVpvJ9\nJIP/ZjL2NXWXvwN5Y6qgWQH56O6PEbBZf5LKsBO3S/CkgosZwA2y+MVaLt6ja6NR\nuQWmMY6rPgs1FZWiGP8Pqe9uUdPwelhrVmb3dJMq/G9N8G4ih26ZUCI05UdX2Ksa\n4J+A32igLN4X7DRsWIqmGYLkemyRmxheRd7kF6NZORcWA+pZABJ10YsoCdj0girs\n/pnMU6diE+vTn00Wy9t/U7l23c/VfSCEtPODsxWiEz/RzMKABbWsz803BLE3UYZ4\nEaFZzHo6XZe4U6VGVTwULehQ3GjGyE+C1qcV7hTtkCkVA3qqjurdp9P1j2QBkc/o\nZW5/fY5oGzkJ3jlroKgm+r3VxVF6GTRJEJnziWWYd0adPOelHZsOU0ur7yjwNKcD\nJjeDuQFNGSsJZiuM0MjOhIE0Wdv/3+FyxULxKo4LRbykBE54RkIJZr31BQj8x9iV\nPUpdRu0Qa6qHAH87iLsxDPROu6RRFRV23xUrWNvVOG9EicgS/HkbEU+dUghyzyoT\ndHkcWJ0ympDsBwYTjBLYnztZmTBsPYdNJ6kYtJMyr+6s/W3y5DUlriaR1SP+JcDp\nDqA/MjNqup1RxrTmuqcRn4aIUd6dpht6pUDutRkh98tA1Fw9+ySbclBT5sBSJlvd\n/IJJ4d9xGD71ruNtox4H7T3ibLsX9Bwj43Aruppxqh1LVxIIscCLLbckrmKKyTMA\n78n96LDO1EK7kM1whu+voz6aK+Bvh9n1\n-----END FGT VM LICENSE-----\n",
              "user-data": "config sys glo\nset hostname active\nend\nconfig system interface\n    edit port1\n        set mode static\n        set ip 172.16.0.3/32\n        set allowaccess ping https ssh http fgfm probe-response\n        set description \"ext\"\n    next\n    edit port2\n        set mode static\n        set ip 172.16.1.3/32\n        set allowaccess ping https ssh http fgfm probe-response\n        set description \"int\"\n        set secondary-IP enable\n        config secondaryip\n        edit 1\n        set ip 172.16.1.5 255.255.255.255\n        set allowaccess probe-response\n        next\n        end\n    next\n    edit port3\n        set mode static\n        set ip 172.16.2.3/24\n        set allowaccess ping https ssh http fgfm\n        set description \"sync\"\n    next\n    edit port4\n        set mode static\n        set ip 172.16.3.3/24\n        set allowaccess ping https ssh http fgfm\n        set description \"hamgmt\"\n    next\n    edit \"loopback\"\n        set vdom \"root\"\n        set ip 192.168.199.1 255.255.255.255\n        set allowaccess ping probe-response\n        set type loopback\n        set role lan\n    next\nend\nconfig system ha\n    set group-name \"group1\"\n    set mode a-p\n    set hbdev \"port3\" 50\n    set session-pickup enable\n    set ha-mgmt-status enable\n    config ha-mgmt-interfaces\n        edit 1\n            set interface \"port4\"\n            set gateway 172.16.3.1\n        next\n    end\n    set override enable\n    set priority 255\n    set unicast-hb enable\n    set unicast-hb-peerip 172.16.2.4\n    set unicast-hb-netmask 255.255.255.0\nend\nconfig router static\n    edit 1\n       set device port1\n       set gateway 172.16.0.1\n    next\n    edit 2\n       set dst 172.16.1.0/24\n       set device port2\n       set gateway 172.16.1.1\n    next\n    edit 3\n       set dst 35.191.0.0 255.255.0.0\n       set device port2\n       set gateway 172.16.1.1\n    next\n    edit 4\n       set dst 130.211.0.0 255.255.252.0\n       set device port2\n       set gateway 172.16.1.1\n    next\n   edit 5\n       set dst 35.191.0.0 255.255.0.0\n       set device port1\n       set gateway 172.16.0.1\n    next\n    edit 6\n       set dst 130.211.0.0 255.255.252.0\n       set device port1\n       set gateway 172.16.0.1\n    next\n    edit 7\n       set dst 172.16.0.0/24\n       set device port1\n       set gateway 172.16.0.1\n    next\nend\nconfig system vdom-exception\n    edit 1\n        set object system.interface\n    next\nend\nconfig firewall vip\n    edit \"lb-probe\"\n        set extip \"34.126.98.190\"\n        set extintf \"port1\"\n        set portforward enable\n        set mappedip \"192.168.199.1\"\n        set extport 8008\n        set mappedport 8008\n    next\nend\nconfig system probe-response\nset mode http-probe\nend\nconfig firewall service custom\n    edit \"ProbeService-8008\"\n        set comment \"Default Probe for GCP on port 8008\"\n        set tcp-portrange 8008\n    next\nend\nconfig firewall policy\n    edit 2\n        set name \"DefaultGCPProbePolicy\"\n        set srcintf \"port1\"\n        set dstintf \"loopback\"\n        set srcaddr \"all\"\n        set dstaddr \"lb-probe\"\n        set action accept\n        set schedule \"always\"\n        set service \"ProbeService-8008\"\n        set nat enable\n        set comments \"Default Policy to allow GCP loadbalancer probe traffics on port 8008\"\n    next\nend\n"
            },
            "metadata_fingerprint": "F5swHZPDdKA=",
            "metadata_startup_script": null,
            "min_cpu_platform": "",
            "name": "active-fgt-template-bxa",
            "name_prefix": null,
            "network_interface": [
              {
                "access_config": [],
                "alias_ip_range": [],
                "internal_ipv6_prefix_length": 0,
                "ipv6_access_config": [],
                "ipv6_access_type": "",
                "ipv6_address": "",
                "name": "nic0",
                "network": "https://www.googleapis.com/compute/v1/projects/lgang-pj/global/networks/vpc-bxa",
                "network_ip": "172.16.0.3",
                "nic_type": "GVNIC",
                "queue_count": 0,
                "stack_type": "",
                "subnetwork": "https://www.googleapis.com/compute/v1/projects/lgang-pj/regions/asia-southeast1/subnetworks/public-subnet-bxa",
                "subnetwork_project": "lgang-pj"
              },
              {
                "access_config": [],
                "alias_ip_range": [],
                "internal_ipv6_prefix_length": 0,
                "ipv6_access_config": [],
                "ipv6_access_type": "",
                "ipv6_address": "",
                "name": "nic1",
                "network": "https://www.googleapis.com/compute/v1/projects/lgang-pj/global/networks/vpc2-bxa",
                "network_ip": "172.16.1.3",
                "nic_type": "GVNIC",
                "queue_count": 0,
                "stack_type": "",
                "subnetwork": "https://www.googleapis.com/compute/v1/projects/lgang-pj/regions/asia-southeast1/subnetworks/private-subnet-bxa",
                "subnetwork_project": "lgang-pj"
              },
              {
                "access_config": [],
                "alias_ip_range": [],
                "internal_ipv6_prefix_length": 0,
                "ipv6_access_config": [],
                "ipv6_access_type": "",
                "ipv6_address": "",
                "name": "nic2",
                "network": "https://www.googleapis.com/compute/v1/projects/lgang-pj/global/networks/vpc3-bxa",
                "network_ip": "172.16.2.3",
                "nic_type": "GVNIC",
                "queue_count": 0,
                "stack_type": "",
                "subnetwork": "https://www.googleapis.com/compute/v1/projects/lgang-pj/regions/asia-southeast1/subnetworks/sync-subnet-bxa",
                "subnetwork_project": "lgang-pj"
              },
              {
                "access_config": [
                  {
                    "nat_ip": "34.142.129.12",
                    "network_tier": "PREMIUM",
                    "public_ptr_domain_name": ""
                  }
                ],
                "alias_ip_range": [],
                "internal_ipv6_prefix_length": 0,
                "ipv6_access_config": [],
                "ipv6_access_type": "",
                "ipv6_address": "",
                "name": "nic3",
                "network": "https://www.googleapis.com/compute/v1/projects/lgang-pj/global/networks/vpc4-bxa",
                "network_ip": "172.16.3.3",
                "nic_type": "GVNIC",
                "queue_count": 0,
                "stack_type": "",
                "subnetwork": "https://www.googleapis.com/compute/v1/projects/lgang-pj/regions/asia-southeast1/subnetworks/mgmt-subnet-bxa",
                "subnetwork_project": "lgang-pj"
              }
            ],
            "network_performance_config": [],
            "project": "lgang-pj",
            "region": "asia-southeast1",
            "reservation_affinity": [],
            "resource_manager_tags": null,
            "resource_policies": null,
            "scheduling": [
              {
                "automatic_restart": true,
                "instance_termination_action": "",
                "local_ssd_recovery_timeout": [],
                "min_node_cpus": 0,
                "node_affinities": [],
                "on_host_maintenance": "MIGRATE",
                "preemptible": false,
                "provisioning_model": "STANDARD"
              }
            ],
            "self_link": "https://www.googleapis.com/compute/v1/projects/lgang-pj/global/instanceTemplates/active-fgt-template-bxa",
            "self_link_unique": "https://www.googleapis.com/compute/v1/projects/lgang-pj/global/instanceTemplates/active-fgt-template-bxa?uniqueId=8297950507767745124",
            "service_account": [
              {
                "email": "default",
                "scopes": [
                  "https://www.googleapis.com/auth/cloud-platform",
                  "https://www.googleapis.com/auth/compute",
                  "https://www.googleapis.com/auth/devstorage.read_only",
                  "https://www.googleapis.com/auth/userinfo.email"
                ]
              }
            ],
            "shielded_instance_config": [],
            "tags": [
              "allow-fgt",
              "allow-internal",
              "allow-mgmt",
              "allow-sync"
            ],
            "tags_fingerprint": "",
            "terraform_labels": {},
            "timeouts": null
          },
          "sensitive_attributes": [],
          "private": "eyJlMmJmYjczMC1lY2FhLTExZTYtOGY4OC0zNDM2M2JjN2M0YzAiOnsiY3JlYXRlIjoyNDAwMDAwMDAwMDAsImRlbGV0ZSI6MjQwMDAwMDAwMDAwfSwic2NoZW1hX3ZlcnNpb24iOiIxIn0=",
          "dependencies": [
            "google_compute_address.internal_address",
            "google_compute_address.static",
            "google_compute_address.static2",
            "google_compute_image.fgtvmgvnic",
            "google_compute_network.vpc_network",
            "google_compute_network.vpc_network2",
            "google_compute_network.vpc_network3",
            "google_compute_network.vpc_network4",
            "google_compute_subnetwork.ha_subnet",
            "google_compute_subnetwork.mgmt_subnet",
            "google_compute_subnetwork.private_subnet",
            "google_compute_subnetwork.public_subnet",
            "random_string.random_name_post"
          ]
        }
      ]
    },
    {
      "mode": "managed",
      "type": "google_compute_instance_template",
      "name": "passive",
      "provider": "provider[\"registry.terraform.io/hashicorp/google\"]",
      "instances": [
        {
          "schema_version": 1,
          "attributes": {
            "advanced_machine_features": [],
            "can_ip_forward": true,
            "confidential_instance_config": null,
            "description": "FGT-Passive Instance Template",
            "disk": [
              {
                "auto_delete": true,
                "boot": true,
                "device_name": "persistent-disk-0",
                "disk_encryption_key": [],
                "disk_name": "",
                "disk_size_gb": 0,
                "disk_type": "pd-standard",
                "interface": "SCSI",
                "labels": null,
                "mode": "READ_WRITE",
                "provisioned_iops": 0,
                "resource_manager_tags": null,
                "resource_policies": null,
                "source": "",
                "source_image": "projects/lgang-pj/global/images/fgtvmgvnic-image",
                "source_image_encryption_key": [],
                "source_snapshot": "",
                "source_snapshot_encryption_key": [],
                "type": "PERSISTENT"
              },
              {
                "auto_delete": true,
                "boot": false,
                "device_name": "persistent-disk-1",
                "disk_encryption_key": [],
                "disk_name": "",
                "disk_size_gb": 30,
                "disk_type": "pd-standard",
                "interface": "SCSI",
                "labels": null,
                "mode": "READ_WRITE",
                "provisioned_iops": 0,
                "resource_manager_tags": null,
                "resource_policies": null,
                "source": "",
                "source_image": "",
                "source_image_encryption_key": [],
                "source_snapshot": "",
                "source_snapshot_encryption_key": [],
                "type": "PERSISTENT"
              }
            ],
            "effective_labels": {},
            "guest_accelerator": [],
            "id": "projects/lgang-pj/global/instanceTemplates/passive-fgt-template-bxa",
            "instance_description": "FGT-Passive Instance Template",
            "labels": null,
            "machine_type": "n1-standard-4",
            "metadata": {
              "block-project-ssh-keys": "TRUE",
              "license": "-----BEGIN FGT VM LICENSE-----\nQAAAAF60z9qfc9Xz2+BjufuFLgAsqrw/VvwQuuhjAX1Nav7PQMMqJYmC52NO++8H\nN5LVKbnjk8+0gf4INw+Dm61kNGjgGQAAw9+mTNWAwNJXFqpFRmrmSKOYpKTzfxfA\nJpRUDsMh67s03c/iSqA/7OVnZdaAI+VQhZgY8QrwJDaVz7YmhzXrJRlU3Bh1R18s\nqSuhUdRqHtM34jXdWiVdaniHaZ+CNnjpNf8mbsVb8x4IpRKQ8meUXRg+FosfBGe4\n1aBsB2EhEP8jxdpaCMC2kx5fMkrVquutwojwIc6776I9+sxoZN8DcFJmVtWibcXx\ny5pcVqjGcTKd4hX3oEwg02htQqe4jnH6AceuO+NR67FLczAQNH+tAbkDIM/SpeXj\n9VWJrnb42TCFY8GjXGSOYC3a1I/ZuRP+o6JjVm7YD7NR8TYRkYK5mzCzsfrhS9Ey\nqIJSGWrSJ3+8KvYFYH/a+XZO1Uq50X1ik5IdoItpdbNQ50LRROWLV9sPs1QFhjrC\na3hdwOFvP1J25s3M1GyMWaMlNMmrOm3aNE+6riN8VATVjZWVK919B0mi80s4NrKo\nxZEr36ZQ7lSnyeI4wZ30y1qtmVuDLsJZ1bMa4tGWUWluA0CCgHbFOKNOPniT5Tos\nZZGk5uz5mzz8AK5miMVPye8+9e385Rssozuw7ejbziyeBL1oCc6l09KLlaCG/gLZ\n4ob8Hpf/3OwG4hil0fjpWyXEnWRP35aWQU+vTr27+ImYzOFZDnEHMm+KZkMz7Ley\nl19Idia095deDwZja3qniQFSNs4nbmPUrBw5scJsmCeDDDtAUSAO2ag2BUklKUJI\nO9eTxhlSAyhP8cUxWnA20Tap8CnI1moTHRNR6Ig+1AzzJrxeGn59OkBS3UL37QMr\nOgRZVkw2DrB1FunK4Skfdm4VZsgDfg2hIjecEofuOrnqG0vfUmsqHEscf+rUiM2j\nRCi8ol2XGZJqgdkw/+wfY2kZOmFf1qDIPwY/lBWOa6UwV6bnL/No0UYTV7Pi/BJf\nFXR8L/ItI8+yO/0hg15fy5z+KpKH49roFJ2wvsYmC5UkfsBissLLTtmUTvnUO9iO\nTCzzavSx/v0YdM1Th5I+nerIT1I+XJxhIsg1/ieWQ90NTsC5GryDJrSM2S3LIyD/\nYAL1C3HBTbhK9+56DEj1L+kzbunNiB8VSRNV0gQBIkoN6x5n0aIBUmScJ8hJzKqj\n68KKtQYr8k5Sj5LsTx/W23oy4fZsXtxM3M4VfukEUKvCcva3ZG3Uo9gU/dmSyGEg\nwrn/ALnJYmbOt7kBrLQ1XKbChP5RVjTBn1oxu+4XX3DLRrYk30YZ8EJEXs79WKA2\nFRS29g73FW7XnKy8B2cBKvuaO4lUHUMD9Z01KH+Bh+kAMB3lTKpNCK32JRtdNP6z\n6jWoSIn3uGdIBH7QJjEnFxdaTiQBipfKQENLD1CSXHUhk3iVd8/Hzq6AXVvWL/N8\nhbYjeIWaQaQ7eNISOpqijuWmy1EFZ+fpJhZzYM6h1l3ETMsmuFmy4RCcTxFPFCLP\n4WfpHmm9T7g4aaeRUbIO5fdV4bOLLjcfVcEenRzYC2fSx1bFIN3OhQt6tehRXYXH\nBRjrGp5W6snlYs2rzwtYrgijK/90UrxPG3RiHSsLeQqtKRFRFTxagLz0MR9EnPIo\nDYDqf4+HbKmpDP3q8bbmBxS6QMUXmmEntlWNIkeI9rMdCA/0mCTZ94GQabxaEnP7\n+5y6m/3i9FHQOTRJNpf/7Ek/tZJQxwIXfupixTKIzRCbTYyZpFVhUs64uTmdMUDh\nhA1C5xGeg+54qfySuiKs8bS1dELo9aJZqT/YtXvuJ+zeUNjucXFHmNqrfp6y/uDB\nbw7i7fy5An/EgHY8V/Uh5frzQcHXaH1XLh/j0QJAHQKD58sc1PVeRcdYRtVWxpT4\nE5vsXVOsvKZ83hdlXL2N/IDCrYbopS24UUglKZ8IsmTR765/6cIUYt6UVO7Ni33U\nOzACcIA3Iq6gsCyPb1NJ//IqcH04cNcyXWPirx6ymL55vRzOBTKMb62n9xcxv/cT\neSTWw10RHA5szuBVB+KXiN+D+lP7vEzPK6ApF+pJJ2czN/VQfejHfmlbCoV4N8/Q\nDja5K1SwMT86VvNCVNlSMzaALaR7egkFXrYC+uCCPavl14dQWnFuiDcZUqyMHf2V\nEqKnMpfkpYK9Cb6X0u1I2w7CQhG1ddn7nVDWEQkaKbSQX23uhkl4d2cm2KyUQF8Q\nfqmgwoI5Qc1sxwdLzpiLYf5FkSVEgVi8DSzx0tisGcJako7hI3zOYCymnWqWDDak\nWVC+8GK7AmL/bFSpQ9C74IFHT/E1jCy6OQXRZ67S3byTGlbxTiJnhYgsSLvJj82p\nP6cqfwh6c2yrlytoTGKzu/ts8ymxC6Zi5ee+cITmJliKIP6Yt34pfjtcSPgYbUYd\nlHQwTPPWZR3jJ5kyL8bv3NkGZH9vHURWJkxWCPfNCE8cqv2peEVeKL2JNkDYFUB/\n1SD7Yf9rt+GDj8X/qsiwvHZXxzeR4CtHs5Nqw4aEiUOH3QQkfS9cY/yQ/UCH78O7\nmFfuuwV/ecE0+9UljQfu2qm7EGcgTHFfG+TM08gtdv0N5R5zme9dfkN/ANYebWPe\ndIoV/vyMWQZ9eRgw6tTnYoxb4ZCzQk5HfkN3gRj/RxD+5/BPPTzEW705YHp3XCBg\n7UcQo+GT4igy0tRw24+MrJHeymuXapCAPnu+N6/HsOAR3kVgyLTmNTHwLvDSPs73\nggP5ikzF2/8tp0oGKrQVvc/oIcOAid8hcpxujXoOoeSZUi/+RWF3hb0P1f/GoNXh\n0Z11mrkN72la5L5NxOCao2o+kQTOTbwWJbaQ2ObaA/+DoQqPBjtquq4OJ+w8Tt6w\nt0aNno82gTBmWBylDz4r3SpvdS0jX4/VzbRK7kqawC//fDpTU9+WR4527BTUvPql\nR0Svm5+maEUn4f/Fwe14BQm67QHQgXVo5taKKKouf20Gvf+xjgyUsY2yHcJGbe0U\nmYp1yvf6EG0+eoiQRkwYrgQJsgJCwklizc40qCdQpTK6PeCZAVTqvYvTv1bK0pUe\nNei7DL+BiSGaZlmIKMqBJbaA/mVLZsnDjv8MvBH5gGR1kAllChGRqKr7KpHypi1u\ndJRO0FdAWuws8mUThRUGb5b8Ye9ow5xeVnyYqjMA55lX/0mENBayKm1GaZSmLjKO\n9MwXteW+M18e4tg2D0u2DYzESy2kglqFZxqo+ntj609XEPlm7S96xOluNUJ508Vy\npupXT2sS/AsY4eOrTexOQ082MuZT4da/m/q5NE3mUiV4DiKvORy5mmhg//kQPpcU\naIAAgxX5Eb2ZuCRDPUveWKZvfM/XrA9hhXrZXrb7uJG1UFMpktVN/os5RIB0xRfm\nwZXwjIDxUT/v086HcjlTgr3EEq17gE1hnoRKvmlGLXJu0sZ8Aypa5W+FIDUvbB3M\nrjJvXz4Ansr1kaJNPs1Xwffqp18W/K6cozZbkGTlE/ayIDQ7JER1cVXoCf1fTv0a\nTHpPQMeVfiRLVdlykYV8qu9ntFpcW4K2N45h+dCreeWIPcNuSSqv136H6gEQlWtb\nXazKbDVpaMbycxcHV3rN12KOQRgLAkPtuooBRBZVkd1wlHToNuc0OUl8qyUHvJR8\no1ruChqWeI9NrlyY+mqOdhuC5adTGjhRYEXvGwuFz4BQwlN7Y5PKVN6A55t9wQ50\n0hN8JQW3bNmbuvdsT4ECVLJHRyJuGzXBiOKAgsOHpNjZ+8W3uJSeseKGyscO16y5\niSLJEGYloZdbAGFznClTBMOszKGZdJdqWmtO4XQMqxwbscUwFAOrHn8WIeROTvSJ\nhRypqxNyIZP2l7J648pkK6r2G4vb5e7fAUnQ5O8uHKsmCRi41Uy6sMGpiw4SUElA\nJGnQ46QwCyoOa/qdwGb4+lMCh6DIrl3Kx6UPIDfNA1QtQbRcGAH0v3b6kzd3i7RH\nLK3pKUSPo5V/SHPRkdbUM/ktg8lVOTGK1/oB8A0vnMca/HbHco8e/caF6mVMnB8Z\nFJyCE7ESBRzu4eEu7cthUEH8//1nVnYAmkeW+kaiL4o7QxSIzqa+Jy31HmIC1Na4\n7DIP76iIMVTPlQFLC1hVAho0k9VPGhF2/lLxVqReT/W3Ph1WsYS9qf0511WBFPZh\nrGpkGwHUyf0KIYM4p0eidJGqb5wnk851F2p4U0f74QtoA+Xg7UiKmFJwMi3wE7d+\nk/8HdHD0IjVRpVDYk8tczsIJyVHVIPDiw4HIBVrP0Wpb2CyGBtZ6FppYo8WRX0TE\nAaTl7Qw7G3cuYJ2pGT2C8iXWyzsZ2dDomRU6hRCcxWR00XfK86Xxz7Iz+I5eYCox\n/E+YB9iOQ71seMqob1/iw8HKlkdezYD69aql7O1XGvQBOHf+aRrcUZTpVc81wz9K\nJpIal8NoU2cgcLsP9+tOKZ+iRPKBWHBZCQjNgiWArPHl/yFicZdlLrz+1lfaDRkQ\nBcYNXr/COlqY2gzC6NzHbCUvt4zG8Hm8tRvHOWLy0OMftCXi0SggHFoq9f8bMyXf\n6pbfMAc2y2ZjkyI/OuY/HZpZNmZ8cOJdzHWc+3RXANHCgRLGBUd6SjV1ys7K9l9w\nBW2brXV/E7c4S3nS+CgH5xaWp0XsdmWXOScbauugecIEH5a+78UW5NKbf+R4ZpWX\nSQQCITCg9+OiFJay/i+DKzWHeE4e0P+6EW2cwataWwOweheHZ2hUG0tFtukDE3nA\n2ofVYSWXqKdtEyTGFcsg5GhPC4kbux/jb3HKwtVd1ykzJj7Me6anVQ7+a4xWBQcY\ne17LqEYVtF4wDAv4A2FLffIJeQVCEdsTI8T+OiYEH5ssFWkbaIsKErbiAKaHtsjV\n2Ory8k7aImsesefRQawO1BaP9Vnjvs3qnqCUw1lW1Ah6KMgVlgwIFkKIF8AQOVba\nQwtMA3tBWEsGJDyO1nTRXkQn2psPScKgz+krRfWY2Zx9/KU33+mF+a60EowYZChs\nylckfSNl0XnLXP4ag8vovBnQPGZ4GCSSZaNrOOHqEkLfq0fmYiJGsahET9D/WFXc\n9CzGuLVieZIewg4XxGrA0NLKF6Pp6q8vXjZpUfODbkCGmm3dEB20QrFQ26FL0kNv\ncYD3BdEJAuMN3Rxb+e094J30Fz5GV75QqB2ikiKbbeTbb7l0dv6FIGpHg44MMgR0\nK0i7/PtFDyft9yeC1lo3caJY1rBqFF6r05EqWK13G3zl8iOk9Ixazh4AAF8ypHcr\nW+JaezJQ7+3lpEf/Gypt6NKyGayL1J6/8PwYCMC5fa1jekufdLrgDkAcGZOOk5H4\nUEOqOcQQ+EPNBbpp4im8LNwqVbMIakIh3CZyjZA3TorfDfPdudzt6ZyIYtZzuyqN\nvZG495bIBFCbfmqBF0qMgzfpjqkQyQPrXzG6KuSGKhI4CmtYgf7N26fTCBdW4Q/4\nwWMr1rLYFE4ByE57vvIq0mfAz7mk0KeVe1q8lD9+QVzoExMyoMEW9oDO01jokm8w\nHEAN2zzVKGJbLh7+xttwawgirVDgeCqdH2JwCAPJItDassP/B7FABwDxCWnnMftO\npdKvG7KSX3Vv/IrH5T8beV152h5UCFlFin8cTSlw12EgFHopfN3iGhFZL8uUH4vV\nM2su8d705M+wlqYW6zyOZFacwz4h8yUjMJXEr70B3zyRuYGk1VqP7Wz3n8WwBoiE\nZSS6Z2jLi+TaK4nd0nNGtbgYUcySffrFUDCERRjbxtFfqIn7KU3enWlC1JxVNtmZ\nHV6NZ843maHXNm1wCuOSdLQYPHLef3iBcgtuxVeB9XXwaIrBM/on+0gdYCD+YpNp\ncjSm0PUSD6IOg7BPdv/G09HvGqgqYT81GNFEZ9MG3isoGeikmgy1i7o61jSngvFD\n4oihm8t7kvgr1K6K2++kRq4s8iEJr3aSHKaPWeB/Tg8INTvJZrnHGby6eL7ei0bS\nSz8lxCDI3DiwMwjmNqY0CUfzi/4pBAegXHioUyC2cYznqZWPb2ajEEgS1oVnfWXU\ndkKeCx6Kqk1znYYb+8F30xkkjUJhiQIM3zjU5lvd0dEaDKzeQZXuRlAf+DDm+SYo\nW9DPRCg32go6DGxL1mQ0xOyDjzO8U1pVeBqw3L0RG4DHb4x68L/79z018Z9+vfI9\n2Dfd3W2qfCQw24Hf3eiWvdDz9UEtkpfwmK3Gxpf3dNxU4INvU0QJicIOQmw2BwF6\nxpig9KZfbhPeR5GyMc91QiV8VfMsk09sV+qPn19EVznFqdlpUd4yb8E3QPST2Sv6\ndIpg9ktl67udAcNFgnX9EGbq+QAHgES3A5nf0X+CqE+pkyTX/6nSEdB+nz6PBHUx\noZdX4ySmzDHwluHDdfd6UtZNfmKdyzDZKyLIFM0CeExduMgwMSJGG3u9C13pfZhv\n9BGlxU/jDDgI21yXg4x9ke78oi8ppZ2WuIKgl5ZscEGGS4jNEw5EUhPeBaBJ39C0\nfVDfBk25nO+GnZdph80Nwv9UBY7vx4AC85TSh18IEvUIO0k6/rwq5ZuooIb6bvVI\nsRuNk3/4N8epK7cTVNvlSPd67IYUYbMu/awSvGIP535pweaw8/lxVQvVs08v5905\nalj++J3vgupSxXTv8yofMNA3DHCszUfLOTOnJrfdJv2V6/WM4tJu7hvQDPX1fW2e\njgwe71b+vxI43BYYXS9uTvSidGWqnlw8nVnwQgBMazEJh72di6nzykwD9mleIHdS\nBDOvvy9FNnnEsyAW2B64o8QqvqFvuoIIQXFsgUT0mgMf8LVpl2JSGLVYKxdcN+EF\nbiXBvGYLiD/6SEKcezvZChiO1GRhrToyKIZG5LviXpPHiYC+GLKau0hAQXDoyLd4\nl12sXoTNJC0FwI9mo1B12qbzbnKNrYaG8tEuwj9UNyoMAUiGjX9T78RglFjedstR\nBhgixorwKjgvpSriJkGPzo2+Z9VbPDRDmGGDTaYlBtO0nMxF640A8bihzwiLoqbO\nAjIqZrSwrQesCaiAqBGYqo3OlXDU2MkTKIvTQxeevRuzy25aw0b83fPWxAP456SY\nWIwsGmTjjZ2vPZt+K906lREzZojd/DjU6DussAIMx6WSzruAZ9rK1mbz3heCyNCt\nnHE9HC7DIySt8EtpUceUxGk2xUKumpra3o2RukyPOzl8ydaCQ1+p6AfSPYfYyBog\nHuouUUMLNVBBM0M+HDlHa/MMZLFXncLhJEYLvPl4e0HLzqIqHPB23vffSb3x8zM+\nlAlMf+1T7jVXCTUg+jHZzdoOmnCmxrzdW1m1B7/BjmzoV3jisTaRajmr8r7LJPYv\nY3wLmMW7KjMbinfbfttPZUV/kNZPvStXBdx6sSe+q23+kThHrFEWV7w81S7Aceup\nW4E+qn8ZsEVg3vWZ2+Ka37nlG03jstkh4pJa7g1DFEWtI7YiCXYLnWVrSa2tUMhR\n18kwmDXzi0YynfNTnnBxpYgOsY8nTp/RD6x0RCmoyEtAgUiH7nvubEt6xG45OV9S\nj2dAFaPRORhmDyewhwlm80l5vtApFebRM3XPlNtaDeEOwv0xOWQTKyAqgzYsdw3r\nZdiVMJRHTtGC8wg4Ap4WS7P9D4d+cCE23d9VABeW8KWlHy8FnqyaltaWd8JGQpbM\nwmXIXZXoDjnrY7/ODkh+Lrr+NaDJyZTqfzMA/qhAyvJVAnAD2YhOqJEAebqyhBqg\nbB726iow91AWqrBCUyoXLyMQjmjUWDzqUwrcU9bYmGrQJ3qmOiL+ma/K8r8FRdYN\nDhQCocbBOB2spnjs4A7bbS1xJMMnsTCRQ506bxi2+I9WNWVy5cfURVNpOM2dTErD\n/kal4cGOB9mcMVsTmwmPhXfjQLOIWdfAarQ9WqB3/kdHCH4dr5KPbO8yO7E3EDKX\nO8+SASSX9WjidFFoo/UwCYQdInKJJ/Iad4/tM/6UiZBvBP3sQSRRFiZjnlUzr+V7\ng4TEt1yrg+JsTgzRrYAt9UZBoCIkxE5ZpSDzP1xdEq6aA8ZyIM1t5mbBNZtmmbU5\n8w3inyyiYHhoBJFU93qIoVtmJclZpkQ/L1RxoH2G5K7Syddw1CgaB0RmYJ7TR0vx\nPWMsDgscJYmpR5u697zWkXohSUteZ0rsT3VbdSPKhXkQIeO6tvMtr1TZQUB/gepI\nBO9UzOmP/H9NghvfSqZ02fr/uv5mFEXDnQUesO1BwV+ToEoecDbqr/g5f7lKSy/G\nV0pB4q9ReYu+nClGxbIg4DSfbaf4zRXRKWGKSnu0jCxms+Ts2jGKa+xmTGQHbQU3\nMXD+DR2+cqKHZU3SYVkFFAk3JNal1irp69/7A5mtheDhdapA26v1mIqbKMQXxdwj\nELA3XYTufehInd/wHvGHNH4JQ3nJy/Li9JebK35HfRvoUlJwzREGmIfLZn/hM6g0\n5i+dcLVoPknC6jMMVAbPRhWaQYEaz+s0VNISR8iUkAvwgSMvsYWHNtEMuvLMlN68\n0nW3AE6rSKklwEdPr8bUWUGRMmWXlIfYxfU6ACxFsqpKd3WbL3//mFfotiogsPC4\ni3LQDp9WHAYYfVcTEoiZ261cAqpv3JS147MF98PsrmN53wme9ZjFjdOhNZALA/U+\n3UlqxI5WoSoRge1vX63r0CfFCpeHiG1/Zd+rLK8x9DvjN/tRdupToguQKlyrEbGN\neKNWCn8jrTc+VXqkScoZbIRHBDSiGtGO9Nvg6JmIQE5rZJ0Y+6vGBbe0e/2H7FcL\nT40VH26uSqOhp6vTJ4NY98aOcQcEZgVq/blqBlSTLivxHeczbDCTm3zwYfcFE4Gp\nWrG8ODfJfR5odN6cQR3CJCf90dDvujvAE+Kb4qTgKcbDgSrkf/dlxcz58U+pKNVB\nd4lW/Ysmzh3wI160u20I+H8XKv3lu8tzSEilxetvEZNk/7G+zUfTVSWowFT8F0Mo\n6+aHdoJqVfFeuSMrnzd93U3ExSse6uPL\n-----END FGT VM LICENSE-----\n",
              "user-data": "config sys glo\nset hostname passive\nend\nconfig system interface\n    edit port1\n        set mode static\n        set ip 172.16.0.4/32\n        set allowaccess ping https ssh http fgfm\n        set description \"ext\"\n    next\n    edit port2\n        set mode static\n        set ip 172.16.1.4/32\n        set allowaccess ping https ssh http fgfm\n        set description \"int\"\n        set secondary-IP enable\n        config secondaryip\n        edit 1\n        set ip 172.16.1.5 255.255.255.255\n        set allowaccess probe-response\n        next\n        end\n    next\n    edit port3\n        set mode static\n        set ip 172.16.2.4/24\n        set allowaccess ping https ssh http fgfm\n        set description \"sync\"\n    next\n    edit port4\n        set mode static\n        set ip 172.16.3.4/24\n        set allowaccess ping https ssh http fgfm\n        set description \"hamgmt\"\n    next\n    edit \"loopback\"\n        set vdom \"root\"\n        set ip 192.168.199.1 255.255.255.255\n        set allowaccess ping probe-response\n        set type loopback\n        set role lan\n    next\nend\nconfig system ha\n    set group-name \"group1\"\n    set mode a-p\n    set hbdev \"port3\" 50\n    set session-pickup enable\n    set ha-mgmt-status enable\n    config ha-mgmt-interfaces\n        edit 1\n            set interface \"port4\"\n            set gateway 172.16.3.1\n        next\n    end\n    set override enable\n    set priority 100\n    set unicast-hb enable\n    set unicast-hb-peerip 172.16.2.3\n    set unicast-hb-netmask 255.255.255.0\nend\nconfig router static\n    edit 1\n       set device port1\n       set gateway 172.16.0.1\n    next\n    edit 2\n       set dst 172.16.1.0/24\n       set device port2\n       set gateway 172.16.1.1\n    next\n    edit 3\n       set dst 35.191.0.0 255.255.0.0\n       set device port2\n       set gateway 172.16.1.1\n    next\n    edit 4\n       set dst 130.211.0.0 255.255.252.0\n       set device port2\n       set gateway 172.16.1.1\n    next\n   edit 5\n       set dst 35.191.0.0 255.255.0.0\n       set device port1\n       set gateway 172.16.0.1\n    next\n    edit 6\n       set dst 130.211.0.0 255.255.252.0\n       set device port1\n       set gateway 172.16.0.1\n    next\n    edit 7\n       set dst 172.16.0.0/24\n       set device port1\n       set gateway 172.16.0.1\n    next\nend\nconfig system vdom-exception\n    edit 1\n        set object system.interface\n    next\nend\nconfig firewall vip\n    edit \"lb-probe\"\n        set extip \"34.126.98.190\"\n        set extintf \"port1\"\n        set portforward enable\n        set mappedip \"192.168.199.1\"\n        set extport 8008\n        set mappedport 8008\n    next\nend\nconfig system probe-response\nset mode http-probe\nend\nconfig firewall service custom\n    edit \"ProbeService-8008\"\n        set comment \"Default Probe for GCP on port 8008\"\n        set tcp-portrange 8008\n    next\nend\nconfig firewall policy\n    edit 2\n        set name \"DefaultGCPProbePolicy\"\n        set srcintf \"port1\"\n        set dstintf \"loopback\"\n        set srcaddr \"all\"\n        set dstaddr \"lb-probe\"\n        set action accept\n        set schedule \"always\"\n        set service \"ProbeService-8008\"\n        set nat enable\n        set comments \"Default Policy to allow GCP loadbalancer probe traffics on port 8008\"\n    next\nend\n"
            },
            "metadata_fingerprint": "X1YnDkT0mlI=",
            "metadata_startup_script": null,
            "min_cpu_platform": "",
            "name": "passive-fgt-template-bxa",
            "name_prefix": null,
            "network_interface": [
              {
                "access_config": [],
                "alias_ip_range": [],
                "internal_ipv6_prefix_length": 0,
                "ipv6_access_config": [],
                "ipv6_access_type": "",
                "ipv6_address": "",
                "name": "nic0",
                "network": "https://www.googleapis.com/compute/v1/projects/lgang-pj/global/networks/vpc-bxa",
                "network_ip": "172.16.0.4",
                "nic_type": "GVNIC",
                "queue_count": 0,
                "stack_type": "",
                "subnetwork": "https://www.googleapis.com/compute/v1/projects/lgang-pj/regions/asia-southeast1/subnetworks/public-subnet-bxa",
                "subnetwork_project": "lgang-pj"
              },
              {
                "access_config": [],
                "alias_ip_range": [],
                "internal_ipv6_prefix_length": 0,
                "ipv6_access_config": [],
                "ipv6_access_type": "",
                "ipv6_address": "",
                "name": "nic1",
                "network": "https://www.googleapis.com/compute/v1/projects/lgang-pj/global/networks/vpc2-bxa",
                "network_ip": "172.16.1.4",
                "nic_type": "GVNIC",
                "queue_count": 0,
                "stack_type": "",
                "subnetwork": "https://www.googleapis.com/compute/v1/projects/lgang-pj/regions/asia-southeast1/subnetworks/private-subnet-bxa",
                "subnetwork_project": "lgang-pj"
              },
              {
                "access_config": [],
                "alias_ip_range": [],
                "internal_ipv6_prefix_length": 0,
                "ipv6_access_config": [],
                "ipv6_access_type": "",
                "ipv6_address": "",
                "name": "nic2",
                "network": "https://www.googleapis.com/compute/v1/projects/lgang-pj/global/networks/vpc3-bxa",
                "network_ip": "172.16.2.4",
                "nic_type": "GVNIC",
                "queue_count": 0,
                "stack_type": "",
                "subnetwork": "https://www.googleapis.com/compute/v1/projects/lgang-pj/regions/asia-southeast1/subnetworks/sync-subnet-bxa",
                "subnetwork_project": "lgang-pj"
              },
              {
                "access_config": [
                  {
                    "nat_ip": "34.143.171.20",
                    "network_tier": "PREMIUM",
                    "public_ptr_domain_name": ""
                  }
                ],
                "alias_ip_range": [],
                "internal_ipv6_prefix_length": 0,
                "ipv6_access_config": [],
                "ipv6_access_type": "",
                "ipv6_address": "",
                "name": "nic3",
                "network": "https://www.googleapis.com/compute/v1/projects/lgang-pj/global/networks/vpc4-bxa",
                "network_ip": "172.16.3.4",
                "nic_type": "GVNIC",
                "queue_count": 0,
                "stack_type": "",
                "subnetwork": "https://www.googleapis.com/compute/v1/projects/lgang-pj/regions/asia-southeast1/subnetworks/mgmt-subnet-bxa",
                "subnetwork_project": "lgang-pj"
              }
            ],
            "network_performance_config": [],
            "project": "lgang-pj",
            "region": "asia-southeast1",
            "reservation_affinity": [],
            "resource_manager_tags": null,
            "resource_policies": null,
            "scheduling": [
              {
                "automatic_restart": true,
                "instance_termination_action": "",
                "local_ssd_recovery_timeout": [],
                "min_node_cpus": 0,
                "node_affinities": [],
                "on_host_maintenance": "MIGRATE",
                "preemptible": false,
                "provisioning_model": "STANDARD"
              }
            ],
            "self_link": "https://www.googleapis.com/compute/v1/projects/lgang-pj/global/instanceTemplates/passive-fgt-template-bxa",
            "self_link_unique": "https://www.googleapis.com/compute/v1/projects/lgang-pj/global/instanceTemplates/passive-fgt-template-bxa?uniqueId=759627250760206949",
            "service_account": [
              {
                "email": "default",
                "scopes": [
                  "https://www.googleapis.com/auth/cloud-platform",
                  "https://www.googleapis.com/auth/compute",
                  "https://www.googleapis.com/auth/devstorage.read_only",
                  "https://www.googleapis.com/auth/userinfo.email"
                ]
              }
            ],
            "shielded_instance_config": [],
            "tags": [
              "allow-fgt",
              "allow-internal",
              "allow-mgmt",
              "allow-sync"
            ],
            "tags_fingerprint": "",
            "terraform_labels": {},
            "timeouts": null
          },
          "sensitive_attributes": [],
          "private": "eyJlMmJmYjczMC1lY2FhLTExZTYtOGY4OC0zNDM2M2JjN2M0YzAiOnsiY3JlYXRlIjoyNDAwMDAwMDAwMDAsImRlbGV0ZSI6MjQwMDAwMDAwMDAwfSwic2NoZW1hX3ZlcnNpb24iOiIxIn0=",
          "dependencies": [
            "google_compute_address.internal_address",
            "google_compute_address.static",
            "google_compute_address.static3",
            "google_compute_image.fgtvmgvnic",
            "google_compute_network.vpc_network",
            "google_compute_network.vpc_network2",
            "google_compute_network.vpc_network3",
            "google_compute_network.vpc_network4",
            "google_compute_subnetwork.ha_subnet",
            "google_compute_subnetwork.mgmt_subnet",
            "google_compute_subnetwork.private_subnet",
            "google_compute_subnetwork.public_subnet",
            "random_string.random_name_post"
          ]
        }
      ]
    },
    {
      "mode": "managed",
      "type": "google_compute_network",
      "name": "vpc_network",
      "provider": "provider[\"registry.terraform.io/hashicorp/google\"]",
      "instances": [
        {
          "schema_version": 0,
          "attributes": {
            "auto_create_subnetworks": false,
            "delete_default_routes_on_create": false,
            "description": "",
            "enable_ula_internal_ipv6": false,
            "gateway_ipv4": "",
            "id": "projects/lgang-pj/global/networks/vpc-bxa",
            "internal_ipv6_range": "",
            "mtu": 0,
            "name": "vpc-bxa",
            "network_firewall_policy_enforcement_order": "AFTER_CLASSIC_FIREWALL",
            "numeric_id": "3148332016043608745",
            "project": "lgang-pj",
            "routing_mode": "REGIONAL",
            "self_link": "https://www.googleapis.com/compute/v1/projects/lgang-pj/global/networks/vpc-bxa",
            "timeouts": null
          },
          "sensitive_attributes": [],
          "private": "eyJlMmJmYjczMC1lY2FhLTExZTYtOGY4OC0zNDM2M2JjN2M0YzAiOnsiY3JlYXRlIjoxMjAwMDAwMDAwMDAwLCJkZWxldGUiOjEyMDAwMDAwMDAwMDAsInVwZGF0ZSI6MTIwMDAwMDAwMDAwMH19",
          "dependencies": [
            "random_string.random_name_post"
          ]
        }
      ]
    },
    {
      "mode": "managed",
      "type": "google_compute_network",
      "name": "vpc_network2",
      "provider": "provider[\"registry.terraform.io/hashicorp/google\"]",
      "instances": [
        {
          "schema_version": 0,
          "attributes": {
            "auto_create_subnetworks": false,
            "delete_default_routes_on_create": false,
            "description": "",
            "enable_ula_internal_ipv6": false,
            "gateway_ipv4": "",
            "id": "projects/lgang-pj/global/networks/vpc2-bxa",
            "internal_ipv6_range": "",
            "mtu": 0,
            "name": "vpc2-bxa",
            "network_firewall_policy_enforcement_order": "AFTER_CLASSIC_FIREWALL",
            "numeric_id": "1535694821438835369",
            "project": "lgang-pj",
            "routing_mode": "REGIONAL",
            "self_link": "https://www.googleapis.com/compute/v1/projects/lgang-pj/global/networks/vpc2-bxa",
            "timeouts": null
          },
          "sensitive_attributes": [],
          "private": "eyJlMmJmYjczMC1lY2FhLTExZTYtOGY4OC0zNDM2M2JjN2M0YzAiOnsiY3JlYXRlIjoxMjAwMDAwMDAwMDAwLCJkZWxldGUiOjEyMDAwMDAwMDAwMDAsInVwZGF0ZSI6MTIwMDAwMDAwMDAwMH19",
          "dependencies": [
            "random_string.random_name_post"
          ]
        }
      ]
    },
    {
      "mode": "managed",
      "type": "google_compute_network",
      "name": "vpc_network3",
      "provider": "provider[\"registry.terraform.io/hashicorp/google\"]",
      "instances": [
        {
          "schema_version": 0,
          "attributes": {
            "auto_create_subnetworks": false,
            "delete_default_routes_on_create": false,
            "description": "",
            "enable_ula_internal_ipv6": false,
            "gateway_ipv4": "",
            "id": "projects/lgang-pj/global/networks/vpc3-bxa",
            "internal_ipv6_range": "",
            "mtu": 0,
            "name": "vpc3-bxa",
            "network_firewall_policy_enforcement_order": "AFTER_CLASSIC_FIREWALL",
            "numeric_id": "1134716142108330664",
            "project": "lgang-pj",
            "routing_mode": "REGIONAL",
            "self_link": "https://www.googleapis.com/compute/v1/projects/lgang-pj/global/networks/vpc3-bxa",
            "timeouts": null
          },
          "sensitive_attributes": [],
          "private": "eyJlMmJmYjczMC1lY2FhLTExZTYtOGY4OC0zNDM2M2JjN2M0YzAiOnsiY3JlYXRlIjoxMjAwMDAwMDAwMDAwLCJkZWxldGUiOjEyMDAwMDAwMDAwMDAsInVwZGF0ZSI6MTIwMDAwMDAwMDAwMH19",
          "dependencies": [
            "random_string.random_name_post"
          ]
        }
      ]
    },
    {
      "mode": "managed",
      "type": "google_compute_network",
      "name": "vpc_network4",
      "provider": "provider[\"registry.terraform.io/hashicorp/google\"]",
      "instances": [
        {
          "schema_version": 0,
          "attributes": {
            "auto_create_subnetworks": false,
            "delete_default_routes_on_create": false,
            "description": "",
            "enable_ula_internal_ipv6": false,
            "gateway_ipv4": "",
            "id": "projects/lgang-pj/global/networks/vpc4-bxa",
            "internal_ipv6_range": "",
            "mtu": 0,
            "name": "vpc4-bxa",
            "network_firewall_policy_enforcement_order": "AFTER_CLASSIC_FIREWALL",
            "numeric_id": "8124963832268638889",
            "project": "lgang-pj",
            "routing_mode": "REGIONAL",
            "self_link": "https://www.googleapis.com/compute/v1/projects/lgang-pj/global/networks/vpc4-bxa",
            "timeouts": null
          },
          "sensitive_attributes": [],
          "private": "eyJlMmJmYjczMC1lY2FhLTExZTYtOGY4OC0zNDM2M2JjN2M0YzAiOnsiY3JlYXRlIjoxMjAwMDAwMDAwMDAwLCJkZWxldGUiOjEyMDAwMDAwMDAwMDAsInVwZGF0ZSI6MTIwMDAwMDAwMDAwMH19",
          "dependencies": [
            "random_string.random_name_post"
          ]
        }
      ]
    },
    {
      "mode": "managed",
      "type": "google_compute_region_backend_service",
      "name": "internal_load_balancer_backend",
      "provider": "provider[\"registry.terraform.io/hashicorp/google\"]",
      "instances": [
        {
          "schema_version": 1,
          "attributes": {
            "affinity_cookie_ttl_sec": 0,
            "backend": [
              {
                "balancing_mode": "CONNECTION",
                "capacity_scaler": 0,
                "description": "",
                "failover": false,
                "group": "https://www.googleapis.com/compute/v1/projects/lgang-pj/zones/asia-southeast1-a/instanceGroups/unmanage-active-bxa",
                "max_connections": 0,
                "max_connections_per_endpoint": 0,
                "max_connections_per_instance": 0,
                "max_rate": 0,
                "max_rate_per_endpoint": 0,
                "max_rate_per_instance": 0,
                "max_utilization": 0
              },
              {
                "balancing_mode": "CONNECTION",
                "capacity_scaler": 0,
                "description": "",
                "failover": false,
                "group": "https://www.googleapis.com/compute/v1/projects/lgang-pj/zones/asia-southeast1-a/instanceGroups/unmanage-passive-bxa",
                "max_connections": 0,
                "max_connections_per_endpoint": 0,
                "max_connections_per_instance": 0,
                "max_rate": 0,
                "max_rate_per_endpoint": 0,
                "max_rate_per_instance": 0,
                "max_utilization": 0
              }
            ],
            "cdn_policy": [],
            "circuit_breakers": [],
            "connection_draining_timeout_sec": 10,
            "consistent_hash": [],
            "creation_timestamp": "2024-03-07T00:03:15.422-08:00",
            "description": "",
            "enable_cdn": false,
            "failover_policy": [],
            "fingerprint": "jTNhwTv2gmE=",
            "health_checks": [
              "https://www.googleapis.com/compute/v1/projects/lgang-pj/global/healthChecks/internal-slb-healthcheck-bxa"
            ],
            "iap": [],
            "id": "projects/lgang-pj/regions/asia-southeast1/backendServices/internal-slb-backend-bxa",
            "load_balancing_scheme": "INTERNAL",
            "locality_lb_policy": "",
            "log_config": [],
            "name": "internal-slb-backend-bxa",
            "network": "https://www.googleapis.com/compute/v1/projects/lgang-pj/global/networks/vpc2-bxa",
            "outlier_detection": [],
            "port_name": "",
            "project": "lgang-pj",
            "protocol": "TCP",
            "region": "asia-southeast1",
            "self_link": "https://www.googleapis.com/compute/v1/projects/lgang-pj/regions/asia-southeast1/backendServices/internal-slb-backend-bxa",
            "session_affinity": "CLIENT_IP",
            "timeout_sec": 30,
            "timeouts": null
          },
          "sensitive_attributes": [],
          "private": "eyJlMmJmYjczMC1lY2FhLTExZTYtOGY4OC0zNDM2M2JjN2M0YzAiOnsiY3JlYXRlIjoxMjAwMDAwMDAwMDAwLCJkZWxldGUiOjEyMDAwMDAwMDAwMDAsInVwZGF0ZSI6MTIwMDAwMDAwMDAwMH0sInNjaGVtYV92ZXJzaW9uIjoiMSJ9",
          "dependencies": [
            "google_compute_address.internal_address",
            "google_compute_address.static",
            "google_compute_address.static2",
            "google_compute_address.static3",
            "google_compute_health_check.hc",
            "google_compute_image.fgtvmgvnic",
            "google_compute_instance_from_template.active_fgt_instance",
            "google_compute_instance_from_template.passive_fgt_instance",
            "google_compute_instance_group.umig_active",
            "google_compute_instance_group.umig_passive",
            "google_compute_instance_template.active",
            "google_compute_instance_template.passive",
            "google_compute_network.vpc_network",
            "google_compute_network.vpc_network2",
            "google_compute_network.vpc_network3",
            "google_compute_network.vpc_network4",
            "google_compute_subnetwork.ha_subnet",
            "google_compute_subnetwork.mgmt_subnet",
            "google_compute_subnetwork.private_subnet",
            "google_compute_subnetwork.public_subnet",
            "random_string.random_name_post"
          ]
        }
      ]
    },
    {
      "mode": "managed",
      "type": "google_compute_route",
      "name": "internal",
      "provider": "provider[\"registry.terraform.io/hashicorp/google\"]",
      "instances": [
        {
          "schema_version": 0,
          "attributes": {
            "description": "internal route to ILB",
            "dest_range": "0.0.0.0/0",
            "id": "projects/lgang-pj/global/routes/int-route-ilb-bxa",
            "name": "int-route-ilb-bxa",
            "network": "https://www.googleapis.com/compute/v1/projects/lgang-pj/global/networks/vpc2-bxa",
            "next_hop_gateway": "",
            "next_hop_ilb": "172.16.1.5",
            "next_hop_instance": "",
            "next_hop_instance_zone": null,
            "next_hop_ip": "",
            "next_hop_network": "",
            "next_hop_vpn_tunnel": "",
            "priority": 100,
            "project": "lgang-pj",
            "self_link": "https://www.googleapis.com/compute/v1/projects/lgang-pj/global/routes/int-route-ilb-bxa",
            "tags": null,
            "timeouts": null
          },
          "sensitive_attributes": [],
          "private": "eyJlMmJmYjczMC1lY2FhLTExZTYtOGY4OC0zNDM2M2JjN2M0YzAiOnsiY3JlYXRlIjoxMjAwMDAwMDAwMDAwLCJkZWxldGUiOjEyMDAwMDAwMDAwMDB9fQ==",
          "dependencies": [
            "google_compute_address.internal_address",
            "google_compute_address.static",
            "google_compute_address.static2",
            "google_compute_address.static3",
            "google_compute_forwarding_rule.internal_load_balancer",
            "google_compute_health_check.hc",
            "google_compute_image.fgtvmgvnic",
            "google_compute_instance_from_template.active_fgt_instance",
            "google_compute_instance_from_template.passive_fgt_instance",
            "google_compute_instance_group.umig_active",
            "google_compute_instance_group.umig_passive",
            "google_compute_instance_template.active",
            "google_compute_instance_template.passive",
            "google_compute_network.vpc_network",
            "google_compute_network.vpc_network2",
            "google_compute_network.vpc_network3",
            "google_compute_network.vpc_network4",
            "google_compute_region_backend_service.internal_load_balancer_backend",
            "google_compute_subnetwork.ha_subnet",
            "google_compute_subnetwork.mgmt_subnet",
            "google_compute_subnetwork.private_subnet",
            "google_compute_subnetwork.public_subnet",
            "random_string.random_name_post"
          ]
        }
      ]
    },
    {
      "mode": "managed",
      "type": "google_compute_router",
      "name": "router",
      "provider": "provider[\"registry.terraform.io/hashicorp/google\"]",
      "instances": [
        {
          "schema_version": 0,
          "attributes": {
            "bgp": [],
            "creation_timestamp": "2024-03-07T00:01:34.196-08:00",
            "description": "",
            "encrypted_interconnect_router": false,
            "id": "projects/lgang-pj/regions/asia-southeast1/routers/my-router-bxa",
            "name": "my-router-bxa",
            "network": "https://www.googleapis.com/compute/v1/projects/lgang-pj/global/networks/vpc-bxa",
            "project": "lgang-pj",
            "region": "asia-southeast1",
            "self_link": "https://www.googleapis.com/compute/v1/projects/lgang-pj/regions/asia-southeast1/routers/my-router-bxa",
            "timeouts": null
          },
          "sensitive_attributes": [],
          "private": "eyJlMmJmYjczMC1lY2FhLTExZTYtOGY4OC0zNDM2M2JjN2M0YzAiOnsiY3JlYXRlIjoxMjAwMDAwMDAwMDAwLCJkZWxldGUiOjEyMDAwMDAwMDAwMDAsInVwZGF0ZSI6MTIwMDAwMDAwMDAwMH19",
          "dependencies": [
            "google_compute_network.vpc_network",
            "random_string.random_name_post"
          ]
        }
      ]
    },
    {
      "mode": "managed",
      "type": "google_compute_router_nat",
      "name": "nat",
      "provider": "provider[\"registry.terraform.io/hashicorp/google\"]",
      "instances": [
        {
          "schema_version": 0,
          "attributes": {
            "drain_nat_ips": null,
            "enable_dynamic_port_allocation": false,
            "enable_endpoint_independent_mapping": false,
            "icmp_idle_timeout_sec": 30,
            "id": "lgang-pj/asia-southeast1/my-router-bxa/my-router-nat-bxa",
            "log_config": [
              {
                "enable": true,
                "filter": "ERRORS_ONLY"
              }
            ],
            "max_ports_per_vm": 0,
            "min_ports_per_vm": 0,
            "name": "my-router-nat-bxa",
            "nat_ip_allocate_option": "AUTO_ONLY",
            "nat_ips": null,
            "project": "lgang-pj",
            "region": "asia-southeast1",
            "router": "my-router-bxa",
            "rules": [],
            "source_subnetwork_ip_ranges_to_nat": "ALL_SUBNETWORKS_ALL_IP_RANGES",
            "subnetwork": [],
            "tcp_established_idle_timeout_sec": 1200,
            "tcp_time_wait_timeout_sec": 120,
            "tcp_transitory_idle_timeout_sec": 30,
            "timeouts": null,
            "udp_idle_timeout_sec": 30
          },
          "sensitive_attributes": [],
          "private": "eyJlMmJmYjczMC1lY2FhLTExZTYtOGY4OC0zNDM2M2JjN2M0YzAiOnsiY3JlYXRlIjoxMjAwMDAwMDAwMDAwLCJkZWxldGUiOjEyMDAwMDAwMDAwMDAsInVwZGF0ZSI6MTIwMDAwMDAwMDAwMH19",
          "dependencies": [
            "google_compute_network.vpc_network",
            "google_compute_router.router",
            "random_string.random_name_post"
          ]
        }
      ]
    },
    {
      "mode": "managed",
      "type": "google_compute_subnetwork",
      "name": "ha_subnet",
      "provider": "provider[\"registry.terraform.io/hashicorp/google\"]",
      "instances": [
        {
          "schema_version": 0,
          "attributes": {
            "creation_timestamp": "2024-03-07T00:01:47.548-08:00",
            "description": "",
            "external_ipv6_prefix": "",
            "fingerprint": null,
            "gateway_address": "172.16.2.1",
            "id": "projects/lgang-pj/regions/asia-southeast1/subnetworks/sync-subnet-bxa",
            "internal_ipv6_prefix": "",
            "ip_cidr_range": "172.16.2.0/24",
            "ipv6_access_type": "",
            "ipv6_cidr_range": "",
            "log_config": [],
            "name": "sync-subnet-bxa",
            "network": "https://www.googleapis.com/compute/v1/projects/lgang-pj/global/networks/vpc3-bxa",
            "private_ip_google_access": false,
            "private_ipv6_google_access": "DISABLE_GOOGLE_ACCESS",
            "project": "lgang-pj",
            "purpose": "PRIVATE",
            "region": "asia-southeast1",
            "role": "",
            "secondary_ip_range": [],
            "self_link": "https://www.googleapis.com/compute/v1/projects/lgang-pj/regions/asia-southeast1/subnetworks/sync-subnet-bxa",
            "stack_type": "IPV4_ONLY",
            "timeouts": null
          },
          "sensitive_attributes": [],
          "private": "eyJlMmJmYjczMC1lY2FhLTExZTYtOGY4OC0zNDM2M2JjN2M0YzAiOnsiY3JlYXRlIjoxMjAwMDAwMDAwMDAwLCJkZWxldGUiOjEyMDAwMDAwMDAwMDAsInVwZGF0ZSI6MTIwMDAwMDAwMDAwMH19",
          "dependencies": [
            "google_compute_network.vpc_network3",
            "random_string.random_name_post"
          ]
        }
      ]
    },
    {
      "mode": "managed",
      "type": "google_compute_subnetwork",
      "name": "mgmt_subnet",
      "provider": "provider[\"registry.terraform.io/hashicorp/google\"]",
      "instances": [
        {
          "schema_version": 0,
          "attributes": {
            "creation_timestamp": "2024-03-07T00:01:35.377-08:00",
            "description": "",
            "external_ipv6_prefix": "",
            "fingerprint": null,
            "gateway_address": "172.16.3.1",
            "id": "projects/lgang-pj/regions/asia-southeast1/subnetworks/mgmt-subnet-bxa",
            "internal_ipv6_prefix": "",
            "ip_cidr_range": "172.16.3.0/24",
            "ipv6_access_type": "",
            "ipv6_cidr_range": "",
            "log_config": [],
            "name": "mgmt-subnet-bxa",
            "network": "https://www.googleapis.com/compute/v1/projects/lgang-pj/global/networks/vpc4-bxa",
            "private_ip_google_access": false,
            "private_ipv6_google_access": "DISABLE_GOOGLE_ACCESS",
            "project": "lgang-pj",
            "purpose": "PRIVATE",
            "region": "asia-southeast1",
            "role": "",
            "secondary_ip_range": [],
            "self_link": "https://www.googleapis.com/compute/v1/projects/lgang-pj/regions/asia-southeast1/subnetworks/mgmt-subnet-bxa",
            "stack_type": "IPV4_ONLY",
            "timeouts": null
          },
          "sensitive_attributes": [],
          "private": "eyJlMmJmYjczMC1lY2FhLTExZTYtOGY4OC0zNDM2M2JjN2M0YzAiOnsiY3JlYXRlIjoxMjAwMDAwMDAwMDAwLCJkZWxldGUiOjEyMDAwMDAwMDAwMDAsInVwZGF0ZSI6MTIwMDAwMDAwMDAwMH19",
          "dependencies": [
            "google_compute_network.vpc_network4",
            "random_string.random_name_post"
          ]
        }
      ]
    },
    {
      "mode": "managed",
      "type": "google_compute_subnetwork",
      "name": "private_subnet",
      "provider": "provider[\"registry.terraform.io/hashicorp/google\"]",
      "instances": [
        {
          "schema_version": 0,
          "attributes": {
            "creation_timestamp": "2024-03-07T00:01:35.281-08:00",
            "description": "",
            "external_ipv6_prefix": "",
            "fingerprint": null,
            "gateway_address": "172.16.1.1",
            "id": "projects/lgang-pj/regions/asia-southeast1/subnetworks/private-subnet-bxa",
            "internal_ipv6_prefix": "",
            "ip_cidr_range": "172.16.1.0/24",
            "ipv6_access_type": "",
            "ipv6_cidr_range": "",
            "log_config": [],
            "name": "private-subnet-bxa",
            "network": "https://www.googleapis.com/compute/v1/projects/lgang-pj/global/networks/vpc2-bxa",
            "private_ip_google_access": true,
            "private_ipv6_google_access": "DISABLE_GOOGLE_ACCESS",
            "project": "lgang-pj",
            "purpose": "PRIVATE",
            "region": "asia-southeast1",
            "role": "",
            "secondary_ip_range": [],
            "self_link": "https://www.googleapis.com/compute/v1/projects/lgang-pj/regions/asia-southeast1/subnetworks/private-subnet-bxa",
            "stack_type": "IPV4_ONLY",
            "timeouts": null
          },
          "sensitive_attributes": [],
          "private": "eyJlMmJmYjczMC1lY2FhLTExZTYtOGY4OC0zNDM2M2JjN2M0YzAiOnsiY3JlYXRlIjoxMjAwMDAwMDAwMDAwLCJkZWxldGUiOjEyMDAwMDAwMDAwMDAsInVwZGF0ZSI6MTIwMDAwMDAwMDAwMH19",
          "dependencies": [
            "google_compute_network.vpc_network2",
            "random_string.random_name_post"
          ]
        }
      ]
    },
    {
      "mode": "managed",
      "type": "google_compute_subnetwork",
      "name": "public_subnet",
      "provider": "provider[\"registry.terraform.io/hashicorp/google\"]",
      "instances": [
        {
          "schema_version": 0,
          "attributes": {
            "creation_timestamp": "2024-03-07T00:01:35.503-08:00",
            "description": "",
            "external_ipv6_prefix": "",
            "fingerprint": null,
            "gateway_address": "172.16.0.1",
            "id": "projects/lgang-pj/regions/asia-southeast1/subnetworks/public-subnet-bxa",
            "internal_ipv6_prefix": "",
            "ip_cidr_range": "172.16.0.0/24",
            "ipv6_access_type": "",
            "ipv6_cidr_range": "",
            "log_config": [],
            "name": "public-subnet-bxa",
            "network": "https://www.googleapis.com/compute/v1/projects/lgang-pj/global/networks/vpc-bxa",
            "private_ip_google_access": true,
            "private_ipv6_google_access": "DISABLE_GOOGLE_ACCESS",
            "project": "lgang-pj",
            "purpose": "PRIVATE",
            "region": "asia-southeast1",
            "role": "",
            "secondary_ip_range": [],
            "self_link": "https://www.googleapis.com/compute/v1/projects/lgang-pj/regions/asia-southeast1/subnetworks/public-subnet-bxa",
            "stack_type": "IPV4_ONLY",
            "timeouts": null
          },
          "sensitive_attributes": [],
          "private": "eyJlMmJmYjczMC1lY2FhLTExZTYtOGY4OC0zNDM2M2JjN2M0YzAiOnsiY3JlYXRlIjoxMjAwMDAwMDAwMDAwLCJkZWxldGUiOjEyMDAwMDAwMDAwMDAsInVwZGF0ZSI6MTIwMDAwMDAwMDAwMH19",
          "dependencies": [
            "google_compute_network.vpc_network",
            "random_string.random_name_post"
          ]
        }
      ]
    },
    {
      "mode": "managed",
      "type": "google_compute_target_pool",
      "name": "default",
      "provider": "provider[\"registry.terraform.io/hashicorp/google\"]",
      "instances": [
        {
          "schema_version": 0,
          "attributes": {
            "backup_pool": "",
            "description": "",
            "failover_ratio": 0,
            "health_checks": [
              "https://www.googleapis.com/compute/v1/projects/lgang-pj/global/httpHealthChecks/health-check-backend-bxa"
            ],
            "id": "projects/lgang-pj/regions/asia-southeast1/targetPools/fgt-instancepool-bxa",
            "instances": [
              "asia-southeast1-a/activefgt-bxa",
              "asia-southeast1-a/passivefgt-bxa"
            ],
            "name": "fgt-instancepool-bxa",
            "project": "lgang-pj",
            "region": "asia-southeast1",
            "self_link": "https://www.googleapis.com/compute/v1/projects/lgang-pj/regions/asia-southeast1/targetPools/fgt-instancepool-bxa",
            "session_affinity": "CLIENT_IP",
            "timeouts": null
          },
          "sensitive_attributes": [],
          "private": "eyJlMmJmYjczMC1lY2FhLTExZTYtOGY4OC0zNDM2M2JjN2M0YzAiOnsiY3JlYXRlIjoyNDAwMDAwMDAwMDAsImRlbGV0ZSI6MjQwMDAwMDAwMDAwLCJ1cGRhdGUiOjI0MDAwMDAwMDAwMH19",
          "dependencies": [
            "google_compute_address.internal_address",
            "google_compute_address.static",
            "google_compute_address.static2",
            "google_compute_address.static3",
            "google_compute_http_health_check.default",
            "google_compute_image.fgtvmgvnic",
            "google_compute_instance_from_template.active_fgt_instance",
            "google_compute_instance_from_template.passive_fgt_instance",
            "google_compute_instance_template.active",
            "google_compute_instance_template.passive",
            "google_compute_network.vpc_network",
            "google_compute_network.vpc_network2",
            "google_compute_network.vpc_network3",
            "google_compute_network.vpc_network4",
            "google_compute_subnetwork.ha_subnet",
            "google_compute_subnetwork.mgmt_subnet",
            "google_compute_subnetwork.private_subnet",
            "google_compute_subnetwork.public_subnet",
            "random_string.random_name_post"
          ]
        }
      ]
    },
    {
      "mode": "managed",
      "type": "random_string",
      "name": "random_name_post",
      "provider": "provider[\"registry.terraform.io/hashicorp/random\"]",
      "instances": [
        {
          "schema_version": 2,
          "attributes": {
            "id": "bxa",
            "keepers": null,
            "length": 3,
            "lower": true,
            "min_lower": 3,
            "min_numeric": 0,
            "min_special": 0,
            "min_upper": 0,
            "number": true,
            "numeric": true,
            "override_special": "",
            "result": "bxa",
            "special": true,
            "upper": true
          },
          "sensitive_attributes": []
        }
      ]
    }
  ],
  "check_results": null
}
