{
  "version": 4,
  "terraform_version": "1.7.5",
  "serial": 883,
  "lineage": "0e2b5ff9-5fb7-e6e3-9c51-5cc3655b5419",
  "outputs": {},
  "resources": [
    {
      "module": "module.security-vpc",
      "mode": "managed",
      "type": "aws_security_group",
      "name": "secgrp",
      "provider": "provider[\"registry.terraform.io/hashicorp/aws\"]",
      "instances": [
        {
          "index_key": "secgrp1",
          "schema_version": 1,
          "attributes": {
            "arn": "arn:aws:ec2:ap-southeast-1:364570460639:security-group/sg-04263edf1adbb233e",
            "description": "Security group by Terraform",
            "egress": [
              {
                "cidr_blocks": [
                  "0.0.0.0/0"
                ],
                "description": "",
                "from_port": 0,
                "ipv6_cidr_blocks": [],
                "prefix_list_ids": [],
                "protocol": "-1",
                "security_groups": [],
                "self": false,
                "to_port": 0
              }
            ],
            "id": "sg-04263edf1adbb233e",
            "ingress": [
              {
                "cidr_blocks": [
                  "0.0.0.0/0"
                ],
                "description": "",
                "from_port": 0,
                "ipv6_cidr_blocks": [],
                "prefix_list_ids": [],
                "protocol": "-1",
                "security_groups": [],
                "self": false,
                "to_port": 0
              }
            ],
            "name": "secgrp1",
            "name_prefix": "",
            "owner_id": "364570460639",
            "revoke_rules_on_delete": false,
            "tags": {
              "created_from": "Terraform",
              "purpuse": "ASG_TEST"
            },
            "tags_all": {
              "created_from": "Terraform",
              "purpuse": "ASG_TEST"
            },
            "timeouts": null,
            "vpc_id": "vpc-07999438961742666"
          },
          "sensitive_attributes": [],
          "private": "eyJlMmJmYjczMC1lY2FhLTExZTYtOGY4OC0zNDM2M2JjN2M0YzAiOnsiY3JlYXRlIjo2MDAwMDAwMDAwMDAsImRlbGV0ZSI6OTAwMDAwMDAwMDAwfSwic2NoZW1hX3ZlcnNpb24iOiIxIn0=",
          "dependencies": [
            "module.security-vpc.aws_vpc.vpc",
            "module.security-vpc.data.aws_vpc.vpc"
          ],
          "create_before_destroy": true
        }
      ]
    },
    {
      "module": "module.security-vpc",
      "mode": "managed",
      "type": "aws_subnet",
      "name": "subnets",
      "provider": "provider[\"registry.terraform.io/hashicorp/aws\"]",
      "instances": [
        {
          "index_key": "fgt_internal_ap-southeast-1a",
          "schema_version": 1,
          "attributes": {
            "arn": "arn:aws:ec2:ap-southeast-1:364570460639:subnet/subnet-00a1b02f50d9b781e",
            "assign_ipv6_address_on_creation": false,
            "availability_zone": "ap-southeast-1a",
            "availability_zone_id": "apse1-az1",
            "cidr_block": "10.0.1.0/24",
            "customer_owned_ipv4_pool": "",
            "enable_dns64": false,
            "enable_lni_at_device_index": 0,
            "enable_resource_name_dns_a_record_on_launch": false,
            "enable_resource_name_dns_aaaa_record_on_launch": false,
            "id": "subnet-00a1b02f50d9b781e",
            "ipv6_cidr_block": "",
            "ipv6_cidr_block_association_id": "",
            "ipv6_native": false,
            "map_customer_owned_ip_on_launch": false,
            "map_public_ip_on_launch": false,
            "outpost_arn": "",
            "owner_id": "364570460639",
            "private_dns_hostname_type_on_launch": "ip-name",
            "tags": {
              "Name": "fgt_internal_ap-southeast-1a",
              "created_from": "Terraform",
              "purpuse": "ASG_TEST"
            },
            "tags_all": {
              "Name": "fgt_internal_ap-southeast-1a",
              "created_from": "Terraform",
              "purpuse": "ASG_TEST"
            },
            "timeouts": null,
            "vpc_id": "vpc-07999438961742666"
          },
          "sensitive_attributes": [],
          "private": "eyJlMmJmYjczMC1lY2FhLTExZTYtOGY4OC0zNDM2M2JjN2M0YzAiOnsiY3JlYXRlIjo2MDAwMDAwMDAwMDAsImRlbGV0ZSI6MTIwMDAwMDAwMDAwMH0sInNjaGVtYV92ZXJzaW9uIjoiMSJ9",
          "dependencies": [
            "module.security-vpc.aws_vpc.vpc",
            "module.security-vpc.data.aws_vpc.vpc"
          ],
          "create_before_destroy": true
        },
        {
          "index_key": "fgt_internal_ap-southeast-1b",
          "schema_version": 1,
          "attributes": {
            "arn": "arn:aws:ec2:ap-southeast-1:364570460639:subnet/subnet-001e906fa17255795",
            "assign_ipv6_address_on_creation": false,
            "availability_zone": "ap-southeast-1b",
            "availability_zone_id": "apse1-az2",
            "cidr_block": "10.0.6.0/24",
            "customer_owned_ipv4_pool": "",
            "enable_dns64": false,
            "enable_lni_at_device_index": 0,
            "enable_resource_name_dns_a_record_on_launch": false,
            "enable_resource_name_dns_aaaa_record_on_launch": false,
            "id": "subnet-001e906fa17255795",
            "ipv6_cidr_block": "",
            "ipv6_cidr_block_association_id": "",
            "ipv6_native": false,
            "map_customer_owned_ip_on_launch": false,
            "map_public_ip_on_launch": false,
            "outpost_arn": "",
            "owner_id": "364570460639",
            "private_dns_hostname_type_on_launch": "ip-name",
            "tags": {
              "Name": "fgt_internal_ap-southeast-1b",
              "created_from": "Terraform",
              "purpuse": "ASG_TEST"
            },
            "tags_all": {
              "Name": "fgt_internal_ap-southeast-1b",
              "created_from": "Terraform",
              "purpuse": "ASG_TEST"
            },
            "timeouts": null,
            "vpc_id": "vpc-07999438961742666"
          },
          "sensitive_attributes": [],
          "private": "eyJlMmJmYjczMC1lY2FhLTExZTYtOGY4OC0zNDM2M2JjN2M0YzAiOnsiY3JlYXRlIjo2MDAwMDAwMDAwMDAsImRlbGV0ZSI6MTIwMDAwMDAwMDAwMH0sInNjaGVtYV92ZXJzaW9uIjoiMSJ9",
          "dependencies": [
            "module.security-vpc.aws_vpc.vpc",
            "module.security-vpc.data.aws_vpc.vpc"
          ],
          "create_before_destroy": true
        },
        {
          "index_key": "fgt_login_ap-southeast-1a",
          "schema_version": 1,
          "attributes": {
            "arn": "arn:aws:ec2:ap-southeast-1:364570460639:subnet/subnet-06941a75b5f4596db",
            "assign_ipv6_address_on_creation": false,
            "availability_zone": "ap-southeast-1a",
            "availability_zone_id": "apse1-az1",
            "cidr_block": "10.0.0.0/24",
            "customer_owned_ipv4_pool": "",
            "enable_dns64": false,
            "enable_lni_at_device_index": 0,
            "enable_resource_name_dns_a_record_on_launch": false,
            "enable_resource_name_dns_aaaa_record_on_launch": false,
            "id": "subnet-06941a75b5f4596db",
            "ipv6_cidr_block": "",
            "ipv6_cidr_block_association_id": "",
            "ipv6_native": false,
            "map_customer_owned_ip_on_launch": false,
            "map_public_ip_on_launch": false,
            "outpost_arn": "",
            "owner_id": "364570460639",
            "private_dns_hostname_type_on_launch": "ip-name",
            "tags": {
              "Name": "fgt_login_ap-southeast-1a",
              "created_from": "Terraform",
              "purpuse": "ASG_TEST"
            },
            "tags_all": {
              "Name": "fgt_login_ap-southeast-1a",
              "created_from": "Terraform",
              "purpuse": "ASG_TEST"
            },
            "timeouts": null,
            "vpc_id": "vpc-07999438961742666"
          },
          "sensitive_attributes": [],
          "private": "eyJlMmJmYjczMC1lY2FhLTExZTYtOGY4OC0zNDM2M2JjN2M0YzAiOnsiY3JlYXRlIjo2MDAwMDAwMDAwMDAsImRlbGV0ZSI6MTIwMDAwMDAwMDAwMH0sInNjaGVtYV92ZXJzaW9uIjoiMSJ9",
          "dependencies": [
            "module.security-vpc.aws_vpc.vpc",
            "module.security-vpc.data.aws_vpc.vpc"
          ],
          "create_before_destroy": true
        },
        {
          "index_key": "fgt_login_ap-southeast-1b",
          "schema_version": 1,
          "attributes": {
            "arn": "arn:aws:ec2:ap-southeast-1:364570460639:subnet/subnet-0c1e8a3d62ba194f2",
            "assign_ipv6_address_on_creation": false,
            "availability_zone": "ap-southeast-1b",
            "availability_zone_id": "apse1-az2",
            "cidr_block": "10.0.5.0/24",
            "customer_owned_ipv4_pool": "",
            "enable_dns64": false,
            "enable_lni_at_device_index": 0,
            "enable_resource_name_dns_a_record_on_launch": false,
            "enable_resource_name_dns_aaaa_record_on_launch": false,
            "id": "subnet-0c1e8a3d62ba194f2",
            "ipv6_cidr_block": "",
            "ipv6_cidr_block_association_id": "",
            "ipv6_native": false,
            "map_customer_owned_ip_on_launch": false,
            "map_public_ip_on_launch": false,
            "outpost_arn": "",
            "owner_id": "364570460639",
            "private_dns_hostname_type_on_launch": "ip-name",
            "tags": {
              "Name": "fgt_login_ap-southeast-1b",
              "created_from": "Terraform",
              "purpuse": "ASG_TEST"
            },
            "tags_all": {
              "Name": "fgt_login_ap-southeast-1b",
              "created_from": "Terraform",
              "purpuse": "ASG_TEST"
            },
            "timeouts": null,
            "vpc_id": "vpc-07999438961742666"
          },
          "sensitive_attributes": [],
          "private": "eyJlMmJmYjczMC1lY2FhLTExZTYtOGY4OC0zNDM2M2JjN2M0YzAiOnsiY3JlYXRlIjo2MDAwMDAwMDAwMDAsImRlbGV0ZSI6MTIwMDAwMDAwMDAwMH0sInNjaGVtYV92ZXJzaW9uIjoiMSJ9",
          "dependencies": [
            "module.security-vpc.aws_vpc.vpc",
            "module.security-vpc.data.aws_vpc.vpc"
          ],
          "create_before_destroy": true
        }
      ]
    },
    {
      "module": "module.security-vpc",
      "mode": "managed",
      "type": "aws_vpc",
      "name": "vpc",
      "provider": "provider[\"registry.terraform.io/hashicorp/aws\"]",
      "instances": [
        {
          "index_key": 0,
          "schema_version": 1,
          "attributes": {
            "arn": "arn:aws:ec2:ap-southeast-1:364570460639:vpc/vpc-07999438961742666",
            "assign_generated_ipv6_cidr_block": false,
            "cidr_block": "10.0.0.0/16",
            "default_network_acl_id": "acl-037cdc2f8442f63c0",
            "default_route_table_id": "rtb-0eec30ac440f3a53f",
            "default_security_group_id": "sg-06355578abf80fd2b",
            "dhcp_options_id": "dopt-7988be1e",
            "enable_dns_hostnames": false,
            "enable_dns_support": true,
            "enable_network_address_usage_metrics": false,
            "id": "vpc-07999438961742666",
            "instance_tenancy": "default",
            "ipv4_ipam_pool_id": null,
            "ipv4_netmask_length": null,
            "ipv6_association_id": "",
            "ipv6_cidr_block": "",
            "ipv6_cidr_block_network_border_group": "",
            "ipv6_ipam_pool_id": "",
            "ipv6_netmask_length": 0,
            "main_route_table_id": "rtb-0eec30ac440f3a53f",
            "owner_id": "364570460639",
            "tags": {
              "Name": "security-vpc",
              "created_from": "Terraform",
              "purpuse": "ASG_TEST",
              "test_tag": "tgw-test-tag"
            },
            "tags_all": {
              "Name": "security-vpc",
              "created_from": "Terraform",
              "purpuse": "ASG_TEST",
              "test_tag": "tgw-test-tag"
            }
          },
          "sensitive_attributes": [],
          "private": "eyJzY2hlbWFfdmVyc2lvbiI6IjEifQ==",
          "create_before_destroy": true
        }
      ]
    }
  ],
  "check_results": [
    {
      "object_kind": "var",
      "config_addr": "var.spk_vpc",
      "status": "unknown",
      "objects": [
        {
          "object_addr": "var.spk_vpc",
          "status": "unknown"
        }
      ]
    },
    {
      "object_kind": "var",
      "config_addr": "module.tgw_rt_spokevpc.var.existing_tgw_rt",
      "status": "unknown",
      "objects": null
    },
    {
      "object_kind": "var",
      "config_addr": "module.tgw_rt_spokevpc.var.tgw_routes",
      "status": "unknown",
      "objects": null
    },
    {
      "object_kind": "var",
      "config_addr": "var.existing_tgw",
      "status": "unknown",
      "objects": [
        {
          "object_addr": "var.existing_tgw",
          "status": "unknown"
        }
      ]
    },
    {
      "object_kind": "var",
      "config_addr": "module.security-vpc.var.existing_vpc",
      "status": "unknown",
      "objects": null
    },
    {
      "object_kind": "var",
      "config_addr": "var.existing_gwlb_tgp",
      "status": "unknown",
      "objects": [
        {
          "object_addr": "var.existing_gwlb_tgp",
          "status": "unknown"
        }
      ]
    },
    {
      "object_kind": "var",
      "config_addr": "var.existing_subnets",
      "status": "unknown",
      "objects": [
        {
          "object_addr": "var.existing_subnets",
          "status": "unknown"
        }
      ]
    },
    {
      "object_kind": "var",
      "config_addr": "module.spkvpc-rt.var.existing_rt",
      "status": "unknown",
      "objects": null
    },
    {
      "object_kind": "var",
      "config_addr": "module.security-vpc-gwlb.var.tags",
      "status": "unknown",
      "objects": null
    },
    {
      "object_kind": "var",
      "config_addr": "var.existing_security_vpc",
      "status": "unknown",
      "objects": [
        {
          "object_addr": "var.existing_security_vpc",
          "status": "unknown"
        }
      ]
    },
    {
      "object_kind": "var",
      "config_addr": "var.existing_ngw",
      "status": "unknown",
      "objects": [
        {
          "object_addr": "var.existing_ngw",
          "status": "unknown"
        }
      ]
    },
    {
      "object_kind": "var",
      "config_addr": "module.propagate_spk_to_tgwrt.var.tags",
      "status": "unknown",
      "objects": null
    },
    {
      "object_kind": "var",
      "config_addr": "module.security-vpc-gwlb.var.gwlb_tg_attachments",
      "status": "unknown",
      "objects": null
    },
    {
      "object_kind": "var",
      "config_addr": "module.associate_spk_to_tgwrt.var.tags",
      "status": "unknown",
      "objects": null
    },
    {
      "object_kind": "var",
      "config_addr": "var.existing_gwlb",
      "status": "unknown",
      "objects": [
        {
          "object_addr": "var.existing_gwlb",
          "status": "unknown"
        }
      ]
    },
    {
      "object_kind": "var",
      "config_addr": "module.security-vpc-gwlb.var.existing_gwlb_tgp",
      "status": "unknown",
      "objects": null
    },
    {
      "object_kind": "var",
      "config_addr": "module.spoke_vpc_tgw_attachment.var.tgw_attachments",
      "status": "unknown",
      "objects": null
    },
    {
      "object_kind": "var",
      "config_addr": "module.security-vpc-gwlb.var.existing_gwlb",
      "status": "unknown",
      "objects": null
    },
    {
      "object_kind": "var",
      "config_addr": "module.ngw.var.existing_ngw",
      "status": "unknown",
      "objects": null
    },
    {
      "object_kind": "var",
      "config_addr": "module.tgw_rt_spokevpc.var.tags",
      "status": "unknown",
      "objects": null
    },
    {
      "object_kind": "var",
      "config_addr": "module.spkvpc-rt.var.tags",
      "status": "unknown",
      "objects": null
    },
    {
      "object_kind": "var",
      "config_addr": "module.ngw.var.tags",
      "status": "unknown",
      "objects": null
    },
    {
      "object_kind": "var",
      "config_addr": "module.propagate_spk_to_tgwrt.var.existing_tgw_rt",
      "status": "unknown",
      "objects": null
    },
    {
      "object_kind": "var",
      "config_addr": "module.propagate_spk_to_tgwrt.var.tgw_routes",
      "status": "unknown",
      "objects": null
    },
    {
      "object_kind": "var",
      "config_addr": "module.security_route_table.var.existing_rt",
      "status": "unknown",
      "objects": null
    },
    {
      "object_kind": "var",
      "config_addr": "module.transit-gw.var.tgw_attachments",
      "status": "unknown",
      "objects": null
    },
    {
      "object_kind": "var",
      "config_addr": "module.security-vpc-gwlb.var.health_check",
      "status": "unknown",
      "objects": null
    },
    {
      "object_kind": "var",
      "config_addr": "module.security_route_table.var.tags",
      "status": "unknown",
      "objects": null
    },
    {
      "object_kind": "var",
      "config_addr": "module.security-vpc-gwlb.var.gwlb_endps",
      "status": "unknown",
      "objects": null
    },
    {
      "object_kind": "var",
      "config_addr": "module.fgt_asg.var.network_interfaces",
      "status": "unknown",
      "objects": null
    },
    {
      "object_kind": "var",
      "config_addr": "module.security-vpc.var.existing_igw",
      "status": "unknown",
      "objects": null
    },
    {
      "object_kind": "var",
      "config_addr": "var.existing_gwlb_ep_service",
      "status": "unknown",
      "objects": [
        {
          "object_addr": "var.existing_gwlb_ep_service",
          "status": "unknown"
        }
      ]
    },
    {
      "object_kind": "var",
      "config_addr": "module.spkvpc-rt.var.routes",
      "status": "unknown",
      "objects": null
    },
    {
      "object_kind": "var",
      "config_addr": "var.existing_igw",
      "status": "unknown",
      "objects": [
        {
          "object_addr": "var.existing_igw",
          "status": "unknown"
        }
      ]
    },
    {
      "object_kind": "var",
      "config_addr": "module.fgt_asg.var.tags",
      "status": "unknown",
      "objects": null
    },
    {
      "object_kind": "var",
      "config_addr": "var.subnets",
      "status": "unknown",
      "objects": [
        {
          "object_addr": "var.subnets",
          "status": "unknown"
        }
      ]
    },
    {
      "object_kind": "var",
      "config_addr": "var.subnet_cidr_block",
      "status": "unknown",
      "objects": [
        {
          "object_addr": "var.subnet_cidr_block",
          "status": "unknown"
        }
      ]
    },
    {
      "object_kind": "var",
      "config_addr": "var.cloudwatch_alarms",
      "status": "unknown",
      "objects": [
        {
          "object_addr": "var.cloudwatch_alarms",
          "status": "unknown"
        }
      ]
    },
    {
      "object_kind": "var",
      "config_addr": "module.spoke_vpc_tgw_attachment.var.existing_tgw",
      "status": "unknown",
      "objects": null
    },
    {
      "object_kind": "var",
      "config_addr": "module.tgw_rt_secvpc.var.tags",
      "status": "unknown",
      "objects": null
    },
    {
      "object_kind": "var",
      "config_addr": "module.security-vpc.var.security_groups",
      "status": "unknown",
      "objects": null
    },
    {
      "object_kind": "var",
      "config_addr": "module.tgw_rt_secvpc.var.existing_tgw_rt",
      "status": "unknown",
      "objects": null
    },
    {
      "object_kind": "var",
      "config_addr": "var.security_groups",
      "status": "unknown",
      "objects": [
        {
          "object_addr": "var.security_groups",
          "status": "unknown"
        }
      ]
    },
    {
      "object_kind": "var",
      "config_addr": "module.associate_spk_to_tgwrt.var.existing_tgw_rt",
      "status": "unknown",
      "objects": null
    },
    {
      "object_kind": "var",
      "config_addr": "module.security_route_table.var.routes",
      "status": "unknown",
      "objects": null
    },
    {
      "object_kind": "var",
      "config_addr": "module.security-vpc.var.subnets",
      "status": "unknown",
      "objects": null
    },
    {
      "object_kind": "var",
      "config_addr": "module.spoke_vpc_tgw_attachment.var.tags",
      "status": "unknown",
      "objects": null
    },
    {
      "object_kind": "var",
      "config_addr": "module.transit-gw.var.existing_tgw",
      "status": "unknown",
      "objects": null
    },
    {
      "object_kind": "var",
      "config_addr": "module.security-vpc.var.tags",
      "status": "unknown",
      "objects": null
    },
    {
      "object_kind": "var",
      "config_addr": "module.associate_spk_to_tgwrt.var.tgw_routes",
      "status": "unknown",
      "objects": null
    },
    {
      "object_kind": "var",
      "config_addr": "var.fgt_intf_mode",
      "status": "unknown",
      "objects": [
        {
          "object_addr": "var.fgt_intf_mode",
          "status": "unknown"
        }
      ]
    },
    {
      "object_kind": "var",
      "config_addr": "var.security_vpc_tgw_attachments",
      "status": "unknown",
      "objects": [
        {
          "object_addr": "var.security_vpc_tgw_attachments",
          "status": "unknown"
        }
      ]
    },
    {
      "object_kind": "var",
      "config_addr": "module.transit-gw.var.tags",
      "status": "unknown",
      "objects": null
    },
    {
      "object_kind": "var",
      "config_addr": "module.security-vpc-gwlb.var.existing_gwlb_ep_service",
      "status": "unknown",
      "objects": null
    },
    {
      "object_kind": "var",
      "config_addr": "module.tgw_rt_secvpc.var.tgw_routes",
      "status": "unknown",
      "objects": null
    }
  ]
}
